{
  "version": 4,
  "terraform_version": "1.14.3",
  "serial": 1811,
  "lineage": "a6f0b357-cb87-7c75-4f23-c0d0160f4469",
  "outputs": {
    "vpc_id": {
      "value": "vpc-025c48b3d39de9e1d",
      "type": "string"
    }
  },
  "resources": [
    {
      "module": "module.api_gateway",
      "mode": "managed",
      "type": "aws_apigatewayv2_api",
      "name": "websocket",
      "provider": "provider[\"registry.terraform.io/hashicorp/aws\"].primary",
      "instances": [
        {
          "schema_version": 0,
          "attributes": {
            "api_endpoint": "wss://q3946dxjd9.execute-api.us-east-1.amazonaws.com",
            "api_key_selection_expression": "$request.header.x-api-key",
            "arn": "arn:aws:apigateway:us-east-1::/apis/q3946dxjd9",
            "body": null,
            "cors_configuration": [],
            "credentials_arn": null,
            "description": "",
            "disable_execute_api_endpoint": false,
            "execution_arn": "arn:aws:execute-api:us-east-1:643942183295:q3946dxjd9",
            "fail_on_warnings": null,
            "id": "q3946dxjd9",
            "ip_address_type": "ipv4",
            "name": "aerolink-websocket-api",
            "protocol_type": "WEBSOCKET",
            "route_key": null,
            "route_selection_expression": "$request.body.action",
            "tags": {},
            "tags_all": {},
            "target": null,
            "version": ""
          },
          "sensitive_attributes": [],
          "identity_schema_version": 0,
          "private": "bnVsbA=="
        }
      ]
    },
    {
      "module": "module.cognito",
      "mode": "managed",
      "type": "aws_cognito_user_pool",
      "name": "pool",
      "provider": "provider[\"registry.terraform.io/hashicorp/aws\"].primary",
      "instances": [
        {
          "schema_version": 0,
          "attributes": {
            "account_recovery_setting": [
              {
                "recovery_mechanism": [
                  {
                    "name": "verified_email",
                    "priority": 1
                  },
                  {
                    "name": "verified_phone_number",
                    "priority": 2
                  }
                ]
              }
            ],
            "admin_create_user_config": [
              {
                "allow_admin_create_user_only": false,
                "invite_message_template": []
              }
            ],
            "alias_attributes": null,
            "arn": "arn:aws:cognito-idp:us-east-1:643942183295:userpool/us-east-1_AuWyz0o0d",
            "auto_verified_attributes": [],
            "creation_date": "2026-06-02T10:04:36Z",
            "custom_domain": "",
            "deletion_protection": "INACTIVE",
            "device_configuration": [],
            "domain": "",
            "email_configuration": [
              {
                "configuration_set": "",
                "email_sending_account": "COGNITO_DEFAULT",
                "from_email_address": "",
                "reply_to_email_address": "",
                "source_arn": ""
              }
            ],
            "email_mfa_configuration": [],
            "email_verification_message": "",
            "email_verification_subject": "",
            "endpoint": "cognito-idp.us-east-1.amazonaws.com/us-east-1_AuWyz0o0d",
            "estimated_number_of_users": 2,
            "id": "us-east-1_AuWyz0o0d",
            "lambda_config": [],
            "last_modified_date": "2026-06-02T10:04:36Z",
            "mfa_configuration": "OFF",
            "name": "aerolink-passenger-pool",
            "password_policy": [
              {
                "minimum_length": 8,
                "password_history_size": 0,
                "require_lowercase": true,
                "require_numbers": true,
                "require_symbols": true,
                "require_uppercase": true,
                "temporary_password_validity_days": 7
              }
            ],
            "schema": [],
            "sign_in_policy": [
              {
                "allowed_first_auth_factors": [
                  "PASSWORD"
                ]
              }
            ],
            "sms_authentication_message": "",
            "sms_configuration": [],
            "sms_verification_message": "",
            "software_token_mfa_configuration": [],
            "tags": {},
            "tags_all": {},
            "user_attribute_update_settings": [],
            "user_pool_add_ons": [],
            "user_pool_tier": "ESSENTIALS",
            "username_attributes": [],
            "username_configuration": [],
            "verification_message_template": [
              {
                "default_email_option": "CONFIRM_WITH_CODE",
                "email_message": "",
                "email_message_by_link": "",
                "email_subject": "",
                "email_subject_by_link": "",
                "sms_message": ""
              }
            ],
            "web_authn_configuration": []
          },
          "sensitive_attributes": [],
          "identity_schema_version": 0,
          "private": "bnVsbA=="
        }
      ]
    },
    {
      "module": "module.cognito",
      "mode": "managed",
      "type": "aws_cognito_user_pool_client",
      "name": "client",
      "provider": "provider[\"registry.terraform.io/hashicorp/aws\"].primary",
      "instances": [
        {
          "schema_version": 0,
          "attributes": {
            "access_token_validity": 0,
            "allowed_oauth_flows": [],
            "allowed_oauth_flows_user_pool_client": false,
            "allowed_oauth_scopes": [],
            "analytics_configuration": [],
            "auth_session_validity": 3,
            "callback_urls": [],
            "client_secret": "",
            "default_redirect_uri": "",
            "enable_propagate_additional_user_context_data": false,
            "enable_token_revocation": true,
            "explicit_auth_flows": [
              "ALLOW_REFRESH_TOKEN_AUTH",
              "ALLOW_USER_PASSWORD_AUTH",
              "ALLOW_USER_SRP_AUTH"
            ],
            "generate_secret": null,
            "id": "72945cgnnjjn49ieo0vnqq2usl",
            "id_token_validity": 0,
            "logout_urls": [],
            "name": "aerolink-web-client",
            "prevent_user_existence_errors": "",
            "read_attributes": [],
            "refresh_token_rotation": [],
            "refresh_token_validity": 30,
            "supported_identity_providers": [],
            "token_validity_units": [],
            "user_pool_id": "us-east-1_AuWyz0o0d",
            "write_attributes": []
          },
          "sensitive_attributes": [
            [
              {
                "type": "get_attr",
                "value": "client_secret"
              }
            ]
          ],
          "identity_schema_version": 0,
          "dependencies": [
            "module.cognito.aws_cognito_user_pool.pool"
          ]
        }
      ]
    },
    {
      "module": "module.dynamodb",
      "mode": "managed",
      "type": "aws_dynamodb_table",
      "name": "baggage",
      "provider": "provider[\"registry.terraform.io/hashicorp/aws\"].primary",
      "instances": [
        {
          "schema_version": 1,
          "attributes": {
            "arn": "arn:aws:dynamodb:us-east-1:643942183295:table/aerolink-baggage",
            "attribute": [
              {
                "name": "id",
                "type": "S"
              }
            ],
            "billing_mode": "PAY_PER_REQUEST",
            "deletion_protection_enabled": false,
            "global_secondary_index": [],
            "hash_key": "id",
            "id": "aerolink-baggage",
            "import_table": [],
            "local_secondary_index": [],
            "name": "aerolink-baggage",
            "on_demand_throughput": [],
            "point_in_time_recovery": [
              {
                "enabled": false,
                "recovery_period_in_days": 0
              }
            ],
            "range_key": null,
            "read_capacity": 0,
            "replica": [
              {
                "arn": "arn:aws:dynamodb:eu-west-1:643942183295:table/aerolink-baggage",
                "kms_key_arn": "",
                "point_in_time_recovery": false,
                "propagate_tags": false,
                "region_name": "eu-west-1",
                "stream_arn": "arn:aws:dynamodb:eu-west-1:643942183295:table/aerolink-baggage/stream/2026-06-02T10:04:52.106",
                "stream_label": "2026-06-02T10:04:52.106"
              }
            ],
            "restore_date_time": null,
            "restore_source_name": null,
            "restore_source_table_arn": null,
            "restore_to_latest_time": null,
            "server_side_encryption": [],
            "stream_arn": "arn:aws:dynamodb:us-east-1:643942183295:table/aerolink-baggage/stream/2026-06-02T10:04:35.558",
            "stream_enabled": true,
            "stream_label": "2026-06-02T10:04:35.558",
            "stream_view_type": "NEW_AND_OLD_IMAGES",
            "table_class": "STANDARD",
            "tags": {},
            "tags_all": {},
            "timeouts": null,
            "ttl": [
              {
                "attribute_name": "",
                "enabled": false
              }
            ],
            "write_capacity": 0
          },
          "sensitive_attributes": [],
          "identity_schema_version": 0,
          "private": "eyJlMmJmYjczMC1lY2FhLTExZTYtOGY4OC0zNDM2M2JjN2M0YzAiOnsiY3JlYXRlIjoxODAwMDAwMDAwMDAwLCJkZWxldGUiOjYwMDAwMDAwMDAwMCwidXBkYXRlIjozNjAwMDAwMDAwMDAwfSwic2NoZW1hX3ZlcnNpb24iOiIxIn0="
        }
      ]
    },
    {
      "module": "module.eks_primary.module.eks",
      "mode": "data",
      "type": "aws_caller_identity",
      "name": "current",
      "provider": "provider[\"registry.terraform.io/hashicorp/aws\"].primary",
      "instances": [
        {
          "index_key": 0,
          "schema_version": 0,
          "attributes": {
            "account_id": "643942183295",
            "arn": "arn:aws:iam::643942183295:user/AeroLink-Admin",
            "id": "643942183295",
            "user_id": "AIDAZL3PR6F7VCE32XCQY"
          },
          "sensitive_attributes": [],
          "identity_schema_version": 0
        }
      ]
    },
    {
      "module": "module.eks_primary.module.eks",
      "mode": "data",
      "type": "aws_iam_policy_document",
      "name": "assume_role_policy",
      "provider": "provider[\"registry.terraform.io/hashicorp/aws\"].primary",
      "instances": [
        {
          "index_key": 0,
          "schema_version": 0,
          "attributes": {
            "id": "2830595799",
            "json": "{\n  \"Version\": \"2012-10-17\",\n  \"Statement\": [\n    {\n      \"Sid\": \"EKSClusterAssumeRole\",\n      \"Effect\": \"Allow\",\n      \"Action\": [\n        \"sts:TagSession\",\n        \"sts:AssumeRole\"\n      ],\n      \"Principal\": {\n        \"Service\": \"eks.amazonaws.com\"\n      }\n    }\n  ]\n}",
            "minified_json": "{\"Version\":\"2012-10-17\",\"Statement\":[{\"Sid\":\"EKSClusterAssumeRole\",\"Effect\":\"Allow\",\"Action\":[\"sts:TagSession\",\"sts:AssumeRole\"],\"Principal\":{\"Service\":\"eks.amazonaws.com\"}}]}",
            "override_json": null,
            "override_policy_documents": null,
            "policy_id": null,
            "source_json": null,
            "source_policy_documents": null,
            "statement": [
              {
                "actions": [
                  "sts:AssumeRole",
                  "sts:TagSession"
                ],
                "condition": [],
                "effect": "Allow",
                "not_actions": [],
                "not_principals": [],
                "not_resources": [],
                "principals": [
                  {
                    "identifiers": [
                      "eks.amazonaws.com"
                    ],
                    "type": "Service"
                  }
                ],
                "resources": [],
                "sid": "EKSClusterAssumeRole"
              }
            ],
            "version": "2012-10-17"
          },
          "sensitive_attributes": [],
          "identity_schema_version": 0
        }
      ]
    },
    {
      "module": "module.eks_primary.module.eks",
      "mode": "data",
      "type": "aws_iam_policy_document",
      "name": "custom",
      "provider": "provider[\"registry.terraform.io/hashicorp/aws\"].primary",
      "instances": [
        {
          "index_key": 0,
          "schema_version": 0,
          "attributes": {
            "id": "513122117",
            "json": "{\n  \"Version\": \"2012-10-17\",\n  \"Statement\": [\n    {\n      \"Sid\": \"Compute\",\n      \"Effect\": \"Allow\",\n      \"Action\": [\n        \"ec2:RunInstances\",\n        \"ec2:CreateLaunchTemplate\",\n        \"ec2:CreateFleet\"\n      ],\n      \"Resource\": \"*\",\n      \"Condition\": {\n        \"StringEquals\": {\n          \"aws:RequestTag/eks:eks-cluster-name\": \"${aws:PrincipalTag/eks:eks-cluster-name}\"\n        },\n        \"StringLike\": {\n          \"aws:RequestTag/eks:kubernetes-node-class-name\": \"*\",\n          \"aws:RequestTag/eks:kubernetes-node-pool-name\": \"*\"\n        }\n      }\n    },\n    {\n      \"Sid\": \"Storage\",\n      \"Effect\": \"Allow\",\n      \"Action\": [\n        \"ec2:CreateVolume\",\n        \"ec2:CreateSnapshot\"\n      ],\n      \"Resource\": [\n        \"arn:aws:ec2:*:*:volume/*\",\n        \"arn:aws:ec2:*:*:snapshot/*\"\n      ],\n      \"Condition\": {\n        \"StringEquals\": {\n          \"aws:RequestTag/eks:eks-cluster-name\": \"${aws:PrincipalTag/eks:eks-cluster-name}\"\n        }\n      }\n    },\n    {\n      \"Sid\": \"Networking\",\n      \"Effect\": \"Allow\",\n      \"Action\": \"ec2:CreateNetworkInterface\",\n      \"Resource\": \"*\",\n      \"Condition\": {\n        \"StringEquals\": {\n          \"aws:RequestTag/eks:eks-cluster-name\": \"${aws:PrincipalTag/eks:eks-cluster-name}\",\n          \"aws:RequestTag/eks:kubernetes-cni-node-name\": \"*\"\n        }\n      }\n    },\n    {\n      \"Sid\": \"LoadBalancer\",\n      \"Effect\": \"Allow\",\n      \"Action\": [\n        \"elasticloadbalancing:CreateTargetGroup\",\n        \"elasticloadbalancing:CreateRule\",\n        \"elasticloadbalancing:CreateLoadBalancer\",\n        \"elasticloadbalancing:CreateListener\",\n        \"ec2:CreateSecurityGroup\"\n      ],\n      \"Resource\": \"*\",\n      \"Condition\": {\n        \"StringEquals\": {\n          \"aws:RequestTag/eks:eks-cluster-name\": \"${aws:PrincipalTag/eks:eks-cluster-name}\"\n        }\n      }\n    },\n    {\n      \"Sid\": \"ShieldProtection\",\n      \"Effect\": \"Allow\",\n      \"Action\": \"shield:CreateProtection\",\n      \"Resource\": \"*\",\n      \"Condition\": {\n        \"StringEquals\": {\n          \"aws:RequestTag/eks:eks-cluster-name\": \"${aws:PrincipalTag/eks:eks-cluster-name}\"\n        }\n      }\n    },\n    {\n      \"Sid\": \"ShieldTagResource\",\n      \"Effect\": \"Allow\",\n      \"Action\": \"shield:TagResource\",\n      \"Resource\": \"arn:aws:shield::*:protection/*\",\n      \"Condition\": {\n        \"StringEquals\": {\n          \"aws:RequestTag/eks:eks-cluster-name\": \"${aws:PrincipalTag/eks:eks-cluster-name}\"\n        }\n      }\n    }\n  ]\n}",
            "minified_json": "{\"Version\":\"2012-10-17\",\"Statement\":[{\"Sid\":\"Compute\",\"Effect\":\"Allow\",\"Action\":[\"ec2:RunInstances\",\"ec2:CreateLaunchTemplate\",\"ec2:CreateFleet\"],\"Resource\":\"*\",\"Condition\":{\"StringEquals\":{\"aws:RequestTag/eks:eks-cluster-name\":\"${aws:PrincipalTag/eks:eks-cluster-name}\"},\"StringLike\":{\"aws:RequestTag/eks:kubernetes-node-class-name\":\"*\",\"aws:RequestTag/eks:kubernetes-node-pool-name\":\"*\"}}},{\"Sid\":\"Storage\",\"Effect\":\"Allow\",\"Action\":[\"ec2:CreateVolume\",\"ec2:CreateSnapshot\"],\"Resource\":[\"arn:aws:ec2:*:*:volume/*\",\"arn:aws:ec2:*:*:snapshot/*\"],\"Condition\":{\"StringEquals\":{\"aws:RequestTag/eks:eks-cluster-name\":\"${aws:PrincipalTag/eks:eks-cluster-name}\"}}},{\"Sid\":\"Networking\",\"Effect\":\"Allow\",\"Action\":\"ec2:CreateNetworkInterface\",\"Resource\":\"*\",\"Condition\":{\"StringEquals\":{\"aws:RequestTag/eks:eks-cluster-name\":\"${aws:PrincipalTag/eks:eks-cluster-name}\",\"aws:RequestTag/eks:kubernetes-cni-node-name\":\"*\"}}},{\"Sid\":\"LoadBalancer\",\"Effect\":\"Allow\",\"Action\":[\"elasticloadbalancing:CreateTargetGroup\",\"elasticloadbalancing:CreateRule\",\"elasticloadbalancing:CreateLoadBalancer\",\"elasticloadbalancing:CreateListener\",\"ec2:CreateSecurityGroup\"],\"Resource\":\"*\",\"Condition\":{\"StringEquals\":{\"aws:RequestTag/eks:eks-cluster-name\":\"${aws:PrincipalTag/eks:eks-cluster-name}\"}}},{\"Sid\":\"ShieldProtection\",\"Effect\":\"Allow\",\"Action\":\"shield:CreateProtection\",\"Resource\":\"*\",\"Condition\":{\"StringEquals\":{\"aws:RequestTag/eks:eks-cluster-name\":\"${aws:PrincipalTag/eks:eks-cluster-name}\"}}},{\"Sid\":\"ShieldTagResource\",\"Effect\":\"Allow\",\"Action\":\"shield:TagResource\",\"Resource\":\"arn:aws:shield::*:protection/*\",\"Condition\":{\"StringEquals\":{\"aws:RequestTag/eks:eks-cluster-name\":\"${aws:PrincipalTag/eks:eks-cluster-name}\"}}}]}",
            "override_json": null,
            "override_policy_documents": null,
            "policy_id": null,
            "source_json": null,
            "source_policy_documents": null,
            "statement": [
              {
                "actions": [
                  "ec2:CreateFleet",
                  "ec2:CreateLaunchTemplate",
                  "ec2:RunInstances"
                ],
                "condition": [
                  {
                    "test": "StringEquals",
                    "values": [
                      "${aws:PrincipalTag/eks:eks-cluster-name}"
                    ],
                    "variable": "aws:RequestTag/eks:eks-cluster-name"
                  },
                  {
                    "test": "StringLike",
                    "values": [
                      "*"
                    ],
                    "variable": "aws:RequestTag/eks:kubernetes-node-class-name"
                  },
                  {
                    "test": "StringLike",
                    "values": [
                      "*"
                    ],
                    "variable": "aws:RequestTag/eks:kubernetes-node-pool-name"
                  }
                ],
                "effect": "Allow",
                "not_actions": [],
                "not_principals": [],
                "not_resources": [],
                "principals": [],
                "resources": [
                  "*"
                ],
                "sid": "Compute"
              },
              {
                "actions": [
                  "ec2:CreateSnapshot",
                  "ec2:CreateVolume"
                ],
                "condition": [
                  {
                    "test": "StringEquals",
                    "values": [
                      "${aws:PrincipalTag/eks:eks-cluster-name}"
                    ],
                    "variable": "aws:RequestTag/eks:eks-cluster-name"
                  }
                ],
                "effect": "Allow",
                "not_actions": [],
                "not_principals": [],
                "not_resources": [],
                "principals": [],
                "resources": [
                  "arn:aws:ec2:*:*:snapshot/*",
                  "arn:aws:ec2:*:*:volume/*"
                ],
                "sid": "Storage"
              },
              {
                "actions": [
                  "ec2:CreateNetworkInterface"
                ],
                "condition": [
                  {
                    "test": "StringEquals",
                    "values": [
                      "${aws:PrincipalTag/eks:eks-cluster-name}"
                    ],
                    "variable": "aws:RequestTag/eks:eks-cluster-name"
                  },
                  {
                    "test": "StringEquals",
                    "values": [
                      "*"
                    ],
                    "variable": "aws:RequestTag/eks:kubernetes-cni-node-name"
                  }
                ],
                "effect": "Allow",
                "not_actions": [],
                "not_principals": [],
                "not_resources": [],
                "principals": [],
                "resources": [
                  "*"
                ],
                "sid": "Networking"
              },
              {
                "actions": [
                  "ec2:CreateSecurityGroup",
                  "elasticloadbalancing:CreateListener",
                  "elasticloadbalancing:CreateLoadBalancer",
                  "elasticloadbalancing:CreateRule",
                  "elasticloadbalancing:CreateTargetGroup"
                ],
                "condition": [
                  {
                    "test": "StringEquals",
                    "values": [
                      "${aws:PrincipalTag/eks:eks-cluster-name}"
                    ],
                    "variable": "aws:RequestTag/eks:eks-cluster-name"
                  }
                ],
                "effect": "Allow",
                "not_actions": [],
                "not_principals": [],
                "not_resources": [],
                "principals": [],
                "resources": [
                  "*"
                ],
                "sid": "LoadBalancer"
              },
              {
                "actions": [
                  "shield:CreateProtection"
                ],
                "condition": [
                  {
                    "test": "StringEquals",
                    "values": [
                      "${aws:PrincipalTag/eks:eks-cluster-name}"
                    ],
                    "variable": "aws:RequestTag/eks:eks-cluster-name"
                  }
                ],
                "effect": "Allow",
                "not_actions": [],
                "not_principals": [],
                "not_resources": [],
                "principals": [],
                "resources": [
                  "*"
                ],
                "sid": "ShieldProtection"
              },
              {
                "actions": [
                  "shield:TagResource"
                ],
                "condition": [
                  {
                    "test": "StringEquals",
                    "values": [
                      "${aws:PrincipalTag/eks:eks-cluster-name}"
                    ],
                    "variable": "aws:RequestTag/eks:eks-cluster-name"
                  }
                ],
                "effect": "Allow",
                "not_actions": [],
                "not_principals": [],
                "not_resources": [],
                "principals": [],
                "resources": [
                  "arn:aws:shield::*:protection/*"
                ],
                "sid": "ShieldTagResource"
              }
            ],
            "version": "2012-10-17"
          },
          "sensitive_attributes": [],
          "identity_schema_version": 0
        }
      ]
    },
    {
      "module": "module.eks_primary.module.eks",
      "mode": "data",
      "type": "aws_iam_session_context",
      "name": "current",
      "provider": "provider[\"registry.terraform.io/hashicorp/aws\"].primary",
      "instances": [
        {
          "index_key": 0,
          "schema_version": 0,
          "attributes": {
            "arn": "arn:aws:iam::643942183295:user/AeroLink-Admin",
            "id": "arn:aws:iam::643942183295:user/AeroLink-Admin",
            "issuer_arn": "arn:aws:iam::643942183295:user/AeroLink-Admin",
            "issuer_id": "",
            "issuer_name": "",
            "session_name": ""
          },
          "sensitive_attributes": [],
          "identity_schema_version": 0
        }
      ]
    },
    {
      "module": "module.eks_primary.module.eks",
      "mode": "data",
      "type": "aws_partition",
      "name": "current",
      "provider": "provider[\"registry.terraform.io/hashicorp/aws\"].primary",
      "instances": [
        {
          "index_key": 0,
          "schema_version": 0,
          "attributes": {
            "dns_suffix": "amazonaws.com",
            "id": "aws",
            "partition": "aws",
            "reverse_dns_prefix": "com.amazonaws"
          },
          "sensitive_attributes": [],
          "identity_schema_version": 0
        }
      ]
    },
    {
      "module": "module.eks_primary.module.eks",
      "mode": "data",
      "type": "tls_certificate",
      "name": "this",
      "provider": "provider[\"registry.terraform.io/hashicorp/tls\"]",
      "instances": [
        {
          "index_key": 0,
          "schema_version": 0,
          "attributes": {
            "certificates": [
              {
                "cert_pem": "-----BEGIN CERTIFICATE-----\nMIIEkjCCA3qgAwIBAgITBn+USionzfP6wq4rAfkI7rnExjANBgkqhkiG9w0BAQsF\nADCBmDELMAkGA1UEBhMCVVMxEDAOBgNVBAgTB0FyaXpvbmExEzARBgNVBAcTClNj\nb3R0c2RhbGUxJTAjBgNVBAoTHFN0YXJmaWVsZCBUZWNobm9sb2dpZXMsIEluYy4x\nOzA5BgNVBAMTMlN0YXJmaWVsZCBTZXJ2aWNlcyBSb290IENlcnRpZmljYXRlIEF1\ndGhvcml0eSAtIEcyMB4XDTE1MDUyNTEyMDAwMFoXDTM3MTIzMTAxMDAwMFowOTEL\nMAkGA1UEBhMCVVMxDzANBgNVBAoTBkFtYXpvbjEZMBcGA1UEAxMQQW1hem9uIFJv\nb3QgQ0EgMTCCASIwDQYJKoZIhvcNAQEBBQADggEPADCCAQoCggEBALJ4gHHKeNXj\nca9HgFB0fW7Y14h29Jlo91ghYPl0hAEvrAIthtOgQ3pOsqTQNroBvo3bSMgHFzZM\n9O6II8c+6zf1tRn4SWiw3te5djgdYZ6k/oI2peVKVuRF4fn9tBb6dNqcmzU5L/qw\nIFAGbHrQgLKm+a/sRxmPUDgH3KKHOVj4utWp+UhnMJbulHheb4mjUcAwhmahRWa6\nVOujw5H5SNz/0egwLX0tdHA114gk957EWW67c4cX8jJGKLhD+rcdqsq08p8kDi1L\n93FcXmn/6pUCyziKrlA4b9v7LWIbxcceVOF34GfID5yHI9Y/QCB/IIDEgEw+OyQm\njgSubJrIqg0CAwEAAaOCATEwggEtMA8GA1UdEwEB/wQFMAMBAf8wDgYDVR0PAQH/\nBAQDAgGGMB0GA1UdDgQWBBSEGMyFNOy8DJSULghZnMeyEE4KCDAfBgNVHSMEGDAW\ngBScXwDfqgHXMCs4iKK4bUqc8hGRgzB4BggrBgEFBQcBAQRsMGowLgYIKwYBBQUH\nMAGGImh0dHA6Ly9vY3NwLnJvb3RnMi5hbWF6b250cnVzdC5jb20wOAYIKwYBBQUH\nMAKGLGh0dHA6Ly9jcnQucm9vdGcyLmFtYXpvbnRydXN0LmNvbS9yb290ZzIuY2Vy\nMD0GA1UdHwQ2MDQwMqAwoC6GLGh0dHA6Ly9jcmwucm9vdGcyLmFtYXpvbnRydXN0\nLmNvbS9yb290ZzIuY3JsMBEGA1UdIAQKMAgwBgYEVR0gADANBgkqhkiG9w0BAQsF\nAAOCAQEAYjdCXLwQtT6LLOkMm2xF4gcAevnFWAu5CIw+7bMlPLVvUOTNNWqnkzSW\nMiGpSESrnO09tKpzbeR/FoCJbM8oAxiDR3mjEH4wW6w7sGDgd9QIpuEdfF7Au/ma\neyKdpwAJfqxGF4PcnCZXmTA5YpaP7dreqsXMGz7KQ2hsVxa81Q4gLv7/wmpdLqBK\nbRRYh5TmOTFffHPLkIhqhBGWJ6bt2YFGpn6jcgAKUj6DiAdjd4lpFw85hdKrCEVN\n0FE6/V1dN2RMfjCyVSRCnTawXZwXgWHxyvkQAiSr6w10kY17RSlQOYiypok1JR4U\nakcjMS9cmvqtmg5iUaQqqcT5NJ0hGA==\n-----END CERTIFICATE-----\n",
                "is_ca": true,
                "issuer": "CN=Starfield Services Root Certificate Authority - G2,O=Starfield Technologies\\, Inc.,L=Scottsdale,ST=Arizona,C=US",
                "max_path_length": -1,
                "not_after": "2037-12-31T01:00:00Z",
                "not_before": "2015-05-25T12:00:00Z",
                "public_key_algorithm": "RSA",
                "serial_number": "144918191876577076464031512351042010504348870",
                "sha1_fingerprint": "06b25927c42a721631c1efd9431e648fa62e1e39",
                "signature_algorithm": "SHA256-RSA",
                "subject": "CN=Amazon Root CA 1,O=Amazon,C=US",
                "version": 3
              },
              {
                "cert_pem": "-----BEGIN CERTIFICATE-----\nMIIEXjCCA0agAwIBAgITB3MSOAudZoijOx7Zv5zNpo4ODzANBgkqhkiG9w0BAQsF\nADA5MQswCQYDVQQGEwJVUzEPMA0GA1UEChMGQW1hem9uMRkwFwYDVQQDExBBbWF6\nb24gUm9vdCBDQSAxMB4XDTIyMDgyMzIyMjEyOFoXDTMwMDgyMzIyMjEyOFowPDEL\nMAkGA1UEBhMCVVMxDzANBgNVBAoTBkFtYXpvbjEcMBoGA1UEAxMTQW1hem9uIFJT\nQSAyMDQ4IE0wMTCCASIwDQYJKoZIhvcNAQEBBQADggEPADCCAQoCggEBAOtxLKnL\nH4gokjIwr4pXD3i3NyWVVYesZ1yX0yLI2qIUZ2t88Gfa4gMqs1YSXca1R/lnCKeT\nepWSGA+0+fkQNpp/L4C2T7oTTsddUx7g3ZYzByDTlrwS5HRQQqEFE3O1T5tEJP4t\nf+28IoXsNiEzl3UGzicYgtzj2cWCB41eJgEmJmcf2T8TzzK6a614ZPyq/w4CPAff\nnAV4coz96nW3AyiE2uhuB4zQUIXvgVSycW7sbWLvj5TDXunEpNCRwC4kkZjK7rol\njtT2cbb7W2s4Bkg3R42G3PLqBvt2N32e/0JOTViCk8/iccJ4sXqrS1uUN4iB5Nmv\nJK74csVl+0u0UecCAwEAAaOCAVowggFWMBIGA1UdEwEB/wQIMAYBAf8CAQAwDgYD\nVR0PAQH/BAQDAgGGMB0GA1UdJQQWMBQGCCsGAQUFBwMBBggrBgEFBQcDAjAdBgNV\nHQ4EFgQUgbgOY4qJEhjl+js7UJWf5uWQE4UwHwYDVR0jBBgwFoAUhBjMhTTsvAyU\nlC4IWZzHshBOCggwewYIKwYBBQUHAQEEbzBtMC8GCCsGAQUFBzABhiNodHRwOi8v\nb2NzcC5yb290Y2ExLmFtYXpvbnRydXN0LmNvbTA6BggrBgEFBQcwAoYuaHR0cDov\nL2NydC5yb290Y2ExLmFtYXpvbnRydXN0LmNvbS9yb290Y2ExLmNlcjA/BgNVHR8E\nODA2MDSgMqAwhi5odHRwOi8vY3JsLnJvb3RjYTEuYW1hem9udHJ1c3QuY29tL3Jv\nb3RjYTEuY3JsMBMGA1UdIAQMMAowCAYGZ4EMAQIBMA0GCSqGSIb3DQEBCwUAA4IB\nAQCtAN4CBSMuBjJitGuxlBbkEUDeK/pZwTXv4KqPK0G50fOHOQAd8j21p0cMBgbG\nkfMHVwLU7b0XwZCav0h1ogdPMN1KakK1DT0VwA/+hFvGPJnMV1Kx2G4S1ZaSk0uU\n5QfoiYIIano01J5k4T2HapKQmmOhS/iPtuo00wW+IMLeBuKMn3OLn005hcrOGTad\nhcmeyfhQP7Z+iKHvyoQGi1C0ClymHETx/chhQGDyYSWqB/THwnN15AwLQo0E5V9E\nSJlbe4mBlqeInUsNYugExNf+tOiybcrswBy8OFsd34XOW3rjSUtsuafd9AWySa3h\nxRRrwszrzX/WWGm6wyB+f7C4\n-----END CERTIFICATE-----\n",
                "is_ca": true,
                "issuer": "CN=Amazon Root CA 1,O=Amazon,C=US",
                "max_path_length": 0,
                "not_after": "2030-08-23T22:21:28Z",
                "not_before": "2022-08-23T22:21:28Z",
                "public_key_algorithm": "RSA",
                "serial_number": "166129328851546858514271303855646110030630415",
                "sha1_fingerprint": "2ad974a775f73cbdbbd8f5ac3a49255fa8fb1f8c",
                "signature_algorithm": "SHA256-RSA",
                "subject": "CN=Amazon RSA 2048 M01,O=Amazon,C=US",
                "version": 3
              },
              {
                "cert_pem": "-----BEGIN CERTIFICATE-----\nMIIF3DCCBMSgAwIBAgIQDWSUrLO5Y9qkm2y4CpQ/CTANBgkqhkiG9w0BAQsFADA8\nMQswCQYDVQQGEwJVUzEPMA0GA1UEChMGQW1hem9uMRwwGgYDVQQDExNBbWF6b24g\nUlNBIDIwNDggTTAxMB4XDTI2MDEyNzAwMDAwMFoXDTI3MDIyNTIzNTk1OVowKDEm\nMCQGA1UEAwwdKi5la3MudXMtZWFzdC0xLmFtYXpvbmF3cy5jb20wggEiMA0GCSqG\nSIb3DQEBAQUAA4IBDwAwggEKAoIBAQDjfWC3ScmP3Yt3ENQgpvZzbXg3ZqdR+F5k\n/SIXqF2RRdrDIu3B0CivVPkNbZxS4dUjum7WHRV3+cjhne679pLBzKp/aCqycyVr\nqiGvPsCOywSNgCQ7KGZ7fR9L0o4eQ5vsotNTjF1HDkoVGdjDt8qjFedVngnnLZ2f\n9E/tACJHoCXLbg1BLI/0xXQKZqLiLGUgcLhnZjYn6AW8QgXgGyJMwHo6n13wf8uY\n3RAaOWMsTglOfMrPMKclQBwh4OaWzHD3SLXnjAvdtuErZGWSz01pRY89FfxZWtSf\nxGG+ERvHMAoM2lIbV74Bs0B+qVVAxP658rpMbPevtRrlj+fYkFzvAgMBAAGjggLs\nMIIC6DAfBgNVHSMEGDAWgBSBuA5jiokSGOX6OztQlZ/m5ZAThTAdBgNVHQ4EFgQU\npzXKZp4CIP0/n8bNGf3YAZVaFtIwKAYDVR0RBCEwH4IdKi5la3MudXMtZWFzdC0x\nLmFtYXpvbmF3cy5jb20wEwYDVR0gBAwwCjAIBgZngQwBAgEwDgYDVR0PAQH/BAQD\nAgWgMBMGA1UdJQQMMAoGCCsGAQUFBwMBMDsGA1UdHwQ0MDIwMKAuoCyGKmh0dHA6\nLy9jcmwucjJtMDEuYW1hem9udHJ1c3QuY29tL3IybTAxLmNybDB1BggrBgEFBQcB\nAQRpMGcwLQYIKwYBBQUHMAGGIWh0dHA6Ly9vY3NwLnIybTAxLmFtYXpvbnRydXN0\nLmNvbTA2BggrBgEFBQcwAoYqaHR0cDovL2NydC5yMm0wMS5hbWF6b250cnVzdC5j\nb20vcjJtMDEuY2VyMAwGA1UdEwEB/wQCMAAwggF+BgorBgEEAdZ5AgQCBIIBbgSC\nAWoBaAB1AExj3JjlnB2riPYeij3ero+rRKM3e1+blMP7oZz8wb4mAAABm/3p2vcA\nAAQDAEYwRAIgOCwhiOx8FXqVNu1L+Mv2q8pJCKzIqLFwCE6VAugMkb0CIBu7W9o8\nRWfC1A9XjVWFxJ0uIquBPcEycQMNc8pRKAJFAHcAHJ9oLOn68EVpUPgbloqH3dsy\nENhM5siy44JSSsTPWZ8AAAGb/ena3wAABAMASDBGAiEAjAu69L5N17FqPfmXSt1v\ngM+df4yz50M/fb2LDfmx+xECIQC3B3aoHVNsjqYMmqwQgR4ViKIREwNzCYKBm+W0\nGnlwnwB2AGBMmq96f3dfAdQG/JINyJnrCxx9+MlSG/r6F3c7l4vJAAABm/3p28gA\nAAQDAEcwRQIgMiBVCk6C4EylG885QJIv8X2wpplMtdWJxyt3JVQ56NUCIQC6uZDM\nw0VrwTXkW4eLg73D5Z89Z8tadQwizoXyjBAaYjANBgkqhkiG9w0BAQsFAAOCAQEA\nHMEZInJfTjgc0JTF+C7ZR/8rk1c511SMI9RcmNjnrkoP3pBPQTSEU92bGaCYvOYO\nRMB1bAOk/Ql9kDBSRDcKiOz8wPWZBgyJZRMSVyO5WbLM//8jsP83vmvFNbSo7Tuk\n5R6KAtzOMOymwITZeM6k4saoyB847rmlPDIkD/RRM0Col+Ik8+V3HSdHsnrA/3Ep\n1ICdUJvE0M9oEnbO2DWrCz6yOuz0AcfcmMGTBLqlsFdoJpcXj7c1QcCJaK1B7qaQ\nuQXdywqElVO6BrBxHQROLxjLHXMNblOzvrXYWGkhiQ+0cYYCMBtbhpphhebxnUBV\nuCxvp9/yY1GmsG6lwzLYEw==\n-----END CERTIFICATE-----\n",
                "is_ca": false,
                "issuer": "CN=Amazon RSA 2048 M01,O=Amazon,C=US",
                "max_path_length": -1,
                "not_after": "2027-02-25T23:59:59Z",
                "not_before": "2026-01-27T00:00:00Z",
                "public_key_algorithm": "RSA",
                "serial_number": "17802209110544621593474031143248740105",
                "sha1_fingerprint": "37647fee5fc063960139521aa2400c75db27825b",
                "signature_algorithm": "SHA256-RSA",
                "subject": "CN=*.eks.us-east-1.amazonaws.com",
                "version": 3
              }
            ],
            "content": null,
            "id": "b1b539daa206035ae3c3e28288b0681fa1b462f3",
            "url": "https://oidc.eks.us-east-1.amazonaws.com/id/3BD0619BBA41799B2956939A0AAD96F1",
            "verify_chain": true
          },
          "sensitive_attributes": [],
          "identity_schema_version": 0
        }
      ]
    },
    {
      "module": "module.eks_primary.module.eks",
      "mode": "managed",
      "type": "aws_cloudwatch_log_group",
      "name": "this",
      "provider": "provider[\"registry.terraform.io/hashicorp/aws\"].primary",
      "instances": [
        {
          "index_key": 0,
          "schema_version": 0,
          "attributes": {
            "arn": "arn:aws:logs:us-east-1:643942183295:log-group:/aws/eks/aerolink-dev-primary-cluster/cluster",
            "id": "/aws/eks/aerolink-dev-primary-cluster/cluster",
            "kms_key_id": "",
            "log_group_class": "STANDARD",
            "name": "/aws/eks/aerolink-dev-primary-cluster/cluster",
            "name_prefix": "",
            "retention_in_days": 90,
            "skip_destroy": false,
            "tags": {
              "Name": "/aws/eks/aerolink-dev-primary-cluster/cluster"
            },
            "tags_all": {
              "Name": "/aws/eks/aerolink-dev-primary-cluster/cluster"
            }
          },
          "sensitive_attributes": [],
          "identity_schema_version": 0,
          "private": "bnVsbA==",
          "create_before_destroy": true
        }
      ]
    },
    {
      "module": "module.eks_primary.module.eks",
      "mode": "managed",
      "type": "aws_eks_access_entry",
      "name": "this",
      "provider": "provider[\"registry.terraform.io/hashicorp/aws\"].primary",
      "instances": [
        {
          "index_key": "admin",
          "schema_version": 0,
          "attributes": {
            "access_entry_arn": "arn:aws:eks:us-east-1:643942183295:access-entry/aerolink-dev-primary-cluster/user/643942183295/AeroLink-Admin/98cf43e9-a1a6-fe50-1499-4ed2a815c902",
            "cluster_name": "aerolink-dev-primary-cluster",
            "created_at": "2026-06-02T10:13:50Z",
            "id": "aerolink-dev-primary-cluster:arn:aws:iam::643942183295:user/AeroLink-Admin",
            "kubernetes_groups": [],
            "modified_at": "2026-06-02T10:13:50Z",
            "principal_arn": "arn:aws:iam::643942183295:user/AeroLink-Admin",
            "tags": {},
            "tags_all": {},
            "timeouts": null,
            "type": "STANDARD",
            "user_name": "arn:aws:iam::643942183295:user/AeroLink-Admin"
          },
          "sensitive_attributes": [],
          "identity_schema_version": 0,
          "private": "eyJlMmJmYjczMC1lY2FhLTExZTYtOGY4OC0zNDM2M2JjN2M0YzAiOnsiY3JlYXRlIjo2MDAwMDAwMDAwMDAsImRlbGV0ZSI6NjAwMDAwMDAwMDAwfX0=",
          "dependencies": [
            "module.eks_primary.module.eks.aws_cloudwatch_log_group.this",
            "module.eks_primary.module.eks.aws_eks_cluster.this",
            "module.eks_primary.module.eks.aws_iam_policy.cni_ipv6_policy",
            "module.eks_primary.module.eks.aws_iam_role.eks_auto",
            "module.eks_primary.module.eks.aws_iam_role.this",
            "module.eks_primary.module.eks.aws_iam_role_policy_attachment.this",
            "module.eks_primary.module.eks.aws_security_group.cluster",
            "module.eks_primary.module.eks.aws_security_group.node",
            "module.eks_primary.module.eks.aws_security_group_rule.cluster",
            "module.eks_primary.module.eks.aws_security_group_rule.node",
            "module.eks_primary.module.eks.data.aws_caller_identity.current",
            "module.eks_primary.module.eks.data.aws_iam_policy_document.assume_role_policy",
            "module.eks_primary.module.eks.data.aws_iam_policy_document.cni_ipv6_policy",
            "module.eks_primary.module.eks.data.aws_iam_policy_document.node_assume_role_policy",
            "module.eks_primary.module.eks.data.aws_iam_session_context.current",
            "module.eks_primary.module.eks.data.aws_partition.current",
            "module.eks_primary.module.eks.module.kms.aws_kms_external_key.this",
            "module.eks_primary.module.eks.module.kms.aws_kms_key.this",
            "module.eks_primary.module.eks.module.kms.aws_kms_replica_external_key.this",
            "module.eks_primary.module.eks.module.kms.aws_kms_replica_key.this",
            "module.eks_primary.module.eks.module.kms.data.aws_caller_identity.current",
            "module.eks_primary.module.eks.module.kms.data.aws_iam_policy_document.this",
            "module.eks_primary.module.eks.module.kms.data.aws_partition.current",
            "module.vpc_primary.data.aws_availability_zones.available",
            "module.vpc_primary.module.vpc.aws_subnet.private",
            "module.vpc_primary.module.vpc.aws_vpc.this",
            "module.vpc_primary.module.vpc.aws_vpc_ipv4_cidr_block_association.this"
          ]
        }
      ]
    },
    {
      "module": "module.eks_primary.module.eks",
      "mode": "managed",
      "type": "aws_eks_access_policy_association",
      "name": "this",
      "provider": "provider[\"registry.terraform.io/hashicorp/aws\"].primary",
      "instances": [
        {
          "index_key": "admin_admin",
          "schema_version": 0,
          "attributes": {
            "access_scope": [
              {
                "namespaces": [],
                "type": "cluster"
              }
            ],
            "associated_at": "2026-06-02 10:13:51.193 +0000 UTC",
            "cluster_name": "aerolink-dev-primary-cluster",
            "id": "aerolink-dev-primary-cluster#arn:aws:iam::643942183295:user/AeroLink-Admin#arn:aws:eks::aws:cluster-access-policy/AmazonEKSClusterAdminPolicy",
            "modified_at": "2026-06-02 10:13:51.193 +0000 UTC",
            "policy_arn": "arn:aws:eks::aws:cluster-access-policy/AmazonEKSClusterAdminPolicy",
            "principal_arn": "arn:aws:iam::643942183295:user/AeroLink-Admin",
            "timeouts": null
          },
          "sensitive_attributes": [],
          "identity_schema_version": 0,
          "private": "eyJlMmJmYjczMC1lY2FhLTExZTYtOGY4OC0zNDM2M2JjN2M0YzAiOnsiY3JlYXRlIjo2MDAwMDAwMDAwMDAsImRlbGV0ZSI6NjAwMDAwMDAwMDAwfX0=",
          "dependencies": [
            "module.eks_primary.module.eks.aws_cloudwatch_log_group.this",
            "module.eks_primary.module.eks.aws_eks_access_entry.this",
            "module.eks_primary.module.eks.aws_eks_cluster.this",
            "module.eks_primary.module.eks.aws_iam_policy.cni_ipv6_policy",
            "module.eks_primary.module.eks.aws_iam_role.eks_auto",
            "module.eks_primary.module.eks.aws_iam_role.this",
            "module.eks_primary.module.eks.aws_iam_role_policy_attachment.this",
            "module.eks_primary.module.eks.aws_security_group.cluster",
            "module.eks_primary.module.eks.aws_security_group.node",
            "module.eks_primary.module.eks.aws_security_group_rule.cluster",
            "module.eks_primary.module.eks.aws_security_group_rule.node",
            "module.eks_primary.module.eks.data.aws_caller_identity.current",
            "module.eks_primary.module.eks.data.aws_iam_policy_document.assume_role_policy",
            "module.eks_primary.module.eks.data.aws_iam_policy_document.cni_ipv6_policy",
            "module.eks_primary.module.eks.data.aws_iam_policy_document.node_assume_role_policy",
            "module.eks_primary.module.eks.data.aws_iam_session_context.current",
            "module.eks_primary.module.eks.data.aws_partition.current",
            "module.eks_primary.module.eks.module.kms.aws_kms_external_key.this",
            "module.eks_primary.module.eks.module.kms.aws_kms_key.this",
            "module.eks_primary.module.eks.module.kms.aws_kms_replica_external_key.this",
            "module.eks_primary.module.eks.module.kms.aws_kms_replica_key.this",
            "module.eks_primary.module.eks.module.kms.data.aws_caller_identity.current",
            "module.eks_primary.module.eks.module.kms.data.aws_iam_policy_document.this",
            "module.eks_primary.module.eks.module.kms.data.aws_partition.current",
            "module.vpc_primary.data.aws_availability_zones.available",
            "module.vpc_primary.module.vpc.aws_subnet.private",
            "module.vpc_primary.module.vpc.aws_vpc.this",
            "module.vpc_primary.module.vpc.aws_vpc_ipv4_cidr_block_association.this"
          ]
        }
      ]
    },
    {
      "module": "module.eks_primary.module.eks",
      "mode": "managed",
      "type": "aws_eks_cluster",
      "name": "this",
      "provider": "provider[\"registry.terraform.io/hashicorp/aws\"].primary",
      "instances": [
        {
          "index_key": 0,
          "schema_version": 1,
          "attributes": {
            "access_config": [
              {
                "authentication_mode": "API_AND_CONFIG_MAP",
                "bootstrap_cluster_creator_admin_permissions": false
              }
            ],
            "arn": "arn:aws:eks:us-east-1:643942183295:cluster/aerolink-dev-primary-cluster",
            "bootstrap_self_managed_addons": true,
            "certificate_authority": [
              {
                "data": "LS0tLS1CRUdJTiBDRVJUSUZJQ0FURS0tLS0tCk1JSURCVENDQWUyZ0F3SUJBZ0lJQmltM0s1emx2UFF3RFFZSktvWklodmNOQVFFTEJRQXdGVEVUTUJFR0ExVUUKQXhNS2EzVmlaWEp1WlhSbGN6QWVGdzB5TmpBMk1ESXhNREExTURsYUZ3MHpOakExTXpBeE1ERXdNRGxhTUJVeApFekFSQmdOVkJBTVRDbXQxWW1WeWJtVjBaWE13Z2dFaU1BMEdDU3FHU0liM0RRRUJBUVVBQTRJQkR3QXdnZ0VLCkFvSUJBUUMzMWV0U012M0FYSEM4aFE4ZXFVSkwxOS8zNHd0SHNXY1dJWXFGZ1lHdkFVNWt5MTd2djRLZHRHQlcKRi9JcjYyQm9hc0JSaEtRR0dEaVZNdDVwdDByZVhaN1RqUUNJZ3A1clc0Z1FjdytmNWlzOEV3U2NCUFVjQ1IrVwpLQ0NqTG9QbFdFT0pIc2tWeS9Dc1VrL0Y2ZEE2QWtjRjdGbGYyN1VBTzIveXhRK0lUblBicG5xd05KYXYxVVE3Cms5a1IraFRwSDI2MFRIcmUwNGdwTW5qNFk3elhiUUI1RG51aGpGOWl3ZzlBbmxybVpIRjQxaUVFSjh6SXlFQWUKejlTOENkd1BrWmN3TkRoU21pQTdZNzEyK0V2RVU1K1hyM0k4TkhyZGhDZlg5TTdqODdVUDd5R04xSXpsY052Rgpic3dpbFJkTEtBRnlnOGtiT1Z4S2piUmJ5TlB6QWdNQkFBR2pXVEJYTUE0R0ExVWREd0VCL3dRRUF3SUNwREFQCkJnTlZIUk1CQWY4RUJUQURBUUgvTUIwR0ExVWREZ1FXQkJRVUI1TUFDR2UxQ0Nxb25NdTg2TVBrQmpDOGF6QVYKQmdOVkhSRUVEakFNZ2dwcmRXSmxjbTVsZEdWek1BMEdDU3FHU0liM0RRRUJDd1VBQTRJQkFRQk4rUjVhUEtxagpzV1A4MmhIQTRwWFgxNHhMeEFQMDFCOHM3bXdSdmwwaEhLZ0crWFhxWjYxb1pxT0RvZDdzODFBSWkvVm1sQUlQClNjQU5wSWtLVFBBNk1DVk10bkhoTHgySHNjY0k3eGYwcTRWMEhjYmNUWFM3MURKMjRUdy9XdVRtMVY2WWtvd0MKM0dCWFppQ3ZoZEpqUHE3ZnBwOG90TVUrcWcxQVNYL2pwTnlaTGlsVGRFNzVCcG1zdmNsL0VLMGhub1ZhUHRNKwpKTzdwbDBWd1JzQ0ltYzZuQW1yeXNjdmowSEdpMUF0cnA3U2xhYWF3Tk5GL1BUdUtyRmc4akltbHkxSk9TazVOCnZCVWN2dVY5elVobUl6d251K2g2Ty9DTUFFOU1JTWVNSlJoN3c3S0xsRDJ4SHBiam1QWnNpcHNvODl4bnMxWjIKbnM4MVpWZ2FhWnB5Ci0tLS0tRU5EIENFUlRJRklDQVRFLS0tLS0K"
              }
            ],
            "cluster_id": null,
            "compute_config": [],
            "created_at": "2026-06-02T10:05:25Z",
            "enabled_cluster_log_types": [
              "api",
              "audit",
              "authenticator"
            ],
            "encryption_config": [
              {
                "provider": [
                  {
                    "key_arn": "arn:aws:kms:us-east-1:643942183295:key/402789b9-cb36-401a-b298-a6f7a39ed338"
                  }
                ],
                "resources": [
                  "secrets"
                ]
              }
            ],
            "endpoint": "https://3BD0619BBA41799B2956939A0AAD96F1.gr7.us-east-1.eks.amazonaws.com",
            "force_update_version": null,
            "id": "aerolink-dev-primary-cluster",
            "identity": [
              {
                "oidc": [
                  {
                    "issuer": "https://oidc.eks.us-east-1.amazonaws.com/id/3BD0619BBA41799B2956939A0AAD96F1"
                  }
                ]
              }
            ],
            "kubernetes_network_config": [
              {
                "elastic_load_balancing": [
                  {
                    "enabled": false
                  }
                ],
                "ip_family": "ipv4",
                "service_ipv4_cidr": "172.20.0.0/16",
                "service_ipv6_cidr": ""
              }
            ],
            "name": "aerolink-dev-primary-cluster",
            "outpost_config": [],
            "platform_version": "eks.68",
            "remote_network_config": [],
            "role_arn": "arn:aws:iam::643942183295:role/aerolink-dev-primary-cluster-cluster",
            "status": "ACTIVE",
            "storage_config": [],
            "tags": {
              "terraform-aws-modules": "eks"
            },
            "tags_all": {
              "terraform-aws-modules": "eks"
            },
            "timeouts": {
              "create": null,
              "delete": null,
              "update": null
            },
            "upgrade_policy": [
              {
                "support_type": "EXTENDED"
              }
            ],
            "version": "1.30",
            "vpc_config": [
              {
                "cluster_security_group_id": "sg-0e983f0b1102ff1a3",
                "endpoint_private_access": true,
                "endpoint_public_access": true,
                "public_access_cidrs": [
                  "0.0.0.0/0"
                ],
                "security_group_ids": [
                  "sg-0d6c6b37ee711ca64"
                ],
                "subnet_ids": [
                  "subnet-00f2acb723ea3ed5f",
                  "subnet-073b613c1e994a689"
                ],
                "vpc_id": "vpc-025c48b3d39de9e1d"
              }
            ],
            "zonal_shift_config": []
          },
          "sensitive_attributes": [],
          "identity_schema_version": 0,
          "private": "eyJlMmJmYjczMC1lY2FhLTExZTYtOGY4OC0zNDM2M2JjN2M0YzAiOnsiY3JlYXRlIjoxODAwMDAwMDAwMDAwLCJkZWxldGUiOjkwMDAwMDAwMDAwMCwidXBkYXRlIjozNjAwMDAwMDAwMDAwfSwic2NoZW1hX3ZlcnNpb24iOiIxIn0=",
          "dependencies": [
            "module.eks_primary.module.eks.aws_cloudwatch_log_group.this",
            "module.eks_primary.module.eks.aws_iam_policy.cni_ipv6_policy",
            "module.eks_primary.module.eks.aws_iam_role.eks_auto",
            "module.eks_primary.module.eks.aws_iam_role.this",
            "module.eks_primary.module.eks.aws_iam_role_policy_attachment.this",
            "module.eks_primary.module.eks.aws_security_group.cluster",
            "module.eks_primary.module.eks.aws_security_group.node",
            "module.eks_primary.module.eks.aws_security_group_rule.cluster",
            "module.eks_primary.module.eks.aws_security_group_rule.node",
            "module.eks_primary.module.eks.data.aws_caller_identity.current",
            "module.eks_primary.module.eks.data.aws_iam_policy_document.assume_role_policy",
            "module.eks_primary.module.eks.data.aws_iam_policy_document.cni_ipv6_policy",
            "module.eks_primary.module.eks.data.aws_iam_policy_document.node_assume_role_policy",
            "module.eks_primary.module.eks.data.aws_iam_session_context.current",
            "module.eks_primary.module.eks.data.aws_partition.current",
            "module.eks_primary.module.eks.module.kms.aws_kms_external_key.this",
            "module.eks_primary.module.eks.module.kms.aws_kms_key.this",
            "module.eks_primary.module.eks.module.kms.aws_kms_replica_external_key.this",
            "module.eks_primary.module.eks.module.kms.aws_kms_replica_key.this",
            "module.eks_primary.module.eks.module.kms.data.aws_caller_identity.current",
            "module.eks_primary.module.eks.module.kms.data.aws_iam_policy_document.this",
            "module.eks_primary.module.eks.module.kms.data.aws_partition.current",
            "module.vpc_primary.data.aws_availability_zones.available",
            "module.vpc_primary.module.vpc.aws_subnet.private",
            "module.vpc_primary.module.vpc.aws_vpc.this",
            "module.vpc_primary.module.vpc.aws_vpc_ipv4_cidr_block_association.this"
          ],
          "create_before_destroy": true
        }
      ]
    },
    {
      "module": "module.eks_primary.module.eks",
      "mode": "managed",
      "type": "aws_iam_openid_connect_provider",
      "name": "oidc_provider",
      "provider": "provider[\"registry.terraform.io/hashicorp/aws\"].primary",
      "instances": [
        {
          "index_key": 0,
          "schema_version": 0,
          "attributes": {
            "arn": "arn:aws:iam::643942183295:oidc-provider/oidc.eks.us-east-1.amazonaws.com/id/3BD0619BBA41799B2956939A0AAD96F1",
            "client_id_list": [
              "sts.amazonaws.com"
            ],
            "id": "arn:aws:iam::643942183295:oidc-provider/oidc.eks.us-east-1.amazonaws.com/id/3BD0619BBA41799B2956939A0AAD96F1",
            "tags": {
              "Name": "aerolink-dev-primary-cluster-eks-irsa"
            },
            "tags_all": {
              "Name": "aerolink-dev-primary-cluster-eks-irsa"
            },
            "thumbprint_list": [
              "06b25927c42a721631c1efd9431e648fa62e1e39"
            ],
            "url": "oidc.eks.us-east-1.amazonaws.com/id/3BD0619BBA41799B2956939A0AAD96F1"
          },
          "sensitive_attributes": [],
          "identity_schema_version": 0,
          "private": "bnVsbA==",
          "dependencies": [
            "module.eks_primary.module.eks.aws_cloudwatch_log_group.this",
            "module.eks_primary.module.eks.aws_eks_cluster.this",
            "module.eks_primary.module.eks.aws_iam_policy.cni_ipv6_policy",
            "module.eks_primary.module.eks.aws_iam_role.eks_auto",
            "module.eks_primary.module.eks.aws_iam_role.this",
            "module.eks_primary.module.eks.aws_iam_role_policy_attachment.this",
            "module.eks_primary.module.eks.aws_security_group.cluster",
            "module.eks_primary.module.eks.aws_security_group.node",
            "module.eks_primary.module.eks.aws_security_group_rule.cluster",
            "module.eks_primary.module.eks.aws_security_group_rule.node",
            "module.eks_primary.module.eks.data.aws_caller_identity.current",
            "module.eks_primary.module.eks.data.aws_iam_policy_document.assume_role_policy",
            "module.eks_primary.module.eks.data.aws_iam_policy_document.cni_ipv6_policy",
            "module.eks_primary.module.eks.data.aws_iam_policy_document.node_assume_role_policy",
            "module.eks_primary.module.eks.data.aws_iam_session_context.current",
            "module.eks_primary.module.eks.data.aws_partition.current",
            "module.eks_primary.module.eks.data.tls_certificate.this",
            "module.eks_primary.module.eks.module.kms.aws_kms_external_key.this",
            "module.eks_primary.module.eks.module.kms.aws_kms_key.this",
            "module.eks_primary.module.eks.module.kms.aws_kms_replica_external_key.this",
            "module.eks_primary.module.eks.module.kms.aws_kms_replica_key.this",
            "module.eks_primary.module.eks.module.kms.data.aws_caller_identity.current",
            "module.eks_primary.module.eks.module.kms.data.aws_iam_policy_document.this",
            "module.eks_primary.module.eks.module.kms.data.aws_partition.current",
            "module.vpc_primary.data.aws_availability_zones.available",
            "module.vpc_primary.module.vpc.aws_subnet.private",
            "module.vpc_primary.module.vpc.aws_vpc.this",
            "module.vpc_primary.module.vpc.aws_vpc_ipv4_cidr_block_association.this"
          ]
        }
      ]
    },
    {
      "module": "module.eks_primary.module.eks",
      "mode": "managed",
      "type": "aws_iam_policy",
      "name": "cluster_encryption",
      "provider": "provider[\"registry.terraform.io/hashicorp/aws\"].primary",
      "instances": [
        {
          "index_key": 0,
          "schema_version": 0,
          "attributes": {
            "arn": "arn:aws:iam::643942183295:policy/aerolink-dev-primary-cluster-cluster-ClusterEncryption20260602100507164900000012",
            "attachment_count": 1,
            "description": "Cluster encryption policy to allow cluster role to utilize CMK provided",
            "id": "arn:aws:iam::643942183295:policy/aerolink-dev-primary-cluster-cluster-ClusterEncryption20260602100507164900000012",
            "name": "aerolink-dev-primary-cluster-cluster-ClusterEncryption20260602100507164900000012",
            "name_prefix": "aerolink-dev-primary-cluster-cluster-ClusterEncryption",
            "path": "/",
            "policy": "{\"Statement\":[{\"Action\":[\"kms:Encrypt\",\"kms:Decrypt\",\"kms:ListGrants\",\"kms:DescribeKey\"],\"Effect\":\"Allow\",\"Resource\":\"arn:aws:kms:us-east-1:643942183295:key/402789b9-cb36-401a-b298-a6f7a39ed338\"}],\"Version\":\"2012-10-17\"}",
            "policy_id": "ANPAZL3PR6F72MHIDLFQE",
            "tags": {},
            "tags_all": {}
          },
          "sensitive_attributes": [],
          "identity_schema_version": 0,
          "private": "bnVsbA==",
          "dependencies": [
            "module.eks_primary.module.eks.aws_iam_role.this",
            "module.eks_primary.module.eks.data.aws_caller_identity.current",
            "module.eks_primary.module.eks.data.aws_iam_policy_document.assume_role_policy",
            "module.eks_primary.module.eks.data.aws_iam_session_context.current",
            "module.eks_primary.module.eks.module.kms.aws_kms_external_key.this",
            "module.eks_primary.module.eks.module.kms.aws_kms_key.this",
            "module.eks_primary.module.eks.module.kms.aws_kms_replica_external_key.this",
            "module.eks_primary.module.eks.module.kms.aws_kms_replica_key.this",
            "module.eks_primary.module.eks.module.kms.data.aws_caller_identity.current",
            "module.eks_primary.module.eks.module.kms.data.aws_iam_policy_document.this",
            "module.eks_primary.module.eks.module.kms.data.aws_partition.current"
          ]
        }
      ]
    },
    {
      "module": "module.eks_primary.module.eks",
      "mode": "managed",
      "type": "aws_iam_policy",
      "name": "custom",
      "provider": "provider[\"registry.terraform.io/hashicorp/aws\"].primary",
      "instances": [
        {
          "index_key": 0,
          "schema_version": 0,
          "attributes": {
            "arn": "arn:aws:iam::643942183295:policy/aerolink-dev-primary-cluster-cluster",
            "attachment_count": 1,
            "description": "",
            "id": "arn:aws:iam::643942183295:policy/aerolink-dev-primary-cluster-cluster",
            "name": "aerolink-dev-primary-cluster-cluster",
            "name_prefix": "",
            "path": "/",
            "policy": "{\"Statement\":[{\"Action\":[\"ec2:RunInstances\",\"ec2:CreateLaunchTemplate\",\"ec2:CreateFleet\"],\"Condition\":{\"StringEquals\":{\"aws:RequestTag/eks:eks-cluster-name\":\"${aws:PrincipalTag/eks:eks-cluster-name}\"},\"StringLike\":{\"aws:RequestTag/eks:kubernetes-node-class-name\":\"*\",\"aws:RequestTag/eks:kubernetes-node-pool-name\":\"*\"}},\"Effect\":\"Allow\",\"Resource\":\"*\",\"Sid\":\"Compute\"},{\"Action\":[\"ec2:CreateVolume\",\"ec2:CreateSnapshot\"],\"Condition\":{\"StringEquals\":{\"aws:RequestTag/eks:eks-cluster-name\":\"${aws:PrincipalTag/eks:eks-cluster-name}\"}},\"Effect\":\"Allow\",\"Resource\":[\"arn:aws:ec2:*:*:volume/*\",\"arn:aws:ec2:*:*:snapshot/*\"],\"Sid\":\"Storage\"},{\"Action\":\"ec2:CreateNetworkInterface\",\"Condition\":{\"StringEquals\":{\"aws:RequestTag/eks:eks-cluster-name\":\"${aws:PrincipalTag/eks:eks-cluster-name}\",\"aws:RequestTag/eks:kubernetes-cni-node-name\":\"*\"}},\"Effect\":\"Allow\",\"Resource\":\"*\",\"Sid\":\"Networking\"},{\"Action\":[\"elasticloadbalancing:CreateTargetGroup\",\"elasticloadbalancing:CreateRule\",\"elasticloadbalancing:CreateLoadBalancer\",\"elasticloadbalancing:CreateListener\",\"ec2:CreateSecurityGroup\"],\"Condition\":{\"StringEquals\":{\"aws:RequestTag/eks:eks-cluster-name\":\"${aws:PrincipalTag/eks:eks-cluster-name}\"}},\"Effect\":\"Allow\",\"Resource\":\"*\",\"Sid\":\"LoadBalancer\"},{\"Action\":\"shield:CreateProtection\",\"Condition\":{\"StringEquals\":{\"aws:RequestTag/eks:eks-cluster-name\":\"${aws:PrincipalTag/eks:eks-cluster-name}\"}},\"Effect\":\"Allow\",\"Resource\":\"*\",\"Sid\":\"ShieldProtection\"},{\"Action\":\"shield:TagResource\",\"Condition\":{\"StringEquals\":{\"aws:RequestTag/eks:eks-cluster-name\":\"${aws:PrincipalTag/eks:eks-cluster-name}\"}},\"Effect\":\"Allow\",\"Resource\":\"arn:aws:shield::*:protection/*\",\"Sid\":\"ShieldTagResource\"}],\"Version\":\"2012-10-17\"}",
            "policy_id": "ANPAZL3PR6F7WHZMMMFWP",
            "tags": {},
            "tags_all": {}
          },
          "sensitive_attributes": [],
          "identity_schema_version": 0,
          "private": "bnVsbA==",
          "dependencies": [
            "module.eks_primary.module.eks.data.aws_iam_policy_document.custom",
            "module.eks_primary.module.eks.data.aws_partition.current"
          ]
        }
      ]
    },
    {
      "module": "module.eks_primary.module.eks",
      "mode": "managed",
      "type": "aws_iam_role",
      "name": "this",
      "provider": "provider[\"registry.terraform.io/hashicorp/aws\"].primary",
      "instances": [
        {
          "index_key": 0,
          "schema_version": 0,
          "attributes": {
            "arn": "arn:aws:iam::643942183295:role/aerolink-dev-primary-cluster-cluster",
            "assume_role_policy": "{\"Statement\":[{\"Action\":[\"sts:TagSession\",\"sts:AssumeRole\"],\"Effect\":\"Allow\",\"Principal\":{\"Service\":\"eks.amazonaws.com\"},\"Sid\":\"EKSClusterAssumeRole\"}],\"Version\":\"2012-10-17\"}",
            "create_date": "2026-06-02T10:04:35Z",
            "description": "",
            "force_detach_policies": true,
            "id": "aerolink-dev-primary-cluster-cluster",
            "inline_policy": [],
            "managed_policy_arns": [
              "arn:aws:iam::643942183295:policy/aerolink-dev-primary-cluster-cluster",
              "arn:aws:iam::643942183295:policy/aerolink-dev-primary-cluster-cluster-ClusterEncryption20260602100507164900000012",
              "arn:aws:iam::aws:policy/AmazonEKSClusterPolicy",
              "arn:aws:iam::aws:policy/AmazonEKSVPCResourceController"
            ],
            "max_session_duration": 3600,
            "name": "aerolink-dev-primary-cluster-cluster",
            "name_prefix": "",
            "path": "/",
            "permissions_boundary": "",
            "tags": {},
            "tags_all": {},
            "unique_id": "AROAZL3PR6F7ZCNKC5J6A"
          },
          "sensitive_attributes": [],
          "identity_schema_version": 0,
          "private": "bnVsbA==",
          "dependencies": [
            "module.eks_primary.module.eks.data.aws_iam_policy_document.assume_role_policy"
          ],
          "create_before_destroy": true
        }
      ]
    },
    {
      "module": "module.eks_primary.module.eks",
      "mode": "managed",
      "type": "aws_iam_role_policy_attachment",
      "name": "cluster_encryption",
      "provider": "provider[\"registry.terraform.io/hashicorp/aws\"].primary",
      "instances": [
        {
          "index_key": 0,
          "schema_version": 0,
          "attributes": {
            "id": "aerolink-dev-primary-cluster-cluster-20260602100514935400000014",
            "policy_arn": "arn:aws:iam::643942183295:policy/aerolink-dev-primary-cluster-cluster-ClusterEncryption20260602100507164900000012",
            "role": "aerolink-dev-primary-cluster-cluster"
          },
          "sensitive_attributes": [],
          "identity_schema_version": 0,
          "private": "bnVsbA==",
          "dependencies": [
            "module.eks_primary.module.eks.aws_iam_policy.cluster_encryption",
            "module.eks_primary.module.eks.aws_iam_role.this",
            "module.eks_primary.module.eks.data.aws_caller_identity.current",
            "module.eks_primary.module.eks.data.aws_iam_policy_document.assume_role_policy",
            "module.eks_primary.module.eks.data.aws_iam_session_context.current",
            "module.eks_primary.module.eks.module.kms.aws_kms_external_key.this",
            "module.eks_primary.module.eks.module.kms.aws_kms_key.this",
            "module.eks_primary.module.eks.module.kms.aws_kms_replica_external_key.this",
            "module.eks_primary.module.eks.module.kms.aws_kms_replica_key.this",
            "module.eks_primary.module.eks.module.kms.data.aws_caller_identity.current",
            "module.eks_primary.module.eks.module.kms.data.aws_iam_policy_document.this",
            "module.eks_primary.module.eks.module.kms.data.aws_partition.current"
          ]
        }
      ]
    },
    {
      "module": "module.eks_primary.module.eks",
      "mode": "managed",
      "type": "aws_iam_role_policy_attachment",
      "name": "custom",
      "provider": "provider[\"registry.terraform.io/hashicorp/aws\"].primary",
      "instances": [
        {
          "index_key": 0,
          "schema_version": 0,
          "attributes": {
            "id": "aerolink-dev-primary-cluster-cluster-20260602100437973400000008",
            "policy_arn": "arn:aws:iam::643942183295:policy/aerolink-dev-primary-cluster-cluster",
            "role": "aerolink-dev-primary-cluster-cluster"
          },
          "sensitive_attributes": [],
          "identity_schema_version": 0,
          "private": "bnVsbA==",
          "dependencies": [
            "module.eks_primary.module.eks.aws_iam_policy.custom",
            "module.eks_primary.module.eks.aws_iam_role.this",
            "module.eks_primary.module.eks.data.aws_iam_policy_document.assume_role_policy",
            "module.eks_primary.module.eks.data.aws_iam_policy_document.custom",
            "module.eks_primary.module.eks.data.aws_partition.current"
          ]
        }
      ]
    },
    {
      "module": "module.eks_primary.module.eks",
      "mode": "managed",
      "type": "aws_iam_role_policy_attachment",
      "name": "this",
      "provider": "provider[\"registry.terraform.io/hashicorp/aws\"].primary",
      "instances": [
        {
          "index_key": "AmazonEKSClusterPolicy",
          "schema_version": 0,
          "attributes": {
            "id": "aerolink-dev-primary-cluster-cluster-20260602100437876000000007",
            "policy_arn": "arn:aws:iam::aws:policy/AmazonEKSClusterPolicy",
            "role": "aerolink-dev-primary-cluster-cluster"
          },
          "sensitive_attributes": [],
          "identity_schema_version": 0,
          "private": "bnVsbA==",
          "dependencies": [
            "module.eks_primary.module.eks.aws_iam_role.this",
            "module.eks_primary.module.eks.data.aws_iam_policy_document.assume_role_policy",
            "module.eks_primary.module.eks.data.aws_partition.current"
          ],
          "create_before_destroy": true
        },
        {
          "index_key": "AmazonEKSVPCResourceController",
          "schema_version": 0,
          "attributes": {
            "id": "aerolink-dev-primary-cluster-cluster-20260602100437488600000006",
            "policy_arn": "arn:aws:iam::aws:policy/AmazonEKSVPCResourceController",
            "role": "aerolink-dev-primary-cluster-cluster"
          },
          "sensitive_attributes": [],
          "identity_schema_version": 0,
          "private": "bnVsbA==",
          "dependencies": [
            "module.eks_primary.module.eks.aws_iam_role.this",
            "module.eks_primary.module.eks.data.aws_iam_policy_document.assume_role_policy",
            "module.eks_primary.module.eks.data.aws_partition.current"
          ],
          "create_before_destroy": true
        }
      ]
    },
    {
      "module": "module.eks_primary.module.eks",
      "mode": "managed",
      "type": "aws_security_group",
      "name": "cluster",
      "provider": "provider[\"registry.terraform.io/hashicorp/aws\"].primary",
      "instances": [
        {
          "index_key": 0,
          "schema_version": 1,
          "attributes": {
            "arn": "arn:aws:ec2:us-east-1:643942183295:security-group/sg-0d6c6b37ee711ca64",
            "description": "EKS cluster security group",
            "egress": [],
            "id": "sg-0d6c6b37ee711ca64",
            "ingress": [
              {
                "cidr_blocks": [],
                "description": "Node groups to cluster API",
                "from_port": 443,
                "ipv6_cidr_blocks": [],
                "prefix_list_ids": [],
                "protocol": "tcp",
                "security_groups": [
                  "sg-0fb1c5aac3a0c947d"
                ],
                "self": false,
                "to_port": 443
              }
            ],
            "name": "aerolink-dev-primary-cluster-cluster-2026060210050360620000000f",
            "name_prefix": "aerolink-dev-primary-cluster-cluster-",
            "owner_id": "643942183295",
            "revoke_rules_on_delete": false,
            "tags": {
              "Name": "aerolink-dev-primary-cluster-cluster"
            },
            "tags_all": {
              "Name": "aerolink-dev-primary-cluster-cluster"
            },
            "timeouts": null,
            "vpc_id": "vpc-025c48b3d39de9e1d"
          },
          "sensitive_attributes": [],
          "identity_schema_version": 0,
          "private": "eyJlMmJmYjczMC1lY2FhLTExZTYtOGY4OC0zNDM2M2JjN2M0YzAiOnsiY3JlYXRlIjo2MDAwMDAwMDAwMDAsImRlbGV0ZSI6OTAwMDAwMDAwMDAwfSwic2NoZW1hX3ZlcnNpb24iOiIxIn0=",
          "dependencies": [
            "module.vpc_primary.module.vpc.aws_vpc.this"
          ],
          "create_before_destroy": true
        }
      ]
    },
    {
      "module": "module.eks_primary.module.eks",
      "mode": "managed",
      "type": "aws_security_group",
      "name": "node",
      "provider": "provider[\"registry.terraform.io/hashicorp/aws\"].primary",
      "instances": [
        {
          "index_key": 0,
          "schema_version": 1,
          "attributes": {
            "arn": "arn:aws:ec2:us-east-1:643942183295:security-group/sg-0fb1c5aac3a0c947d",
            "description": "EKS node shared security group",
            "egress": [
              {
                "cidr_blocks": [
                  "0.0.0.0/0"
                ],
                "description": "Allow all egress",
                "from_port": 0,
                "ipv6_cidr_blocks": [],
                "prefix_list_ids": [],
                "protocol": "-1",
                "security_groups": [],
                "self": false,
                "to_port": 0
              }
            ],
            "id": "sg-0fb1c5aac3a0c947d",
            "ingress": [
              {
                "cidr_blocks": [],
                "description": "",
                "from_port": 0,
                "ipv6_cidr_blocks": [],
                "prefix_list_ids": [],
                "protocol": "-1",
                "security_groups": [
                  "sg-0a9dd9ff5c748751d"
                ],
                "self": false,
                "to_port": 0
              },
              {
                "cidr_blocks": [],
                "description": "Allow API server to reach Istio webhook",
                "from_port": 15017,
                "ipv6_cidr_blocks": [],
                "prefix_list_ids": [],
                "protocol": "tcp",
                "security_groups": [
                  "sg-0d6c6b37ee711ca64"
                ],
                "self": false,
                "to_port": 15017
              },
              {
                "cidr_blocks": [],
                "description": "Cluster API to node 4443/tcp webhook",
                "from_port": 4443,
                "ipv6_cidr_blocks": [],
                "prefix_list_ids": [],
                "protocol": "tcp",
                "security_groups": [
                  "sg-0d6c6b37ee711ca64"
                ],
                "self": false,
                "to_port": 4443
              },
              {
                "cidr_blocks": [],
                "description": "Cluster API to node 6443/tcp webhook",
                "from_port": 6443,
                "ipv6_cidr_blocks": [],
                "prefix_list_ids": [],
                "protocol": "tcp",
                "security_groups": [
                  "sg-0d6c6b37ee711ca64"
                ],
                "self": false,
                "to_port": 6443
              },
              {
                "cidr_blocks": [],
                "description": "Cluster API to node 8443/tcp webhook",
                "from_port": 8443,
                "ipv6_cidr_blocks": [],
                "prefix_list_ids": [],
                "protocol": "tcp",
                "security_groups": [
                  "sg-0d6c6b37ee711ca64"
                ],
                "self": false,
                "to_port": 8443
              },
              {
                "cidr_blocks": [],
                "description": "Cluster API to node 9443/tcp webhook",
                "from_port": 9443,
                "ipv6_cidr_blocks": [],
                "prefix_list_ids": [],
                "protocol": "tcp",
                "security_groups": [
                  "sg-0d6c6b37ee711ca64"
                ],
                "self": false,
                "to_port": 9443
              },
              {
                "cidr_blocks": [],
                "description": "Cluster API to node groups",
                "from_port": 443,
                "ipv6_cidr_blocks": [],
                "prefix_list_ids": [],
                "protocol": "tcp",
                "security_groups": [
                  "sg-0d6c6b37ee711ca64"
                ],
                "self": false,
                "to_port": 443
              },
              {
                "cidr_blocks": [],
                "description": "Cluster API to node kubelets",
                "from_port": 10250,
                "ipv6_cidr_blocks": [],
                "prefix_list_ids": [],
                "protocol": "tcp",
                "security_groups": [
                  "sg-0d6c6b37ee711ca64"
                ],
                "self": false,
                "to_port": 10250
              },
              {
                "cidr_blocks": [],
                "description": "Node to node CoreDNS UDP",
                "from_port": 53,
                "ipv6_cidr_blocks": [],
                "prefix_list_ids": [],
                "protocol": "udp",
                "security_groups": [],
                "self": true,
                "to_port": 53
              },
              {
                "cidr_blocks": [],
                "description": "Node to node CoreDNS",
                "from_port": 53,
                "ipv6_cidr_blocks": [],
                "prefix_list_ids": [],
                "protocol": "tcp",
                "security_groups": [],
                "self": true,
                "to_port": 53
              },
              {
                "cidr_blocks": [],
                "description": "Node to node ingress on ephemeral ports",
                "from_port": 1025,
                "ipv6_cidr_blocks": [],
                "prefix_list_ids": [],
                "protocol": "tcp",
                "security_groups": [],
                "self": true,
                "to_port": 65535
              }
            ],
            "name": "aerolink-dev-primary-cluster-node-20260602100503816000000011",
            "name_prefix": "aerolink-dev-primary-cluster-node-",
            "owner_id": "643942183295",
            "revoke_rules_on_delete": false,
            "tags": {
              "Name": "aerolink-dev-primary-cluster-node",
              "kubernetes.io/cluster/aerolink-dev-primary-cluster": "owned"
            },
            "tags_all": {
              "Name": "aerolink-dev-primary-cluster-node",
              "kubernetes.io/cluster/aerolink-dev-primary-cluster": "owned"
            },
            "timeouts": null,
            "vpc_id": "vpc-025c48b3d39de9e1d"
          },
          "sensitive_attributes": [],
          "identity_schema_version": 0,
          "private": "eyJlMmJmYjczMC1lY2FhLTExZTYtOGY4OC0zNDM2M2JjN2M0YzAiOnsiY3JlYXRlIjo2MDAwMDAwMDAwMDAsImRlbGV0ZSI6OTAwMDAwMDAwMDAwfSwic2NoZW1hX3ZlcnNpb24iOiIxIn0=",
          "dependencies": [
            "module.vpc_primary.module.vpc.aws_vpc.this"
          ],
          "create_before_destroy": true
        }
      ]
    },
    {
      "module": "module.eks_primary.module.eks",
      "mode": "managed",
      "type": "aws_security_group_rule",
      "name": "cluster",
      "provider": "provider[\"registry.terraform.io/hashicorp/aws\"].primary",
      "instances": [
        {
          "index_key": "ingress_nodes_443",
          "schema_version": 2,
          "attributes": {
            "cidr_blocks": null,
            "description": "Node groups to cluster API",
            "from_port": 443,
            "id": "sgrule-1425474129",
            "ipv6_cidr_blocks": null,
            "prefix_list_ids": null,
            "protocol": "tcp",
            "security_group_id": "sg-0d6c6b37ee711ca64",
            "security_group_rule_id": "sgr-0772d0acedbf7f300",
            "self": false,
            "source_security_group_id": "sg-0fb1c5aac3a0c947d",
            "timeouts": null,
            "to_port": 443,
            "type": "ingress"
          },
          "sensitive_attributes": [],
          "identity_schema_version": 0,
          "private": "eyJlMmJmYjczMC1lY2FhLTExZTYtOGY4OC0zNDM2M2JjN2M0YzAiOnsiY3JlYXRlIjozMDAwMDAwMDAwMDB9LCJzY2hlbWFfdmVyc2lvbiI6IjIifQ==",
          "dependencies": [
            "module.eks_primary.module.eks.aws_security_group.cluster",
            "module.eks_primary.module.eks.aws_security_group.node",
            "module.vpc_primary.module.vpc.aws_vpc.this"
          ],
          "create_before_destroy": true
        }
      ]
    },
    {
      "module": "module.eks_primary.module.eks",
      "mode": "managed",
      "type": "aws_security_group_rule",
      "name": "node",
      "provider": "provider[\"registry.terraform.io/hashicorp/aws\"].primary",
      "instances": [
        {
          "index_key": "egress_all",
          "schema_version": 2,
          "attributes": {
            "cidr_blocks": [
              "0.0.0.0/0"
            ],
            "description": "Allow all egress",
            "from_port": 0,
            "id": "sgrule-2336198322",
            "ipv6_cidr_blocks": null,
            "prefix_list_ids": [],
            "protocol": "-1",
            "security_group_id": "sg-0fb1c5aac3a0c947d",
            "security_group_rule_id": "sgr-0b78f193f3b5b008d",
            "self": false,
            "source_security_group_id": null,
            "timeouts": null,
            "to_port": 0,
            "type": "egress"
          },
          "sensitive_attributes": [],
          "identity_schema_version": 0,
          "private": "eyJlMmJmYjczMC1lY2FhLTExZTYtOGY4OC0zNDM2M2JjN2M0YzAiOnsiY3JlYXRlIjozMDAwMDAwMDAwMDB9LCJzY2hlbWFfdmVyc2lvbiI6IjIifQ==",
          "dependencies": [
            "module.eks_primary.module.eks.aws_security_group.cluster",
            "module.eks_primary.module.eks.aws_security_group.node",
            "module.vpc_primary.module.vpc.aws_vpc.this"
          ],
          "create_before_destroy": true
        },
        {
          "index_key": "ingress_cluster_443",
          "schema_version": 2,
          "attributes": {
            "cidr_blocks": null,
            "description": "Cluster API to node groups",
            "from_port": 443,
            "id": "sgrule-1883815211",
            "ipv6_cidr_blocks": null,
            "prefix_list_ids": [],
            "protocol": "tcp",
            "security_group_id": "sg-0fb1c5aac3a0c947d",
            "security_group_rule_id": "sgr-0efba56a87316b0ec",
            "self": false,
            "source_security_group_id": "sg-0d6c6b37ee711ca64",
            "timeouts": null,
            "to_port": 443,
            "type": "ingress"
          },
          "sensitive_attributes": [],
          "identity_schema_version": 0,
          "private": "eyJlMmJmYjczMC1lY2FhLTExZTYtOGY4OC0zNDM2M2JjN2M0YzAiOnsiY3JlYXRlIjozMDAwMDAwMDAwMDB9LCJzY2hlbWFfdmVyc2lvbiI6IjIifQ==",
          "dependencies": [
            "module.eks_primary.module.eks.aws_security_group.cluster",
            "module.eks_primary.module.eks.aws_security_group.node",
            "module.vpc_primary.module.vpc.aws_vpc.this"
          ],
          "create_before_destroy": true
        },
        {
          "index_key": "ingress_cluster_4443_webhook",
          "schema_version": 2,
          "attributes": {
            "cidr_blocks": null,
            "description": "Cluster API to node 4443/tcp webhook",
            "from_port": 4443,
            "id": "sgrule-1327485405",
            "ipv6_cidr_blocks": null,
            "prefix_list_ids": [],
            "protocol": "tcp",
            "security_group_id": "sg-0fb1c5aac3a0c947d",
            "security_group_rule_id": "sgr-0abb572c4a4ef213a",
            "self": false,
            "source_security_group_id": "sg-0d6c6b37ee711ca64",
            "timeouts": null,
            "to_port": 4443,
            "type": "ingress"
          },
          "sensitive_attributes": [],
          "identity_schema_version": 0,
          "private": "eyJlMmJmYjczMC1lY2FhLTExZTYtOGY4OC0zNDM2M2JjN2M0YzAiOnsiY3JlYXRlIjozMDAwMDAwMDAwMDB9LCJzY2hlbWFfdmVyc2lvbiI6IjIifQ==",
          "dependencies": [
            "module.eks_primary.module.eks.aws_security_group.cluster",
            "module.eks_primary.module.eks.aws_security_group.node",
            "module.vpc_primary.module.vpc.aws_vpc.this"
          ],
          "create_before_destroy": true
        },
        {
          "index_key": "ingress_cluster_6443_webhook",
          "schema_version": 2,
          "attributes": {
            "cidr_blocks": null,
            "description": "Cluster API to node 6443/tcp webhook",
            "from_port": 6443,
            "id": "sgrule-2254288459",
            "ipv6_cidr_blocks": null,
            "prefix_list_ids": [],
            "protocol": "tcp",
            "security_group_id": "sg-0fb1c5aac3a0c947d",
            "security_group_rule_id": "sgr-0469abd11f646c39e",
            "self": false,
            "source_security_group_id": "sg-0d6c6b37ee711ca64",
            "timeouts": null,
            "to_port": 6443,
            "type": "ingress"
          },
          "sensitive_attributes": [],
          "identity_schema_version": 0,
          "private": "eyJlMmJmYjczMC1lY2FhLTExZTYtOGY4OC0zNDM2M2JjN2M0YzAiOnsiY3JlYXRlIjozMDAwMDAwMDAwMDB9LCJzY2hlbWFfdmVyc2lvbiI6IjIifQ==",
          "dependencies": [
            "module.eks_primary.module.eks.aws_security_group.cluster",
            "module.eks_primary.module.eks.aws_security_group.node",
            "module.vpc_primary.module.vpc.aws_vpc.this"
          ],
          "create_before_destroy": true
        },
        {
          "index_key": "ingress_cluster_8443_webhook",
          "schema_version": 2,
          "attributes": {
            "cidr_blocks": null,
            "description": "Cluster API to node 8443/tcp webhook",
            "from_port": 8443,
            "id": "sgrule-2499906154",
            "ipv6_cidr_blocks": null,
            "prefix_list_ids": [],
            "protocol": "tcp",
            "security_group_id": "sg-0fb1c5aac3a0c947d",
            "security_group_rule_id": "sgr-0fb08be47767c77f0",
            "self": false,
            "source_security_group_id": "sg-0d6c6b37ee711ca64",
            "timeouts": null,
            "to_port": 8443,
            "type": "ingress"
          },
          "sensitive_attributes": [],
          "identity_schema_version": 0,
          "private": "eyJlMmJmYjczMC1lY2FhLTExZTYtOGY4OC0zNDM2M2JjN2M0YzAiOnsiY3JlYXRlIjozMDAwMDAwMDAwMDB9LCJzY2hlbWFfdmVyc2lvbiI6IjIifQ==",
          "dependencies": [
            "module.eks_primary.module.eks.aws_security_group.cluster",
            "module.eks_primary.module.eks.aws_security_group.node",
            "module.vpc_primary.module.vpc.aws_vpc.this"
          ],
          "create_before_destroy": true
        },
        {
          "index_key": "ingress_cluster_9443_webhook",
          "schema_version": 2,
          "attributes": {
            "cidr_blocks": null,
            "description": "Cluster API to node 9443/tcp webhook",
            "from_port": 9443,
            "id": "sgrule-4053842337",
            "ipv6_cidr_blocks": null,
            "prefix_list_ids": [],
            "protocol": "tcp",
            "security_group_id": "sg-0fb1c5aac3a0c947d",
            "security_group_rule_id": "sgr-09c9e1c8e49a7a60a",
            "self": false,
            "source_security_group_id": "sg-0d6c6b37ee711ca64",
            "timeouts": null,
            "to_port": 9443,
            "type": "ingress"
          },
          "sensitive_attributes": [],
          "identity_schema_version": 0,
          "private": "eyJlMmJmYjczMC1lY2FhLTExZTYtOGY4OC0zNDM2M2JjN2M0YzAiOnsiY3JlYXRlIjozMDAwMDAwMDAwMDB9LCJzY2hlbWFfdmVyc2lvbiI6IjIifQ==",
          "dependencies": [
            "module.eks_primary.module.eks.aws_security_group.cluster",
            "module.eks_primary.module.eks.aws_security_group.node",
            "module.vpc_primary.module.vpc.aws_vpc.this"
          ],
          "create_before_destroy": true
        },
        {
          "index_key": "ingress_cluster_kubelet",
          "schema_version": 2,
          "attributes": {
            "cidr_blocks": null,
            "description": "Cluster API to node kubelets",
            "from_port": 10250,
            "id": "sgrule-4070265420",
            "ipv6_cidr_blocks": null,
            "prefix_list_ids": [],
            "protocol": "tcp",
            "security_group_id": "sg-0fb1c5aac3a0c947d",
            "security_group_rule_id": "sgr-03876b5e3783484e4",
            "self": false,
            "source_security_group_id": "sg-0d6c6b37ee711ca64",
            "timeouts": null,
            "to_port": 10250,
            "type": "ingress"
          },
          "sensitive_attributes": [],
          "identity_schema_version": 0,
          "private": "eyJlMmJmYjczMC1lY2FhLTExZTYtOGY4OC0zNDM2M2JjN2M0YzAiOnsiY3JlYXRlIjozMDAwMDAwMDAwMDB9LCJzY2hlbWFfdmVyc2lvbiI6IjIifQ==",
          "dependencies": [
            "module.eks_primary.module.eks.aws_security_group.cluster",
            "module.eks_primary.module.eks.aws_security_group.node",
            "module.vpc_primary.module.vpc.aws_vpc.this"
          ],
          "create_before_destroy": true
        },
        {
          "index_key": "ingress_istio_webhook",
          "schema_version": 2,
          "attributes": {
            "cidr_blocks": null,
            "description": "Allow API server to reach Istio webhook",
            "from_port": 15017,
            "id": "sgrule-2914600333",
            "ipv6_cidr_blocks": null,
            "prefix_list_ids": [],
            "protocol": "tcp",
            "security_group_id": "sg-0fb1c5aac3a0c947d",
            "security_group_rule_id": "sgr-06550c3357fa78424",
            "self": false,
            "source_security_group_id": "sg-0d6c6b37ee711ca64",
            "timeouts": null,
            "to_port": 15017,
            "type": "ingress"
          },
          "sensitive_attributes": [],
          "identity_schema_version": 0,
          "private": "eyJlMmJmYjczMC1lY2FhLTExZTYtOGY4OC0zNDM2M2JjN2M0YzAiOnsiY3JlYXRlIjozMDAwMDAwMDAwMDB9LCJzY2hlbWFfdmVyc2lvbiI6IjIifQ==",
          "dependencies": [
            "module.eks_primary.module.eks.aws_security_group.cluster",
            "module.eks_primary.module.eks.aws_security_group.node",
            "module.vpc_primary.module.vpc.aws_vpc.this"
          ],
          "create_before_destroy": true
        },
        {
          "index_key": "ingress_nodes_ephemeral",
          "schema_version": 2,
          "attributes": {
            "cidr_blocks": null,
            "description": "Node to node ingress on ephemeral ports",
            "from_port": 1025,
            "id": "sgrule-2200814255",
            "ipv6_cidr_blocks": null,
            "prefix_list_ids": [],
            "protocol": "tcp",
            "security_group_id": "sg-0fb1c5aac3a0c947d",
            "security_group_rule_id": "sgr-0b191841aabfa69cc",
            "self": true,
            "source_security_group_id": null,
            "timeouts": null,
            "to_port": 65535,
            "type": "ingress"
          },
          "sensitive_attributes": [],
          "identity_schema_version": 0,
          "private": "eyJlMmJmYjczMC1lY2FhLTExZTYtOGY4OC0zNDM2M2JjN2M0YzAiOnsiY3JlYXRlIjozMDAwMDAwMDAwMDB9LCJzY2hlbWFfdmVyc2lvbiI6IjIifQ==",
          "dependencies": [
            "module.eks_primary.module.eks.aws_security_group.cluster",
            "module.eks_primary.module.eks.aws_security_group.node",
            "module.vpc_primary.module.vpc.aws_vpc.this"
          ],
          "create_before_destroy": true
        },
        {
          "index_key": "ingress_self_coredns_tcp",
          "schema_version": 2,
          "attributes": {
            "cidr_blocks": null,
            "description": "Node to node CoreDNS",
            "from_port": 53,
            "id": "sgrule-2714588310",
            "ipv6_cidr_blocks": null,
            "prefix_list_ids": [],
            "protocol": "tcp",
            "security_group_id": "sg-0fb1c5aac3a0c947d",
            "security_group_rule_id": "sgr-065179f878f0cf9b4",
            "self": true,
            "source_security_group_id": null,
            "timeouts": null,
            "to_port": 53,
            "type": "ingress"
          },
          "sensitive_attributes": [],
          "identity_schema_version": 0,
          "private": "eyJlMmJmYjczMC1lY2FhLTExZTYtOGY4OC0zNDM2M2JjN2M0YzAiOnsiY3JlYXRlIjozMDAwMDAwMDAwMDB9LCJzY2hlbWFfdmVyc2lvbiI6IjIifQ==",
          "dependencies": [
            "module.eks_primary.module.eks.aws_security_group.cluster",
            "module.eks_primary.module.eks.aws_security_group.node",
            "module.vpc_primary.module.vpc.aws_vpc.this"
          ],
          "create_before_destroy": true
        },
        {
          "index_key": "ingress_self_coredns_udp",
          "schema_version": 2,
          "attributes": {
            "cidr_blocks": null,
            "description": "Node to node CoreDNS UDP",
            "from_port": 53,
            "id": "sgrule-93517689",
            "ipv6_cidr_blocks": null,
            "prefix_list_ids": [],
            "protocol": "udp",
            "security_group_id": "sg-0fb1c5aac3a0c947d",
            "security_group_rule_id": "sgr-05fba8db2a5b50b3f",
            "self": true,
            "source_security_group_id": null,
            "timeouts": null,
            "to_port": 53,
            "type": "ingress"
          },
          "sensitive_attributes": [],
          "identity_schema_version": 0,
          "private": "eyJlMmJmYjczMC1lY2FhLTExZTYtOGY4OC0zNDM2M2JjN2M0YzAiOnsiY3JlYXRlIjozMDAwMDAwMDAwMDB9LCJzY2hlbWFfdmVyc2lvbiI6IjIifQ==",
          "dependencies": [
            "module.eks_primary.module.eks.aws_security_group.cluster",
            "module.eks_primary.module.eks.aws_security_group.node",
            "module.vpc_primary.module.vpc.aws_vpc.this"
          ],
          "create_before_destroy": true
        }
      ]
    },
    {
      "module": "module.eks_primary.module.eks",
      "mode": "managed",
      "type": "time_sleep",
      "name": "this",
      "provider": "provider[\"registry.terraform.io/hashicorp/time\"]",
      "instances": [
        {
          "index_key": 0,
          "schema_version": 0,
          "attributes": {
            "create_duration": "30s",
            "destroy_duration": null,
            "id": "2026-06-02T10:14:19Z",
            "triggers": {
              "cluster_certificate_authority_data": "LS0tLS1CRUdJTiBDRVJUSUZJQ0FURS0tLS0tCk1JSURCVENDQWUyZ0F3SUJBZ0lJQmltM0s1emx2UFF3RFFZSktvWklodmNOQVFFTEJRQXdGVEVUTUJFR0ExVUUKQXhNS2EzVmlaWEp1WlhSbGN6QWVGdzB5TmpBMk1ESXhNREExTURsYUZ3MHpOakExTXpBeE1ERXdNRGxhTUJVeApFekFSQmdOVkJBTVRDbXQxWW1WeWJtVjBaWE13Z2dFaU1BMEdDU3FHU0liM0RRRUJBUVVBQTRJQkR3QXdnZ0VLCkFvSUJBUUMzMWV0U012M0FYSEM4aFE4ZXFVSkwxOS8zNHd0SHNXY1dJWXFGZ1lHdkFVNWt5MTd2djRLZHRHQlcKRi9JcjYyQm9hc0JSaEtRR0dEaVZNdDVwdDByZVhaN1RqUUNJZ3A1clc0Z1FjdytmNWlzOEV3U2NCUFVjQ1IrVwpLQ0NqTG9QbFdFT0pIc2tWeS9Dc1VrL0Y2ZEE2QWtjRjdGbGYyN1VBTzIveXhRK0lUblBicG5xd05KYXYxVVE3Cms5a1IraFRwSDI2MFRIcmUwNGdwTW5qNFk3elhiUUI1RG51aGpGOWl3ZzlBbmxybVpIRjQxaUVFSjh6SXlFQWUKejlTOENkd1BrWmN3TkRoU21pQTdZNzEyK0V2RVU1K1hyM0k4TkhyZGhDZlg5TTdqODdVUDd5R04xSXpsY052Rgpic3dpbFJkTEtBRnlnOGtiT1Z4S2piUmJ5TlB6QWdNQkFBR2pXVEJYTUE0R0ExVWREd0VCL3dRRUF3SUNwREFQCkJnTlZIUk1CQWY4RUJUQURBUUgvTUIwR0ExVWREZ1FXQkJRVUI1TUFDR2UxQ0Nxb25NdTg2TVBrQmpDOGF6QVYKQmdOVkhSRUVEakFNZ2dwcmRXSmxjbTVsZEdWek1BMEdDU3FHU0liM0RRRUJDd1VBQTRJQkFRQk4rUjVhUEtxagpzV1A4MmhIQTRwWFgxNHhMeEFQMDFCOHM3bXdSdmwwaEhLZ0crWFhxWjYxb1pxT0RvZDdzODFBSWkvVm1sQUlQClNjQU5wSWtLVFBBNk1DVk10bkhoTHgySHNjY0k3eGYwcTRWMEhjYmNUWFM3MURKMjRUdy9XdVRtMVY2WWtvd0MKM0dCWFppQ3ZoZEpqUHE3ZnBwOG90TVUrcWcxQVNYL2pwTnlaTGlsVGRFNzVCcG1zdmNsL0VLMGhub1ZhUHRNKwpKTzdwbDBWd1JzQ0ltYzZuQW1yeXNjdmowSEdpMUF0cnA3U2xhYWF3Tk5GL1BUdUtyRmc4akltbHkxSk9TazVOCnZCVWN2dVY5elVobUl6d251K2g2Ty9DTUFFOU1JTWVNSlJoN3c3S0xsRDJ4SHBiam1QWnNpcHNvODl4bnMxWjIKbnM4MVpWZ2FhWnB5Ci0tLS0tRU5EIENFUlRJRklDQVRFLS0tLS0K",
              "cluster_endpoint": "https://3BD0619BBA41799B2956939A0AAD96F1.gr7.us-east-1.eks.amazonaws.com",
              "cluster_name": "aerolink-dev-primary-cluster",
              "cluster_service_cidr": "172.20.0.0/16",
              "cluster_version": "1.30"
            }
          },
          "sensitive_attributes": [],
          "identity_schema_version": 0,
          "dependencies": [
            "module.eks_primary.module.eks.aws_cloudwatch_log_group.this",
            "module.eks_primary.module.eks.aws_eks_cluster.this",
            "module.eks_primary.module.eks.aws_iam_policy.cni_ipv6_policy",
            "module.eks_primary.module.eks.aws_iam_role.eks_auto",
            "module.eks_primary.module.eks.aws_iam_role.this",
            "module.eks_primary.module.eks.aws_iam_role_policy_attachment.this",
            "module.eks_primary.module.eks.aws_security_group.cluster",
            "module.eks_primary.module.eks.aws_security_group.node",
            "module.eks_primary.module.eks.aws_security_group_rule.cluster",
            "module.eks_primary.module.eks.aws_security_group_rule.node",
            "module.eks_primary.module.eks.data.aws_caller_identity.current",
            "module.eks_primary.module.eks.data.aws_iam_policy_document.assume_role_policy",
            "module.eks_primary.module.eks.data.aws_iam_policy_document.cni_ipv6_policy",
            "module.eks_primary.module.eks.data.aws_iam_policy_document.node_assume_role_policy",
            "module.eks_primary.module.eks.data.aws_iam_session_context.current",
            "module.eks_primary.module.eks.data.aws_partition.current",
            "module.eks_primary.module.eks.module.kms.aws_kms_external_key.this",
            "module.eks_primary.module.eks.module.kms.aws_kms_key.this",
            "module.eks_primary.module.eks.module.kms.aws_kms_replica_external_key.this",
            "module.eks_primary.module.eks.module.kms.aws_kms_replica_key.this",
            "module.eks_primary.module.eks.module.kms.data.aws_caller_identity.current",
            "module.eks_primary.module.eks.module.kms.data.aws_iam_policy_document.this",
            "module.eks_primary.module.eks.module.kms.data.aws_partition.current",
            "module.vpc_primary.data.aws_availability_zones.available",
            "module.vpc_primary.module.vpc.aws_subnet.private",
            "module.vpc_primary.module.vpc.aws_vpc.this",
            "module.vpc_primary.module.vpc.aws_vpc_ipv4_cidr_block_association.this"
          ],
          "create_before_destroy": true
        }
      ]
    },
    {
      "module": "module.eks_primary.module.eks.module.eks_managed_node_group[\"spot_nodes\"]",
      "mode": "data",
      "type": "aws_caller_identity",
      "name": "current",
      "provider": "provider[\"registry.terraform.io/hashicorp/aws\"].primary",
      "instances": [
        {
          "schema_version": 0,
          "attributes": {
            "account_id": "643942183295",
            "arn": "arn:aws:iam::643942183295:user/AeroLink-Admin",
            "id": "643942183295",
            "user_id": "AIDAZL3PR6F7VCE32XCQY"
          },
          "sensitive_attributes": [],
          "identity_schema_version": 0
        }
      ]
    },
    {
      "module": "module.eks_primary.module.eks.module.eks_managed_node_group[\"spot_nodes\"]",
      "mode": "data",
      "type": "aws_iam_policy_document",
      "name": "assume_role_policy",
      "provider": "provider[\"registry.terraform.io/hashicorp/aws\"].primary",
      "instances": [
        {
          "index_key": 0,
          "schema_version": 0,
          "attributes": {
            "id": "2560088296",
            "json": "{\n  \"Version\": \"2012-10-17\",\n  \"Statement\": [\n    {\n      \"Sid\": \"EKSNodeAssumeRole\",\n      \"Effect\": \"Allow\",\n      \"Action\": \"sts:AssumeRole\",\n      \"Principal\": {\n        \"Service\": \"ec2.amazonaws.com\"\n      }\n    }\n  ]\n}",
            "minified_json": "{\"Version\":\"2012-10-17\",\"Statement\":[{\"Sid\":\"EKSNodeAssumeRole\",\"Effect\":\"Allow\",\"Action\":\"sts:AssumeRole\",\"Principal\":{\"Service\":\"ec2.amazonaws.com\"}}]}",
            "override_json": null,
            "override_policy_documents": null,
            "policy_id": null,
            "source_json": null,
            "source_policy_documents": null,
            "statement": [
              {
                "actions": [
                  "sts:AssumeRole"
                ],
                "condition": [],
                "effect": "Allow",
                "not_actions": [],
                "not_principals": [],
                "not_resources": [],
                "principals": [
                  {
                    "identifiers": [
                      "ec2.amazonaws.com"
                    ],
                    "type": "Service"
                  }
                ],
                "resources": [],
                "sid": "EKSNodeAssumeRole"
              }
            ],
            "version": "2012-10-17"
          },
          "sensitive_attributes": [],
          "identity_schema_version": 0
        }
      ]
    },
    {
      "module": "module.eks_primary.module.eks.module.eks_managed_node_group[\"spot_nodes\"]",
      "mode": "data",
      "type": "aws_partition",
      "name": "current",
      "provider": "provider[\"registry.terraform.io/hashicorp/aws\"].primary",
      "instances": [
        {
          "schema_version": 0,
          "attributes": {
            "dns_suffix": "amazonaws.com",
            "id": "aws",
            "partition": "aws",
            "reverse_dns_prefix": "com.amazonaws"
          },
          "sensitive_attributes": [],
          "identity_schema_version": 0
        }
      ]
    },
    {
      "module": "module.eks_primary.module.eks.module.eks_managed_node_group[\"spot_nodes\"]",
      "mode": "managed",
      "type": "aws_eks_node_group",
      "name": "this",
      "provider": "provider[\"registry.terraform.io/hashicorp/aws\"].primary",
      "instances": [
        {
          "index_key": 0,
          "schema_version": 0,
          "attributes": {
            "ami_type": "AL2023_x86_64_STANDARD",
            "arn": "arn:aws:eks:us-east-1:643942183295:nodegroup/aerolink-dev-primary-cluster/spot_nodes-20260602101427670900000018/b2cf43e9-ebb5-41ad-c6fc-bca137480c39",
            "capacity_type": "SPOT",
            "cluster_name": "aerolink-dev-primary-cluster",
            "disk_size": 0,
            "force_update_version": null,
            "id": "aerolink-dev-primary-cluster:spot_nodes-20260602101427670900000018",
            "instance_types": [
              "t3.large"
            ],
            "labels": {},
            "launch_template": [
              {
                "id": "lt-0b875f5ff9b1e399b",
                "name": "spot_nodes-20260602101419703400000016",
                "version": "1"
              }
            ],
            "node_group_name": "spot_nodes-20260602101427670900000018",
            "node_group_name_prefix": "spot_nodes-",
            "node_repair_config": [],
            "node_role_arn": "arn:aws:iam::643942183295:role/spot_nodes-eks-node-group-20260602100435609300000004",
            "release_version": "1.30.14-20260527",
            "remote_access": [],
            "resources": [
              {
                "autoscaling_groups": [
                  {
                    "name": "eks-spot_nodes-20260602101427670900000018-b2cf43e9-ebb5-41ad-c6fc-bca137480c39"
                  }
                ],
                "remote_access_security_group_id": ""
              }
            ],
            "scaling_config": [
              {
                "desired_size": 3,
                "max_size": 5,
                "min_size": 2
              }
            ],
            "status": "ACTIVE",
            "subnet_ids": [
              "subnet-00f2acb723ea3ed5f",
              "subnet-073b613c1e994a689"
            ],
            "tags": {
              "Name": "spot_nodes"
            },
            "tags_all": {
              "Name": "spot_nodes"
            },
            "taint": [],
            "timeouts": {
              "create": null,
              "delete": null,
              "update": null
            },
            "update_config": [
              {
                "max_unavailable": 0,
                "max_unavailable_percentage": 33
              }
            ],
            "version": "1.30"
          },
          "sensitive_attributes": [],
          "identity_schema_version": 0,
          "private": "eyJlMmJmYjczMC1lY2FhLTExZTYtOGY4OC0zNDM2M2JjN2M0YzAiOnsiY3JlYXRlIjozNjAwMDAwMDAwMDAwLCJkZWxldGUiOjM2MDAwMDAwMDAwMDAsInVwZGF0ZSI6MzYwMDAwMDAwMDAwMH19",
          "dependencies": [
            "module.eks_primary.module.eks.aws_cloudwatch_log_group.this",
            "module.eks_primary.module.eks.aws_eks_cluster.this",
            "module.eks_primary.module.eks.aws_iam_policy.cni_ipv6_policy",
            "module.eks_primary.module.eks.aws_iam_role.eks_auto",
            "module.eks_primary.module.eks.aws_iam_role.this",
            "module.eks_primary.module.eks.aws_iam_role_policy_attachment.this",
            "module.eks_primary.module.eks.aws_security_group.cluster",
            "module.eks_primary.module.eks.aws_security_group.node",
            "module.eks_primary.module.eks.aws_security_group_rule.cluster",
            "module.eks_primary.module.eks.aws_security_group_rule.node",
            "module.eks_primary.module.eks.data.aws_caller_identity.current",
            "module.eks_primary.module.eks.data.aws_iam_policy_document.assume_role_policy",
            "module.eks_primary.module.eks.data.aws_iam_policy_document.cni_ipv6_policy",
            "module.eks_primary.module.eks.data.aws_iam_policy_document.node_assume_role_policy",
            "module.eks_primary.module.eks.data.aws_iam_session_context.current",
            "module.eks_primary.module.eks.data.aws_partition.current",
            "module.eks_primary.module.eks.module.eks_managed_node_group.aws_iam_role.this",
            "module.eks_primary.module.eks.module.eks_managed_node_group.aws_iam_role_policy_attachment.additional",
            "module.eks_primary.module.eks.module.eks_managed_node_group.aws_iam_role_policy_attachment.this",
            "module.eks_primary.module.eks.module.eks_managed_node_group.aws_launch_template.this",
            "module.eks_primary.module.eks.module.eks_managed_node_group.aws_placement_group.this",
            "module.eks_primary.module.eks.module.eks_managed_node_group.data.aws_caller_identity.current",
            "module.eks_primary.module.eks.module.eks_managed_node_group.data.aws_ec2_instance_type.this",
            "module.eks_primary.module.eks.module.eks_managed_node_group.data.aws_ec2_instance_type_offerings.this",
            "module.eks_primary.module.eks.module.eks_managed_node_group.data.aws_iam_policy_document.assume_role_policy",
            "module.eks_primary.module.eks.module.eks_managed_node_group.data.aws_partition.current",
            "module.eks_primary.module.eks.module.eks_managed_node_group.data.aws_ssm_parameter.ami",
            "module.eks_primary.module.eks.module.eks_managed_node_group.data.aws_subnets.placement_group",
            "module.eks_primary.module.eks.module.eks_managed_node_group.module.user_data.data.cloudinit_config.al2023_eks_managed_node_group",
            "module.eks_primary.module.eks.module.eks_managed_node_group.module.user_data.data.cloudinit_config.linux_eks_managed_node_group",
            "module.eks_primary.module.eks.module.kms.aws_kms_external_key.this",
            "module.eks_primary.module.eks.module.kms.aws_kms_key.this",
            "module.eks_primary.module.eks.module.kms.aws_kms_replica_external_key.this",
            "module.eks_primary.module.eks.module.kms.aws_kms_replica_key.this",
            "module.eks_primary.module.eks.module.kms.data.aws_caller_identity.current",
            "module.eks_primary.module.eks.module.kms.data.aws_iam_policy_document.this",
            "module.eks_primary.module.eks.module.kms.data.aws_partition.current",
            "module.eks_primary.module.eks.time_sleep.this",
            "module.vpc_primary.data.aws_availability_zones.available",
            "module.vpc_primary.module.vpc.aws_subnet.private",
            "module.vpc_primary.module.vpc.aws_vpc.this",
            "module.vpc_primary.module.vpc.aws_vpc_ipv4_cidr_block_association.this"
          ],
          "create_before_destroy": true
        }
      ]
    },
    {
      "module": "module.eks_primary.module.eks.module.eks_managed_node_group[\"spot_nodes\"]",
      "mode": "managed",
      "type": "aws_iam_role",
      "name": "this",
      "provider": "provider[\"registry.terraform.io/hashicorp/aws\"].primary",
      "instances": [
        {
          "index_key": 0,
          "schema_version": 0,
          "attributes": {
            "arn": "arn:aws:iam::643942183295:role/spot_nodes-eks-node-group-20260602100435609300000004",
            "assume_role_policy": "{\"Statement\":[{\"Action\":\"sts:AssumeRole\",\"Effect\":\"Allow\",\"Principal\":{\"Service\":\"ec2.amazonaws.com\"},\"Sid\":\"EKSNodeAssumeRole\"}],\"Version\":\"2012-10-17\"}",
            "create_date": "2026-06-02T10:04:36Z",
            "description": "EKS managed node group IAM role",
            "force_detach_policies": true,
            "id": "spot_nodes-eks-node-group-20260602100435609300000004",
            "inline_policy": [],
            "managed_policy_arns": [
              "arn:aws:iam::aws:policy/AdministratorAccess",
              "arn:aws:iam::aws:policy/AmazonEC2ContainerRegistryReadOnly",
              "arn:aws:iam::aws:policy/AmazonEKSWorkerNodePolicy",
              "arn:aws:iam::aws:policy/AmazonEKS_CNI_Policy"
            ],
            "max_session_duration": 3600,
            "name": "spot_nodes-eks-node-group-20260602100435609300000004",
            "name_prefix": "spot_nodes-eks-node-group-",
            "path": "/",
            "permissions_boundary": "",
            "tags": {},
            "tags_all": {},
            "unique_id": "AROAZL3PR6F7QIK2KZ3KB"
          },
          "sensitive_attributes": [],
          "identity_schema_version": 0,
          "private": "bnVsbA==",
          "dependencies": [
            "module.eks_primary.module.eks.module.eks_managed_node_group.data.aws_iam_policy_document.assume_role_policy"
          ],
          "create_before_destroy": true
        }
      ]
    },
    {
      "module": "module.eks_primary.module.eks.module.eks_managed_node_group[\"spot_nodes\"]",
      "mode": "managed",
      "type": "aws_iam_role_policy_attachment",
      "name": "additional",
      "provider": "provider[\"registry.terraform.io/hashicorp/aws\"].primary",
      "instances": [
        {
          "index_key": "AdministratorAccess",
          "schema_version": 0,
          "attributes": {
            "id": "spot_nodes-eks-node-group-20260602100435609300000004-2026060210043814060000000a",
            "policy_arn": "arn:aws:iam::aws:policy/AdministratorAccess",
            "role": "spot_nodes-eks-node-group-20260602100435609300000004"
          },
          "sensitive_attributes": [],
          "identity_schema_version": 0,
          "private": "bnVsbA==",
          "dependencies": [
            "module.eks_primary.module.eks.module.eks_managed_node_group.aws_iam_role.this",
            "module.eks_primary.module.eks.module.eks_managed_node_group.data.aws_iam_policy_document.assume_role_policy"
          ],
          "create_before_destroy": true
        }
      ]
    },
    {
      "module": "module.eks_primary.module.eks.module.eks_managed_node_group[\"spot_nodes\"]",
      "mode": "managed",
      "type": "aws_iam_role_policy_attachment",
      "name": "this",
      "provider": "provider[\"registry.terraform.io/hashicorp/aws\"].primary",
      "instances": [
        {
          "index_key": "AmazonEC2ContainerRegistryReadOnly",
          "schema_version": 0,
          "attributes": {
            "id": "spot_nodes-eks-node-group-20260602100435609300000004-20260602100438088600000009",
            "policy_arn": "arn:aws:iam::aws:policy/AmazonEC2ContainerRegistryReadOnly",
            "role": "spot_nodes-eks-node-group-20260602100435609300000004"
          },
          "sensitive_attributes": [],
          "identity_schema_version": 0,
          "private": "bnVsbA==",
          "dependencies": [
            "module.eks_primary.module.eks.module.eks_managed_node_group.aws_iam_role.this",
            "module.eks_primary.module.eks.module.eks_managed_node_group.data.aws_caller_identity.current",
            "module.eks_primary.module.eks.module.eks_managed_node_group.data.aws_iam_policy_document.assume_role_policy",
            "module.eks_primary.module.eks.module.eks_managed_node_group.data.aws_partition.current"
          ],
          "create_before_destroy": true
        },
        {
          "index_key": "AmazonEKSWorkerNodePolicy",
          "schema_version": 0,
          "attributes": {
            "id": "spot_nodes-eks-node-group-20260602100435609300000004-2026060210043814290000000b",
            "policy_arn": "arn:aws:iam::aws:policy/AmazonEKSWorkerNodePolicy",
            "role": "spot_nodes-eks-node-group-20260602100435609300000004"
          },
          "sensitive_attributes": [],
          "identity_schema_version": 0,
          "private": "bnVsbA==",
          "dependencies": [
            "module.eks_primary.module.eks.module.eks_managed_node_group.aws_iam_role.this",
            "module.eks_primary.module.eks.module.eks_managed_node_group.data.aws_caller_identity.current",
            "module.eks_primary.module.eks.module.eks_managed_node_group.data.aws_iam_policy_document.assume_role_policy",
            "module.eks_primary.module.eks.module.eks_managed_node_group.data.aws_partition.current"
          ],
          "create_before_destroy": true
        },
        {
          "index_key": "AmazonEKS_CNI_Policy",
          "schema_version": 0,
          "attributes": {
            "id": "spot_nodes-eks-node-group-20260602100435609300000004-2026060210043820910000000c",
            "policy_arn": "arn:aws:iam::aws:policy/AmazonEKS_CNI_Policy",
            "role": "spot_nodes-eks-node-group-20260602100435609300000004"
          },
          "sensitive_attributes": [],
          "identity_schema_version": 0,
          "private": "bnVsbA==",
          "dependencies": [
            "module.eks_primary.module.eks.module.eks_managed_node_group.aws_iam_role.this",
            "module.eks_primary.module.eks.module.eks_managed_node_group.data.aws_caller_identity.current",
            "module.eks_primary.module.eks.module.eks_managed_node_group.data.aws_iam_policy_document.assume_role_policy",
            "module.eks_primary.module.eks.module.eks_managed_node_group.data.aws_partition.current"
          ],
          "create_before_destroy": true
        }
      ]
    },
    {
      "module": "module.eks_primary.module.eks.module.eks_managed_node_group[\"spot_nodes\"]",
      "mode": "managed",
      "type": "aws_launch_template",
      "name": "this",
      "provider": "provider[\"registry.terraform.io/hashicorp/aws\"].primary",
      "instances": [
        {
          "index_key": 0,
          "schema_version": 0,
          "attributes": {
            "arn": "arn:aws:ec2:us-east-1:643942183295:launch-template/lt-0b875f5ff9b1e399b",
            "block_device_mappings": [],
            "capacity_reservation_specification": [],
            "cpu_options": [],
            "credit_specification": [],
            "default_version": 1,
            "description": "Custom launch template for spot_nodes EKS managed node group",
            "disable_api_stop": false,
            "disable_api_termination": false,
            "ebs_optimized": "",
            "elastic_gpu_specifications": [],
            "elastic_inference_accelerator": [],
            "enclave_options": [],
            "hibernation_options": [],
            "iam_instance_profile": [],
            "id": "lt-0b875f5ff9b1e399b",
            "image_id": "",
            "instance_initiated_shutdown_behavior": "",
            "instance_market_options": [],
            "instance_requirements": [],
            "instance_type": "",
            "kernel_id": "",
            "key_name": "",
            "latest_version": 1,
            "license_specification": [],
            "maintenance_options": [],
            "metadata_options": [
              {
                "http_endpoint": "enabled",
                "http_protocol_ipv6": "",
                "http_put_response_hop_limit": 2,
                "http_tokens": "required",
                "instance_metadata_tags": ""
              }
            ],
            "monitoring": [
              {
                "enabled": true
              }
            ],
            "name": "spot_nodes-20260602101419703400000016",
            "name_prefix": "spot_nodes-",
            "network_interfaces": [],
            "placement": [],
            "private_dns_name_options": [],
            "ram_disk_id": "",
            "security_group_names": [],
            "tag_specifications": [
              {
                "resource_type": "instance",
                "tags": {
                  "Name": "spot_nodes"
                }
              },
              {
                "resource_type": "network-interface",
                "tags": {
                  "Name": "spot_nodes"
                }
              },
              {
                "resource_type": "volume",
                "tags": {
                  "Name": "spot_nodes"
                }
              }
            ],
            "tags": {},
            "tags_all": {},
            "update_default_version": true,
            "user_data": "",
            "vpc_security_group_ids": [
              "sg-0fb1c5aac3a0c947d"
            ]
          },
          "sensitive_attributes": [],
          "identity_schema_version": 0,
          "private": "bnVsbA==",
          "dependencies": [
            "module.eks_primary.module.eks.aws_cloudwatch_log_group.this",
            "module.eks_primary.module.eks.aws_eks_cluster.this",
            "module.eks_primary.module.eks.aws_iam_policy.cni_ipv6_policy",
            "module.eks_primary.module.eks.aws_iam_role.eks_auto",
            "module.eks_primary.module.eks.aws_iam_role.this",
            "module.eks_primary.module.eks.aws_iam_role_policy_attachment.this",
            "module.eks_primary.module.eks.aws_security_group.cluster",
            "module.eks_primary.module.eks.aws_security_group.node",
            "module.eks_primary.module.eks.aws_security_group_rule.cluster",
            "module.eks_primary.module.eks.aws_security_group_rule.node",
            "module.eks_primary.module.eks.data.aws_caller_identity.current",
            "module.eks_primary.module.eks.data.aws_iam_policy_document.assume_role_policy",
            "module.eks_primary.module.eks.data.aws_iam_policy_document.cni_ipv6_policy",
            "module.eks_primary.module.eks.data.aws_iam_policy_document.node_assume_role_policy",
            "module.eks_primary.module.eks.data.aws_iam_session_context.current",
            "module.eks_primary.module.eks.data.aws_partition.current",
            "module.eks_primary.module.eks.module.eks_managed_node_group.aws_iam_role.this",
            "module.eks_primary.module.eks.module.eks_managed_node_group.aws_iam_role_policy_attachment.additional",
            "module.eks_primary.module.eks.module.eks_managed_node_group.aws_iam_role_policy_attachment.this",
            "module.eks_primary.module.eks.module.eks_managed_node_group.aws_placement_group.this",
            "module.eks_primary.module.eks.module.eks_managed_node_group.data.aws_caller_identity.current",
            "module.eks_primary.module.eks.module.eks_managed_node_group.data.aws_ec2_instance_type.this",
            "module.eks_primary.module.eks.module.eks_managed_node_group.data.aws_iam_policy_document.assume_role_policy",
            "module.eks_primary.module.eks.module.eks_managed_node_group.data.aws_partition.current",
            "module.eks_primary.module.eks.module.eks_managed_node_group.module.user_data.data.cloudinit_config.al2023_eks_managed_node_group",
            "module.eks_primary.module.eks.module.eks_managed_node_group.module.user_data.data.cloudinit_config.linux_eks_managed_node_group",
            "module.eks_primary.module.eks.module.kms.aws_kms_external_key.this",
            "module.eks_primary.module.eks.module.kms.aws_kms_key.this",
            "module.eks_primary.module.eks.module.kms.aws_kms_replica_external_key.this",
            "module.eks_primary.module.eks.module.kms.aws_kms_replica_key.this",
            "module.eks_primary.module.eks.module.kms.data.aws_caller_identity.current",
            "module.eks_primary.module.eks.module.kms.data.aws_iam_policy_document.this",
            "module.eks_primary.module.eks.module.kms.data.aws_partition.current",
            "module.eks_primary.module.eks.time_sleep.this",
            "module.vpc_primary.data.aws_availability_zones.available",
            "module.vpc_primary.module.vpc.aws_subnet.private",
            "module.vpc_primary.module.vpc.aws_vpc.this",
            "module.vpc_primary.module.vpc.aws_vpc_ipv4_cidr_block_association.this"
          ],
          "create_before_destroy": true
        }
      ]
    },
    {
      "module": "module.eks_primary.module.eks.module.eks_managed_node_group[\"spot_nodes\"].module.user_data",
      "mode": "managed",
      "type": "null_resource",
      "name": "validate_cluster_service_cidr",
      "provider": "provider[\"registry.terraform.io/hashicorp/null\"]",
      "instances": [
        {
          "schema_version": 0,
          "attributes": {
            "id": "8725980943035173929",
            "triggers": null
          },
          "sensitive_attributes": [],
          "identity_schema_version": 0,
          "dependencies": [
            "module.eks_primary.module.eks.aws_cloudwatch_log_group.this",
            "module.eks_primary.module.eks.aws_eks_cluster.this",
            "module.eks_primary.module.eks.aws_iam_policy.cni_ipv6_policy",
            "module.eks_primary.module.eks.aws_iam_role.eks_auto",
            "module.eks_primary.module.eks.aws_iam_role.this",
            "module.eks_primary.module.eks.aws_iam_role_policy_attachment.this",
            "module.eks_primary.module.eks.aws_security_group.cluster",
            "module.eks_primary.module.eks.aws_security_group.node",
            "module.eks_primary.module.eks.aws_security_group_rule.cluster",
            "module.eks_primary.module.eks.aws_security_group_rule.node",
            "module.eks_primary.module.eks.data.aws_caller_identity.current",
            "module.eks_primary.module.eks.data.aws_iam_policy_document.assume_role_policy",
            "module.eks_primary.module.eks.data.aws_iam_policy_document.cni_ipv6_policy",
            "module.eks_primary.module.eks.data.aws_iam_policy_document.node_assume_role_policy",
            "module.eks_primary.module.eks.data.aws_iam_session_context.current",
            "module.eks_primary.module.eks.data.aws_partition.current",
            "module.eks_primary.module.eks.module.kms.aws_kms_external_key.this",
            "module.eks_primary.module.eks.module.kms.aws_kms_key.this",
            "module.eks_primary.module.eks.module.kms.aws_kms_replica_external_key.this",
            "module.eks_primary.module.eks.module.kms.aws_kms_replica_key.this",
            "module.eks_primary.module.eks.module.kms.data.aws_caller_identity.current",
            "module.eks_primary.module.eks.module.kms.data.aws_iam_policy_document.this",
            "module.eks_primary.module.eks.module.kms.data.aws_partition.current",
            "module.eks_primary.module.eks.time_sleep.this",
            "module.vpc_primary.data.aws_availability_zones.available",
            "module.vpc_primary.module.vpc.aws_subnet.private",
            "module.vpc_primary.module.vpc.aws_vpc.this",
            "module.vpc_primary.module.vpc.aws_vpc_ipv4_cidr_block_association.this"
          ]
        }
      ]
    },
    {
      "module": "module.eks_primary.module.eks.module.kms",
      "mode": "data",
      "type": "aws_caller_identity",
      "name": "current",
      "provider": "provider[\"registry.terraform.io/hashicorp/aws\"].primary",
      "instances": [
        {
          "index_key": 0,
          "schema_version": 0,
          "attributes": {
            "account_id": "643942183295",
            "arn": "arn:aws:iam::643942183295:user/AeroLink-Admin",
            "id": "643942183295",
            "user_id": "AIDAZL3PR6F7VCE32XCQY"
          },
          "sensitive_attributes": [],
          "identity_schema_version": 0
        }
      ]
    },
    {
      "module": "module.eks_primary.module.eks.module.kms",
      "mode": "data",
      "type": "aws_iam_policy_document",
      "name": "this",
      "provider": "provider[\"registry.terraform.io/hashicorp/aws\"].primary",
      "instances": [
        {
          "index_key": 0,
          "schema_version": 0,
          "attributes": {
            "id": "3848643975",
            "json": "{\n  \"Version\": \"2012-10-17\",\n  \"Statement\": [\n    {\n      \"Sid\": \"Default\",\n      \"Effect\": \"Allow\",\n      \"Action\": \"kms:*\",\n      \"Resource\": \"*\",\n      \"Principal\": {\n        \"AWS\": \"arn:aws:iam::643942183295:root\"\n      }\n    },\n    {\n      \"Sid\": \"KeyAdministration\",\n      \"Effect\": \"Allow\",\n      \"Action\": [\n        \"kms:Update*\",\n        \"kms:UntagResource\",\n        \"kms:TagResource\",\n        \"kms:ScheduleKeyDeletion\",\n        \"kms:Revoke*\",\n        \"kms:ReplicateKey\",\n        \"kms:Put*\",\n        \"kms:List*\",\n        \"kms:ImportKeyMaterial\",\n        \"kms:Get*\",\n        \"kms:Enable*\",\n        \"kms:Disable*\",\n        \"kms:Describe*\",\n        \"kms:Delete*\",\n        \"kms:Create*\",\n        \"kms:CancelKeyDeletion\"\n      ],\n      \"Resource\": \"*\",\n      \"Principal\": {\n        \"AWS\": \"arn:aws:iam::643942183295:user/AeroLink-Admin\"\n      }\n    },\n    {\n      \"Sid\": \"KeyUsage\",\n      \"Effect\": \"Allow\",\n      \"Action\": [\n        \"kms:ReEncrypt*\",\n        \"kms:GenerateDataKey*\",\n        \"kms:Encrypt\",\n        \"kms:DescribeKey\",\n        \"kms:Decrypt\"\n      ],\n      \"Resource\": \"*\",\n      \"Principal\": {\n        \"AWS\": \"arn:aws:iam::643942183295:role/aerolink-dev-primary-cluster-cluster\"\n      }\n    }\n  ]\n}",
            "minified_json": "{\"Version\":\"2012-10-17\",\"Statement\":[{\"Sid\":\"Default\",\"Effect\":\"Allow\",\"Action\":\"kms:*\",\"Resource\":\"*\",\"Principal\":{\"AWS\":\"arn:aws:iam::643942183295:root\"}},{\"Sid\":\"KeyAdministration\",\"Effect\":\"Allow\",\"Action\":[\"kms:Update*\",\"kms:UntagResource\",\"kms:TagResource\",\"kms:ScheduleKeyDeletion\",\"kms:Revoke*\",\"kms:ReplicateKey\",\"kms:Put*\",\"kms:List*\",\"kms:ImportKeyMaterial\",\"kms:Get*\",\"kms:Enable*\",\"kms:Disable*\",\"kms:Describe*\",\"kms:Delete*\",\"kms:Create*\",\"kms:CancelKeyDeletion\"],\"Resource\":\"*\",\"Principal\":{\"AWS\":\"arn:aws:iam::643942183295:user/AeroLink-Admin\"}},{\"Sid\":\"KeyUsage\",\"Effect\":\"Allow\",\"Action\":[\"kms:ReEncrypt*\",\"kms:GenerateDataKey*\",\"kms:Encrypt\",\"kms:DescribeKey\",\"kms:Decrypt\"],\"Resource\":\"*\",\"Principal\":{\"AWS\":\"arn:aws:iam::643942183295:role/aerolink-dev-primary-cluster-cluster\"}}]}",
            "override_json": null,
            "override_policy_documents": null,
            "policy_id": null,
            "source_json": null,
            "source_policy_documents": null,
            "statement": [
              {
                "actions": [
                  "kms:*"
                ],
                "condition": [],
                "effect": "Allow",
                "not_actions": [],
                "not_principals": [],
                "not_resources": [],
                "principals": [
                  {
                    "identifiers": [
                      "arn:aws:iam::643942183295:root"
                    ],
                    "type": "AWS"
                  }
                ],
                "resources": [
                  "*"
                ],
                "sid": "Default"
              },
              {
                "actions": [
                  "kms:CancelKeyDeletion",
                  "kms:Create*",
                  "kms:Delete*",
                  "kms:Describe*",
                  "kms:Disable*",
                  "kms:Enable*",
                  "kms:Get*",
                  "kms:ImportKeyMaterial",
                  "kms:List*",
                  "kms:Put*",
                  "kms:ReplicateKey",
                  "kms:Revoke*",
                  "kms:ScheduleKeyDeletion",
                  "kms:TagResource",
                  "kms:UntagResource",
                  "kms:Update*"
                ],
                "condition": [],
                "effect": "Allow",
                "not_actions": [],
                "not_principals": [],
                "not_resources": [],
                "principals": [
                  {
                    "identifiers": [
                      "arn:aws:iam::643942183295:user/AeroLink-Admin"
                    ],
                    "type": "AWS"
                  }
                ],
                "resources": [
                  "*"
                ],
                "sid": "KeyAdministration"
              },
              {
                "actions": [
                  "kms:Decrypt",
                  "kms:DescribeKey",
                  "kms:Encrypt",
                  "kms:GenerateDataKey*",
                  "kms:ReEncrypt*"
                ],
                "condition": [],
                "effect": "Allow",
                "not_actions": [],
                "not_principals": [],
                "not_resources": [],
                "principals": [
                  {
                    "identifiers": [
                      "arn:aws:iam::643942183295:role/aerolink-dev-primary-cluster-cluster"
                    ],
                    "type": "AWS"
                  }
                ],
                "resources": [
                  "*"
                ],
                "sid": "KeyUsage"
              }
            ],
            "version": "2012-10-17"
          },
          "sensitive_attributes": [],
          "identity_schema_version": 0
        }
      ]
    },
    {
      "module": "module.eks_primary.module.eks.module.kms",
      "mode": "data",
      "type": "aws_partition",
      "name": "current",
      "provider": "provider[\"registry.terraform.io/hashicorp/aws\"].primary",
      "instances": [
        {
          "index_key": 0,
          "schema_version": 0,
          "attributes": {
            "dns_suffix": "amazonaws.com",
            "id": "aws",
            "partition": "aws",
            "reverse_dns_prefix": "com.amazonaws"
          },
          "sensitive_attributes": [],
          "identity_schema_version": 0
        }
      ]
    },
    {
      "module": "module.eks_primary.module.eks.module.kms",
      "mode": "managed",
      "type": "aws_kms_alias",
      "name": "this",
      "provider": "provider[\"registry.terraform.io/hashicorp/aws\"].primary",
      "instances": [
        {
          "index_key": "cluster",
          "schema_version": 0,
          "attributes": {
            "arn": "arn:aws:kms:us-east-1:643942183295:alias/eks/aerolink-dev-primary-cluster",
            "id": "alias/eks/aerolink-dev-primary-cluster",
            "name": "alias/eks/aerolink-dev-primary-cluster",
            "name_prefix": "",
            "target_key_arn": "arn:aws:kms:us-east-1:643942183295:key/402789b9-cb36-401a-b298-a6f7a39ed338",
            "target_key_id": "402789b9-cb36-401a-b298-a6f7a39ed338"
          },
          "sensitive_attributes": [],
          "identity_schema_version": 0,
          "private": "bnVsbA==",
          "dependencies": [
            "module.eks_primary.module.eks.aws_iam_role.this",
            "module.eks_primary.module.eks.data.aws_caller_identity.current",
            "module.eks_primary.module.eks.data.aws_iam_policy_document.assume_role_policy",
            "module.eks_primary.module.eks.data.aws_iam_session_context.current",
            "module.eks_primary.module.eks.module.kms.aws_kms_external_key.this",
            "module.eks_primary.module.eks.module.kms.aws_kms_key.this",
            "module.eks_primary.module.eks.module.kms.aws_kms_replica_external_key.this",
            "module.eks_primary.module.eks.module.kms.aws_kms_replica_key.this",
            "module.eks_primary.module.eks.module.kms.data.aws_caller_identity.current",
            "module.eks_primary.module.eks.module.kms.data.aws_iam_policy_document.this",
            "module.eks_primary.module.eks.module.kms.data.aws_partition.current"
          ]
        }
      ]
    },
    {
      "module": "module.eks_primary.module.eks.module.kms",
      "mode": "managed",
      "type": "aws_kms_key",
      "name": "this",
      "provider": "provider[\"registry.terraform.io/hashicorp/aws\"].primary",
      "instances": [
        {
          "index_key": 0,
          "schema_version": 0,
          "attributes": {
            "arn": "arn:aws:kms:us-east-1:643942183295:key/402789b9-cb36-401a-b298-a6f7a39ed338",
            "bypass_policy_lockout_safety_check": false,
            "custom_key_store_id": "",
            "customer_master_key_spec": "SYMMETRIC_DEFAULT",
            "deletion_window_in_days": null,
            "description": "aerolink-dev-primary-cluster cluster encryption key",
            "enable_key_rotation": true,
            "id": "402789b9-cb36-401a-b298-a6f7a39ed338",
            "is_enabled": true,
            "key_id": "402789b9-cb36-401a-b298-a6f7a39ed338",
            "key_usage": "ENCRYPT_DECRYPT",
            "multi_region": false,
            "policy": "{\"Statement\":[{\"Action\":\"kms:*\",\"Effect\":\"Allow\",\"Principal\":{\"AWS\":\"arn:aws:iam::643942183295:root\"},\"Resource\":\"*\",\"Sid\":\"Default\"},{\"Action\":[\"kms:Update*\",\"kms:UntagResource\",\"kms:TagResource\",\"kms:ScheduleKeyDeletion\",\"kms:Revoke*\",\"kms:ReplicateKey\",\"kms:Put*\",\"kms:List*\",\"kms:ImportKeyMaterial\",\"kms:Get*\",\"kms:Enable*\",\"kms:Disable*\",\"kms:Describe*\",\"kms:Delete*\",\"kms:Create*\",\"kms:CancelKeyDeletion\"],\"Effect\":\"Allow\",\"Principal\":{\"AWS\":\"arn:aws:iam::643942183295:user/AeroLink-Admin\"},\"Resource\":\"*\",\"Sid\":\"KeyAdministration\"},{\"Action\":[\"kms:ReEncrypt*\",\"kms:GenerateDataKey*\",\"kms:Encrypt\",\"kms:DescribeKey\",\"kms:Decrypt\"],\"Effect\":\"Allow\",\"Principal\":{\"AWS\":\"arn:aws:iam::643942183295:role/aerolink-dev-primary-cluster-cluster\"},\"Resource\":\"*\",\"Sid\":\"KeyUsage\"}],\"Version\":\"2012-10-17\"}",
            "rotation_period_in_days": 365,
            "tags": {
              "terraform-aws-modules": "eks"
            },
            "tags_all": {
              "terraform-aws-modules": "eks"
            },
            "timeouts": null,
            "xks_key_id": ""
          },
          "sensitive_attributes": [],
          "identity_schema_version": 0,
          "private": "eyJlMmJmYjczMC1lY2FhLTExZTYtOGY4OC0zNDM2M2JjN2M0YzAiOnsiY3JlYXRlIjoxMjAwMDAwMDAwMDB9fQ==",
          "dependencies": [
            "module.eks_primary.module.eks.aws_iam_role.this",
            "module.eks_primary.module.eks.data.aws_caller_identity.current",
            "module.eks_primary.module.eks.data.aws_iam_policy_document.assume_role_policy",
            "module.eks_primary.module.eks.data.aws_iam_session_context.current",
            "module.eks_primary.module.eks.module.kms.data.aws_caller_identity.current",
            "module.eks_primary.module.eks.module.kms.data.aws_iam_policy_document.this",
            "module.eks_primary.module.eks.module.kms.data.aws_partition.current"
          ],
          "create_before_destroy": true
        }
      ]
    },
    {
      "module": "module.eks_secondary.module.eks",
      "mode": "data",
      "type": "aws_caller_identity",
      "name": "current",
      "provider": "provider[\"registry.terraform.io/hashicorp/aws\"].secondary",
      "instances": [
        {
          "index_key": 0,
          "schema_version": 0,
          "attributes": {
            "account_id": "643942183295",
            "arn": "arn:aws:iam::643942183295:user/AeroLink-Admin",
            "id": "643942183295",
            "user_id": "AIDAZL3PR6F7VCE32XCQY"
          },
          "sensitive_attributes": [],
          "identity_schema_version": 0
        }
      ]
    },
    {
      "module": "module.eks_secondary.module.eks",
      "mode": "data",
      "type": "aws_iam_policy_document",
      "name": "assume_role_policy",
      "provider": "provider[\"registry.terraform.io/hashicorp/aws\"].secondary",
      "instances": [
        {
          "index_key": 0,
          "schema_version": 0,
          "attributes": {
            "id": "2830595799",
            "json": "{\n  \"Version\": \"2012-10-17\",\n  \"Statement\": [\n    {\n      \"Sid\": \"EKSClusterAssumeRole\",\n      \"Effect\": \"Allow\",\n      \"Action\": [\n        \"sts:TagSession\",\n        \"sts:AssumeRole\"\n      ],\n      \"Principal\": {\n        \"Service\": \"eks.amazonaws.com\"\n      }\n    }\n  ]\n}",
            "minified_json": "{\"Version\":\"2012-10-17\",\"Statement\":[{\"Sid\":\"EKSClusterAssumeRole\",\"Effect\":\"Allow\",\"Action\":[\"sts:TagSession\",\"sts:AssumeRole\"],\"Principal\":{\"Service\":\"eks.amazonaws.com\"}}]}",
            "override_json": null,
            "override_policy_documents": null,
            "policy_id": null,
            "source_json": null,
            "source_policy_documents": null,
            "statement": [
              {
                "actions": [
                  "sts:AssumeRole",
                  "sts:TagSession"
                ],
                "condition": [],
                "effect": "Allow",
                "not_actions": [],
                "not_principals": [],
                "not_resources": [],
                "principals": [
                  {
                    "identifiers": [
                      "eks.amazonaws.com"
                    ],
                    "type": "Service"
                  }
                ],
                "resources": [],
                "sid": "EKSClusterAssumeRole"
              }
            ],
            "version": "2012-10-17"
          },
          "sensitive_attributes": [],
          "identity_schema_version": 0
        }
      ]
    },
    {
      "module": "module.eks_secondary.module.eks",
      "mode": "data",
      "type": "aws_iam_policy_document",
      "name": "custom",
      "provider": "provider[\"registry.terraform.io/hashicorp/aws\"].secondary",
      "instances": [
        {
          "index_key": 0,
          "schema_version": 0,
          "attributes": {
            "id": "513122117",
            "json": "{\n  \"Version\": \"2012-10-17\",\n  \"Statement\": [\n    {\n      \"Sid\": \"Compute\",\n      \"Effect\": \"Allow\",\n      \"Action\": [\n        \"ec2:RunInstances\",\n        \"ec2:CreateLaunchTemplate\",\n        \"ec2:CreateFleet\"\n      ],\n      \"Resource\": \"*\",\n      \"Condition\": {\n        \"StringEquals\": {\n          \"aws:RequestTag/eks:eks-cluster-name\": \"${aws:PrincipalTag/eks:eks-cluster-name}\"\n        },\n        \"StringLike\": {\n          \"aws:RequestTag/eks:kubernetes-node-class-name\": \"*\",\n          \"aws:RequestTag/eks:kubernetes-node-pool-name\": \"*\"\n        }\n      }\n    },\n    {\n      \"Sid\": \"Storage\",\n      \"Effect\": \"Allow\",\n      \"Action\": [\n        \"ec2:CreateVolume\",\n        \"ec2:CreateSnapshot\"\n      ],\n      \"Resource\": [\n        \"arn:aws:ec2:*:*:volume/*\",\n        \"arn:aws:ec2:*:*:snapshot/*\"\n      ],\n      \"Condition\": {\n        \"StringEquals\": {\n          \"aws:RequestTag/eks:eks-cluster-name\": \"${aws:PrincipalTag/eks:eks-cluster-name}\"\n        }\n      }\n    },\n    {\n      \"Sid\": \"Networking\",\n      \"Effect\": \"Allow\",\n      \"Action\": \"ec2:CreateNetworkInterface\",\n      \"Resource\": \"*\",\n      \"Condition\": {\n        \"StringEquals\": {\n          \"aws:RequestTag/eks:eks-cluster-name\": \"${aws:PrincipalTag/eks:eks-cluster-name}\",\n          \"aws:RequestTag/eks:kubernetes-cni-node-name\": \"*\"\n        }\n      }\n    },\n    {\n      \"Sid\": \"LoadBalancer\",\n      \"Effect\": \"Allow\",\n      \"Action\": [\n        \"elasticloadbalancing:CreateTargetGroup\",\n        \"elasticloadbalancing:CreateRule\",\n        \"elasticloadbalancing:CreateLoadBalancer\",\n        \"elasticloadbalancing:CreateListener\",\n        \"ec2:CreateSecurityGroup\"\n      ],\n      \"Resource\": \"*\",\n      \"Condition\": {\n        \"StringEquals\": {\n          \"aws:RequestTag/eks:eks-cluster-name\": \"${aws:PrincipalTag/eks:eks-cluster-name}\"\n        }\n      }\n    },\n    {\n      \"Sid\": \"ShieldProtection\",\n      \"Effect\": \"Allow\",\n      \"Action\": \"shield:CreateProtection\",\n      \"Resource\": \"*\",\n      \"Condition\": {\n        \"StringEquals\": {\n          \"aws:RequestTag/eks:eks-cluster-name\": \"${aws:PrincipalTag/eks:eks-cluster-name}\"\n        }\n      }\n    },\n    {\n      \"Sid\": \"ShieldTagResource\",\n      \"Effect\": \"Allow\",\n      \"Action\": \"shield:TagResource\",\n      \"Resource\": \"arn:aws:shield::*:protection/*\",\n      \"Condition\": {\n        \"StringEquals\": {\n          \"aws:RequestTag/eks:eks-cluster-name\": \"${aws:PrincipalTag/eks:eks-cluster-name}\"\n        }\n      }\n    }\n  ]\n}",
            "minified_json": "{\"Version\":\"2012-10-17\",\"Statement\":[{\"Sid\":\"Compute\",\"Effect\":\"Allow\",\"Action\":[\"ec2:RunInstances\",\"ec2:CreateLaunchTemplate\",\"ec2:CreateFleet\"],\"Resource\":\"*\",\"Condition\":{\"StringEquals\":{\"aws:RequestTag/eks:eks-cluster-name\":\"${aws:PrincipalTag/eks:eks-cluster-name}\"},\"StringLike\":{\"aws:RequestTag/eks:kubernetes-node-class-name\":\"*\",\"aws:RequestTag/eks:kubernetes-node-pool-name\":\"*\"}}},{\"Sid\":\"Storage\",\"Effect\":\"Allow\",\"Action\":[\"ec2:CreateVolume\",\"ec2:CreateSnapshot\"],\"Resource\":[\"arn:aws:ec2:*:*:volume/*\",\"arn:aws:ec2:*:*:snapshot/*\"],\"Condition\":{\"StringEquals\":{\"aws:RequestTag/eks:eks-cluster-name\":\"${aws:PrincipalTag/eks:eks-cluster-name}\"}}},{\"Sid\":\"Networking\",\"Effect\":\"Allow\",\"Action\":\"ec2:CreateNetworkInterface\",\"Resource\":\"*\",\"Condition\":{\"StringEquals\":{\"aws:RequestTag/eks:eks-cluster-name\":\"${aws:PrincipalTag/eks:eks-cluster-name}\",\"aws:RequestTag/eks:kubernetes-cni-node-name\":\"*\"}}},{\"Sid\":\"LoadBalancer\",\"Effect\":\"Allow\",\"Action\":[\"elasticloadbalancing:CreateTargetGroup\",\"elasticloadbalancing:CreateRule\",\"elasticloadbalancing:CreateLoadBalancer\",\"elasticloadbalancing:CreateListener\",\"ec2:CreateSecurityGroup\"],\"Resource\":\"*\",\"Condition\":{\"StringEquals\":{\"aws:RequestTag/eks:eks-cluster-name\":\"${aws:PrincipalTag/eks:eks-cluster-name}\"}}},{\"Sid\":\"ShieldProtection\",\"Effect\":\"Allow\",\"Action\":\"shield:CreateProtection\",\"Resource\":\"*\",\"Condition\":{\"StringEquals\":{\"aws:RequestTag/eks:eks-cluster-name\":\"${aws:PrincipalTag/eks:eks-cluster-name}\"}}},{\"Sid\":\"ShieldTagResource\",\"Effect\":\"Allow\",\"Action\":\"shield:TagResource\",\"Resource\":\"arn:aws:shield::*:protection/*\",\"Condition\":{\"StringEquals\":{\"aws:RequestTag/eks:eks-cluster-name\":\"${aws:PrincipalTag/eks:eks-cluster-name}\"}}}]}",
            "override_json": null,
            "override_policy_documents": null,
            "policy_id": null,
            "source_json": null,
            "source_policy_documents": null,
            "statement": [
              {
                "actions": [
                  "ec2:CreateFleet",
                  "ec2:CreateLaunchTemplate",
                  "ec2:RunInstances"
                ],
                "condition": [
                  {
                    "test": "StringEquals",
                    "values": [
                      "${aws:PrincipalTag/eks:eks-cluster-name}"
                    ],
                    "variable": "aws:RequestTag/eks:eks-cluster-name"
                  },
                  {
                    "test": "StringLike",
                    "values": [
                      "*"
                    ],
                    "variable": "aws:RequestTag/eks:kubernetes-node-class-name"
                  },
                  {
                    "test": "StringLike",
                    "values": [
                      "*"
                    ],
                    "variable": "aws:RequestTag/eks:kubernetes-node-pool-name"
                  }
                ],
                "effect": "Allow",
                "not_actions": [],
                "not_principals": [],
                "not_resources": [],
                "principals": [],
                "resources": [
                  "*"
                ],
                "sid": "Compute"
              },
              {
                "actions": [
                  "ec2:CreateSnapshot",
                  "ec2:CreateVolume"
                ],
                "condition": [
                  {
                    "test": "StringEquals",
                    "values": [
                      "${aws:PrincipalTag/eks:eks-cluster-name}"
                    ],
                    "variable": "aws:RequestTag/eks:eks-cluster-name"
                  }
                ],
                "effect": "Allow",
                "not_actions": [],
                "not_principals": [],
                "not_resources": [],
                "principals": [],
                "resources": [
                  "arn:aws:ec2:*:*:snapshot/*",
                  "arn:aws:ec2:*:*:volume/*"
                ],
                "sid": "Storage"
              },
              {
                "actions": [
                  "ec2:CreateNetworkInterface"
                ],
                "condition": [
                  {
                    "test": "StringEquals",
                    "values": [
                      "${aws:PrincipalTag/eks:eks-cluster-name}"
                    ],
                    "variable": "aws:RequestTag/eks:eks-cluster-name"
                  },
                  {
                    "test": "StringEquals",
                    "values": [
                      "*"
                    ],
                    "variable": "aws:RequestTag/eks:kubernetes-cni-node-name"
                  }
                ],
                "effect": "Allow",
                "not_actions": [],
                "not_principals": [],
                "not_resources": [],
                "principals": [],
                "resources": [
                  "*"
                ],
                "sid": "Networking"
              },
              {
                "actions": [
                  "ec2:CreateSecurityGroup",
                  "elasticloadbalancing:CreateListener",
                  "elasticloadbalancing:CreateLoadBalancer",
                  "elasticloadbalancing:CreateRule",
                  "elasticloadbalancing:CreateTargetGroup"
                ],
                "condition": [
                  {
                    "test": "StringEquals",
                    "values": [
                      "${aws:PrincipalTag/eks:eks-cluster-name}"
                    ],
                    "variable": "aws:RequestTag/eks:eks-cluster-name"
                  }
                ],
                "effect": "Allow",
                "not_actions": [],
                "not_principals": [],
                "not_resources": [],
                "principals": [],
                "resources": [
                  "*"
                ],
                "sid": "LoadBalancer"
              },
              {
                "actions": [
                  "shield:CreateProtection"
                ],
                "condition": [
                  {
                    "test": "StringEquals",
                    "values": [
                      "${aws:PrincipalTag/eks:eks-cluster-name}"
                    ],
                    "variable": "aws:RequestTag/eks:eks-cluster-name"
                  }
                ],
                "effect": "Allow",
                "not_actions": [],
                "not_principals": [],
                "not_resources": [],
                "principals": [],
                "resources": [
                  "*"
                ],
                "sid": "ShieldProtection"
              },
              {
                "actions": [
                  "shield:TagResource"
                ],
                "condition": [
                  {
                    "test": "StringEquals",
                    "values": [
                      "${aws:PrincipalTag/eks:eks-cluster-name}"
                    ],
                    "variable": "aws:RequestTag/eks:eks-cluster-name"
                  }
                ],
                "effect": "Allow",
                "not_actions": [],
                "not_principals": [],
                "not_resources": [],
                "principals": [],
                "resources": [
                  "arn:aws:shield::*:protection/*"
                ],
                "sid": "ShieldTagResource"
              }
            ],
            "version": "2012-10-17"
          },
          "sensitive_attributes": [],
          "identity_schema_version": 0
        }
      ]
    },
    {
      "module": "module.eks_secondary.module.eks",
      "mode": "data",
      "type": "aws_iam_session_context",
      "name": "current",
      "provider": "provider[\"registry.terraform.io/hashicorp/aws\"].secondary",
      "instances": [
        {
          "index_key": 0,
          "schema_version": 0,
          "attributes": {
            "arn": "arn:aws:iam::643942183295:user/AeroLink-Admin",
            "id": "arn:aws:iam::643942183295:user/AeroLink-Admin",
            "issuer_arn": "arn:aws:iam::643942183295:user/AeroLink-Admin",
            "issuer_id": "",
            "issuer_name": "",
            "session_name": ""
          },
          "sensitive_attributes": [],
          "identity_schema_version": 0
        }
      ]
    },
    {
      "module": "module.eks_secondary.module.eks",
      "mode": "data",
      "type": "aws_partition",
      "name": "current",
      "provider": "provider[\"registry.terraform.io/hashicorp/aws\"].secondary",
      "instances": [
        {
          "index_key": 0,
          "schema_version": 0,
          "attributes": {
            "dns_suffix": "amazonaws.com",
            "id": "aws",
            "partition": "aws",
            "reverse_dns_prefix": "com.amazonaws"
          },
          "sensitive_attributes": [],
          "identity_schema_version": 0
        }
      ]
    },
    {
      "module": "module.eks_secondary.module.eks",
      "mode": "data",
      "type": "tls_certificate",
      "name": "this",
      "provider": "provider[\"registry.terraform.io/hashicorp/tls\"]",
      "instances": [
        {
          "index_key": 0,
          "schema_version": 0,
          "attributes": {
            "certificates": [
              {
                "cert_pem": "-----BEGIN CERTIFICATE-----\nMIIEkjCCA3qgAwIBAgITBn+USionzfP6wq4rAfkI7rnExjANBgkqhkiG9w0BAQsF\nADCBmDELMAkGA1UEBhMCVVMxEDAOBgNVBAgTB0FyaXpvbmExEzARBgNVBAcTClNj\nb3R0c2RhbGUxJTAjBgNVBAoTHFN0YXJmaWVsZCBUZWNobm9sb2dpZXMsIEluYy4x\nOzA5BgNVBAMTMlN0YXJmaWVsZCBTZXJ2aWNlcyBSb290IENlcnRpZmljYXRlIEF1\ndGhvcml0eSAtIEcyMB4XDTE1MDUyNTEyMDAwMFoXDTM3MTIzMTAxMDAwMFowOTEL\nMAkGA1UEBhMCVVMxDzANBgNVBAoTBkFtYXpvbjEZMBcGA1UEAxMQQW1hem9uIFJv\nb3QgQ0EgMTCCASIwDQYJKoZIhvcNAQEBBQADggEPADCCAQoCggEBALJ4gHHKeNXj\nca9HgFB0fW7Y14h29Jlo91ghYPl0hAEvrAIthtOgQ3pOsqTQNroBvo3bSMgHFzZM\n9O6II8c+6zf1tRn4SWiw3te5djgdYZ6k/oI2peVKVuRF4fn9tBb6dNqcmzU5L/qw\nIFAGbHrQgLKm+a/sRxmPUDgH3KKHOVj4utWp+UhnMJbulHheb4mjUcAwhmahRWa6\nVOujw5H5SNz/0egwLX0tdHA114gk957EWW67c4cX8jJGKLhD+rcdqsq08p8kDi1L\n93FcXmn/6pUCyziKrlA4b9v7LWIbxcceVOF34GfID5yHI9Y/QCB/IIDEgEw+OyQm\njgSubJrIqg0CAwEAAaOCATEwggEtMA8GA1UdEwEB/wQFMAMBAf8wDgYDVR0PAQH/\nBAQDAgGGMB0GA1UdDgQWBBSEGMyFNOy8DJSULghZnMeyEE4KCDAfBgNVHSMEGDAW\ngBScXwDfqgHXMCs4iKK4bUqc8hGRgzB4BggrBgEFBQcBAQRsMGowLgYIKwYBBQUH\nMAGGImh0dHA6Ly9vY3NwLnJvb3RnMi5hbWF6b250cnVzdC5jb20wOAYIKwYBBQUH\nMAKGLGh0dHA6Ly9jcnQucm9vdGcyLmFtYXpvbnRydXN0LmNvbS9yb290ZzIuY2Vy\nMD0GA1UdHwQ2MDQwMqAwoC6GLGh0dHA6Ly9jcmwucm9vdGcyLmFtYXpvbnRydXN0\nLmNvbS9yb290ZzIuY3JsMBEGA1UdIAQKMAgwBgYEVR0gADANBgkqhkiG9w0BAQsF\nAAOCAQEAYjdCXLwQtT6LLOkMm2xF4gcAevnFWAu5CIw+7bMlPLVvUOTNNWqnkzSW\nMiGpSESrnO09tKpzbeR/FoCJbM8oAxiDR3mjEH4wW6w7sGDgd9QIpuEdfF7Au/ma\neyKdpwAJfqxGF4PcnCZXmTA5YpaP7dreqsXMGz7KQ2hsVxa81Q4gLv7/wmpdLqBK\nbRRYh5TmOTFffHPLkIhqhBGWJ6bt2YFGpn6jcgAKUj6DiAdjd4lpFw85hdKrCEVN\n0FE6/V1dN2RMfjCyVSRCnTawXZwXgWHxyvkQAiSr6w10kY17RSlQOYiypok1JR4U\nakcjMS9cmvqtmg5iUaQqqcT5NJ0hGA==\n-----END CERTIFICATE-----\n",
                "is_ca": true,
                "issuer": "CN=Starfield Services Root Certificate Authority - G2,O=Starfield Technologies\\, Inc.,L=Scottsdale,ST=Arizona,C=US",
                "max_path_length": -1,
                "not_after": "2037-12-31T01:00:00Z",
                "not_before": "2015-05-25T12:00:00Z",
                "public_key_algorithm": "RSA",
                "serial_number": "144918191876577076464031512351042010504348870",
                "sha1_fingerprint": "06b25927c42a721631c1efd9431e648fa62e1e39",
                "signature_algorithm": "SHA256-RSA",
                "subject": "CN=Amazon Root CA 1,O=Amazon,C=US",
                "version": 3
              },
              {
                "cert_pem": "-----BEGIN CERTIFICATE-----\nMIIEXjCCA0agAwIBAgITB3MSOAudZoijOx7Zv5zNpo4ODzANBgkqhkiG9w0BAQsF\nADA5MQswCQYDVQQGEwJVUzEPMA0GA1UEChMGQW1hem9uMRkwFwYDVQQDExBBbWF6\nb24gUm9vdCBDQSAxMB4XDTIyMDgyMzIyMjEyOFoXDTMwMDgyMzIyMjEyOFowPDEL\nMAkGA1UEBhMCVVMxDzANBgNVBAoTBkFtYXpvbjEcMBoGA1UEAxMTQW1hem9uIFJT\nQSAyMDQ4IE0wMTCCASIwDQYJKoZIhvcNAQEBBQADggEPADCCAQoCggEBAOtxLKnL\nH4gokjIwr4pXD3i3NyWVVYesZ1yX0yLI2qIUZ2t88Gfa4gMqs1YSXca1R/lnCKeT\nepWSGA+0+fkQNpp/L4C2T7oTTsddUx7g3ZYzByDTlrwS5HRQQqEFE3O1T5tEJP4t\nf+28IoXsNiEzl3UGzicYgtzj2cWCB41eJgEmJmcf2T8TzzK6a614ZPyq/w4CPAff\nnAV4coz96nW3AyiE2uhuB4zQUIXvgVSycW7sbWLvj5TDXunEpNCRwC4kkZjK7rol\njtT2cbb7W2s4Bkg3R42G3PLqBvt2N32e/0JOTViCk8/iccJ4sXqrS1uUN4iB5Nmv\nJK74csVl+0u0UecCAwEAAaOCAVowggFWMBIGA1UdEwEB/wQIMAYBAf8CAQAwDgYD\nVR0PAQH/BAQDAgGGMB0GA1UdJQQWMBQGCCsGAQUFBwMBBggrBgEFBQcDAjAdBgNV\nHQ4EFgQUgbgOY4qJEhjl+js7UJWf5uWQE4UwHwYDVR0jBBgwFoAUhBjMhTTsvAyU\nlC4IWZzHshBOCggwewYIKwYBBQUHAQEEbzBtMC8GCCsGAQUFBzABhiNodHRwOi8v\nb2NzcC5yb290Y2ExLmFtYXpvbnRydXN0LmNvbTA6BggrBgEFBQcwAoYuaHR0cDov\nL2NydC5yb290Y2ExLmFtYXpvbnRydXN0LmNvbS9yb290Y2ExLmNlcjA/BgNVHR8E\nODA2MDSgMqAwhi5odHRwOi8vY3JsLnJvb3RjYTEuYW1hem9udHJ1c3QuY29tL3Jv\nb3RjYTEuY3JsMBMGA1UdIAQMMAowCAYGZ4EMAQIBMA0GCSqGSIb3DQEBCwUAA4IB\nAQCtAN4CBSMuBjJitGuxlBbkEUDeK/pZwTXv4KqPK0G50fOHOQAd8j21p0cMBgbG\nkfMHVwLU7b0XwZCav0h1ogdPMN1KakK1DT0VwA/+hFvGPJnMV1Kx2G4S1ZaSk0uU\n5QfoiYIIano01J5k4T2HapKQmmOhS/iPtuo00wW+IMLeBuKMn3OLn005hcrOGTad\nhcmeyfhQP7Z+iKHvyoQGi1C0ClymHETx/chhQGDyYSWqB/THwnN15AwLQo0E5V9E\nSJlbe4mBlqeInUsNYugExNf+tOiybcrswBy8OFsd34XOW3rjSUtsuafd9AWySa3h\nxRRrwszrzX/WWGm6wyB+f7C4\n-----END CERTIFICATE-----\n",
                "is_ca": true,
                "issuer": "CN=Amazon Root CA 1,O=Amazon,C=US",
                "max_path_length": 0,
                "not_after": "2030-08-23T22:21:28Z",
                "not_before": "2022-08-23T22:21:28Z",
                "public_key_algorithm": "RSA",
                "serial_number": "166129328851546858514271303855646110030630415",
                "sha1_fingerprint": "2ad974a775f73cbdbbd8f5ac3a49255fa8fb1f8c",
                "signature_algorithm": "SHA256-RSA",
                "subject": "CN=Amazon RSA 2048 M01,O=Amazon,C=US",
                "version": 3
              },
              {
                "cert_pem": "-----BEGIN CERTIFICATE-----\nMIIF3TCCBMWgAwIBAgIQA1jCPSDm8X/VUa7jjbhCPTANBgkqhkiG9w0BAQsFADA8\nMQswCQYDVQQGEwJVUzEPMA0GA1UEChMGQW1hem9uMRwwGgYDVQQDExNBbWF6b24g\nUlNBIDIwNDggTTAxMB4XDTI2MDEyODAwMDAwMFoXDTI3MDIyNjIzNTk1OVowKDEm\nMCQGA1UEAwwdKi5la3MuZXUtd2VzdC0xLmFtYXpvbmF3cy5jb20wggEiMA0GCSqG\nSIb3DQEBAQUAA4IBDwAwggEKAoIBAQC7C7raBBSoWs27ecLuw2fOy5rGH2DxHlE/\ntguRCzrbL6KwIqfXYXy8fTDuh7SFoSqyHesAw7LMkVkr5dbiJQRDQam1XWdODoFT\n4D5FDQrZ0T20wXDp0n/JkceHMRT6OYRZ0JOw+2FXlqeNmYqzdS2r4iWiRe+Bt+8p\nP+MTImvSMh3Kcr8pMTaeDZPOyRHvkPtx7F6mhQ92ODw4HHGi5gtxhn4544iMjjWU\nPIluJEA/9tDRIwGqozc40yMdGHdHJrRwG7bb0fM3ELmNA4ITP0rF1xi6YU/X6paY\nE0XXx5PKwI6IOW483t/inqOe2gQeMB1NyrYsYktBGhI6m6m0KEI5AgMBAAGjggLt\nMIIC6TAfBgNVHSMEGDAWgBSBuA5jiokSGOX6OztQlZ/m5ZAThTAdBgNVHQ4EFgQU\neR70bkgIqRENugAhEckY/ob8v1wwKAYDVR0RBCEwH4IdKi5la3MuZXUtd2VzdC0x\nLmFtYXpvbmF3cy5jb20wEwYDVR0gBAwwCjAIBgZngQwBAgEwDgYDVR0PAQH/BAQD\nAgWgMBMGA1UdJQQMMAoGCCsGAQUFBwMBMDsGA1UdHwQ0MDIwMKAuoCyGKmh0dHA6\nLy9jcmwucjJtMDEuYW1hem9udHJ1c3QuY29tL3IybTAxLmNybDB1BggrBgEFBQcB\nAQRpMGcwLQYIKwYBBQUHMAGGIWh0dHA6Ly9vY3NwLnIybTAxLmFtYXpvbnRydXN0\nLmNvbTA2BggrBgEFBQcwAoYqaHR0cDovL2NydC5yMm0wMS5hbWF6b250cnVzdC5j\nb20vcjJtMDEuY2VyMAwGA1UdEwEB/wQCMAAwggF/BgorBgEEAdZ5AgQCBIIBbwSC\nAWsBaQB3AExj3JjlnB2riPYeij3ero+rRKM3e1+blMP7oZz8wb4mAAABnAIEw10A\nAAQDAEgwRgIhAL8Xy7eLv+88XfYMuoiydiWQNNPfr1AQ4/OXTzw4F1gUAiEAtLWE\n4rtQ4/zTVI5oPCSlxtX4vDBkQ2gy6+jc+0bzXDkAdQAcn2gs6frwRWlQ+BuWiofd\n2zIQ2EzmyLLjglJKxM9ZnwAAAZwCBMNZAAAEAwBGMEQCIHUJDGKsaxnLHrcHEkgN\nJlikmlm0j5ChoXs9UdcesBYpAiAChKCAaNev0QsCqr+EGDOFks8VsyTAC0VF8/2K\nHvif5QB3AGBMmq96f3dfAdQG/JINyJnrCxx9+MlSG/r6F3c7l4vJAAABnAIExG0A\nAAQDAEgwRgIhAN5C7ItzDkXwnXtCq06tkslXIppjSeN7GOlTDlliMtlSAiEA4HGa\nH6Yq8zOHJUAbH9xCoJS8dBo89ZFz+ycQFtLKzs0wDQYJKoZIhvcNAQELBQADggEB\nABQ1TKQyszMd6LC/y60v0dBu5KAaCSY/RhMrtAFFFLcuN3R74OZ63CoF+Rlhs01Z\n4bwvcSTzjPk/MC3SvoKUgpbMQr/sF1UMZik9cTMz1UEtgVAg5ntyvbXBdb3WpSk3\ncQYQWy0Rhj96I52Qi2DdlWutlEs/e7D2xMOoInii9pek1eEDwaUeaxed95BNME4l\nW/begop8DjCxXdJWoo8wAt6+C1JwifOtgKnonLynXptrhcvdxPY6tva117vgjWFG\njUHkMCGSlPKGi1JDR9EtHB6VjksMW/OvMkd93nyHohPQsnBqBM7WnFs/3fsceMTZ\nY8pUH01hh9BJcF+60ZeR+1k=\n-----END CERTIFICATE-----\n",
                "is_ca": false,
                "issuer": "CN=Amazon RSA 2048 M01,O=Amazon,C=US",
                "max_path_length": -1,
                "not_after": "2027-02-26T23:59:59Z",
                "not_before": "2026-01-28T00:00:00Z",
                "public_key_algorithm": "RSA",
                "serial_number": "4448545741469547945433478981278515773",
                "sha1_fingerprint": "8de95dee5dfc5266e4ffe1626e2105e1acc61c78",
                "signature_algorithm": "SHA256-RSA",
                "subject": "CN=*.eks.eu-west-1.amazonaws.com",
                "version": 3
              }
            ],
            "content": null,
            "id": "13102e0a8585014b9cde9ab0c4895b6972be2a09",
            "url": "https://oidc.eks.eu-west-1.amazonaws.com/id/F286FCF61B93356582E1FADE0BD1A183",
            "verify_chain": true
          },
          "sensitive_attributes": [],
          "identity_schema_version": 0
        }
      ]
    },
    {
      "module": "module.eks_secondary.module.eks",
      "mode": "managed",
      "type": "aws_cloudwatch_log_group",
      "name": "this",
      "provider": "provider[\"registry.terraform.io/hashicorp/aws\"].secondary",
      "instances": [
        {
          "index_key": 0,
          "schema_version": 0,
          "attributes": {
            "arn": "arn:aws:logs:eu-west-1:643942183295:log-group:/aws/eks/aerolink-dev-secondary-cluster/cluster",
            "id": "/aws/eks/aerolink-dev-secondary-cluster/cluster",
            "kms_key_id": "",
            "log_group_class": "STANDARD",
            "name": "/aws/eks/aerolink-dev-secondary-cluster/cluster",
            "name_prefix": "",
            "retention_in_days": 90,
            "skip_destroy": false,
            "tags": {
              "Name": "/aws/eks/aerolink-dev-secondary-cluster/cluster"
            },
            "tags_all": {
              "Name": "/aws/eks/aerolink-dev-secondary-cluster/cluster"
            }
          },
          "sensitive_attributes": [],
          "identity_schema_version": 0,
          "private": "bnVsbA==",
          "create_before_destroy": true
        }
      ]
    },
    {
      "module": "module.eks_secondary.module.eks",
      "mode": "managed",
      "type": "aws_eks_access_entry",
      "name": "this",
      "provider": "provider[\"registry.terraform.io/hashicorp/aws\"].secondary",
      "instances": [
        {
          "index_key": "admin",
          "schema_version": 0,
          "attributes": {
            "access_entry_arn": "arn:aws:eks:eu-west-1:643942183295:access-entry/aerolink-dev-secondary-cluster/user/643942183295/AeroLink-Admin/00cf43e9-87a0-f8ba-82e2-c4b5467287bc",
            "cluster_name": "aerolink-dev-secondary-cluster",
            "created_at": "2026-06-02T10:13:36Z",
            "id": "aerolink-dev-secondary-cluster:arn:aws:iam::643942183295:user/AeroLink-Admin",
            "kubernetes_groups": [],
            "modified_at": "2026-06-02T10:13:36Z",
            "principal_arn": "arn:aws:iam::643942183295:user/AeroLink-Admin",
            "tags": {},
            "tags_all": {},
            "timeouts": null,
            "type": "STANDARD",
            "user_name": "arn:aws:iam::643942183295:user/AeroLink-Admin"
          },
          "sensitive_attributes": [],
          "identity_schema_version": 0,
          "private": "eyJlMmJmYjczMC1lY2FhLTExZTYtOGY4OC0zNDM2M2JjN2M0YzAiOnsiY3JlYXRlIjo2MDAwMDAwMDAwMDAsImRlbGV0ZSI6NjAwMDAwMDAwMDAwfX0=",
          "dependencies": [
            "module.eks_secondary.module.eks.aws_cloudwatch_log_group.this",
            "module.eks_secondary.module.eks.aws_eks_cluster.this",
            "module.eks_secondary.module.eks.aws_iam_policy.cni_ipv6_policy",
            "module.eks_secondary.module.eks.aws_iam_role.eks_auto",
            "module.eks_secondary.module.eks.aws_iam_role.this",
            "module.eks_secondary.module.eks.aws_iam_role_policy_attachment.this",
            "module.eks_secondary.module.eks.aws_security_group.cluster",
            "module.eks_secondary.module.eks.aws_security_group.node",
            "module.eks_secondary.module.eks.aws_security_group_rule.cluster",
            "module.eks_secondary.module.eks.aws_security_group_rule.node",
            "module.eks_secondary.module.eks.data.aws_caller_identity.current",
            "module.eks_secondary.module.eks.data.aws_iam_policy_document.assume_role_policy",
            "module.eks_secondary.module.eks.data.aws_iam_policy_document.cni_ipv6_policy",
            "module.eks_secondary.module.eks.data.aws_iam_policy_document.node_assume_role_policy",
            "module.eks_secondary.module.eks.data.aws_iam_session_context.current",
            "module.eks_secondary.module.eks.data.aws_partition.current",
            "module.eks_secondary.module.eks.module.kms.aws_kms_external_key.this",
            "module.eks_secondary.module.eks.module.kms.aws_kms_key.this",
            "module.eks_secondary.module.eks.module.kms.aws_kms_replica_external_key.this",
            "module.eks_secondary.module.eks.module.kms.aws_kms_replica_key.this",
            "module.eks_secondary.module.eks.module.kms.data.aws_caller_identity.current",
            "module.eks_secondary.module.eks.module.kms.data.aws_iam_policy_document.this",
            "module.eks_secondary.module.eks.module.kms.data.aws_partition.current",
            "module.vpc_secondary.data.aws_availability_zones.available",
            "module.vpc_secondary.module.vpc.aws_subnet.private",
            "module.vpc_secondary.module.vpc.aws_vpc.this",
            "module.vpc_secondary.module.vpc.aws_vpc_ipv4_cidr_block_association.this"
          ]
        }
      ]
    },
    {
      "module": "module.eks_secondary.module.eks",
      "mode": "managed",
      "type": "aws_eks_access_policy_association",
      "name": "this",
      "provider": "provider[\"registry.terraform.io/hashicorp/aws\"].secondary",
      "instances": [
        {
          "index_key": "admin_admin",
          "schema_version": 0,
          "attributes": {
            "access_scope": [
              {
                "namespaces": [],
                "type": "cluster"
              }
            ],
            "associated_at": "2026-06-02 10:13:37.794 +0000 UTC",
            "cluster_name": "aerolink-dev-secondary-cluster",
            "id": "aerolink-dev-secondary-cluster#arn:aws:iam::643942183295:user/AeroLink-Admin#arn:aws:eks::aws:cluster-access-policy/AmazonEKSClusterAdminPolicy",
            "modified_at": "2026-06-02 10:13:37.794 +0000 UTC",
            "policy_arn": "arn:aws:eks::aws:cluster-access-policy/AmazonEKSClusterAdminPolicy",
            "principal_arn": "arn:aws:iam::643942183295:user/AeroLink-Admin",
            "timeouts": null
          },
          "sensitive_attributes": [],
          "identity_schema_version": 0,
          "private": "eyJlMmJmYjczMC1lY2FhLTExZTYtOGY4OC0zNDM2M2JjN2M0YzAiOnsiY3JlYXRlIjo2MDAwMDAwMDAwMDAsImRlbGV0ZSI6NjAwMDAwMDAwMDAwfX0=",
          "dependencies": [
            "module.eks_secondary.module.eks.aws_cloudwatch_log_group.this",
            "module.eks_secondary.module.eks.aws_eks_access_entry.this",
            "module.eks_secondary.module.eks.aws_eks_cluster.this",
            "module.eks_secondary.module.eks.aws_iam_policy.cni_ipv6_policy",
            "module.eks_secondary.module.eks.aws_iam_role.eks_auto",
            "module.eks_secondary.module.eks.aws_iam_role.this",
            "module.eks_secondary.module.eks.aws_iam_role_policy_attachment.this",
            "module.eks_secondary.module.eks.aws_security_group.cluster",
            "module.eks_secondary.module.eks.aws_security_group.node",
            "module.eks_secondary.module.eks.aws_security_group_rule.cluster",
            "module.eks_secondary.module.eks.aws_security_group_rule.node",
            "module.eks_secondary.module.eks.data.aws_caller_identity.current",
            "module.eks_secondary.module.eks.data.aws_iam_policy_document.assume_role_policy",
            "module.eks_secondary.module.eks.data.aws_iam_policy_document.cni_ipv6_policy",
            "module.eks_secondary.module.eks.data.aws_iam_policy_document.node_assume_role_policy",
            "module.eks_secondary.module.eks.data.aws_iam_session_context.current",
            "module.eks_secondary.module.eks.data.aws_partition.current",
            "module.eks_secondary.module.eks.module.kms.aws_kms_external_key.this",
            "module.eks_secondary.module.eks.module.kms.aws_kms_key.this",
            "module.eks_secondary.module.eks.module.kms.aws_kms_replica_external_key.this",
            "module.eks_secondary.module.eks.module.kms.aws_kms_replica_key.this",
            "module.eks_secondary.module.eks.module.kms.data.aws_caller_identity.current",
            "module.eks_secondary.module.eks.module.kms.data.aws_iam_policy_document.this",
            "module.eks_secondary.module.eks.module.kms.data.aws_partition.current",
            "module.vpc_secondary.data.aws_availability_zones.available",
            "module.vpc_secondary.module.vpc.aws_subnet.private",
            "module.vpc_secondary.module.vpc.aws_vpc.this",
            "module.vpc_secondary.module.vpc.aws_vpc_ipv4_cidr_block_association.this"
          ]
        }
      ]
    },
    {
      "module": "module.eks_secondary.module.eks",
      "mode": "managed",
      "type": "aws_eks_cluster",
      "name": "this",
      "provider": "provider[\"registry.terraform.io/hashicorp/aws\"].secondary",
      "instances": [
        {
          "index_key": 0,
          "schema_version": 1,
          "attributes": {
            "access_config": [
              {
                "authentication_mode": "API_AND_CONFIG_MAP",
                "bootstrap_cluster_creator_admin_permissions": false
              }
            ],
            "arn": "arn:aws:eks:eu-west-1:643942183295:cluster/aerolink-dev-secondary-cluster",
            "bootstrap_self_managed_addons": true,
            "certificate_authority": [
              {
                "data": "LS0tLS1CRUdJTiBDRVJUSUZJQ0FURS0tLS0tCk1JSURCVENDQWUyZ0F3SUJBZ0lJWU9PM1d0STREejR3RFFZSktvWklodmNOQVFFTEJRQXdGVEVUTUJFR0ExVUUKQXhNS2EzVmlaWEp1WlhSbGN6QWVGdzB5TmpBMk1ESXhNREEwTWpCYUZ3MHpOakExTXpBeE1EQTVNakJhTUJVeApFekFSQmdOVkJBTVRDbXQxWW1WeWJtVjBaWE13Z2dFaU1BMEdDU3FHU0liM0RRRUJBUVVBQTRJQkR3QXdnZ0VLCkFvSUJBUUR0Uk1yWWEwU1laNVN4VXVWVVFlbjJvWlNzejM1K09LcUp3OU5JYjFhY01rMHZybUF3dTAxZEgyRmsKN2E0VTh1akdXVjJZZFhlWkhTd285ZG5GVVhXZzRqcEtSVlMwRXpaZ0thR0ZRblBiSXR6LzE1dXBGZnl6SjgwcQowQmVhVDVSeC8wTFhhSnFBOVRVK0xQRzg0S2JpandoNzhwYVQyRmZNRUlaMkRNalFqZ0V2UHhLYlhWNG5wY0FhCk1tOS92ZFE3Nm9pa1hGZ29TVWdNNjc2NW5IY0tpOTBxQUg1bjdyR1V1Y3ZGOWV0WlJrd1pEenFGcDJRSExDQVQKT0hidGs3TXJpWGwzYUV2ay9JVnF6dHFpNkE2Z1BrUUN0YXM2R21NYXNyNUJ3ekJsNnExeUt4VXQ0YmNsdmF6WgpNSWhkRENyVjl0K2creWVSb2xRaEtVc0NOWlFaQWdNQkFBR2pXVEJYTUE0R0ExVWREd0VCL3dRRUF3SUNwREFQCkJnTlZIUk1CQWY4RUJUQURBUUgvTUIwR0ExVWREZ1FXQkJSNlNONU1NNi9VZjdRTnBveEh1TkhKa2NuZlRUQVYKQmdOVkhSRUVEakFNZ2dwcmRXSmxjbTVsZEdWek1BMEdDU3FHU0liM0RRRUJDd1VBQTRJQkFRQUNVZXFlZEhjLwpua0hOME5RWnBiZGpKNkk0dWF6aE1WazdIQWlrZWxWalhSZU41RWtYR3UvRzV0M2pQT1dWUnl5NGlibFdBbTc1CkEyVVlBUnl3UUovaCtIZ1lWZ1VCcjVRbW9icnIwbGIwRXQ2dnh6aENON2puT3ZlM0hLU29VMlJPUkRKb0YxTHQKQVB3WVRrK0hVM1prTnh5dzJCVUNtOHVIMmVzVTRvSVdlU00rM0ZUYjdZSzlDZ0JZdEZPVVh3QVZGeWxVWkVWUQovVnFuV0NkNlcrOGN5QWhVWjdyMW10ZzE1VldlRDJ2YmlBU01pNGk2RnJnbzdMSEJYYTczdEIvOTdPcGdZSWxUCk9IeVEvWEdOZUdSdjBOM3Jhcnd5SWdPZDJLaW1vNTYxbmE1UFBldnpGR3Y1SlRwbkFlMDdQL1cvTjJFdU5SbWMKNzZNSnRFTGhKS0MzCi0tLS0tRU5EIENFUlRJRklDQVRFLS0tLS0K"
              }
            ],
            "cluster_id": null,
            "compute_config": [],
            "created_at": "2026-06-02T10:05:16Z",
            "enabled_cluster_log_types": [
              "api",
              "audit",
              "authenticator"
            ],
            "encryption_config": [
              {
                "provider": [
                  {
                    "key_arn": "arn:aws:kms:eu-west-1:643942183295:key/00b69349-a2c6-4295-99c6-8c6ed5e71743"
                  }
                ],
                "resources": [
                  "secrets"
                ]
              }
            ],
            "endpoint": "https://F286FCF61B93356582E1FADE0BD1A183.yl4.eu-west-1.eks.amazonaws.com",
            "force_update_version": null,
            "id": "aerolink-dev-secondary-cluster",
            "identity": [
              {
                "oidc": [
                  {
                    "issuer": "https://oidc.eks.eu-west-1.amazonaws.com/id/F286FCF61B93356582E1FADE0BD1A183"
                  }
                ]
              }
            ],
            "kubernetes_network_config": [
              {
                "elastic_load_balancing": [
                  {
                    "enabled": false
                  }
                ],
                "ip_family": "ipv4",
                "service_ipv4_cidr": "172.20.0.0/16",
                "service_ipv6_cidr": ""
              }
            ],
            "name": "aerolink-dev-secondary-cluster",
            "outpost_config": [],
            "platform_version": "eks.68",
            "remote_network_config": [],
            "role_arn": "arn:aws:iam::643942183295:role/aerolink-dev-secondary-cluster-cluster",
            "status": "ACTIVE",
            "storage_config": [],
            "tags": {
              "terraform-aws-modules": "eks"
            },
            "tags_all": {
              "terraform-aws-modules": "eks"
            },
            "timeouts": {
              "create": null,
              "delete": null,
              "update": null
            },
            "upgrade_policy": [
              {
                "support_type": "EXTENDED"
              }
            ],
            "version": "1.30",
            "vpc_config": [
              {
                "cluster_security_group_id": "sg-00596003f8b79be68",
                "endpoint_private_access": true,
                "endpoint_public_access": true,
                "public_access_cidrs": [
                  "0.0.0.0/0"
                ],
                "security_group_ids": [
                  "sg-0a62395c7425ec055"
                ],
                "subnet_ids": [
                  "subnet-080231f96d9407879",
                  "subnet-0fb4d1b3413c4dac5"
                ],
                "vpc_id": "vpc-0a99a34f319aaa368"
              }
            ],
            "zonal_shift_config": []
          },
          "sensitive_attributes": [],
          "identity_schema_version": 0,
          "private": "eyJlMmJmYjczMC1lY2FhLTExZTYtOGY4OC0zNDM2M2JjN2M0YzAiOnsiY3JlYXRlIjoxODAwMDAwMDAwMDAwLCJkZWxldGUiOjkwMDAwMDAwMDAwMCwidXBkYXRlIjozNjAwMDAwMDAwMDAwfSwic2NoZW1hX3ZlcnNpb24iOiIxIn0=",
          "dependencies": [
            "module.eks_secondary.module.eks.aws_cloudwatch_log_group.this",
            "module.eks_secondary.module.eks.aws_iam_policy.cni_ipv6_policy",
            "module.eks_secondary.module.eks.aws_iam_role.eks_auto",
            "module.eks_secondary.module.eks.aws_iam_role.this",
            "module.eks_secondary.module.eks.aws_iam_role_policy_attachment.this",
            "module.eks_secondary.module.eks.aws_security_group.cluster",
            "module.eks_secondary.module.eks.aws_security_group.node",
            "module.eks_secondary.module.eks.aws_security_group_rule.cluster",
            "module.eks_secondary.module.eks.aws_security_group_rule.node",
            "module.eks_secondary.module.eks.data.aws_caller_identity.current",
            "module.eks_secondary.module.eks.data.aws_iam_policy_document.assume_role_policy",
            "module.eks_secondary.module.eks.data.aws_iam_policy_document.cni_ipv6_policy",
            "module.eks_secondary.module.eks.data.aws_iam_policy_document.node_assume_role_policy",
            "module.eks_secondary.module.eks.data.aws_iam_session_context.current",
            "module.eks_secondary.module.eks.data.aws_partition.current",
            "module.eks_secondary.module.eks.module.kms.aws_kms_external_key.this",
            "module.eks_secondary.module.eks.module.kms.aws_kms_key.this",
            "module.eks_secondary.module.eks.module.kms.aws_kms_replica_external_key.this",
            "module.eks_secondary.module.eks.module.kms.aws_kms_replica_key.this",
            "module.eks_secondary.module.eks.module.kms.data.aws_caller_identity.current",
            "module.eks_secondary.module.eks.module.kms.data.aws_iam_policy_document.this",
            "module.eks_secondary.module.eks.module.kms.data.aws_partition.current",
            "module.vpc_secondary.data.aws_availability_zones.available",
            "module.vpc_secondary.module.vpc.aws_subnet.private",
            "module.vpc_secondary.module.vpc.aws_vpc.this",
            "module.vpc_secondary.module.vpc.aws_vpc_ipv4_cidr_block_association.this"
          ],
          "create_before_destroy": true
        }
      ]
    },
    {
      "module": "module.eks_secondary.module.eks",
      "mode": "managed",
      "type": "aws_iam_openid_connect_provider",
      "name": "oidc_provider",
      "provider": "provider[\"registry.terraform.io/hashicorp/aws\"].secondary",
      "instances": [
        {
          "index_key": 0,
          "schema_version": 0,
          "attributes": {
            "arn": "arn:aws:iam::643942183295:oidc-provider/oidc.eks.eu-west-1.amazonaws.com/id/F286FCF61B93356582E1FADE0BD1A183",
            "client_id_list": [
              "sts.amazonaws.com"
            ],
            "id": "arn:aws:iam::643942183295:oidc-provider/oidc.eks.eu-west-1.amazonaws.com/id/F286FCF61B93356582E1FADE0BD1A183",
            "tags": {
              "Name": "aerolink-dev-secondary-cluster-eks-irsa"
            },
            "tags_all": {
              "Name": "aerolink-dev-secondary-cluster-eks-irsa"
            },
            "thumbprint_list": [
              "06b25927c42a721631c1efd9431e648fa62e1e39"
            ],
            "url": "oidc.eks.eu-west-1.amazonaws.com/id/F286FCF61B93356582E1FADE0BD1A183"
          },
          "sensitive_attributes": [],
          "identity_schema_version": 0,
          "private": "bnVsbA==",
          "dependencies": [
            "module.eks_secondary.module.eks.aws_cloudwatch_log_group.this",
            "module.eks_secondary.module.eks.aws_eks_cluster.this",
            "module.eks_secondary.module.eks.aws_iam_policy.cni_ipv6_policy",
            "module.eks_secondary.module.eks.aws_iam_role.eks_auto",
            "module.eks_secondary.module.eks.aws_iam_role.this",
            "module.eks_secondary.module.eks.aws_iam_role_policy_attachment.this",
            "module.eks_secondary.module.eks.aws_security_group.cluster",
            "module.eks_secondary.module.eks.aws_security_group.node",
            "module.eks_secondary.module.eks.aws_security_group_rule.cluster",
            "module.eks_secondary.module.eks.aws_security_group_rule.node",
            "module.eks_secondary.module.eks.data.aws_caller_identity.current",
            "module.eks_secondary.module.eks.data.aws_iam_policy_document.assume_role_policy",
            "module.eks_secondary.module.eks.data.aws_iam_policy_document.cni_ipv6_policy",
            "module.eks_secondary.module.eks.data.aws_iam_policy_document.node_assume_role_policy",
            "module.eks_secondary.module.eks.data.aws_iam_session_context.current",
            "module.eks_secondary.module.eks.data.aws_partition.current",
            "module.eks_secondary.module.eks.data.tls_certificate.this",
            "module.eks_secondary.module.eks.module.kms.aws_kms_external_key.this",
            "module.eks_secondary.module.eks.module.kms.aws_kms_key.this",
            "module.eks_secondary.module.eks.module.kms.aws_kms_replica_external_key.this",
            "module.eks_secondary.module.eks.module.kms.aws_kms_replica_key.this",
            "module.eks_secondary.module.eks.module.kms.data.aws_caller_identity.current",
            "module.eks_secondary.module.eks.module.kms.data.aws_iam_policy_document.this",
            "module.eks_secondary.module.eks.module.kms.data.aws_partition.current",
            "module.vpc_secondary.data.aws_availability_zones.available",
            "module.vpc_secondary.module.vpc.aws_subnet.private",
            "module.vpc_secondary.module.vpc.aws_vpc.this",
            "module.vpc_secondary.module.vpc.aws_vpc_ipv4_cidr_block_association.this"
          ]
        }
      ]
    },
    {
      "module": "module.eks_secondary.module.eks",
      "mode": "managed",
      "type": "aws_iam_policy",
      "name": "cluster_encryption",
      "provider": "provider[\"registry.terraform.io/hashicorp/aws\"].secondary",
      "instances": [
        {
          "index_key": 0,
          "schema_version": 0,
          "attributes": {
            "arn": "arn:aws:iam::643942183295:policy/aerolink-dev-secondary-cluster-cluster-ClusterEncryption2026060210050698000000000e",
            "attachment_count": 1,
            "description": "Cluster encryption policy to allow cluster role to utilize CMK provided",
            "id": "arn:aws:iam::643942183295:policy/aerolink-dev-secondary-cluster-cluster-ClusterEncryption2026060210050698000000000e",
            "name": "aerolink-dev-secondary-cluster-cluster-ClusterEncryption2026060210050698000000000e",
            "name_prefix": "aerolink-dev-secondary-cluster-cluster-ClusterEncryption",
            "path": "/",
            "policy": "{\"Statement\":[{\"Action\":[\"kms:Encrypt\",\"kms:Decrypt\",\"kms:ListGrants\",\"kms:DescribeKey\"],\"Effect\":\"Allow\",\"Resource\":\"arn:aws:kms:eu-west-1:643942183295:key/00b69349-a2c6-4295-99c6-8c6ed5e71743\"}],\"Version\":\"2012-10-17\"}",
            "policy_id": "ANPAZL3PR6F73P7TKIJQR",
            "tags": {},
            "tags_all": {}
          },
          "sensitive_attributes": [],
          "identity_schema_version": 0,
          "private": "bnVsbA==",
          "dependencies": [
            "module.eks_secondary.module.eks.aws_iam_role.this",
            "module.eks_secondary.module.eks.data.aws_caller_identity.current",
            "module.eks_secondary.module.eks.data.aws_iam_policy_document.assume_role_policy",
            "module.eks_secondary.module.eks.data.aws_iam_session_context.current",
            "module.eks_secondary.module.eks.module.kms.aws_kms_external_key.this",
            "module.eks_secondary.module.eks.module.kms.aws_kms_key.this",
            "module.eks_secondary.module.eks.module.kms.aws_kms_replica_external_key.this",
            "module.eks_secondary.module.eks.module.kms.aws_kms_replica_key.this",
            "module.eks_secondary.module.eks.module.kms.data.aws_caller_identity.current",
            "module.eks_secondary.module.eks.module.kms.data.aws_iam_policy_document.this",
            "module.eks_secondary.module.eks.module.kms.data.aws_partition.current"
          ]
        }
      ]
    },
    {
      "module": "module.eks_secondary.module.eks",
      "mode": "managed",
      "type": "aws_iam_policy",
      "name": "custom",
      "provider": "provider[\"registry.terraform.io/hashicorp/aws\"].secondary",
      "instances": [
        {
          "index_key": 0,
          "schema_version": 0,
          "attributes": {
            "arn": "arn:aws:iam::643942183295:policy/aerolink-dev-secondary-cluster-cluster",
            "attachment_count": 1,
            "description": "",
            "id": "arn:aws:iam::643942183295:policy/aerolink-dev-secondary-cluster-cluster",
            "name": "aerolink-dev-secondary-cluster-cluster",
            "name_prefix": "",
            "path": "/",
            "policy": "{\"Statement\":[{\"Action\":[\"ec2:RunInstances\",\"ec2:CreateLaunchTemplate\",\"ec2:CreateFleet\"],\"Condition\":{\"StringEquals\":{\"aws:RequestTag/eks:eks-cluster-name\":\"${aws:PrincipalTag/eks:eks-cluster-name}\"},\"StringLike\":{\"aws:RequestTag/eks:kubernetes-node-class-name\":\"*\",\"aws:RequestTag/eks:kubernetes-node-pool-name\":\"*\"}},\"Effect\":\"Allow\",\"Resource\":\"*\",\"Sid\":\"Compute\"},{\"Action\":[\"ec2:CreateVolume\",\"ec2:CreateSnapshot\"],\"Condition\":{\"StringEquals\":{\"aws:RequestTag/eks:eks-cluster-name\":\"${aws:PrincipalTag/eks:eks-cluster-name}\"}},\"Effect\":\"Allow\",\"Resource\":[\"arn:aws:ec2:*:*:volume/*\",\"arn:aws:ec2:*:*:snapshot/*\"],\"Sid\":\"Storage\"},{\"Action\":\"ec2:CreateNetworkInterface\",\"Condition\":{\"StringEquals\":{\"aws:RequestTag/eks:eks-cluster-name\":\"${aws:PrincipalTag/eks:eks-cluster-name}\",\"aws:RequestTag/eks:kubernetes-cni-node-name\":\"*\"}},\"Effect\":\"Allow\",\"Resource\":\"*\",\"Sid\":\"Networking\"},{\"Action\":[\"elasticloadbalancing:CreateTargetGroup\",\"elasticloadbalancing:CreateRule\",\"elasticloadbalancing:CreateLoadBalancer\",\"elasticloadbalancing:CreateListener\",\"ec2:CreateSecurityGroup\"],\"Condition\":{\"StringEquals\":{\"aws:RequestTag/eks:eks-cluster-name\":\"${aws:PrincipalTag/eks:eks-cluster-name}\"}},\"Effect\":\"Allow\",\"Resource\":\"*\",\"Sid\":\"LoadBalancer\"},{\"Action\":\"shield:CreateProtection\",\"Condition\":{\"StringEquals\":{\"aws:RequestTag/eks:eks-cluster-name\":\"${aws:PrincipalTag/eks:eks-cluster-name}\"}},\"Effect\":\"Allow\",\"Resource\":\"*\",\"Sid\":\"ShieldProtection\"},{\"Action\":\"shield:TagResource\",\"Condition\":{\"StringEquals\":{\"aws:RequestTag/eks:eks-cluster-name\":\"${aws:PrincipalTag/eks:eks-cluster-name}\"}},\"Effect\":\"Allow\",\"Resource\":\"arn:aws:shield::*:protection/*\",\"Sid\":\"ShieldTagResource\"}],\"Version\":\"2012-10-17\"}",
            "policy_id": "ANPAZL3PR6F7UEKMDQ7H3",
            "tags": {},
            "tags_all": {}
          },
          "sensitive_attributes": [],
          "identity_schema_version": 0,
          "private": "bnVsbA==",
          "dependencies": [
            "module.eks_secondary.module.eks.data.aws_iam_policy_document.custom",
            "module.eks_secondary.module.eks.data.aws_partition.current"
          ]
        }
      ]
    },
    {
      "module": "module.eks_secondary.module.eks",
      "mode": "managed",
      "type": "aws_iam_role",
      "name": "this",
      "provider": "provider[\"registry.terraform.io/hashicorp/aws\"].secondary",
      "instances": [
        {
          "index_key": 0,
          "schema_version": 0,
          "attributes": {
            "arn": "arn:aws:iam::643942183295:role/aerolink-dev-secondary-cluster-cluster",
            "assume_role_policy": "{\"Statement\":[{\"Action\":[\"sts:TagSession\",\"sts:AssumeRole\"],\"Effect\":\"Allow\",\"Principal\":{\"Service\":\"eks.amazonaws.com\"},\"Sid\":\"EKSClusterAssumeRole\"}],\"Version\":\"2012-10-17\"}",
            "create_date": "2026-06-02T10:04:33Z",
            "description": "",
            "force_detach_policies": true,
            "id": "aerolink-dev-secondary-cluster-cluster",
            "inline_policy": [],
            "managed_policy_arns": [
              "arn:aws:iam::643942183295:policy/aerolink-dev-secondary-cluster-cluster",
              "arn:aws:iam::643942183295:policy/aerolink-dev-secondary-cluster-cluster-ClusterEncryption2026060210050698000000000e",
              "arn:aws:iam::aws:policy/AmazonEKSClusterPolicy",
              "arn:aws:iam::aws:policy/AmazonEKSVPCResourceController"
            ],
            "max_session_duration": 3600,
            "name": "aerolink-dev-secondary-cluster-cluster",
            "name_prefix": "",
            "path": "/",
            "permissions_boundary": "",
            "tags": {},
            "tags_all": {},
            "unique_id": "AROAZL3PR6F7SDLAOW7TS"
          },
          "sensitive_attributes": [],
          "identity_schema_version": 0,
          "private": "bnVsbA==",
          "dependencies": [
            "module.eks_secondary.module.eks.data.aws_iam_policy_document.assume_role_policy"
          ],
          "create_before_destroy": true
        }
      ]
    },
    {
      "module": "module.eks_secondary.module.eks",
      "mode": "managed",
      "type": "aws_iam_role_policy_attachment",
      "name": "cluster_encryption",
      "provider": "provider[\"registry.terraform.io/hashicorp/aws\"].secondary",
      "instances": [
        {
          "index_key": 0,
          "schema_version": 0,
          "attributes": {
            "id": "aerolink-dev-secondary-cluster-cluster-2026060210051339760000000f",
            "policy_arn": "arn:aws:iam::643942183295:policy/aerolink-dev-secondary-cluster-cluster-ClusterEncryption2026060210050698000000000e",
            "role": "aerolink-dev-secondary-cluster-cluster"
          },
          "sensitive_attributes": [],
          "identity_schema_version": 0,
          "private": "bnVsbA==",
          "dependencies": [
            "module.eks_secondary.module.eks.aws_iam_policy.cluster_encryption",
            "module.eks_secondary.module.eks.aws_iam_role.this",
            "module.eks_secondary.module.eks.data.aws_caller_identity.current",
            "module.eks_secondary.module.eks.data.aws_iam_policy_document.assume_role_policy",
            "module.eks_secondary.module.eks.data.aws_iam_session_context.current",
            "module.eks_secondary.module.eks.module.kms.aws_kms_external_key.this",
            "module.eks_secondary.module.eks.module.kms.aws_kms_key.this",
            "module.eks_secondary.module.eks.module.kms.aws_kms_replica_external_key.this",
            "module.eks_secondary.module.eks.module.kms.aws_kms_replica_key.this",
            "module.eks_secondary.module.eks.module.kms.data.aws_caller_identity.current",
            "module.eks_secondary.module.eks.module.kms.data.aws_iam_policy_document.this",
            "module.eks_secondary.module.eks.module.kms.data.aws_partition.current"
          ]
        }
      ]
    },
    {
      "module": "module.eks_secondary.module.eks",
      "mode": "managed",
      "type": "aws_iam_role_policy_attachment",
      "name": "custom",
      "provider": "provider[\"registry.terraform.io/hashicorp/aws\"].secondary",
      "instances": [
        {
          "index_key": 0,
          "schema_version": 0,
          "attributes": {
            "id": "aerolink-dev-secondary-cluster-cluster-20260602100437365300000007",
            "policy_arn": "arn:aws:iam::643942183295:policy/aerolink-dev-secondary-cluster-cluster",
            "role": "aerolink-dev-secondary-cluster-cluster"
          },
          "sensitive_attributes": [],
          "identity_schema_version": 0,
          "private": "bnVsbA==",
          "dependencies": [
            "module.eks_secondary.module.eks.aws_iam_policy.custom",
            "module.eks_secondary.module.eks.aws_iam_role.this",
            "module.eks_secondary.module.eks.data.aws_iam_policy_document.assume_role_policy",
            "module.eks_secondary.module.eks.data.aws_iam_policy_document.custom",
            "module.eks_secondary.module.eks.data.aws_partition.current"
          ]
        }
      ]
    },
    {
      "module": "module.eks_secondary.module.eks",
      "mode": "managed",
      "type": "aws_iam_role_policy_attachment",
      "name": "this",
      "provider": "provider[\"registry.terraform.io/hashicorp/aws\"].secondary",
      "instances": [
        {
          "index_key": "AmazonEKSClusterPolicy",
          "schema_version": 0,
          "attributes": {
            "id": "aerolink-dev-secondary-cluster-cluster-20260602100437600900000008",
            "policy_arn": "arn:aws:iam::aws:policy/AmazonEKSClusterPolicy",
            "role": "aerolink-dev-secondary-cluster-cluster"
          },
          "sensitive_attributes": [],
          "identity_schema_version": 0,
          "private": "bnVsbA==",
          "dependencies": [
            "module.eks_secondary.module.eks.aws_iam_role.this",
            "module.eks_secondary.module.eks.data.aws_iam_policy_document.assume_role_policy",
            "module.eks_secondary.module.eks.data.aws_partition.current"
          ],
          "create_before_destroy": true
        },
        {
          "index_key": "AmazonEKSVPCResourceController",
          "schema_version": 0,
          "attributes": {
            "id": "aerolink-dev-secondary-cluster-cluster-20260602100437247600000006",
            "policy_arn": "arn:aws:iam::aws:policy/AmazonEKSVPCResourceController",
            "role": "aerolink-dev-secondary-cluster-cluster"
          },
          "sensitive_attributes": [],
          "identity_schema_version": 0,
          "private": "bnVsbA==",
          "dependencies": [
            "module.eks_secondary.module.eks.aws_iam_role.this",
            "module.eks_secondary.module.eks.data.aws_iam_policy_document.assume_role_policy",
            "module.eks_secondary.module.eks.data.aws_partition.current"
          ],
          "create_before_destroy": true
        }
      ]
    },
    {
      "module": "module.eks_secondary.module.eks",
      "mode": "managed",
      "type": "aws_security_group",
      "name": "cluster",
      "provider": "provider[\"registry.terraform.io/hashicorp/aws\"].secondary",
      "instances": [
        {
          "index_key": 0,
          "schema_version": 1,
          "attributes": {
            "arn": "arn:aws:ec2:eu-west-1:643942183295:security-group/sg-0a62395c7425ec055",
            "description": "EKS cluster security group",
            "egress": [],
            "id": "sg-0a62395c7425ec055",
            "ingress": [
              {
                "cidr_blocks": [],
                "description": "Node groups to cluster API",
                "from_port": 443,
                "ipv6_cidr_blocks": [],
                "prefix_list_ids": [],
                "protocol": "tcp",
                "security_groups": [
                  "sg-085f46ed53a51adb2"
                ],
                "self": false,
                "to_port": 443
              }
            ],
            "name": "aerolink-dev-secondary-cluster-cluster-2026060210045034650000000c",
            "name_prefix": "aerolink-dev-secondary-cluster-cluster-",
            "owner_id": "643942183295",
            "revoke_rules_on_delete": false,
            "tags": {
              "Name": "aerolink-dev-secondary-cluster-cluster"
            },
            "tags_all": {
              "Name": "aerolink-dev-secondary-cluster-cluster"
            },
            "timeouts": null,
            "vpc_id": "vpc-0a99a34f319aaa368"
          },
          "sensitive_attributes": [],
          "identity_schema_version": 0,
          "private": "eyJlMmJmYjczMC1lY2FhLTExZTYtOGY4OC0zNDM2M2JjN2M0YzAiOnsiY3JlYXRlIjo2MDAwMDAwMDAwMDAsImRlbGV0ZSI6OTAwMDAwMDAwMDAwfSwic2NoZW1hX3ZlcnNpb24iOiIxIn0=",
          "dependencies": [
            "module.vpc_secondary.module.vpc.aws_vpc.this"
          ],
          "create_before_destroy": true
        }
      ]
    },
    {
      "module": "module.eks_secondary.module.eks",
      "mode": "managed",
      "type": "aws_security_group",
      "name": "node",
      "provider": "provider[\"registry.terraform.io/hashicorp/aws\"].secondary",
      "instances": [
        {
          "index_key": 0,
          "schema_version": 1,
          "attributes": {
            "arn": "arn:aws:ec2:eu-west-1:643942183295:security-group/sg-085f46ed53a51adb2",
            "description": "EKS node shared security group",
            "egress": [
              {
                "cidr_blocks": [
                  "0.0.0.0/0"
                ],
                "description": "Allow all egress",
                "from_port": 0,
                "ipv6_cidr_blocks": [],
                "prefix_list_ids": [],
                "protocol": "-1",
                "security_groups": [],
                "self": false,
                "to_port": 0
              }
            ],
            "id": "sg-085f46ed53a51adb2",
            "ingress": [
              {
                "cidr_blocks": [],
                "description": "",
                "from_port": 0,
                "ipv6_cidr_blocks": [],
                "prefix_list_ids": [],
                "protocol": "-1",
                "security_groups": [
                  "sg-02402c0650e9e0445"
                ],
                "self": false,
                "to_port": 0
              },
              {
                "cidr_blocks": [],
                "description": "Allow API server to reach Istio webhook",
                "from_port": 15017,
                "ipv6_cidr_blocks": [],
                "prefix_list_ids": [],
                "protocol": "tcp",
                "security_groups": [
                  "sg-0a62395c7425ec055"
                ],
                "self": false,
                "to_port": 15017
              },
              {
                "cidr_blocks": [],
                "description": "Cluster API to node 4443/tcp webhook",
                "from_port": 4443,
                "ipv6_cidr_blocks": [],
                "prefix_list_ids": [],
                "protocol": "tcp",
                "security_groups": [
                  "sg-0a62395c7425ec055"
                ],
                "self": false,
                "to_port": 4443
              },
              {
                "cidr_blocks": [],
                "description": "Cluster API to node 6443/tcp webhook",
                "from_port": 6443,
                "ipv6_cidr_blocks": [],
                "prefix_list_ids": [],
                "protocol": "tcp",
                "security_groups": [
                  "sg-0a62395c7425ec055"
                ],
                "self": false,
                "to_port": 6443
              },
              {
                "cidr_blocks": [],
                "description": "Cluster API to node 8443/tcp webhook",
                "from_port": 8443,
                "ipv6_cidr_blocks": [],
                "prefix_list_ids": [],
                "protocol": "tcp",
                "security_groups": [
                  "sg-0a62395c7425ec055"
                ],
                "self": false,
                "to_port": 8443
              },
              {
                "cidr_blocks": [],
                "description": "Cluster API to node 9443/tcp webhook",
                "from_port": 9443,
                "ipv6_cidr_blocks": [],
                "prefix_list_ids": [],
                "protocol": "tcp",
                "security_groups": [
                  "sg-0a62395c7425ec055"
                ],
                "self": false,
                "to_port": 9443
              },
              {
                "cidr_blocks": [],
                "description": "Cluster API to node groups",
                "from_port": 443,
                "ipv6_cidr_blocks": [],
                "prefix_list_ids": [],
                "protocol": "tcp",
                "security_groups": [
                  "sg-0a62395c7425ec055"
                ],
                "self": false,
                "to_port": 443
              },
              {
                "cidr_blocks": [],
                "description": "Cluster API to node kubelets",
                "from_port": 10250,
                "ipv6_cidr_blocks": [],
                "prefix_list_ids": [],
                "protocol": "tcp",
                "security_groups": [
                  "sg-0a62395c7425ec055"
                ],
                "self": false,
                "to_port": 10250
              },
              {
                "cidr_blocks": [],
                "description": "Node to node CoreDNS UDP",
                "from_port": 53,
                "ipv6_cidr_blocks": [],
                "prefix_list_ids": [],
                "protocol": "udp",
                "security_groups": [],
                "self": true,
                "to_port": 53
              },
              {
                "cidr_blocks": [],
                "description": "Node to node CoreDNS",
                "from_port": 53,
                "ipv6_cidr_blocks": [],
                "prefix_list_ids": [],
                "protocol": "tcp",
                "security_groups": [],
                "self": true,
                "to_port": 53
              },
              {
                "cidr_blocks": [],
                "description": "Node to node ingress on ephemeral ports",
                "from_port": 1025,
                "ipv6_cidr_blocks": [],
                "prefix_list_ids": [],
                "protocol": "tcp",
                "security_groups": [],
                "self": true,
                "to_port": 65535
              }
            ],
            "name": "aerolink-dev-secondary-cluster-node-2026060210045027100000000b",
            "name_prefix": "aerolink-dev-secondary-cluster-node-",
            "owner_id": "643942183295",
            "revoke_rules_on_delete": false,
            "tags": {
              "Name": "aerolink-dev-secondary-cluster-node",
              "kubernetes.io/cluster/aerolink-dev-secondary-cluster": "owned"
            },
            "tags_all": {
              "Name": "aerolink-dev-secondary-cluster-node",
              "kubernetes.io/cluster/aerolink-dev-secondary-cluster": "owned"
            },
            "timeouts": null,
            "vpc_id": "vpc-0a99a34f319aaa368"
          },
          "sensitive_attributes": [],
          "identity_schema_version": 0,
          "private": "eyJlMmJmYjczMC1lY2FhLTExZTYtOGY4OC0zNDM2M2JjN2M0YzAiOnsiY3JlYXRlIjo2MDAwMDAwMDAwMDAsImRlbGV0ZSI6OTAwMDAwMDAwMDAwfSwic2NoZW1hX3ZlcnNpb24iOiIxIn0=",
          "dependencies": [
            "module.vpc_secondary.module.vpc.aws_vpc.this"
          ],
          "create_before_destroy": true
        }
      ]
    },
    {
      "module": "module.eks_secondary.module.eks",
      "mode": "managed",
      "type": "aws_security_group_rule",
      "name": "cluster",
      "provider": "provider[\"registry.terraform.io/hashicorp/aws\"].secondary",
      "instances": [
        {
          "index_key": "ingress_nodes_443",
          "schema_version": 2,
          "attributes": {
            "cidr_blocks": null,
            "description": "Node groups to cluster API",
            "from_port": 443,
            "id": "sgrule-2945927824",
            "ipv6_cidr_blocks": null,
            "prefix_list_ids": null,
            "protocol": "tcp",
            "security_group_id": "sg-0a62395c7425ec055",
            "security_group_rule_id": "sgr-0fd132250b37a6e58",
            "self": false,
            "source_security_group_id": "sg-085f46ed53a51adb2",
            "timeouts": null,
            "to_port": 443,
            "type": "ingress"
          },
          "sensitive_attributes": [],
          "identity_schema_version": 0,
          "private": "eyJlMmJmYjczMC1lY2FhLTExZTYtOGY4OC0zNDM2M2JjN2M0YzAiOnsiY3JlYXRlIjozMDAwMDAwMDAwMDB9LCJzY2hlbWFfdmVyc2lvbiI6IjIifQ==",
          "dependencies": [
            "module.eks_secondary.module.eks.aws_security_group.cluster",
            "module.eks_secondary.module.eks.aws_security_group.node",
            "module.vpc_secondary.module.vpc.aws_vpc.this"
          ],
          "create_before_destroy": true
        }
      ]
    },
    {
      "module": "module.eks_secondary.module.eks",
      "mode": "managed",
      "type": "aws_security_group_rule",
      "name": "node",
      "provider": "provider[\"registry.terraform.io/hashicorp/aws\"].secondary",
      "instances": [
        {
          "index_key": "egress_all",
          "schema_version": 2,
          "attributes": {
            "cidr_blocks": [
              "0.0.0.0/0"
            ],
            "description": "Allow all egress",
            "from_port": 0,
            "id": "sgrule-719809927",
            "ipv6_cidr_blocks": null,
            "prefix_list_ids": [],
            "protocol": "-1",
            "security_group_id": "sg-085f46ed53a51adb2",
            "security_group_rule_id": "sgr-0059522981917bd76",
            "self": false,
            "source_security_group_id": null,
            "timeouts": null,
            "to_port": 0,
            "type": "egress"
          },
          "sensitive_attributes": [],
          "identity_schema_version": 0,
          "private": "eyJlMmJmYjczMC1lY2FhLTExZTYtOGY4OC0zNDM2M2JjN2M0YzAiOnsiY3JlYXRlIjozMDAwMDAwMDAwMDB9LCJzY2hlbWFfdmVyc2lvbiI6IjIifQ==",
          "dependencies": [
            "module.eks_secondary.module.eks.aws_security_group.cluster",
            "module.eks_secondary.module.eks.aws_security_group.node",
            "module.vpc_secondary.module.vpc.aws_vpc.this"
          ],
          "create_before_destroy": true
        },
        {
          "index_key": "ingress_cluster_443",
          "schema_version": 2,
          "attributes": {
            "cidr_blocks": null,
            "description": "Cluster API to node groups",
            "from_port": 443,
            "id": "sgrule-1206825686",
            "ipv6_cidr_blocks": null,
            "prefix_list_ids": [],
            "protocol": "tcp",
            "security_group_id": "sg-085f46ed53a51adb2",
            "security_group_rule_id": "sgr-0614301a7fbf0c8db",
            "self": false,
            "source_security_group_id": "sg-0a62395c7425ec055",
            "timeouts": null,
            "to_port": 443,
            "type": "ingress"
          },
          "sensitive_attributes": [],
          "identity_schema_version": 0,
          "private": "eyJlMmJmYjczMC1lY2FhLTExZTYtOGY4OC0zNDM2M2JjN2M0YzAiOnsiY3JlYXRlIjozMDAwMDAwMDAwMDB9LCJzY2hlbWFfdmVyc2lvbiI6IjIifQ==",
          "dependencies": [
            "module.eks_secondary.module.eks.aws_security_group.cluster",
            "module.eks_secondary.module.eks.aws_security_group.node",
            "module.vpc_secondary.module.vpc.aws_vpc.this"
          ],
          "create_before_destroy": true
        },
        {
          "index_key": "ingress_cluster_4443_webhook",
          "schema_version": 2,
          "attributes": {
            "cidr_blocks": null,
            "description": "Cluster API to node 4443/tcp webhook",
            "from_port": 4443,
            "id": "sgrule-3435750620",
            "ipv6_cidr_blocks": null,
            "prefix_list_ids": [],
            "protocol": "tcp",
            "security_group_id": "sg-085f46ed53a51adb2",
            "security_group_rule_id": "sgr-0000c5872b4c66120",
            "self": false,
            "source_security_group_id": "sg-0a62395c7425ec055",
            "timeouts": null,
            "to_port": 4443,
            "type": "ingress"
          },
          "sensitive_attributes": [],
          "identity_schema_version": 0,
          "private": "eyJlMmJmYjczMC1lY2FhLTExZTYtOGY4OC0zNDM2M2JjN2M0YzAiOnsiY3JlYXRlIjozMDAwMDAwMDAwMDB9LCJzY2hlbWFfdmVyc2lvbiI6IjIifQ==",
          "dependencies": [
            "module.eks_secondary.module.eks.aws_security_group.cluster",
            "module.eks_secondary.module.eks.aws_security_group.node",
            "module.vpc_secondary.module.vpc.aws_vpc.this"
          ],
          "create_before_destroy": true
        },
        {
          "index_key": "ingress_cluster_6443_webhook",
          "schema_version": 2,
          "attributes": {
            "cidr_blocks": null,
            "description": "Cluster API to node 6443/tcp webhook",
            "from_port": 6443,
            "id": "sgrule-92996426",
            "ipv6_cidr_blocks": null,
            "prefix_list_ids": [],
            "protocol": "tcp",
            "security_group_id": "sg-085f46ed53a51adb2",
            "security_group_rule_id": "sgr-00801c707a83fcd9e",
            "self": false,
            "source_security_group_id": "sg-0a62395c7425ec055",
            "timeouts": null,
            "to_port": 6443,
            "type": "ingress"
          },
          "sensitive_attributes": [],
          "identity_schema_version": 0,
          "private": "eyJlMmJmYjczMC1lY2FhLTExZTYtOGY4OC0zNDM2M2JjN2M0YzAiOnsiY3JlYXRlIjozMDAwMDAwMDAwMDB9LCJzY2hlbWFfdmVyc2lvbiI6IjIifQ==",
          "dependencies": [
            "module.eks_secondary.module.eks.aws_security_group.cluster",
            "module.eks_secondary.module.eks.aws_security_group.node",
            "module.vpc_secondary.module.vpc.aws_vpc.this"
          ],
          "create_before_destroy": true
        },
        {
          "index_key": "ingress_cluster_8443_webhook",
          "schema_version": 2,
          "attributes": {
            "cidr_blocks": null,
            "description": "Cluster API to node 8443/tcp webhook",
            "from_port": 8443,
            "id": "sgrule-383205227",
            "ipv6_cidr_blocks": null,
            "prefix_list_ids": [],
            "protocol": "tcp",
            "security_group_id": "sg-085f46ed53a51adb2",
            "security_group_rule_id": "sgr-090f2b5364dd72ebe",
            "self": false,
            "source_security_group_id": "sg-0a62395c7425ec055",
            "timeouts": null,
            "to_port": 8443,
            "type": "ingress"
          },
          "sensitive_attributes": [],
          "identity_schema_version": 0,
          "private": "eyJlMmJmYjczMC1lY2FhLTExZTYtOGY4OC0zNDM2M2JjN2M0YzAiOnsiY3JlYXRlIjozMDAwMDAwMDAwMDB9LCJzY2hlbWFfdmVyc2lvbiI6IjIifQ==",
          "dependencies": [
            "module.eks_secondary.module.eks.aws_security_group.cluster",
            "module.eks_secondary.module.eks.aws_security_group.node",
            "module.vpc_secondary.module.vpc.aws_vpc.this"
          ],
          "create_before_destroy": true
        },
        {
          "index_key": "ingress_cluster_9443_webhook",
          "schema_version": 2,
          "attributes": {
            "cidr_blocks": null,
            "description": "Cluster API to node 9443/tcp webhook",
            "from_port": 9443,
            "id": "sgrule-1920339104",
            "ipv6_cidr_blocks": null,
            "prefix_list_ids": [],
            "protocol": "tcp",
            "security_group_id": "sg-085f46ed53a51adb2",
            "security_group_rule_id": "sgr-091fc24d94c56173c",
            "self": false,
            "source_security_group_id": "sg-0a62395c7425ec055",
            "timeouts": null,
            "to_port": 9443,
            "type": "ingress"
          },
          "sensitive_attributes": [],
          "identity_schema_version": 0,
          "private": "eyJlMmJmYjczMC1lY2FhLTExZTYtOGY4OC0zNDM2M2JjN2M0YzAiOnsiY3JlYXRlIjozMDAwMDAwMDAwMDB9LCJzY2hlbWFfdmVyc2lvbiI6IjIifQ==",
          "dependencies": [
            "module.eks_secondary.module.eks.aws_security_group.cluster",
            "module.eks_secondary.module.eks.aws_security_group.node",
            "module.vpc_secondary.module.vpc.aws_vpc.this"
          ],
          "create_before_destroy": true
        },
        {
          "index_key": "ingress_cluster_kubelet",
          "schema_version": 2,
          "attributes": {
            "cidr_blocks": null,
            "description": "Cluster API to node kubelets",
            "from_port": 10250,
            "id": "sgrule-3807422238",
            "ipv6_cidr_blocks": null,
            "prefix_list_ids": [],
            "protocol": "tcp",
            "security_group_id": "sg-085f46ed53a51adb2",
            "security_group_rule_id": "sgr-03d9c90bccbf85638",
            "self": false,
            "source_security_group_id": "sg-0a62395c7425ec055",
            "timeouts": null,
            "to_port": 10250,
            "type": "ingress"
          },
          "sensitive_attributes": [],
          "identity_schema_version": 0,
          "private": "eyJlMmJmYjczMC1lY2FhLTExZTYtOGY4OC0zNDM2M2JjN2M0YzAiOnsiY3JlYXRlIjozMDAwMDAwMDAwMDB9LCJzY2hlbWFfdmVyc2lvbiI6IjIifQ==",
          "dependencies": [
            "module.eks_secondary.module.eks.aws_security_group.cluster",
            "module.eks_secondary.module.eks.aws_security_group.node",
            "module.vpc_secondary.module.vpc.aws_vpc.this"
          ],
          "create_before_destroy": true
        },
        {
          "index_key": "ingress_istio_webhook",
          "schema_version": 2,
          "attributes": {
            "cidr_blocks": null,
            "description": "Allow API server to reach Istio webhook",
            "from_port": 15017,
            "id": "sgrule-3184701663",
            "ipv6_cidr_blocks": null,
            "prefix_list_ids": [],
            "protocol": "tcp",
            "security_group_id": "sg-085f46ed53a51adb2",
            "security_group_rule_id": "sgr-0ad37cf958dbe839d",
            "self": false,
            "source_security_group_id": "sg-0a62395c7425ec055",
            "timeouts": null,
            "to_port": 15017,
            "type": "ingress"
          },
          "sensitive_attributes": [],
          "identity_schema_version": 0,
          "private": "eyJlMmJmYjczMC1lY2FhLTExZTYtOGY4OC0zNDM2M2JjN2M0YzAiOnsiY3JlYXRlIjozMDAwMDAwMDAwMDB9LCJzY2hlbWFfdmVyc2lvbiI6IjIifQ==",
          "dependencies": [
            "module.eks_secondary.module.eks.aws_security_group.cluster",
            "module.eks_secondary.module.eks.aws_security_group.node",
            "module.vpc_secondary.module.vpc.aws_vpc.this"
          ],
          "create_before_destroy": true
        },
        {
          "index_key": "ingress_nodes_ephemeral",
          "schema_version": 2,
          "attributes": {
            "cidr_blocks": null,
            "description": "Node to node ingress on ephemeral ports",
            "from_port": 1025,
            "id": "sgrule-3825738906",
            "ipv6_cidr_blocks": null,
            "prefix_list_ids": [],
            "protocol": "tcp",
            "security_group_id": "sg-085f46ed53a51adb2",
            "security_group_rule_id": "sgr-06bf1ff8f749557f8",
            "self": true,
            "source_security_group_id": null,
            "timeouts": null,
            "to_port": 65535,
            "type": "ingress"
          },
          "sensitive_attributes": [],
          "identity_schema_version": 0,
          "private": "eyJlMmJmYjczMC1lY2FhLTExZTYtOGY4OC0zNDM2M2JjN2M0YzAiOnsiY3JlYXRlIjozMDAwMDAwMDAwMDB9LCJzY2hlbWFfdmVyc2lvbiI6IjIifQ==",
          "dependencies": [
            "module.eks_secondary.module.eks.aws_security_group.cluster",
            "module.eks_secondary.module.eks.aws_security_group.node",
            "module.vpc_secondary.module.vpc.aws_vpc.this"
          ],
          "create_before_destroy": true
        },
        {
          "index_key": "ingress_self_coredns_tcp",
          "schema_version": 2,
          "attributes": {
            "cidr_blocks": null,
            "description": "Node to node CoreDNS",
            "from_port": 53,
            "id": "sgrule-3747854799",
            "ipv6_cidr_blocks": null,
            "prefix_list_ids": [],
            "protocol": "tcp",
            "security_group_id": "sg-085f46ed53a51adb2",
            "security_group_rule_id": "sgr-05de3a148a050fe1e",
            "self": true,
            "source_security_group_id": null,
            "timeouts": null,
            "to_port": 53,
            "type": "ingress"
          },
          "sensitive_attributes": [],
          "identity_schema_version": 0,
          "private": "eyJlMmJmYjczMC1lY2FhLTExZTYtOGY4OC0zNDM2M2JjN2M0YzAiOnsiY3JlYXRlIjozMDAwMDAwMDAwMDB9LCJzY2hlbWFfdmVyc2lvbiI6IjIifQ==",
          "dependencies": [
            "module.eks_secondary.module.eks.aws_security_group.cluster",
            "module.eks_secondary.module.eks.aws_security_group.node",
            "module.vpc_secondary.module.vpc.aws_vpc.this"
          ],
          "create_before_destroy": true
        },
        {
          "index_key": "ingress_self_coredns_udp",
          "schema_version": 2,
          "attributes": {
            "cidr_blocks": null,
            "description": "Node to node CoreDNS UDP",
            "from_port": 53,
            "id": "sgrule-2067536416",
            "ipv6_cidr_blocks": null,
            "prefix_list_ids": [],
            "protocol": "udp",
            "security_group_id": "sg-085f46ed53a51adb2",
            "security_group_rule_id": "sgr-0233bfe45006c9890",
            "self": true,
            "source_security_group_id": null,
            "timeouts": null,
            "to_port": 53,
            "type": "ingress"
          },
          "sensitive_attributes": [],
          "identity_schema_version": 0,
          "private": "eyJlMmJmYjczMC1lY2FhLTExZTYtOGY4OC0zNDM2M2JjN2M0YzAiOnsiY3JlYXRlIjozMDAwMDAwMDAwMDB9LCJzY2hlbWFfdmVyc2lvbiI6IjIifQ==",
          "dependencies": [
            "module.eks_secondary.module.eks.aws_security_group.cluster",
            "module.eks_secondary.module.eks.aws_security_group.node",
            "module.vpc_secondary.module.vpc.aws_vpc.this"
          ],
          "create_before_destroy": true
        }
      ]
    },
    {
      "module": "module.eks_secondary.module.eks",
      "mode": "managed",
      "type": "time_sleep",
      "name": "this",
      "provider": "provider[\"registry.terraform.io/hashicorp/time\"]",
      "instances": [
        {
          "index_key": 0,
          "schema_version": 0,
          "attributes": {
            "create_duration": "30s",
            "destroy_duration": null,
            "id": "2026-06-02T10:14:06Z",
            "triggers": {
              "cluster_certificate_authority_data": "LS0tLS1CRUdJTiBDRVJUSUZJQ0FURS0tLS0tCk1JSURCVENDQWUyZ0F3SUJBZ0lJWU9PM1d0STREejR3RFFZSktvWklodmNOQVFFTEJRQXdGVEVUTUJFR0ExVUUKQXhNS2EzVmlaWEp1WlhSbGN6QWVGdzB5TmpBMk1ESXhNREEwTWpCYUZ3MHpOakExTXpBeE1EQTVNakJhTUJVeApFekFSQmdOVkJBTVRDbXQxWW1WeWJtVjBaWE13Z2dFaU1BMEdDU3FHU0liM0RRRUJBUVVBQTRJQkR3QXdnZ0VLCkFvSUJBUUR0Uk1yWWEwU1laNVN4VXVWVVFlbjJvWlNzejM1K09LcUp3OU5JYjFhY01rMHZybUF3dTAxZEgyRmsKN2E0VTh1akdXVjJZZFhlWkhTd285ZG5GVVhXZzRqcEtSVlMwRXpaZ0thR0ZRblBiSXR6LzE1dXBGZnl6SjgwcQowQmVhVDVSeC8wTFhhSnFBOVRVK0xQRzg0S2JpandoNzhwYVQyRmZNRUlaMkRNalFqZ0V2UHhLYlhWNG5wY0FhCk1tOS92ZFE3Nm9pa1hGZ29TVWdNNjc2NW5IY0tpOTBxQUg1bjdyR1V1Y3ZGOWV0WlJrd1pEenFGcDJRSExDQVQKT0hidGs3TXJpWGwzYUV2ay9JVnF6dHFpNkE2Z1BrUUN0YXM2R21NYXNyNUJ3ekJsNnExeUt4VXQ0YmNsdmF6WgpNSWhkRENyVjl0K2creWVSb2xRaEtVc0NOWlFaQWdNQkFBR2pXVEJYTUE0R0ExVWREd0VCL3dRRUF3SUNwREFQCkJnTlZIUk1CQWY4RUJUQURBUUgvTUIwR0ExVWREZ1FXQkJSNlNONU1NNi9VZjdRTnBveEh1TkhKa2NuZlRUQVYKQmdOVkhSRUVEakFNZ2dwcmRXSmxjbTVsZEdWek1BMEdDU3FHU0liM0RRRUJDd1VBQTRJQkFRQUNVZXFlZEhjLwpua0hOME5RWnBiZGpKNkk0dWF6aE1WazdIQWlrZWxWalhSZU41RWtYR3UvRzV0M2pQT1dWUnl5NGlibFdBbTc1CkEyVVlBUnl3UUovaCtIZ1lWZ1VCcjVRbW9icnIwbGIwRXQ2dnh6aENON2puT3ZlM0hLU29VMlJPUkRKb0YxTHQKQVB3WVRrK0hVM1prTnh5dzJCVUNtOHVIMmVzVTRvSVdlU00rM0ZUYjdZSzlDZ0JZdEZPVVh3QVZGeWxVWkVWUQovVnFuV0NkNlcrOGN5QWhVWjdyMW10ZzE1VldlRDJ2YmlBU01pNGk2RnJnbzdMSEJYYTczdEIvOTdPcGdZSWxUCk9IeVEvWEdOZUdSdjBOM3Jhcnd5SWdPZDJLaW1vNTYxbmE1UFBldnpGR3Y1SlRwbkFlMDdQL1cvTjJFdU5SbWMKNzZNSnRFTGhKS0MzCi0tLS0tRU5EIENFUlRJRklDQVRFLS0tLS0K",
              "cluster_endpoint": "https://F286FCF61B93356582E1FADE0BD1A183.yl4.eu-west-1.eks.amazonaws.com",
              "cluster_name": "aerolink-dev-secondary-cluster",
              "cluster_service_cidr": "172.20.0.0/16",
              "cluster_version": "1.30"
            }
          },
          "sensitive_attributes": [],
          "identity_schema_version": 0,
          "dependencies": [
            "module.eks_secondary.module.eks.aws_cloudwatch_log_group.this",
            "module.eks_secondary.module.eks.aws_eks_cluster.this",
            "module.eks_secondary.module.eks.aws_iam_policy.cni_ipv6_policy",
            "module.eks_secondary.module.eks.aws_iam_role.eks_auto",
            "module.eks_secondary.module.eks.aws_iam_role.this",
            "module.eks_secondary.module.eks.aws_iam_role_policy_attachment.this",
            "module.eks_secondary.module.eks.aws_security_group.cluster",
            "module.eks_secondary.module.eks.aws_security_group.node",
            "module.eks_secondary.module.eks.aws_security_group_rule.cluster",
            "module.eks_secondary.module.eks.aws_security_group_rule.node",
            "module.eks_secondary.module.eks.data.aws_caller_identity.current",
            "module.eks_secondary.module.eks.data.aws_iam_policy_document.assume_role_policy",
            "module.eks_secondary.module.eks.data.aws_iam_policy_document.cni_ipv6_policy",
            "module.eks_secondary.module.eks.data.aws_iam_policy_document.node_assume_role_policy",
            "module.eks_secondary.module.eks.data.aws_iam_session_context.current",
            "module.eks_secondary.module.eks.data.aws_partition.current",
            "module.eks_secondary.module.eks.module.kms.aws_kms_external_key.this",
            "module.eks_secondary.module.eks.module.kms.aws_kms_key.this",
            "module.eks_secondary.module.eks.module.kms.aws_kms_replica_external_key.this",
            "module.eks_secondary.module.eks.module.kms.aws_kms_replica_key.this",
            "module.eks_secondary.module.eks.module.kms.data.aws_caller_identity.current",
            "module.eks_secondary.module.eks.module.kms.data.aws_iam_policy_document.this",
            "module.eks_secondary.module.eks.module.kms.data.aws_partition.current",
            "module.vpc_secondary.data.aws_availability_zones.available",
            "module.vpc_secondary.module.vpc.aws_subnet.private",
            "module.vpc_secondary.module.vpc.aws_vpc.this",
            "module.vpc_secondary.module.vpc.aws_vpc_ipv4_cidr_block_association.this"
          ],
          "create_before_destroy": true
        }
      ]
    },
    {
      "module": "module.eks_secondary.module.eks.module.eks_managed_node_group[\"spot_nodes\"]",
      "mode": "data",
      "type": "aws_caller_identity",
      "name": "current",
      "provider": "provider[\"registry.terraform.io/hashicorp/aws\"].secondary",
      "instances": [
        {
          "schema_version": 0,
          "attributes": {
            "account_id": "643942183295",
            "arn": "arn:aws:iam::643942183295:user/AeroLink-Admin",
            "id": "643942183295",
            "user_id": "AIDAZL3PR6F7VCE32XCQY"
          },
          "sensitive_attributes": [],
          "identity_schema_version": 0
        }
      ]
    },
    {
      "module": "module.eks_secondary.module.eks.module.eks_managed_node_group[\"spot_nodes\"]",
      "mode": "data",
      "type": "aws_iam_policy_document",
      "name": "assume_role_policy",
      "provider": "provider[\"registry.terraform.io/hashicorp/aws\"].secondary",
      "instances": [
        {
          "index_key": 0,
          "schema_version": 0,
          "attributes": {
            "id": "2560088296",
            "json": "{\n  \"Version\": \"2012-10-17\",\n  \"Statement\": [\n    {\n      \"Sid\": \"EKSNodeAssumeRole\",\n      \"Effect\": \"Allow\",\n      \"Action\": \"sts:AssumeRole\",\n      \"Principal\": {\n        \"Service\": \"ec2.amazonaws.com\"\n      }\n    }\n  ]\n}",
            "minified_json": "{\"Version\":\"2012-10-17\",\"Statement\":[{\"Sid\":\"EKSNodeAssumeRole\",\"Effect\":\"Allow\",\"Action\":\"sts:AssumeRole\",\"Principal\":{\"Service\":\"ec2.amazonaws.com\"}}]}",
            "override_json": null,
            "override_policy_documents": null,
            "policy_id": null,
            "source_json": null,
            "source_policy_documents": null,
            "statement": [
              {
                "actions": [
                  "sts:AssumeRole"
                ],
                "condition": [],
                "effect": "Allow",
                "not_actions": [],
                "not_principals": [],
                "not_resources": [],
                "principals": [
                  {
                    "identifiers": [
                      "ec2.amazonaws.com"
                    ],
                    "type": "Service"
                  }
                ],
                "resources": [],
                "sid": "EKSNodeAssumeRole"
              }
            ],
            "version": "2012-10-17"
          },
          "sensitive_attributes": [],
          "identity_schema_version": 0
        }
      ]
    },
    {
      "module": "module.eks_secondary.module.eks.module.eks_managed_node_group[\"spot_nodes\"]",
      "mode": "data",
      "type": "aws_partition",
      "name": "current",
      "provider": "provider[\"registry.terraform.io/hashicorp/aws\"].secondary",
      "instances": [
        {
          "schema_version": 0,
          "attributes": {
            "dns_suffix": "amazonaws.com",
            "id": "aws",
            "partition": "aws",
            "reverse_dns_prefix": "com.amazonaws"
          },
          "sensitive_attributes": [],
          "identity_schema_version": 0
        }
      ]
    },
    {
      "module": "module.eks_secondary.module.eks.module.eks_managed_node_group[\"spot_nodes\"]",
      "mode": "managed",
      "type": "aws_eks_node_group",
      "name": "this",
      "provider": "provider[\"registry.terraform.io/hashicorp/aws\"].secondary",
      "instances": [
        {
          "index_key": 0,
          "schema_version": 0,
          "attributes": {
            "ami_type": "AL2023_x86_64_STANDARD",
            "arn": "arn:aws:eks:eu-west-1:643942183295:nodegroup/aerolink-dev-secondary-cluster/spot_nodes-20260602101413445700000013/34cf43e9-cfd9-24f7-6d64-13cd04310164",
            "capacity_type": "SPOT",
            "cluster_name": "aerolink-dev-secondary-cluster",
            "disk_size": 0,
            "force_update_version": null,
            "id": "aerolink-dev-secondary-cluster:spot_nodes-20260602101413445700000013",
            "instance_types": [
              "t3.large"
            ],
            "labels": {},
            "launch_template": [
              {
                "id": "lt-02746b614d261b8ad",
                "name": "spot_nodes-20260602101406430000000011",
                "version": "1"
              }
            ],
            "node_group_name": "spot_nodes-20260602101413445700000013",
            "node_group_name_prefix": "spot_nodes-",
            "node_repair_config": [],
            "node_role_arn": "arn:aws:iam::643942183295:role/spot_nodes-eks-node-group-20260602100432465300000001",
            "release_version": "1.30.14-20260527",
            "remote_access": [],
            "resources": [
              {
                "autoscaling_groups": [
                  {
                    "name": "eks-spot_nodes-20260602101413445700000013-34cf43e9-cfd9-24f7-6d64-13cd04310164"
                  }
                ],
                "remote_access_security_group_id": ""
              }
            ],
            "scaling_config": [
              {
                "desired_size": 3,
                "max_size": 5,
                "min_size": 2
              }
            ],
            "status": "ACTIVE",
            "subnet_ids": [
              "subnet-080231f96d9407879",
              "subnet-0fb4d1b3413c4dac5"
            ],
            "tags": {
              "Name": "spot_nodes"
            },
            "tags_all": {
              "Name": "spot_nodes"
            },
            "taint": [],
            "timeouts": {
              "create": null,
              "delete": null,
              "update": null
            },
            "update_config": [
              {
                "max_unavailable": 0,
                "max_unavailable_percentage": 33
              }
            ],
            "version": "1.30"
          },
          "sensitive_attributes": [],
          "identity_schema_version": 0,
          "private": "eyJlMmJmYjczMC1lY2FhLTExZTYtOGY4OC0zNDM2M2JjN2M0YzAiOnsiY3JlYXRlIjozNjAwMDAwMDAwMDAwLCJkZWxldGUiOjM2MDAwMDAwMDAwMDAsInVwZGF0ZSI6MzYwMDAwMDAwMDAwMH19",
          "dependencies": [
            "module.eks_secondary.module.eks.aws_cloudwatch_log_group.this",
            "module.eks_secondary.module.eks.aws_eks_cluster.this",
            "module.eks_secondary.module.eks.aws_iam_policy.cni_ipv6_policy",
            "module.eks_secondary.module.eks.aws_iam_role.eks_auto",
            "module.eks_secondary.module.eks.aws_iam_role.this",
            "module.eks_secondary.module.eks.aws_iam_role_policy_attachment.this",
            "module.eks_secondary.module.eks.aws_security_group.cluster",
            "module.eks_secondary.module.eks.aws_security_group.node",
            "module.eks_secondary.module.eks.aws_security_group_rule.cluster",
            "module.eks_secondary.module.eks.aws_security_group_rule.node",
            "module.eks_secondary.module.eks.data.aws_caller_identity.current",
            "module.eks_secondary.module.eks.data.aws_iam_policy_document.assume_role_policy",
            "module.eks_secondary.module.eks.data.aws_iam_policy_document.cni_ipv6_policy",
            "module.eks_secondary.module.eks.data.aws_iam_policy_document.node_assume_role_policy",
            "module.eks_secondary.module.eks.data.aws_iam_session_context.current",
            "module.eks_secondary.module.eks.data.aws_partition.current",
            "module.eks_secondary.module.eks.module.eks_managed_node_group.aws_iam_role.this",
            "module.eks_secondary.module.eks.module.eks_managed_node_group.aws_iam_role_policy_attachment.additional",
            "module.eks_secondary.module.eks.module.eks_managed_node_group.aws_iam_role_policy_attachment.this",
            "module.eks_secondary.module.eks.module.eks_managed_node_group.aws_launch_template.this",
            "module.eks_secondary.module.eks.module.eks_managed_node_group.aws_placement_group.this",
            "module.eks_secondary.module.eks.module.eks_managed_node_group.data.aws_caller_identity.current",
            "module.eks_secondary.module.eks.module.eks_managed_node_group.data.aws_ec2_instance_type.this",
            "module.eks_secondary.module.eks.module.eks_managed_node_group.data.aws_ec2_instance_type_offerings.this",
            "module.eks_secondary.module.eks.module.eks_managed_node_group.data.aws_iam_policy_document.assume_role_policy",
            "module.eks_secondary.module.eks.module.eks_managed_node_group.data.aws_partition.current",
            "module.eks_secondary.module.eks.module.eks_managed_node_group.data.aws_ssm_parameter.ami",
            "module.eks_secondary.module.eks.module.eks_managed_node_group.data.aws_subnets.placement_group",
            "module.eks_secondary.module.eks.module.eks_managed_node_group.module.user_data.data.cloudinit_config.al2023_eks_managed_node_group",
            "module.eks_secondary.module.eks.module.eks_managed_node_group.module.user_data.data.cloudinit_config.linux_eks_managed_node_group",
            "module.eks_secondary.module.eks.module.kms.aws_kms_external_key.this",
            "module.eks_secondary.module.eks.module.kms.aws_kms_key.this",
            "module.eks_secondary.module.eks.module.kms.aws_kms_replica_external_key.this",
            "module.eks_secondary.module.eks.module.kms.aws_kms_replica_key.this",
            "module.eks_secondary.module.eks.module.kms.data.aws_caller_identity.current",
            "module.eks_secondary.module.eks.module.kms.data.aws_iam_policy_document.this",
            "module.eks_secondary.module.eks.module.kms.data.aws_partition.current",
            "module.eks_secondary.module.eks.time_sleep.this",
            "module.vpc_secondary.data.aws_availability_zones.available",
            "module.vpc_secondary.module.vpc.aws_subnet.private",
            "module.vpc_secondary.module.vpc.aws_vpc.this",
            "module.vpc_secondary.module.vpc.aws_vpc_ipv4_cidr_block_association.this"
          ],
          "create_before_destroy": true
        }
      ]
    },
    {
      "module": "module.eks_secondary.module.eks.module.eks_managed_node_group[\"spot_nodes\"]",
      "mode": "managed",
      "type": "aws_iam_role",
      "name": "this",
      "provider": "provider[\"registry.terraform.io/hashicorp/aws\"].secondary",
      "instances": [
        {
          "index_key": 0,
          "schema_version": 0,
          "attributes": {
            "arn": "arn:aws:iam::643942183295:role/spot_nodes-eks-node-group-20260602100432465300000001",
            "assume_role_policy": "{\"Statement\":[{\"Action\":\"sts:AssumeRole\",\"Effect\":\"Allow\",\"Principal\":{\"Service\":\"ec2.amazonaws.com\"},\"Sid\":\"EKSNodeAssumeRole\"}],\"Version\":\"2012-10-17\"}",
            "create_date": "2026-06-02T10:04:33Z",
            "description": "EKS managed node group IAM role",
            "force_detach_policies": true,
            "id": "spot_nodes-eks-node-group-20260602100432465300000001",
            "inline_policy": [],
            "managed_policy_arns": [
              "arn:aws:iam::aws:policy/AdministratorAccess",
              "arn:aws:iam::aws:policy/AmazonEC2ContainerRegistryReadOnly",
              "arn:aws:iam::aws:policy/AmazonEKSWorkerNodePolicy",
              "arn:aws:iam::aws:policy/AmazonEKS_CNI_Policy"
            ],
            "max_session_duration": 3600,
            "name": "spot_nodes-eks-node-group-20260602100432465300000001",
            "name_prefix": "spot_nodes-eks-node-group-",
            "path": "/",
            "permissions_boundary": "",
            "tags": {},
            "tags_all": {},
            "unique_id": "AROAZL3PR6F7TWL3JKVSM"
          },
          "sensitive_attributes": [],
          "identity_schema_version": 0,
          "private": "bnVsbA==",
          "dependencies": [
            "module.eks_secondary.module.eks.module.eks_managed_node_group.data.aws_iam_policy_document.assume_role_policy"
          ],
          "create_before_destroy": true
        }
      ]
    },
    {
      "module": "module.eks_secondary.module.eks.module.eks_managed_node_group[\"spot_nodes\"]",
      "mode": "managed",
      "type": "aws_iam_role_policy_attachment",
      "name": "additional",
      "provider": "provider[\"registry.terraform.io/hashicorp/aws\"].secondary",
      "instances": [
        {
          "index_key": "AdministratorAccess",
          "schema_version": 0,
          "attributes": {
            "id": "spot_nodes-eks-node-group-20260602100432465300000001-20260602100436070200000002",
            "policy_arn": "arn:aws:iam::aws:policy/AdministratorAccess",
            "role": "spot_nodes-eks-node-group-20260602100432465300000001"
          },
          "sensitive_attributes": [],
          "identity_schema_version": 0,
          "private": "bnVsbA==",
          "dependencies": [
            "module.eks_secondary.module.eks.module.eks_managed_node_group.aws_iam_role.this",
            "module.eks_secondary.module.eks.module.eks_managed_node_group.data.aws_iam_policy_document.assume_role_policy"
          ],
          "create_before_destroy": true
        }
      ]
    },
    {
      "module": "module.eks_secondary.module.eks.module.eks_managed_node_group[\"spot_nodes\"]",
      "mode": "managed",
      "type": "aws_iam_role_policy_attachment",
      "name": "this",
      "provider": "provider[\"registry.terraform.io/hashicorp/aws\"].secondary",
      "instances": [
        {
          "index_key": "AmazonEC2ContainerRegistryReadOnly",
          "schema_version": 0,
          "attributes": {
            "id": "spot_nodes-eks-node-group-20260602100432465300000001-20260602100436542800000003",
            "policy_arn": "arn:aws:iam::aws:policy/AmazonEC2ContainerRegistryReadOnly",
            "role": "spot_nodes-eks-node-group-20260602100432465300000001"
          },
          "sensitive_attributes": [],
          "identity_schema_version": 0,
          "private": "bnVsbA==",
          "dependencies": [
            "module.eks_secondary.module.eks.module.eks_managed_node_group.aws_iam_role.this",
            "module.eks_secondary.module.eks.module.eks_managed_node_group.data.aws_caller_identity.current",
            "module.eks_secondary.module.eks.module.eks_managed_node_group.data.aws_iam_policy_document.assume_role_policy",
            "module.eks_secondary.module.eks.module.eks_managed_node_group.data.aws_partition.current"
          ],
          "create_before_destroy": true
        },
        {
          "index_key": "AmazonEKSWorkerNodePolicy",
          "schema_version": 0,
          "attributes": {
            "id": "spot_nodes-eks-node-group-20260602100432465300000001-20260602100436709300000004",
            "policy_arn": "arn:aws:iam::aws:policy/AmazonEKSWorkerNodePolicy",
            "role": "spot_nodes-eks-node-group-20260602100432465300000001"
          },
          "sensitive_attributes": [],
          "identity_schema_version": 0,
          "private": "bnVsbA==",
          "dependencies": [
            "module.eks_secondary.module.eks.module.eks_managed_node_group.aws_iam_role.this",
            "module.eks_secondary.module.eks.module.eks_managed_node_group.data.aws_caller_identity.current",
            "module.eks_secondary.module.eks.module.eks_managed_node_group.data.aws_iam_policy_document.assume_role_policy",
            "module.eks_secondary.module.eks.module.eks_managed_node_group.data.aws_partition.current"
          ],
          "create_before_destroy": true
        },
        {
          "index_key": "AmazonEKS_CNI_Policy",
          "schema_version": 0,
          "attributes": {
            "id": "spot_nodes-eks-node-group-20260602100432465300000001-20260602100437206600000005",
            "policy_arn": "arn:aws:iam::aws:policy/AmazonEKS_CNI_Policy",
            "role": "spot_nodes-eks-node-group-20260602100432465300000001"
          },
          "sensitive_attributes": [],
          "identity_schema_version": 0,
          "private": "bnVsbA==",
          "dependencies": [
            "module.eks_secondary.module.eks.module.eks_managed_node_group.aws_iam_role.this",
            "module.eks_secondary.module.eks.module.eks_managed_node_group.data.aws_caller_identity.current",
            "module.eks_secondary.module.eks.module.eks_managed_node_group.data.aws_iam_policy_document.assume_role_policy",
            "module.eks_secondary.module.eks.module.eks_managed_node_group.data.aws_partition.current"
          ],
          "create_before_destroy": true
        }
      ]
    },
    {
      "module": "module.eks_secondary.module.eks.module.eks_managed_node_group[\"spot_nodes\"]",
      "mode": "managed",
      "type": "aws_launch_template",
      "name": "this",
      "provider": "provider[\"registry.terraform.io/hashicorp/aws\"].secondary",
      "instances": [
        {
          "index_key": 0,
          "schema_version": 0,
          "attributes": {
            "arn": "arn:aws:ec2:eu-west-1:643942183295:launch-template/lt-02746b614d261b8ad",
            "block_device_mappings": [],
            "capacity_reservation_specification": [],
            "cpu_options": [],
            "credit_specification": [],
            "default_version": 1,
            "description": "Custom launch template for spot_nodes EKS managed node group",
            "disable_api_stop": false,
            "disable_api_termination": false,
            "ebs_optimized": "",
            "elastic_gpu_specifications": [],
            "elastic_inference_accelerator": [],
            "enclave_options": [],
            "hibernation_options": [],
            "iam_instance_profile": [],
            "id": "lt-02746b614d261b8ad",
            "image_id": "",
            "instance_initiated_shutdown_behavior": "",
            "instance_market_options": [],
            "instance_requirements": [],
            "instance_type": "",
            "kernel_id": "",
            "key_name": "",
            "latest_version": 1,
            "license_specification": [],
            "maintenance_options": [],
            "metadata_options": [
              {
                "http_endpoint": "enabled",
                "http_protocol_ipv6": "",
                "http_put_response_hop_limit": 2,
                "http_tokens": "required",
                "instance_metadata_tags": ""
              }
            ],
            "monitoring": [
              {
                "enabled": true
              }
            ],
            "name": "spot_nodes-20260602101406430000000011",
            "name_prefix": "spot_nodes-",
            "network_interfaces": [],
            "placement": [],
            "private_dns_name_options": [],
            "ram_disk_id": "",
            "security_group_names": [],
            "tag_specifications": [
              {
                "resource_type": "instance",
                "tags": {
                  "Name": "spot_nodes"
                }
              },
              {
                "resource_type": "network-interface",
                "tags": {
                  "Name": "spot_nodes"
                }
              },
              {
                "resource_type": "volume",
                "tags": {
                  "Name": "spot_nodes"
                }
              }
            ],
            "tags": {},
            "tags_all": {},
            "update_default_version": true,
            "user_data": "",
            "vpc_security_group_ids": [
              "sg-085f46ed53a51adb2"
            ]
          },
          "sensitive_attributes": [],
          "identity_schema_version": 0,
          "private": "bnVsbA==",
          "dependencies": [
            "module.eks_secondary.module.eks.aws_cloudwatch_log_group.this",
            "module.eks_secondary.module.eks.aws_eks_cluster.this",
            "module.eks_secondary.module.eks.aws_iam_policy.cni_ipv6_policy",
            "module.eks_secondary.module.eks.aws_iam_role.eks_auto",
            "module.eks_secondary.module.eks.aws_iam_role.this",
            "module.eks_secondary.module.eks.aws_iam_role_policy_attachment.this",
            "module.eks_secondary.module.eks.aws_security_group.cluster",
            "module.eks_secondary.module.eks.aws_security_group.node",
            "module.eks_secondary.module.eks.aws_security_group_rule.cluster",
            "module.eks_secondary.module.eks.aws_security_group_rule.node",
            "module.eks_secondary.module.eks.data.aws_caller_identity.current",
            "module.eks_secondary.module.eks.data.aws_iam_policy_document.assume_role_policy",
            "module.eks_secondary.module.eks.data.aws_iam_policy_document.cni_ipv6_policy",
            "module.eks_secondary.module.eks.data.aws_iam_policy_document.node_assume_role_policy",
            "module.eks_secondary.module.eks.data.aws_iam_session_context.current",
            "module.eks_secondary.module.eks.data.aws_partition.current",
            "module.eks_secondary.module.eks.module.eks_managed_node_group.aws_iam_role.this",
            "module.eks_secondary.module.eks.module.eks_managed_node_group.aws_iam_role_policy_attachment.additional",
            "module.eks_secondary.module.eks.module.eks_managed_node_group.aws_iam_role_policy_attachment.this",
            "module.eks_secondary.module.eks.module.eks_managed_node_group.aws_placement_group.this",
            "module.eks_secondary.module.eks.module.eks_managed_node_group.data.aws_caller_identity.current",
            "module.eks_secondary.module.eks.module.eks_managed_node_group.data.aws_ec2_instance_type.this",
            "module.eks_secondary.module.eks.module.eks_managed_node_group.data.aws_iam_policy_document.assume_role_policy",
            "module.eks_secondary.module.eks.module.eks_managed_node_group.data.aws_partition.current",
            "module.eks_secondary.module.eks.module.eks_managed_node_group.module.user_data.data.cloudinit_config.al2023_eks_managed_node_group",
            "module.eks_secondary.module.eks.module.eks_managed_node_group.module.user_data.data.cloudinit_config.linux_eks_managed_node_group",
            "module.eks_secondary.module.eks.module.kms.aws_kms_external_key.this",
            "module.eks_secondary.module.eks.module.kms.aws_kms_key.this",
            "module.eks_secondary.module.eks.module.kms.aws_kms_replica_external_key.this",
            "module.eks_secondary.module.eks.module.kms.aws_kms_replica_key.this",
            "module.eks_secondary.module.eks.module.kms.data.aws_caller_identity.current",
            "module.eks_secondary.module.eks.module.kms.data.aws_iam_policy_document.this",
            "module.eks_secondary.module.eks.module.kms.data.aws_partition.current",
            "module.eks_secondary.module.eks.time_sleep.this",
            "module.vpc_secondary.data.aws_availability_zones.available",
            "module.vpc_secondary.module.vpc.aws_subnet.private",
            "module.vpc_secondary.module.vpc.aws_vpc.this",
            "module.vpc_secondary.module.vpc.aws_vpc_ipv4_cidr_block_association.this"
          ],
          "create_before_destroy": true
        }
      ]
    },
    {
      "module": "module.eks_secondary.module.eks.module.eks_managed_node_group[\"spot_nodes\"].module.user_data",
      "mode": "managed",
      "type": "null_resource",
      "name": "validate_cluster_service_cidr",
      "provider": "provider[\"registry.terraform.io/hashicorp/null\"]",
      "instances": [
        {
          "schema_version": 0,
          "attributes": {
            "id": "7055640321327451966",
            "triggers": null
          },
          "sensitive_attributes": [],
          "identity_schema_version": 0,
          "dependencies": [
            "module.eks_secondary.module.eks.aws_cloudwatch_log_group.this",
            "module.eks_secondary.module.eks.aws_eks_cluster.this",
            "module.eks_secondary.module.eks.aws_iam_policy.cni_ipv6_policy",
            "module.eks_secondary.module.eks.aws_iam_role.eks_auto",
            "module.eks_secondary.module.eks.aws_iam_role.this",
            "module.eks_secondary.module.eks.aws_iam_role_policy_attachment.this",
            "module.eks_secondary.module.eks.aws_security_group.cluster",
            "module.eks_secondary.module.eks.aws_security_group.node",
            "module.eks_secondary.module.eks.aws_security_group_rule.cluster",
            "module.eks_secondary.module.eks.aws_security_group_rule.node",
            "module.eks_secondary.module.eks.data.aws_caller_identity.current",
            "module.eks_secondary.module.eks.data.aws_iam_policy_document.assume_role_policy",
            "module.eks_secondary.module.eks.data.aws_iam_policy_document.cni_ipv6_policy",
            "module.eks_secondary.module.eks.data.aws_iam_policy_document.node_assume_role_policy",
            "module.eks_secondary.module.eks.data.aws_iam_session_context.current",
            "module.eks_secondary.module.eks.data.aws_partition.current",
            "module.eks_secondary.module.eks.module.kms.aws_kms_external_key.this",
            "module.eks_secondary.module.eks.module.kms.aws_kms_key.this",
            "module.eks_secondary.module.eks.module.kms.aws_kms_replica_external_key.this",
            "module.eks_secondary.module.eks.module.kms.aws_kms_replica_key.this",
            "module.eks_secondary.module.eks.module.kms.data.aws_caller_identity.current",
            "module.eks_secondary.module.eks.module.kms.data.aws_iam_policy_document.this",
            "module.eks_secondary.module.eks.module.kms.data.aws_partition.current",
            "module.eks_secondary.module.eks.time_sleep.this",
            "module.vpc_secondary.data.aws_availability_zones.available",
            "module.vpc_secondary.module.vpc.aws_subnet.private",
            "module.vpc_secondary.module.vpc.aws_vpc.this",
            "module.vpc_secondary.module.vpc.aws_vpc_ipv4_cidr_block_association.this"
          ]
        }
      ]
    },
    {
      "module": "module.eks_secondary.module.eks.module.kms",
      "mode": "data",
      "type": "aws_caller_identity",
      "name": "current",
      "provider": "provider[\"registry.terraform.io/hashicorp/aws\"].secondary",
      "instances": [
        {
          "index_key": 0,
          "schema_version": 0,
          "attributes": {
            "account_id": "643942183295",
            "arn": "arn:aws:iam::643942183295:user/AeroLink-Admin",
            "id": "643942183295",
            "user_id": "AIDAZL3PR6F7VCE32XCQY"
          },
          "sensitive_attributes": [],
          "identity_schema_version": 0
        }
      ]
    },
    {
      "module": "module.eks_secondary.module.eks.module.kms",
      "mode": "data",
      "type": "aws_iam_policy_document",
      "name": "this",
      "provider": "provider[\"registry.terraform.io/hashicorp/aws\"].secondary",
      "instances": [
        {
          "index_key": 0,
          "schema_version": 0,
          "attributes": {
            "id": "3186350771",
            "json": "{\n  \"Version\": \"2012-10-17\",\n  \"Statement\": [\n    {\n      \"Sid\": \"Default\",\n      \"Effect\": \"Allow\",\n      \"Action\": \"kms:*\",\n      \"Resource\": \"*\",\n      \"Principal\": {\n        \"AWS\": \"arn:aws:iam::643942183295:root\"\n      }\n    },\n    {\n      \"Sid\": \"KeyAdministration\",\n      \"Effect\": \"Allow\",\n      \"Action\": [\n        \"kms:Update*\",\n        \"kms:UntagResource\",\n        \"kms:TagResource\",\n        \"kms:ScheduleKeyDeletion\",\n        \"kms:Revoke*\",\n        \"kms:ReplicateKey\",\n        \"kms:Put*\",\n        \"kms:List*\",\n        \"kms:ImportKeyMaterial\",\n        \"kms:Get*\",\n        \"kms:Enable*\",\n        \"kms:Disable*\",\n        \"kms:Describe*\",\n        \"kms:Delete*\",\n        \"kms:Create*\",\n        \"kms:CancelKeyDeletion\"\n      ],\n      \"Resource\": \"*\",\n      \"Principal\": {\n        \"AWS\": \"arn:aws:iam::643942183295:user/AeroLink-Admin\"\n      }\n    },\n    {\n      \"Sid\": \"KeyUsage\",\n      \"Effect\": \"Allow\",\n      \"Action\": [\n        \"kms:ReEncrypt*\",\n        \"kms:GenerateDataKey*\",\n        \"kms:Encrypt\",\n        \"kms:DescribeKey\",\n        \"kms:Decrypt\"\n      ],\n      \"Resource\": \"*\",\n      \"Principal\": {\n        \"AWS\": \"arn:aws:iam::643942183295:role/aerolink-dev-secondary-cluster-cluster\"\n      }\n    }\n  ]\n}",
            "minified_json": "{\"Version\":\"2012-10-17\",\"Statement\":[{\"Sid\":\"Default\",\"Effect\":\"Allow\",\"Action\":\"kms:*\",\"Resource\":\"*\",\"Principal\":{\"AWS\":\"arn:aws:iam::643942183295:root\"}},{\"Sid\":\"KeyAdministration\",\"Effect\":\"Allow\",\"Action\":[\"kms:Update*\",\"kms:UntagResource\",\"kms:TagResource\",\"kms:ScheduleKeyDeletion\",\"kms:Revoke*\",\"kms:ReplicateKey\",\"kms:Put*\",\"kms:List*\",\"kms:ImportKeyMaterial\",\"kms:Get*\",\"kms:Enable*\",\"kms:Disable*\",\"kms:Describe*\",\"kms:Delete*\",\"kms:Create*\",\"kms:CancelKeyDeletion\"],\"Resource\":\"*\",\"Principal\":{\"AWS\":\"arn:aws:iam::643942183295:user/AeroLink-Admin\"}},{\"Sid\":\"KeyUsage\",\"Effect\":\"Allow\",\"Action\":[\"kms:ReEncrypt*\",\"kms:GenerateDataKey*\",\"kms:Encrypt\",\"kms:DescribeKey\",\"kms:Decrypt\"],\"Resource\":\"*\",\"Principal\":{\"AWS\":\"arn:aws:iam::643942183295:role/aerolink-dev-secondary-cluster-cluster\"}}]}",
            "override_json": null,
            "override_policy_documents": null,
            "policy_id": null,
            "source_json": null,
            "source_policy_documents": null,
            "statement": [
              {
                "actions": [
                  "kms:*"
                ],
                "condition": [],
                "effect": "Allow",
                "not_actions": [],
                "not_principals": [],
                "not_resources": [],
                "principals": [
                  {
                    "identifiers": [
                      "arn:aws:iam::643942183295:root"
                    ],
                    "type": "AWS"
                  }
                ],
                "resources": [
                  "*"
                ],
                "sid": "Default"
              },
              {
                "actions": [
                  "kms:CancelKeyDeletion",
                  "kms:Create*",
                  "kms:Delete*",
                  "kms:Describe*",
                  "kms:Disable*",
                  "kms:Enable*",
                  "kms:Get*",
                  "kms:ImportKeyMaterial",
                  "kms:List*",
                  "kms:Put*",
                  "kms:ReplicateKey",
                  "kms:Revoke*",
                  "kms:ScheduleKeyDeletion",
                  "kms:TagResource",
                  "kms:UntagResource",
                  "kms:Update*"
                ],
                "condition": [],
                "effect": "Allow",
                "not_actions": [],
                "not_principals": [],
                "not_resources": [],
                "principals": [
                  {
                    "identifiers": [
                      "arn:aws:iam::643942183295:user/AeroLink-Admin"
                    ],
                    "type": "AWS"
                  }
                ],
                "resources": [
                  "*"
                ],
                "sid": "KeyAdministration"
              },
              {
                "actions": [
                  "kms:Decrypt",
                  "kms:DescribeKey",
                  "kms:Encrypt",
                  "kms:GenerateDataKey*",
                  "kms:ReEncrypt*"
                ],
                "condition": [],
                "effect": "Allow",
                "not_actions": [],
                "not_principals": [],
                "not_resources": [],
                "principals": [
                  {
                    "identifiers": [
                      "arn:aws:iam::643942183295:role/aerolink-dev-secondary-cluster-cluster"
                    ],
                    "type": "AWS"
                  }
                ],
                "resources": [
                  "*"
                ],
                "sid": "KeyUsage"
              }
            ],
            "version": "2012-10-17"
          },
          "sensitive_attributes": [],
          "identity_schema_version": 0
        }
      ]
    },
    {
      "module": "module.eks_secondary.module.eks.module.kms",
      "mode": "data",
      "type": "aws_partition",
      "name": "current",
      "provider": "provider[\"registry.terraform.io/hashicorp/aws\"].secondary",
      "instances": [
        {
          "index_key": 0,
          "schema_version": 0,
          "attributes": {
            "dns_suffix": "amazonaws.com",
            "id": "aws",
            "partition": "aws",
            "reverse_dns_prefix": "com.amazonaws"
          },
          "sensitive_attributes": [],
          "identity_schema_version": 0
        }
      ]
    },
    {
      "module": "module.eks_secondary.module.eks.module.kms",
      "mode": "managed",
      "type": "aws_kms_alias",
      "name": "this",
      "provider": "provider[\"registry.terraform.io/hashicorp/aws\"].secondary",
      "instances": [
        {
          "index_key": "cluster",
          "schema_version": 0,
          "attributes": {
            "arn": "arn:aws:kms:eu-west-1:643942183295:alias/eks/aerolink-dev-secondary-cluster",
            "id": "alias/eks/aerolink-dev-secondary-cluster",
            "name": "alias/eks/aerolink-dev-secondary-cluster",
            "name_prefix": "",
            "target_key_arn": "arn:aws:kms:eu-west-1:643942183295:key/00b69349-a2c6-4295-99c6-8c6ed5e71743",
            "target_key_id": "00b69349-a2c6-4295-99c6-8c6ed5e71743"
          },
          "sensitive_attributes": [],
          "identity_schema_version": 0,
          "private": "bnVsbA==",
          "dependencies": [
            "module.eks_secondary.module.eks.aws_iam_role.this",
            "module.eks_secondary.module.eks.data.aws_caller_identity.current",
            "module.eks_secondary.module.eks.data.aws_iam_policy_document.assume_role_policy",
            "module.eks_secondary.module.eks.data.aws_iam_session_context.current",
            "module.eks_secondary.module.eks.module.kms.aws_kms_external_key.this",
            "module.eks_secondary.module.eks.module.kms.aws_kms_key.this",
            "module.eks_secondary.module.eks.module.kms.aws_kms_replica_external_key.this",
            "module.eks_secondary.module.eks.module.kms.aws_kms_replica_key.this",
            "module.eks_secondary.module.eks.module.kms.data.aws_caller_identity.current",
            "module.eks_secondary.module.eks.module.kms.data.aws_iam_policy_document.this",
            "module.eks_secondary.module.eks.module.kms.data.aws_partition.current"
          ]
        }
      ]
    },
    {
      "module": "module.eks_secondary.module.eks.module.kms",
      "mode": "managed",
      "type": "aws_kms_key",
      "name": "this",
      "provider": "provider[\"registry.terraform.io/hashicorp/aws\"].secondary",
      "instances": [
        {
          "index_key": 0,
          "schema_version": 0,
          "attributes": {
            "arn": "arn:aws:kms:eu-west-1:643942183295:key/00b69349-a2c6-4295-99c6-8c6ed5e71743",
            "bypass_policy_lockout_safety_check": false,
            "custom_key_store_id": "",
            "customer_master_key_spec": "SYMMETRIC_DEFAULT",
            "deletion_window_in_days": null,
            "description": "aerolink-dev-secondary-cluster cluster encryption key",
            "enable_key_rotation": true,
            "id": "00b69349-a2c6-4295-99c6-8c6ed5e71743",
            "is_enabled": true,
            "key_id": "00b69349-a2c6-4295-99c6-8c6ed5e71743",
            "key_usage": "ENCRYPT_DECRYPT",
            "multi_region": false,
            "policy": "{\"Statement\":[{\"Action\":\"kms:*\",\"Effect\":\"Allow\",\"Principal\":{\"AWS\":\"arn:aws:iam::643942183295:root\"},\"Resource\":\"*\",\"Sid\":\"Default\"},{\"Action\":[\"kms:Update*\",\"kms:UntagResource\",\"kms:TagResource\",\"kms:ScheduleKeyDeletion\",\"kms:Revoke*\",\"kms:ReplicateKey\",\"kms:Put*\",\"kms:List*\",\"kms:ImportKeyMaterial\",\"kms:Get*\",\"kms:Enable*\",\"kms:Disable*\",\"kms:Describe*\",\"kms:Delete*\",\"kms:Create*\",\"kms:CancelKeyDeletion\"],\"Effect\":\"Allow\",\"Principal\":{\"AWS\":\"arn:aws:iam::643942183295:user/AeroLink-Admin\"},\"Resource\":\"*\",\"Sid\":\"KeyAdministration\"},{\"Action\":[\"kms:ReEncrypt*\",\"kms:GenerateDataKey*\",\"kms:Encrypt\",\"kms:DescribeKey\",\"kms:Decrypt\"],\"Effect\":\"Allow\",\"Principal\":{\"AWS\":\"arn:aws:iam::643942183295:role/aerolink-dev-secondary-cluster-cluster\"},\"Resource\":\"*\",\"Sid\":\"KeyUsage\"}],\"Version\":\"2012-10-17\"}",
            "rotation_period_in_days": 365,
            "tags": {
              "terraform-aws-modules": "eks"
            },
            "tags_all": {
              "terraform-aws-modules": "eks"
            },
            "timeouts": null,
            "xks_key_id": ""
          },
          "sensitive_attributes": [],
          "identity_schema_version": 0,
          "private": "eyJlMmJmYjczMC1lY2FhLTExZTYtOGY4OC0zNDM2M2JjN2M0YzAiOnsiY3JlYXRlIjoxMjAwMDAwMDAwMDB9fQ==",
          "dependencies": [
            "module.eks_secondary.module.eks.aws_iam_role.this",
            "module.eks_secondary.module.eks.data.aws_caller_identity.current",
            "module.eks_secondary.module.eks.data.aws_iam_policy_document.assume_role_policy",
            "module.eks_secondary.module.eks.data.aws_iam_session_context.current",
            "module.eks_secondary.module.eks.module.kms.data.aws_caller_identity.current",
            "module.eks_secondary.module.eks.module.kms.data.aws_iam_policy_document.this",
            "module.eks_secondary.module.eks.module.kms.data.aws_partition.current"
          ],
          "create_before_destroy": true
        }
      ]
    },
    {
      "module": "module.elasticache_redis",
      "mode": "managed",
      "type": "aws_elasticache_cluster",
      "name": "redis",
      "provider": "provider[\"registry.terraform.io/hashicorp/aws\"].primary",
      "instances": [
        {
          "schema_version": 0,
          "attributes": {
            "apply_immediately": null,
            "arn": "arn:aws:elasticache:us-east-1:643942183295:cluster:aerolink-redis",
            "auto_minor_version_upgrade": "true",
            "availability_zone": "us-east-1b",
            "az_mode": "single-az",
            "cache_nodes": [
              {
                "address": "aerolink-redis.n5hbdw.0001.use1.cache.amazonaws.com",
                "availability_zone": "us-east-1b",
                "id": "0001",
                "outpost_arn": "",
                "port": 6379
              }
            ],
            "cluster_address": null,
            "cluster_id": "aerolink-redis",
            "configuration_endpoint": null,
            "engine": "redis",
            "engine_version": "7.0",
            "engine_version_actual": "7.0.7",
            "final_snapshot_identifier": null,
            "id": "aerolink-redis",
            "ip_discovery": "ipv4",
            "log_delivery_configuration": [],
            "maintenance_window": "thu:09:00-thu:10:00",
            "network_type": "ipv4",
            "node_type": "cache.t3.micro",
            "notification_topic_arn": null,
            "num_cache_nodes": 1,
            "outpost_mode": null,
            "parameter_group_name": "default.redis7",
            "port": 6379,
            "preferred_availability_zones": null,
            "preferred_outpost_arn": "",
            "replication_group_id": "",
            "security_group_ids": [
              "sg-0c4b704c10f418dec"
            ],
            "snapshot_arns": null,
            "snapshot_name": null,
            "snapshot_retention_limit": 0,
            "snapshot_window": "04:30-05:30",
            "subnet_group_name": "aerolink-redis-subnet-group",
            "tags": {},
            "tags_all": {},
            "timeouts": null,
            "transit_encryption_enabled": false
          },
          "sensitive_attributes": [],
          "identity_schema_version": 0,
          "private": "eyJlMmJmYjczMC1lY2FhLTExZTYtOGY4OC0zNDM2M2JjN2M0YzAiOnsiY3JlYXRlIjoyNDAwMDAwMDAwMDAwLCJkZWxldGUiOjI0MDAwMDAwMDAwMDAsInVwZGF0ZSI6NDgwMDAwMDAwMDAwMH19",
          "dependencies": [
            "module.elasticache_redis.aws_elasticache_subnet_group.redis",
            "module.elasticache_redis.aws_security_group.redis",
            "module.vpc_primary.data.aws_availability_zones.available",
            "module.vpc_primary.module.vpc.aws_subnet.private",
            "module.vpc_primary.module.vpc.aws_vpc.this",
            "module.vpc_primary.module.vpc.aws_vpc_ipv4_cidr_block_association.this"
          ]
        }
      ]
    },
    {
      "module": "module.elasticache_redis",
      "mode": "managed",
      "type": "aws_elasticache_subnet_group",
      "name": "redis",
      "provider": "provider[\"registry.terraform.io/hashicorp/aws\"].primary",
      "instances": [
        {
          "schema_version": 0,
          "attributes": {
            "arn": "arn:aws:elasticache:us-east-1:643942183295:subnetgroup:aerolink-redis-subnet-group",
            "description": "Managed by Terraform",
            "id": "aerolink-redis-subnet-group",
            "name": "aerolink-redis-subnet-group",
            "subnet_ids": [
              "subnet-00f2acb723ea3ed5f",
              "subnet-073b613c1e994a689"
            ],
            "tags": {},
            "tags_all": {},
            "vpc_id": "vpc-025c48b3d39de9e1d"
          },
          "sensitive_attributes": [],
          "identity_schema_version": 0,
          "private": "bnVsbA==",
          "dependencies": [
            "module.vpc_primary.data.aws_availability_zones.available",
            "module.vpc_primary.module.vpc.aws_subnet.private",
            "module.vpc_primary.module.vpc.aws_vpc.this",
            "module.vpc_primary.module.vpc.aws_vpc_ipv4_cidr_block_association.this"
          ]
        }
      ]
    },
    {
      "module": "module.elasticache_redis",
      "mode": "managed",
      "type": "aws_security_group",
      "name": "redis",
      "provider": "provider[\"registry.terraform.io/hashicorp/aws\"].primary",
      "instances": [
        {
          "schema_version": 1,
          "attributes": {
            "arn": "arn:aws:ec2:us-east-1:643942183295:security-group/sg-0c4b704c10f418dec",
            "description": "Managed by Terraform",
            "egress": [
              {
                "cidr_blocks": [
                  "0.0.0.0/0"
                ],
                "description": "",
                "from_port": 0,
                "ipv6_cidr_blocks": [],
                "prefix_list_ids": [],
                "protocol": "-1",
                "security_groups": [],
                "self": false,
                "to_port": 0
              }
            ],
            "id": "sg-0c4b704c10f418dec",
            "ingress": [
              {
                "cidr_blocks": [
                  "10.0.1.0/24",
                  "10.0.2.0/24"
                ],
                "description": "",
                "from_port": 6379,
                "ipv6_cidr_blocks": [],
                "prefix_list_ids": [],
                "protocol": "tcp",
                "security_groups": [],
                "self": false,
                "to_port": 6379
              }
            ],
            "name": "aerolink-redis-sg20260602100507167000000013",
            "name_prefix": "aerolink-redis-sg",
            "owner_id": "643942183295",
            "revoke_rules_on_delete": false,
            "tags": {},
            "tags_all": {},
            "timeouts": null,
            "vpc_id": "vpc-025c48b3d39de9e1d"
          },
          "sensitive_attributes": [],
          "identity_schema_version": 0,
          "private": "eyJlMmJmYjczMC1lY2FhLTExZTYtOGY4OC0zNDM2M2JjN2M0YzAiOnsiY3JlYXRlIjo2MDAwMDAwMDAwMDAsImRlbGV0ZSI6OTAwMDAwMDAwMDAwfSwic2NoZW1hX3ZlcnNpb24iOiIxIn0=",
          "dependencies": [
            "module.vpc_primary.data.aws_availability_zones.available",
            "module.vpc_primary.module.vpc.aws_subnet.private",
            "module.vpc_primary.module.vpc.aws_vpc.this",
            "module.vpc_primary.module.vpc.aws_vpc_ipv4_cidr_block_association.this"
          ]
        }
      ]
    },
    {
      "module": "module.eventbridge",
      "mode": "managed",
      "type": "aws_cloudwatch_event_bus",
      "name": "aerolink_bus",
      "provider": "provider[\"registry.terraform.io/hashicorp/aws\"].primary",
      "instances": [
        {
          "schema_version": 0,
          "attributes": {
            "arn": "arn:aws:events:us-east-1:643942183295:event-bus/aerolink-saga-bus",
            "dead_letter_config": [],
            "description": "",
            "event_source_name": null,
            "id": "aerolink-saga-bus",
            "kms_key_identifier": "",
            "name": "aerolink-saga-bus",
            "tags": {},
            "tags_all": {}
          },
          "sensitive_attributes": [],
          "identity_schema_version": 0,
          "private": "bnVsbA=="
        }
      ]
    },
    {
      "module": "module.kms",
      "mode": "managed",
      "type": "aws_kms_key",
      "name": "passenger_pii",
      "provider": "provider[\"registry.terraform.io/hashicorp/aws\"].primary",
      "instances": [
        {
          "schema_version": 0,
          "attributes": {
            "arn": "arn:aws:kms:us-east-1:643942183295:key/00438749-4b31-4674-baee-d3004bd5b016",
            "bypass_policy_lockout_safety_check": false,
            "custom_key_store_id": "",
            "customer_master_key_spec": "SYMMETRIC_DEFAULT",
            "deletion_window_in_days": 7,
            "description": "KMS key for encrypting AeroLink passenger PII",
            "enable_key_rotation": false,
            "id": "00438749-4b31-4674-baee-d3004bd5b016",
            "is_enabled": true,
            "key_id": "00438749-4b31-4674-baee-d3004bd5b016",
            "key_usage": "ENCRYPT_DECRYPT",
            "multi_region": false,
            "policy": "{\"Id\":\"key-default-1\",\"Statement\":[{\"Action\":\"kms:*\",\"Effect\":\"Allow\",\"Principal\":{\"AWS\":\"arn:aws:iam::643942183295:root\"},\"Resource\":\"*\",\"Sid\":\"Enable IAM User Permissions\"}],\"Version\":\"2012-10-17\"}",
            "rotation_period_in_days": 0,
            "tags": {},
            "tags_all": {},
            "timeouts": null,
            "xks_key_id": ""
          },
          "sensitive_attributes": [],
          "identity_schema_version": 0,
          "private": "eyJlMmJmYjczMC1lY2FhLTExZTYtOGY4OC0zNDM2M2JjN2M0YzAiOnsiY3JlYXRlIjoxMjAwMDAwMDAwMDB9fQ=="
        }
      ]
    },
    {
      "module": "module.lambda",
      "mode": "managed",
      "type": "aws_iam_role",
      "name": "lambda_role",
      "provider": "provider[\"registry.terraform.io/hashicorp/aws\"].primary",
      "instances": [
        {
          "schema_version": 0,
          "attributes": {
            "arn": "arn:aws:iam::643942183295:role/aerolink-lambda-role",
            "assume_role_policy": "{\"Statement\":[{\"Action\":\"sts:AssumeRole\",\"Effect\":\"Allow\",\"Principal\":{\"Service\":\"lambda.amazonaws.com\"}}],\"Version\":\"2012-10-17\"}",
            "create_date": "2026-06-02T10:04:35Z",
            "description": "",
            "force_detach_policies": false,
            "id": "aerolink-lambda-role",
            "inline_policy": [],
            "managed_policy_arns": [],
            "max_session_duration": 3600,
            "name": "aerolink-lambda-role",
            "name_prefix": "",
            "path": "/",
            "permissions_boundary": "",
            "tags": {},
            "tags_all": {},
            "unique_id": "AROAZL3PR6F7XOQMLITLZ"
          },
          "sensitive_attributes": [],
          "identity_schema_version": 0,
          "private": "bnVsbA=="
        }
      ]
    },
    {
      "module": "module.rds_aurora",
      "mode": "managed",
      "type": "aws_kms_key",
      "name": "secondary_rds",
      "provider": "provider[\"registry.terraform.io/hashicorp/aws\"].secondary",
      "instances": [
        {
          "schema_version": 0,
          "attributes": {
            "arn": "arn:aws:kms:eu-west-1:643942183295:key/a8744e08-f57c-4182-a2d5-792d466d39fe",
            "bypass_policy_lockout_safety_check": false,
            "custom_key_store_id": "",
            "customer_master_key_spec": "SYMMETRIC_DEFAULT",
            "deletion_window_in_days": null,
            "description": "KMS key for secondary Aurora cluster",
            "enable_key_rotation": false,
            "id": "a8744e08-f57c-4182-a2d5-792d466d39fe",
            "is_enabled": true,
            "key_id": "a8744e08-f57c-4182-a2d5-792d466d39fe",
            "key_usage": "ENCRYPT_DECRYPT",
            "multi_region": false,
            "policy": "{\"Id\":\"key-default-1\",\"Statement\":[{\"Action\":\"kms:*\",\"Effect\":\"Allow\",\"Principal\":{\"AWS\":\"arn:aws:iam::643942183295:root\"},\"Resource\":\"*\",\"Sid\":\"Enable IAM User Permissions\"}],\"Version\":\"2012-10-17\"}",
            "rotation_period_in_days": 0,
            "tags": {},
            "tags_all": {},
            "timeouts": null,
            "xks_key_id": ""
          },
          "sensitive_attributes": [],
          "identity_schema_version": 0,
          "private": "eyJlMmJmYjczMC1lY2FhLTExZTYtOGY4OC0zNDM2M2JjN2M0YzAiOnsiY3JlYXRlIjoxMjAwMDAwMDAwMDB9fQ==",
          "create_before_destroy": true
        }
      ]
    },
    {
      "module": "module.rds_aurora",
      "mode": "managed",
      "type": "aws_rds_global_cluster",
      "name": "aerolink_global",
      "provider": "provider[\"registry.terraform.io/hashicorp/aws\"].primary",
      "instances": [
        {
          "schema_version": 0,
          "attributes": {
            "arn": "arn:aws:rds::643942183295:global-cluster:aerolink-global",
            "database_name": "postgres",
            "deletion_protection": false,
            "endpoint": "aerolink-global.global-gnvqerpcaulz.global.rds.amazonaws.com",
            "engine": "aurora-postgresql",
            "engine_lifecycle_support": "open-source-rds-extended-support",
            "engine_version": "15.8",
            "engine_version_actual": "15.8",
            "force_destroy": null,
            "global_cluster_identifier": "aerolink-global",
            "global_cluster_members": [
              {
                "db_cluster_arn": "arn:aws:rds:eu-west-1:643942183295:cluster:aerolink-aurora-secondary",
                "is_writer": false
              },
              {
                "db_cluster_arn": "arn:aws:rds:us-east-1:643942183295:cluster:aerolink-aurora-primary",
                "is_writer": true
              }
            ],
            "global_cluster_resource_id": "cluster-b259126debd1dad9",
            "id": "aerolink-global",
            "source_db_cluster_identifier": null,
            "storage_encrypted": true,
            "tags": {},
            "tags_all": {},
            "timeouts": null
          },
          "sensitive_attributes": [],
          "identity_schema_version": 0,
          "private": "eyJlMmJmYjczMC1lY2FhLTExZTYtOGY4OC0zNDM2M2JjN2M0YzAiOnsiY3JlYXRlIjoxODAwMDAwMDAwMDAwLCJkZWxldGUiOjE4MDAwMDAwMDAwMDAsInVwZGF0ZSI6NTQwMDAwMDAwMDAwMH19",
          "create_before_destroy": true
        }
      ]
    },
    {
      "module": "module.rds_aurora",
      "mode": "managed",
      "type": "aws_secretsmanager_secret",
      "name": "db_password",
      "provider": "provider[\"registry.terraform.io/hashicorp/aws\"].primary",
      "instances": [
        {
          "schema_version": 0,
          "attributes": {
            "arn": "arn:aws:secretsmanager:us-east-1:643942183295:secret:aerolink-aurora-master-password-20260602100434144100000002-S9xWWx",
            "description": "Master password for AeroLink Aurora Database",
            "force_overwrite_replica_secret": false,
            "id": "arn:aws:secretsmanager:us-east-1:643942183295:secret:aerolink-aurora-master-password-20260602100434144100000002-S9xWWx",
            "kms_key_id": "",
            "name": "aerolink-aurora-master-password-20260602100434144100000002",
            "name_prefix": "aerolink-aurora-master-password-",
            "policy": "",
            "recovery_window_in_days": 30,
            "replica": [],
            "tags": {},
            "tags_all": {}
          },
          "sensitive_attributes": [],
          "identity_schema_version": 0,
          "private": "bnVsbA=="
        }
      ]
    },
    {
      "module": "module.rds_aurora",
      "mode": "managed",
      "type": "aws_secretsmanager_secret_version",
      "name": "db_password_version",
      "provider": "provider[\"registry.terraform.io/hashicorp/aws\"].primary",
      "instances": [
        {
          "schema_version": 0,
          "attributes": {
            "arn": "arn:aws:secretsmanager:us-east-1:643942183295:secret:aerolink-aurora-master-password-20260602100434144100000002-S9xWWx",
            "has_secret_string_wo": null,
            "id": "arn:aws:secretsmanager:us-east-1:643942183295:secret:aerolink-aurora-master-password-20260602100434144100000002-S9xWWx|terraform-20260602100437143700000005",
            "secret_binary": "",
            "secret_id": "arn:aws:secretsmanager:us-east-1:643942183295:secret:aerolink-aurora-master-password-20260602100434144100000002-S9xWWx",
            "secret_string": "PslOb7nTLH[cR(E\u003c",
            "secret_string_wo": null,
            "secret_string_wo_version": null,
            "version_id": "terraform-20260602100437143700000005",
            "version_stages": [
              "AWSCURRENT"
            ]
          },
          "sensitive_attributes": [
            [
              {
                "type": "get_attr",
                "value": "secret_binary"
              }
            ],
            [
              {
                "type": "get_attr",
                "value": "secret_string"
              }
            ],
            [
              {
                "type": "get_attr",
                "value": "secret_string_wo"
              }
            ]
          ],
          "identity_schema_version": 0,
          "private": "bnVsbA==",
          "dependencies": [
            "module.rds_aurora.aws_secretsmanager_secret.db_password",
            "module.rds_aurora.random_password.master"
          ]
        }
      ]
    },
    {
      "module": "module.rds_aurora",
      "mode": "managed",
      "type": "random_password",
      "name": "master",
      "provider": "provider[\"registry.terraform.io/hashicorp/random\"]",
      "instances": [
        {
          "schema_version": 3,
          "attributes": {
            "bcrypt_hash": "$2a$10$XkRQFt.gJ9ITNEWrAvMRZ.J4lv3X2H/cZACwPKcsc/Bft3Vpc./Te",
            "id": "none",
            "keepers": null,
            "length": 16,
            "lower": true,
            "min_lower": 0,
            "min_numeric": 0,
            "min_special": 0,
            "min_upper": 0,
            "number": true,
            "numeric": true,
            "override_special": "!#$%\u0026*()-_=+[]{}\u003c\u003e:?",
            "result": "PslOb7nTLH[cR(E\u003c",
            "special": true,
            "upper": true
          },
          "sensitive_attributes": [
            [
              {
                "type": "get_attr",
                "value": "bcrypt_hash"
              }
            ],
            [
              {
                "type": "get_attr",
                "value": "result"
              }
            ]
          ],
          "identity_schema_version": 0,
          "create_before_destroy": true
        }
      ]
    },
    {
      "module": "module.rds_aurora.module.aurora_primary",
      "mode": "data",
      "type": "aws_partition",
      "name": "current",
      "provider": "provider[\"registry.terraform.io/hashicorp/aws\"].primary",
      "instances": [
        {
          "schema_version": 0,
          "attributes": {
            "dns_suffix": "amazonaws.com",
            "id": "aws",
            "partition": "aws",
            "reverse_dns_prefix": "com.amazonaws"
          },
          "sensitive_attributes": [],
          "identity_schema_version": 0
        }
      ]
    },
    {
      "module": "module.rds_aurora.module.aurora_primary",
      "mode": "managed",
      "type": "aws_rds_cluster",
      "name": "this",
      "provider": "provider[\"registry.terraform.io/hashicorp/aws\"].primary",
      "instances": [
        {
          "index_key": 0,
          "schema_version": 1,
          "attributes": {
            "allocated_storage": 1,
            "allow_major_version_upgrade": false,
            "apply_immediately": true,
            "arn": "arn:aws:rds:us-east-1:643942183295:cluster:aerolink-aurora-primary",
            "availability_zones": [
              "us-east-1a",
              "us-east-1b",
              "us-east-1c"
            ],
            "backtrack_window": 0,
            "backup_retention_period": 1,
            "ca_certificate_identifier": null,
            "ca_certificate_valid_till": null,
            "cluster_identifier": "aerolink-aurora-primary",
            "cluster_identifier_prefix": "",
            "cluster_members": [
              "aerolink-aurora-primary-one"
            ],
            "cluster_resource_id": "cluster-FBKL7RDOZCM5X5JAWN6CKVBE2U",
            "cluster_scalability_type": "",
            "copy_tags_to_snapshot": false,
            "database_insights_mode": "standard",
            "database_name": null,
            "db_cluster_instance_class": "",
            "db_cluster_parameter_group_name": "default.aurora-postgresql15",
            "db_instance_parameter_group_name": null,
            "db_subnet_group_name": "aerolink-dev-primary-vpc",
            "db_system_id": "",
            "delete_automated_backups": true,
            "deletion_protection": false,
            "domain": "",
            "domain_iam_role_name": "",
            "enable_global_write_forwarding": false,
            "enable_http_endpoint": false,
            "enable_local_write_forwarding": false,
            "enabled_cloudwatch_logs_exports": [],
            "endpoint": "aerolink-aurora-primary.cluster-cyv4e2ee83we.us-east-1.rds.amazonaws.com",
            "engine": "aurora-postgresql",
            "engine_lifecycle_support": "open-source-rds-extended-support",
            "engine_mode": "provisioned",
            "engine_version": "15.8",
            "engine_version_actual": "15.8",
            "final_snapshot_identifier": null,
            "global_cluster_identifier": "aerolink-global",
            "hosted_zone_id": "Z2R2ITUGPM61AM",
            "iam_database_authentication_enabled": false,
            "iam_roles": [],
            "id": "aerolink-aurora-primary",
            "iops": 0,
            "kms_key_id": "arn:aws:kms:us-east-1:643942183295:key/5e29095f-066a-44bb-90e1-1667ca232928",
            "manage_master_user_password": null,
            "master_password": "PslOb7nTLH[cR(E\u003c",
            "master_password_wo": null,
            "master_password_wo_version": null,
            "master_user_secret": [],
            "master_user_secret_kms_key_id": null,
            "master_username": "postgres",
            "monitoring_interval": 0,
            "monitoring_role_arn": "",
            "network_type": "IPV4",
            "performance_insights_enabled": false,
            "performance_insights_kms_key_id": "",
            "performance_insights_retention_period": 0,
            "port": 5432,
            "preferred_backup_window": "02:00-03:00",
            "preferred_maintenance_window": "sun:05:00-sun:06:00",
            "reader_endpoint": "aerolink-aurora-primary.cluster-ro-cyv4e2ee83we.us-east-1.rds.amazonaws.com",
            "replication_source_identifier": "",
            "restore_to_point_in_time": [],
            "s3_import": [],
            "scaling_configuration": [],
            "serverlessv2_scaling_configuration": [
              {
                "max_capacity": 2,
                "min_capacity": 0.5,
                "seconds_until_auto_pause": 0
              }
            ],
            "skip_final_snapshot": true,
            "snapshot_identifier": null,
            "source_region": null,
            "storage_encrypted": true,
            "storage_type": "",
            "tags": {},
            "tags_all": {},
            "timeouts": {
              "create": null,
              "delete": null,
              "update": null
            },
            "vpc_security_group_ids": [
              "sg-0cc9c7c91f813b225"
            ]
          },
          "sensitive_attributes": [
            [
              {
                "type": "get_attr",
                "value": "master_password"
              }
            ],
            [
              {
                "type": "get_attr",
                "value": "master_password_wo"
              }
            ]
          ],
          "identity_schema_version": 0,
          "private": "eyJlMmJmYjczMC1lY2FhLTExZTYtOGY4OC0zNDM2M2JjN2M0YzAiOnsiY3JlYXRlIjo3MjAwMDAwMDAwMDAwLCJkZWxldGUiOjcyMDAwMDAwMDAwMDAsInVwZGF0ZSI6NzIwMDAwMDAwMDAwMH0sInNjaGVtYV92ZXJzaW9uIjoiMSJ9",
          "dependencies": [
            "module.rds_aurora.aws_rds_global_cluster.aerolink_global",
            "module.rds_aurora.module.aurora_primary.aws_cloudwatch_log_group.this",
            "module.rds_aurora.module.aurora_primary.aws_db_subnet_group.this",
            "module.rds_aurora.module.aurora_primary.aws_iam_role.rds_enhanced_monitoring",
            "module.rds_aurora.module.aurora_primary.aws_rds_cluster_parameter_group.this",
            "module.rds_aurora.module.aurora_primary.aws_security_group.this",
            "module.rds_aurora.module.aurora_primary.data.aws_iam_policy_document.monitoring_rds_assume_role",
            "module.rds_aurora.random_password.master",
            "module.vpc_primary.data.aws_availability_zones.available",
            "module.vpc_primary.module.vpc.aws_db_subnet_group.database",
            "module.vpc_primary.module.vpc.aws_subnet.database",
            "module.vpc_primary.module.vpc.aws_vpc.this",
            "module.vpc_primary.module.vpc.aws_vpc_ipv4_cidr_block_association.this"
          ],
          "create_before_destroy": true
        }
      ]
    },
    {
      "module": "module.rds_aurora.module.aurora_primary",
      "mode": "managed",
      "type": "aws_rds_cluster_instance",
      "name": "this",
      "provider": "provider[\"registry.terraform.io/hashicorp/aws\"].primary",
      "instances": [
        {
          "index_key": "one",
          "schema_version": 0,
          "attributes": {
            "apply_immediately": true,
            "arn": "arn:aws:rds:us-east-1:643942183295:db:aerolink-aurora-primary-one",
            "auto_minor_version_upgrade": true,
            "availability_zone": "us-east-1b",
            "ca_cert_identifier": "rds-ca-rsa2048-g1",
            "cluster_identifier": "aerolink-aurora-primary",
            "copy_tags_to_snapshot": false,
            "custom_iam_instance_profile": "",
            "db_parameter_group_name": "default.aurora-postgresql15",
            "db_subnet_group_name": "aerolink-dev-primary-vpc",
            "dbi_resource_id": "db-EJWQZN4ZMFV6T73KLEBRUHZVIY",
            "endpoint": "aerolink-aurora-primary-one.cyv4e2ee83we.us-east-1.rds.amazonaws.com",
            "engine": "aurora-postgresql",
            "engine_version": "15.8",
            "engine_version_actual": "15.8",
            "force_destroy": false,
            "id": "aerolink-aurora-primary-one",
            "identifier": "aerolink-aurora-primary-one",
            "identifier_prefix": "",
            "instance_class": "db.serverless",
            "kms_key_id": "arn:aws:kms:us-east-1:643942183295:key/5e29095f-066a-44bb-90e1-1667ca232928",
            "monitoring_interval": 0,
            "monitoring_role_arn": "",
            "network_type": "IPV4",
            "performance_insights_enabled": false,
            "performance_insights_kms_key_id": "",
            "performance_insights_retention_period": 0,
            "port": 5432,
            "preferred_backup_window": "02:00-03:00",
            "preferred_maintenance_window": "sun:05:00-sun:06:00",
            "promotion_tier": 0,
            "publicly_accessible": false,
            "storage_encrypted": true,
            "tags": {},
            "tags_all": {},
            "timeouts": {
              "create": null,
              "delete": null,
              "update": null
            },
            "writer": true
          },
          "sensitive_attributes": [],
          "identity_schema_version": 0,
          "private": "eyJlMmJmYjczMC1lY2FhLTExZTYtOGY4OC0zNDM2M2JjN2M0YzAiOnsiY3JlYXRlIjo1NDAwMDAwMDAwMDAwLCJkZWxldGUiOjU0MDAwMDAwMDAwMDAsInVwZGF0ZSI6NTQwMDAwMDAwMDAwMH19",
          "dependencies": [
            "module.rds_aurora.aws_rds_global_cluster.aerolink_global",
            "module.rds_aurora.module.aurora_primary.aws_cloudwatch_log_group.this",
            "module.rds_aurora.module.aurora_primary.aws_db_parameter_group.this",
            "module.rds_aurora.module.aurora_primary.aws_db_subnet_group.this",
            "module.rds_aurora.module.aurora_primary.aws_iam_role.rds_enhanced_monitoring",
            "module.rds_aurora.module.aurora_primary.aws_rds_cluster.this",
            "module.rds_aurora.module.aurora_primary.aws_rds_cluster_parameter_group.this",
            "module.rds_aurora.module.aurora_primary.aws_security_group.this",
            "module.rds_aurora.module.aurora_primary.data.aws_iam_policy_document.monitoring_rds_assume_role",
            "module.rds_aurora.random_password.master",
            "module.vpc_primary.data.aws_availability_zones.available",
            "module.vpc_primary.module.vpc.aws_db_subnet_group.database",
            "module.vpc_primary.module.vpc.aws_subnet.database",
            "module.vpc_primary.module.vpc.aws_vpc.this",
            "module.vpc_primary.module.vpc.aws_vpc_ipv4_cidr_block_association.this"
          ],
          "create_before_destroy": true
        }
      ]
    },
    {
      "module": "module.rds_aurora.module.aurora_primary",
      "mode": "managed",
      "type": "aws_security_group",
      "name": "this",
      "provider": "provider[\"registry.terraform.io/hashicorp/aws\"].primary",
      "instances": [
        {
          "index_key": 0,
          "schema_version": 1,
          "attributes": {
            "arn": "arn:aws:ec2:us-east-1:643942183295:security-group/sg-0cc9c7c91f813b225",
            "description": "Control traffic to/from RDS Aurora aerolink-aurora-primary",
            "egress": [],
            "id": "sg-0cc9c7c91f813b225",
            "ingress": [
              {
                "cidr_blocks": [
                  "10.0.1.0/24",
                  "10.0.2.0/24"
                ],
                "description": "",
                "from_port": 5432,
                "ipv6_cidr_blocks": [],
                "prefix_list_ids": [],
                "protocol": "tcp",
                "security_groups": [],
                "self": false,
                "to_port": 5432
              }
            ],
            "name": "aerolink-aurora-primary-20260602100503810600000010",
            "name_prefix": "aerolink-aurora-primary-",
            "owner_id": "643942183295",
            "revoke_rules_on_delete": false,
            "tags": {
              "Name": "aerolink-aurora-primary"
            },
            "tags_all": {
              "Name": "aerolink-aurora-primary"
            },
            "timeouts": null,
            "vpc_id": "vpc-025c48b3d39de9e1d"
          },
          "sensitive_attributes": [],
          "identity_schema_version": 0,
          "private": "eyJlMmJmYjczMC1lY2FhLTExZTYtOGY4OC0zNDM2M2JjN2M0YzAiOnsiY3JlYXRlIjo2MDAwMDAwMDAwMDAsImRlbGV0ZSI6OTAwMDAwMDAwMDAwfSwic2NoZW1hX3ZlcnNpb24iOiIxIn0=",
          "dependencies": [
            "module.vpc_primary.module.vpc.aws_vpc.this"
          ],
          "create_before_destroy": true
        }
      ]
    },
    {
      "module": "module.rds_aurora.module.aurora_primary",
      "mode": "managed",
      "type": "aws_security_group_rule",
      "name": "this",
      "provider": "provider[\"registry.terraform.io/hashicorp/aws\"].primary",
      "instances": [
        {
          "index_key": "vpc_ingress",
          "schema_version": 2,
          "attributes": {
            "cidr_blocks": [
              "10.0.1.0/24",
              "10.0.2.0/24"
            ],
            "description": null,
            "from_port": 5432,
            "id": "sgrule-3631476914",
            "ipv6_cidr_blocks": null,
            "prefix_list_ids": null,
            "protocol": "tcp",
            "security_group_id": "sg-0cc9c7c91f813b225",
            "security_group_rule_id": "",
            "self": false,
            "source_security_group_id": null,
            "timeouts": null,
            "to_port": 5432,
            "type": "ingress"
          },
          "sensitive_attributes": [],
          "identity_schema_version": 0,
          "private": "eyJlMmJmYjczMC1lY2FhLTExZTYtOGY4OC0zNDM2M2JjN2M0YzAiOnsiY3JlYXRlIjozMDAwMDAwMDAwMDB9LCJzY2hlbWFfdmVyc2lvbiI6IjIifQ==",
          "dependencies": [
            "module.rds_aurora.module.aurora_primary.aws_security_group.this",
            "module.vpc_primary.data.aws_availability_zones.available",
            "module.vpc_primary.module.vpc.aws_subnet.private",
            "module.vpc_primary.module.vpc.aws_vpc.this",
            "module.vpc_primary.module.vpc.aws_vpc_ipv4_cidr_block_association.this"
          ],
          "create_before_destroy": true
        }
      ]
    },
    {
      "module": "module.rds_aurora.module.aurora_secondary",
      "mode": "data",
      "type": "aws_partition",
      "name": "current",
      "provider": "provider[\"registry.terraform.io/hashicorp/aws\"].secondary",
      "instances": [
        {
          "schema_version": 0,
          "attributes": {
            "dns_suffix": "amazonaws.com",
            "id": "aws",
            "partition": "aws",
            "reverse_dns_prefix": "com.amazonaws"
          },
          "sensitive_attributes": [],
          "identity_schema_version": 0
        }
      ]
    },
    {
      "module": "module.rds_aurora.module.aurora_secondary",
      "mode": "managed",
      "type": "aws_rds_cluster",
      "name": "this",
      "provider": "provider[\"registry.terraform.io/hashicorp/aws\"].secondary",
      "instances": [
        {
          "index_key": 0,
          "schema_version": 1,
          "attributes": {
            "allocated_storage": 1,
            "allow_major_version_upgrade": false,
            "apply_immediately": null,
            "arn": "arn:aws:rds:eu-west-1:643942183295:cluster:aerolink-aurora-secondary",
            "availability_zones": [
              "eu-west-1a",
              "eu-west-1b",
              "eu-west-1c"
            ],
            "backtrack_window": 0,
            "backup_retention_period": 1,
            "ca_certificate_identifier": null,
            "ca_certificate_valid_till": null,
            "cluster_identifier": "aerolink-aurora-secondary",
            "cluster_identifier_prefix": "",
            "cluster_members": [
              "aerolink-aurora-secondary-one"
            ],
            "cluster_resource_id": "cluster-IBZWWNQO6OWNX6HOS57MD4DC5M",
            "cluster_scalability_type": "",
            "copy_tags_to_snapshot": false,
            "database_insights_mode": "standard",
            "database_name": null,
            "db_cluster_instance_class": "",
            "db_cluster_parameter_group_name": "default.aurora-postgresql15",
            "db_instance_parameter_group_name": null,
            "db_subnet_group_name": "aerolink-dev-secondary-vpc",
            "db_system_id": "",
            "delete_automated_backups": true,
            "deletion_protection": false,
            "domain": "",
            "domain_iam_role_name": "",
            "enable_global_write_forwarding": false,
            "enable_http_endpoint": false,
            "enable_local_write_forwarding": false,
            "enabled_cloudwatch_logs_exports": [],
            "endpoint": "aerolink-aurora-secondary.cluster-cv20e2wucf72.eu-west-1.rds.amazonaws.com",
            "engine": "aurora-postgresql",
            "engine_lifecycle_support": "open-source-rds-extended-support",
            "engine_mode": "provisioned",
            "engine_version": "15.8",
            "engine_version_actual": "15.8",
            "final_snapshot_identifier": null,
            "global_cluster_identifier": "aerolink-global",
            "hosted_zone_id": "Z29XKXDKYMONMX",
            "iam_database_authentication_enabled": false,
            "iam_roles": [],
            "id": "aerolink-aurora-secondary",
            "iops": 0,
            "kms_key_id": "arn:aws:kms:eu-west-1:643942183295:key/a8744e08-f57c-4182-a2d5-792d466d39fe",
            "manage_master_user_password": null,
            "master_password": null,
            "master_password_wo": null,
            "master_password_wo_version": null,
            "master_user_secret": [],
            "master_user_secret_kms_key_id": null,
            "master_username": "postgres",
            "monitoring_interval": 0,
            "monitoring_role_arn": "",
            "network_type": "IPV4",
            "performance_insights_enabled": false,
            "performance_insights_kms_key_id": "",
            "performance_insights_retention_period": 0,
            "port": 5432,
            "preferred_backup_window": "02:00-03:00",
            "preferred_maintenance_window": "sun:05:00-sun:06:00",
            "reader_endpoint": "aerolink-aurora-secondary.cluster-ro-cv20e2wucf72.eu-west-1.rds.amazonaws.com",
            "replication_source_identifier": "arn:aws:rds:us-east-1:643942183295:cluster:aerolink-aurora-primary",
            "restore_to_point_in_time": [],
            "s3_import": [],
            "scaling_configuration": [],
            "serverlessv2_scaling_configuration": [
              {
                "max_capacity": 2,
                "min_capacity": 0.5,
                "seconds_until_auto_pause": 0
              }
            ],
            "skip_final_snapshot": true,
            "snapshot_identifier": null,
            "source_region": null,
            "storage_encrypted": true,
            "storage_type": "",
            "tags": {},
            "tags_all": {},
            "timeouts": {
              "create": null,
              "delete": null,
              "update": null
            },
            "vpc_security_group_ids": [
              "sg-0ad13ffd574ef7603"
            ]
          },
          "sensitive_attributes": [
            [
              {
                "type": "get_attr",
                "value": "master_password"
              }
            ],
            [
              {
                "type": "get_attr",
                "value": "master_password_wo"
              }
            ]
          ],
          "identity_schema_version": 0,
          "private": "eyJlMmJmYjczMC1lY2FhLTExZTYtOGY4OC0zNDM2M2JjN2M0YzAiOnsiY3JlYXRlIjo3MjAwMDAwMDAwMDAwLCJkZWxldGUiOjcyMDAwMDAwMDAwMDAsInVwZGF0ZSI6NzIwMDAwMDAwMDAwMH0sInNjaGVtYV92ZXJzaW9uIjoiMSJ9",
          "dependencies": [
            "module.rds_aurora.aws_kms_key.secondary_rds",
            "module.rds_aurora.aws_rds_global_cluster.aerolink_global",
            "module.rds_aurora.module.aurora_primary.aws_appautoscaling_policy.this",
            "module.rds_aurora.module.aurora_primary.aws_appautoscaling_target.this",
            "module.rds_aurora.module.aurora_primary.aws_cloudwatch_log_group.this",
            "module.rds_aurora.module.aurora_primary.aws_db_parameter_group.this",
            "module.rds_aurora.module.aurora_primary.aws_db_subnet_group.this",
            "module.rds_aurora.module.aurora_primary.aws_iam_role.rds_enhanced_monitoring",
            "module.rds_aurora.module.aurora_primary.aws_iam_role_policy_attachment.rds_enhanced_monitoring",
            "module.rds_aurora.module.aurora_primary.aws_rds_cluster.this",
            "module.rds_aurora.module.aurora_primary.aws_rds_cluster_activity_stream.this",
            "module.rds_aurora.module.aurora_primary.aws_rds_cluster_endpoint.this",
            "module.rds_aurora.module.aurora_primary.aws_rds_cluster_instance.this",
            "module.rds_aurora.module.aurora_primary.aws_rds_cluster_parameter_group.this",
            "module.rds_aurora.module.aurora_primary.aws_rds_cluster_role_association.this",
            "module.rds_aurora.module.aurora_primary.aws_rds_shard_group.this",
            "module.rds_aurora.module.aurora_primary.aws_secretsmanager_secret_rotation.this",
            "module.rds_aurora.module.aurora_primary.aws_security_group.this",
            "module.rds_aurora.module.aurora_primary.aws_security_group_rule.this",
            "module.rds_aurora.module.aurora_primary.data.aws_iam_policy_document.monitoring_rds_assume_role",
            "module.rds_aurora.module.aurora_primary.data.aws_partition.current",
            "module.rds_aurora.module.aurora_secondary.aws_cloudwatch_log_group.this",
            "module.rds_aurora.module.aurora_secondary.aws_db_subnet_group.this",
            "module.rds_aurora.module.aurora_secondary.aws_iam_role.rds_enhanced_monitoring",
            "module.rds_aurora.module.aurora_secondary.aws_rds_cluster_parameter_group.this",
            "module.rds_aurora.module.aurora_secondary.aws_security_group.this",
            "module.rds_aurora.module.aurora_secondary.data.aws_iam_policy_document.monitoring_rds_assume_role",
            "module.rds_aurora.random_password.master",
            "module.vpc_primary.data.aws_availability_zones.available",
            "module.vpc_primary.module.vpc.aws_db_subnet_group.database",
            "module.vpc_primary.module.vpc.aws_subnet.database",
            "module.vpc_primary.module.vpc.aws_subnet.private",
            "module.vpc_primary.module.vpc.aws_vpc.this",
            "module.vpc_primary.module.vpc.aws_vpc_ipv4_cidr_block_association.this",
            "module.vpc_secondary.data.aws_availability_zones.available",
            "module.vpc_secondary.module.vpc.aws_db_subnet_group.database",
            "module.vpc_secondary.module.vpc.aws_subnet.database",
            "module.vpc_secondary.module.vpc.aws_vpc.this",
            "module.vpc_secondary.module.vpc.aws_vpc_ipv4_cidr_block_association.this"
          ],
          "create_before_destroy": true
        }
      ]
    },
    {
      "module": "module.rds_aurora.module.aurora_secondary",
      "mode": "managed",
      "type": "aws_rds_cluster_instance",
      "name": "this",
      "provider": "provider[\"registry.terraform.io/hashicorp/aws\"].secondary",
      "instances": [
        {
          "index_key": "one",
          "schema_version": 0,
          "attributes": {
            "apply_immediately": null,
            "arn": "arn:aws:rds:eu-west-1:643942183295:db:aerolink-aurora-secondary-one",
            "auto_minor_version_upgrade": true,
            "availability_zone": "eu-west-1b",
            "ca_cert_identifier": "rds-ca-rsa2048-g1",
            "cluster_identifier": "aerolink-aurora-secondary",
            "copy_tags_to_snapshot": false,
            "custom_iam_instance_profile": "",
            "db_parameter_group_name": "default.aurora-postgresql15",
            "db_subnet_group_name": "aerolink-dev-secondary-vpc",
            "dbi_resource_id": "db-IXK5HWEOFCUHKOS253IM6ITJIY",
            "endpoint": "aerolink-aurora-secondary-one.cv20e2wucf72.eu-west-1.rds.amazonaws.com",
            "engine": "aurora-postgresql",
            "engine_version": "15.8",
            "engine_version_actual": "15.8",
            "force_destroy": false,
            "id": "aerolink-aurora-secondary-one",
            "identifier": "aerolink-aurora-secondary-one",
            "identifier_prefix": "",
            "instance_class": "db.serverless",
            "kms_key_id": "arn:aws:kms:eu-west-1:643942183295:key/a8744e08-f57c-4182-a2d5-792d466d39fe",
            "monitoring_interval": 0,
            "monitoring_role_arn": "",
            "network_type": "IPV4",
            "performance_insights_enabled": false,
            "performance_insights_kms_key_id": "",
            "performance_insights_retention_period": 0,
            "port": 5432,
            "preferred_backup_window": "02:00-03:00",
            "preferred_maintenance_window": "sun:05:00-sun:06:00",
            "promotion_tier": 0,
            "publicly_accessible": false,
            "storage_encrypted": true,
            "tags": {},
            "tags_all": {},
            "timeouts": {
              "create": null,
              "delete": null,
              "update": null
            },
            "writer": false
          },
          "sensitive_attributes": [],
          "identity_schema_version": 0,
          "private": "eyJlMmJmYjczMC1lY2FhLTExZTYtOGY4OC0zNDM2M2JjN2M0YzAiOnsiY3JlYXRlIjo1NDAwMDAwMDAwMDAwLCJkZWxldGUiOjU0MDAwMDAwMDAwMDAsInVwZGF0ZSI6NTQwMDAwMDAwMDAwMH19",
          "dependencies": [
            "module.rds_aurora.aws_kms_key.secondary_rds",
            "module.rds_aurora.aws_rds_global_cluster.aerolink_global",
            "module.rds_aurora.module.aurora_primary.aws_appautoscaling_policy.this",
            "module.rds_aurora.module.aurora_primary.aws_appautoscaling_target.this",
            "module.rds_aurora.module.aurora_primary.aws_cloudwatch_log_group.this",
            "module.rds_aurora.module.aurora_primary.aws_db_parameter_group.this",
            "module.rds_aurora.module.aurora_primary.aws_db_subnet_group.this",
            "module.rds_aurora.module.aurora_primary.aws_iam_role.rds_enhanced_monitoring",
            "module.rds_aurora.module.aurora_primary.aws_iam_role_policy_attachment.rds_enhanced_monitoring",
            "module.rds_aurora.module.aurora_primary.aws_rds_cluster.this",
            "module.rds_aurora.module.aurora_primary.aws_rds_cluster_activity_stream.this",
            "module.rds_aurora.module.aurora_primary.aws_rds_cluster_endpoint.this",
            "module.rds_aurora.module.aurora_primary.aws_rds_cluster_instance.this",
            "module.rds_aurora.module.aurora_primary.aws_rds_cluster_parameter_group.this",
            "module.rds_aurora.module.aurora_primary.aws_rds_cluster_role_association.this",
            "module.rds_aurora.module.aurora_primary.aws_rds_shard_group.this",
            "module.rds_aurora.module.aurora_primary.aws_secretsmanager_secret_rotation.this",
            "module.rds_aurora.module.aurora_primary.aws_security_group.this",
            "module.rds_aurora.module.aurora_primary.aws_security_group_rule.this",
            "module.rds_aurora.module.aurora_primary.data.aws_iam_policy_document.monitoring_rds_assume_role",
            "module.rds_aurora.module.aurora_primary.data.aws_partition.current",
            "module.rds_aurora.module.aurora_secondary.aws_cloudwatch_log_group.this",
            "module.rds_aurora.module.aurora_secondary.aws_db_parameter_group.this",
            "module.rds_aurora.module.aurora_secondary.aws_db_subnet_group.this",
            "module.rds_aurora.module.aurora_secondary.aws_iam_role.rds_enhanced_monitoring",
            "module.rds_aurora.module.aurora_secondary.aws_rds_cluster.this",
            "module.rds_aurora.module.aurora_secondary.aws_rds_cluster_parameter_group.this",
            "module.rds_aurora.module.aurora_secondary.aws_security_group.this",
            "module.rds_aurora.module.aurora_secondary.data.aws_iam_policy_document.monitoring_rds_assume_role",
            "module.rds_aurora.random_password.master",
            "module.vpc_primary.data.aws_availability_zones.available",
            "module.vpc_primary.module.vpc.aws_db_subnet_group.database",
            "module.vpc_primary.module.vpc.aws_subnet.database",
            "module.vpc_primary.module.vpc.aws_subnet.private",
            "module.vpc_primary.module.vpc.aws_vpc.this",
            "module.vpc_primary.module.vpc.aws_vpc_ipv4_cidr_block_association.this",
            "module.vpc_secondary.data.aws_availability_zones.available",
            "module.vpc_secondary.module.vpc.aws_db_subnet_group.database",
            "module.vpc_secondary.module.vpc.aws_subnet.database",
            "module.vpc_secondary.module.vpc.aws_vpc.this",
            "module.vpc_secondary.module.vpc.aws_vpc_ipv4_cidr_block_association.this"
          ],
          "create_before_destroy": true
        }
      ]
    },
    {
      "module": "module.rds_aurora.module.aurora_secondary",
      "mode": "managed",
      "type": "aws_security_group",
      "name": "this",
      "provider": "provider[\"registry.terraform.io/hashicorp/aws\"].secondary",
      "instances": [
        {
          "index_key": 0,
          "schema_version": 1,
          "attributes": {
            "arn": "arn:aws:ec2:eu-west-1:643942183295:security-group/sg-0ad13ffd574ef7603",
            "description": "Control traffic to/from RDS Aurora aerolink-aurora-secondary",
            "egress": [],
            "id": "sg-0ad13ffd574ef7603",
            "ingress": [
              {
                "cidr_blocks": [
                  "10.0.1.0/24",
                  "10.0.2.0/24"
                ],
                "description": "",
                "from_port": 5432,
                "ipv6_cidr_blocks": [],
                "prefix_list_ids": [],
                "protocol": "tcp",
                "security_groups": [],
                "self": false,
                "to_port": 5432
              }
            ],
            "name": "aerolink-aurora-secondary-20260602101258668400000010",
            "name_prefix": "aerolink-aurora-secondary-",
            "owner_id": "643942183295",
            "revoke_rules_on_delete": false,
            "tags": {
              "Name": "aerolink-aurora-secondary"
            },
            "tags_all": {
              "Name": "aerolink-aurora-secondary"
            },
            "timeouts": null,
            "vpc_id": "vpc-0a99a34f319aaa368"
          },
          "sensitive_attributes": [],
          "identity_schema_version": 0,
          "private": "eyJlMmJmYjczMC1lY2FhLTExZTYtOGY4OC0zNDM2M2JjN2M0YzAiOnsiY3JlYXRlIjo2MDAwMDAwMDAwMDAsImRlbGV0ZSI6OTAwMDAwMDAwMDAwfSwic2NoZW1hX3ZlcnNpb24iOiIxIn0=",
          "dependencies": [
            "module.rds_aurora.aws_rds_global_cluster.aerolink_global",
            "module.rds_aurora.module.aurora_primary.aws_appautoscaling_policy.this",
            "module.rds_aurora.module.aurora_primary.aws_appautoscaling_target.this",
            "module.rds_aurora.module.aurora_primary.aws_cloudwatch_log_group.this",
            "module.rds_aurora.module.aurora_primary.aws_db_parameter_group.this",
            "module.rds_aurora.module.aurora_primary.aws_db_subnet_group.this",
            "module.rds_aurora.module.aurora_primary.aws_iam_role.rds_enhanced_monitoring",
            "module.rds_aurora.module.aurora_primary.aws_iam_role_policy_attachment.rds_enhanced_monitoring",
            "module.rds_aurora.module.aurora_primary.aws_rds_cluster.this",
            "module.rds_aurora.module.aurora_primary.aws_rds_cluster_activity_stream.this",
            "module.rds_aurora.module.aurora_primary.aws_rds_cluster_endpoint.this",
            "module.rds_aurora.module.aurora_primary.aws_rds_cluster_instance.this",
            "module.rds_aurora.module.aurora_primary.aws_rds_cluster_parameter_group.this",
            "module.rds_aurora.module.aurora_primary.aws_rds_cluster_role_association.this",
            "module.rds_aurora.module.aurora_primary.aws_rds_shard_group.this",
            "module.rds_aurora.module.aurora_primary.aws_secretsmanager_secret_rotation.this",
            "module.rds_aurora.module.aurora_primary.aws_security_group.this",
            "module.rds_aurora.module.aurora_primary.aws_security_group_rule.this",
            "module.rds_aurora.module.aurora_primary.data.aws_iam_policy_document.monitoring_rds_assume_role",
            "module.rds_aurora.module.aurora_primary.data.aws_partition.current",
            "module.rds_aurora.random_password.master",
            "module.vpc_primary.data.aws_availability_zones.available",
            "module.vpc_primary.module.vpc.aws_db_subnet_group.database",
            "module.vpc_primary.module.vpc.aws_subnet.database",
            "module.vpc_primary.module.vpc.aws_subnet.private",
            "module.vpc_primary.module.vpc.aws_vpc.this",
            "module.vpc_primary.module.vpc.aws_vpc_ipv4_cidr_block_association.this",
            "module.vpc_secondary.module.vpc.aws_vpc.this"
          ],
          "create_before_destroy": true
        }
      ]
    },
    {
      "module": "module.rds_aurora.module.aurora_secondary",
      "mode": "managed",
      "type": "aws_security_group_rule",
      "name": "this",
      "provider": "provider[\"registry.terraform.io/hashicorp/aws\"].secondary",
      "instances": [
        {
          "index_key": "vpc_ingress",
          "schema_version": 2,
          "attributes": {
            "cidr_blocks": [
              "10.0.1.0/24",
              "10.0.2.0/24"
            ],
            "description": null,
            "from_port": 5432,
            "id": "sgrule-1846805176",
            "ipv6_cidr_blocks": null,
            "prefix_list_ids": null,
            "protocol": "tcp",
            "security_group_id": "sg-0ad13ffd574ef7603",
            "security_group_rule_id": "",
            "self": false,
            "source_security_group_id": null,
            "timeouts": null,
            "to_port": 5432,
            "type": "ingress"
          },
          "sensitive_attributes": [],
          "identity_schema_version": 0,
          "private": "eyJlMmJmYjczMC1lY2FhLTExZTYtOGY4OC0zNDM2M2JjN2M0YzAiOnsiY3JlYXRlIjozMDAwMDAwMDAwMDB9LCJzY2hlbWFfdmVyc2lvbiI6IjIifQ==",
          "dependencies": [
            "module.rds_aurora.aws_rds_global_cluster.aerolink_global",
            "module.rds_aurora.module.aurora_primary.aws_appautoscaling_policy.this",
            "module.rds_aurora.module.aurora_primary.aws_appautoscaling_target.this",
            "module.rds_aurora.module.aurora_primary.aws_cloudwatch_log_group.this",
            "module.rds_aurora.module.aurora_primary.aws_db_parameter_group.this",
            "module.rds_aurora.module.aurora_primary.aws_db_subnet_group.this",
            "module.rds_aurora.module.aurora_primary.aws_iam_role.rds_enhanced_monitoring",
            "module.rds_aurora.module.aurora_primary.aws_iam_role_policy_attachment.rds_enhanced_monitoring",
            "module.rds_aurora.module.aurora_primary.aws_rds_cluster.this",
            "module.rds_aurora.module.aurora_primary.aws_rds_cluster_activity_stream.this",
            "module.rds_aurora.module.aurora_primary.aws_rds_cluster_endpoint.this",
            "module.rds_aurora.module.aurora_primary.aws_rds_cluster_instance.this",
            "module.rds_aurora.module.aurora_primary.aws_rds_cluster_parameter_group.this",
            "module.rds_aurora.module.aurora_primary.aws_rds_cluster_role_association.this",
            "module.rds_aurora.module.aurora_primary.aws_rds_shard_group.this",
            "module.rds_aurora.module.aurora_primary.aws_secretsmanager_secret_rotation.this",
            "module.rds_aurora.module.aurora_primary.aws_security_group.this",
            "module.rds_aurora.module.aurora_primary.aws_security_group_rule.this",
            "module.rds_aurora.module.aurora_primary.data.aws_iam_policy_document.monitoring_rds_assume_role",
            "module.rds_aurora.module.aurora_primary.data.aws_partition.current",
            "module.rds_aurora.module.aurora_secondary.aws_security_group.this",
            "module.rds_aurora.random_password.master",
            "module.vpc_primary.data.aws_availability_zones.available",
            "module.vpc_primary.module.vpc.aws_db_subnet_group.database",
            "module.vpc_primary.module.vpc.aws_subnet.database",
            "module.vpc_primary.module.vpc.aws_subnet.private",
            "module.vpc_primary.module.vpc.aws_vpc.this",
            "module.vpc_primary.module.vpc.aws_vpc_ipv4_cidr_block_association.this",
            "module.vpc_secondary.data.aws_availability_zones.available",
            "module.vpc_secondary.module.vpc.aws_subnet.private",
            "module.vpc_secondary.module.vpc.aws_vpc.this",
            "module.vpc_secondary.module.vpc.aws_vpc_ipv4_cidr_block_association.this"
          ]
        }
      ]
    },
    {
      "module": "module.secrets_manager",
      "mode": "managed",
      "type": "aws_secretsmanager_secret",
      "name": "db_password",
      "provider": "provider[\"registry.terraform.io/hashicorp/aws\"].primary",
      "instances": [
        {
          "schema_version": 0,
          "attributes": {
            "arn": "arn:aws:secretsmanager:us-east-1:643942183295:secret:aerolink-db-password-v2-z5mO0O",
            "description": "",
            "force_overwrite_replica_secret": false,
            "id": "arn:aws:secretsmanager:us-east-1:643942183295:secret:aerolink-db-password-v2-z5mO0O",
            "kms_key_id": "",
            "name": "aerolink-db-password-v2",
            "name_prefix": "",
            "policy": "",
            "recovery_window_in_days": 30,
            "replica": [],
            "tags": {},
            "tags_all": {}
          },
          "sensitive_attributes": [],
          "identity_schema_version": 0,
          "private": "bnVsbA=="
        }
      ]
    },
    {
      "module": "module.vpc_primary",
      "mode": "data",
      "type": "aws_availability_zones",
      "name": "available",
      "provider": "provider[\"registry.terraform.io/hashicorp/aws\"].primary",
      "instances": [
        {
          "schema_version": 0,
          "attributes": {
            "all_availability_zones": null,
            "exclude_names": null,
            "exclude_zone_ids": null,
            "filter": null,
            "group_names": [
              "us-east-1-zg-1"
            ],
            "id": "us-east-1",
            "names": [
              "us-east-1a",
              "us-east-1b",
              "us-east-1c",
              "us-east-1d",
              "us-east-1e",
              "us-east-1f"
            ],
            "state": "available",
            "timeouts": null,
            "zone_ids": [
              "use1-az1",
              "use1-az2",
              "use1-az4",
              "use1-az6",
              "use1-az3",
              "use1-az5"
            ]
          },
          "sensitive_attributes": [],
          "identity_schema_version": 0
        }
      ]
    },
    {
      "module": "module.vpc_primary.module.vpc",
      "mode": "managed",
      "type": "aws_db_subnet_group",
      "name": "database",
      "provider": "provider[\"registry.terraform.io/hashicorp/aws\"].primary",
      "instances": [
        {
          "index_key": 0,
          "schema_version": 0,
          "attributes": {
            "arn": "arn:aws:rds:us-east-1:643942183295:subgrp:aerolink-dev-primary-vpc",
            "description": "Database subnet group for aerolink-dev-primary-vpc",
            "id": "aerolink-dev-primary-vpc",
            "name": "aerolink-dev-primary-vpc",
            "name_prefix": "",
            "subnet_ids": [
              "subnet-00184a905d02447f9",
              "subnet-063df7862e35b97c0"
            ],
            "supported_network_types": [
              "IPV4"
            ],
            "tags": {
              "Name": "aerolink-dev-primary-vpc"
            },
            "tags_all": {
              "Name": "aerolink-dev-primary-vpc"
            },
            "vpc_id": "vpc-025c48b3d39de9e1d"
          },
          "sensitive_attributes": [],
          "identity_schema_version": 0,
          "private": "bnVsbA==",
          "dependencies": [
            "module.vpc_primary.data.aws_availability_zones.available",
            "module.vpc_primary.module.vpc.aws_subnet.database",
            "module.vpc_primary.module.vpc.aws_vpc.this",
            "module.vpc_primary.module.vpc.aws_vpc_ipv4_cidr_block_association.this"
          ],
          "create_before_destroy": true
        }
      ]
    },
    {
      "module": "module.vpc_primary.module.vpc",
      "mode": "managed",
      "type": "aws_default_network_acl",
      "name": "this",
      "provider": "provider[\"registry.terraform.io/hashicorp/aws\"].primary",
      "instances": [
        {
          "index_key": 0,
          "schema_version": 0,
          "attributes": {
            "arn": "arn:aws:ec2:us-east-1:643942183295:network-acl/acl-041e60c7db9cf2c07",
            "default_network_acl_id": "acl-041e60c7db9cf2c07",
            "egress": [
              {
                "action": "allow",
                "cidr_block": "",
                "from_port": 0,
                "icmp_code": 0,
                "icmp_type": 0,
                "ipv6_cidr_block": "::/0",
                "protocol": "-1",
                "rule_no": 101,
                "to_port": 0
              },
              {
                "action": "allow",
                "cidr_block": "0.0.0.0/0",
                "from_port": 0,
                "icmp_code": 0,
                "icmp_type": 0,
                "ipv6_cidr_block": "",
                "protocol": "-1",
                "rule_no": 100,
                "to_port": 0
              }
            ],
            "id": "acl-041e60c7db9cf2c07",
            "ingress": [
              {
                "action": "allow",
                "cidr_block": "",
                "from_port": 0,
                "icmp_code": 0,
                "icmp_type": 0,
                "ipv6_cidr_block": "::/0",
                "protocol": "-1",
                "rule_no": 101,
                "to_port": 0
              },
              {
                "action": "allow",
                "cidr_block": "0.0.0.0/0",
                "from_port": 0,
                "icmp_code": 0,
                "icmp_type": 0,
                "ipv6_cidr_block": "",
                "protocol": "-1",
                "rule_no": 100,
                "to_port": 0
              }
            ],
            "owner_id": "643942183295",
            "subnet_ids": [
              "subnet-00184a905d02447f9",
              "subnet-00f2acb723ea3ed5f",
              "subnet-05f51fc5705940abe",
              "subnet-063df7862e35b97c0",
              "subnet-073b613c1e994a689",
              "subnet-0a10d6ac3077ddb1d"
            ],
            "tags": {
              "Name": "aerolink-dev-primary-vpc-default"
            },
            "tags_all": {
              "Name": "aerolink-dev-primary-vpc-default"
            },
            "vpc_id": "vpc-025c48b3d39de9e1d"
          },
          "sensitive_attributes": [],
          "identity_schema_version": 0,
          "private": "bnVsbA==",
          "dependencies": [
            "module.vpc_primary.module.vpc.aws_vpc.this"
          ]
        }
      ]
    },
    {
      "module": "module.vpc_primary.module.vpc",
      "mode": "managed",
      "type": "aws_default_route_table",
      "name": "default",
      "provider": "provider[\"registry.terraform.io/hashicorp/aws\"].primary",
      "instances": [
        {
          "index_key": 0,
          "schema_version": 0,
          "attributes": {
            "arn": "arn:aws:ec2:us-east-1:643942183295:route-table/rtb-02f44428899258466",
            "default_route_table_id": "rtb-02f44428899258466",
            "id": "rtb-02f44428899258466",
            "owner_id": "643942183295",
            "propagating_vgws": [],
            "route": [],
            "tags": {
              "Name": "aerolink-dev-primary-vpc-default"
            },
            "tags_all": {
              "Name": "aerolink-dev-primary-vpc-default"
            },
            "timeouts": {
              "create": "5m",
              "update": "5m"
            },
            "vpc_id": "vpc-025c48b3d39de9e1d"
          },
          "sensitive_attributes": [],
          "identity_schema_version": 0,
          "private": "eyJlMmJmYjczMC1lY2FhLTExZTYtOGY4OC0zNDM2M2JjN2M0YzAiOnsiY3JlYXRlIjozMDAwMDAwMDAwMDAsInVwZGF0ZSI6MzAwMDAwMDAwMDAwfX0=",
          "dependencies": [
            "module.vpc_primary.module.vpc.aws_vpc.this"
          ]
        }
      ]
    },
    {
      "module": "module.vpc_primary.module.vpc",
      "mode": "managed",
      "type": "aws_default_security_group",
      "name": "this",
      "provider": "provider[\"registry.terraform.io/hashicorp/aws\"].primary",
      "instances": [
        {
          "index_key": 0,
          "schema_version": 1,
          "attributes": {
            "arn": "arn:aws:ec2:us-east-1:643942183295:security-group/sg-067c770109acdbb6b",
            "description": "default VPC security group",
            "egress": [],
            "id": "sg-067c770109acdbb6b",
            "ingress": [],
            "name": "default",
            "name_prefix": "",
            "owner_id": "643942183295",
            "revoke_rules_on_delete": false,
            "tags": {
              "Name": "aerolink-dev-primary-vpc-default"
            },
            "tags_all": {
              "Name": "aerolink-dev-primary-vpc-default"
            },
            "vpc_id": "vpc-025c48b3d39de9e1d"
          },
          "sensitive_attributes": [],
          "identity_schema_version": 0,
          "private": "eyJzY2hlbWFfdmVyc2lvbiI6IjEifQ==",
          "dependencies": [
            "module.vpc_primary.module.vpc.aws_vpc.this"
          ]
        }
      ]
    },
    {
      "module": "module.vpc_primary.module.vpc",
      "mode": "managed",
      "type": "aws_eip",
      "name": "nat",
      "provider": "provider[\"registry.terraform.io/hashicorp/aws\"].primary",
      "instances": [
        {
          "index_key": 0,
          "schema_version": 0,
          "attributes": {
            "address": null,
            "allocation_id": "eipalloc-0986f89a0b54f6135",
            "arn": "arn:aws:ec2:us-east-1:643942183295:elastic-ip/eipalloc-0986f89a0b54f6135",
            "associate_with_private_ip": null,
            "association_id": "eipassoc-0090b4de4946ecdd3",
            "carrier_ip": "",
            "customer_owned_ip": "",
            "customer_owned_ipv4_pool": "",
            "domain": "vpc",
            "id": "eipalloc-0986f89a0b54f6135",
            "instance": "",
            "ipam_pool_id": null,
            "network_border_group": "us-east-1",
            "network_interface": "eni-08e54d36c4e1ac148",
            "private_dns": "ip-10-0-101-74.ec2.internal",
            "private_ip": "10.0.101.74",
            "ptr_record": "",
            "public_dns": "ec2-54-165-45-168.compute-1.amazonaws.com",
            "public_ip": "54.165.45.168",
            "public_ipv4_pool": "amazon",
            "tags": {
              "Name": "aerolink-dev-primary-vpc-us-east-1a"
            },
            "tags_all": {
              "Name": "aerolink-dev-primary-vpc-us-east-1a"
            },
            "timeouts": null,
            "vpc": true
          },
          "sensitive_attributes": [],
          "identity_schema_version": 0,
          "private": "eyJlMmJmYjczMC1lY2FhLTExZTYtOGY4OC0zNDM2M2JjN2M0YzAiOnsiZGVsZXRlIjoxODAwMDAwMDAwMDAsInJlYWQiOjkwMDAwMDAwMDAwMCwidXBkYXRlIjozMDAwMDAwMDAwMDB9fQ==",
          "dependencies": [
            "module.vpc_primary.data.aws_availability_zones.available",
            "module.vpc_primary.module.vpc.aws_internet_gateway.this",
            "module.vpc_primary.module.vpc.aws_vpc.this",
            "module.vpc_primary.module.vpc.aws_vpc_ipv4_cidr_block_association.this"
          ]
        }
      ]
    },
    {
      "module": "module.vpc_primary.module.vpc",
      "mode": "managed",
      "type": "aws_internet_gateway",
      "name": "this",
      "provider": "provider[\"registry.terraform.io/hashicorp/aws\"].primary",
      "instances": [
        {
          "index_key": 0,
          "schema_version": 0,
          "attributes": {
            "arn": "arn:aws:ec2:us-east-1:643942183295:internet-gateway/igw-0d06c0c822869ce11",
            "id": "igw-0d06c0c822869ce11",
            "owner_id": "643942183295",
            "tags": {
              "Name": "aerolink-dev-primary-vpc"
            },
            "tags_all": {
              "Name": "aerolink-dev-primary-vpc"
            },
            "timeouts": null,
            "vpc_id": "vpc-025c48b3d39de9e1d"
          },
          "sensitive_attributes": [],
          "identity_schema_version": 0,
          "private": "eyJlMmJmYjczMC1lY2FhLTExZTYtOGY4OC0zNDM2M2JjN2M0YzAiOnsiY3JlYXRlIjoxMjAwMDAwMDAwMDAwLCJkZWxldGUiOjEyMDAwMDAwMDAwMDAsInVwZGF0ZSI6MTIwMDAwMDAwMDAwMH19",
          "dependencies": [
            "module.vpc_primary.module.vpc.aws_vpc.this",
            "module.vpc_primary.module.vpc.aws_vpc_ipv4_cidr_block_association.this"
          ]
        }
      ]
    },
    {
      "module": "module.vpc_primary.module.vpc",
      "mode": "managed",
      "type": "aws_nat_gateway",
      "name": "this",
      "provider": "provider[\"registry.terraform.io/hashicorp/aws\"].primary",
      "instances": [
        {
          "index_key": 0,
          "schema_version": 0,
          "attributes": {
            "allocation_id": "eipalloc-0986f89a0b54f6135",
            "association_id": "eipassoc-0090b4de4946ecdd3",
            "connectivity_type": "public",
            "id": "nat-0056c50275cda52eb",
            "network_interface_id": "eni-08e54d36c4e1ac148",
            "private_ip": "10.0.101.74",
            "public_ip": "54.165.45.168",
            "secondary_allocation_ids": [],
            "secondary_private_ip_address_count": 0,
            "secondary_private_ip_addresses": [],
            "subnet_id": "subnet-05f51fc5705940abe",
            "tags": {
              "Name": "aerolink-dev-primary-vpc-us-east-1a"
            },
            "tags_all": {
              "Name": "aerolink-dev-primary-vpc-us-east-1a"
            },
            "timeouts": null
          },
          "sensitive_attributes": [],
          "identity_schema_version": 0,
          "private": "eyJlMmJmYjczMC1lY2FhLTExZTYtOGY4OC0zNDM2M2JjN2M0YzAiOnsiY3JlYXRlIjo2MDAwMDAwMDAwMDAsImRlbGV0ZSI6MTgwMDAwMDAwMDAwMCwidXBkYXRlIjo2MDAwMDAwMDAwMDB9fQ==",
          "dependencies": [
            "module.vpc_primary.data.aws_availability_zones.available",
            "module.vpc_primary.module.vpc.aws_eip.nat",
            "module.vpc_primary.module.vpc.aws_internet_gateway.this",
            "module.vpc_primary.module.vpc.aws_subnet.public",
            "module.vpc_primary.module.vpc.aws_vpc.this",
            "module.vpc_primary.module.vpc.aws_vpc_ipv4_cidr_block_association.this"
          ]
        }
      ]
    },
    {
      "module": "module.vpc_primary.module.vpc",
      "mode": "managed",
      "type": "aws_route",
      "name": "private_nat_gateway",
      "provider": "provider[\"registry.terraform.io/hashicorp/aws\"].primary",
      "instances": [
        {
          "index_key": 0,
          "schema_version": 0,
          "attributes": {
            "carrier_gateway_id": "",
            "core_network_arn": "",
            "destination_cidr_block": "0.0.0.0/0",
            "destination_ipv6_cidr_block": "",
            "destination_prefix_list_id": "",
            "egress_only_gateway_id": "",
            "gateway_id": "",
            "id": "r-rtb-00592b353b1ebbc591080289494",
            "instance_id": "",
            "instance_owner_id": "",
            "local_gateway_id": "",
            "nat_gateway_id": "nat-0056c50275cda52eb",
            "network_interface_id": "",
            "origin": "CreateRoute",
            "route_table_id": "rtb-00592b353b1ebbc59",
            "state": "active",
            "timeouts": {
              "create": "5m",
              "delete": null,
              "update": null
            },
            "transit_gateway_id": "",
            "vpc_endpoint_id": "",
            "vpc_peering_connection_id": ""
          },
          "sensitive_attributes": [],
          "identity_schema_version": 0,
          "private": "eyJlMmJmYjczMC1lY2FhLTExZTYtOGY4OC0zNDM2M2JjN2M0YzAiOnsiY3JlYXRlIjozMDAwMDAwMDAwMDAsImRlbGV0ZSI6MzAwMDAwMDAwMDAwLCJ1cGRhdGUiOjEyMDAwMDAwMDAwMH19",
          "dependencies": [
            "module.vpc_primary.data.aws_availability_zones.available",
            "module.vpc_primary.module.vpc.aws_eip.nat",
            "module.vpc_primary.module.vpc.aws_internet_gateway.this",
            "module.vpc_primary.module.vpc.aws_nat_gateway.this",
            "module.vpc_primary.module.vpc.aws_route_table.private",
            "module.vpc_primary.module.vpc.aws_subnet.public",
            "module.vpc_primary.module.vpc.aws_vpc.this",
            "module.vpc_primary.module.vpc.aws_vpc_ipv4_cidr_block_association.this"
          ]
        }
      ]
    },
    {
      "module": "module.vpc_primary.module.vpc",
      "mode": "managed",
      "type": "aws_route",
      "name": "public_internet_gateway",
      "provider": "provider[\"registry.terraform.io/hashicorp/aws\"].primary",
      "instances": [
        {
          "index_key": 0,
          "schema_version": 0,
          "attributes": {
            "carrier_gateway_id": "",
            "core_network_arn": "",
            "destination_cidr_block": "0.0.0.0/0",
            "destination_ipv6_cidr_block": "",
            "destination_prefix_list_id": "",
            "egress_only_gateway_id": "",
            "gateway_id": "igw-0d06c0c822869ce11",
            "id": "r-rtb-06e483ff9e005cabd1080289494",
            "instance_id": "",
            "instance_owner_id": "",
            "local_gateway_id": "",
            "nat_gateway_id": "",
            "network_interface_id": "",
            "origin": "CreateRoute",
            "route_table_id": "rtb-06e483ff9e005cabd",
            "state": "active",
            "timeouts": {
              "create": "5m",
              "delete": null,
              "update": null
            },
            "transit_gateway_id": "",
            "vpc_endpoint_id": "",
            "vpc_peering_connection_id": ""
          },
          "sensitive_attributes": [],
          "identity_schema_version": 0,
          "private": "eyJlMmJmYjczMC1lY2FhLTExZTYtOGY4OC0zNDM2M2JjN2M0YzAiOnsiY3JlYXRlIjozMDAwMDAwMDAwMDAsImRlbGV0ZSI6MzAwMDAwMDAwMDAwLCJ1cGRhdGUiOjEyMDAwMDAwMDAwMH19",
          "dependencies": [
            "module.vpc_primary.data.aws_availability_zones.available",
            "module.vpc_primary.module.vpc.aws_internet_gateway.this",
            "module.vpc_primary.module.vpc.aws_route_table.public",
            "module.vpc_primary.module.vpc.aws_vpc.this",
            "module.vpc_primary.module.vpc.aws_vpc_ipv4_cidr_block_association.this"
          ]
        }
      ]
    },
    {
      "module": "module.vpc_primary.module.vpc",
      "mode": "managed",
      "type": "aws_route_table",
      "name": "private",
      "provider": "provider[\"registry.terraform.io/hashicorp/aws\"].primary",
      "instances": [
        {
          "index_key": 0,
          "schema_version": 0,
          "attributes": {
            "arn": "arn:aws:ec2:us-east-1:643942183295:route-table/rtb-00592b353b1ebbc59",
            "id": "rtb-00592b353b1ebbc59",
            "owner_id": "643942183295",
            "propagating_vgws": [],
            "route": [
              {
                "carrier_gateway_id": "",
                "cidr_block": "0.0.0.0/0",
                "core_network_arn": "",
                "destination_prefix_list_id": "",
                "egress_only_gateway_id": "",
                "gateway_id": "",
                "ipv6_cidr_block": "",
                "local_gateway_id": "",
                "nat_gateway_id": "nat-0056c50275cda52eb",
                "network_interface_id": "",
                "transit_gateway_id": "",
                "vpc_endpoint_id": "",
                "vpc_peering_connection_id": ""
              }
            ],
            "tags": {
              "Name": "aerolink-dev-primary-vpc-private"
            },
            "tags_all": {
              "Name": "aerolink-dev-primary-vpc-private"
            },
            "timeouts": null,
            "vpc_id": "vpc-025c48b3d39de9e1d"
          },
          "sensitive_attributes": [],
          "identity_schema_version": 0,
          "private": "eyJlMmJmYjczMC1lY2FhLTExZTYtOGY4OC0zNDM2M2JjN2M0YzAiOnsiY3JlYXRlIjozMDAwMDAwMDAwMDAsImRlbGV0ZSI6MzAwMDAwMDAwMDAwLCJ1cGRhdGUiOjEyMDAwMDAwMDAwMH19",
          "dependencies": [
            "module.vpc_primary.data.aws_availability_zones.available",
            "module.vpc_primary.module.vpc.aws_vpc.this",
            "module.vpc_primary.module.vpc.aws_vpc_ipv4_cidr_block_association.this"
          ]
        }
      ]
    },
    {
      "module": "module.vpc_primary.module.vpc",
      "mode": "managed",
      "type": "aws_route_table",
      "name": "public",
      "provider": "provider[\"registry.terraform.io/hashicorp/aws\"].primary",
      "instances": [
        {
          "index_key": 0,
          "schema_version": 0,
          "attributes": {
            "arn": "arn:aws:ec2:us-east-1:643942183295:route-table/rtb-06e483ff9e005cabd",
            "id": "rtb-06e483ff9e005cabd",
            "owner_id": "643942183295",
            "propagating_vgws": [],
            "route": [
              {
                "carrier_gateway_id": "",
                "cidr_block": "0.0.0.0/0",
                "core_network_arn": "",
                "destination_prefix_list_id": "",
                "egress_only_gateway_id": "",
                "gateway_id": "igw-0d06c0c822869ce11",
                "ipv6_cidr_block": "",
                "local_gateway_id": "",
                "nat_gateway_id": "",
                "network_interface_id": "",
                "transit_gateway_id": "",
                "vpc_endpoint_id": "",
                "vpc_peering_connection_id": ""
              }
            ],
            "tags": {
              "Name": "aerolink-dev-primary-vpc-public"
            },
            "tags_all": {
              "Name": "aerolink-dev-primary-vpc-public"
            },
            "timeouts": null,
            "vpc_id": "vpc-025c48b3d39de9e1d"
          },
          "sensitive_attributes": [],
          "identity_schema_version": 0,
          "private": "eyJlMmJmYjczMC1lY2FhLTExZTYtOGY4OC0zNDM2M2JjN2M0YzAiOnsiY3JlYXRlIjozMDAwMDAwMDAwMDAsImRlbGV0ZSI6MzAwMDAwMDAwMDAwLCJ1cGRhdGUiOjEyMDAwMDAwMDAwMH19",
          "dependencies": [
            "module.vpc_primary.data.aws_availability_zones.available",
            "module.vpc_primary.module.vpc.aws_vpc.this",
            "module.vpc_primary.module.vpc.aws_vpc_ipv4_cidr_block_association.this"
          ]
        }
      ]
    },
    {
      "module": "module.vpc_primary.module.vpc",
      "mode": "managed",
      "type": "aws_route_table_association",
      "name": "database",
      "provider": "provider[\"registry.terraform.io/hashicorp/aws\"].primary",
      "instances": [
        {
          "index_key": 0,
          "schema_version": 0,
          "attributes": {
            "gateway_id": "",
            "id": "rtbassoc-04a236c2559d11517",
            "route_table_id": "rtb-00592b353b1ebbc59",
            "subnet_id": "subnet-00184a905d02447f9",
            "timeouts": null
          },
          "sensitive_attributes": [],
          "identity_schema_version": 0,
          "private": "eyJlMmJmYjczMC1lY2FhLTExZTYtOGY4OC0zNDM2M2JjN2M0YzAiOnsiY3JlYXRlIjozMDAwMDAwMDAwMDAsImRlbGV0ZSI6MzAwMDAwMDAwMDAwLCJ1cGRhdGUiOjEyMDAwMDAwMDAwMH19",
          "dependencies": [
            "module.vpc_primary.data.aws_availability_zones.available",
            "module.vpc_primary.module.vpc.aws_route_table.database",
            "module.vpc_primary.module.vpc.aws_route_table.private",
            "module.vpc_primary.module.vpc.aws_subnet.database",
            "module.vpc_primary.module.vpc.aws_vpc.this",
            "module.vpc_primary.module.vpc.aws_vpc_ipv4_cidr_block_association.this"
          ]
        },
        {
          "index_key": 1,
          "schema_version": 0,
          "attributes": {
            "gateway_id": "",
            "id": "rtbassoc-02c1b33a96274135f",
            "route_table_id": "rtb-00592b353b1ebbc59",
            "subnet_id": "subnet-063df7862e35b97c0",
            "timeouts": null
          },
          "sensitive_attributes": [],
          "identity_schema_version": 0,
          "private": "eyJlMmJmYjczMC1lY2FhLTExZTYtOGY4OC0zNDM2M2JjN2M0YzAiOnsiY3JlYXRlIjozMDAwMDAwMDAwMDAsImRlbGV0ZSI6MzAwMDAwMDAwMDAwLCJ1cGRhdGUiOjEyMDAwMDAwMDAwMH19",
          "dependencies": [
            "module.vpc_primary.data.aws_availability_zones.available",
            "module.vpc_primary.module.vpc.aws_route_table.database",
            "module.vpc_primary.module.vpc.aws_route_table.private",
            "module.vpc_primary.module.vpc.aws_subnet.database",
            "module.vpc_primary.module.vpc.aws_vpc.this",
            "module.vpc_primary.module.vpc.aws_vpc_ipv4_cidr_block_association.this"
          ]
        }
      ]
    },
    {
      "module": "module.vpc_primary.module.vpc",
      "mode": "managed",
      "type": "aws_route_table_association",
      "name": "private",
      "provider": "provider[\"registry.terraform.io/hashicorp/aws\"].primary",
      "instances": [
        {
          "index_key": 0,
          "schema_version": 0,
          "attributes": {
            "gateway_id": "",
            "id": "rtbassoc-0414e418fee036d0d",
            "route_table_id": "rtb-00592b353b1ebbc59",
            "subnet_id": "subnet-073b613c1e994a689",
            "timeouts": null
          },
          "sensitive_attributes": [],
          "identity_schema_version": 0,
          "private": "eyJlMmJmYjczMC1lY2FhLTExZTYtOGY4OC0zNDM2M2JjN2M0YzAiOnsiY3JlYXRlIjozMDAwMDAwMDAwMDAsImRlbGV0ZSI6MzAwMDAwMDAwMDAwLCJ1cGRhdGUiOjEyMDAwMDAwMDAwMH19",
          "dependencies": [
            "module.vpc_primary.data.aws_availability_zones.available",
            "module.vpc_primary.module.vpc.aws_route_table.private",
            "module.vpc_primary.module.vpc.aws_subnet.private",
            "module.vpc_primary.module.vpc.aws_vpc.this",
            "module.vpc_primary.module.vpc.aws_vpc_ipv4_cidr_block_association.this"
          ]
        },
        {
          "index_key": 1,
          "schema_version": 0,
          "attributes": {
            "gateway_id": "",
            "id": "rtbassoc-0eca06b394de8b771",
            "route_table_id": "rtb-00592b353b1ebbc59",
            "subnet_id": "subnet-00f2acb723ea3ed5f",
            "timeouts": null
          },
          "sensitive_attributes": [],
          "identity_schema_version": 0,
          "private": "eyJlMmJmYjczMC1lY2FhLTExZTYtOGY4OC0zNDM2M2JjN2M0YzAiOnsiY3JlYXRlIjozMDAwMDAwMDAwMDAsImRlbGV0ZSI6MzAwMDAwMDAwMDAwLCJ1cGRhdGUiOjEyMDAwMDAwMDAwMH19",
          "dependencies": [
            "module.vpc_primary.data.aws_availability_zones.available",
            "module.vpc_primary.module.vpc.aws_route_table.private",
            "module.vpc_primary.module.vpc.aws_subnet.private",
            "module.vpc_primary.module.vpc.aws_vpc.this",
            "module.vpc_primary.module.vpc.aws_vpc_ipv4_cidr_block_association.this"
          ]
        }
      ]
    },
    {
      "module": "module.vpc_primary.module.vpc",
      "mode": "managed",
      "type": "aws_route_table_association",
      "name": "public",
      "provider": "provider[\"registry.terraform.io/hashicorp/aws\"].primary",
      "instances": [
        {
          "index_key": 0,
          "schema_version": 0,
          "attributes": {
            "gateway_id": "",
            "id": "rtbassoc-025ae4665baad9aca",
            "route_table_id": "rtb-06e483ff9e005cabd",
            "subnet_id": "subnet-05f51fc5705940abe",
            "timeouts": null
          },
          "sensitive_attributes": [],
          "identity_schema_version": 0,
          "private": "eyJlMmJmYjczMC1lY2FhLTExZTYtOGY4OC0zNDM2M2JjN2M0YzAiOnsiY3JlYXRlIjozMDAwMDAwMDAwMDAsImRlbGV0ZSI6MzAwMDAwMDAwMDAwLCJ1cGRhdGUiOjEyMDAwMDAwMDAwMH19",
          "dependencies": [
            "module.vpc_primary.data.aws_availability_zones.available",
            "module.vpc_primary.module.vpc.aws_route_table.public",
            "module.vpc_primary.module.vpc.aws_subnet.public",
            "module.vpc_primary.module.vpc.aws_vpc.this",
            "module.vpc_primary.module.vpc.aws_vpc_ipv4_cidr_block_association.this"
          ]
        },
        {
          "index_key": 1,
          "schema_version": 0,
          "attributes": {
            "gateway_id": "",
            "id": "rtbassoc-07d696d01c335dd62",
            "route_table_id": "rtb-06e483ff9e005cabd",
            "subnet_id": "subnet-0a10d6ac3077ddb1d",
            "timeouts": null
          },
          "sensitive_attributes": [],
          "identity_schema_version": 0,
          "private": "eyJlMmJmYjczMC1lY2FhLTExZTYtOGY4OC0zNDM2M2JjN2M0YzAiOnsiY3JlYXRlIjozMDAwMDAwMDAwMDAsImRlbGV0ZSI6MzAwMDAwMDAwMDAwLCJ1cGRhdGUiOjEyMDAwMDAwMDAwMH19",
          "dependencies": [
            "module.vpc_primary.data.aws_availability_zones.available",
            "module.vpc_primary.module.vpc.aws_route_table.public",
            "module.vpc_primary.module.vpc.aws_subnet.public",
            "module.vpc_primary.module.vpc.aws_vpc.this",
            "module.vpc_primary.module.vpc.aws_vpc_ipv4_cidr_block_association.this"
          ]
        }
      ]
    },
    {
      "module": "module.vpc_primary.module.vpc",
      "mode": "managed",
      "type": "aws_subnet",
      "name": "database",
      "provider": "provider[\"registry.terraform.io/hashicorp/aws\"].primary",
      "instances": [
        {
          "index_key": 0,
          "schema_version": 1,
          "attributes": {
            "arn": "arn:aws:ec2:us-east-1:643942183295:subnet/subnet-00184a905d02447f9",
            "assign_ipv6_address_on_creation": false,
            "availability_zone": "us-east-1a",
            "availability_zone_id": "use1-az1",
            "cidr_block": "10.0.201.0/24",
            "customer_owned_ipv4_pool": "",
            "enable_dns64": false,
            "enable_lni_at_device_index": 0,
            "enable_resource_name_dns_a_record_on_launch": false,
            "enable_resource_name_dns_aaaa_record_on_launch": false,
            "id": "subnet-00184a905d02447f9",
            "ipv6_cidr_block": "",
            "ipv6_cidr_block_association_id": "",
            "ipv6_native": false,
            "map_customer_owned_ip_on_launch": false,
            "map_public_ip_on_launch": false,
            "outpost_arn": "",
            "owner_id": "643942183295",
            "private_dns_hostname_type_on_launch": "ip-name",
            "tags": {
              "Name": "aerolink-dev-primary-vpc-db-us-east-1a"
            },
            "tags_all": {
              "Name": "aerolink-dev-primary-vpc-db-us-east-1a"
            },
            "timeouts": null,
            "vpc_id": "vpc-025c48b3d39de9e1d"
          },
          "sensitive_attributes": [],
          "identity_schema_version": 0,
          "private": "eyJlMmJmYjczMC1lY2FhLTExZTYtOGY4OC0zNDM2M2JjN2M0YzAiOnsiY3JlYXRlIjo2MDAwMDAwMDAwMDAsImRlbGV0ZSI6MTIwMDAwMDAwMDAwMH0sInNjaGVtYV92ZXJzaW9uIjoiMSJ9",
          "dependencies": [
            "module.vpc_primary.data.aws_availability_zones.available",
            "module.vpc_primary.module.vpc.aws_vpc.this",
            "module.vpc_primary.module.vpc.aws_vpc_ipv4_cidr_block_association.this"
          ],
          "create_before_destroy": true
        },
        {
          "index_key": 1,
          "schema_version": 1,
          "attributes": {
            "arn": "arn:aws:ec2:us-east-1:643942183295:subnet/subnet-063df7862e35b97c0",
            "assign_ipv6_address_on_creation": false,
            "availability_zone": "us-east-1b",
            "availability_zone_id": "use1-az2",
            "cidr_block": "10.0.202.0/24",
            "customer_owned_ipv4_pool": "",
            "enable_dns64": false,
            "enable_lni_at_device_index": 0,
            "enable_resource_name_dns_a_record_on_launch": false,
            "enable_resource_name_dns_aaaa_record_on_launch": false,
            "id": "subnet-063df7862e35b97c0",
            "ipv6_cidr_block": "",
            "ipv6_cidr_block_association_id": "",
            "ipv6_native": false,
            "map_customer_owned_ip_on_launch": false,
            "map_public_ip_on_launch": false,
            "outpost_arn": "",
            "owner_id": "643942183295",
            "private_dns_hostname_type_on_launch": "ip-name",
            "tags": {
              "Name": "aerolink-dev-primary-vpc-db-us-east-1b"
            },
            "tags_all": {
              "Name": "aerolink-dev-primary-vpc-db-us-east-1b"
            },
            "timeouts": null,
            "vpc_id": "vpc-025c48b3d39de9e1d"
          },
          "sensitive_attributes": [],
          "identity_schema_version": 0,
          "private": "eyJlMmJmYjczMC1lY2FhLTExZTYtOGY4OC0zNDM2M2JjN2M0YzAiOnsiY3JlYXRlIjo2MDAwMDAwMDAwMDAsImRlbGV0ZSI6MTIwMDAwMDAwMDAwMH0sInNjaGVtYV92ZXJzaW9uIjoiMSJ9",
          "dependencies": [
            "module.vpc_primary.data.aws_availability_zones.available",
            "module.vpc_primary.module.vpc.aws_vpc.this",
            "module.vpc_primary.module.vpc.aws_vpc_ipv4_cidr_block_association.this"
          ],
          "create_before_destroy": true
        }
      ]
    },
    {
      "module": "module.vpc_primary.module.vpc",
      "mode": "managed",
      "type": "aws_subnet",
      "name": "private",
      "provider": "provider[\"registry.terraform.io/hashicorp/aws\"].primary",
      "instances": [
        {
          "index_key": 0,
          "schema_version": 1,
          "attributes": {
            "arn": "arn:aws:ec2:us-east-1:643942183295:subnet/subnet-073b613c1e994a689",
            "assign_ipv6_address_on_creation": false,
            "availability_zone": "us-east-1a",
            "availability_zone_id": "use1-az1",
            "cidr_block": "10.0.1.0/24",
            "customer_owned_ipv4_pool": "",
            "enable_dns64": false,
            "enable_lni_at_device_index": 0,
            "enable_resource_name_dns_a_record_on_launch": false,
            "enable_resource_name_dns_aaaa_record_on_launch": false,
            "id": "subnet-073b613c1e994a689",
            "ipv6_cidr_block": "",
            "ipv6_cidr_block_association_id": "",
            "ipv6_native": false,
            "map_customer_owned_ip_on_launch": false,
            "map_public_ip_on_launch": false,
            "outpost_arn": "",
            "owner_id": "643942183295",
            "private_dns_hostname_type_on_launch": "ip-name",
            "tags": {
              "Name": "aerolink-dev-primary-vpc-private-us-east-1a"
            },
            "tags_all": {
              "Name": "aerolink-dev-primary-vpc-private-us-east-1a"
            },
            "timeouts": null,
            "vpc_id": "vpc-025c48b3d39de9e1d"
          },
          "sensitive_attributes": [],
          "identity_schema_version": 0,
          "private": "eyJlMmJmYjczMC1lY2FhLTExZTYtOGY4OC0zNDM2M2JjN2M0YzAiOnsiY3JlYXRlIjo2MDAwMDAwMDAwMDAsImRlbGV0ZSI6MTIwMDAwMDAwMDAwMH0sInNjaGVtYV92ZXJzaW9uIjoiMSJ9",
          "dependencies": [
            "module.vpc_primary.data.aws_availability_zones.available",
            "module.vpc_primary.module.vpc.aws_vpc.this",
            "module.vpc_primary.module.vpc.aws_vpc_ipv4_cidr_block_association.this"
          ],
          "create_before_destroy": true
        },
        {
          "index_key": 1,
          "schema_version": 1,
          "attributes": {
            "arn": "arn:aws:ec2:us-east-1:643942183295:subnet/subnet-00f2acb723ea3ed5f",
            "assign_ipv6_address_on_creation": false,
            "availability_zone": "us-east-1b",
            "availability_zone_id": "use1-az2",
            "cidr_block": "10.0.2.0/24",
            "customer_owned_ipv4_pool": "",
            "enable_dns64": false,
            "enable_lni_at_device_index": 0,
            "enable_resource_name_dns_a_record_on_launch": false,
            "enable_resource_name_dns_aaaa_record_on_launch": false,
            "id": "subnet-00f2acb723ea3ed5f",
            "ipv6_cidr_block": "",
            "ipv6_cidr_block_association_id": "",
            "ipv6_native": false,
            "map_customer_owned_ip_on_launch": false,
            "map_public_ip_on_launch": false,
            "outpost_arn": "",
            "owner_id": "643942183295",
            "private_dns_hostname_type_on_launch": "ip-name",
            "tags": {
              "Name": "aerolink-dev-primary-vpc-private-us-east-1b"
            },
            "tags_all": {
              "Name": "aerolink-dev-primary-vpc-private-us-east-1b"
            },
            "timeouts": null,
            "vpc_id": "vpc-025c48b3d39de9e1d"
          },
          "sensitive_attributes": [],
          "identity_schema_version": 0,
          "private": "eyJlMmJmYjczMC1lY2FhLTExZTYtOGY4OC0zNDM2M2JjN2M0YzAiOnsiY3JlYXRlIjo2MDAwMDAwMDAwMDAsImRlbGV0ZSI6MTIwMDAwMDAwMDAwMH0sInNjaGVtYV92ZXJzaW9uIjoiMSJ9",
          "dependencies": [
            "module.vpc_primary.data.aws_availability_zones.available",
            "module.vpc_primary.module.vpc.aws_vpc.this",
            "module.vpc_primary.module.vpc.aws_vpc_ipv4_cidr_block_association.this"
          ],
          "create_before_destroy": true
        }
      ]
    },
    {
      "module": "module.vpc_primary.module.vpc",
      "mode": "managed",
      "type": "aws_subnet",
      "name": "public",
      "provider": "provider[\"registry.terraform.io/hashicorp/aws\"].primary",
      "instances": [
        {
          "index_key": 0,
          "schema_version": 1,
          "attributes": {
            "arn": "arn:aws:ec2:us-east-1:643942183295:subnet/subnet-05f51fc5705940abe",
            "assign_ipv6_address_on_creation": false,
            "availability_zone": "us-east-1a",
            "availability_zone_id": "use1-az1",
            "cidr_block": "10.0.101.0/24",
            "customer_owned_ipv4_pool": "",
            "enable_dns64": false,
            "enable_lni_at_device_index": 0,
            "enable_resource_name_dns_a_record_on_launch": false,
            "enable_resource_name_dns_aaaa_record_on_launch": false,
            "id": "subnet-05f51fc5705940abe",
            "ipv6_cidr_block": "",
            "ipv6_cidr_block_association_id": "",
            "ipv6_native": false,
            "map_customer_owned_ip_on_launch": false,
            "map_public_ip_on_launch": false,
            "outpost_arn": "",
            "owner_id": "643942183295",
            "private_dns_hostname_type_on_launch": "ip-name",
            "tags": {
              "Name": "aerolink-dev-primary-vpc-public-us-east-1a"
            },
            "tags_all": {
              "Name": "aerolink-dev-primary-vpc-public-us-east-1a"
            },
            "timeouts": null,
            "vpc_id": "vpc-025c48b3d39de9e1d"
          },
          "sensitive_attributes": [],
          "identity_schema_version": 0,
          "private": "eyJlMmJmYjczMC1lY2FhLTExZTYtOGY4OC0zNDM2M2JjN2M0YzAiOnsiY3JlYXRlIjo2MDAwMDAwMDAwMDAsImRlbGV0ZSI6MTIwMDAwMDAwMDAwMH0sInNjaGVtYV92ZXJzaW9uIjoiMSJ9",
          "dependencies": [
            "module.vpc_primary.data.aws_availability_zones.available",
            "module.vpc_primary.module.vpc.aws_vpc.this",
            "module.vpc_primary.module.vpc.aws_vpc_ipv4_cidr_block_association.this"
          ]
        },
        {
          "index_key": 1,
          "schema_version": 1,
          "attributes": {
            "arn": "arn:aws:ec2:us-east-1:643942183295:subnet/subnet-0a10d6ac3077ddb1d",
            "assign_ipv6_address_on_creation": false,
            "availability_zone": "us-east-1b",
            "availability_zone_id": "use1-az2",
            "cidr_block": "10.0.102.0/24",
            "customer_owned_ipv4_pool": "",
            "enable_dns64": false,
            "enable_lni_at_device_index": 0,
            "enable_resource_name_dns_a_record_on_launch": false,
            "enable_resource_name_dns_aaaa_record_on_launch": false,
            "id": "subnet-0a10d6ac3077ddb1d",
            "ipv6_cidr_block": "",
            "ipv6_cidr_block_association_id": "",
            "ipv6_native": false,
            "map_customer_owned_ip_on_launch": false,
            "map_public_ip_on_launch": false,
            "outpost_arn": "",
            "owner_id": "643942183295",
            "private_dns_hostname_type_on_launch": "ip-name",
            "tags": {
              "Name": "aerolink-dev-primary-vpc-public-us-east-1b"
            },
            "tags_all": {
              "Name": "aerolink-dev-primary-vpc-public-us-east-1b"
            },
            "timeouts": null,
            "vpc_id": "vpc-025c48b3d39de9e1d"
          },
          "sensitive_attributes": [],
          "identity_schema_version": 0,
          "private": "eyJlMmJmYjczMC1lY2FhLTExZTYtOGY4OC0zNDM2M2JjN2M0YzAiOnsiY3JlYXRlIjo2MDAwMDAwMDAwMDAsImRlbGV0ZSI6MTIwMDAwMDAwMDAwMH0sInNjaGVtYV92ZXJzaW9uIjoiMSJ9",
          "dependencies": [
            "module.vpc_primary.data.aws_availability_zones.available",
            "module.vpc_primary.module.vpc.aws_vpc.this",
            "module.vpc_primary.module.vpc.aws_vpc_ipv4_cidr_block_association.this"
          ]
        }
      ]
    },
    {
      "module": "module.vpc_primary.module.vpc",
      "mode": "managed",
      "type": "aws_vpc",
      "name": "this",
      "provider": "provider[\"registry.terraform.io/hashicorp/aws\"].primary",
      "instances": [
        {
          "index_key": 0,
          "schema_version": 1,
          "attributes": {
            "arn": "arn:aws:ec2:us-east-1:643942183295:vpc/vpc-025c48b3d39de9e1d",
            "assign_generated_ipv6_cidr_block": false,
            "cidr_block": "10.0.0.0/16",
            "default_network_acl_id": "acl-041e60c7db9cf2c07",
            "default_route_table_id": "rtb-02f44428899258466",
            "default_security_group_id": "sg-067c770109acdbb6b",
            "dhcp_options_id": "dopt-058be5c401ceca4d0",
            "enable_dns_hostnames": true,
            "enable_dns_support": true,
            "enable_network_address_usage_metrics": false,
            "id": "vpc-025c48b3d39de9e1d",
            "instance_tenancy": "default",
            "ipv4_ipam_pool_id": null,
            "ipv4_netmask_length": null,
            "ipv6_association_id": "",
            "ipv6_cidr_block": "",
            "ipv6_cidr_block_network_border_group": "",
            "ipv6_ipam_pool_id": "",
            "ipv6_netmask_length": 0,
            "main_route_table_id": "rtb-02f44428899258466",
            "owner_id": "643942183295",
            "tags": {
              "Name": "aerolink-dev-primary-vpc"
            },
            "tags_all": {
              "Name": "aerolink-dev-primary-vpc"
            }
          },
          "sensitive_attributes": [],
          "identity_schema_version": 0,
          "private": "eyJzY2hlbWFfdmVyc2lvbiI6IjEifQ==",
          "create_before_destroy": true
        }
      ]
    },
    {
      "module": "module.vpc_secondary",
      "mode": "data",
      "type": "aws_availability_zones",
      "name": "available",
      "provider": "provider[\"registry.terraform.io/hashicorp/aws\"].secondary",
      "instances": [
        {
          "schema_version": 0,
          "attributes": {
            "all_availability_zones": null,
            "exclude_names": null,
            "exclude_zone_ids": null,
            "filter": null,
            "group_names": [
              "eu-west-1-zg-1"
            ],
            "id": "eu-west-1",
            "names": [
              "eu-west-1a",
              "eu-west-1b",
              "eu-west-1c"
            ],
            "state": "available",
            "timeouts": null,
            "zone_ids": [
              "euw1-az2",
              "euw1-az3",
              "euw1-az1"
            ]
          },
          "sensitive_attributes": [],
          "identity_schema_version": 0
        }
      ]
    },
    {
      "module": "module.vpc_secondary.module.vpc",
      "mode": "managed",
      "type": "aws_db_subnet_group",
      "name": "database",
      "provider": "provider[\"registry.terraform.io/hashicorp/aws\"].secondary",
      "instances": [
        {
          "index_key": 0,
          "schema_version": 0,
          "attributes": {
            "arn": "arn:aws:rds:eu-west-1:643942183295:subgrp:aerolink-dev-secondary-vpc",
            "description": "Database subnet group for aerolink-dev-secondary-vpc",
            "id": "aerolink-dev-secondary-vpc",
            "name": "aerolink-dev-secondary-vpc",
            "name_prefix": "",
            "subnet_ids": [
              "subnet-004250c43129f51e2",
              "subnet-0e2db2bbb48909a95"
            ],
            "supported_network_types": [
              "IPV4"
            ],
            "tags": {
              "Name": "aerolink-dev-secondary-vpc"
            },
            "tags_all": {
              "Name": "aerolink-dev-secondary-vpc"
            },
            "vpc_id": "vpc-0a99a34f319aaa368"
          },
          "sensitive_attributes": [],
          "identity_schema_version": 0,
          "private": "bnVsbA==",
          "dependencies": [
            "module.vpc_secondary.data.aws_availability_zones.available",
            "module.vpc_secondary.module.vpc.aws_subnet.database",
            "module.vpc_secondary.module.vpc.aws_vpc.this",
            "module.vpc_secondary.module.vpc.aws_vpc_ipv4_cidr_block_association.this"
          ],
          "create_before_destroy": true
        }
      ]
    },
    {
      "module": "module.vpc_secondary.module.vpc",
      "mode": "managed",
      "type": "aws_default_network_acl",
      "name": "this",
      "provider": "provider[\"registry.terraform.io/hashicorp/aws\"].secondary",
      "instances": [
        {
          "index_key": 0,
          "schema_version": 0,
          "attributes": {
            "arn": "arn:aws:ec2:eu-west-1:643942183295:network-acl/acl-0a190e8f0cc58a296",
            "default_network_acl_id": "acl-0a190e8f0cc58a296",
            "egress": [
              {
                "action": "allow",
                "cidr_block": "",
                "from_port": 0,
                "icmp_code": 0,
                "icmp_type": 0,
                "ipv6_cidr_block": "::/0",
                "protocol": "-1",
                "rule_no": 101,
                "to_port": 0
              },
              {
                "action": "allow",
                "cidr_block": "0.0.0.0/0",
                "from_port": 0,
                "icmp_code": 0,
                "icmp_type": 0,
                "ipv6_cidr_block": "",
                "protocol": "-1",
                "rule_no": 100,
                "to_port": 0
              }
            ],
            "id": "acl-0a190e8f0cc58a296",
            "ingress": [
              {
                "action": "allow",
                "cidr_block": "",
                "from_port": 0,
                "icmp_code": 0,
                "icmp_type": 0,
                "ipv6_cidr_block": "::/0",
                "protocol": "-1",
                "rule_no": 101,
                "to_port": 0
              },
              {
                "action": "allow",
                "cidr_block": "0.0.0.0/0",
                "from_port": 0,
                "icmp_code": 0,
                "icmp_type": 0,
                "ipv6_cidr_block": "",
                "protocol": "-1",
                "rule_no": 100,
                "to_port": 0
              }
            ],
            "owner_id": "643942183295",
            "subnet_ids": [
              "subnet-004250c43129f51e2",
              "subnet-02419ae92f72c3ef3",
              "subnet-03eea9d082c0874a9",
              "subnet-080231f96d9407879",
              "subnet-0e2db2bbb48909a95",
              "subnet-0fb4d1b3413c4dac5"
            ],
            "tags": {
              "Name": "aerolink-dev-secondary-vpc-default"
            },
            "tags_all": {
              "Name": "aerolink-dev-secondary-vpc-default"
            },
            "vpc_id": "vpc-0a99a34f319aaa368"
          },
          "sensitive_attributes": [],
          "identity_schema_version": 0,
          "private": "bnVsbA==",
          "dependencies": [
            "module.vpc_secondary.module.vpc.aws_vpc.this"
          ]
        }
      ]
    },
    {
      "module": "module.vpc_secondary.module.vpc",
      "mode": "managed",
      "type": "aws_default_route_table",
      "name": "default",
      "provider": "provider[\"registry.terraform.io/hashicorp/aws\"].secondary",
      "instances": [
        {
          "index_key": 0,
          "schema_version": 0,
          "attributes": {
            "arn": "arn:aws:ec2:eu-west-1:643942183295:route-table/rtb-0f29eb07b4f4db52c",
            "default_route_table_id": "rtb-0f29eb07b4f4db52c",
            "id": "rtb-0f29eb07b4f4db52c",
            "owner_id": "643942183295",
            "propagating_vgws": [],
            "route": [],
            "tags": {
              "Name": "aerolink-dev-secondary-vpc-default"
            },
            "tags_all": {
              "Name": "aerolink-dev-secondary-vpc-default"
            },
            "timeouts": {
              "create": "5m",
              "update": "5m"
            },
            "vpc_id": "vpc-0a99a34f319aaa368"
          },
          "sensitive_attributes": [],
          "identity_schema_version": 0,
          "private": "eyJlMmJmYjczMC1lY2FhLTExZTYtOGY4OC0zNDM2M2JjN2M0YzAiOnsiY3JlYXRlIjozMDAwMDAwMDAwMDAsInVwZGF0ZSI6MzAwMDAwMDAwMDAwfX0=",
          "dependencies": [
            "module.vpc_secondary.module.vpc.aws_vpc.this"
          ]
        }
      ]
    },
    {
      "module": "module.vpc_secondary.module.vpc",
      "mode": "managed",
      "type": "aws_default_security_group",
      "name": "this",
      "provider": "provider[\"registry.terraform.io/hashicorp/aws\"].secondary",
      "instances": [
        {
          "index_key": 0,
          "schema_version": 1,
          "attributes": {
            "arn": "arn:aws:ec2:eu-west-1:643942183295:security-group/sg-0dd1d60d1f1e869d4",
            "description": "default VPC security group",
            "egress": [],
            "id": "sg-0dd1d60d1f1e869d4",
            "ingress": [],
            "name": "default",
            "name_prefix": "",
            "owner_id": "643942183295",
            "revoke_rules_on_delete": false,
            "tags": {
              "Name": "aerolink-dev-secondary-vpc-default"
            },
            "tags_all": {
              "Name": "aerolink-dev-secondary-vpc-default"
            },
            "vpc_id": "vpc-0a99a34f319aaa368"
          },
          "sensitive_attributes": [],
          "identity_schema_version": 0,
          "private": "eyJzY2hlbWFfdmVyc2lvbiI6IjEifQ==",
          "dependencies": [
            "module.vpc_secondary.module.vpc.aws_vpc.this"
          ]
        }
      ]
    },
    {
      "module": "module.vpc_secondary.module.vpc",
      "mode": "managed",
      "type": "aws_eip",
      "name": "nat",
      "provider": "provider[\"registry.terraform.io/hashicorp/aws\"].secondary",
      "instances": [
        {
          "index_key": 0,
          "schema_version": 0,
          "attributes": {
            "address": null,
            "allocation_id": "eipalloc-038a6ea4cf7370b42",
            "arn": "arn:aws:ec2:eu-west-1:643942183295:elastic-ip/eipalloc-038a6ea4cf7370b42",
            "associate_with_private_ip": null,
            "association_id": "eipassoc-0c1911fce4b784364",
            "carrier_ip": "",
            "customer_owned_ip": "",
            "customer_owned_ipv4_pool": "",
            "domain": "vpc",
            "id": "eipalloc-038a6ea4cf7370b42",
            "instance": "",
            "ipam_pool_id": null,
            "network_border_group": "eu-west-1",
            "network_interface": "eni-0ad1437bb11464c94",
            "private_dns": "ip-10-0-101-203.eu-west-1.compute.internal",
            "private_ip": "10.0.101.203",
            "ptr_record": "",
            "public_dns": "ec2-54-72-196-120.eu-west-1.compute.amazonaws.com",
            "public_ip": "54.72.196.120",
            "public_ipv4_pool": "amazon",
            "tags": {
              "Name": "aerolink-dev-secondary-vpc-eu-west-1a"
            },
            "tags_all": {
              "Name": "aerolink-dev-secondary-vpc-eu-west-1a"
            },
            "timeouts": null,
            "vpc": true
          },
          "sensitive_attributes": [],
          "identity_schema_version": 0,
          "private": "eyJlMmJmYjczMC1lY2FhLTExZTYtOGY4OC0zNDM2M2JjN2M0YzAiOnsiZGVsZXRlIjoxODAwMDAwMDAwMDAsInJlYWQiOjkwMDAwMDAwMDAwMCwidXBkYXRlIjozMDAwMDAwMDAwMDB9fQ==",
          "dependencies": [
            "module.vpc_secondary.data.aws_availability_zones.available",
            "module.vpc_secondary.module.vpc.aws_internet_gateway.this",
            "module.vpc_secondary.module.vpc.aws_vpc.this",
            "module.vpc_secondary.module.vpc.aws_vpc_ipv4_cidr_block_association.this"
          ]
        }
      ]
    },
    {
      "module": "module.vpc_secondary.module.vpc",
      "mode": "managed",
      "type": "aws_internet_gateway",
      "name": "this",
      "provider": "provider[\"registry.terraform.io/hashicorp/aws\"].secondary",
      "instances": [
        {
          "index_key": 0,
          "schema_version": 0,
          "attributes": {
            "arn": "arn:aws:ec2:eu-west-1:643942183295:internet-gateway/igw-02fc87690e345586c",
            "id": "igw-02fc87690e345586c",
            "owner_id": "643942183295",
            "tags": {
              "Name": "aerolink-dev-secondary-vpc"
            },
            "tags_all": {
              "Name": "aerolink-dev-secondary-vpc"
            },
            "timeouts": null,
            "vpc_id": "vpc-0a99a34f319aaa368"
          },
          "sensitive_attributes": [],
          "identity_schema_version": 0,
          "private": "eyJlMmJmYjczMC1lY2FhLTExZTYtOGY4OC0zNDM2M2JjN2M0YzAiOnsiY3JlYXRlIjoxMjAwMDAwMDAwMDAwLCJkZWxldGUiOjEyMDAwMDAwMDAwMDAsInVwZGF0ZSI6MTIwMDAwMDAwMDAwMH19",
          "dependencies": [
            "module.vpc_secondary.module.vpc.aws_vpc.this",
            "module.vpc_secondary.module.vpc.aws_vpc_ipv4_cidr_block_association.this"
          ]
        }
      ]
    },
    {
      "module": "module.vpc_secondary.module.vpc",
      "mode": "managed",
      "type": "aws_nat_gateway",
      "name": "this",
      "provider": "provider[\"registry.terraform.io/hashicorp/aws\"].secondary",
      "instances": [
        {
          "index_key": 0,
          "schema_version": 0,
          "attributes": {
            "allocation_id": "eipalloc-038a6ea4cf7370b42",
            "association_id": "eipassoc-0c1911fce4b784364",
            "connectivity_type": "public",
            "id": "nat-09a7f4ab7a0e4f7ca",
            "network_interface_id": "eni-0ad1437bb11464c94",
            "private_ip": "10.0.101.203",
            "public_ip": "54.72.196.120",
            "secondary_allocation_ids": [],
            "secondary_private_ip_address_count": 0,
            "secondary_private_ip_addresses": [],
            "subnet_id": "subnet-03eea9d082c0874a9",
            "tags": {
              "Name": "aerolink-dev-secondary-vpc-eu-west-1a"
            },
            "tags_all": {
              "Name": "aerolink-dev-secondary-vpc-eu-west-1a"
            },
            "timeouts": null
          },
          "sensitive_attributes": [],
          "identity_schema_version": 0,
          "private": "eyJlMmJmYjczMC1lY2FhLTExZTYtOGY4OC0zNDM2M2JjN2M0YzAiOnsiY3JlYXRlIjo2MDAwMDAwMDAwMDAsImRlbGV0ZSI6MTgwMDAwMDAwMDAwMCwidXBkYXRlIjo2MDAwMDAwMDAwMDB9fQ==",
          "dependencies": [
            "module.vpc_secondary.data.aws_availability_zones.available",
            "module.vpc_secondary.module.vpc.aws_eip.nat",
            "module.vpc_secondary.module.vpc.aws_internet_gateway.this",
            "module.vpc_secondary.module.vpc.aws_subnet.public",
            "module.vpc_secondary.module.vpc.aws_vpc.this",
            "module.vpc_secondary.module.vpc.aws_vpc_ipv4_cidr_block_association.this"
          ]
        }
      ]
    },
    {
      "module": "module.vpc_secondary.module.vpc",
      "mode": "managed",
      "type": "aws_route",
      "name": "private_nat_gateway",
      "provider": "provider[\"registry.terraform.io/hashicorp/aws\"].secondary",
      "instances": [
        {
          "index_key": 0,
          "schema_version": 0,
          "attributes": {
            "carrier_gateway_id": "",
            "core_network_arn": "",
            "destination_cidr_block": "0.0.0.0/0",
            "destination_ipv6_cidr_block": "",
            "destination_prefix_list_id": "",
            "egress_only_gateway_id": "",
            "gateway_id": "",
            "id": "r-rtb-013fe39975b98470c1080289494",
            "instance_id": "",
            "instance_owner_id": "",
            "local_gateway_id": "",
            "nat_gateway_id": "nat-09a7f4ab7a0e4f7ca",
            "network_interface_id": "",
            "origin": "CreateRoute",
            "route_table_id": "rtb-013fe39975b98470c",
            "state": "active",
            "timeouts": {
              "create": "5m",
              "delete": null,
              "update": null
            },
            "transit_gateway_id": "",
            "vpc_endpoint_id": "",
            "vpc_peering_connection_id": ""
          },
          "sensitive_attributes": [],
          "identity_schema_version": 0,
          "private": "eyJlMmJmYjczMC1lY2FhLTExZTYtOGY4OC0zNDM2M2JjN2M0YzAiOnsiY3JlYXRlIjozMDAwMDAwMDAwMDAsImRlbGV0ZSI6MzAwMDAwMDAwMDAwLCJ1cGRhdGUiOjEyMDAwMDAwMDAwMH19",
          "dependencies": [
            "module.vpc_secondary.data.aws_availability_zones.available",
            "module.vpc_secondary.module.vpc.aws_eip.nat",
            "module.vpc_secondary.module.vpc.aws_internet_gateway.this",
            "module.vpc_secondary.module.vpc.aws_nat_gateway.this",
            "module.vpc_secondary.module.vpc.aws_route_table.private",
            "module.vpc_secondary.module.vpc.aws_subnet.public",
            "module.vpc_secondary.module.vpc.aws_vpc.this",
            "module.vpc_secondary.module.vpc.aws_vpc_ipv4_cidr_block_association.this"
          ]
        }
      ]
    },
    {
      "module": "module.vpc_secondary.module.vpc",
      "mode": "managed",
      "type": "aws_route",
      "name": "public_internet_gateway",
      "provider": "provider[\"registry.terraform.io/hashicorp/aws\"].secondary",
      "instances": [
        {
          "index_key": 0,
          "schema_version": 0,
          "attributes": {
            "carrier_gateway_id": "",
            "core_network_arn": "",
            "destination_cidr_block": "0.0.0.0/0",
            "destination_ipv6_cidr_block": "",
            "destination_prefix_list_id": "",
            "egress_only_gateway_id": "",
            "gateway_id": "igw-02fc87690e345586c",
            "id": "r-rtb-0dbe3f74960560caf1080289494",
            "instance_id": "",
            "instance_owner_id": "",
            "local_gateway_id": "",
            "nat_gateway_id": "",
            "network_interface_id": "",
            "origin": "CreateRoute",
            "route_table_id": "rtb-0dbe3f74960560caf",
            "state": "active",
            "timeouts": {
              "create": "5m",
              "delete": null,
              "update": null
            },
            "transit_gateway_id": "",
            "vpc_endpoint_id": "",
            "vpc_peering_connection_id": ""
          },
          "sensitive_attributes": [],
          "identity_schema_version": 0,
          "private": "eyJlMmJmYjczMC1lY2FhLTExZTYtOGY4OC0zNDM2M2JjN2M0YzAiOnsiY3JlYXRlIjozMDAwMDAwMDAwMDAsImRlbGV0ZSI6MzAwMDAwMDAwMDAwLCJ1cGRhdGUiOjEyMDAwMDAwMDAwMH19",
          "dependencies": [
            "module.vpc_secondary.data.aws_availability_zones.available",
            "module.vpc_secondary.module.vpc.aws_internet_gateway.this",
            "module.vpc_secondary.module.vpc.aws_route_table.public",
            "module.vpc_secondary.module.vpc.aws_vpc.this",
            "module.vpc_secondary.module.vpc.aws_vpc_ipv4_cidr_block_association.this"
          ]
        }
      ]
    },
    {
      "module": "module.vpc_secondary.module.vpc",
      "mode": "managed",
      "type": "aws_route_table",
      "name": "private",
      "provider": "provider[\"registry.terraform.io/hashicorp/aws\"].secondary",
      "instances": [
        {
          "index_key": 0,
          "schema_version": 0,
          "attributes": {
            "arn": "arn:aws:ec2:eu-west-1:643942183295:route-table/rtb-013fe39975b98470c",
            "id": "rtb-013fe39975b98470c",
            "owner_id": "643942183295",
            "propagating_vgws": [],
            "route": [
              {
                "carrier_gateway_id": "",
                "cidr_block": "0.0.0.0/0",
                "core_network_arn": "",
                "destination_prefix_list_id": "",
                "egress_only_gateway_id": "",
                "gateway_id": "",
                "ipv6_cidr_block": "",
                "local_gateway_id": "",
                "nat_gateway_id": "nat-09a7f4ab7a0e4f7ca",
                "network_interface_id": "",
                "transit_gateway_id": "",
                "vpc_endpoint_id": "",
                "vpc_peering_connection_id": ""
              }
            ],
            "tags": {
              "Name": "aerolink-dev-secondary-vpc-private"
            },
            "tags_all": {
              "Name": "aerolink-dev-secondary-vpc-private"
            },
            "timeouts": null,
            "vpc_id": "vpc-0a99a34f319aaa368"
          },
          "sensitive_attributes": [],
          "identity_schema_version": 0,
          "private": "eyJlMmJmYjczMC1lY2FhLTExZTYtOGY4OC0zNDM2M2JjN2M0YzAiOnsiY3JlYXRlIjozMDAwMDAwMDAwMDAsImRlbGV0ZSI6MzAwMDAwMDAwMDAwLCJ1cGRhdGUiOjEyMDAwMDAwMDAwMH19",
          "dependencies": [
            "module.vpc_secondary.data.aws_availability_zones.available",
            "module.vpc_secondary.module.vpc.aws_vpc.this",
            "module.vpc_secondary.module.vpc.aws_vpc_ipv4_cidr_block_association.this"
          ]
        }
      ]
    },
    {
      "module": "module.vpc_secondary.module.vpc",
      "mode": "managed",
      "type": "aws_route_table",
      "name": "public",
      "provider": "provider[\"registry.terraform.io/hashicorp/aws\"].secondary",
      "instances": [
        {
          "index_key": 0,
          "schema_version": 0,
          "attributes": {
            "arn": "arn:aws:ec2:eu-west-1:643942183295:route-table/rtb-0dbe3f74960560caf",
            "id": "rtb-0dbe3f74960560caf",
            "owner_id": "643942183295",
            "propagating_vgws": [],
            "route": [
              {
                "carrier_gateway_id": "",
                "cidr_block": "0.0.0.0/0",
                "core_network_arn": "",
                "destination_prefix_list_id": "",
                "egress_only_gateway_id": "",
                "gateway_id": "igw-02fc87690e345586c",
                "ipv6_cidr_block": "",
                "local_gateway_id": "",
                "nat_gateway_id": "",
                "network_interface_id": "",
                "transit_gateway_id": "",
                "vpc_endpoint_id": "",
                "vpc_peering_connection_id": ""
              }
            ],
            "tags": {
              "Name": "aerolink-dev-secondary-vpc-public"
            },
            "tags_all": {
              "Name": "aerolink-dev-secondary-vpc-public"
            },
            "timeouts": null,
            "vpc_id": "vpc-0a99a34f319aaa368"
          },
          "sensitive_attributes": [],
          "identity_schema_version": 0,
          "private": "eyJlMmJmYjczMC1lY2FhLTExZTYtOGY4OC0zNDM2M2JjN2M0YzAiOnsiY3JlYXRlIjozMDAwMDAwMDAwMDAsImRlbGV0ZSI6MzAwMDAwMDAwMDAwLCJ1cGRhdGUiOjEyMDAwMDAwMDAwMH19",
          "dependencies": [
            "module.vpc_secondary.data.aws_availability_zones.available",
            "module.vpc_secondary.module.vpc.aws_vpc.this",
            "module.vpc_secondary.module.vpc.aws_vpc_ipv4_cidr_block_association.this"
          ]
        }
      ]
    },
    {
      "module": "module.vpc_secondary.module.vpc",
      "mode": "managed",
      "type": "aws_route_table_association",
      "name": "database",
      "provider": "provider[\"registry.terraform.io/hashicorp/aws\"].secondary",
      "instances": [
        {
          "index_key": 0,
          "schema_version": 0,
          "attributes": {
            "gateway_id": "",
            "id": "rtbassoc-0f1ff2d594b863199",
            "route_table_id": "rtb-013fe39975b98470c",
            "subnet_id": "subnet-0e2db2bbb48909a95",
            "timeouts": null
          },
          "sensitive_attributes": [],
          "identity_schema_version": 0,
          "private": "eyJlMmJmYjczMC1lY2FhLTExZTYtOGY4OC0zNDM2M2JjN2M0YzAiOnsiY3JlYXRlIjozMDAwMDAwMDAwMDAsImRlbGV0ZSI6MzAwMDAwMDAwMDAwLCJ1cGRhdGUiOjEyMDAwMDAwMDAwMH19",
          "dependencies": [
            "module.vpc_secondary.data.aws_availability_zones.available",
            "module.vpc_secondary.module.vpc.aws_route_table.database",
            "module.vpc_secondary.module.vpc.aws_route_table.private",
            "module.vpc_secondary.module.vpc.aws_subnet.database",
            "module.vpc_secondary.module.vpc.aws_vpc.this",
            "module.vpc_secondary.module.vpc.aws_vpc_ipv4_cidr_block_association.this"
          ]
        },
        {
          "index_key": 1,
          "schema_version": 0,
          "attributes": {
            "gateway_id": "",
            "id": "rtbassoc-0e0ed803d8f97536f",
            "route_table_id": "rtb-013fe39975b98470c",
            "subnet_id": "subnet-004250c43129f51e2",
            "timeouts": null
          },
          "sensitive_attributes": [],
          "identity_schema_version": 0,
          "private": "eyJlMmJmYjczMC1lY2FhLTExZTYtOGY4OC0zNDM2M2JjN2M0YzAiOnsiY3JlYXRlIjozMDAwMDAwMDAwMDAsImRlbGV0ZSI6MzAwMDAwMDAwMDAwLCJ1cGRhdGUiOjEyMDAwMDAwMDAwMH19",
          "dependencies": [
            "module.vpc_secondary.data.aws_availability_zones.available",
            "module.vpc_secondary.module.vpc.aws_route_table.database",
            "module.vpc_secondary.module.vpc.aws_route_table.private",
            "module.vpc_secondary.module.vpc.aws_subnet.database",
            "module.vpc_secondary.module.vpc.aws_vpc.this",
            "module.vpc_secondary.module.vpc.aws_vpc_ipv4_cidr_block_association.this"
          ]
        }
      ]
    },
    {
      "module": "module.vpc_secondary.module.vpc",
      "mode": "managed",
      "type": "aws_route_table_association",
      "name": "private",
      "provider": "provider[\"registry.terraform.io/hashicorp/aws\"].secondary",
      "instances": [
        {
          "index_key": 0,
          "schema_version": 0,
          "attributes": {
            "gateway_id": "",
            "id": "rtbassoc-07f81c74fbab5a53a",
            "route_table_id": "rtb-013fe39975b98470c",
            "subnet_id": "subnet-080231f96d9407879",
            "timeouts": null
          },
          "sensitive_attributes": [],
          "identity_schema_version": 0,
          "private": "eyJlMmJmYjczMC1lY2FhLTExZTYtOGY4OC0zNDM2M2JjN2M0YzAiOnsiY3JlYXRlIjozMDAwMDAwMDAwMDAsImRlbGV0ZSI6MzAwMDAwMDAwMDAwLCJ1cGRhdGUiOjEyMDAwMDAwMDAwMH19",
          "dependencies": [
            "module.vpc_secondary.data.aws_availability_zones.available",
            "module.vpc_secondary.module.vpc.aws_route_table.private",
            "module.vpc_secondary.module.vpc.aws_subnet.private",
            "module.vpc_secondary.module.vpc.aws_vpc.this",
            "module.vpc_secondary.module.vpc.aws_vpc_ipv4_cidr_block_association.this"
          ]
        },
        {
          "index_key": 1,
          "schema_version": 0,
          "attributes": {
            "gateway_id": "",
            "id": "rtbassoc-0b2ce9f2b01cd286c",
            "route_table_id": "rtb-013fe39975b98470c",
            "subnet_id": "subnet-0fb4d1b3413c4dac5",
            "timeouts": null
          },
          "sensitive_attributes": [],
          "identity_schema_version": 0,
          "private": "eyJlMmJmYjczMC1lY2FhLTExZTYtOGY4OC0zNDM2M2JjN2M0YzAiOnsiY3JlYXRlIjozMDAwMDAwMDAwMDAsImRlbGV0ZSI6MzAwMDAwMDAwMDAwLCJ1cGRhdGUiOjEyMDAwMDAwMDAwMH19",
          "dependencies": [
            "module.vpc_secondary.data.aws_availability_zones.available",
            "module.vpc_secondary.module.vpc.aws_route_table.private",
            "module.vpc_secondary.module.vpc.aws_subnet.private",
            "module.vpc_secondary.module.vpc.aws_vpc.this",
            "module.vpc_secondary.module.vpc.aws_vpc_ipv4_cidr_block_association.this"
          ]
        }
      ]
    },
    {
      "module": "module.vpc_secondary.module.vpc",
      "mode": "managed",
      "type": "aws_route_table_association",
      "name": "public",
      "provider": "provider[\"registry.terraform.io/hashicorp/aws\"].secondary",
      "instances": [
        {
          "index_key": 0,
          "schema_version": 0,
          "attributes": {
            "gateway_id": "",
            "id": "rtbassoc-06b512887f067103b",
            "route_table_id": "rtb-0dbe3f74960560caf",
            "subnet_id": "subnet-03eea9d082c0874a9",
            "timeouts": null
          },
          "sensitive_attributes": [],
          "identity_schema_version": 0,
          "private": "eyJlMmJmYjczMC1lY2FhLTExZTYtOGY4OC0zNDM2M2JjN2M0YzAiOnsiY3JlYXRlIjozMDAwMDAwMDAwMDAsImRlbGV0ZSI6MzAwMDAwMDAwMDAwLCJ1cGRhdGUiOjEyMDAwMDAwMDAwMH19",
          "dependencies": [
            "module.vpc_secondary.data.aws_availability_zones.available",
            "module.vpc_secondary.module.vpc.aws_route_table.public",
            "module.vpc_secondary.module.vpc.aws_subnet.public",
            "module.vpc_secondary.module.vpc.aws_vpc.this",
            "module.vpc_secondary.module.vpc.aws_vpc_ipv4_cidr_block_association.this"
          ]
        },
        {
          "index_key": 1,
          "schema_version": 0,
          "attributes": {
            "gateway_id": "",
            "id": "rtbassoc-06f482eda314dc2bd",
            "route_table_id": "rtb-0dbe3f74960560caf",
            "subnet_id": "subnet-02419ae92f72c3ef3",
            "timeouts": null
          },
          "sensitive_attributes": [],
          "identity_schema_version": 0,
          "private": "eyJlMmJmYjczMC1lY2FhLTExZTYtOGY4OC0zNDM2M2JjN2M0YzAiOnsiY3JlYXRlIjozMDAwMDAwMDAwMDAsImRlbGV0ZSI6MzAwMDAwMDAwMDAwLCJ1cGRhdGUiOjEyMDAwMDAwMDAwMH19",
          "dependencies": [
            "module.vpc_secondary.data.aws_availability_zones.available",
            "module.vpc_secondary.module.vpc.aws_route_table.public",
            "module.vpc_secondary.module.vpc.aws_subnet.public",
            "module.vpc_secondary.module.vpc.aws_vpc.this",
            "module.vpc_secondary.module.vpc.aws_vpc_ipv4_cidr_block_association.this"
          ]
        }
      ]
    },
    {
      "module": "module.vpc_secondary.module.vpc",
      "mode": "managed",
      "type": "aws_subnet",
      "name": "database",
      "provider": "provider[\"registry.terraform.io/hashicorp/aws\"].secondary",
      "instances": [
        {
          "index_key": 0,
          "schema_version": 1,
          "attributes": {
            "arn": "arn:aws:ec2:eu-west-1:643942183295:subnet/subnet-0e2db2bbb48909a95",
            "assign_ipv6_address_on_creation": false,
            "availability_zone": "eu-west-1a",
            "availability_zone_id": "euw1-az2",
            "cidr_block": "10.0.201.0/24",
            "customer_owned_ipv4_pool": "",
            "enable_dns64": false,
            "enable_lni_at_device_index": 0,
            "enable_resource_name_dns_a_record_on_launch": false,
            "enable_resource_name_dns_aaaa_record_on_launch": false,
            "id": "subnet-0e2db2bbb48909a95",
            "ipv6_cidr_block": "",
            "ipv6_cidr_block_association_id": "",
            "ipv6_native": false,
            "map_customer_owned_ip_on_launch": false,
            "map_public_ip_on_launch": false,
            "outpost_arn": "",
            "owner_id": "643942183295",
            "private_dns_hostname_type_on_launch": "ip-name",
            "tags": {
              "Name": "aerolink-dev-secondary-vpc-db-eu-west-1a"
            },
            "tags_all": {
              "Name": "aerolink-dev-secondary-vpc-db-eu-west-1a"
            },
            "timeouts": null,
            "vpc_id": "vpc-0a99a34f319aaa368"
          },
          "sensitive_attributes": [],
          "identity_schema_version": 0,
          "private": "eyJlMmJmYjczMC1lY2FhLTExZTYtOGY4OC0zNDM2M2JjN2M0YzAiOnsiY3JlYXRlIjo2MDAwMDAwMDAwMDAsImRlbGV0ZSI6MTIwMDAwMDAwMDAwMH0sInNjaGVtYV92ZXJzaW9uIjoiMSJ9",
          "dependencies": [
            "module.vpc_secondary.data.aws_availability_zones.available",
            "module.vpc_secondary.module.vpc.aws_vpc.this",
            "module.vpc_secondary.module.vpc.aws_vpc_ipv4_cidr_block_association.this"
          ],
          "create_before_destroy": true
        },
        {
          "index_key": 1,
          "schema_version": 1,
          "attributes": {
            "arn": "arn:aws:ec2:eu-west-1:643942183295:subnet/subnet-004250c43129f51e2",
            "assign_ipv6_address_on_creation": false,
            "availability_zone": "eu-west-1b",
            "availability_zone_id": "euw1-az3",
            "cidr_block": "10.0.202.0/24",
            "customer_owned_ipv4_pool": "",
            "enable_dns64": false,
            "enable_lni_at_device_index": 0,
            "enable_resource_name_dns_a_record_on_launch": false,
            "enable_resource_name_dns_aaaa_record_on_launch": false,
            "id": "subnet-004250c43129f51e2",
            "ipv6_cidr_block": "",
            "ipv6_cidr_block_association_id": "",
            "ipv6_native": false,
            "map_customer_owned_ip_on_launch": false,
            "map_public_ip_on_launch": false,
            "outpost_arn": "",
            "owner_id": "643942183295",
            "private_dns_hostname_type_on_launch": "ip-name",
            "tags": {
              "Name": "aerolink-dev-secondary-vpc-db-eu-west-1b"
            },
            "tags_all": {
              "Name": "aerolink-dev-secondary-vpc-db-eu-west-1b"
            },
            "timeouts": null,
            "vpc_id": "vpc-0a99a34f319aaa368"
          },
          "sensitive_attributes": [],
          "identity_schema_version": 0,
          "private": "eyJlMmJmYjczMC1lY2FhLTExZTYtOGY4OC0zNDM2M2JjN2M0YzAiOnsiY3JlYXRlIjo2MDAwMDAwMDAwMDAsImRlbGV0ZSI6MTIwMDAwMDAwMDAwMH0sInNjaGVtYV92ZXJzaW9uIjoiMSJ9",
          "dependencies": [
            "module.vpc_secondary.data.aws_availability_zones.available",
            "module.vpc_secondary.module.vpc.aws_vpc.this",
            "module.vpc_secondary.module.vpc.aws_vpc_ipv4_cidr_block_association.this"
          ],
          "create_before_destroy": true
        }
      ]
    },
    {
      "module": "module.vpc_secondary.module.vpc",
      "mode": "managed",
      "type": "aws_subnet",
      "name": "private",
      "provider": "provider[\"registry.terraform.io/hashicorp/aws\"].secondary",
      "instances": [
        {
          "index_key": 0,
          "schema_version": 1,
          "attributes": {
            "arn": "arn:aws:ec2:eu-west-1:643942183295:subnet/subnet-080231f96d9407879",
            "assign_ipv6_address_on_creation": false,
            "availability_zone": "eu-west-1a",
            "availability_zone_id": "euw1-az2",
            "cidr_block": "10.0.1.0/24",
            "customer_owned_ipv4_pool": "",
            "enable_dns64": false,
            "enable_lni_at_device_index": 0,
            "enable_resource_name_dns_a_record_on_launch": false,
            "enable_resource_name_dns_aaaa_record_on_launch": false,
            "id": "subnet-080231f96d9407879",
            "ipv6_cidr_block": "",
            "ipv6_cidr_block_association_id": "",
            "ipv6_native": false,
            "map_customer_owned_ip_on_launch": false,
            "map_public_ip_on_launch": false,
            "outpost_arn": "",
            "owner_id": "643942183295",
            "private_dns_hostname_type_on_launch": "ip-name",
            "tags": {
              "Name": "aerolink-dev-secondary-vpc-private-eu-west-1a"
            },
            "tags_all": {
              "Name": "aerolink-dev-secondary-vpc-private-eu-west-1a"
            },
            "timeouts": null,
            "vpc_id": "vpc-0a99a34f319aaa368"
          },
          "sensitive_attributes": [],
          "identity_schema_version": 0,
          "private": "eyJlMmJmYjczMC1lY2FhLTExZTYtOGY4OC0zNDM2M2JjN2M0YzAiOnsiY3JlYXRlIjo2MDAwMDAwMDAwMDAsImRlbGV0ZSI6MTIwMDAwMDAwMDAwMH0sInNjaGVtYV92ZXJzaW9uIjoiMSJ9",
          "dependencies": [
            "module.vpc_secondary.data.aws_availability_zones.available",
            "module.vpc_secondary.module.vpc.aws_vpc.this",
            "module.vpc_secondary.module.vpc.aws_vpc_ipv4_cidr_block_association.this"
          ],
          "create_before_destroy": true
        },
        {
          "index_key": 1,
          "schema_version": 1,
          "attributes": {
            "arn": "arn:aws:ec2:eu-west-1:643942183295:subnet/subnet-0fb4d1b3413c4dac5",
            "assign_ipv6_address_on_creation": false,
            "availability_zone": "eu-west-1b",
            "availability_zone_id": "euw1-az3",
            "cidr_block": "10.0.2.0/24",
            "customer_owned_ipv4_pool": "",
            "enable_dns64": false,
            "enable_lni_at_device_index": 0,
            "enable_resource_name_dns_a_record_on_launch": false,
            "enable_resource_name_dns_aaaa_record_on_launch": false,
            "id": "subnet-0fb4d1b3413c4dac5",
            "ipv6_cidr_block": "",
            "ipv6_cidr_block_association_id": "",
            "ipv6_native": false,
            "map_customer_owned_ip_on_launch": false,
            "map_public_ip_on_launch": false,
            "outpost_arn": "",
            "owner_id": "643942183295",
            "private_dns_hostname_type_on_launch": "ip-name",
            "tags": {
              "Name": "aerolink-dev-secondary-vpc-private-eu-west-1b"
            },
            "tags_all": {
              "Name": "aerolink-dev-secondary-vpc-private-eu-west-1b"
            },
            "timeouts": null,
            "vpc_id": "vpc-0a99a34f319aaa368"
          },
          "sensitive_attributes": [],
          "identity_schema_version": 0,
          "private": "eyJlMmJmYjczMC1lY2FhLTExZTYtOGY4OC0zNDM2M2JjN2M0YzAiOnsiY3JlYXRlIjo2MDAwMDAwMDAwMDAsImRlbGV0ZSI6MTIwMDAwMDAwMDAwMH0sInNjaGVtYV92ZXJzaW9uIjoiMSJ9",
          "dependencies": [
            "module.vpc_secondary.data.aws_availability_zones.available",
            "module.vpc_secondary.module.vpc.aws_vpc.this",
            "module.vpc_secondary.module.vpc.aws_vpc_ipv4_cidr_block_association.this"
          ],
          "create_before_destroy": true
        }
      ]
    },
    {
      "module": "module.vpc_secondary.module.vpc",
      "mode": "managed",
      "type": "aws_subnet",
      "name": "public",
      "provider": "provider[\"registry.terraform.io/hashicorp/aws\"].secondary",
      "instances": [
        {
          "index_key": 0,
          "schema_version": 1,
          "attributes": {
            "arn": "arn:aws:ec2:eu-west-1:643942183295:subnet/subnet-03eea9d082c0874a9",
            "assign_ipv6_address_on_creation": false,
            "availability_zone": "eu-west-1a",
            "availability_zone_id": "euw1-az2",
            "cidr_block": "10.0.101.0/24",
            "customer_owned_ipv4_pool": "",
            "enable_dns64": false,
            "enable_lni_at_device_index": 0,
            "enable_resource_name_dns_a_record_on_launch": false,
            "enable_resource_name_dns_aaaa_record_on_launch": false,
            "id": "subnet-03eea9d082c0874a9",
            "ipv6_cidr_block": "",
            "ipv6_cidr_block_association_id": "",
            "ipv6_native": false,
            "map_customer_owned_ip_on_launch": false,
            "map_public_ip_on_launch": false,
            "outpost_arn": "",
            "owner_id": "643942183295",
            "private_dns_hostname_type_on_launch": "ip-name",
            "tags": {
              "Name": "aerolink-dev-secondary-vpc-public-eu-west-1a"
            },
            "tags_all": {
              "Name": "aerolink-dev-secondary-vpc-public-eu-west-1a"
            },
            "timeouts": null,
            "vpc_id": "vpc-0a99a34f319aaa368"
          },
          "sensitive_attributes": [],
          "identity_schema_version": 0,
          "private": "eyJlMmJmYjczMC1lY2FhLTExZTYtOGY4OC0zNDM2M2JjN2M0YzAiOnsiY3JlYXRlIjo2MDAwMDAwMDAwMDAsImRlbGV0ZSI6MTIwMDAwMDAwMDAwMH0sInNjaGVtYV92ZXJzaW9uIjoiMSJ9",
          "dependencies": [
            "module.vpc_secondary.data.aws_availability_zones.available",
            "module.vpc_secondary.module.vpc.aws_vpc.this",
            "module.vpc_secondary.module.vpc.aws_vpc_ipv4_cidr_block_association.this"
          ]
        },
        {
          "index_key": 1,
          "schema_version": 1,
          "attributes": {
            "arn": "arn:aws:ec2:eu-west-1:643942183295:subnet/subnet-02419ae92f72c3ef3",
            "assign_ipv6_address_on_creation": false,
            "availability_zone": "eu-west-1b",
            "availability_zone_id": "euw1-az3",
            "cidr_block": "10.0.102.0/24",
            "customer_owned_ipv4_pool": "",
            "enable_dns64": false,
            "enable_lni_at_device_index": 0,
            "enable_resource_name_dns_a_record_on_launch": false,
            "enable_resource_name_dns_aaaa_record_on_launch": false,
            "id": "subnet-02419ae92f72c3ef3",
            "ipv6_cidr_block": "",
            "ipv6_cidr_block_association_id": "",
            "ipv6_native": false,
            "map_customer_owned_ip_on_launch": false,
            "map_public_ip_on_launch": false,
            "outpost_arn": "",
            "owner_id": "643942183295",
            "private_dns_hostname_type_on_launch": "ip-name",
            "tags": {
              "Name": "aerolink-dev-secondary-vpc-public-eu-west-1b"
            },
            "tags_all": {
              "Name": "aerolink-dev-secondary-vpc-public-eu-west-1b"
            },
            "timeouts": null,
            "vpc_id": "vpc-0a99a34f319aaa368"
          },
          "sensitive_attributes": [],
          "identity_schema_version": 0,
          "private": "eyJlMmJmYjczMC1lY2FhLTExZTYtOGY4OC0zNDM2M2JjN2M0YzAiOnsiY3JlYXRlIjo2MDAwMDAwMDAwMDAsImRlbGV0ZSI6MTIwMDAwMDAwMDAwMH0sInNjaGVtYV92ZXJzaW9uIjoiMSJ9",
          "dependencies": [
            "module.vpc_secondary.data.aws_availability_zones.available",
            "module.vpc_secondary.module.vpc.aws_vpc.this",
            "module.vpc_secondary.module.vpc.aws_vpc_ipv4_cidr_block_association.this"
          ]
        }
      ]
    },
    {
      "module": "module.vpc_secondary.module.vpc",
      "mode": "managed",
      "type": "aws_vpc",
      "name": "this",
      "provider": "provider[\"registry.terraform.io/hashicorp/aws\"].secondary",
      "instances": [
        {
          "index_key": 0,
          "schema_version": 1,
          "attributes": {
            "arn": "arn:aws:ec2:eu-west-1:643942183295:vpc/vpc-0a99a34f319aaa368",
            "assign_generated_ipv6_cidr_block": false,
            "cidr_block": "10.0.0.0/16",
            "default_network_acl_id": "acl-0a190e8f0cc58a296",
            "default_route_table_id": "rtb-0f29eb07b4f4db52c",
            "default_security_group_id": "sg-0dd1d60d1f1e869d4",
            "dhcp_options_id": "dopt-07ad541cb50f05ad6",
            "enable_dns_hostnames": true,
            "enable_dns_support": true,
            "enable_network_address_usage_metrics": false,
            "id": "vpc-0a99a34f319aaa368",
            "instance_tenancy": "default",
            "ipv4_ipam_pool_id": null,
            "ipv4_netmask_length": null,
            "ipv6_association_id": "",
            "ipv6_cidr_block": "",
            "ipv6_cidr_block_network_border_group": "",
            "ipv6_ipam_pool_id": "",
            "ipv6_netmask_length": 0,
            "main_route_table_id": "rtb-0f29eb07b4f4db52c",
            "owner_id": "643942183295",
            "tags": {
              "Name": "aerolink-dev-secondary-vpc"
            },
            "tags_all": {
              "Name": "aerolink-dev-secondary-vpc"
            }
          },
          "sensitive_attributes": [],
          "identity_schema_version": 0,
          "private": "eyJzY2hlbWFfdmVyc2lvbiI6IjEifQ==",
          "create_before_destroy": true
        }
      ]
    }
  ],
  "check_results": [
    {
      "object_kind": "var",
      "config_addr": "module.eks_primary.module.eks.module.self_managed_node_group.var.platform",
      "status": "pass",
      "objects": null
    },
    {
      "object_kind": "resource",
      "config_addr": "module.eks_primary.module.eks.module.self_managed_node_group.module.user_data.null_resource.validate_cluster_service_cidr",
      "status": "pass",
      "objects": null
    },
    {
      "object_kind": "resource",
      "config_addr": "module.eks_secondary.module.eks.module.eks_managed_node_group.module.user_data.null_resource.validate_cluster_service_cidr",
      "status": "pass",
      "objects": [
        {
          "object_addr": "module.eks_secondary.module.eks.module.eks_managed_node_group[\"spot_nodes\"].module.user_data.null_resource.validate_cluster_service_cidr",
          "status": "pass"
        }
      ]
    },
    {
      "object_kind": "var",
      "config_addr": "module.eks_secondary.module.eks.module.self_managed_node_group.var.platform",
      "status": "pass",
      "objects": null
    },
    {
      "object_kind": "resource",
      "config_addr": "module.eks_secondary.module.eks.module.self_managed_node_group.module.user_data.null_resource.validate_cluster_service_cidr",
      "status": "pass",
      "objects": null
    },
    {
      "object_kind": "resource",
      "config_addr": "module.eks_primary.module.eks.module.eks_managed_node_group.module.user_data.null_resource.validate_cluster_service_cidr",
      "status": "pass",
      "objects": [
        {
          "object_addr": "module.eks_primary.module.eks.module.eks_managed_node_group[\"spot_nodes\"].module.user_data.null_resource.validate_cluster_service_cidr",
          "status": "pass"
        }
      ]
    }
  ]
}
