{
  "version": 4,
  "terraform_version": "1.14.3",
  "serial": 1110,
  "lineage": "a6f0b357-cb87-7c75-4f23-c0d0160f4469",
  "outputs": {
    "vpc_id": {
      "value": "vpc-083fae6ece720063d",
      "type": "string"
    }
  },
  "resources": [
    {
      "module": "module.api_gateway",
      "mode": "managed",
      "type": "aws_apigatewayv2_api",
      "name": "websocket",
      "provider": "provider[\"registry.terraform.io/hashicorp/aws\"].primary",
      "instances": [
        {
          "schema_version": 0,
          "attributes": {
            "api_endpoint": "wss://qt5dktc3x3.execute-api.us-east-1.amazonaws.com",
            "api_key_selection_expression": "$request.header.x-api-key",
            "arn": "arn:aws:apigateway:us-east-1::/apis/qt5dktc3x3",
            "body": null,
            "cors_configuration": [],
            "credentials_arn": null,
            "description": "",
            "disable_execute_api_endpoint": false,
            "execution_arn": "arn:aws:execute-api:us-east-1:643942183295:qt5dktc3x3",
            "fail_on_warnings": null,
            "id": "qt5dktc3x3",
            "ip_address_type": "ipv4",
            "name": "aerolink-websocket-api",
            "protocol_type": "WEBSOCKET",
            "route_key": null,
            "route_selection_expression": "$request.body.action",
            "tags": {},
            "tags_all": {},
            "target": null,
            "version": ""
          },
          "sensitive_attributes": [],
          "identity_schema_version": 0,
          "private": "bnVsbA=="
        }
      ]
    },
    {
      "module": "module.cognito",
      "mode": "managed",
      "type": "aws_cognito_user_pool",
      "name": "pool",
      "provider": "provider[\"registry.terraform.io/hashicorp/aws\"].primary",
      "instances": [
        {
          "schema_version": 0,
          "attributes": {
            "account_recovery_setting": [
              {
                "recovery_mechanism": [
                  {
                    "name": "verified_email",
                    "priority": 1
                  },
                  {
                    "name": "verified_phone_number",
                    "priority": 2
                  }
                ]
              }
            ],
            "admin_create_user_config": [
              {
                "allow_admin_create_user_only": false,
                "invite_message_template": []
              }
            ],
            "alias_attributes": null,
            "arn": "arn:aws:cognito-idp:us-east-1:643942183295:userpool/us-east-1_qolpGCGBo",
            "auto_verified_attributes": [],
            "creation_date": "2026-06-01T17:05:27Z",
            "custom_domain": "",
            "deletion_protection": "INACTIVE",
            "device_configuration": [],
            "domain": "",
            "email_configuration": [
              {
                "configuration_set": "",
                "email_sending_account": "COGNITO_DEFAULT",
                "from_email_address": "",
                "reply_to_email_address": "",
                "source_arn": ""
              }
            ],
            "email_mfa_configuration": [],
            "email_verification_message": "",
            "email_verification_subject": "",
            "endpoint": "cognito-idp.us-east-1.amazonaws.com/us-east-1_qolpGCGBo",
            "estimated_number_of_users": 0,
            "id": "us-east-1_qolpGCGBo",
            "lambda_config": [],
            "last_modified_date": "2026-06-01T17:05:27Z",
            "mfa_configuration": "OFF",
            "name": "aerolink-passenger-pool",
            "password_policy": [
              {
                "minimum_length": 8,
                "password_history_size": 0,
                "require_lowercase": true,
                "require_numbers": true,
                "require_symbols": true,
                "require_uppercase": true,
                "temporary_password_validity_days": 7
              }
            ],
            "schema": [],
            "sign_in_policy": [
              {
                "allowed_first_auth_factors": [
                  "PASSWORD"
                ]
              }
            ],
            "sms_authentication_message": "",
            "sms_configuration": [],
            "sms_verification_message": "",
            "software_token_mfa_configuration": [],
            "tags": {},
            "tags_all": {},
            "user_attribute_update_settings": [],
            "user_pool_add_ons": [],
            "user_pool_tier": "ESSENTIALS",
            "username_attributes": [],
            "username_configuration": [],
            "verification_message_template": [
              {
                "default_email_option": "CONFIRM_WITH_CODE",
                "email_message": "",
                "email_message_by_link": "",
                "email_subject": "",
                "email_subject_by_link": "",
                "sms_message": ""
              }
            ],
            "web_authn_configuration": []
          },
          "sensitive_attributes": [],
          "identity_schema_version": 0,
          "private": "bnVsbA=="
        }
      ]
    },
    {
      "module": "module.cognito",
      "mode": "managed",
      "type": "aws_cognito_user_pool_client",
      "name": "client",
      "provider": "provider[\"registry.terraform.io/hashicorp/aws\"].primary",
      "instances": [
        {
          "schema_version": 0,
          "attributes": {
            "access_token_validity": 0,
            "allowed_oauth_flows": [],
            "allowed_oauth_flows_user_pool_client": false,
            "allowed_oauth_scopes": [],
            "analytics_configuration": [],
            "auth_session_validity": 3,
            "callback_urls": [],
            "client_secret": "",
            "default_redirect_uri": "",
            "enable_propagate_additional_user_context_data": false,
            "enable_token_revocation": true,
            "explicit_auth_flows": [],
            "generate_secret": null,
            "id": "7d86tbsnbgdplhupkdvi4mm6h6",
            "id_token_validity": 0,
            "logout_urls": [],
            "name": "aerolink-web-client",
            "prevent_user_existence_errors": "",
            "read_attributes": [],
            "refresh_token_rotation": [],
            "refresh_token_validity": 30,
            "supported_identity_providers": [],
            "token_validity_units": [],
            "user_pool_id": "us-east-1_qolpGCGBo",
            "write_attributes": []
          },
          "sensitive_attributes": [
            [
              {
                "type": "get_attr",
                "value": "client_secret"
              }
            ]
          ],
          "identity_schema_version": 0,
          "dependencies": [
            "module.cognito.aws_cognito_user_pool.pool"
          ]
        }
      ]
    },
    {
      "module": "module.dynamodb",
      "mode": "managed",
      "type": "aws_dynamodb_table",
      "name": "baggage",
      "provider": "provider[\"registry.terraform.io/hashicorp/aws\"].primary",
      "instances": [
        {
          "schema_version": 1,
          "attributes": {
            "arn": "arn:aws:dynamodb:us-east-1:643942183295:table/aerolink-baggage",
            "attribute": [
              {
                "name": "id",
                "type": "S"
              }
            ],
            "billing_mode": "PAY_PER_REQUEST",
            "deletion_protection_enabled": false,
            "global_secondary_index": [],
            "hash_key": "id",
            "id": "aerolink-baggage",
            "import_table": [],
            "local_secondary_index": [],
            "name": "aerolink-baggage",
            "on_demand_throughput": [],
            "point_in_time_recovery": [
              {
                "enabled": false,
                "recovery_period_in_days": 0
              }
            ],
            "range_key": null,
            "read_capacity": 0,
            "replica": [
              {
                "arn": "arn:aws:dynamodb:eu-west-1:643942183295:table/aerolink-baggage",
                "kms_key_arn": "",
                "point_in_time_recovery": false,
                "propagate_tags": false,
                "region_name": "eu-west-1",
                "stream_arn": "arn:aws:dynamodb:eu-west-1:643942183295:table/aerolink-baggage/stream/2026-06-01T17:05:48.054",
                "stream_label": "2026-06-01T17:05:48.054"
              }
            ],
            "restore_date_time": null,
            "restore_source_name": null,
            "restore_source_table_arn": null,
            "restore_to_latest_time": null,
            "server_side_encryption": [],
            "stream_arn": "arn:aws:dynamodb:us-east-1:643942183295:table/aerolink-baggage/stream/2026-06-01T17:05:24.344",
            "stream_enabled": true,
            "stream_label": "2026-06-01T17:05:24.344",
            "stream_view_type": "NEW_AND_OLD_IMAGES",
            "table_class": "STANDARD",
            "tags": {},
            "tags_all": {},
            "timeouts": null,
            "ttl": [
              {
                "attribute_name": "",
                "enabled": false
              }
            ],
            "write_capacity": 0
          },
          "sensitive_attributes": [],
          "identity_schema_version": 0,
          "private": "eyJlMmJmYjczMC1lY2FhLTExZTYtOGY4OC0zNDM2M2JjN2M0YzAiOnsiY3JlYXRlIjoxODAwMDAwMDAwMDAwLCJkZWxldGUiOjYwMDAwMDAwMDAwMCwidXBkYXRlIjozNjAwMDAwMDAwMDAwfSwic2NoZW1hX3ZlcnNpb24iOiIxIn0="
        }
      ]
    },
    {
      "module": "module.eks_primary.module.eks",
      "mode": "data",
      "type": "aws_caller_identity",
      "name": "current",
      "provider": "provider[\"registry.terraform.io/hashicorp/aws\"].primary",
      "instances": [
        {
          "index_key": 0,
          "schema_version": 0,
          "attributes": {
            "account_id": "643942183295",
            "arn": "arn:aws:iam::643942183295:user/AeroLink-Admin",
            "id": "643942183295",
            "user_id": "AIDAZL3PR6F7VCE32XCQY"
          },
          "sensitive_attributes": [],
          "identity_schema_version": 0
        }
      ]
    },
    {
      "module": "module.eks_primary.module.eks",
      "mode": "data",
      "type": "aws_eks_addon_version",
      "name": "this",
      "provider": "provider[\"registry.terraform.io/hashicorp/aws\"].primary",
      "instances": []
    },
    {
      "module": "module.eks_primary.module.eks",
      "mode": "data",
      "type": "aws_iam_policy_document",
      "name": "assume_role_policy",
      "provider": "provider[\"registry.terraform.io/hashicorp/aws\"].primary",
      "instances": [
        {
          "index_key": 0,
          "schema_version": 0,
          "attributes": {
            "id": "2830595799",
            "json": "{\n  \"Version\": \"2012-10-17\",\n  \"Statement\": [\n    {\n      \"Sid\": \"EKSClusterAssumeRole\",\n      \"Effect\": \"Allow\",\n      \"Action\": [\n        \"sts:TagSession\",\n        \"sts:AssumeRole\"\n      ],\n      \"Principal\": {\n        \"Service\": \"eks.amazonaws.com\"\n      }\n    }\n  ]\n}",
            "minified_json": "{\"Version\":\"2012-10-17\",\"Statement\":[{\"Sid\":\"EKSClusterAssumeRole\",\"Effect\":\"Allow\",\"Action\":[\"sts:TagSession\",\"sts:AssumeRole\"],\"Principal\":{\"Service\":\"eks.amazonaws.com\"}}]}",
            "override_json": null,
            "override_policy_documents": null,
            "policy_id": null,
            "source_json": null,
            "source_policy_documents": null,
            "statement": [
              {
                "actions": [
                  "sts:AssumeRole",
                  "sts:TagSession"
                ],
                "condition": [],
                "effect": "Allow",
                "not_actions": [],
                "not_principals": [],
                "not_resources": [],
                "principals": [
                  {
                    "identifiers": [
                      "eks.amazonaws.com"
                    ],
                    "type": "Service"
                  }
                ],
                "resources": [],
                "sid": "EKSClusterAssumeRole"
              }
            ],
            "version": "2012-10-17"
          },
          "sensitive_attributes": [],
          "identity_schema_version": 0
        }
      ]
    },
    {
      "module": "module.eks_primary.module.eks",
      "mode": "data",
      "type": "aws_iam_policy_document",
      "name": "cni_ipv6_policy",
      "provider": "provider[\"registry.terraform.io/hashicorp/aws\"].primary",
      "instances": []
    },
    {
      "module": "module.eks_primary.module.eks",
      "mode": "data",
      "type": "aws_iam_policy_document",
      "name": "custom",
      "provider": "provider[\"registry.terraform.io/hashicorp/aws\"].primary",
      "instances": [
        {
          "index_key": 0,
          "schema_version": 0,
          "attributes": {
            "id": "513122117",
            "json": "{\n  \"Version\": \"2012-10-17\",\n  \"Statement\": [\n    {\n      \"Sid\": \"Compute\",\n      \"Effect\": \"Allow\",\n      \"Action\": [\n        \"ec2:RunInstances\",\n        \"ec2:CreateLaunchTemplate\",\n        \"ec2:CreateFleet\"\n      ],\n      \"Resource\": \"*\",\n      \"Condition\": {\n        \"StringEquals\": {\n          \"aws:RequestTag/eks:eks-cluster-name\": \"${aws:PrincipalTag/eks:eks-cluster-name}\"\n        },\n        \"StringLike\": {\n          \"aws:RequestTag/eks:kubernetes-node-class-name\": \"*\",\n          \"aws:RequestTag/eks:kubernetes-node-pool-name\": \"*\"\n        }\n      }\n    },\n    {\n      \"Sid\": \"Storage\",\n      \"Effect\": \"Allow\",\n      \"Action\": [\n        \"ec2:CreateVolume\",\n        \"ec2:CreateSnapshot\"\n      ],\n      \"Resource\": [\n        \"arn:aws:ec2:*:*:volume/*\",\n        \"arn:aws:ec2:*:*:snapshot/*\"\n      ],\n      \"Condition\": {\n        \"StringEquals\": {\n          \"aws:RequestTag/eks:eks-cluster-name\": \"${aws:PrincipalTag/eks:eks-cluster-name}\"\n        }\n      }\n    },\n    {\n      \"Sid\": \"Networking\",\n      \"Effect\": \"Allow\",\n      \"Action\": \"ec2:CreateNetworkInterface\",\n      \"Resource\": \"*\",\n      \"Condition\": {\n        \"StringEquals\": {\n          \"aws:RequestTag/eks:eks-cluster-name\": \"${aws:PrincipalTag/eks:eks-cluster-name}\",\n          \"aws:RequestTag/eks:kubernetes-cni-node-name\": \"*\"\n        }\n      }\n    },\n    {\n      \"Sid\": \"LoadBalancer\",\n      \"Effect\": \"Allow\",\n      \"Action\": [\n        \"elasticloadbalancing:CreateTargetGroup\",\n        \"elasticloadbalancing:CreateRule\",\n        \"elasticloadbalancing:CreateLoadBalancer\",\n        \"elasticloadbalancing:CreateListener\",\n        \"ec2:CreateSecurityGroup\"\n      ],\n      \"Resource\": \"*\",\n      \"Condition\": {\n        \"StringEquals\": {\n          \"aws:RequestTag/eks:eks-cluster-name\": \"${aws:PrincipalTag/eks:eks-cluster-name}\"\n        }\n      }\n    },\n    {\n      \"Sid\": \"ShieldProtection\",\n      \"Effect\": \"Allow\",\n      \"Action\": \"shield:CreateProtection\",\n      \"Resource\": \"*\",\n      \"Condition\": {\n        \"StringEquals\": {\n          \"aws:RequestTag/eks:eks-cluster-name\": \"${aws:PrincipalTag/eks:eks-cluster-name}\"\n        }\n      }\n    },\n    {\n      \"Sid\": \"ShieldTagResource\",\n      \"Effect\": \"Allow\",\n      \"Action\": \"shield:TagResource\",\n      \"Resource\": \"arn:aws:shield::*:protection/*\",\n      \"Condition\": {\n        \"StringEquals\": {\n          \"aws:RequestTag/eks:eks-cluster-name\": \"${aws:PrincipalTag/eks:eks-cluster-name}\"\n        }\n      }\n    }\n  ]\n}",
            "minified_json": "{\"Version\":\"2012-10-17\",\"Statement\":[{\"Sid\":\"Compute\",\"Effect\":\"Allow\",\"Action\":[\"ec2:RunInstances\",\"ec2:CreateLaunchTemplate\",\"ec2:CreateFleet\"],\"Resource\":\"*\",\"Condition\":{\"StringEquals\":{\"aws:RequestTag/eks:eks-cluster-name\":\"${aws:PrincipalTag/eks:eks-cluster-name}\"},\"StringLike\":{\"aws:RequestTag/eks:kubernetes-node-class-name\":\"*\",\"aws:RequestTag/eks:kubernetes-node-pool-name\":\"*\"}}},{\"Sid\":\"Storage\",\"Effect\":\"Allow\",\"Action\":[\"ec2:CreateVolume\",\"ec2:CreateSnapshot\"],\"Resource\":[\"arn:aws:ec2:*:*:volume/*\",\"arn:aws:ec2:*:*:snapshot/*\"],\"Condition\":{\"StringEquals\":{\"aws:RequestTag/eks:eks-cluster-name\":\"${aws:PrincipalTag/eks:eks-cluster-name}\"}}},{\"Sid\":\"Networking\",\"Effect\":\"Allow\",\"Action\":\"ec2:CreateNetworkInterface\",\"Resource\":\"*\",\"Condition\":{\"StringEquals\":{\"aws:RequestTag/eks:eks-cluster-name\":\"${aws:PrincipalTag/eks:eks-cluster-name}\",\"aws:RequestTag/eks:kubernetes-cni-node-name\":\"*\"}}},{\"Sid\":\"LoadBalancer\",\"Effect\":\"Allow\",\"Action\":[\"elasticloadbalancing:CreateTargetGroup\",\"elasticloadbalancing:CreateRule\",\"elasticloadbalancing:CreateLoadBalancer\",\"elasticloadbalancing:CreateListener\",\"ec2:CreateSecurityGroup\"],\"Resource\":\"*\",\"Condition\":{\"StringEquals\":{\"aws:RequestTag/eks:eks-cluster-name\":\"${aws:PrincipalTag/eks:eks-cluster-name}\"}}},{\"Sid\":\"ShieldProtection\",\"Effect\":\"Allow\",\"Action\":\"shield:CreateProtection\",\"Resource\":\"*\",\"Condition\":{\"StringEquals\":{\"aws:RequestTag/eks:eks-cluster-name\":\"${aws:PrincipalTag/eks:eks-cluster-name}\"}}},{\"Sid\":\"ShieldTagResource\",\"Effect\":\"Allow\",\"Action\":\"shield:TagResource\",\"Resource\":\"arn:aws:shield::*:protection/*\",\"Condition\":{\"StringEquals\":{\"aws:RequestTag/eks:eks-cluster-name\":\"${aws:PrincipalTag/eks:eks-cluster-name}\"}}}]}",
            "override_json": null,
            "override_policy_documents": null,
            "policy_id": null,
            "source_json": null,
            "source_policy_documents": null,
            "statement": [
              {
                "actions": [
                  "ec2:CreateFleet",
                  "ec2:CreateLaunchTemplate",
                  "ec2:RunInstances"
                ],
                "condition": [
                  {
                    "test": "StringEquals",
                    "values": [
                      "${aws:PrincipalTag/eks:eks-cluster-name}"
                    ],
                    "variable": "aws:RequestTag/eks:eks-cluster-name"
                  },
                  {
                    "test": "StringLike",
                    "values": [
                      "*"
                    ],
                    "variable": "aws:RequestTag/eks:kubernetes-node-class-name"
                  },
                  {
                    "test": "StringLike",
                    "values": [
                      "*"
                    ],
                    "variable": "aws:RequestTag/eks:kubernetes-node-pool-name"
                  }
                ],
                "effect": "Allow",
                "not_actions": [],
                "not_principals": [],
                "not_resources": [],
                "principals": [],
                "resources": [
                  "*"
                ],
                "sid": "Compute"
              },
              {
                "actions": [
                  "ec2:CreateSnapshot",
                  "ec2:CreateVolume"
                ],
                "condition": [
                  {
                    "test": "StringEquals",
                    "values": [
                      "${aws:PrincipalTag/eks:eks-cluster-name}"
                    ],
                    "variable": "aws:RequestTag/eks:eks-cluster-name"
                  }
                ],
                "effect": "Allow",
                "not_actions": [],
                "not_principals": [],
                "not_resources": [],
                "principals": [],
                "resources": [
                  "arn:aws:ec2:*:*:snapshot/*",
                  "arn:aws:ec2:*:*:volume/*"
                ],
                "sid": "Storage"
              },
              {
                "actions": [
                  "ec2:CreateNetworkInterface"
                ],
                "condition": [
                  {
                    "test": "StringEquals",
                    "values": [
                      "${aws:PrincipalTag/eks:eks-cluster-name}"
                    ],
                    "variable": "aws:RequestTag/eks:eks-cluster-name"
                  },
                  {
                    "test": "StringEquals",
                    "values": [
                      "*"
                    ],
                    "variable": "aws:RequestTag/eks:kubernetes-cni-node-name"
                  }
                ],
                "effect": "Allow",
                "not_actions": [],
                "not_principals": [],
                "not_resources": [],
                "principals": [],
                "resources": [
                  "*"
                ],
                "sid": "Networking"
              },
              {
                "actions": [
                  "ec2:CreateSecurityGroup",
                  "elasticloadbalancing:CreateListener",
                  "elasticloadbalancing:CreateLoadBalancer",
                  "elasticloadbalancing:CreateRule",
                  "elasticloadbalancing:CreateTargetGroup"
                ],
                "condition": [
                  {
                    "test": "StringEquals",
                    "values": [
                      "${aws:PrincipalTag/eks:eks-cluster-name}"
                    ],
                    "variable": "aws:RequestTag/eks:eks-cluster-name"
                  }
                ],
                "effect": "Allow",
                "not_actions": [],
                "not_principals": [],
                "not_resources": [],
                "principals": [],
                "resources": [
                  "*"
                ],
                "sid": "LoadBalancer"
              },
              {
                "actions": [
                  "shield:CreateProtection"
                ],
                "condition": [
                  {
                    "test": "StringEquals",
                    "values": [
                      "${aws:PrincipalTag/eks:eks-cluster-name}"
                    ],
                    "variable": "aws:RequestTag/eks:eks-cluster-name"
                  }
                ],
                "effect": "Allow",
                "not_actions": [],
                "not_principals": [],
                "not_resources": [],
                "principals": [],
                "resources": [
                  "*"
                ],
                "sid": "ShieldProtection"
              },
              {
                "actions": [
                  "shield:TagResource"
                ],
                "condition": [
                  {
                    "test": "StringEquals",
                    "values": [
                      "${aws:PrincipalTag/eks:eks-cluster-name}"
                    ],
                    "variable": "aws:RequestTag/eks:eks-cluster-name"
                  }
                ],
                "effect": "Allow",
                "not_actions": [],
                "not_principals": [],
                "not_resources": [],
                "principals": [],
                "resources": [
                  "arn:aws:shield::*:protection/*"
                ],
                "sid": "ShieldTagResource"
              }
            ],
            "version": "2012-10-17"
          },
          "sensitive_attributes": [],
          "identity_schema_version": 0
        }
      ]
    },
    {
      "module": "module.eks_primary.module.eks",
      "mode": "data",
      "type": "aws_iam_policy_document",
      "name": "node_assume_role_policy",
      "provider": "provider[\"registry.terraform.io/hashicorp/aws\"].primary",
      "instances": []
    },
    {
      "module": "module.eks_primary.module.eks",
      "mode": "data",
      "type": "aws_iam_session_context",
      "name": "current",
      "provider": "provider[\"registry.terraform.io/hashicorp/aws\"].primary",
      "instances": [
        {
          "index_key": 0,
          "schema_version": 0,
          "attributes": {
            "arn": "arn:aws:iam::643942183295:user/AeroLink-Admin",
            "id": "arn:aws:iam::643942183295:user/AeroLink-Admin",
            "issuer_arn": "arn:aws:iam::643942183295:user/AeroLink-Admin",
            "issuer_id": "",
            "issuer_name": "",
            "session_name": ""
          },
          "sensitive_attributes": [],
          "identity_schema_version": 0
        }
      ]
    },
    {
      "module": "module.eks_primary.module.eks",
      "mode": "data",
      "type": "aws_partition",
      "name": "current",
      "provider": "provider[\"registry.terraform.io/hashicorp/aws\"].primary",
      "instances": [
        {
          "index_key": 0,
          "schema_version": 0,
          "attributes": {
            "dns_suffix": "amazonaws.com",
            "id": "aws",
            "partition": "aws",
            "reverse_dns_prefix": "com.amazonaws"
          },
          "sensitive_attributes": [],
          "identity_schema_version": 0
        }
      ]
    },
    {
      "module": "module.eks_primary.module.eks",
      "mode": "data",
      "type": "tls_certificate",
      "name": "this",
      "provider": "provider[\"registry.terraform.io/hashicorp/tls\"]",
      "instances": [
        {
          "index_key": 0,
          "schema_version": 0,
          "attributes": {
            "certificates": [
              {
                "cert_pem": "-----BEGIN CERTIFICATE-----\nMIIEkjCCA3qgAwIBAgITBn+USionzfP6wq4rAfkI7rnExjANBgkqhkiG9w0BAQsF\nADCBmDELMAkGA1UEBhMCVVMxEDAOBgNVBAgTB0FyaXpvbmExEzARBgNVBAcTClNj\nb3R0c2RhbGUxJTAjBgNVBAoTHFN0YXJmaWVsZCBUZWNobm9sb2dpZXMsIEluYy4x\nOzA5BgNVBAMTMlN0YXJmaWVsZCBTZXJ2aWNlcyBSb290IENlcnRpZmljYXRlIEF1\ndGhvcml0eSAtIEcyMB4XDTE1MDUyNTEyMDAwMFoXDTM3MTIzMTAxMDAwMFowOTEL\nMAkGA1UEBhMCVVMxDzANBgNVBAoTBkFtYXpvbjEZMBcGA1UEAxMQQW1hem9uIFJv\nb3QgQ0EgMTCCASIwDQYJKoZIhvcNAQEBBQADggEPADCCAQoCggEBALJ4gHHKeNXj\nca9HgFB0fW7Y14h29Jlo91ghYPl0hAEvrAIthtOgQ3pOsqTQNroBvo3bSMgHFzZM\n9O6II8c+6zf1tRn4SWiw3te5djgdYZ6k/oI2peVKVuRF4fn9tBb6dNqcmzU5L/qw\nIFAGbHrQgLKm+a/sRxmPUDgH3KKHOVj4utWp+UhnMJbulHheb4mjUcAwhmahRWa6\nVOujw5H5SNz/0egwLX0tdHA114gk957EWW67c4cX8jJGKLhD+rcdqsq08p8kDi1L\n93FcXmn/6pUCyziKrlA4b9v7LWIbxcceVOF34GfID5yHI9Y/QCB/IIDEgEw+OyQm\njgSubJrIqg0CAwEAAaOCATEwggEtMA8GA1UdEwEB/wQFMAMBAf8wDgYDVR0PAQH/\nBAQDAgGGMB0GA1UdDgQWBBSEGMyFNOy8DJSULghZnMeyEE4KCDAfBgNVHSMEGDAW\ngBScXwDfqgHXMCs4iKK4bUqc8hGRgzB4BggrBgEFBQcBAQRsMGowLgYIKwYBBQUH\nMAGGImh0dHA6Ly9vY3NwLnJvb3RnMi5hbWF6b250cnVzdC5jb20wOAYIKwYBBQUH\nMAKGLGh0dHA6Ly9jcnQucm9vdGcyLmFtYXpvbnRydXN0LmNvbS9yb290ZzIuY2Vy\nMD0GA1UdHwQ2MDQwMqAwoC6GLGh0dHA6Ly9jcmwucm9vdGcyLmFtYXpvbnRydXN0\nLmNvbS9yb290ZzIuY3JsMBEGA1UdIAQKMAgwBgYEVR0gADANBgkqhkiG9w0BAQsF\nAAOCAQEAYjdCXLwQtT6LLOkMm2xF4gcAevnFWAu5CIw+7bMlPLVvUOTNNWqnkzSW\nMiGpSESrnO09tKpzbeR/FoCJbM8oAxiDR3mjEH4wW6w7sGDgd9QIpuEdfF7Au/ma\neyKdpwAJfqxGF4PcnCZXmTA5YpaP7dreqsXMGz7KQ2hsVxa81Q4gLv7/wmpdLqBK\nbRRYh5TmOTFffHPLkIhqhBGWJ6bt2YFGpn6jcgAKUj6DiAdjd4lpFw85hdKrCEVN\n0FE6/V1dN2RMfjCyVSRCnTawXZwXgWHxyvkQAiSr6w10kY17RSlQOYiypok1JR4U\nakcjMS9cmvqtmg5iUaQqqcT5NJ0hGA==\n-----END CERTIFICATE-----\n",
                "is_ca": true,
                "issuer": "CN=Starfield Services Root Certificate Authority - G2,O=Starfield Technologies\\, Inc.,L=Scottsdale,ST=Arizona,C=US",
                "max_path_length": -1,
                "not_after": "2037-12-31T01:00:00Z",
                "not_before": "2015-05-25T12:00:00Z",
                "public_key_algorithm": "RSA",
                "serial_number": "144918191876577076464031512351042010504348870",
                "sha1_fingerprint": "06b25927c42a721631c1efd9431e648fa62e1e39",
                "signature_algorithm": "SHA256-RSA",
                "subject": "CN=Amazon Root CA 1,O=Amazon,C=US",
                "version": 3
              },
              {
                "cert_pem": "-----BEGIN CERTIFICATE-----\nMIIEXjCCA0agAwIBAgITB3MSOAudZoijOx7Zv5zNpo4ODzANBgkqhkiG9w0BAQsF\nADA5MQswCQYDVQQGEwJVUzEPMA0GA1UEChMGQW1hem9uMRkwFwYDVQQDExBBbWF6\nb24gUm9vdCBDQSAxMB4XDTIyMDgyMzIyMjEyOFoXDTMwMDgyMzIyMjEyOFowPDEL\nMAkGA1UEBhMCVVMxDzANBgNVBAoTBkFtYXpvbjEcMBoGA1UEAxMTQW1hem9uIFJT\nQSAyMDQ4IE0wMTCCASIwDQYJKoZIhvcNAQEBBQADggEPADCCAQoCggEBAOtxLKnL\nH4gokjIwr4pXD3i3NyWVVYesZ1yX0yLI2qIUZ2t88Gfa4gMqs1YSXca1R/lnCKeT\nepWSGA+0+fkQNpp/L4C2T7oTTsddUx7g3ZYzByDTlrwS5HRQQqEFE3O1T5tEJP4t\nf+28IoXsNiEzl3UGzicYgtzj2cWCB41eJgEmJmcf2T8TzzK6a614ZPyq/w4CPAff\nnAV4coz96nW3AyiE2uhuB4zQUIXvgVSycW7sbWLvj5TDXunEpNCRwC4kkZjK7rol\njtT2cbb7W2s4Bkg3R42G3PLqBvt2N32e/0JOTViCk8/iccJ4sXqrS1uUN4iB5Nmv\nJK74csVl+0u0UecCAwEAAaOCAVowggFWMBIGA1UdEwEB/wQIMAYBAf8CAQAwDgYD\nVR0PAQH/BAQDAgGGMB0GA1UdJQQWMBQGCCsGAQUFBwMBBggrBgEFBQcDAjAdBgNV\nHQ4EFgQUgbgOY4qJEhjl+js7UJWf5uWQE4UwHwYDVR0jBBgwFoAUhBjMhTTsvAyU\nlC4IWZzHshBOCggwewYIKwYBBQUHAQEEbzBtMC8GCCsGAQUFBzABhiNodHRwOi8v\nb2NzcC5yb290Y2ExLmFtYXpvbnRydXN0LmNvbTA6BggrBgEFBQcwAoYuaHR0cDov\nL2NydC5yb290Y2ExLmFtYXpvbnRydXN0LmNvbS9yb290Y2ExLmNlcjA/BgNVHR8E\nODA2MDSgMqAwhi5odHRwOi8vY3JsLnJvb3RjYTEuYW1hem9udHJ1c3QuY29tL3Jv\nb3RjYTEuY3JsMBMGA1UdIAQMMAowCAYGZ4EMAQIBMA0GCSqGSIb3DQEBCwUAA4IB\nAQCtAN4CBSMuBjJitGuxlBbkEUDeK/pZwTXv4KqPK0G50fOHOQAd8j21p0cMBgbG\nkfMHVwLU7b0XwZCav0h1ogdPMN1KakK1DT0VwA/+hFvGPJnMV1Kx2G4S1ZaSk0uU\n5QfoiYIIano01J5k4T2HapKQmmOhS/iPtuo00wW+IMLeBuKMn3OLn005hcrOGTad\nhcmeyfhQP7Z+iKHvyoQGi1C0ClymHETx/chhQGDyYSWqB/THwnN15AwLQo0E5V9E\nSJlbe4mBlqeInUsNYugExNf+tOiybcrswBy8OFsd34XOW3rjSUtsuafd9AWySa3h\nxRRrwszrzX/WWGm6wyB+f7C4\n-----END CERTIFICATE-----\n",
                "is_ca": true,
                "issuer": "CN=Amazon Root CA 1,O=Amazon,C=US",
                "max_path_length": 0,
                "not_after": "2030-08-23T22:21:28Z",
                "not_before": "2022-08-23T22:21:28Z",
                "public_key_algorithm": "RSA",
                "serial_number": "166129328851546858514271303855646110030630415",
                "sha1_fingerprint": "2ad974a775f73cbdbbd8f5ac3a49255fa8fb1f8c",
                "signature_algorithm": "SHA256-RSA",
                "subject": "CN=Amazon RSA 2048 M01,O=Amazon,C=US",
                "version": 3
              },
              {
                "cert_pem": "-----BEGIN CERTIFICATE-----\nMIIF3DCCBMSgAwIBAgIQDWSUrLO5Y9qkm2y4CpQ/CTANBgkqhkiG9w0BAQsFADA8\nMQswCQYDVQQGEwJVUzEPMA0GA1UEChMGQW1hem9uMRwwGgYDVQQDExNBbWF6b24g\nUlNBIDIwNDggTTAxMB4XDTI2MDEyNzAwMDAwMFoXDTI3MDIyNTIzNTk1OVowKDEm\nMCQGA1UEAwwdKi5la3MudXMtZWFzdC0xLmFtYXpvbmF3cy5jb20wggEiMA0GCSqG\nSIb3DQEBAQUAA4IBDwAwggEKAoIBAQDjfWC3ScmP3Yt3ENQgpvZzbXg3ZqdR+F5k\n/SIXqF2RRdrDIu3B0CivVPkNbZxS4dUjum7WHRV3+cjhne679pLBzKp/aCqycyVr\nqiGvPsCOywSNgCQ7KGZ7fR9L0o4eQ5vsotNTjF1HDkoVGdjDt8qjFedVngnnLZ2f\n9E/tACJHoCXLbg1BLI/0xXQKZqLiLGUgcLhnZjYn6AW8QgXgGyJMwHo6n13wf8uY\n3RAaOWMsTglOfMrPMKclQBwh4OaWzHD3SLXnjAvdtuErZGWSz01pRY89FfxZWtSf\nxGG+ERvHMAoM2lIbV74Bs0B+qVVAxP658rpMbPevtRrlj+fYkFzvAgMBAAGjggLs\nMIIC6DAfBgNVHSMEGDAWgBSBuA5jiokSGOX6OztQlZ/m5ZAThTAdBgNVHQ4EFgQU\npzXKZp4CIP0/n8bNGf3YAZVaFtIwKAYDVR0RBCEwH4IdKi5la3MudXMtZWFzdC0x\nLmFtYXpvbmF3cy5jb20wEwYDVR0gBAwwCjAIBgZngQwBAgEwDgYDVR0PAQH/BAQD\nAgWgMBMGA1UdJQQMMAoGCCsGAQUFBwMBMDsGA1UdHwQ0MDIwMKAuoCyGKmh0dHA6\nLy9jcmwucjJtMDEuYW1hem9udHJ1c3QuY29tL3IybTAxLmNybDB1BggrBgEFBQcB\nAQRpMGcwLQYIKwYBBQUHMAGGIWh0dHA6Ly9vY3NwLnIybTAxLmFtYXpvbnRydXN0\nLmNvbTA2BggrBgEFBQcwAoYqaHR0cDovL2NydC5yMm0wMS5hbWF6b250cnVzdC5j\nb20vcjJtMDEuY2VyMAwGA1UdEwEB/wQCMAAwggF+BgorBgEEAdZ5AgQCBIIBbgSC\nAWoBaAB1AExj3JjlnB2riPYeij3ero+rRKM3e1+blMP7oZz8wb4mAAABm/3p2vcA\nAAQDAEYwRAIgOCwhiOx8FXqVNu1L+Mv2q8pJCKzIqLFwCE6VAugMkb0CIBu7W9o8\nRWfC1A9XjVWFxJ0uIquBPcEycQMNc8pRKAJFAHcAHJ9oLOn68EVpUPgbloqH3dsy\nENhM5siy44JSSsTPWZ8AAAGb/ena3wAABAMASDBGAiEAjAu69L5N17FqPfmXSt1v\ngM+df4yz50M/fb2LDfmx+xECIQC3B3aoHVNsjqYMmqwQgR4ViKIREwNzCYKBm+W0\nGnlwnwB2AGBMmq96f3dfAdQG/JINyJnrCxx9+MlSG/r6F3c7l4vJAAABm/3p28gA\nAAQDAEcwRQIgMiBVCk6C4EylG885QJIv8X2wpplMtdWJxyt3JVQ56NUCIQC6uZDM\nw0VrwTXkW4eLg73D5Z89Z8tadQwizoXyjBAaYjANBgkqhkiG9w0BAQsFAAOCAQEA\nHMEZInJfTjgc0JTF+C7ZR/8rk1c511SMI9RcmNjnrkoP3pBPQTSEU92bGaCYvOYO\nRMB1bAOk/Ql9kDBSRDcKiOz8wPWZBgyJZRMSVyO5WbLM//8jsP83vmvFNbSo7Tuk\n5R6KAtzOMOymwITZeM6k4saoyB847rmlPDIkD/RRM0Col+Ik8+V3HSdHsnrA/3Ep\n1ICdUJvE0M9oEnbO2DWrCz6yOuz0AcfcmMGTBLqlsFdoJpcXj7c1QcCJaK1B7qaQ\nuQXdywqElVO6BrBxHQROLxjLHXMNblOzvrXYWGkhiQ+0cYYCMBtbhpphhebxnUBV\nuCxvp9/yY1GmsG6lwzLYEw==\n-----END CERTIFICATE-----\n",
                "is_ca": false,
                "issuer": "CN=Amazon RSA 2048 M01,O=Amazon,C=US",
                "max_path_length": -1,
                "not_after": "2027-02-25T23:59:59Z",
                "not_before": "2026-01-27T00:00:00Z",
                "public_key_algorithm": "RSA",
                "serial_number": "17802209110544621593474031143248740105",
                "sha1_fingerprint": "37647fee5fc063960139521aa2400c75db27825b",
                "signature_algorithm": "SHA256-RSA",
                "subject": "CN=*.eks.us-east-1.amazonaws.com",
                "version": 3
              }
            ],
            "content": null,
            "id": "b1b539daa206035ae3c3e28288b0681fa1b462f3",
            "url": "https://oidc.eks.us-east-1.amazonaws.com/id/68B926D5CB07046D15077D7A0BF82C32",
            "verify_chain": true
          },
          "sensitive_attributes": [],
          "identity_schema_version": 0
        }
      ]
    },
    {
      "module": "module.eks_primary.module.eks",
      "mode": "managed",
      "type": "aws_cloudwatch_log_group",
      "name": "this",
      "provider": "provider[\"registry.terraform.io/hashicorp/aws\"].primary",
      "instances": [
        {
          "index_key": 0,
          "schema_version": 0,
          "attributes": {
            "arn": "arn:aws:logs:us-east-1:643942183295:log-group:/aws/eks/aerolink-dev-primary-cluster/cluster",
            "id": "/aws/eks/aerolink-dev-primary-cluster/cluster",
            "kms_key_id": "",
            "log_group_class": "STANDARD",
            "name": "/aws/eks/aerolink-dev-primary-cluster/cluster",
            "name_prefix": "",
            "retention_in_days": 90,
            "skip_destroy": false,
            "tags": {
              "Name": "/aws/eks/aerolink-dev-primary-cluster/cluster"
            },
            "tags_all": {
              "Name": "/aws/eks/aerolink-dev-primary-cluster/cluster"
            }
          },
          "sensitive_attributes": [],
          "identity_schema_version": 0,
          "private": "bnVsbA==",
          "create_before_destroy": true
        }
      ]
    },
    {
      "module": "module.eks_primary.module.eks",
      "mode": "managed",
      "type": "aws_ec2_tag",
      "name": "cluster_primary_security_group",
      "provider": "provider[\"registry.terraform.io/hashicorp/aws\"].primary",
      "instances": []
    },
    {
      "module": "module.eks_primary.module.eks",
      "mode": "managed",
      "type": "aws_eks_access_entry",
      "name": "this",
      "provider": "provider[\"registry.terraform.io/hashicorp/aws\"].primary",
      "instances": []
    },
    {
      "module": "module.eks_primary.module.eks",
      "mode": "managed",
      "type": "aws_eks_access_policy_association",
      "name": "this",
      "provider": "provider[\"registry.terraform.io/hashicorp/aws\"].primary",
      "instances": []
    },
    {
      "module": "module.eks_primary.module.eks",
      "mode": "managed",
      "type": "aws_eks_addon",
      "name": "before_compute",
      "provider": "provider[\"registry.terraform.io/hashicorp/aws\"].primary",
      "instances": []
    },
    {
      "module": "module.eks_primary.module.eks",
      "mode": "managed",
      "type": "aws_eks_addon",
      "name": "this",
      "provider": "provider[\"registry.terraform.io/hashicorp/aws\"].primary",
      "instances": []
    },
    {
      "module": "module.eks_primary.module.eks",
      "mode": "managed",
      "type": "aws_eks_cluster",
      "name": "this",
      "provider": "provider[\"registry.terraform.io/hashicorp/aws\"].primary",
      "instances": [
        {
          "index_key": 0,
          "schema_version": 1,
          "attributes": {
            "access_config": [
              {
                "authentication_mode": "API_AND_CONFIG_MAP",
                "bootstrap_cluster_creator_admin_permissions": false
              }
            ],
            "arn": "arn:aws:eks:us-east-1:643942183295:cluster/aerolink-dev-primary-cluster",
            "bootstrap_self_managed_addons": true,
            "certificate_authority": [
              {
                "data": "LS0tLS1CRUdJTiBDRVJUSUZJQ0FURS0tLS0tCk1JSURCVENDQWUyZ0F3SUJBZ0lJR1RKeUljYTU5NmN3RFFZSktvWklodmNOQVFFTEJRQXdGVEVUTUJFR0ExVUUKQXhNS2EzVmlaWEp1WlhSbGN6QWVGdzB5TmpBMk1ERXhOekEzTVROYUZ3MHpOakExTWpreE56RXlNVE5hTUJVeApFekFSQmdOVkJBTVRDbXQxWW1WeWJtVjBaWE13Z2dFaU1BMEdDU3FHU0liM0RRRUJBUVVBQTRJQkR3QXdnZ0VLCkFvSUJBUUMzV2ZmU3dTR0Rlbi9ac2V3NWN3NGNESlg1cUZrYmIwUjcvWTFkWi92LzdRR1kzTnVKdkszTHplaWIKdUsvSkUvOUZKRGdxQ1VSNDY0b0Yxc3FPUE5BTWh6eTZ2aEZreGdNUUY3VXo3bDdxTDR2Tzd0UVJaM0EzblJjeQovV1drVnVjMFkwRWJzV1M0dlQ2MTFiZEQyZnN5WFQ5eGxxT2cxMmVpN1JaaUdpYTZ5bWZ3ZjRua20vcHZvYStrCmpLQ1hjMGFaY2FQMGVXKzZDanVSTVFidGE4ZUM3OE1NOE9nV0Z1NlQ2Y3dqNk50NlIwSEsvYVo4WVNNSnZEekwKL012NG9lOUNCV1RYK1UwTmdvNmQ2MFhFak9tR3VaTjBQU1Urdm5xQXZFZlNlRHNEV0J2N2NHWnlFNzZUS2NsNgpoUGVicXVobDdudXVJMzJIV2M1eXVBYXU1aDE1QWdNQkFBR2pXVEJYTUE0R0ExVWREd0VCL3dRRUF3SUNwREFQCkJnTlZIUk1CQWY4RUJUQURBUUgvTUIwR0ExVWREZ1FXQkJRS2MwaXQ2UHNNb3J4U0orZlJuY1BQUEttQjlqQVYKQmdOVkhSRUVEakFNZ2dwcmRXSmxjbTVsZEdWek1BMEdDU3FHU0liM0RRRUJDd1VBQTRJQkFRQWc2anRKZStyNgorQ0gxWllzVFY1L3pmSDZxc08ySGlIdC82ZXJ4QWUzRDhhckVqelU4blYvSTVndWdXUzMxMjB6Sy9SUmNBTGF4CnBNZ2poaUt3U1R6bGFNTGhRVE1VWC96aktvaTJwaVJ0eWR6TWVpTDl5T1RwN0VNZE81R2NhU1RFbEU0cjJKc1MKU2FBdDdCRDVUYXdYUi9kTWtnOUh4WklkUHk3dm1MK0dvNm1yN2dvZWlCYldGVkdMOWV1YzNMaElXQkl6dzdoZgpOeFFCeHE3SlRJMHRhM0JkNXlzUE4ybUZQTVpSSm01dDRyYXFOZnVIK25pUTZoV1dOSk40ZlMyWXExNFN4VE0rClNGMlBHc0dmdEhOV3pKakRkdGVoaHR3end5eVRPbUtUV3NXWVUrSmgyaUhtOXQ2UVhXZzBuREx4bForV3lzUVkKd2cvUlpZVjlzRE1wCi0tLS0tRU5EIENFUlRJRklDQVRFLS0tLS0K"
              }
            ],
            "cluster_id": null,
            "compute_config": [],
            "created_at": "2026-06-01T17:06:15Z",
            "enabled_cluster_log_types": [
              "api",
              "audit",
              "authenticator"
            ],
            "encryption_config": [
              {
                "provider": [
                  {
                    "key_arn": "arn:aws:kms:us-east-1:643942183295:key/b73eb49e-abea-4505-b6bc-d5762c9246f1"
                  }
                ],
                "resources": [
                  "secrets"
                ]
              }
            ],
            "endpoint": "https://68B926D5CB07046D15077D7A0BF82C32.sk1.us-east-1.eks.amazonaws.com",
            "force_update_version": null,
            "id": "aerolink-dev-primary-cluster",
            "identity": [
              {
                "oidc": [
                  {
                    "issuer": "https://oidc.eks.us-east-1.amazonaws.com/id/68B926D5CB07046D15077D7A0BF82C32"
                  }
                ]
              }
            ],
            "kubernetes_network_config": [
              {
                "elastic_load_balancing": [
                  {
                    "enabled": false
                  }
                ],
                "ip_family": "ipv4",
                "service_ipv4_cidr": "172.20.0.0/16",
                "service_ipv6_cidr": ""
              }
            ],
            "name": "aerolink-dev-primary-cluster",
            "outpost_config": [],
            "platform_version": "eks.68",
            "remote_network_config": [],
            "role_arn": "arn:aws:iam::643942183295:role/aerolink-dev-primary-cluster-cluster",
            "status": "ACTIVE",
            "storage_config": [],
            "tags": {
              "terraform-aws-modules": "eks"
            },
            "tags_all": {
              "terraform-aws-modules": "eks"
            },
            "timeouts": {
              "create": null,
              "delete": null,
              "update": null
            },
            "upgrade_policy": [
              {
                "support_type": "EXTENDED"
              }
            ],
            "version": "1.30",
            "vpc_config": [
              {
                "cluster_security_group_id": "sg-014f16f9684ccf869",
                "endpoint_private_access": true,
                "endpoint_public_access": true,
                "public_access_cidrs": [
                  "0.0.0.0/0"
                ],
                "security_group_ids": [
                  "sg-0b10f3620d89156cf"
                ],
                "subnet_ids": [
                  "subnet-04761cd0e519c0b4b",
                  "subnet-0b4027f99876ad76e"
                ],
                "vpc_id": "vpc-083fae6ece720063d"
              }
            ],
            "zonal_shift_config": []
          },
          "sensitive_attributes": [],
          "identity_schema_version": 0,
          "private": "eyJlMmJmYjczMC1lY2FhLTExZTYtOGY4OC0zNDM2M2JjN2M0YzAiOnsiY3JlYXRlIjoxODAwMDAwMDAwMDAwLCJkZWxldGUiOjkwMDAwMDAwMDAwMCwidXBkYXRlIjozNjAwMDAwMDAwMDAwfSwic2NoZW1hX3ZlcnNpb24iOiIxIn0=",
          "dependencies": [
            "module.eks_primary.module.eks.aws_cloudwatch_log_group.this",
            "module.eks_primary.module.eks.aws_iam_policy.cni_ipv6_policy",
            "module.eks_primary.module.eks.aws_iam_role.eks_auto",
            "module.eks_primary.module.eks.aws_iam_role.this",
            "module.eks_primary.module.eks.aws_iam_role_policy_attachment.this",
            "module.eks_primary.module.eks.aws_security_group.cluster",
            "module.eks_primary.module.eks.aws_security_group.node",
            "module.eks_primary.module.eks.aws_security_group_rule.cluster",
            "module.eks_primary.module.eks.aws_security_group_rule.node",
            "module.eks_primary.module.eks.data.aws_caller_identity.current",
            "module.eks_primary.module.eks.data.aws_iam_policy_document.assume_role_policy",
            "module.eks_primary.module.eks.data.aws_iam_policy_document.cni_ipv6_policy",
            "module.eks_primary.module.eks.data.aws_iam_policy_document.node_assume_role_policy",
            "module.eks_primary.module.eks.data.aws_iam_session_context.current",
            "module.eks_primary.module.eks.data.aws_partition.current",
            "module.eks_primary.module.eks.module.kms.aws_kms_external_key.this",
            "module.eks_primary.module.eks.module.kms.aws_kms_key.this",
            "module.eks_primary.module.eks.module.kms.aws_kms_replica_external_key.this",
            "module.eks_primary.module.eks.module.kms.aws_kms_replica_key.this",
            "module.eks_primary.module.eks.module.kms.data.aws_caller_identity.current",
            "module.eks_primary.module.eks.module.kms.data.aws_iam_policy_document.this",
            "module.eks_primary.module.eks.module.kms.data.aws_partition.current",
            "module.vpc_primary.data.aws_availability_zones.available",
            "module.vpc_primary.module.vpc.aws_subnet.private",
            "module.vpc_primary.module.vpc.aws_vpc.this",
            "module.vpc_primary.module.vpc.aws_vpc_ipv4_cidr_block_association.this"
          ],
          "create_before_destroy": true
        }
      ]
    },
    {
      "module": "module.eks_primary.module.eks",
      "mode": "managed",
      "type": "aws_eks_identity_provider_config",
      "name": "this",
      "provider": "provider[\"registry.terraform.io/hashicorp/aws\"].primary",
      "instances": []
    },
    {
      "module": "module.eks_primary.module.eks",
      "mode": "managed",
      "type": "aws_iam_openid_connect_provider",
      "name": "oidc_provider",
      "provider": "provider[\"registry.terraform.io/hashicorp/aws\"].primary",
      "instances": [
        {
          "index_key": 0,
          "schema_version": 0,
          "attributes": {
            "arn": "arn:aws:iam::643942183295:oidc-provider/oidc.eks.us-east-1.amazonaws.com/id/68B926D5CB07046D15077D7A0BF82C32",
            "client_id_list": [
              "sts.amazonaws.com"
            ],
            "id": "arn:aws:iam::643942183295:oidc-provider/oidc.eks.us-east-1.amazonaws.com/id/68B926D5CB07046D15077D7A0BF82C32",
            "tags": {
              "Name": "aerolink-dev-primary-cluster-eks-irsa"
            },
            "tags_all": {
              "Name": "aerolink-dev-primary-cluster-eks-irsa"
            },
            "thumbprint_list": [
              "06b25927c42a721631c1efd9431e648fa62e1e39"
            ],
            "url": "oidc.eks.us-east-1.amazonaws.com/id/68B926D5CB07046D15077D7A0BF82C32"
          },
          "sensitive_attributes": [],
          "identity_schema_version": 0,
          "private": "bnVsbA==",
          "dependencies": [
            "module.eks_primary.module.eks.aws_cloudwatch_log_group.this",
            "module.eks_primary.module.eks.aws_eks_cluster.this",
            "module.eks_primary.module.eks.aws_iam_policy.cni_ipv6_policy",
            "module.eks_primary.module.eks.aws_iam_role.eks_auto",
            "module.eks_primary.module.eks.aws_iam_role.this",
            "module.eks_primary.module.eks.aws_iam_role_policy_attachment.this",
            "module.eks_primary.module.eks.aws_security_group.cluster",
            "module.eks_primary.module.eks.aws_security_group.node",
            "module.eks_primary.module.eks.aws_security_group_rule.cluster",
            "module.eks_primary.module.eks.aws_security_group_rule.node",
            "module.eks_primary.module.eks.data.aws_caller_identity.current",
            "module.eks_primary.module.eks.data.aws_iam_policy_document.assume_role_policy",
            "module.eks_primary.module.eks.data.aws_iam_policy_document.cni_ipv6_policy",
            "module.eks_primary.module.eks.data.aws_iam_policy_document.node_assume_role_policy",
            "module.eks_primary.module.eks.data.aws_iam_session_context.current",
            "module.eks_primary.module.eks.data.aws_partition.current",
            "module.eks_primary.module.eks.data.tls_certificate.this",
            "module.eks_primary.module.eks.module.kms.aws_kms_external_key.this",
            "module.eks_primary.module.eks.module.kms.aws_kms_key.this",
            "module.eks_primary.module.eks.module.kms.aws_kms_replica_external_key.this",
            "module.eks_primary.module.eks.module.kms.aws_kms_replica_key.this",
            "module.eks_primary.module.eks.module.kms.data.aws_caller_identity.current",
            "module.eks_primary.module.eks.module.kms.data.aws_iam_policy_document.this",
            "module.eks_primary.module.eks.module.kms.data.aws_partition.current",
            "module.vpc_primary.data.aws_availability_zones.available",
            "module.vpc_primary.module.vpc.aws_subnet.private",
            "module.vpc_primary.module.vpc.aws_vpc.this",
            "module.vpc_primary.module.vpc.aws_vpc_ipv4_cidr_block_association.this"
          ]
        }
      ]
    },
    {
      "module": "module.eks_primary.module.eks",
      "mode": "managed",
      "type": "aws_iam_policy",
      "name": "cluster_encryption",
      "provider": "provider[\"registry.terraform.io/hashicorp/aws\"].primary",
      "instances": [
        {
          "index_key": 0,
          "schema_version": 0,
          "attributes": {
            "arn": "arn:aws:iam::643942183295:policy/aerolink-dev-primary-cluster-cluster-ClusterEncryption20260601170557169100000010",
            "attachment_count": 1,
            "description": "Cluster encryption policy to allow cluster role to utilize CMK provided",
            "id": "arn:aws:iam::643942183295:policy/aerolink-dev-primary-cluster-cluster-ClusterEncryption20260601170557169100000010",
            "name": "aerolink-dev-primary-cluster-cluster-ClusterEncryption20260601170557169100000010",
            "name_prefix": "aerolink-dev-primary-cluster-cluster-ClusterEncryption",
            "path": "/",
            "policy": "{\"Statement\":[{\"Action\":[\"kms:Encrypt\",\"kms:Decrypt\",\"kms:ListGrants\",\"kms:DescribeKey\"],\"Effect\":\"Allow\",\"Resource\":\"arn:aws:kms:us-east-1:643942183295:key/b73eb49e-abea-4505-b6bc-d5762c9246f1\"}],\"Version\":\"2012-10-17\"}",
            "policy_id": "ANPAZL3PR6F7RU7PUNFFF",
            "tags": {},
            "tags_all": {}
          },
          "sensitive_attributes": [],
          "identity_schema_version": 0,
          "private": "bnVsbA==",
          "dependencies": [
            "module.eks_primary.module.eks.aws_iam_role.this",
            "module.eks_primary.module.eks.data.aws_caller_identity.current",
            "module.eks_primary.module.eks.data.aws_iam_policy_document.assume_role_policy",
            "module.eks_primary.module.eks.data.aws_iam_session_context.current",
            "module.eks_primary.module.eks.module.kms.aws_kms_external_key.this",
            "module.eks_primary.module.eks.module.kms.aws_kms_key.this",
            "module.eks_primary.module.eks.module.kms.aws_kms_replica_external_key.this",
            "module.eks_primary.module.eks.module.kms.aws_kms_replica_key.this",
            "module.eks_primary.module.eks.module.kms.data.aws_caller_identity.current",
            "module.eks_primary.module.eks.module.kms.data.aws_iam_policy_document.this",
            "module.eks_primary.module.eks.module.kms.data.aws_partition.current"
          ]
        }
      ]
    },
    {
      "module": "module.eks_primary.module.eks",
      "mode": "managed",
      "type": "aws_iam_policy",
      "name": "cni_ipv6_policy",
      "provider": "provider[\"registry.terraform.io/hashicorp/aws\"].primary",
      "instances": []
    },
    {
      "module": "module.eks_primary.module.eks",
      "mode": "managed",
      "type": "aws_iam_policy",
      "name": "custom",
      "provider": "provider[\"registry.terraform.io/hashicorp/aws\"].primary",
      "instances": [
        {
          "index_key": 0,
          "schema_version": 0,
          "attributes": {
            "arn": "arn:aws:iam::643942183295:policy/aerolink-dev-primary-cluster-cluster",
            "attachment_count": 1,
            "description": "",
            "id": "arn:aws:iam::643942183295:policy/aerolink-dev-primary-cluster-cluster",
            "name": "aerolink-dev-primary-cluster-cluster",
            "name_prefix": "",
            "path": "/",
            "policy": "{\"Statement\":[{\"Action\":[\"ec2:RunInstances\",\"ec2:CreateLaunchTemplate\",\"ec2:CreateFleet\"],\"Condition\":{\"StringEquals\":{\"aws:RequestTag/eks:eks-cluster-name\":\"${aws:PrincipalTag/eks:eks-cluster-name}\"},\"StringLike\":{\"aws:RequestTag/eks:kubernetes-node-class-name\":\"*\",\"aws:RequestTag/eks:kubernetes-node-pool-name\":\"*\"}},\"Effect\":\"Allow\",\"Resource\":\"*\",\"Sid\":\"Compute\"},{\"Action\":[\"ec2:CreateVolume\",\"ec2:CreateSnapshot\"],\"Condition\":{\"StringEquals\":{\"aws:RequestTag/eks:eks-cluster-name\":\"${aws:PrincipalTag/eks:eks-cluster-name}\"}},\"Effect\":\"Allow\",\"Resource\":[\"arn:aws:ec2:*:*:volume/*\",\"arn:aws:ec2:*:*:snapshot/*\"],\"Sid\":\"Storage\"},{\"Action\":\"ec2:CreateNetworkInterface\",\"Condition\":{\"StringEquals\":{\"aws:RequestTag/eks:eks-cluster-name\":\"${aws:PrincipalTag/eks:eks-cluster-name}\",\"aws:RequestTag/eks:kubernetes-cni-node-name\":\"*\"}},\"Effect\":\"Allow\",\"Resource\":\"*\",\"Sid\":\"Networking\"},{\"Action\":[\"elasticloadbalancing:CreateTargetGroup\",\"elasticloadbalancing:CreateRule\",\"elasticloadbalancing:CreateLoadBalancer\",\"elasticloadbalancing:CreateListener\",\"ec2:CreateSecurityGroup\"],\"Condition\":{\"StringEquals\":{\"aws:RequestTag/eks:eks-cluster-name\":\"${aws:PrincipalTag/eks:eks-cluster-name}\"}},\"Effect\":\"Allow\",\"Resource\":\"*\",\"Sid\":\"LoadBalancer\"},{\"Action\":\"shield:CreateProtection\",\"Condition\":{\"StringEquals\":{\"aws:RequestTag/eks:eks-cluster-name\":\"${aws:PrincipalTag/eks:eks-cluster-name}\"}},\"Effect\":\"Allow\",\"Resource\":\"*\",\"Sid\":\"ShieldProtection\"},{\"Action\":\"shield:TagResource\",\"Condition\":{\"StringEquals\":{\"aws:RequestTag/eks:eks-cluster-name\":\"${aws:PrincipalTag/eks:eks-cluster-name}\"}},\"Effect\":\"Allow\",\"Resource\":\"arn:aws:shield::*:protection/*\",\"Sid\":\"ShieldTagResource\"}],\"Version\":\"2012-10-17\"}",
            "policy_id": "ANPAZL3PR6F74EONOP4LW",
            "tags": {},
            "tags_all": {}
          },
          "sensitive_attributes": [],
          "identity_schema_version": 0,
          "private": "bnVsbA==",
          "dependencies": [
            "module.eks_primary.module.eks.data.aws_iam_policy_document.custom",
            "module.eks_primary.module.eks.data.aws_partition.current"
          ]
        }
      ]
    },
    {
      "module": "module.eks_primary.module.eks",
      "mode": "managed",
      "type": "aws_iam_role",
      "name": "eks_auto",
      "provider": "provider[\"registry.terraform.io/hashicorp/aws\"].primary",
      "instances": []
    },
    {
      "module": "module.eks_primary.module.eks",
      "mode": "managed",
      "type": "aws_iam_role",
      "name": "this",
      "provider": "provider[\"registry.terraform.io/hashicorp/aws\"].primary",
      "instances": [
        {
          "index_key": 0,
          "schema_version": 0,
          "attributes": {
            "arn": "arn:aws:iam::643942183295:role/aerolink-dev-primary-cluster-cluster",
            "assume_role_policy": "{\"Statement\":[{\"Action\":[\"sts:TagSession\",\"sts:AssumeRole\"],\"Effect\":\"Allow\",\"Principal\":{\"Service\":\"eks.amazonaws.com\"},\"Sid\":\"EKSClusterAssumeRole\"}],\"Version\":\"2012-10-17\"}",
            "create_date": "2026-06-01T17:05:25Z",
            "description": "",
            "force_detach_policies": true,
            "id": "aerolink-dev-primary-cluster-cluster",
            "inline_policy": [],
            "managed_policy_arns": [
              "arn:aws:iam::643942183295:policy/aerolink-dev-primary-cluster-cluster",
              "arn:aws:iam::643942183295:policy/aerolink-dev-primary-cluster-cluster-ClusterEncryption20260601170557169100000010",
              "arn:aws:iam::aws:policy/AmazonEKSClusterPolicy",
              "arn:aws:iam::aws:policy/AmazonEKSVPCResourceController"
            ],
            "max_session_duration": 3600,
            "name": "aerolink-dev-primary-cluster-cluster",
            "name_prefix": "",
            "path": "/",
            "permissions_boundary": "",
            "tags": {},
            "tags_all": {},
            "unique_id": "AROAZL3PR6F74QEFYSO36"
          },
          "sensitive_attributes": [],
          "identity_schema_version": 0,
          "private": "bnVsbA==",
          "dependencies": [
            "module.eks_primary.module.eks.data.aws_iam_policy_document.assume_role_policy"
          ],
          "create_before_destroy": true
        }
      ]
    },
    {
      "module": "module.eks_primary.module.eks",
      "mode": "managed",
      "type": "aws_iam_role_policy_attachment",
      "name": "additional",
      "provider": "provider[\"registry.terraform.io/hashicorp/aws\"].primary",
      "instances": []
    },
    {
      "module": "module.eks_primary.module.eks",
      "mode": "managed",
      "type": "aws_iam_role_policy_attachment",
      "name": "cluster_encryption",
      "provider": "provider[\"registry.terraform.io/hashicorp/aws\"].primary",
      "instances": [
        {
          "index_key": 0,
          "schema_version": 0,
          "attributes": {
            "id": "aerolink-dev-primary-cluster-cluster-20260601170603077500000011",
            "policy_arn": "arn:aws:iam::643942183295:policy/aerolink-dev-primary-cluster-cluster-ClusterEncryption20260601170557169100000010",
            "role": "aerolink-dev-primary-cluster-cluster"
          },
          "sensitive_attributes": [],
          "identity_schema_version": 0,
          "private": "bnVsbA==",
          "dependencies": [
            "module.eks_primary.module.eks.aws_iam_policy.cluster_encryption",
            "module.eks_primary.module.eks.aws_iam_role.this",
            "module.eks_primary.module.eks.data.aws_caller_identity.current",
            "module.eks_primary.module.eks.data.aws_iam_policy_document.assume_role_policy",
            "module.eks_primary.module.eks.data.aws_iam_session_context.current",
            "module.eks_primary.module.eks.module.kms.aws_kms_external_key.this",
            "module.eks_primary.module.eks.module.kms.aws_kms_key.this",
            "module.eks_primary.module.eks.module.kms.aws_kms_replica_external_key.this",
            "module.eks_primary.module.eks.module.kms.aws_kms_replica_key.this",
            "module.eks_primary.module.eks.module.kms.data.aws_caller_identity.current",
            "module.eks_primary.module.eks.module.kms.data.aws_iam_policy_document.this",
            "module.eks_primary.module.eks.module.kms.data.aws_partition.current"
          ]
        }
      ]
    },
    {
      "module": "module.eks_primary.module.eks",
      "mode": "managed",
      "type": "aws_iam_role_policy_attachment",
      "name": "custom",
      "provider": "provider[\"registry.terraform.io/hashicorp/aws\"].primary",
      "instances": [
        {
          "index_key": 0,
          "schema_version": 0,
          "attributes": {
            "id": "aerolink-dev-primary-cluster-cluster-20260601170528686000000009",
            "policy_arn": "arn:aws:iam::643942183295:policy/aerolink-dev-primary-cluster-cluster",
            "role": "aerolink-dev-primary-cluster-cluster"
          },
          "sensitive_attributes": [],
          "identity_schema_version": 0,
          "private": "bnVsbA==",
          "dependencies": [
            "module.eks_primary.module.eks.aws_iam_policy.custom",
            "module.eks_primary.module.eks.aws_iam_role.this",
            "module.eks_primary.module.eks.data.aws_iam_policy_document.assume_role_policy",
            "module.eks_primary.module.eks.data.aws_iam_policy_document.custom",
            "module.eks_primary.module.eks.data.aws_partition.current"
          ]
        }
      ]
    },
    {
      "module": "module.eks_primary.module.eks",
      "mode": "managed",
      "type": "aws_iam_role_policy_attachment",
      "name": "eks_auto",
      "provider": "provider[\"registry.terraform.io/hashicorp/aws\"].primary",
      "instances": []
    },
    {
      "module": "module.eks_primary.module.eks",
      "mode": "managed",
      "type": "aws_iam_role_policy_attachment",
      "name": "eks_auto_additional",
      "provider": "provider[\"registry.terraform.io/hashicorp/aws\"].primary",
      "instances": []
    },
    {
      "module": "module.eks_primary.module.eks",
      "mode": "managed",
      "type": "aws_iam_role_policy_attachment",
      "name": "this",
      "provider": "provider[\"registry.terraform.io/hashicorp/aws\"].primary",
      "instances": [
        {
          "index_key": "AmazonEKSClusterPolicy",
          "schema_version": 0,
          "attributes": {
            "id": "aerolink-dev-primary-cluster-cluster-20260601170528512800000007",
            "policy_arn": "arn:aws:iam::aws:policy/AmazonEKSClusterPolicy",
            "role": "aerolink-dev-primary-cluster-cluster"
          },
          "sensitive_attributes": [],
          "identity_schema_version": 0,
          "private": "bnVsbA==",
          "dependencies": [
            "module.eks_primary.module.eks.aws_iam_role.this",
            "module.eks_primary.module.eks.data.aws_iam_policy_document.assume_role_policy",
            "module.eks_primary.module.eks.data.aws_partition.current"
          ],
          "create_before_destroy": true
        },
        {
          "index_key": "AmazonEKSVPCResourceController",
          "schema_version": 0,
          "attributes": {
            "id": "aerolink-dev-primary-cluster-cluster-20260601170528601000000008",
            "policy_arn": "arn:aws:iam::aws:policy/AmazonEKSVPCResourceController",
            "role": "aerolink-dev-primary-cluster-cluster"
          },
          "sensitive_attributes": [],
          "identity_schema_version": 0,
          "private": "bnVsbA==",
          "dependencies": [
            "module.eks_primary.module.eks.aws_iam_role.this",
            "module.eks_primary.module.eks.data.aws_iam_policy_document.assume_role_policy",
            "module.eks_primary.module.eks.data.aws_partition.current"
          ],
          "create_before_destroy": true
        }
      ]
    },
    {
      "module": "module.eks_primary.module.eks",
      "mode": "managed",
      "type": "aws_security_group",
      "name": "cluster",
      "provider": "provider[\"registry.terraform.io/hashicorp/aws\"].primary",
      "instances": [
        {
          "index_key": 0,
          "schema_version": 1,
          "attributes": {
            "arn": "arn:aws:ec2:us-east-1:643942183295:security-group/sg-0b10f3620d89156cf",
            "description": "EKS cluster security group",
            "egress": [],
            "id": "sg-0b10f3620d89156cf",
            "ingress": [
              {
                "cidr_blocks": [],
                "description": "Node groups to cluster API",
                "from_port": 443,
                "ipv6_cidr_blocks": [],
                "prefix_list_ids": [],
                "protocol": "tcp",
                "security_groups": [
                  "sg-0c58dcb0701d2c48a"
                ],
                "self": false,
                "to_port": 443
              }
            ],
            "name": "aerolink-dev-primary-cluster-cluster-2026060117055145390000000c",
            "name_prefix": "aerolink-dev-primary-cluster-cluster-",
            "owner_id": "643942183295",
            "revoke_rules_on_delete": false,
            "tags": {
              "Name": "aerolink-dev-primary-cluster-cluster"
            },
            "tags_all": {
              "Name": "aerolink-dev-primary-cluster-cluster"
            },
            "timeouts": null,
            "vpc_id": "vpc-083fae6ece720063d"
          },
          "sensitive_attributes": [],
          "identity_schema_version": 0,
          "private": "eyJlMmJmYjczMC1lY2FhLTExZTYtOGY4OC0zNDM2M2JjN2M0YzAiOnsiY3JlYXRlIjo2MDAwMDAwMDAwMDAsImRlbGV0ZSI6OTAwMDAwMDAwMDAwfSwic2NoZW1hX3ZlcnNpb24iOiIxIn0=",
          "dependencies": [
            "module.vpc_primary.module.vpc.aws_vpc.this"
          ],
          "create_before_destroy": true
        }
      ]
    },
    {
      "module": "module.eks_primary.module.eks",
      "mode": "managed",
      "type": "aws_security_group",
      "name": "node",
      "provider": "provider[\"registry.terraform.io/hashicorp/aws\"].primary",
      "instances": [
        {
          "index_key": 0,
          "schema_version": 1,
          "attributes": {
            "arn": "arn:aws:ec2:us-east-1:643942183295:security-group/sg-0c58dcb0701d2c48a",
            "description": "EKS node shared security group",
            "egress": [
              {
                "cidr_blocks": [
                  "0.0.0.0/0"
                ],
                "description": "Allow all egress",
                "from_port": 0,
                "ipv6_cidr_blocks": [],
                "prefix_list_ids": [],
                "protocol": "-1",
                "security_groups": [],
                "self": false,
                "to_port": 0
              }
            ],
            "id": "sg-0c58dcb0701d2c48a",
            "ingress": [
              {
                "cidr_blocks": [],
                "description": "Allow API server to reach Istio webhook",
                "from_port": 15017,
                "ipv6_cidr_blocks": [],
                "prefix_list_ids": [],
                "protocol": "tcp",
                "security_groups": [
                  "sg-0b10f3620d89156cf"
                ],
                "self": false,
                "to_port": 15017
              },
              {
                "cidr_blocks": [],
                "description": "Cluster API to node 4443/tcp webhook",
                "from_port": 4443,
                "ipv6_cidr_blocks": [],
                "prefix_list_ids": [],
                "protocol": "tcp",
                "security_groups": [
                  "sg-0b10f3620d89156cf"
                ],
                "self": false,
                "to_port": 4443
              },
              {
                "cidr_blocks": [],
                "description": "Cluster API to node 6443/tcp webhook",
                "from_port": 6443,
                "ipv6_cidr_blocks": [],
                "prefix_list_ids": [],
                "protocol": "tcp",
                "security_groups": [
                  "sg-0b10f3620d89156cf"
                ],
                "self": false,
                "to_port": 6443
              },
              {
                "cidr_blocks": [],
                "description": "Cluster API to node 8443/tcp webhook",
                "from_port": 8443,
                "ipv6_cidr_blocks": [],
                "prefix_list_ids": [],
                "protocol": "tcp",
                "security_groups": [
                  "sg-0b10f3620d89156cf"
                ],
                "self": false,
                "to_port": 8443
              },
              {
                "cidr_blocks": [],
                "description": "Cluster API to node 9443/tcp webhook",
                "from_port": 9443,
                "ipv6_cidr_blocks": [],
                "prefix_list_ids": [],
                "protocol": "tcp",
                "security_groups": [
                  "sg-0b10f3620d89156cf"
                ],
                "self": false,
                "to_port": 9443
              },
              {
                "cidr_blocks": [],
                "description": "Cluster API to node groups",
                "from_port": 443,
                "ipv6_cidr_blocks": [],
                "prefix_list_ids": [],
                "protocol": "tcp",
                "security_groups": [
                  "sg-0b10f3620d89156cf"
                ],
                "self": false,
                "to_port": 443
              },
              {
                "cidr_blocks": [],
                "description": "Cluster API to node kubelets",
                "from_port": 10250,
                "ipv6_cidr_blocks": [],
                "prefix_list_ids": [],
                "protocol": "tcp",
                "security_groups": [
                  "sg-0b10f3620d89156cf"
                ],
                "self": false,
                "to_port": 10250
              },
              {
                "cidr_blocks": [],
                "description": "Node to node CoreDNS UDP",
                "from_port": 53,
                "ipv6_cidr_blocks": [],
                "prefix_list_ids": [],
                "protocol": "udp",
                "security_groups": [],
                "self": true,
                "to_port": 53
              },
              {
                "cidr_blocks": [],
                "description": "Node to node CoreDNS",
                "from_port": 53,
                "ipv6_cidr_blocks": [],
                "prefix_list_ids": [],
                "protocol": "tcp",
                "security_groups": [],
                "self": true,
                "to_port": 53
              },
              {
                "cidr_blocks": [],
                "description": "Node to node ingress on ephemeral ports",
                "from_port": 1025,
                "ipv6_cidr_blocks": [],
                "prefix_list_ids": [],
                "protocol": "tcp",
                "security_groups": [],
                "self": true,
                "to_port": 65535
              }
            ],
            "name": "aerolink-dev-primary-cluster-node-2026060117055258020000000d",
            "name_prefix": "aerolink-dev-primary-cluster-node-",
            "owner_id": "643942183295",
            "revoke_rules_on_delete": false,
            "tags": {
              "Name": "aerolink-dev-primary-cluster-node",
              "kubernetes.io/cluster/aerolink-dev-primary-cluster": "owned"
            },
            "tags_all": {
              "Name": "aerolink-dev-primary-cluster-node",
              "kubernetes.io/cluster/aerolink-dev-primary-cluster": "owned"
            },
            "timeouts": null,
            "vpc_id": "vpc-083fae6ece720063d"
          },
          "sensitive_attributes": [],
          "identity_schema_version": 0,
          "private": "eyJlMmJmYjczMC1lY2FhLTExZTYtOGY4OC0zNDM2M2JjN2M0YzAiOnsiY3JlYXRlIjo2MDAwMDAwMDAwMDAsImRlbGV0ZSI6OTAwMDAwMDAwMDAwfSwic2NoZW1hX3ZlcnNpb24iOiIxIn0=",
          "dependencies": [
            "module.vpc_primary.module.vpc.aws_vpc.this"
          ],
          "create_before_destroy": true
        }
      ]
    },
    {
      "module": "module.eks_primary.module.eks",
      "mode": "managed",
      "type": "aws_security_group_rule",
      "name": "cluster",
      "provider": "provider[\"registry.terraform.io/hashicorp/aws\"].primary",
      "instances": [
        {
          "index_key": "ingress_nodes_443",
          "schema_version": 2,
          "attributes": {
            "cidr_blocks": null,
            "description": "Node groups to cluster API",
            "from_port": 443,
            "id": "sgrule-2946275470",
            "ipv6_cidr_blocks": null,
            "prefix_list_ids": null,
            "protocol": "tcp",
            "security_group_id": "sg-0b10f3620d89156cf",
            "security_group_rule_id": "sgr-0379a55e9a13a4d68",
            "self": false,
            "source_security_group_id": "sg-0c58dcb0701d2c48a",
            "timeouts": null,
            "to_port": 443,
            "type": "ingress"
          },
          "sensitive_attributes": [],
          "identity_schema_version": 0,
          "private": "eyJlMmJmYjczMC1lY2FhLTExZTYtOGY4OC0zNDM2M2JjN2M0YzAiOnsiY3JlYXRlIjozMDAwMDAwMDAwMDB9LCJzY2hlbWFfdmVyc2lvbiI6IjIifQ==",
          "dependencies": [
            "module.eks_primary.module.eks.aws_security_group.cluster",
            "module.eks_primary.module.eks.aws_security_group.node",
            "module.vpc_primary.module.vpc.aws_vpc.this"
          ],
          "create_before_destroy": true
        }
      ]
    },
    {
      "module": "module.eks_primary.module.eks",
      "mode": "managed",
      "type": "aws_security_group_rule",
      "name": "node",
      "provider": "provider[\"registry.terraform.io/hashicorp/aws\"].primary",
      "instances": [
        {
          "index_key": "egress_all",
          "schema_version": 2,
          "attributes": {
            "cidr_blocks": [
              "0.0.0.0/0"
            ],
            "description": "Allow all egress",
            "from_port": 0,
            "id": "sgrule-3039908767",
            "ipv6_cidr_blocks": null,
            "prefix_list_ids": [],
            "protocol": "-1",
            "security_group_id": "sg-0c58dcb0701d2c48a",
            "security_group_rule_id": "sgr-03ec16da16a691f38",
            "self": false,
            "source_security_group_id": null,
            "timeouts": null,
            "to_port": 0,
            "type": "egress"
          },
          "sensitive_attributes": [],
          "identity_schema_version": 0,
          "private": "eyJlMmJmYjczMC1lY2FhLTExZTYtOGY4OC0zNDM2M2JjN2M0YzAiOnsiY3JlYXRlIjozMDAwMDAwMDAwMDB9LCJzY2hlbWFfdmVyc2lvbiI6IjIifQ==",
          "dependencies": [
            "module.eks_primary.module.eks.aws_security_group.cluster",
            "module.eks_primary.module.eks.aws_security_group.node",
            "module.vpc_primary.module.vpc.aws_vpc.this"
          ],
          "create_before_destroy": true
        },
        {
          "index_key": "ingress_cluster_443",
          "schema_version": 2,
          "attributes": {
            "cidr_blocks": null,
            "description": "Cluster API to node groups",
            "from_port": 443,
            "id": "sgrule-3224315883",
            "ipv6_cidr_blocks": null,
            "prefix_list_ids": [],
            "protocol": "tcp",
            "security_group_id": "sg-0c58dcb0701d2c48a",
            "security_group_rule_id": "sgr-08a4f1788d27a20ad",
            "self": false,
            "source_security_group_id": "sg-0b10f3620d89156cf",
            "timeouts": null,
            "to_port": 443,
            "type": "ingress"
          },
          "sensitive_attributes": [],
          "identity_schema_version": 0,
          "private": "eyJlMmJmYjczMC1lY2FhLTExZTYtOGY4OC0zNDM2M2JjN2M0YzAiOnsiY3JlYXRlIjozMDAwMDAwMDAwMDB9LCJzY2hlbWFfdmVyc2lvbiI6IjIifQ==",
          "dependencies": [
            "module.eks_primary.module.eks.aws_security_group.cluster",
            "module.eks_primary.module.eks.aws_security_group.node",
            "module.vpc_primary.module.vpc.aws_vpc.this"
          ],
          "create_before_destroy": true
        },
        {
          "index_key": "ingress_cluster_4443_webhook",
          "schema_version": 2,
          "attributes": {
            "cidr_blocks": null,
            "description": "Cluster API to node 4443/tcp webhook",
            "from_port": 4443,
            "id": "sgrule-2350551001",
            "ipv6_cidr_blocks": null,
            "prefix_list_ids": [],
            "protocol": "tcp",
            "security_group_id": "sg-0c58dcb0701d2c48a",
            "security_group_rule_id": "sgr-0c33581a3203a13dc",
            "self": false,
            "source_security_group_id": "sg-0b10f3620d89156cf",
            "timeouts": null,
            "to_port": 4443,
            "type": "ingress"
          },
          "sensitive_attributes": [],
          "identity_schema_version": 0,
          "private": "eyJlMmJmYjczMC1lY2FhLTExZTYtOGY4OC0zNDM2M2JjN2M0YzAiOnsiY3JlYXRlIjozMDAwMDAwMDAwMDB9LCJzY2hlbWFfdmVyc2lvbiI6IjIifQ==",
          "dependencies": [
            "module.eks_primary.module.eks.aws_security_group.cluster",
            "module.eks_primary.module.eks.aws_security_group.node",
            "module.vpc_primary.module.vpc.aws_vpc.this"
          ],
          "create_before_destroy": true
        },
        {
          "index_key": "ingress_cluster_6443_webhook",
          "schema_version": 2,
          "attributes": {
            "cidr_blocks": null,
            "description": "Cluster API to node 6443/tcp webhook",
            "from_port": 6443,
            "id": "sgrule-1163454543",
            "ipv6_cidr_blocks": null,
            "prefix_list_ids": [],
            "protocol": "tcp",
            "security_group_id": "sg-0c58dcb0701d2c48a",
            "security_group_rule_id": "sgr-0a86e6defc7df945e",
            "self": false,
            "source_security_group_id": "sg-0b10f3620d89156cf",
            "timeouts": null,
            "to_port": 6443,
            "type": "ingress"
          },
          "sensitive_attributes": [],
          "identity_schema_version": 0,
          "private": "eyJlMmJmYjczMC1lY2FhLTExZTYtOGY4OC0zNDM2M2JjN2M0YzAiOnsiY3JlYXRlIjozMDAwMDAwMDAwMDB9LCJzY2hlbWFfdmVyc2lvbiI6IjIifQ==",
          "dependencies": [
            "module.eks_primary.module.eks.aws_security_group.cluster",
            "module.eks_primary.module.eks.aws_security_group.node",
            "module.vpc_primary.module.vpc.aws_vpc.this"
          ],
          "create_before_destroy": true
        },
        {
          "index_key": "ingress_cluster_8443_webhook",
          "schema_version": 2,
          "attributes": {
            "cidr_blocks": null,
            "description": "Cluster API to node 8443/tcp webhook",
            "from_port": 8443,
            "id": "sgrule-1443157102",
            "ipv6_cidr_blocks": null,
            "prefix_list_ids": [],
            "protocol": "tcp",
            "security_group_id": "sg-0c58dcb0701d2c48a",
            "security_group_rule_id": "sgr-030ab4e8e6be24906",
            "self": false,
            "source_security_group_id": "sg-0b10f3620d89156cf",
            "timeouts": null,
            "to_port": 8443,
            "type": "ingress"
          },
          "sensitive_attributes": [],
          "identity_schema_version": 0,
          "private": "eyJlMmJmYjczMC1lY2FhLTExZTYtOGY4OC0zNDM2M2JjN2M0YzAiOnsiY3JlYXRlIjozMDAwMDAwMDAwMDB9LCJzY2hlbWFfdmVyc2lvbiI6IjIifQ==",
          "dependencies": [
            "module.eks_primary.module.eks.aws_security_group.cluster",
            "module.eks_primary.module.eks.aws_security_group.node",
            "module.vpc_primary.module.vpc.aws_vpc.this"
          ],
          "create_before_destroy": true
        },
        {
          "index_key": "ingress_cluster_9443_webhook",
          "schema_version": 2,
          "attributes": {
            "cidr_blocks": null,
            "description": "Cluster API to node 9443/tcp webhook",
            "from_port": 9443,
            "id": "sgrule-849733541",
            "ipv6_cidr_blocks": null,
            "prefix_list_ids": [],
            "protocol": "tcp",
            "security_group_id": "sg-0c58dcb0701d2c48a",
            "security_group_rule_id": "sgr-0f576a2c90ff76722",
            "self": false,
            "source_security_group_id": "sg-0b10f3620d89156cf",
            "timeouts": null,
            "to_port": 9443,
            "type": "ingress"
          },
          "sensitive_attributes": [],
          "identity_schema_version": 0,
          "private": "eyJlMmJmYjczMC1lY2FhLTExZTYtOGY4OC0zNDM2M2JjN2M0YzAiOnsiY3JlYXRlIjozMDAwMDAwMDAwMDB9LCJzY2hlbWFfdmVyc2lvbiI6IjIifQ==",
          "dependencies": [
            "module.eks_primary.module.eks.aws_security_group.cluster",
            "module.eks_primary.module.eks.aws_security_group.node",
            "module.vpc_primary.module.vpc.aws_vpc.this"
          ],
          "create_before_destroy": true
        },
        {
          "index_key": "ingress_cluster_kubelet",
          "schema_version": 2,
          "attributes": {
            "cidr_blocks": null,
            "description": "Cluster API to node kubelets",
            "from_port": 10250,
            "id": "sgrule-33647561",
            "ipv6_cidr_blocks": null,
            "prefix_list_ids": [],
            "protocol": "tcp",
            "security_group_id": "sg-0c58dcb0701d2c48a",
            "security_group_rule_id": "sgr-01f98acdba6af6b78",
            "self": false,
            "source_security_group_id": "sg-0b10f3620d89156cf",
            "timeouts": null,
            "to_port": 10250,
            "type": "ingress"
          },
          "sensitive_attributes": [],
          "identity_schema_version": 0,
          "private": "eyJlMmJmYjczMC1lY2FhLTExZTYtOGY4OC0zNDM2M2JjN2M0YzAiOnsiY3JlYXRlIjozMDAwMDAwMDAwMDB9LCJzY2hlbWFfdmVyc2lvbiI6IjIifQ==",
          "dependencies": [
            "module.eks_primary.module.eks.aws_security_group.cluster",
            "module.eks_primary.module.eks.aws_security_group.node",
            "module.vpc_primary.module.vpc.aws_vpc.this"
          ],
          "create_before_destroy": true
        },
        {
          "index_key": "ingress_istio_webhook",
          "schema_version": 2,
          "attributes": {
            "cidr_blocks": null,
            "description": "Allow API server to reach Istio webhook",
            "from_port": 15017,
            "id": "sgrule-1562606600",
            "ipv6_cidr_blocks": null,
            "prefix_list_ids": [],
            "protocol": "tcp",
            "security_group_id": "sg-0c58dcb0701d2c48a",
            "security_group_rule_id": "sgr-0b41d5fb505aae68c",
            "self": false,
            "source_security_group_id": "sg-0b10f3620d89156cf",
            "timeouts": null,
            "to_port": 15017,
            "type": "ingress"
          },
          "sensitive_attributes": [],
          "identity_schema_version": 0,
          "private": "eyJlMmJmYjczMC1lY2FhLTExZTYtOGY4OC0zNDM2M2JjN2M0YzAiOnsiY3JlYXRlIjozMDAwMDAwMDAwMDB9LCJzY2hlbWFfdmVyc2lvbiI6IjIifQ==",
          "dependencies": [
            "module.eks_primary.module.eks.aws_security_group.cluster",
            "module.eks_primary.module.eks.aws_security_group.node",
            "module.vpc_primary.module.vpc.aws_vpc.this"
          ],
          "create_before_destroy": true
        },
        {
          "index_key": "ingress_nodes_ephemeral",
          "schema_version": 2,
          "attributes": {
            "cidr_blocks": null,
            "description": "Node to node ingress on ephemeral ports",
            "from_port": 1025,
            "id": "sgrule-2468237292",
            "ipv6_cidr_blocks": null,
            "prefix_list_ids": [],
            "protocol": "tcp",
            "security_group_id": "sg-0c58dcb0701d2c48a",
            "security_group_rule_id": "sgr-039b2f084842520e1",
            "self": true,
            "source_security_group_id": null,
            "timeouts": null,
            "to_port": 65535,
            "type": "ingress"
          },
          "sensitive_attributes": [],
          "identity_schema_version": 0,
          "private": "eyJlMmJmYjczMC1lY2FhLTExZTYtOGY4OC0zNDM2M2JjN2M0YzAiOnsiY3JlYXRlIjozMDAwMDAwMDAwMDB9LCJzY2hlbWFfdmVyc2lvbiI6IjIifQ==",
          "dependencies": [
            "module.eks_primary.module.eks.aws_security_group.cluster",
            "module.eks_primary.module.eks.aws_security_group.node",
            "module.vpc_primary.module.vpc.aws_vpc.this"
          ],
          "create_before_destroy": true
        },
        {
          "index_key": "ingress_self_coredns_tcp",
          "schema_version": 2,
          "attributes": {
            "cidr_blocks": null,
            "description": "Node to node CoreDNS",
            "from_port": 53,
            "id": "sgrule-1682076738",
            "ipv6_cidr_blocks": null,
            "prefix_list_ids": [],
            "protocol": "tcp",
            "security_group_id": "sg-0c58dcb0701d2c48a",
            "security_group_rule_id": "sgr-0c04fd5ab2abec7b3",
            "self": true,
            "source_security_group_id": null,
            "timeouts": null,
            "to_port": 53,
            "type": "ingress"
          },
          "sensitive_attributes": [],
          "identity_schema_version": 0,
          "private": "eyJlMmJmYjczMC1lY2FhLTExZTYtOGY4OC0zNDM2M2JjN2M0YzAiOnsiY3JlYXRlIjozMDAwMDAwMDAwMDB9LCJzY2hlbWFfdmVyc2lvbiI6IjIifQ==",
          "dependencies": [
            "module.eks_primary.module.eks.aws_security_group.cluster",
            "module.eks_primary.module.eks.aws_security_group.node",
            "module.vpc_primary.module.vpc.aws_vpc.this"
          ],
          "create_before_destroy": true
        },
        {
          "index_key": "ingress_self_coredns_udp",
          "schema_version": 2,
          "attributes": {
            "cidr_blocks": null,
            "description": "Node to node CoreDNS UDP",
            "from_port": 53,
            "id": "sgrule-3223181229",
            "ipv6_cidr_blocks": null,
            "prefix_list_ids": [],
            "protocol": "udp",
            "security_group_id": "sg-0c58dcb0701d2c48a",
            "security_group_rule_id": "sgr-04ba6501564a3d75e",
            "self": true,
            "source_security_group_id": null,
            "timeouts": null,
            "to_port": 53,
            "type": "ingress"
          },
          "sensitive_attributes": [],
          "identity_schema_version": 0,
          "private": "eyJlMmJmYjczMC1lY2FhLTExZTYtOGY4OC0zNDM2M2JjN2M0YzAiOnsiY3JlYXRlIjozMDAwMDAwMDAwMDB9LCJzY2hlbWFfdmVyc2lvbiI6IjIifQ==",
          "dependencies": [
            "module.eks_primary.module.eks.aws_security_group.cluster",
            "module.eks_primary.module.eks.aws_security_group.node",
            "module.vpc_primary.module.vpc.aws_vpc.this"
          ],
          "create_before_destroy": true
        }
      ]
    },
    {
      "module": "module.eks_primary.module.eks",
      "mode": "managed",
      "type": "time_sleep",
      "name": "this",
      "provider": "provider[\"registry.terraform.io/hashicorp/time\"]",
      "instances": [
        {
          "index_key": 0,
          "schema_version": 0,
          "attributes": {
            "create_duration": "30s",
            "destroy_duration": null,
            "id": "2026-06-01T17:16:43Z",
            "triggers": {
              "cluster_certificate_authority_data": "LS0tLS1CRUdJTiBDRVJUSUZJQ0FURS0tLS0tCk1JSURCVENDQWUyZ0F3SUJBZ0lJR1RKeUljYTU5NmN3RFFZSktvWklodmNOQVFFTEJRQXdGVEVUTUJFR0ExVUUKQXhNS2EzVmlaWEp1WlhSbGN6QWVGdzB5TmpBMk1ERXhOekEzTVROYUZ3MHpOakExTWpreE56RXlNVE5hTUJVeApFekFSQmdOVkJBTVRDbXQxWW1WeWJtVjBaWE13Z2dFaU1BMEdDU3FHU0liM0RRRUJBUVVBQTRJQkR3QXdnZ0VLCkFvSUJBUUMzV2ZmU3dTR0Rlbi9ac2V3NWN3NGNESlg1cUZrYmIwUjcvWTFkWi92LzdRR1kzTnVKdkszTHplaWIKdUsvSkUvOUZKRGdxQ1VSNDY0b0Yxc3FPUE5BTWh6eTZ2aEZreGdNUUY3VXo3bDdxTDR2Tzd0UVJaM0EzblJjeQovV1drVnVjMFkwRWJzV1M0dlQ2MTFiZEQyZnN5WFQ5eGxxT2cxMmVpN1JaaUdpYTZ5bWZ3ZjRua20vcHZvYStrCmpLQ1hjMGFaY2FQMGVXKzZDanVSTVFidGE4ZUM3OE1NOE9nV0Z1NlQ2Y3dqNk50NlIwSEsvYVo4WVNNSnZEekwKL012NG9lOUNCV1RYK1UwTmdvNmQ2MFhFak9tR3VaTjBQU1Urdm5xQXZFZlNlRHNEV0J2N2NHWnlFNzZUS2NsNgpoUGVicXVobDdudXVJMzJIV2M1eXVBYXU1aDE1QWdNQkFBR2pXVEJYTUE0R0ExVWREd0VCL3dRRUF3SUNwREFQCkJnTlZIUk1CQWY4RUJUQURBUUgvTUIwR0ExVWREZ1FXQkJRS2MwaXQ2UHNNb3J4U0orZlJuY1BQUEttQjlqQVYKQmdOVkhSRUVEakFNZ2dwcmRXSmxjbTVsZEdWek1BMEdDU3FHU0liM0RRRUJDd1VBQTRJQkFRQWc2anRKZStyNgorQ0gxWllzVFY1L3pmSDZxc08ySGlIdC82ZXJ4QWUzRDhhckVqelU4blYvSTVndWdXUzMxMjB6Sy9SUmNBTGF4CnBNZ2poaUt3U1R6bGFNTGhRVE1VWC96aktvaTJwaVJ0eWR6TWVpTDl5T1RwN0VNZE81R2NhU1RFbEU0cjJKc1MKU2FBdDdCRDVUYXdYUi9kTWtnOUh4WklkUHk3dm1MK0dvNm1yN2dvZWlCYldGVkdMOWV1YzNMaElXQkl6dzdoZgpOeFFCeHE3SlRJMHRhM0JkNXlzUE4ybUZQTVpSSm01dDRyYXFOZnVIK25pUTZoV1dOSk40ZlMyWXExNFN4VE0rClNGMlBHc0dmdEhOV3pKakRkdGVoaHR3end5eVRPbUtUV3NXWVUrSmgyaUhtOXQ2UVhXZzBuREx4bForV3lzUVkKd2cvUlpZVjlzRE1wCi0tLS0tRU5EIENFUlRJRklDQVRFLS0tLS0K",
              "cluster_endpoint": "https://68B926D5CB07046D15077D7A0BF82C32.sk1.us-east-1.eks.amazonaws.com",
              "cluster_name": "aerolink-dev-primary-cluster",
              "cluster_service_cidr": "172.20.0.0/16",
              "cluster_version": "1.30"
            }
          },
          "sensitive_attributes": [],
          "identity_schema_version": 0,
          "dependencies": [
            "module.eks_primary.module.eks.aws_cloudwatch_log_group.this",
            "module.eks_primary.module.eks.aws_eks_cluster.this",
            "module.eks_primary.module.eks.aws_iam_policy.cni_ipv6_policy",
            "module.eks_primary.module.eks.aws_iam_role.eks_auto",
            "module.eks_primary.module.eks.aws_iam_role.this",
            "module.eks_primary.module.eks.aws_iam_role_policy_attachment.this",
            "module.eks_primary.module.eks.aws_security_group.cluster",
            "module.eks_primary.module.eks.aws_security_group.node",
            "module.eks_primary.module.eks.aws_security_group_rule.cluster",
            "module.eks_primary.module.eks.aws_security_group_rule.node",
            "module.eks_primary.module.eks.data.aws_caller_identity.current",
            "module.eks_primary.module.eks.data.aws_iam_policy_document.assume_role_policy",
            "module.eks_primary.module.eks.data.aws_iam_policy_document.cni_ipv6_policy",
            "module.eks_primary.module.eks.data.aws_iam_policy_document.node_assume_role_policy",
            "module.eks_primary.module.eks.data.aws_iam_session_context.current",
            "module.eks_primary.module.eks.data.aws_partition.current",
            "module.eks_primary.module.eks.module.kms.aws_kms_external_key.this",
            "module.eks_primary.module.eks.module.kms.aws_kms_key.this",
            "module.eks_primary.module.eks.module.kms.aws_kms_replica_external_key.this",
            "module.eks_primary.module.eks.module.kms.aws_kms_replica_key.this",
            "module.eks_primary.module.eks.module.kms.data.aws_caller_identity.current",
            "module.eks_primary.module.eks.module.kms.data.aws_iam_policy_document.this",
            "module.eks_primary.module.eks.module.kms.data.aws_partition.current",
            "module.vpc_primary.data.aws_availability_zones.available",
            "module.vpc_primary.module.vpc.aws_subnet.private",
            "module.vpc_primary.module.vpc.aws_vpc.this",
            "module.vpc_primary.module.vpc.aws_vpc_ipv4_cidr_block_association.this"
          ],
          "create_before_destroy": true
        }
      ]
    },
    {
      "module": "module.eks_primary.module.eks.module.eks_managed_node_group[\"spot_nodes\"]",
      "mode": "data",
      "type": "aws_caller_identity",
      "name": "current",
      "provider": "provider[\"registry.terraform.io/hashicorp/aws\"].primary",
      "instances": [
        {
          "schema_version": 0,
          "attributes": {
            "account_id": "643942183295",
            "arn": "arn:aws:iam::643942183295:user/AeroLink-Admin",
            "id": "643942183295",
            "user_id": "AIDAZL3PR6F7VCE32XCQY"
          },
          "sensitive_attributes": [],
          "identity_schema_version": 0
        }
      ]
    },
    {
      "module": "module.eks_primary.module.eks.module.eks_managed_node_group[\"spot_nodes\"]",
      "mode": "data",
      "type": "aws_ec2_instance_type",
      "name": "this",
      "provider": "provider[\"registry.terraform.io/hashicorp/aws\"].primary",
      "instances": []
    },
    {
      "module": "module.eks_primary.module.eks.module.eks_managed_node_group[\"spot_nodes\"]",
      "mode": "data",
      "type": "aws_ec2_instance_type_offerings",
      "name": "this",
      "provider": "provider[\"registry.terraform.io/hashicorp/aws\"].primary",
      "instances": []
    },
    {
      "module": "module.eks_primary.module.eks.module.eks_managed_node_group[\"spot_nodes\"]",
      "mode": "data",
      "type": "aws_iam_policy_document",
      "name": "assume_role_policy",
      "provider": "provider[\"registry.terraform.io/hashicorp/aws\"].primary",
      "instances": [
        {
          "index_key": 0,
          "schema_version": 0,
          "attributes": {
            "id": "2560088296",
            "json": "{\n  \"Version\": \"2012-10-17\",\n  \"Statement\": [\n    {\n      \"Sid\": \"EKSNodeAssumeRole\",\n      \"Effect\": \"Allow\",\n      \"Action\": \"sts:AssumeRole\",\n      \"Principal\": {\n        \"Service\": \"ec2.amazonaws.com\"\n      }\n    }\n  ]\n}",
            "minified_json": "{\"Version\":\"2012-10-17\",\"Statement\":[{\"Sid\":\"EKSNodeAssumeRole\",\"Effect\":\"Allow\",\"Action\":\"sts:AssumeRole\",\"Principal\":{\"Service\":\"ec2.amazonaws.com\"}}]}",
            "override_json": null,
            "override_policy_documents": null,
            "policy_id": null,
            "source_json": null,
            "source_policy_documents": null,
            "statement": [
              {
                "actions": [
                  "sts:AssumeRole"
                ],
                "condition": [],
                "effect": "Allow",
                "not_actions": [],
                "not_principals": [],
                "not_resources": [],
                "principals": [
                  {
                    "identifiers": [
                      "ec2.amazonaws.com"
                    ],
                    "type": "Service"
                  }
                ],
                "resources": [],
                "sid": "EKSNodeAssumeRole"
              }
            ],
            "version": "2012-10-17"
          },
          "sensitive_attributes": [],
          "identity_schema_version": 0
        }
      ]
    },
    {
      "module": "module.eks_primary.module.eks.module.eks_managed_node_group[\"spot_nodes\"]",
      "mode": "data",
      "type": "aws_iam_policy_document",
      "name": "role",
      "provider": "provider[\"registry.terraform.io/hashicorp/aws\"].primary",
      "instances": []
    },
    {
      "module": "module.eks_primary.module.eks.module.eks_managed_node_group[\"spot_nodes\"]",
      "mode": "data",
      "type": "aws_partition",
      "name": "current",
      "provider": "provider[\"registry.terraform.io/hashicorp/aws\"].primary",
      "instances": [
        {
          "schema_version": 0,
          "attributes": {
            "dns_suffix": "amazonaws.com",
            "id": "aws",
            "partition": "aws",
            "reverse_dns_prefix": "com.amazonaws"
          },
          "sensitive_attributes": [],
          "identity_schema_version": 0
        }
      ]
    },
    {
      "module": "module.eks_primary.module.eks.module.eks_managed_node_group[\"spot_nodes\"]",
      "mode": "data",
      "type": "aws_ssm_parameter",
      "name": "ami",
      "provider": "provider[\"registry.terraform.io/hashicorp/aws\"].primary",
      "instances": []
    },
    {
      "module": "module.eks_primary.module.eks.module.eks_managed_node_group[\"spot_nodes\"]",
      "mode": "data",
      "type": "aws_subnets",
      "name": "placement_group",
      "provider": "provider[\"registry.terraform.io/hashicorp/aws\"].primary",
      "instances": []
    },
    {
      "module": "module.eks_primary.module.eks.module.eks_managed_node_group[\"spot_nodes\"]",
      "mode": "managed",
      "type": "aws_autoscaling_schedule",
      "name": "this",
      "provider": "provider[\"registry.terraform.io/hashicorp/aws\"].primary",
      "instances": []
    },
    {
      "module": "module.eks_primary.module.eks.module.eks_managed_node_group[\"spot_nodes\"]",
      "mode": "managed",
      "type": "aws_eks_node_group",
      "name": "this",
      "provider": "provider[\"registry.terraform.io/hashicorp/aws\"].primary",
      "instances": [
        {
          "index_key": 0,
          "schema_version": 0,
          "attributes": {
            "ami_type": "AL2023_x86_64_STANDARD",
            "arn": "arn:aws:eks:us-east-1:643942183295:nodegroup/aerolink-dev-primary-cluster/spot_nodes-20260601171651248800000015/5acf4218-18f8-981b-e8e5-55cc828dfb1a",
            "capacity_type": "SPOT",
            "cluster_name": "aerolink-dev-primary-cluster",
            "disk_size": 0,
            "force_update_version": null,
            "id": "aerolink-dev-primary-cluster:spot_nodes-20260601171651248800000015",
            "instance_types": [
              "t3.large"
            ],
            "labels": {},
            "launch_template": [
              {
                "id": "lt-083f57bac40d8ecea",
                "name": "spot_nodes-20260601171643178300000013",
                "version": "1"
              }
            ],
            "node_group_name": "spot_nodes-20260601171651248800000015",
            "node_group_name_prefix": "spot_nodes-",
            "node_repair_config": [],
            "node_role_arn": "arn:aws:iam::643942183295:role/spot_nodes-eks-node-group-20260601170525345000000002",
            "release_version": "1.30.14-20260527",
            "remote_access": [],
            "resources": [
              {
                "autoscaling_groups": [
                  {
                    "name": "eks-spot_nodes-20260601171651248800000015-5acf4218-18f8-981b-e8e5-55cc828dfb1a"
                  }
                ],
                "remote_access_security_group_id": ""
              }
            ],
            "scaling_config": [
              {
                "desired_size": 3,
                "max_size": 5,
                "min_size": 2
              }
            ],
            "status": "ACTIVE",
            "subnet_ids": [
              "subnet-04761cd0e519c0b4b",
              "subnet-0b4027f99876ad76e"
            ],
            "tags": {
              "Name": "spot_nodes"
            },
            "tags_all": {
              "Name": "spot_nodes"
            },
            "taint": [],
            "timeouts": {
              "create": null,
              "delete": null,
              "update": null
            },
            "update_config": [
              {
                "max_unavailable": 0,
                "max_unavailable_percentage": 33
              }
            ],
            "version": "1.30"
          },
          "sensitive_attributes": [],
          "identity_schema_version": 0,
          "private": "eyJlMmJmYjczMC1lY2FhLTExZTYtOGY4OC0zNDM2M2JjN2M0YzAiOnsiY3JlYXRlIjozNjAwMDAwMDAwMDAwLCJkZWxldGUiOjM2MDAwMDAwMDAwMDAsInVwZGF0ZSI6MzYwMDAwMDAwMDAwMH19",
          "dependencies": [
            "module.eks_primary.module.eks.aws_cloudwatch_log_group.this",
            "module.eks_primary.module.eks.aws_eks_cluster.this",
            "module.eks_primary.module.eks.aws_iam_policy.cni_ipv6_policy",
            "module.eks_primary.module.eks.aws_iam_role.eks_auto",
            "module.eks_primary.module.eks.aws_iam_role.this",
            "module.eks_primary.module.eks.aws_iam_role_policy_attachment.this",
            "module.eks_primary.module.eks.aws_security_group.cluster",
            "module.eks_primary.module.eks.aws_security_group.node",
            "module.eks_primary.module.eks.aws_security_group_rule.cluster",
            "module.eks_primary.module.eks.aws_security_group_rule.node",
            "module.eks_primary.module.eks.data.aws_caller_identity.current",
            "module.eks_primary.module.eks.data.aws_iam_policy_document.assume_role_policy",
            "module.eks_primary.module.eks.data.aws_iam_policy_document.cni_ipv6_policy",
            "module.eks_primary.module.eks.data.aws_iam_policy_document.node_assume_role_policy",
            "module.eks_primary.module.eks.data.aws_iam_session_context.current",
            "module.eks_primary.module.eks.data.aws_partition.current",
            "module.eks_primary.module.eks.module.eks_managed_node_group.aws_iam_role.this",
            "module.eks_primary.module.eks.module.eks_managed_node_group.aws_iam_role_policy_attachment.additional",
            "module.eks_primary.module.eks.module.eks_managed_node_group.aws_iam_role_policy_attachment.this",
            "module.eks_primary.module.eks.module.eks_managed_node_group.aws_launch_template.this",
            "module.eks_primary.module.eks.module.eks_managed_node_group.aws_placement_group.this",
            "module.eks_primary.module.eks.module.eks_managed_node_group.data.aws_caller_identity.current",
            "module.eks_primary.module.eks.module.eks_managed_node_group.data.aws_ec2_instance_type.this",
            "module.eks_primary.module.eks.module.eks_managed_node_group.data.aws_ec2_instance_type_offerings.this",
            "module.eks_primary.module.eks.module.eks_managed_node_group.data.aws_iam_policy_document.assume_role_policy",
            "module.eks_primary.module.eks.module.eks_managed_node_group.data.aws_partition.current",
            "module.eks_primary.module.eks.module.eks_managed_node_group.data.aws_ssm_parameter.ami",
            "module.eks_primary.module.eks.module.eks_managed_node_group.data.aws_subnets.placement_group",
            "module.eks_primary.module.eks.module.eks_managed_node_group.module.user_data.data.cloudinit_config.al2023_eks_managed_node_group",
            "module.eks_primary.module.eks.module.eks_managed_node_group.module.user_data.data.cloudinit_config.linux_eks_managed_node_group",
            "module.eks_primary.module.eks.module.kms.aws_kms_external_key.this",
            "module.eks_primary.module.eks.module.kms.aws_kms_key.this",
            "module.eks_primary.module.eks.module.kms.aws_kms_replica_external_key.this",
            "module.eks_primary.module.eks.module.kms.aws_kms_replica_key.this",
            "module.eks_primary.module.eks.module.kms.data.aws_caller_identity.current",
            "module.eks_primary.module.eks.module.kms.data.aws_iam_policy_document.this",
            "module.eks_primary.module.eks.module.kms.data.aws_partition.current",
            "module.eks_primary.module.eks.time_sleep.this",
            "module.vpc_primary.data.aws_availability_zones.available",
            "module.vpc_primary.module.vpc.aws_subnet.private",
            "module.vpc_primary.module.vpc.aws_vpc.this",
            "module.vpc_primary.module.vpc.aws_vpc_ipv4_cidr_block_association.this"
          ],
          "create_before_destroy": true
        }
      ]
    },
    {
      "module": "module.eks_primary.module.eks.module.eks_managed_node_group[\"spot_nodes\"]",
      "mode": "managed",
      "type": "aws_iam_role",
      "name": "this",
      "provider": "provider[\"registry.terraform.io/hashicorp/aws\"].primary",
      "instances": [
        {
          "index_key": 0,
          "schema_version": 0,
          "attributes": {
            "arn": "arn:aws:iam::643942183295:role/spot_nodes-eks-node-group-20260601170525345000000002",
            "assume_role_policy": "{\"Statement\":[{\"Action\":\"sts:AssumeRole\",\"Effect\":\"Allow\",\"Principal\":{\"Service\":\"ec2.amazonaws.com\"},\"Sid\":\"EKSNodeAssumeRole\"}],\"Version\":\"2012-10-17\"}",
            "create_date": "2026-06-01T17:05:26Z",
            "description": "EKS managed node group IAM role",
            "force_detach_policies": true,
            "id": "spot_nodes-eks-node-group-20260601170525345000000002",
            "inline_policy": [],
            "managed_policy_arns": [
              "arn:aws:iam::aws:policy/AdministratorAccess",
              "arn:aws:iam::aws:policy/AmazonEC2ContainerRegistryReadOnly",
              "arn:aws:iam::aws:policy/AmazonEKSWorkerNodePolicy",
              "arn:aws:iam::aws:policy/AmazonEKS_CNI_Policy"
            ],
            "max_session_duration": 3600,
            "name": "spot_nodes-eks-node-group-20260601170525345000000002",
            "name_prefix": "spot_nodes-eks-node-group-",
            "path": "/",
            "permissions_boundary": "",
            "tags": {},
            "tags_all": {},
            "unique_id": "AROAZL3PR6F7WIHKS3POQ"
          },
          "sensitive_attributes": [],
          "identity_schema_version": 0,
          "private": "bnVsbA==",
          "dependencies": [
            "module.eks_primary.module.eks.module.eks_managed_node_group.data.aws_iam_policy_document.assume_role_policy"
          ],
          "create_before_destroy": true
        }
      ]
    },
    {
      "module": "module.eks_primary.module.eks.module.eks_managed_node_group[\"spot_nodes\"]",
      "mode": "managed",
      "type": "aws_iam_role_policy",
      "name": "this",
      "provider": "provider[\"registry.terraform.io/hashicorp/aws\"].primary",
      "instances": []
    },
    {
      "module": "module.eks_primary.module.eks.module.eks_managed_node_group[\"spot_nodes\"]",
      "mode": "managed",
      "type": "aws_iam_role_policy_attachment",
      "name": "additional",
      "provider": "provider[\"registry.terraform.io/hashicorp/aws\"].primary",
      "instances": [
        {
          "index_key": "AdministratorAccess",
          "schema_version": 0,
          "attributes": {
            "id": "spot_nodes-eks-node-group-20260601170525345000000002-20260601170527906300000003",
            "policy_arn": "arn:aws:iam::aws:policy/AdministratorAccess",
            "role": "spot_nodes-eks-node-group-20260601170525345000000002"
          },
          "sensitive_attributes": [],
          "identity_schema_version": 0,
          "private": "bnVsbA==",
          "dependencies": [
            "module.eks_primary.module.eks.module.eks_managed_node_group.aws_iam_role.this",
            "module.eks_primary.module.eks.module.eks_managed_node_group.data.aws_iam_policy_document.assume_role_policy"
          ],
          "create_before_destroy": true
        }
      ]
    },
    {
      "module": "module.eks_primary.module.eks.module.eks_managed_node_group[\"spot_nodes\"]",
      "mode": "managed",
      "type": "aws_iam_role_policy_attachment",
      "name": "this",
      "provider": "provider[\"registry.terraform.io/hashicorp/aws\"].primary",
      "instances": [
        {
          "index_key": "AmazonEC2ContainerRegistryReadOnly",
          "schema_version": 0,
          "attributes": {
            "id": "spot_nodes-eks-node-group-20260601170525345000000002-20260601170528273900000005",
            "policy_arn": "arn:aws:iam::aws:policy/AmazonEC2ContainerRegistryReadOnly",
            "role": "spot_nodes-eks-node-group-20260601170525345000000002"
          },
          "sensitive_attributes": [],
          "identity_schema_version": 0,
          "private": "bnVsbA==",
          "dependencies": [
            "module.eks_primary.module.eks.module.eks_managed_node_group.aws_iam_role.this",
            "module.eks_primary.module.eks.module.eks_managed_node_group.data.aws_caller_identity.current",
            "module.eks_primary.module.eks.module.eks_managed_node_group.data.aws_iam_policy_document.assume_role_policy",
            "module.eks_primary.module.eks.module.eks_managed_node_group.data.aws_partition.current"
          ],
          "create_before_destroy": true
        },
        {
          "index_key": "AmazonEKSWorkerNodePolicy",
          "schema_version": 0,
          "attributes": {
            "id": "spot_nodes-eks-node-group-20260601170525345000000002-20260601170528272800000004",
            "policy_arn": "arn:aws:iam::aws:policy/AmazonEKSWorkerNodePolicy",
            "role": "spot_nodes-eks-node-group-20260601170525345000000002"
          },
          "sensitive_attributes": [],
          "identity_schema_version": 0,
          "private": "bnVsbA==",
          "dependencies": [
            "module.eks_primary.module.eks.module.eks_managed_node_group.aws_iam_role.this",
            "module.eks_primary.module.eks.module.eks_managed_node_group.data.aws_caller_identity.current",
            "module.eks_primary.module.eks.module.eks_managed_node_group.data.aws_iam_policy_document.assume_role_policy",
            "module.eks_primary.module.eks.module.eks_managed_node_group.data.aws_partition.current"
          ],
          "create_before_destroy": true
        },
        {
          "index_key": "AmazonEKS_CNI_Policy",
          "schema_version": 0,
          "attributes": {
            "id": "spot_nodes-eks-node-group-20260601170525345000000002-20260601170528340300000006",
            "policy_arn": "arn:aws:iam::aws:policy/AmazonEKS_CNI_Policy",
            "role": "spot_nodes-eks-node-group-20260601170525345000000002"
          },
          "sensitive_attributes": [],
          "identity_schema_version": 0,
          "private": "bnVsbA==",
          "dependencies": [
            "module.eks_primary.module.eks.module.eks_managed_node_group.aws_iam_role.this",
            "module.eks_primary.module.eks.module.eks_managed_node_group.data.aws_caller_identity.current",
            "module.eks_primary.module.eks.module.eks_managed_node_group.data.aws_iam_policy_document.assume_role_policy",
            "module.eks_primary.module.eks.module.eks_managed_node_group.data.aws_partition.current"
          ],
          "create_before_destroy": true
        }
      ]
    },
    {
      "module": "module.eks_primary.module.eks.module.eks_managed_node_group[\"spot_nodes\"]",
      "mode": "managed",
      "type": "aws_launch_template",
      "name": "this",
      "provider": "provider[\"registry.terraform.io/hashicorp/aws\"].primary",
      "instances": [
        {
          "index_key": 0,
          "schema_version": 0,
          "attributes": {
            "arn": "arn:aws:ec2:us-east-1:643942183295:launch-template/lt-083f57bac40d8ecea",
            "block_device_mappings": [],
            "capacity_reservation_specification": [],
            "cpu_options": [],
            "credit_specification": [],
            "default_version": 1,
            "description": "Custom launch template for spot_nodes EKS managed node group",
            "disable_api_stop": false,
            "disable_api_termination": false,
            "ebs_optimized": "",
            "elastic_gpu_specifications": [],
            "elastic_inference_accelerator": [],
            "enclave_options": [],
            "hibernation_options": [],
            "iam_instance_profile": [],
            "id": "lt-083f57bac40d8ecea",
            "image_id": "",
            "instance_initiated_shutdown_behavior": "",
            "instance_market_options": [],
            "instance_requirements": [],
            "instance_type": "",
            "kernel_id": "",
            "key_name": "",
            "latest_version": 1,
            "license_specification": [],
            "maintenance_options": [],
            "metadata_options": [
              {
                "http_endpoint": "enabled",
                "http_protocol_ipv6": "",
                "http_put_response_hop_limit": 2,
                "http_tokens": "required",
                "instance_metadata_tags": ""
              }
            ],
            "monitoring": [
              {
                "enabled": true
              }
            ],
            "name": "spot_nodes-20260601171643178300000013",
            "name_prefix": "spot_nodes-",
            "network_interfaces": [],
            "placement": [],
            "private_dns_name_options": [],
            "ram_disk_id": "",
            "security_group_names": [],
            "tag_specifications": [
              {
                "resource_type": "instance",
                "tags": {
                  "Name": "spot_nodes"
                }
              },
              {
                "resource_type": "network-interface",
                "tags": {
                  "Name": "spot_nodes"
                }
              },
              {
                "resource_type": "volume",
                "tags": {
                  "Name": "spot_nodes"
                }
              }
            ],
            "tags": {},
            "tags_all": {},
            "update_default_version": true,
            "user_data": "",
            "vpc_security_group_ids": [
              "sg-0c58dcb0701d2c48a"
            ]
          },
          "sensitive_attributes": [],
          "identity_schema_version": 0,
          "private": "bnVsbA==",
          "dependencies": [
            "module.eks_primary.module.eks.aws_cloudwatch_log_group.this",
            "module.eks_primary.module.eks.aws_eks_cluster.this",
            "module.eks_primary.module.eks.aws_iam_policy.cni_ipv6_policy",
            "module.eks_primary.module.eks.aws_iam_role.eks_auto",
            "module.eks_primary.module.eks.aws_iam_role.this",
            "module.eks_primary.module.eks.aws_iam_role_policy_attachment.this",
            "module.eks_primary.module.eks.aws_security_group.cluster",
            "module.eks_primary.module.eks.aws_security_group.node",
            "module.eks_primary.module.eks.aws_security_group_rule.cluster",
            "module.eks_primary.module.eks.aws_security_group_rule.node",
            "module.eks_primary.module.eks.data.aws_caller_identity.current",
            "module.eks_primary.module.eks.data.aws_iam_policy_document.assume_role_policy",
            "module.eks_primary.module.eks.data.aws_iam_policy_document.cni_ipv6_policy",
            "module.eks_primary.module.eks.data.aws_iam_policy_document.node_assume_role_policy",
            "module.eks_primary.module.eks.data.aws_iam_session_context.current",
            "module.eks_primary.module.eks.data.aws_partition.current",
            "module.eks_primary.module.eks.module.eks_managed_node_group.aws_iam_role.this",
            "module.eks_primary.module.eks.module.eks_managed_node_group.aws_iam_role_policy_attachment.additional",
            "module.eks_primary.module.eks.module.eks_managed_node_group.aws_iam_role_policy_attachment.this",
            "module.eks_primary.module.eks.module.eks_managed_node_group.aws_placement_group.this",
            "module.eks_primary.module.eks.module.eks_managed_node_group.data.aws_caller_identity.current",
            "module.eks_primary.module.eks.module.eks_managed_node_group.data.aws_ec2_instance_type.this",
            "module.eks_primary.module.eks.module.eks_managed_node_group.data.aws_iam_policy_document.assume_role_policy",
            "module.eks_primary.module.eks.module.eks_managed_node_group.data.aws_partition.current",
            "module.eks_primary.module.eks.module.eks_managed_node_group.module.user_data.data.cloudinit_config.al2023_eks_managed_node_group",
            "module.eks_primary.module.eks.module.eks_managed_node_group.module.user_data.data.cloudinit_config.linux_eks_managed_node_group",
            "module.eks_primary.module.eks.module.kms.aws_kms_external_key.this",
            "module.eks_primary.module.eks.module.kms.aws_kms_key.this",
            "module.eks_primary.module.eks.module.kms.aws_kms_replica_external_key.this",
            "module.eks_primary.module.eks.module.kms.aws_kms_replica_key.this",
            "module.eks_primary.module.eks.module.kms.data.aws_caller_identity.current",
            "module.eks_primary.module.eks.module.kms.data.aws_iam_policy_document.this",
            "module.eks_primary.module.eks.module.kms.data.aws_partition.current",
            "module.eks_primary.module.eks.time_sleep.this",
            "module.vpc_primary.data.aws_availability_zones.available",
            "module.vpc_primary.module.vpc.aws_subnet.private",
            "module.vpc_primary.module.vpc.aws_vpc.this",
            "module.vpc_primary.module.vpc.aws_vpc_ipv4_cidr_block_association.this"
          ],
          "create_before_destroy": true
        }
      ]
    },
    {
      "module": "module.eks_primary.module.eks.module.eks_managed_node_group[\"spot_nodes\"]",
      "mode": "managed",
      "type": "aws_placement_group",
      "name": "this",
      "provider": "provider[\"registry.terraform.io/hashicorp/aws\"].primary",
      "instances": []
    },
    {
      "module": "module.eks_primary.module.eks.module.eks_managed_node_group[\"spot_nodes\"].module.user_data",
      "mode": "data",
      "type": "cloudinit_config",
      "name": "al2023_eks_managed_node_group",
      "provider": "provider[\"registry.terraform.io/hashicorp/cloudinit\"]",
      "instances": []
    },
    {
      "module": "module.eks_primary.module.eks.module.eks_managed_node_group[\"spot_nodes\"].module.user_data",
      "mode": "data",
      "type": "cloudinit_config",
      "name": "linux_eks_managed_node_group",
      "provider": "provider[\"registry.terraform.io/hashicorp/cloudinit\"]",
      "instances": []
    },
    {
      "module": "module.eks_primary.module.eks.module.eks_managed_node_group[\"spot_nodes\"].module.user_data",
      "mode": "managed",
      "type": "null_resource",
      "name": "validate_cluster_service_cidr",
      "provider": "provider[\"registry.terraform.io/hashicorp/null\"]",
      "instances": [
        {
          "schema_version": 0,
          "attributes": {
            "id": "577638612053009832",
            "triggers": null
          },
          "sensitive_attributes": [],
          "identity_schema_version": 0,
          "dependencies": [
            "module.eks_primary.module.eks.aws_cloudwatch_log_group.this",
            "module.eks_primary.module.eks.aws_eks_cluster.this",
            "module.eks_primary.module.eks.aws_iam_policy.cni_ipv6_policy",
            "module.eks_primary.module.eks.aws_iam_role.eks_auto",
            "module.eks_primary.module.eks.aws_iam_role.this",
            "module.eks_primary.module.eks.aws_iam_role_policy_attachment.this",
            "module.eks_primary.module.eks.aws_security_group.cluster",
            "module.eks_primary.module.eks.aws_security_group.node",
            "module.eks_primary.module.eks.aws_security_group_rule.cluster",
            "module.eks_primary.module.eks.aws_security_group_rule.node",
            "module.eks_primary.module.eks.data.aws_caller_identity.current",
            "module.eks_primary.module.eks.data.aws_iam_policy_document.assume_role_policy",
            "module.eks_primary.module.eks.data.aws_iam_policy_document.cni_ipv6_policy",
            "module.eks_primary.module.eks.data.aws_iam_policy_document.node_assume_role_policy",
            "module.eks_primary.module.eks.data.aws_iam_session_context.current",
            "module.eks_primary.module.eks.data.aws_partition.current",
            "module.eks_primary.module.eks.module.kms.aws_kms_external_key.this",
            "module.eks_primary.module.eks.module.kms.aws_kms_key.this",
            "module.eks_primary.module.eks.module.kms.aws_kms_replica_external_key.this",
            "module.eks_primary.module.eks.module.kms.aws_kms_replica_key.this",
            "module.eks_primary.module.eks.module.kms.data.aws_caller_identity.current",
            "module.eks_primary.module.eks.module.kms.data.aws_iam_policy_document.this",
            "module.eks_primary.module.eks.module.kms.data.aws_partition.current",
            "module.eks_primary.module.eks.time_sleep.this",
            "module.vpc_primary.data.aws_availability_zones.available",
            "module.vpc_primary.module.vpc.aws_subnet.private",
            "module.vpc_primary.module.vpc.aws_vpc.this",
            "module.vpc_primary.module.vpc.aws_vpc_ipv4_cidr_block_association.this"
          ]
        }
      ]
    },
    {
      "module": "module.eks_primary.module.eks.module.kms",
      "mode": "data",
      "type": "aws_caller_identity",
      "name": "current",
      "provider": "provider[\"registry.terraform.io/hashicorp/aws\"].primary",
      "instances": [
        {
          "index_key": 0,
          "schema_version": 0,
          "attributes": {
            "account_id": "643942183295",
            "arn": "arn:aws:iam::643942183295:user/AeroLink-Admin",
            "id": "643942183295",
            "user_id": "AIDAZL3PR6F7VCE32XCQY"
          },
          "sensitive_attributes": [],
          "identity_schema_version": 0
        }
      ]
    },
    {
      "module": "module.eks_primary.module.eks.module.kms",
      "mode": "data",
      "type": "aws_iam_policy_document",
      "name": "this",
      "provider": "provider[\"registry.terraform.io/hashicorp/aws\"].primary",
      "instances": [
        {
          "index_key": 0,
          "schema_version": 0,
          "attributes": {
            "id": "3848643975",
            "json": "{\n  \"Version\": \"2012-10-17\",\n  \"Statement\": [\n    {\n      \"Sid\": \"Default\",\n      \"Effect\": \"Allow\",\n      \"Action\": \"kms:*\",\n      \"Resource\": \"*\",\n      \"Principal\": {\n        \"AWS\": \"arn:aws:iam::643942183295:root\"\n      }\n    },\n    {\n      \"Sid\": \"KeyAdministration\",\n      \"Effect\": \"Allow\",\n      \"Action\": [\n        \"kms:Update*\",\n        \"kms:UntagResource\",\n        \"kms:TagResource\",\n        \"kms:ScheduleKeyDeletion\",\n        \"kms:Revoke*\",\n        \"kms:ReplicateKey\",\n        \"kms:Put*\",\n        \"kms:List*\",\n        \"kms:ImportKeyMaterial\",\n        \"kms:Get*\",\n        \"kms:Enable*\",\n        \"kms:Disable*\",\n        \"kms:Describe*\",\n        \"kms:Delete*\",\n        \"kms:Create*\",\n        \"kms:CancelKeyDeletion\"\n      ],\n      \"Resource\": \"*\",\n      \"Principal\": {\n        \"AWS\": \"arn:aws:iam::643942183295:user/AeroLink-Admin\"\n      }\n    },\n    {\n      \"Sid\": \"KeyUsage\",\n      \"Effect\": \"Allow\",\n      \"Action\": [\n        \"kms:ReEncrypt*\",\n        \"kms:GenerateDataKey*\",\n        \"kms:Encrypt\",\n        \"kms:DescribeKey\",\n        \"kms:Decrypt\"\n      ],\n      \"Resource\": \"*\",\n      \"Principal\": {\n        \"AWS\": \"arn:aws:iam::643942183295:role/aerolink-dev-primary-cluster-cluster\"\n      }\n    }\n  ]\n}",
            "minified_json": "{\"Version\":\"2012-10-17\",\"Statement\":[{\"Sid\":\"Default\",\"Effect\":\"Allow\",\"Action\":\"kms:*\",\"Resource\":\"*\",\"Principal\":{\"AWS\":\"arn:aws:iam::643942183295:root\"}},{\"Sid\":\"KeyAdministration\",\"Effect\":\"Allow\",\"Action\":[\"kms:Update*\",\"kms:UntagResource\",\"kms:TagResource\",\"kms:ScheduleKeyDeletion\",\"kms:Revoke*\",\"kms:ReplicateKey\",\"kms:Put*\",\"kms:List*\",\"kms:ImportKeyMaterial\",\"kms:Get*\",\"kms:Enable*\",\"kms:Disable*\",\"kms:Describe*\",\"kms:Delete*\",\"kms:Create*\",\"kms:CancelKeyDeletion\"],\"Resource\":\"*\",\"Principal\":{\"AWS\":\"arn:aws:iam::643942183295:user/AeroLink-Admin\"}},{\"Sid\":\"KeyUsage\",\"Effect\":\"Allow\",\"Action\":[\"kms:ReEncrypt*\",\"kms:GenerateDataKey*\",\"kms:Encrypt\",\"kms:DescribeKey\",\"kms:Decrypt\"],\"Resource\":\"*\",\"Principal\":{\"AWS\":\"arn:aws:iam::643942183295:role/aerolink-dev-primary-cluster-cluster\"}}]}",
            "override_json": null,
            "override_policy_documents": null,
            "policy_id": null,
            "source_json": null,
            "source_policy_documents": null,
            "statement": [
              {
                "actions": [
                  "kms:*"
                ],
                "condition": [],
                "effect": "Allow",
                "not_actions": [],
                "not_principals": [],
                "not_resources": [],
                "principals": [
                  {
                    "identifiers": [
                      "arn:aws:iam::643942183295:root"
                    ],
                    "type": "AWS"
                  }
                ],
                "resources": [
                  "*"
                ],
                "sid": "Default"
              },
              {
                "actions": [
                  "kms:CancelKeyDeletion",
                  "kms:Create*",
                  "kms:Delete*",
                  "kms:Describe*",
                  "kms:Disable*",
                  "kms:Enable*",
                  "kms:Get*",
                  "kms:ImportKeyMaterial",
                  "kms:List*",
                  "kms:Put*",
                  "kms:ReplicateKey",
                  "kms:Revoke*",
                  "kms:ScheduleKeyDeletion",
                  "kms:TagResource",
                  "kms:UntagResource",
                  "kms:Update*"
                ],
                "condition": [],
                "effect": "Allow",
                "not_actions": [],
                "not_principals": [],
                "not_resources": [],
                "principals": [
                  {
                    "identifiers": [
                      "arn:aws:iam::643942183295:user/AeroLink-Admin"
                    ],
                    "type": "AWS"
                  }
                ],
                "resources": [
                  "*"
                ],
                "sid": "KeyAdministration"
              },
              {
                "actions": [
                  "kms:Decrypt",
                  "kms:DescribeKey",
                  "kms:Encrypt",
                  "kms:GenerateDataKey*",
                  "kms:ReEncrypt*"
                ],
                "condition": [],
                "effect": "Allow",
                "not_actions": [],
                "not_principals": [],
                "not_resources": [],
                "principals": [
                  {
                    "identifiers": [
                      "arn:aws:iam::643942183295:role/aerolink-dev-primary-cluster-cluster"
                    ],
                    "type": "AWS"
                  }
                ],
                "resources": [
                  "*"
                ],
                "sid": "KeyUsage"
              }
            ],
            "version": "2012-10-17"
          },
          "sensitive_attributes": [],
          "identity_schema_version": 0
        }
      ]
    },
    {
      "module": "module.eks_primary.module.eks.module.kms",
      "mode": "data",
      "type": "aws_partition",
      "name": "current",
      "provider": "provider[\"registry.terraform.io/hashicorp/aws\"].primary",
      "instances": [
        {
          "index_key": 0,
          "schema_version": 0,
          "attributes": {
            "dns_suffix": "amazonaws.com",
            "id": "aws",
            "partition": "aws",
            "reverse_dns_prefix": "com.amazonaws"
          },
          "sensitive_attributes": [],
          "identity_schema_version": 0
        }
      ]
    },
    {
      "module": "module.eks_primary.module.eks.module.kms",
      "mode": "managed",
      "type": "aws_kms_alias",
      "name": "this",
      "provider": "provider[\"registry.terraform.io/hashicorp/aws\"].primary",
      "instances": [
        {
          "index_key": "cluster",
          "schema_version": 0,
          "attributes": {
            "arn": "arn:aws:kms:us-east-1:643942183295:alias/eks/aerolink-dev-primary-cluster",
            "id": "alias/eks/aerolink-dev-primary-cluster",
            "name": "alias/eks/aerolink-dev-primary-cluster",
            "name_prefix": "",
            "target_key_arn": "arn:aws:kms:us-east-1:643942183295:key/b73eb49e-abea-4505-b6bc-d5762c9246f1",
            "target_key_id": "b73eb49e-abea-4505-b6bc-d5762c9246f1"
          },
          "sensitive_attributes": [],
          "identity_schema_version": 0,
          "private": "bnVsbA==",
          "dependencies": [
            "module.eks_primary.module.eks.aws_iam_role.this",
            "module.eks_primary.module.eks.data.aws_caller_identity.current",
            "module.eks_primary.module.eks.data.aws_iam_policy_document.assume_role_policy",
            "module.eks_primary.module.eks.data.aws_iam_session_context.current",
            "module.eks_primary.module.eks.module.kms.aws_kms_external_key.this",
            "module.eks_primary.module.eks.module.kms.aws_kms_key.this",
            "module.eks_primary.module.eks.module.kms.aws_kms_replica_external_key.this",
            "module.eks_primary.module.eks.module.kms.aws_kms_replica_key.this",
            "module.eks_primary.module.eks.module.kms.data.aws_caller_identity.current",
            "module.eks_primary.module.eks.module.kms.data.aws_iam_policy_document.this",
            "module.eks_primary.module.eks.module.kms.data.aws_partition.current"
          ]
        }
      ]
    },
    {
      "module": "module.eks_primary.module.eks.module.kms",
      "mode": "managed",
      "type": "aws_kms_external_key",
      "name": "this",
      "provider": "provider[\"registry.terraform.io/hashicorp/aws\"].primary",
      "instances": []
    },
    {
      "module": "module.eks_primary.module.eks.module.kms",
      "mode": "managed",
      "type": "aws_kms_grant",
      "name": "this",
      "provider": "provider[\"registry.terraform.io/hashicorp/aws\"].primary",
      "instances": []
    },
    {
      "module": "module.eks_primary.module.eks.module.kms",
      "mode": "managed",
      "type": "aws_kms_key",
      "name": "this",
      "provider": "provider[\"registry.terraform.io/hashicorp/aws\"].primary",
      "instances": [
        {
          "index_key": 0,
          "schema_version": 0,
          "attributes": {
            "arn": "arn:aws:kms:us-east-1:643942183295:key/b73eb49e-abea-4505-b6bc-d5762c9246f1",
            "bypass_policy_lockout_safety_check": false,
            "custom_key_store_id": "",
            "customer_master_key_spec": "SYMMETRIC_DEFAULT",
            "deletion_window_in_days": null,
            "description": "aerolink-dev-primary-cluster cluster encryption key",
            "enable_key_rotation": true,
            "id": "b73eb49e-abea-4505-b6bc-d5762c9246f1",
            "is_enabled": true,
            "key_id": "b73eb49e-abea-4505-b6bc-d5762c9246f1",
            "key_usage": "ENCRYPT_DECRYPT",
            "multi_region": false,
            "policy": "{\"Statement\":[{\"Action\":\"kms:*\",\"Effect\":\"Allow\",\"Principal\":{\"AWS\":\"arn:aws:iam::643942183295:root\"},\"Resource\":\"*\",\"Sid\":\"Default\"},{\"Action\":[\"kms:Update*\",\"kms:UntagResource\",\"kms:TagResource\",\"kms:ScheduleKeyDeletion\",\"kms:Revoke*\",\"kms:ReplicateKey\",\"kms:Put*\",\"kms:List*\",\"kms:ImportKeyMaterial\",\"kms:Get*\",\"kms:Enable*\",\"kms:Disable*\",\"kms:Describe*\",\"kms:Delete*\",\"kms:Create*\",\"kms:CancelKeyDeletion\"],\"Effect\":\"Allow\",\"Principal\":{\"AWS\":\"arn:aws:iam::643942183295:user/AeroLink-Admin\"},\"Resource\":\"*\",\"Sid\":\"KeyAdministration\"},{\"Action\":[\"kms:ReEncrypt*\",\"kms:GenerateDataKey*\",\"kms:Encrypt\",\"kms:DescribeKey\",\"kms:Decrypt\"],\"Effect\":\"Allow\",\"Principal\":{\"AWS\":\"arn:aws:iam::643942183295:role/aerolink-dev-primary-cluster-cluster\"},\"Resource\":\"*\",\"Sid\":\"KeyUsage\"}],\"Version\":\"2012-10-17\"}",
            "rotation_period_in_days": 365,
            "tags": {
              "terraform-aws-modules": "eks"
            },
            "tags_all": {
              "terraform-aws-modules": "eks"
            },
            "timeouts": null,
            "xks_key_id": ""
          },
          "sensitive_attributes": [],
          "identity_schema_version": 0,
          "private": "eyJlMmJmYjczMC1lY2FhLTExZTYtOGY4OC0zNDM2M2JjN2M0YzAiOnsiY3JlYXRlIjoxMjAwMDAwMDAwMDB9fQ==",
          "dependencies": [
            "module.eks_primary.module.eks.aws_iam_role.this",
            "module.eks_primary.module.eks.data.aws_caller_identity.current",
            "module.eks_primary.module.eks.data.aws_iam_policy_document.assume_role_policy",
            "module.eks_primary.module.eks.data.aws_iam_session_context.current",
            "module.eks_primary.module.eks.module.kms.data.aws_caller_identity.current",
            "module.eks_primary.module.eks.module.kms.data.aws_iam_policy_document.this",
            "module.eks_primary.module.eks.module.kms.data.aws_partition.current"
          ],
          "create_before_destroy": true
        }
      ]
    },
    {
      "module": "module.eks_primary.module.eks.module.kms",
      "mode": "managed",
      "type": "aws_kms_replica_external_key",
      "name": "this",
      "provider": "provider[\"registry.terraform.io/hashicorp/aws\"].primary",
      "instances": []
    },
    {
      "module": "module.eks_primary.module.eks.module.kms",
      "mode": "managed",
      "type": "aws_kms_replica_key",
      "name": "this",
      "provider": "provider[\"registry.terraform.io/hashicorp/aws\"].primary",
      "instances": []
    },
    {
      "module": "module.eks_secondary.module.eks",
      "mode": "data",
      "type": "aws_caller_identity",
      "name": "current",
      "provider": "provider[\"registry.terraform.io/hashicorp/aws\"].secondary",
      "instances": [
        {
          "index_key": 0,
          "schema_version": 0,
          "attributes": {
            "account_id": "643942183295",
            "arn": "arn:aws:iam::643942183295:user/AeroLink-Admin",
            "id": "643942183295",
            "user_id": "AIDAZL3PR6F7VCE32XCQY"
          },
          "sensitive_attributes": [],
          "identity_schema_version": 0
        }
      ]
    },
    {
      "module": "module.eks_secondary.module.eks",
      "mode": "data",
      "type": "aws_eks_addon_version",
      "name": "this",
      "provider": "provider[\"registry.terraform.io/hashicorp/aws\"].secondary",
      "instances": []
    },
    {
      "module": "module.eks_secondary.module.eks",
      "mode": "data",
      "type": "aws_iam_policy_document",
      "name": "assume_role_policy",
      "provider": "provider[\"registry.terraform.io/hashicorp/aws\"].secondary",
      "instances": [
        {
          "index_key": 0,
          "schema_version": 0,
          "attributes": {
            "id": "2830595799",
            "json": "{\n  \"Version\": \"2012-10-17\",\n  \"Statement\": [\n    {\n      \"Sid\": \"EKSClusterAssumeRole\",\n      \"Effect\": \"Allow\",\n      \"Action\": [\n        \"sts:TagSession\",\n        \"sts:AssumeRole\"\n      ],\n      \"Principal\": {\n        \"Service\": \"eks.amazonaws.com\"\n      }\n    }\n  ]\n}",
            "minified_json": "{\"Version\":\"2012-10-17\",\"Statement\":[{\"Sid\":\"EKSClusterAssumeRole\",\"Effect\":\"Allow\",\"Action\":[\"sts:TagSession\",\"sts:AssumeRole\"],\"Principal\":{\"Service\":\"eks.amazonaws.com\"}}]}",
            "override_json": null,
            "override_policy_documents": null,
            "policy_id": null,
            "source_json": null,
            "source_policy_documents": null,
            "statement": [
              {
                "actions": [
                  "sts:AssumeRole",
                  "sts:TagSession"
                ],
                "condition": [],
                "effect": "Allow",
                "not_actions": [],
                "not_principals": [],
                "not_resources": [],
                "principals": [
                  {
                    "identifiers": [
                      "eks.amazonaws.com"
                    ],
                    "type": "Service"
                  }
                ],
                "resources": [],
                "sid": "EKSClusterAssumeRole"
              }
            ],
            "version": "2012-10-17"
          },
          "sensitive_attributes": [],
          "identity_schema_version": 0
        }
      ]
    },
    {
      "module": "module.eks_secondary.module.eks",
      "mode": "data",
      "type": "aws_iam_policy_document",
      "name": "cni_ipv6_policy",
      "provider": "provider[\"registry.terraform.io/hashicorp/aws\"].secondary",
      "instances": []
    },
    {
      "module": "module.eks_secondary.module.eks",
      "mode": "data",
      "type": "aws_iam_policy_document",
      "name": "custom",
      "provider": "provider[\"registry.terraform.io/hashicorp/aws\"].secondary",
      "instances": [
        {
          "index_key": 0,
          "schema_version": 0,
          "attributes": {
            "id": "513122117",
            "json": "{\n  \"Version\": \"2012-10-17\",\n  \"Statement\": [\n    {\n      \"Sid\": \"Compute\",\n      \"Effect\": \"Allow\",\n      \"Action\": [\n        \"ec2:RunInstances\",\n        \"ec2:CreateLaunchTemplate\",\n        \"ec2:CreateFleet\"\n      ],\n      \"Resource\": \"*\",\n      \"Condition\": {\n        \"StringEquals\": {\n          \"aws:RequestTag/eks:eks-cluster-name\": \"${aws:PrincipalTag/eks:eks-cluster-name}\"\n        },\n        \"StringLike\": {\n          \"aws:RequestTag/eks:kubernetes-node-class-name\": \"*\",\n          \"aws:RequestTag/eks:kubernetes-node-pool-name\": \"*\"\n        }\n      }\n    },\n    {\n      \"Sid\": \"Storage\",\n      \"Effect\": \"Allow\",\n      \"Action\": [\n        \"ec2:CreateVolume\",\n        \"ec2:CreateSnapshot\"\n      ],\n      \"Resource\": [\n        \"arn:aws:ec2:*:*:volume/*\",\n        \"arn:aws:ec2:*:*:snapshot/*\"\n      ],\n      \"Condition\": {\n        \"StringEquals\": {\n          \"aws:RequestTag/eks:eks-cluster-name\": \"${aws:PrincipalTag/eks:eks-cluster-name}\"\n        }\n      }\n    },\n    {\n      \"Sid\": \"Networking\",\n      \"Effect\": \"Allow\",\n      \"Action\": \"ec2:CreateNetworkInterface\",\n      \"Resource\": \"*\",\n      \"Condition\": {\n        \"StringEquals\": {\n          \"aws:RequestTag/eks:eks-cluster-name\": \"${aws:PrincipalTag/eks:eks-cluster-name}\",\n          \"aws:RequestTag/eks:kubernetes-cni-node-name\": \"*\"\n        }\n      }\n    },\n    {\n      \"Sid\": \"LoadBalancer\",\n      \"Effect\": \"Allow\",\n      \"Action\": [\n        \"elasticloadbalancing:CreateTargetGroup\",\n        \"elasticloadbalancing:CreateRule\",\n        \"elasticloadbalancing:CreateLoadBalancer\",\n        \"elasticloadbalancing:CreateListener\",\n        \"ec2:CreateSecurityGroup\"\n      ],\n      \"Resource\": \"*\",\n      \"Condition\": {\n        \"StringEquals\": {\n          \"aws:RequestTag/eks:eks-cluster-name\": \"${aws:PrincipalTag/eks:eks-cluster-name}\"\n        }\n      }\n    },\n    {\n      \"Sid\": \"ShieldProtection\",\n      \"Effect\": \"Allow\",\n      \"Action\": \"shield:CreateProtection\",\n      \"Resource\": \"*\",\n      \"Condition\": {\n        \"StringEquals\": {\n          \"aws:RequestTag/eks:eks-cluster-name\": \"${aws:PrincipalTag/eks:eks-cluster-name}\"\n        }\n      }\n    },\n    {\n      \"Sid\": \"ShieldTagResource\",\n      \"Effect\": \"Allow\",\n      \"Action\": \"shield:TagResource\",\n      \"Resource\": \"arn:aws:shield::*:protection/*\",\n      \"Condition\": {\n        \"StringEquals\": {\n          \"aws:RequestTag/eks:eks-cluster-name\": \"${aws:PrincipalTag/eks:eks-cluster-name}\"\n        }\n      }\n    }\n  ]\n}",
            "minified_json": "{\"Version\":\"2012-10-17\",\"Statement\":[{\"Sid\":\"Compute\",\"Effect\":\"Allow\",\"Action\":[\"ec2:RunInstances\",\"ec2:CreateLaunchTemplate\",\"ec2:CreateFleet\"],\"Resource\":\"*\",\"Condition\":{\"StringEquals\":{\"aws:RequestTag/eks:eks-cluster-name\":\"${aws:PrincipalTag/eks:eks-cluster-name}\"},\"StringLike\":{\"aws:RequestTag/eks:kubernetes-node-class-name\":\"*\",\"aws:RequestTag/eks:kubernetes-node-pool-name\":\"*\"}}},{\"Sid\":\"Storage\",\"Effect\":\"Allow\",\"Action\":[\"ec2:CreateVolume\",\"ec2:CreateSnapshot\"],\"Resource\":[\"arn:aws:ec2:*:*:volume/*\",\"arn:aws:ec2:*:*:snapshot/*\"],\"Condition\":{\"StringEquals\":{\"aws:RequestTag/eks:eks-cluster-name\":\"${aws:PrincipalTag/eks:eks-cluster-name}\"}}},{\"Sid\":\"Networking\",\"Effect\":\"Allow\",\"Action\":\"ec2:CreateNetworkInterface\",\"Resource\":\"*\",\"Condition\":{\"StringEquals\":{\"aws:RequestTag/eks:eks-cluster-name\":\"${aws:PrincipalTag/eks:eks-cluster-name}\",\"aws:RequestTag/eks:kubernetes-cni-node-name\":\"*\"}}},{\"Sid\":\"LoadBalancer\",\"Effect\":\"Allow\",\"Action\":[\"elasticloadbalancing:CreateTargetGroup\",\"elasticloadbalancing:CreateRule\",\"elasticloadbalancing:CreateLoadBalancer\",\"elasticloadbalancing:CreateListener\",\"ec2:CreateSecurityGroup\"],\"Resource\":\"*\",\"Condition\":{\"StringEquals\":{\"aws:RequestTag/eks:eks-cluster-name\":\"${aws:PrincipalTag/eks:eks-cluster-name}\"}}},{\"Sid\":\"ShieldProtection\",\"Effect\":\"Allow\",\"Action\":\"shield:CreateProtection\",\"Resource\":\"*\",\"Condition\":{\"StringEquals\":{\"aws:RequestTag/eks:eks-cluster-name\":\"${aws:PrincipalTag/eks:eks-cluster-name}\"}}},{\"Sid\":\"ShieldTagResource\",\"Effect\":\"Allow\",\"Action\":\"shield:TagResource\",\"Resource\":\"arn:aws:shield::*:protection/*\",\"Condition\":{\"StringEquals\":{\"aws:RequestTag/eks:eks-cluster-name\":\"${aws:PrincipalTag/eks:eks-cluster-name}\"}}}]}",
            "override_json": null,
            "override_policy_documents": null,
            "policy_id": null,
            "source_json": null,
            "source_policy_documents": null,
            "statement": [
              {
                "actions": [
                  "ec2:CreateFleet",
                  "ec2:CreateLaunchTemplate",
                  "ec2:RunInstances"
                ],
                "condition": [
                  {
                    "test": "StringEquals",
                    "values": [
                      "${aws:PrincipalTag/eks:eks-cluster-name}"
                    ],
                    "variable": "aws:RequestTag/eks:eks-cluster-name"
                  },
                  {
                    "test": "StringLike",
                    "values": [
                      "*"
                    ],
                    "variable": "aws:RequestTag/eks:kubernetes-node-class-name"
                  },
                  {
                    "test": "StringLike",
                    "values": [
                      "*"
                    ],
                    "variable": "aws:RequestTag/eks:kubernetes-node-pool-name"
                  }
                ],
                "effect": "Allow",
                "not_actions": [],
                "not_principals": [],
                "not_resources": [],
                "principals": [],
                "resources": [
                  "*"
                ],
                "sid": "Compute"
              },
              {
                "actions": [
                  "ec2:CreateSnapshot",
                  "ec2:CreateVolume"
                ],
                "condition": [
                  {
                    "test": "StringEquals",
                    "values": [
                      "${aws:PrincipalTag/eks:eks-cluster-name}"
                    ],
                    "variable": "aws:RequestTag/eks:eks-cluster-name"
                  }
                ],
                "effect": "Allow",
                "not_actions": [],
                "not_principals": [],
                "not_resources": [],
                "principals": [],
                "resources": [
                  "arn:aws:ec2:*:*:snapshot/*",
                  "arn:aws:ec2:*:*:volume/*"
                ],
                "sid": "Storage"
              },
              {
                "actions": [
                  "ec2:CreateNetworkInterface"
                ],
                "condition": [
                  {
                    "test": "StringEquals",
                    "values": [
                      "${aws:PrincipalTag/eks:eks-cluster-name}"
                    ],
                    "variable": "aws:RequestTag/eks:eks-cluster-name"
                  },
                  {
                    "test": "StringEquals",
                    "values": [
                      "*"
                    ],
                    "variable": "aws:RequestTag/eks:kubernetes-cni-node-name"
                  }
                ],
                "effect": "Allow",
                "not_actions": [],
                "not_principals": [],
                "not_resources": [],
                "principals": [],
                "resources": [
                  "*"
                ],
                "sid": "Networking"
              },
              {
                "actions": [
                  "ec2:CreateSecurityGroup",
                  "elasticloadbalancing:CreateListener",
                  "elasticloadbalancing:CreateLoadBalancer",
                  "elasticloadbalancing:CreateRule",
                  "elasticloadbalancing:CreateTargetGroup"
                ],
                "condition": [
                  {
                    "test": "StringEquals",
                    "values": [
                      "${aws:PrincipalTag/eks:eks-cluster-name}"
                    ],
                    "variable": "aws:RequestTag/eks:eks-cluster-name"
                  }
                ],
                "effect": "Allow",
                "not_actions": [],
                "not_principals": [],
                "not_resources": [],
                "principals": [],
                "resources": [
                  "*"
                ],
                "sid": "LoadBalancer"
              },
              {
                "actions": [
                  "shield:CreateProtection"
                ],
                "condition": [
                  {
                    "test": "StringEquals",
                    "values": [
                      "${aws:PrincipalTag/eks:eks-cluster-name}"
                    ],
                    "variable": "aws:RequestTag/eks:eks-cluster-name"
                  }
                ],
                "effect": "Allow",
                "not_actions": [],
                "not_principals": [],
                "not_resources": [],
                "principals": [],
                "resources": [
                  "*"
                ],
                "sid": "ShieldProtection"
              },
              {
                "actions": [
                  "shield:TagResource"
                ],
                "condition": [
                  {
                    "test": "StringEquals",
                    "values": [
                      "${aws:PrincipalTag/eks:eks-cluster-name}"
                    ],
                    "variable": "aws:RequestTag/eks:eks-cluster-name"
                  }
                ],
                "effect": "Allow",
                "not_actions": [],
                "not_principals": [],
                "not_resources": [],
                "principals": [],
                "resources": [
                  "arn:aws:shield::*:protection/*"
                ],
                "sid": "ShieldTagResource"
              }
            ],
            "version": "2012-10-17"
          },
          "sensitive_attributes": [],
          "identity_schema_version": 0
        }
      ]
    },
    {
      "module": "module.eks_secondary.module.eks",
      "mode": "data",
      "type": "aws_iam_policy_document",
      "name": "node_assume_role_policy",
      "provider": "provider[\"registry.terraform.io/hashicorp/aws\"].secondary",
      "instances": []
    },
    {
      "module": "module.eks_secondary.module.eks",
      "mode": "data",
      "type": "aws_iam_session_context",
      "name": "current",
      "provider": "provider[\"registry.terraform.io/hashicorp/aws\"].secondary",
      "instances": [
        {
          "index_key": 0,
          "schema_version": 0,
          "attributes": {
            "arn": "arn:aws:iam::643942183295:user/AeroLink-Admin",
            "id": "arn:aws:iam::643942183295:user/AeroLink-Admin",
            "issuer_arn": "arn:aws:iam::643942183295:user/AeroLink-Admin",
            "issuer_id": "",
            "issuer_name": "",
            "session_name": ""
          },
          "sensitive_attributes": [],
          "identity_schema_version": 0
        }
      ]
    },
    {
      "module": "module.eks_secondary.module.eks",
      "mode": "data",
      "type": "aws_partition",
      "name": "current",
      "provider": "provider[\"registry.terraform.io/hashicorp/aws\"].secondary",
      "instances": [
        {
          "index_key": 0,
          "schema_version": 0,
          "attributes": {
            "dns_suffix": "amazonaws.com",
            "id": "aws",
            "partition": "aws",
            "reverse_dns_prefix": "com.amazonaws"
          },
          "sensitive_attributes": [],
          "identity_schema_version": 0
        }
      ]
    },
    {
      "module": "module.eks_secondary.module.eks",
      "mode": "data",
      "type": "tls_certificate",
      "name": "this",
      "provider": "provider[\"registry.terraform.io/hashicorp/tls\"]",
      "instances": [
        {
          "index_key": 0,
          "schema_version": 0,
          "attributes": {
            "certificates": [
              {
                "cert_pem": "-----BEGIN CERTIFICATE-----\nMIIEkjCCA3qgAwIBAgITBn+USionzfP6wq4rAfkI7rnExjANBgkqhkiG9w0BAQsF\nADCBmDELMAkGA1UEBhMCVVMxEDAOBgNVBAgTB0FyaXpvbmExEzARBgNVBAcTClNj\nb3R0c2RhbGUxJTAjBgNVBAoTHFN0YXJmaWVsZCBUZWNobm9sb2dpZXMsIEluYy4x\nOzA5BgNVBAMTMlN0YXJmaWVsZCBTZXJ2aWNlcyBSb290IENlcnRpZmljYXRlIEF1\ndGhvcml0eSAtIEcyMB4XDTE1MDUyNTEyMDAwMFoXDTM3MTIzMTAxMDAwMFowOTEL\nMAkGA1UEBhMCVVMxDzANBgNVBAoTBkFtYXpvbjEZMBcGA1UEAxMQQW1hem9uIFJv\nb3QgQ0EgMTCCASIwDQYJKoZIhvcNAQEBBQADggEPADCCAQoCggEBALJ4gHHKeNXj\nca9HgFB0fW7Y14h29Jlo91ghYPl0hAEvrAIthtOgQ3pOsqTQNroBvo3bSMgHFzZM\n9O6II8c+6zf1tRn4SWiw3te5djgdYZ6k/oI2peVKVuRF4fn9tBb6dNqcmzU5L/qw\nIFAGbHrQgLKm+a/sRxmPUDgH3KKHOVj4utWp+UhnMJbulHheb4mjUcAwhmahRWa6\nVOujw5H5SNz/0egwLX0tdHA114gk957EWW67c4cX8jJGKLhD+rcdqsq08p8kDi1L\n93FcXmn/6pUCyziKrlA4b9v7LWIbxcceVOF34GfID5yHI9Y/QCB/IIDEgEw+OyQm\njgSubJrIqg0CAwEAAaOCATEwggEtMA8GA1UdEwEB/wQFMAMBAf8wDgYDVR0PAQH/\nBAQDAgGGMB0GA1UdDgQWBBSEGMyFNOy8DJSULghZnMeyEE4KCDAfBgNVHSMEGDAW\ngBScXwDfqgHXMCs4iKK4bUqc8hGRgzB4BggrBgEFBQcBAQRsMGowLgYIKwYBBQUH\nMAGGImh0dHA6Ly9vY3NwLnJvb3RnMi5hbWF6b250cnVzdC5jb20wOAYIKwYBBQUH\nMAKGLGh0dHA6Ly9jcnQucm9vdGcyLmFtYXpvbnRydXN0LmNvbS9yb290ZzIuY2Vy\nMD0GA1UdHwQ2MDQwMqAwoC6GLGh0dHA6Ly9jcmwucm9vdGcyLmFtYXpvbnRydXN0\nLmNvbS9yb290ZzIuY3JsMBEGA1UdIAQKMAgwBgYEVR0gADANBgkqhkiG9w0BAQsF\nAAOCAQEAYjdCXLwQtT6LLOkMm2xF4gcAevnFWAu5CIw+7bMlPLVvUOTNNWqnkzSW\nMiGpSESrnO09tKpzbeR/FoCJbM8oAxiDR3mjEH4wW6w7sGDgd9QIpuEdfF7Au/ma\neyKdpwAJfqxGF4PcnCZXmTA5YpaP7dreqsXMGz7KQ2hsVxa81Q4gLv7/wmpdLqBK\nbRRYh5TmOTFffHPLkIhqhBGWJ6bt2YFGpn6jcgAKUj6DiAdjd4lpFw85hdKrCEVN\n0FE6/V1dN2RMfjCyVSRCnTawXZwXgWHxyvkQAiSr6w10kY17RSlQOYiypok1JR4U\nakcjMS9cmvqtmg5iUaQqqcT5NJ0hGA==\n-----END CERTIFICATE-----\n",
                "is_ca": true,
                "issuer": "CN=Starfield Services Root Certificate Authority - G2,O=Starfield Technologies\\, Inc.,L=Scottsdale,ST=Arizona,C=US",
                "max_path_length": -1,
                "not_after": "2037-12-31T01:00:00Z",
                "not_before": "2015-05-25T12:00:00Z",
                "public_key_algorithm": "RSA",
                "serial_number": "144918191876577076464031512351042010504348870",
                "sha1_fingerprint": "06b25927c42a721631c1efd9431e648fa62e1e39",
                "signature_algorithm": "SHA256-RSA",
                "subject": "CN=Amazon Root CA 1,O=Amazon,C=US",
                "version": 3
              },
              {
                "cert_pem": "-----BEGIN CERTIFICATE-----\nMIIEXjCCA0agAwIBAgITB3MSOAudZoijOx7Zv5zNpo4ODzANBgkqhkiG9w0BAQsF\nADA5MQswCQYDVQQGEwJVUzEPMA0GA1UEChMGQW1hem9uMRkwFwYDVQQDExBBbWF6\nb24gUm9vdCBDQSAxMB4XDTIyMDgyMzIyMjEyOFoXDTMwMDgyMzIyMjEyOFowPDEL\nMAkGA1UEBhMCVVMxDzANBgNVBAoTBkFtYXpvbjEcMBoGA1UEAxMTQW1hem9uIFJT\nQSAyMDQ4IE0wMTCCASIwDQYJKoZIhvcNAQEBBQADggEPADCCAQoCggEBAOtxLKnL\nH4gokjIwr4pXD3i3NyWVVYesZ1yX0yLI2qIUZ2t88Gfa4gMqs1YSXca1R/lnCKeT\nepWSGA+0+fkQNpp/L4C2T7oTTsddUx7g3ZYzByDTlrwS5HRQQqEFE3O1T5tEJP4t\nf+28IoXsNiEzl3UGzicYgtzj2cWCB41eJgEmJmcf2T8TzzK6a614ZPyq/w4CPAff\nnAV4coz96nW3AyiE2uhuB4zQUIXvgVSycW7sbWLvj5TDXunEpNCRwC4kkZjK7rol\njtT2cbb7W2s4Bkg3R42G3PLqBvt2N32e/0JOTViCk8/iccJ4sXqrS1uUN4iB5Nmv\nJK74csVl+0u0UecCAwEAAaOCAVowggFWMBIGA1UdEwEB/wQIMAYBAf8CAQAwDgYD\nVR0PAQH/BAQDAgGGMB0GA1UdJQQWMBQGCCsGAQUFBwMBBggrBgEFBQcDAjAdBgNV\nHQ4EFgQUgbgOY4qJEhjl+js7UJWf5uWQE4UwHwYDVR0jBBgwFoAUhBjMhTTsvAyU\nlC4IWZzHshBOCggwewYIKwYBBQUHAQEEbzBtMC8GCCsGAQUFBzABhiNodHRwOi8v\nb2NzcC5yb290Y2ExLmFtYXpvbnRydXN0LmNvbTA6BggrBgEFBQcwAoYuaHR0cDov\nL2NydC5yb290Y2ExLmFtYXpvbnRydXN0LmNvbS9yb290Y2ExLmNlcjA/BgNVHR8E\nODA2MDSgMqAwhi5odHRwOi8vY3JsLnJvb3RjYTEuYW1hem9udHJ1c3QuY29tL3Jv\nb3RjYTEuY3JsMBMGA1UdIAQMMAowCAYGZ4EMAQIBMA0GCSqGSIb3DQEBCwUAA4IB\nAQCtAN4CBSMuBjJitGuxlBbkEUDeK/pZwTXv4KqPK0G50fOHOQAd8j21p0cMBgbG\nkfMHVwLU7b0XwZCav0h1ogdPMN1KakK1DT0VwA/+hFvGPJnMV1Kx2G4S1ZaSk0uU\n5QfoiYIIano01J5k4T2HapKQmmOhS/iPtuo00wW+IMLeBuKMn3OLn005hcrOGTad\nhcmeyfhQP7Z+iKHvyoQGi1C0ClymHETx/chhQGDyYSWqB/THwnN15AwLQo0E5V9E\nSJlbe4mBlqeInUsNYugExNf+tOiybcrswBy8OFsd34XOW3rjSUtsuafd9AWySa3h\nxRRrwszrzX/WWGm6wyB+f7C4\n-----END CERTIFICATE-----\n",
                "is_ca": true,
                "issuer": "CN=Amazon Root CA 1,O=Amazon,C=US",
                "max_path_length": 0,
                "not_after": "2030-08-23T22:21:28Z",
                "not_before": "2022-08-23T22:21:28Z",
                "public_key_algorithm": "RSA",
                "serial_number": "166129328851546858514271303855646110030630415",
                "sha1_fingerprint": "2ad974a775f73cbdbbd8f5ac3a49255fa8fb1f8c",
                "signature_algorithm": "SHA256-RSA",
                "subject": "CN=Amazon RSA 2048 M01,O=Amazon,C=US",
                "version": 3
              },
              {
                "cert_pem": "-----BEGIN CERTIFICATE-----\nMIIF3TCCBMWgAwIBAgIQA1jCPSDm8X/VUa7jjbhCPTANBgkqhkiG9w0BAQsFADA8\nMQswCQYDVQQGEwJVUzEPMA0GA1UEChMGQW1hem9uMRwwGgYDVQQDExNBbWF6b24g\nUlNBIDIwNDggTTAxMB4XDTI2MDEyODAwMDAwMFoXDTI3MDIyNjIzNTk1OVowKDEm\nMCQGA1UEAwwdKi5la3MuZXUtd2VzdC0xLmFtYXpvbmF3cy5jb20wggEiMA0GCSqG\nSIb3DQEBAQUAA4IBDwAwggEKAoIBAQC7C7raBBSoWs27ecLuw2fOy5rGH2DxHlE/\ntguRCzrbL6KwIqfXYXy8fTDuh7SFoSqyHesAw7LMkVkr5dbiJQRDQam1XWdODoFT\n4D5FDQrZ0T20wXDp0n/JkceHMRT6OYRZ0JOw+2FXlqeNmYqzdS2r4iWiRe+Bt+8p\nP+MTImvSMh3Kcr8pMTaeDZPOyRHvkPtx7F6mhQ92ODw4HHGi5gtxhn4544iMjjWU\nPIluJEA/9tDRIwGqozc40yMdGHdHJrRwG7bb0fM3ELmNA4ITP0rF1xi6YU/X6paY\nE0XXx5PKwI6IOW483t/inqOe2gQeMB1NyrYsYktBGhI6m6m0KEI5AgMBAAGjggLt\nMIIC6TAfBgNVHSMEGDAWgBSBuA5jiokSGOX6OztQlZ/m5ZAThTAdBgNVHQ4EFgQU\neR70bkgIqRENugAhEckY/ob8v1wwKAYDVR0RBCEwH4IdKi5la3MuZXUtd2VzdC0x\nLmFtYXpvbmF3cy5jb20wEwYDVR0gBAwwCjAIBgZngQwBAgEwDgYDVR0PAQH/BAQD\nAgWgMBMGA1UdJQQMMAoGCCsGAQUFBwMBMDsGA1UdHwQ0MDIwMKAuoCyGKmh0dHA6\nLy9jcmwucjJtMDEuYW1hem9udHJ1c3QuY29tL3IybTAxLmNybDB1BggrBgEFBQcB\nAQRpMGcwLQYIKwYBBQUHMAGGIWh0dHA6Ly9vY3NwLnIybTAxLmFtYXpvbnRydXN0\nLmNvbTA2BggrBgEFBQcwAoYqaHR0cDovL2NydC5yMm0wMS5hbWF6b250cnVzdC5j\nb20vcjJtMDEuY2VyMAwGA1UdEwEB/wQCMAAwggF/BgorBgEEAdZ5AgQCBIIBbwSC\nAWsBaQB3AExj3JjlnB2riPYeij3ero+rRKM3e1+blMP7oZz8wb4mAAABnAIEw10A\nAAQDAEgwRgIhAL8Xy7eLv+88XfYMuoiydiWQNNPfr1AQ4/OXTzw4F1gUAiEAtLWE\n4rtQ4/zTVI5oPCSlxtX4vDBkQ2gy6+jc+0bzXDkAdQAcn2gs6frwRWlQ+BuWiofd\n2zIQ2EzmyLLjglJKxM9ZnwAAAZwCBMNZAAAEAwBGMEQCIHUJDGKsaxnLHrcHEkgN\nJlikmlm0j5ChoXs9UdcesBYpAiAChKCAaNev0QsCqr+EGDOFks8VsyTAC0VF8/2K\nHvif5QB3AGBMmq96f3dfAdQG/JINyJnrCxx9+MlSG/r6F3c7l4vJAAABnAIExG0A\nAAQDAEgwRgIhAN5C7ItzDkXwnXtCq06tkslXIppjSeN7GOlTDlliMtlSAiEA4HGa\nH6Yq8zOHJUAbH9xCoJS8dBo89ZFz+ycQFtLKzs0wDQYJKoZIhvcNAQELBQADggEB\nABQ1TKQyszMd6LC/y60v0dBu5KAaCSY/RhMrtAFFFLcuN3R74OZ63CoF+Rlhs01Z\n4bwvcSTzjPk/MC3SvoKUgpbMQr/sF1UMZik9cTMz1UEtgVAg5ntyvbXBdb3WpSk3\ncQYQWy0Rhj96I52Qi2DdlWutlEs/e7D2xMOoInii9pek1eEDwaUeaxed95BNME4l\nW/begop8DjCxXdJWoo8wAt6+C1JwifOtgKnonLynXptrhcvdxPY6tva117vgjWFG\njUHkMCGSlPKGi1JDR9EtHB6VjksMW/OvMkd93nyHohPQsnBqBM7WnFs/3fsceMTZ\nY8pUH01hh9BJcF+60ZeR+1k=\n-----END CERTIFICATE-----\n",
                "is_ca": false,
                "issuer": "CN=Amazon RSA 2048 M01,O=Amazon,C=US",
                "max_path_length": -1,
                "not_after": "2027-02-26T23:59:59Z",
                "not_before": "2026-01-28T00:00:00Z",
                "public_key_algorithm": "RSA",
                "serial_number": "4448545741469547945433478981278515773",
                "sha1_fingerprint": "8de95dee5dfc5266e4ffe1626e2105e1acc61c78",
                "signature_algorithm": "SHA256-RSA",
                "subject": "CN=*.eks.eu-west-1.amazonaws.com",
                "version": 3
              }
            ],
            "content": null,
            "id": "13102e0a8585014b9cde9ab0c4895b6972be2a09",
            "url": "https://oidc.eks.eu-west-1.amazonaws.com/id/CDD57A7C0381C563FDD6562B37FF0E6F",
            "verify_chain": true
          },
          "sensitive_attributes": [],
          "identity_schema_version": 0
        }
      ]
    },
    {
      "module": "module.eks_secondary.module.eks",
      "mode": "managed",
      "type": "aws_cloudwatch_log_group",
      "name": "this",
      "provider": "provider[\"registry.terraform.io/hashicorp/aws\"].secondary",
      "instances": [
        {
          "index_key": 0,
          "schema_version": 0,
          "attributes": {
            "arn": "arn:aws:logs:eu-west-1:643942183295:log-group:/aws/eks/aerolink-dev-secondary-cluster/cluster",
            "id": "/aws/eks/aerolink-dev-secondary-cluster/cluster",
            "kms_key_id": "",
            "log_group_class": "STANDARD",
            "name": "/aws/eks/aerolink-dev-secondary-cluster/cluster",
            "name_prefix": "",
            "retention_in_days": 90,
            "skip_destroy": false,
            "tags": {
              "Name": "/aws/eks/aerolink-dev-secondary-cluster/cluster"
            },
            "tags_all": {
              "Name": "/aws/eks/aerolink-dev-secondary-cluster/cluster"
            }
          },
          "sensitive_attributes": [],
          "identity_schema_version": 0,
          "private": "bnVsbA==",
          "create_before_destroy": true
        }
      ]
    },
    {
      "module": "module.eks_secondary.module.eks",
      "mode": "managed",
      "type": "aws_ec2_tag",
      "name": "cluster_primary_security_group",
      "provider": "provider[\"registry.terraform.io/hashicorp/aws\"].secondary",
      "instances": []
    },
    {
      "module": "module.eks_secondary.module.eks",
      "mode": "managed",
      "type": "aws_eks_access_entry",
      "name": "this",
      "provider": "provider[\"registry.terraform.io/hashicorp/aws\"].secondary",
      "instances": []
    },
    {
      "module": "module.eks_secondary.module.eks",
      "mode": "managed",
      "type": "aws_eks_access_policy_association",
      "name": "this",
      "provider": "provider[\"registry.terraform.io/hashicorp/aws\"].secondary",
      "instances": []
    },
    {
      "module": "module.eks_secondary.module.eks",
      "mode": "managed",
      "type": "aws_eks_addon",
      "name": "before_compute",
      "provider": "provider[\"registry.terraform.io/hashicorp/aws\"].secondary",
      "instances": []
    },
    {
      "module": "module.eks_secondary.module.eks",
      "mode": "managed",
      "type": "aws_eks_addon",
      "name": "this",
      "provider": "provider[\"registry.terraform.io/hashicorp/aws\"].secondary",
      "instances": []
    },
    {
      "module": "module.eks_secondary.module.eks",
      "mode": "managed",
      "type": "aws_eks_cluster",
      "name": "this",
      "provider": "provider[\"registry.terraform.io/hashicorp/aws\"].secondary",
      "instances": [
        {
          "index_key": 0,
          "schema_version": 1,
          "attributes": {
            "access_config": [
              {
                "authentication_mode": "API_AND_CONFIG_MAP",
                "bootstrap_cluster_creator_admin_permissions": false
              }
            ],
            "arn": "arn:aws:eks:eu-west-1:643942183295:cluster/aerolink-dev-secondary-cluster",
            "bootstrap_self_managed_addons": true,
            "certificate_authority": [
              {
                "data": "LS0tLS1CRUdJTiBDRVJUSUZJQ0FURS0tLS0tCk1JSURCVENDQWUyZ0F3SUJBZ0lJUGsxc0c0cEZFWVl3RFFZSktvWklodmNOQVFFTEJRQXdGVEVUTUJFR0ExVUUKQXhNS2EzVmlaWEp1WlhSbGN6QWVGdzB5TmpBMk1ERXhOek14TlRsYUZ3MHpOakExTWpreE56TTJOVGxhTUJVeApFekFSQmdOVkJBTVRDbXQxWW1WeWJtVjBaWE13Z2dFaU1BMEdDU3FHU0liM0RRRUJBUVVBQTRJQkR3QXdnZ0VLCkFvSUJBUURBa3NIbm9MTkxoNTI3QzVOS1pNT1l0ejVoNkZ6VzRVd1BTbk53VXptWkRvVElyV0pYZlpaQ2FWbzIKOTVyZ1BEd2J5aXk1eE9ENGZ2MmxJSUZBUzFUVjlmWHhzZkFGdnBhaGtoOGF4bklOZ3VtQVQ4MTRhRllMOUZWRwoyeFBPSCtDUUFtcUl2VzZJeHM0eGlaYm5aMHpZT0ZXYVNXdS9uTjBmRWllQTh1eDVYdEJmTEJwSmdiMGo0THNvCk9CQ3hkcDI4cENPOXhyNUUvYmdVZStpNWFBdjNtV2wvZkJlengzQ0JhQmdYU1ZBN1Y1SkNSYklsRUR2bGNaZ2sKM1IxeHQ4bWMxaXRyQXJad29DR2hHcDFsQ0FKZ0VwSnJ1eWV3MFZwWk5BdGo5d0NkWk44UVFrbGNUUXZJMGowTwpiZWpnNVVxNkhRVGNIMEtybHdvQXBobC83QVJIQWdNQkFBR2pXVEJYTUE0R0ExVWREd0VCL3dRRUF3SUNwREFQCkJnTlZIUk1CQWY4RUJUQURBUUgvTUIwR0ExVWREZ1FXQkJUamVHa2k2d3BOejlKQnNnOVcya3N5WWdBMHV6QVYKQmdOVkhSRUVEakFNZ2dwcmRXSmxjbTVsZEdWek1BMEdDU3FHU0liM0RRRUJDd1VBQTRJQkFRQjI3c003ajdEMApsVzhsNmp2SEVzWE1LR1p3Z0trRDltNVZuUHE4dWlPQkNST3pBQXFkeDFIQk5LRWEyQ214c08vcDFkeEgvQWlqCk5KZ3lSL1V3OXRxTVhFblpjbkF5aTR6S1FlQ3lRY0xwKzcxcDVUclZKTDJSNG5JTE5nd3VnVy9uaVFiMzh1YXAKQWNTWjdWVStua3RkQUU5Z3pSNWpldmpuYU9JUm5jeFN6SW01WWNYR1g2Nk14VmlTUDlZRTdNb2xhSkhzbTFibgpEamRsR1VENlErWC9PSlQ5Y3p5YnNNZDRvSXhpTEFIeFY3TEtmWXJHMXFpaUxRN3NnQXk1MXBKaVR0QklOZ1ViCnc2MkJIOTMyZlRrZzdRQ0VvQ294MkxzblBYeDJGUUw4RFMwOVZNb0JHUXB3S0NnWDNQNWhnQnlQaTVaTTZieEQKV3MzSXhUM09YdmFsCi0tLS0tRU5EIENFUlRJRklDQVRFLS0tLS0K"
              }
            ],
            "cluster_id": null,
            "compute_config": [],
            "created_at": "2026-06-01T17:32:59Z",
            "enabled_cluster_log_types": [
              "api",
              "audit",
              "authenticator"
            ],
            "encryption_config": [
              {
                "provider": [
                  {
                    "key_arn": "arn:aws:kms:eu-west-1:643942183295:key/be9f03b2-8bb7-4fb1-817f-72d5c5e37f9f"
                  }
                ],
                "resources": [
                  "secrets"
                ]
              }
            ],
            "endpoint": "https://CDD57A7C0381C563FDD6562B37FF0E6F.gr7.eu-west-1.eks.amazonaws.com",
            "force_update_version": null,
            "id": "aerolink-dev-secondary-cluster",
            "identity": [
              {
                "oidc": [
                  {
                    "issuer": "https://oidc.eks.eu-west-1.amazonaws.com/id/CDD57A7C0381C563FDD6562B37FF0E6F"
                  }
                ]
              }
            ],
            "kubernetes_network_config": [
              {
                "elastic_load_balancing": [
                  {
                    "enabled": false
                  }
                ],
                "ip_family": "ipv4",
                "service_ipv4_cidr": "172.20.0.0/16",
                "service_ipv6_cidr": ""
              }
            ],
            "name": "aerolink-dev-secondary-cluster",
            "outpost_config": [],
            "platform_version": "eks.68",
            "remote_network_config": [],
            "role_arn": "arn:aws:iam::643942183295:role/aerolink-dev-secondary-cluster-cluster",
            "status": "ACTIVE",
            "storage_config": [],
            "tags": {
              "terraform-aws-modules": "eks"
            },
            "tags_all": {
              "terraform-aws-modules": "eks"
            },
            "timeouts": {
              "create": null,
              "delete": null,
              "update": null
            },
            "upgrade_policy": [
              {
                "support_type": "EXTENDED"
              }
            ],
            "version": "1.30",
            "vpc_config": [
              {
                "cluster_security_group_id": "sg-0235e5923d07dadc1",
                "endpoint_private_access": true,
                "endpoint_public_access": true,
                "public_access_cidrs": [
                  "0.0.0.0/0"
                ],
                "security_group_ids": [
                  "sg-04056273171e6f322"
                ],
                "subnet_ids": [
                  "subnet-00338edba89287352",
                  "subnet-0ecfa332ac684d7e1"
                ],
                "vpc_id": "vpc-0c5e972b673c82c4a"
              }
            ],
            "zonal_shift_config": []
          },
          "sensitive_attributes": [],
          "identity_schema_version": 0,
          "private": "eyJlMmJmYjczMC1lY2FhLTExZTYtOGY4OC0zNDM2M2JjN2M0YzAiOnsiY3JlYXRlIjoxODAwMDAwMDAwMDAwLCJkZWxldGUiOjkwMDAwMDAwMDAwMCwidXBkYXRlIjozNjAwMDAwMDAwMDAwfSwic2NoZW1hX3ZlcnNpb24iOiIxIn0=",
          "dependencies": [
            "module.eks_secondary.module.eks.aws_cloudwatch_log_group.this",
            "module.eks_secondary.module.eks.aws_iam_policy.cni_ipv6_policy",
            "module.eks_secondary.module.eks.aws_iam_role.eks_auto",
            "module.eks_secondary.module.eks.aws_iam_role.this",
            "module.eks_secondary.module.eks.aws_iam_role_policy_attachment.this",
            "module.eks_secondary.module.eks.aws_security_group.cluster",
            "module.eks_secondary.module.eks.aws_security_group.node",
            "module.eks_secondary.module.eks.aws_security_group_rule.cluster",
            "module.eks_secondary.module.eks.aws_security_group_rule.node",
            "module.eks_secondary.module.eks.data.aws_caller_identity.current",
            "module.eks_secondary.module.eks.data.aws_iam_policy_document.assume_role_policy",
            "module.eks_secondary.module.eks.data.aws_iam_policy_document.cni_ipv6_policy",
            "module.eks_secondary.module.eks.data.aws_iam_policy_document.node_assume_role_policy",
            "module.eks_secondary.module.eks.data.aws_iam_session_context.current",
            "module.eks_secondary.module.eks.data.aws_partition.current",
            "module.eks_secondary.module.eks.module.kms.aws_kms_external_key.this",
            "module.eks_secondary.module.eks.module.kms.aws_kms_key.this",
            "module.eks_secondary.module.eks.module.kms.aws_kms_replica_external_key.this",
            "module.eks_secondary.module.eks.module.kms.aws_kms_replica_key.this",
            "module.eks_secondary.module.eks.module.kms.data.aws_caller_identity.current",
            "module.eks_secondary.module.eks.module.kms.data.aws_iam_policy_document.this",
            "module.eks_secondary.module.eks.module.kms.data.aws_partition.current",
            "module.vpc_secondary.data.aws_availability_zones.available",
            "module.vpc_secondary.module.vpc.aws_subnet.private",
            "module.vpc_secondary.module.vpc.aws_vpc.this",
            "module.vpc_secondary.module.vpc.aws_vpc_ipv4_cidr_block_association.this"
          ],
          "create_before_destroy": true
        }
      ]
    },
    {
      "module": "module.eks_secondary.module.eks",
      "mode": "managed",
      "type": "aws_eks_identity_provider_config",
      "name": "this",
      "provider": "provider[\"registry.terraform.io/hashicorp/aws\"].secondary",
      "instances": []
    },
    {
      "module": "module.eks_secondary.module.eks",
      "mode": "managed",
      "type": "aws_iam_openid_connect_provider",
      "name": "oidc_provider",
      "provider": "provider[\"registry.terraform.io/hashicorp/aws\"].secondary",
      "instances": [
        {
          "index_key": 0,
          "schema_version": 0,
          "attributes": {
            "arn": "arn:aws:iam::643942183295:oidc-provider/oidc.eks.eu-west-1.amazonaws.com/id/CDD57A7C0381C563FDD6562B37FF0E6F",
            "client_id_list": [
              "sts.amazonaws.com"
            ],
            "id": "arn:aws:iam::643942183295:oidc-provider/oidc.eks.eu-west-1.amazonaws.com/id/CDD57A7C0381C563FDD6562B37FF0E6F",
            "tags": {
              "Name": "aerolink-dev-secondary-cluster-eks-irsa"
            },
            "tags_all": {
              "Name": "aerolink-dev-secondary-cluster-eks-irsa"
            },
            "thumbprint_list": [
              "06b25927c42a721631c1efd9431e648fa62e1e39"
            ],
            "url": "oidc.eks.eu-west-1.amazonaws.com/id/CDD57A7C0381C563FDD6562B37FF0E6F"
          },
          "sensitive_attributes": [],
          "identity_schema_version": 0,
          "private": "bnVsbA==",
          "dependencies": [
            "module.eks_secondary.module.eks.aws_cloudwatch_log_group.this",
            "module.eks_secondary.module.eks.aws_eks_cluster.this",
            "module.eks_secondary.module.eks.aws_iam_policy.cni_ipv6_policy",
            "module.eks_secondary.module.eks.aws_iam_role.eks_auto",
            "module.eks_secondary.module.eks.aws_iam_role.this",
            "module.eks_secondary.module.eks.aws_iam_role_policy_attachment.this",
            "module.eks_secondary.module.eks.aws_security_group.cluster",
            "module.eks_secondary.module.eks.aws_security_group.node",
            "module.eks_secondary.module.eks.aws_security_group_rule.cluster",
            "module.eks_secondary.module.eks.aws_security_group_rule.node",
            "module.eks_secondary.module.eks.data.aws_caller_identity.current",
            "module.eks_secondary.module.eks.data.aws_iam_policy_document.assume_role_policy",
            "module.eks_secondary.module.eks.data.aws_iam_policy_document.cni_ipv6_policy",
            "module.eks_secondary.module.eks.data.aws_iam_policy_document.node_assume_role_policy",
            "module.eks_secondary.module.eks.data.aws_iam_session_context.current",
            "module.eks_secondary.module.eks.data.aws_partition.current",
            "module.eks_secondary.module.eks.data.tls_certificate.this",
            "module.eks_secondary.module.eks.module.kms.aws_kms_external_key.this",
            "module.eks_secondary.module.eks.module.kms.aws_kms_key.this",
            "module.eks_secondary.module.eks.module.kms.aws_kms_replica_external_key.this",
            "module.eks_secondary.module.eks.module.kms.aws_kms_replica_key.this",
            "module.eks_secondary.module.eks.module.kms.data.aws_caller_identity.current",
            "module.eks_secondary.module.eks.module.kms.data.aws_iam_policy_document.this",
            "module.eks_secondary.module.eks.module.kms.data.aws_partition.current",
            "module.vpc_secondary.data.aws_availability_zones.available",
            "module.vpc_secondary.module.vpc.aws_subnet.private",
            "module.vpc_secondary.module.vpc.aws_vpc.this",
            "module.vpc_secondary.module.vpc.aws_vpc_ipv4_cidr_block_association.this"
          ]
        }
      ]
    },
    {
      "module": "module.eks_secondary.module.eks",
      "mode": "managed",
      "type": "aws_iam_policy",
      "name": "cluster_encryption",
      "provider": "provider[\"registry.terraform.io/hashicorp/aws\"].secondary",
      "instances": [
        {
          "index_key": 0,
          "schema_version": 0,
          "attributes": {
            "arn": "arn:aws:iam::643942183295:policy/aerolink-dev-secondary-cluster-cluster-ClusterEncryption2026060117055694570000000d",
            "attachment_count": 1,
            "description": "Cluster encryption policy to allow cluster role to utilize CMK provided",
            "id": "arn:aws:iam::643942183295:policy/aerolink-dev-secondary-cluster-cluster-ClusterEncryption2026060117055694570000000d",
            "name": "aerolink-dev-secondary-cluster-cluster-ClusterEncryption2026060117055694570000000d",
            "name_prefix": "aerolink-dev-secondary-cluster-cluster-ClusterEncryption",
            "path": "/",
            "policy": "{\"Statement\":[{\"Action\":[\"kms:Encrypt\",\"kms:Decrypt\",\"kms:ListGrants\",\"kms:DescribeKey\"],\"Effect\":\"Allow\",\"Resource\":\"arn:aws:kms:eu-west-1:643942183295:key/be9f03b2-8bb7-4fb1-817f-72d5c5e37f9f\"}],\"Version\":\"2012-10-17\"}",
            "policy_id": "ANPAZL3PR6F76OC5CTUPI",
            "tags": {},
            "tags_all": {}
          },
          "sensitive_attributes": [],
          "identity_schema_version": 0,
          "private": "bnVsbA==",
          "dependencies": [
            "module.eks_secondary.module.eks.aws_iam_role.this",
            "module.eks_secondary.module.eks.data.aws_caller_identity.current",
            "module.eks_secondary.module.eks.data.aws_iam_policy_document.assume_role_policy",
            "module.eks_secondary.module.eks.data.aws_iam_session_context.current",
            "module.eks_secondary.module.eks.module.kms.aws_kms_external_key.this",
            "module.eks_secondary.module.eks.module.kms.aws_kms_key.this",
            "module.eks_secondary.module.eks.module.kms.aws_kms_replica_external_key.this",
            "module.eks_secondary.module.eks.module.kms.aws_kms_replica_key.this",
            "module.eks_secondary.module.eks.module.kms.data.aws_caller_identity.current",
            "module.eks_secondary.module.eks.module.kms.data.aws_iam_policy_document.this",
            "module.eks_secondary.module.eks.module.kms.data.aws_partition.current"
          ]
        }
      ]
    },
    {
      "module": "module.eks_secondary.module.eks",
      "mode": "managed",
      "type": "aws_iam_policy",
      "name": "cni_ipv6_policy",
      "provider": "provider[\"registry.terraform.io/hashicorp/aws\"].secondary",
      "instances": []
    },
    {
      "module": "module.eks_secondary.module.eks",
      "mode": "managed",
      "type": "aws_iam_policy",
      "name": "custom",
      "provider": "provider[\"registry.terraform.io/hashicorp/aws\"].secondary",
      "instances": [
        {
          "index_key": 0,
          "schema_version": 0,
          "attributes": {
            "arn": "arn:aws:iam::643942183295:policy/aerolink-dev-secondary-cluster-cluster",
            "attachment_count": 1,
            "description": "",
            "id": "arn:aws:iam::643942183295:policy/aerolink-dev-secondary-cluster-cluster",
            "name": "aerolink-dev-secondary-cluster-cluster",
            "name_prefix": "",
            "path": "/",
            "policy": "{\"Statement\":[{\"Action\":[\"ec2:RunInstances\",\"ec2:CreateLaunchTemplate\",\"ec2:CreateFleet\"],\"Condition\":{\"StringEquals\":{\"aws:RequestTag/eks:eks-cluster-name\":\"${aws:PrincipalTag/eks:eks-cluster-name}\"},\"StringLike\":{\"aws:RequestTag/eks:kubernetes-node-class-name\":\"*\",\"aws:RequestTag/eks:kubernetes-node-pool-name\":\"*\"}},\"Effect\":\"Allow\",\"Resource\":\"*\",\"Sid\":\"Compute\"},{\"Action\":[\"ec2:CreateVolume\",\"ec2:CreateSnapshot\"],\"Condition\":{\"StringEquals\":{\"aws:RequestTag/eks:eks-cluster-name\":\"${aws:PrincipalTag/eks:eks-cluster-name}\"}},\"Effect\":\"Allow\",\"Resource\":[\"arn:aws:ec2:*:*:volume/*\",\"arn:aws:ec2:*:*:snapshot/*\"],\"Sid\":\"Storage\"},{\"Action\":\"ec2:CreateNetworkInterface\",\"Condition\":{\"StringEquals\":{\"aws:RequestTag/eks:eks-cluster-name\":\"${aws:PrincipalTag/eks:eks-cluster-name}\",\"aws:RequestTag/eks:kubernetes-cni-node-name\":\"*\"}},\"Effect\":\"Allow\",\"Resource\":\"*\",\"Sid\":\"Networking\"},{\"Action\":[\"elasticloadbalancing:CreateTargetGroup\",\"elasticloadbalancing:CreateRule\",\"elasticloadbalancing:CreateLoadBalancer\",\"elasticloadbalancing:CreateListener\",\"ec2:CreateSecurityGroup\"],\"Condition\":{\"StringEquals\":{\"aws:RequestTag/eks:eks-cluster-name\":\"${aws:PrincipalTag/eks:eks-cluster-name}\"}},\"Effect\":\"Allow\",\"Resource\":\"*\",\"Sid\":\"LoadBalancer\"},{\"Action\":\"shield:CreateProtection\",\"Condition\":{\"StringEquals\":{\"aws:RequestTag/eks:eks-cluster-name\":\"${aws:PrincipalTag/eks:eks-cluster-name}\"}},\"Effect\":\"Allow\",\"Resource\":\"*\",\"Sid\":\"ShieldProtection\"},{\"Action\":\"shield:TagResource\",\"Condition\":{\"StringEquals\":{\"aws:RequestTag/eks:eks-cluster-name\":\"${aws:PrincipalTag/eks:eks-cluster-name}\"}},\"Effect\":\"Allow\",\"Resource\":\"arn:aws:shield::*:protection/*\",\"Sid\":\"ShieldTagResource\"}],\"Version\":\"2012-10-17\"}",
            "policy_id": "ANPAZL3PR6F76KAOAGDNI",
            "tags": {},
            "tags_all": {}
          },
          "sensitive_attributes": [],
          "identity_schema_version": 0,
          "private": "bnVsbA==",
          "dependencies": [
            "module.eks_secondary.module.eks.data.aws_iam_policy_document.custom",
            "module.eks_secondary.module.eks.data.aws_partition.current"
          ]
        }
      ]
    },
    {
      "module": "module.eks_secondary.module.eks",
      "mode": "managed",
      "type": "aws_iam_role",
      "name": "eks_auto",
      "provider": "provider[\"registry.terraform.io/hashicorp/aws\"].secondary",
      "instances": []
    },
    {
      "module": "module.eks_secondary.module.eks",
      "mode": "managed",
      "type": "aws_iam_role",
      "name": "this",
      "provider": "provider[\"registry.terraform.io/hashicorp/aws\"].secondary",
      "instances": [
        {
          "index_key": 0,
          "schema_version": 0,
          "attributes": {
            "arn": "arn:aws:iam::643942183295:role/aerolink-dev-secondary-cluster-cluster",
            "assume_role_policy": "{\"Statement\":[{\"Action\":[\"sts:TagSession\",\"sts:AssumeRole\"],\"Effect\":\"Allow\",\"Principal\":{\"Service\":\"eks.amazonaws.com\"},\"Sid\":\"EKSClusterAssumeRole\"}],\"Version\":\"2012-10-17\"}",
            "create_date": "2026-06-01T17:05:24Z",
            "description": "",
            "force_detach_policies": true,
            "id": "aerolink-dev-secondary-cluster-cluster",
            "inline_policy": [],
            "managed_policy_arns": [
              "arn:aws:iam::643942183295:policy/aerolink-dev-secondary-cluster-cluster",
              "arn:aws:iam::643942183295:policy/aerolink-dev-secondary-cluster-cluster-ClusterEncryption2026060117055694570000000d",
              "arn:aws:iam::aws:policy/AmazonEKSClusterPolicy",
              "arn:aws:iam::aws:policy/AmazonEKSVPCResourceController"
            ],
            "max_session_duration": 3600,
            "name": "aerolink-dev-secondary-cluster-cluster",
            "name_prefix": "",
            "path": "/",
            "permissions_boundary": "",
            "tags": {},
            "tags_all": {},
            "unique_id": "AROAZL3PR6F753CS5LD5T"
          },
          "sensitive_attributes": [],
          "identity_schema_version": 0,
          "private": "bnVsbA==",
          "dependencies": [
            "module.eks_secondary.module.eks.data.aws_iam_policy_document.assume_role_policy"
          ],
          "create_before_destroy": true
        }
      ]
    },
    {
      "module": "module.eks_secondary.module.eks",
      "mode": "managed",
      "type": "aws_iam_role_policy_attachment",
      "name": "additional",
      "provider": "provider[\"registry.terraform.io/hashicorp/aws\"].secondary",
      "instances": []
    },
    {
      "module": "module.eks_secondary.module.eks",
      "mode": "managed",
      "type": "aws_iam_role_policy_attachment",
      "name": "cluster_encryption",
      "provider": "provider[\"registry.terraform.io/hashicorp/aws\"].secondary",
      "instances": [
        {
          "index_key": 0,
          "schema_version": 0,
          "attributes": {
            "id": "aerolink-dev-secondary-cluster-cluster-2026060117060295490000000e",
            "policy_arn": "arn:aws:iam::643942183295:policy/aerolink-dev-secondary-cluster-cluster-ClusterEncryption2026060117055694570000000d",
            "role": "aerolink-dev-secondary-cluster-cluster"
          },
          "sensitive_attributes": [],
          "identity_schema_version": 0,
          "private": "bnVsbA==",
          "dependencies": [
            "module.eks_secondary.module.eks.aws_iam_policy.cluster_encryption",
            "module.eks_secondary.module.eks.aws_iam_role.this",
            "module.eks_secondary.module.eks.data.aws_caller_identity.current",
            "module.eks_secondary.module.eks.data.aws_iam_policy_document.assume_role_policy",
            "module.eks_secondary.module.eks.data.aws_iam_session_context.current",
            "module.eks_secondary.module.eks.module.kms.aws_kms_external_key.this",
            "module.eks_secondary.module.eks.module.kms.aws_kms_key.this",
            "module.eks_secondary.module.eks.module.kms.aws_kms_replica_external_key.this",
            "module.eks_secondary.module.eks.module.kms.aws_kms_replica_key.this",
            "module.eks_secondary.module.eks.module.kms.data.aws_caller_identity.current",
            "module.eks_secondary.module.eks.module.kms.data.aws_iam_policy_document.this",
            "module.eks_secondary.module.eks.module.kms.data.aws_partition.current"
          ]
        }
      ]
    },
    {
      "module": "module.eks_secondary.module.eks",
      "mode": "managed",
      "type": "aws_iam_role_policy_attachment",
      "name": "custom",
      "provider": "provider[\"registry.terraform.io/hashicorp/aws\"].secondary",
      "instances": [
        {
          "index_key": 0,
          "schema_version": 0,
          "attributes": {
            "id": "aerolink-dev-secondary-cluster-cluster-20260601170526689700000003",
            "policy_arn": "arn:aws:iam::643942183295:policy/aerolink-dev-secondary-cluster-cluster",
            "role": "aerolink-dev-secondary-cluster-cluster"
          },
          "sensitive_attributes": [],
          "identity_schema_version": 0,
          "private": "bnVsbA==",
          "dependencies": [
            "module.eks_secondary.module.eks.aws_iam_policy.custom",
            "module.eks_secondary.module.eks.aws_iam_role.this",
            "module.eks_secondary.module.eks.data.aws_iam_policy_document.assume_role_policy",
            "module.eks_secondary.module.eks.data.aws_iam_policy_document.custom",
            "module.eks_secondary.module.eks.data.aws_partition.current"
          ]
        }
      ]
    },
    {
      "module": "module.eks_secondary.module.eks",
      "mode": "managed",
      "type": "aws_iam_role_policy_attachment",
      "name": "eks_auto",
      "provider": "provider[\"registry.terraform.io/hashicorp/aws\"].secondary",
      "instances": []
    },
    {
      "module": "module.eks_secondary.module.eks",
      "mode": "managed",
      "type": "aws_iam_role_policy_attachment",
      "name": "eks_auto_additional",
      "provider": "provider[\"registry.terraform.io/hashicorp/aws\"].secondary",
      "instances": []
    },
    {
      "module": "module.eks_secondary.module.eks",
      "mode": "managed",
      "type": "aws_iam_role_policy_attachment",
      "name": "this",
      "provider": "provider[\"registry.terraform.io/hashicorp/aws\"].secondary",
      "instances": [
        {
          "index_key": "AmazonEKSClusterPolicy",
          "schema_version": 0,
          "attributes": {
            "id": "aerolink-dev-secondary-cluster-cluster-20260601170526033400000002",
            "policy_arn": "arn:aws:iam::aws:policy/AmazonEKSClusterPolicy",
            "role": "aerolink-dev-secondary-cluster-cluster"
          },
          "sensitive_attributes": [],
          "identity_schema_version": 0,
          "private": "bnVsbA==",
          "dependencies": [
            "module.eks_secondary.module.eks.aws_iam_role.this",
            "module.eks_secondary.module.eks.data.aws_iam_policy_document.assume_role_policy",
            "module.eks_secondary.module.eks.data.aws_partition.current"
          ],
          "create_before_destroy": true
        },
        {
          "index_key": "AmazonEKSVPCResourceController",
          "schema_version": 0,
          "attributes": {
            "id": "aerolink-dev-secondary-cluster-cluster-20260601170527177500000004",
            "policy_arn": "arn:aws:iam::aws:policy/AmazonEKSVPCResourceController",
            "role": "aerolink-dev-secondary-cluster-cluster"
          },
          "sensitive_attributes": [],
          "identity_schema_version": 0,
          "private": "bnVsbA==",
          "dependencies": [
            "module.eks_secondary.module.eks.aws_iam_role.this",
            "module.eks_secondary.module.eks.data.aws_iam_policy_document.assume_role_policy",
            "module.eks_secondary.module.eks.data.aws_partition.current"
          ],
          "create_before_destroy": true
        }
      ]
    },
    {
      "module": "module.eks_secondary.module.eks",
      "mode": "managed",
      "type": "aws_security_group",
      "name": "cluster",
      "provider": "provider[\"registry.terraform.io/hashicorp/aws\"].secondary",
      "instances": [
        {
          "index_key": 0,
          "schema_version": 1,
          "attributes": {
            "arn": "arn:aws:ec2:eu-west-1:643942183295:security-group/sg-04056273171e6f322",
            "description": "EKS cluster security group",
            "egress": [],
            "id": "sg-04056273171e6f322",
            "ingress": [
              {
                "cidr_blocks": [],
                "description": "Node groups to cluster API",
                "from_port": 443,
                "ipv6_cidr_blocks": [],
                "prefix_list_ids": [],
                "protocol": "tcp",
                "security_groups": [
                  "sg-0b4ed4351689003ad"
                ],
                "self": false,
                "to_port": 443
              }
            ],
            "name": "aerolink-dev-secondary-cluster-cluster-2026060117053974200000000b",
            "name_prefix": "aerolink-dev-secondary-cluster-cluster-",
            "owner_id": "643942183295",
            "revoke_rules_on_delete": false,
            "tags": {
              "Name": "aerolink-dev-secondary-cluster-cluster"
            },
            "tags_all": {
              "Name": "aerolink-dev-secondary-cluster-cluster"
            },
            "timeouts": null,
            "vpc_id": "vpc-0c5e972b673c82c4a"
          },
          "sensitive_attributes": [],
          "identity_schema_version": 0,
          "private": "eyJlMmJmYjczMC1lY2FhLTExZTYtOGY4OC0zNDM2M2JjN2M0YzAiOnsiY3JlYXRlIjo2MDAwMDAwMDAwMDAsImRlbGV0ZSI6OTAwMDAwMDAwMDAwfSwic2NoZW1hX3ZlcnNpb24iOiIxIn0=",
          "dependencies": [
            "module.vpc_secondary.module.vpc.aws_vpc.this"
          ],
          "create_before_destroy": true
        }
      ]
    },
    {
      "module": "module.eks_secondary.module.eks",
      "mode": "managed",
      "type": "aws_security_group",
      "name": "node",
      "provider": "provider[\"registry.terraform.io/hashicorp/aws\"].secondary",
      "instances": [
        {
          "index_key": 0,
          "schema_version": 1,
          "attributes": {
            "arn": "arn:aws:ec2:eu-west-1:643942183295:security-group/sg-0b4ed4351689003ad",
            "description": "EKS node shared security group",
            "egress": [
              {
                "cidr_blocks": [
                  "0.0.0.0/0"
                ],
                "description": "Allow all egress",
                "from_port": 0,
                "ipv6_cidr_blocks": [],
                "prefix_list_ids": [],
                "protocol": "-1",
                "security_groups": [],
                "self": false,
                "to_port": 0
              }
            ],
            "id": "sg-0b4ed4351689003ad",
            "ingress": [
              {
                "cidr_blocks": [],
                "description": "Allow API server to reach Istio webhook",
                "from_port": 15017,
                "ipv6_cidr_blocks": [],
                "prefix_list_ids": [],
                "protocol": "tcp",
                "security_groups": [
                  "sg-04056273171e6f322"
                ],
                "self": false,
                "to_port": 15017
              },
              {
                "cidr_blocks": [],
                "description": "Cluster API to node 4443/tcp webhook",
                "from_port": 4443,
                "ipv6_cidr_blocks": [],
                "prefix_list_ids": [],
                "protocol": "tcp",
                "security_groups": [
                  "sg-04056273171e6f322"
                ],
                "self": false,
                "to_port": 4443
              },
              {
                "cidr_blocks": [],
                "description": "Cluster API to node 6443/tcp webhook",
                "from_port": 6443,
                "ipv6_cidr_blocks": [],
                "prefix_list_ids": [],
                "protocol": "tcp",
                "security_groups": [
                  "sg-04056273171e6f322"
                ],
                "self": false,
                "to_port": 6443
              },
              {
                "cidr_blocks": [],
                "description": "Cluster API to node 8443/tcp webhook",
                "from_port": 8443,
                "ipv6_cidr_blocks": [],
                "prefix_list_ids": [],
                "protocol": "tcp",
                "security_groups": [
                  "sg-04056273171e6f322"
                ],
                "self": false,
                "to_port": 8443
              },
              {
                "cidr_blocks": [],
                "description": "Cluster API to node 9443/tcp webhook",
                "from_port": 9443,
                "ipv6_cidr_blocks": [],
                "prefix_list_ids": [],
                "protocol": "tcp",
                "security_groups": [
                  "sg-04056273171e6f322"
                ],
                "self": false,
                "to_port": 9443
              },
              {
                "cidr_blocks": [],
                "description": "Cluster API to node groups",
                "from_port": 443,
                "ipv6_cidr_blocks": [],
                "prefix_list_ids": [],
                "protocol": "tcp",
                "security_groups": [
                  "sg-04056273171e6f322"
                ],
                "self": false,
                "to_port": 443
              },
              {
                "cidr_blocks": [],
                "description": "Cluster API to node kubelets",
                "from_port": 10250,
                "ipv6_cidr_blocks": [],
                "prefix_list_ids": [],
                "protocol": "tcp",
                "security_groups": [
                  "sg-04056273171e6f322"
                ],
                "self": false,
                "to_port": 10250
              },
              {
                "cidr_blocks": [],
                "description": "Node to node CoreDNS UDP",
                "from_port": 53,
                "ipv6_cidr_blocks": [],
                "prefix_list_ids": [],
                "protocol": "udp",
                "security_groups": [],
                "self": true,
                "to_port": 53
              },
              {
                "cidr_blocks": [],
                "description": "Node to node CoreDNS",
                "from_port": 53,
                "ipv6_cidr_blocks": [],
                "prefix_list_ids": [],
                "protocol": "tcp",
                "security_groups": [],
                "self": true,
                "to_port": 53
              },
              {
                "cidr_blocks": [],
                "description": "Node to node ingress on ephemeral ports",
                "from_port": 1025,
                "ipv6_cidr_blocks": [],
                "prefix_list_ids": [],
                "protocol": "tcp",
                "security_groups": [],
                "self": true,
                "to_port": 65535
              }
            ],
            "name": "aerolink-dev-secondary-cluster-node-2026060117053974200000000c",
            "name_prefix": "aerolink-dev-secondary-cluster-node-",
            "owner_id": "643942183295",
            "revoke_rules_on_delete": false,
            "tags": {
              "Name": "aerolink-dev-secondary-cluster-node",
              "kubernetes.io/cluster/aerolink-dev-secondary-cluster": "owned"
            },
            "tags_all": {
              "Name": "aerolink-dev-secondary-cluster-node",
              "kubernetes.io/cluster/aerolink-dev-secondary-cluster": "owned"
            },
            "timeouts": null,
            "vpc_id": "vpc-0c5e972b673c82c4a"
          },
          "sensitive_attributes": [],
          "identity_schema_version": 0,
          "private": "eyJlMmJmYjczMC1lY2FhLTExZTYtOGY4OC0zNDM2M2JjN2M0YzAiOnsiY3JlYXRlIjo2MDAwMDAwMDAwMDAsImRlbGV0ZSI6OTAwMDAwMDAwMDAwfSwic2NoZW1hX3ZlcnNpb24iOiIxIn0=",
          "dependencies": [
            "module.vpc_secondary.module.vpc.aws_vpc.this"
          ],
          "create_before_destroy": true
        }
      ]
    },
    {
      "module": "module.eks_secondary.module.eks",
      "mode": "managed",
      "type": "aws_security_group_rule",
      "name": "cluster",
      "provider": "provider[\"registry.terraform.io/hashicorp/aws\"].secondary",
      "instances": [
        {
          "index_key": "ingress_nodes_443",
          "schema_version": 2,
          "attributes": {
            "cidr_blocks": null,
            "description": "Node groups to cluster API",
            "from_port": 443,
            "id": "sgrule-594189473",
            "ipv6_cidr_blocks": null,
            "prefix_list_ids": null,
            "protocol": "tcp",
            "security_group_id": "sg-04056273171e6f322",
            "security_group_rule_id": "sgr-0592d9788a49fc96d",
            "self": false,
            "source_security_group_id": "sg-0b4ed4351689003ad",
            "timeouts": null,
            "to_port": 443,
            "type": "ingress"
          },
          "sensitive_attributes": [],
          "identity_schema_version": 0,
          "private": "eyJlMmJmYjczMC1lY2FhLTExZTYtOGY4OC0zNDM2M2JjN2M0YzAiOnsiY3JlYXRlIjozMDAwMDAwMDAwMDB9LCJzY2hlbWFfdmVyc2lvbiI6IjIifQ==",
          "dependencies": [
            "module.eks_secondary.module.eks.aws_security_group.cluster",
            "module.eks_secondary.module.eks.aws_security_group.node",
            "module.vpc_secondary.module.vpc.aws_vpc.this"
          ],
          "create_before_destroy": true
        }
      ]
    },
    {
      "module": "module.eks_secondary.module.eks",
      "mode": "managed",
      "type": "aws_security_group_rule",
      "name": "node",
      "provider": "provider[\"registry.terraform.io/hashicorp/aws\"].secondary",
      "instances": [
        {
          "index_key": "egress_all",
          "schema_version": 2,
          "attributes": {
            "cidr_blocks": [
              "0.0.0.0/0"
            ],
            "description": "Allow all egress",
            "from_port": 0,
            "id": "sgrule-2701905935",
            "ipv6_cidr_blocks": null,
            "prefix_list_ids": [],
            "protocol": "-1",
            "security_group_id": "sg-0b4ed4351689003ad",
            "security_group_rule_id": "sgr-0f92b2fcb13e9ea47",
            "self": false,
            "source_security_group_id": null,
            "timeouts": null,
            "to_port": 0,
            "type": "egress"
          },
          "sensitive_attributes": [],
          "identity_schema_version": 0,
          "private": "eyJlMmJmYjczMC1lY2FhLTExZTYtOGY4OC0zNDM2M2JjN2M0YzAiOnsiY3JlYXRlIjozMDAwMDAwMDAwMDB9LCJzY2hlbWFfdmVyc2lvbiI6IjIifQ==",
          "dependencies": [
            "module.eks_secondary.module.eks.aws_security_group.cluster",
            "module.eks_secondary.module.eks.aws_security_group.node",
            "module.vpc_secondary.module.vpc.aws_vpc.this"
          ],
          "create_before_destroy": true
        },
        {
          "index_key": "ingress_cluster_443",
          "schema_version": 2,
          "attributes": {
            "cidr_blocks": null,
            "description": "Cluster API to node groups",
            "from_port": 443,
            "id": "sgrule-2823544718",
            "ipv6_cidr_blocks": null,
            "prefix_list_ids": [],
            "protocol": "tcp",
            "security_group_id": "sg-0b4ed4351689003ad",
            "security_group_rule_id": "sgr-093ec9c59dc5f9a87",
            "self": false,
            "source_security_group_id": "sg-04056273171e6f322",
            "timeouts": null,
            "to_port": 443,
            "type": "ingress"
          },
          "sensitive_attributes": [],
          "identity_schema_version": 0,
          "private": "eyJlMmJmYjczMC1lY2FhLTExZTYtOGY4OC0zNDM2M2JjN2M0YzAiOnsiY3JlYXRlIjozMDAwMDAwMDAwMDB9LCJzY2hlbWFfdmVyc2lvbiI6IjIifQ==",
          "dependencies": [
            "module.eks_secondary.module.eks.aws_security_group.cluster",
            "module.eks_secondary.module.eks.aws_security_group.node",
            "module.vpc_secondary.module.vpc.aws_vpc.this"
          ],
          "create_before_destroy": true
        },
        {
          "index_key": "ingress_cluster_4443_webhook",
          "schema_version": 2,
          "attributes": {
            "cidr_blocks": null,
            "description": "Cluster API to node 4443/tcp webhook",
            "from_port": 4443,
            "id": "sgrule-3154751189",
            "ipv6_cidr_blocks": null,
            "prefix_list_ids": [],
            "protocol": "tcp",
            "security_group_id": "sg-0b4ed4351689003ad",
            "security_group_rule_id": "sgr-0a1c5c68ee05d66ae",
            "self": false,
            "source_security_group_id": "sg-04056273171e6f322",
            "timeouts": null,
            "to_port": 4443,
            "type": "ingress"
          },
          "sensitive_attributes": [],
          "identity_schema_version": 0,
          "private": "eyJlMmJmYjczMC1lY2FhLTExZTYtOGY4OC0zNDM2M2JjN2M0YzAiOnsiY3JlYXRlIjozMDAwMDAwMDAwMDB9LCJzY2hlbWFfdmVyc2lvbiI6IjIifQ==",
          "dependencies": [
            "module.eks_secondary.module.eks.aws_security_group.cluster",
            "module.eks_secondary.module.eks.aws_security_group.node",
            "module.vpc_secondary.module.vpc.aws_vpc.this"
          ],
          "create_before_destroy": true
        },
        {
          "index_key": "ingress_cluster_6443_webhook",
          "schema_version": 2,
          "attributes": {
            "cidr_blocks": null,
            "description": "Cluster API to node 6443/tcp webhook",
            "from_port": 6443,
            "id": "sgrule-1967900995",
            "ipv6_cidr_blocks": null,
            "prefix_list_ids": [],
            "protocol": "tcp",
            "security_group_id": "sg-0b4ed4351689003ad",
            "security_group_rule_id": "sgr-0760b25aade808b54",
            "self": false,
            "source_security_group_id": "sg-04056273171e6f322",
            "timeouts": null,
            "to_port": 6443,
            "type": "ingress"
          },
          "sensitive_attributes": [],
          "identity_schema_version": 0,
          "private": "eyJlMmJmYjczMC1lY2FhLTExZTYtOGY4OC0zNDM2M2JjN2M0YzAiOnsiY3JlYXRlIjozMDAwMDAwMDAwMDB9LCJzY2hlbWFfdmVyc2lvbiI6IjIifQ==",
          "dependencies": [
            "module.eks_secondary.module.eks.aws_security_group.cluster",
            "module.eks_secondary.module.eks.aws_security_group.node",
            "module.vpc_secondary.module.vpc.aws_vpc.this"
          ],
          "create_before_destroy": true
        },
        {
          "index_key": "ingress_cluster_8443_webhook",
          "schema_version": 2,
          "attributes": {
            "cidr_blocks": null,
            "description": "Cluster API to node 8443/tcp webhook",
            "from_port": 8443,
            "id": "sgrule-1712846178",
            "ipv6_cidr_blocks": null,
            "prefix_list_ids": [],
            "protocol": "tcp",
            "security_group_id": "sg-0b4ed4351689003ad",
            "security_group_rule_id": "sgr-0610380a6d94eb5eb",
            "self": false,
            "source_security_group_id": "sg-04056273171e6f322",
            "timeouts": null,
            "to_port": 8443,
            "type": "ingress"
          },
          "sensitive_attributes": [],
          "identity_schema_version": 0,
          "private": "eyJlMmJmYjczMC1lY2FhLTExZTYtOGY4OC0zNDM2M2JjN2M0YzAiOnsiY3JlYXRlIjozMDAwMDAwMDAwMDB9LCJzY2hlbWFfdmVyc2lvbiI6IjIifQ==",
          "dependencies": [
            "module.eks_secondary.module.eks.aws_security_group.cluster",
            "module.eks_secondary.module.eks.aws_security_group.node",
            "module.vpc_secondary.module.vpc.aws_vpc.this"
          ],
          "create_before_destroy": true
        },
        {
          "index_key": "ingress_cluster_9443_webhook",
          "schema_version": 2,
          "attributes": {
            "cidr_blocks": null,
            "description": "Cluster API to node 9443/tcp webhook",
            "from_port": 9443,
            "id": "sgrule-45532841",
            "ipv6_cidr_blocks": null,
            "prefix_list_ids": [],
            "protocol": "tcp",
            "security_group_id": "sg-0b4ed4351689003ad",
            "security_group_rule_id": "sgr-0f6f9011a4dce5fc5",
            "self": false,
            "source_security_group_id": "sg-04056273171e6f322",
            "timeouts": null,
            "to_port": 9443,
            "type": "ingress"
          },
          "sensitive_attributes": [],
          "identity_schema_version": 0,
          "private": "eyJlMmJmYjczMC1lY2FhLTExZTYtOGY4OC0zNDM2M2JjN2M0YzAiOnsiY3JlYXRlIjozMDAwMDAwMDAwMDB9LCJzY2hlbWFfdmVyc2lvbiI6IjIifQ==",
          "dependencies": [
            "module.eks_secondary.module.eks.aws_security_group.cluster",
            "module.eks_secondary.module.eks.aws_security_group.node",
            "module.vpc_secondary.module.vpc.aws_vpc.this"
          ],
          "create_before_destroy": true
        },
        {
          "index_key": "ingress_cluster_kubelet",
          "schema_version": 2,
          "attributes": {
            "cidr_blocks": null,
            "description": "Cluster API to node kubelets",
            "from_port": 10250,
            "id": "sgrule-2032314412",
            "ipv6_cidr_blocks": null,
            "prefix_list_ids": [],
            "protocol": "tcp",
            "security_group_id": "sg-0b4ed4351689003ad",
            "security_group_rule_id": "sgr-0ba994be106cee548",
            "self": false,
            "source_security_group_id": "sg-04056273171e6f322",
            "timeouts": null,
            "to_port": 10250,
            "type": "ingress"
          },
          "sensitive_attributes": [],
          "identity_schema_version": 0,
          "private": "eyJlMmJmYjczMC1lY2FhLTExZTYtOGY4OC0zNDM2M2JjN2M0YzAiOnsiY3JlYXRlIjozMDAwMDAwMDAwMDB9LCJzY2hlbWFfdmVyc2lvbiI6IjIifQ==",
          "dependencies": [
            "module.eks_secondary.module.eks.aws_security_group.cluster",
            "module.eks_secondary.module.eks.aws_security_group.node",
            "module.vpc_secondary.module.vpc.aws_vpc.this"
          ],
          "create_before_destroy": true
        },
        {
          "index_key": "ingress_istio_webhook",
          "schema_version": 2,
          "attributes": {
            "cidr_blocks": null,
            "description": "Allow API server to reach Istio webhook",
            "from_port": 15017,
            "id": "sgrule-637583341",
            "ipv6_cidr_blocks": null,
            "prefix_list_ids": [],
            "protocol": "tcp",
            "security_group_id": "sg-0b4ed4351689003ad",
            "security_group_rule_id": "sgr-06a71e25d5ad4f300",
            "self": false,
            "source_security_group_id": "sg-04056273171e6f322",
            "timeouts": null,
            "to_port": 15017,
            "type": "ingress"
          },
          "sensitive_attributes": [],
          "identity_schema_version": 0,
          "private": "eyJlMmJmYjczMC1lY2FhLTExZTYtOGY4OC0zNDM2M2JjN2M0YzAiOnsiY3JlYXRlIjozMDAwMDAwMDAwMDB9LCJzY2hlbWFfdmVyc2lvbiI6IjIifQ==",
          "dependencies": [
            "module.eks_secondary.module.eks.aws_security_group.cluster",
            "module.eks_secondary.module.eks.aws_security_group.node",
            "module.vpc_secondary.module.vpc.aws_vpc.this"
          ],
          "create_before_destroy": true
        },
        {
          "index_key": "ingress_nodes_ephemeral",
          "schema_version": 2,
          "attributes": {
            "cidr_blocks": null,
            "description": "Node to node ingress on ephemeral ports",
            "from_port": 1025,
            "id": "sgrule-1471420132",
            "ipv6_cidr_blocks": null,
            "prefix_list_ids": [],
            "protocol": "tcp",
            "security_group_id": "sg-0b4ed4351689003ad",
            "security_group_rule_id": "sgr-0b014889ca951a269",
            "self": true,
            "source_security_group_id": null,
            "timeouts": null,
            "to_port": 65535,
            "type": "ingress"
          },
          "sensitive_attributes": [],
          "identity_schema_version": 0,
          "private": "eyJlMmJmYjczMC1lY2FhLTExZTYtOGY4OC0zNDM2M2JjN2M0YzAiOnsiY3JlYXRlIjozMDAwMDAwMDAwMDB9LCJzY2hlbWFfdmVyc2lvbiI6IjIifQ==",
          "dependencies": [
            "module.eks_secondary.module.eks.aws_security_group.cluster",
            "module.eks_secondary.module.eks.aws_security_group.node",
            "module.vpc_secondary.module.vpc.aws_vpc.this"
          ],
          "create_before_destroy": true
        },
        {
          "index_key": "ingress_self_coredns_tcp",
          "schema_version": 2,
          "attributes": {
            "cidr_blocks": null,
            "description": "Node to node CoreDNS",
            "from_port": 53,
            "id": "sgrule-3973418602",
            "ipv6_cidr_blocks": null,
            "prefix_list_ids": [],
            "protocol": "tcp",
            "security_group_id": "sg-0b4ed4351689003ad",
            "security_group_rule_id": "sgr-09977c418d1d5f13c",
            "self": true,
            "source_security_group_id": null,
            "timeouts": null,
            "to_port": 53,
            "type": "ingress"
          },
          "sensitive_attributes": [],
          "identity_schema_version": 0,
          "private": "eyJlMmJmYjczMC1lY2FhLTExZTYtOGY4OC0zNDM2M2JjN2M0YzAiOnsiY3JlYXRlIjozMDAwMDAwMDAwMDB9LCJzY2hlbWFfdmVyc2lvbiI6IjIifQ==",
          "dependencies": [
            "module.eks_secondary.module.eks.aws_security_group.cluster",
            "module.eks_secondary.module.eks.aws_security_group.node",
            "module.vpc_secondary.module.vpc.aws_vpc.this"
          ],
          "create_before_destroy": true
        },
        {
          "index_key": "ingress_self_coredns_udp",
          "schema_version": 2,
          "attributes": {
            "cidr_blocks": null,
            "description": "Node to node CoreDNS UDP",
            "from_port": 53,
            "id": "sgrule-1217015173",
            "ipv6_cidr_blocks": null,
            "prefix_list_ids": [],
            "protocol": "udp",
            "security_group_id": "sg-0b4ed4351689003ad",
            "security_group_rule_id": "sgr-0323953ff5ad1493f",
            "self": true,
            "source_security_group_id": null,
            "timeouts": null,
            "to_port": 53,
            "type": "ingress"
          },
          "sensitive_attributes": [],
          "identity_schema_version": 0,
          "private": "eyJlMmJmYjczMC1lY2FhLTExZTYtOGY4OC0zNDM2M2JjN2M0YzAiOnsiY3JlYXRlIjozMDAwMDAwMDAwMDB9LCJzY2hlbWFfdmVyc2lvbiI6IjIifQ==",
          "dependencies": [
            "module.eks_secondary.module.eks.aws_security_group.cluster",
            "module.eks_secondary.module.eks.aws_security_group.node",
            "module.vpc_secondary.module.vpc.aws_vpc.this"
          ],
          "create_before_destroy": true
        }
      ]
    },
    {
      "module": "module.eks_secondary.module.eks",
      "mode": "managed",
      "type": "time_sleep",
      "name": "this",
      "provider": "provider[\"registry.terraform.io/hashicorp/time\"]",
      "instances": [
        {
          "index_key": 0,
          "schema_version": 0,
          "attributes": {
            "create_duration": "30s",
            "destroy_duration": null,
            "id": "2026-06-01T17:41:48Z",
            "triggers": {
              "cluster_certificate_authority_data": "LS0tLS1CRUdJTiBDRVJUSUZJQ0FURS0tLS0tCk1JSURCVENDQWUyZ0F3SUJBZ0lJUGsxc0c0cEZFWVl3RFFZSktvWklodmNOQVFFTEJRQXdGVEVUTUJFR0ExVUUKQXhNS2EzVmlaWEp1WlhSbGN6QWVGdzB5TmpBMk1ERXhOek14TlRsYUZ3MHpOakExTWpreE56TTJOVGxhTUJVeApFekFSQmdOVkJBTVRDbXQxWW1WeWJtVjBaWE13Z2dFaU1BMEdDU3FHU0liM0RRRUJBUVVBQTRJQkR3QXdnZ0VLCkFvSUJBUURBa3NIbm9MTkxoNTI3QzVOS1pNT1l0ejVoNkZ6VzRVd1BTbk53VXptWkRvVElyV0pYZlpaQ2FWbzIKOTVyZ1BEd2J5aXk1eE9ENGZ2MmxJSUZBUzFUVjlmWHhzZkFGdnBhaGtoOGF4bklOZ3VtQVQ4MTRhRllMOUZWRwoyeFBPSCtDUUFtcUl2VzZJeHM0eGlaYm5aMHpZT0ZXYVNXdS9uTjBmRWllQTh1eDVYdEJmTEJwSmdiMGo0THNvCk9CQ3hkcDI4cENPOXhyNUUvYmdVZStpNWFBdjNtV2wvZkJlengzQ0JhQmdYU1ZBN1Y1SkNSYklsRUR2bGNaZ2sKM1IxeHQ4bWMxaXRyQXJad29DR2hHcDFsQ0FKZ0VwSnJ1eWV3MFZwWk5BdGo5d0NkWk44UVFrbGNUUXZJMGowTwpiZWpnNVVxNkhRVGNIMEtybHdvQXBobC83QVJIQWdNQkFBR2pXVEJYTUE0R0ExVWREd0VCL3dRRUF3SUNwREFQCkJnTlZIUk1CQWY4RUJUQURBUUgvTUIwR0ExVWREZ1FXQkJUamVHa2k2d3BOejlKQnNnOVcya3N5WWdBMHV6QVYKQmdOVkhSRUVEakFNZ2dwcmRXSmxjbTVsZEdWek1BMEdDU3FHU0liM0RRRUJDd1VBQTRJQkFRQjI3c003ajdEMApsVzhsNmp2SEVzWE1LR1p3Z0trRDltNVZuUHE4dWlPQkNST3pBQXFkeDFIQk5LRWEyQ214c08vcDFkeEgvQWlqCk5KZ3lSL1V3OXRxTVhFblpjbkF5aTR6S1FlQ3lRY0xwKzcxcDVUclZKTDJSNG5JTE5nd3VnVy9uaVFiMzh1YXAKQWNTWjdWVStua3RkQUU5Z3pSNWpldmpuYU9JUm5jeFN6SW01WWNYR1g2Nk14VmlTUDlZRTdNb2xhSkhzbTFibgpEamRsR1VENlErWC9PSlQ5Y3p5YnNNZDRvSXhpTEFIeFY3TEtmWXJHMXFpaUxRN3NnQXk1MXBKaVR0QklOZ1ViCnc2MkJIOTMyZlRrZzdRQ0VvQ294MkxzblBYeDJGUUw4RFMwOVZNb0JHUXB3S0NnWDNQNWhnQnlQaTVaTTZieEQKV3MzSXhUM09YdmFsCi0tLS0tRU5EIENFUlRJRklDQVRFLS0tLS0K",
              "cluster_endpoint": "https://CDD57A7C0381C563FDD6562B37FF0E6F.gr7.eu-west-1.eks.amazonaws.com",
              "cluster_name": "aerolink-dev-secondary-cluster",
              "cluster_service_cidr": "172.20.0.0/16",
              "cluster_version": "1.30"
            }
          },
          "sensitive_attributes": [],
          "identity_schema_version": 0,
          "dependencies": [
            "module.eks_secondary.module.eks.aws_cloudwatch_log_group.this",
            "module.eks_secondary.module.eks.aws_eks_cluster.this",
            "module.eks_secondary.module.eks.aws_iam_policy.cni_ipv6_policy",
            "module.eks_secondary.module.eks.aws_iam_role.eks_auto",
            "module.eks_secondary.module.eks.aws_iam_role.this",
            "module.eks_secondary.module.eks.aws_iam_role_policy_attachment.this",
            "module.eks_secondary.module.eks.aws_security_group.cluster",
            "module.eks_secondary.module.eks.aws_security_group.node",
            "module.eks_secondary.module.eks.aws_security_group_rule.cluster",
            "module.eks_secondary.module.eks.aws_security_group_rule.node",
            "module.eks_secondary.module.eks.data.aws_caller_identity.current",
            "module.eks_secondary.module.eks.data.aws_iam_policy_document.assume_role_policy",
            "module.eks_secondary.module.eks.data.aws_iam_policy_document.cni_ipv6_policy",
            "module.eks_secondary.module.eks.data.aws_iam_policy_document.node_assume_role_policy",
            "module.eks_secondary.module.eks.data.aws_iam_session_context.current",
            "module.eks_secondary.module.eks.data.aws_partition.current",
            "module.eks_secondary.module.eks.module.kms.aws_kms_external_key.this",
            "module.eks_secondary.module.eks.module.kms.aws_kms_key.this",
            "module.eks_secondary.module.eks.module.kms.aws_kms_replica_external_key.this",
            "module.eks_secondary.module.eks.module.kms.aws_kms_replica_key.this",
            "module.eks_secondary.module.eks.module.kms.data.aws_caller_identity.current",
            "module.eks_secondary.module.eks.module.kms.data.aws_iam_policy_document.this",
            "module.eks_secondary.module.eks.module.kms.data.aws_partition.current",
            "module.vpc_secondary.data.aws_availability_zones.available",
            "module.vpc_secondary.module.vpc.aws_subnet.private",
            "module.vpc_secondary.module.vpc.aws_vpc.this",
            "module.vpc_secondary.module.vpc.aws_vpc_ipv4_cidr_block_association.this"
          ],
          "create_before_destroy": true
        }
      ]
    },
    {
      "module": "module.eks_secondary.module.eks.module.eks_managed_node_group[\"spot_nodes\"]",
      "mode": "data",
      "type": "aws_caller_identity",
      "name": "current",
      "provider": "provider[\"registry.terraform.io/hashicorp/aws\"].secondary",
      "instances": [
        {
          "schema_version": 0,
          "attributes": {
            "account_id": "643942183295",
            "arn": "arn:aws:iam::643942183295:user/AeroLink-Admin",
            "id": "643942183295",
            "user_id": "AIDAZL3PR6F7VCE32XCQY"
          },
          "sensitive_attributes": [],
          "identity_schema_version": 0
        }
      ]
    },
    {
      "module": "module.eks_secondary.module.eks.module.eks_managed_node_group[\"spot_nodes\"]",
      "mode": "data",
      "type": "aws_ec2_instance_type",
      "name": "this",
      "provider": "provider[\"registry.terraform.io/hashicorp/aws\"].secondary",
      "instances": []
    },
    {
      "module": "module.eks_secondary.module.eks.module.eks_managed_node_group[\"spot_nodes\"]",
      "mode": "data",
      "type": "aws_ec2_instance_type_offerings",
      "name": "this",
      "provider": "provider[\"registry.terraform.io/hashicorp/aws\"].secondary",
      "instances": []
    },
    {
      "module": "module.eks_secondary.module.eks.module.eks_managed_node_group[\"spot_nodes\"]",
      "mode": "data",
      "type": "aws_iam_policy_document",
      "name": "assume_role_policy",
      "provider": "provider[\"registry.terraform.io/hashicorp/aws\"].secondary",
      "instances": [
        {
          "index_key": 0,
          "schema_version": 0,
          "attributes": {
            "id": "2560088296",
            "json": "{\n  \"Version\": \"2012-10-17\",\n  \"Statement\": [\n    {\n      \"Sid\": \"EKSNodeAssumeRole\",\n      \"Effect\": \"Allow\",\n      \"Action\": \"sts:AssumeRole\",\n      \"Principal\": {\n        \"Service\": \"ec2.amazonaws.com\"\n      }\n    }\n  ]\n}",
            "minified_json": "{\"Version\":\"2012-10-17\",\"Statement\":[{\"Sid\":\"EKSNodeAssumeRole\",\"Effect\":\"Allow\",\"Action\":\"sts:AssumeRole\",\"Principal\":{\"Service\":\"ec2.amazonaws.com\"}}]}",
            "override_json": null,
            "override_policy_documents": null,
            "policy_id": null,
            "source_json": null,
            "source_policy_documents": null,
            "statement": [
              {
                "actions": [
                  "sts:AssumeRole"
                ],
                "condition": [],
                "effect": "Allow",
                "not_actions": [],
                "not_principals": [],
                "not_resources": [],
                "principals": [
                  {
                    "identifiers": [
                      "ec2.amazonaws.com"
                    ],
                    "type": "Service"
                  }
                ],
                "resources": [],
                "sid": "EKSNodeAssumeRole"
              }
            ],
            "version": "2012-10-17"
          },
          "sensitive_attributes": [],
          "identity_schema_version": 0
        }
      ]
    },
    {
      "module": "module.eks_secondary.module.eks.module.eks_managed_node_group[\"spot_nodes\"]",
      "mode": "data",
      "type": "aws_iam_policy_document",
      "name": "role",
      "provider": "provider[\"registry.terraform.io/hashicorp/aws\"].secondary",
      "instances": []
    },
    {
      "module": "module.eks_secondary.module.eks.module.eks_managed_node_group[\"spot_nodes\"]",
      "mode": "data",
      "type": "aws_partition",
      "name": "current",
      "provider": "provider[\"registry.terraform.io/hashicorp/aws\"].secondary",
      "instances": [
        {
          "schema_version": 0,
          "attributes": {
            "dns_suffix": "amazonaws.com",
            "id": "aws",
            "partition": "aws",
            "reverse_dns_prefix": "com.amazonaws"
          },
          "sensitive_attributes": [],
          "identity_schema_version": 0
        }
      ]
    },
    {
      "module": "module.eks_secondary.module.eks.module.eks_managed_node_group[\"spot_nodes\"]",
      "mode": "data",
      "type": "aws_ssm_parameter",
      "name": "ami",
      "provider": "provider[\"registry.terraform.io/hashicorp/aws\"].secondary",
      "instances": []
    },
    {
      "module": "module.eks_secondary.module.eks.module.eks_managed_node_group[\"spot_nodes\"]",
      "mode": "data",
      "type": "aws_subnets",
      "name": "placement_group",
      "provider": "provider[\"registry.terraform.io/hashicorp/aws\"].secondary",
      "instances": []
    },
    {
      "module": "module.eks_secondary.module.eks.module.eks_managed_node_group[\"spot_nodes\"]",
      "mode": "managed",
      "type": "aws_autoscaling_schedule",
      "name": "this",
      "provider": "provider[\"registry.terraform.io/hashicorp/aws\"].secondary",
      "instances": []
    },
    {
      "module": "module.eks_secondary.module.eks.module.eks_managed_node_group[\"spot_nodes\"]",
      "mode": "managed",
      "type": "aws_eks_node_group",
      "name": "this",
      "provider": "provider[\"registry.terraform.io/hashicorp/aws\"].secondary",
      "instances": [
        {
          "index_key": 0,
          "schema_version": 0,
          "attributes": {
            "ami_type": "AL2023_x86_64_STANDARD",
            "arn": "arn:aws:eks:eu-west-1:643942183295:nodegroup/aerolink-dev-secondary-cluster/spot_nodes-20260601174156581500000004/cacf4223-9504-f8fa-2a50-e1fae4e1fb80",
            "capacity_type": "SPOT",
            "cluster_name": "aerolink-dev-secondary-cluster",
            "disk_size": 0,
            "force_update_version": null,
            "id": "aerolink-dev-secondary-cluster:spot_nodes-20260601174156581500000004",
            "instance_types": [
              "t3.large"
            ],
            "labels": null,
            "launch_template": [
              {
                "id": "lt-0b7419f3f386dabb9",
                "name": "spot_nodes-20260601174148995300000002",
                "version": "1"
              }
            ],
            "node_group_name": "spot_nodes-20260601174156581500000004",
            "node_group_name_prefix": "spot_nodes-",
            "node_repair_config": [],
            "node_role_arn": "arn:aws:iam::643942183295:role/spot_nodes-eks-node-group-20260601170523214500000001",
            "release_version": "1.30.14-20260527",
            "remote_access": [],
            "resources": [
              {
                "autoscaling_groups": [
                  {
                    "name": "eks-spot_nodes-20260601174156581500000004-cacf4223-9504-f8fa-2a50-e1fae4e1fb80"
                  }
                ],
                "remote_access_security_group_id": ""
              }
            ],
            "scaling_config": [
              {
                "desired_size": 3,
                "max_size": 5,
                "min_size": 2
              }
            ],
            "status": "ACTIVE",
            "subnet_ids": [
              "subnet-00338edba89287352",
              "subnet-0ecfa332ac684d7e1"
            ],
            "tags": {
              "Name": "spot_nodes"
            },
            "tags_all": {
              "Name": "spot_nodes"
            },
            "taint": [],
            "timeouts": {
              "create": null,
              "delete": null,
              "update": null
            },
            "update_config": [
              {
                "max_unavailable": 0,
                "max_unavailable_percentage": 33
              }
            ],
            "version": "1.30"
          },
          "sensitive_attributes": [],
          "identity_schema_version": 0,
          "private": "eyJlMmJmYjczMC1lY2FhLTExZTYtOGY4OC0zNDM2M2JjN2M0YzAiOnsiY3JlYXRlIjozNjAwMDAwMDAwMDAwLCJkZWxldGUiOjM2MDAwMDAwMDAwMDAsInVwZGF0ZSI6MzYwMDAwMDAwMDAwMH19",
          "dependencies": [
            "module.eks_secondary.module.eks.aws_cloudwatch_log_group.this",
            "module.eks_secondary.module.eks.aws_eks_cluster.this",
            "module.eks_secondary.module.eks.aws_iam_policy.cni_ipv6_policy",
            "module.eks_secondary.module.eks.aws_iam_role.eks_auto",
            "module.eks_secondary.module.eks.aws_iam_role.this",
            "module.eks_secondary.module.eks.aws_iam_role_policy_attachment.this",
            "module.eks_secondary.module.eks.aws_security_group.cluster",
            "module.eks_secondary.module.eks.aws_security_group.node",
            "module.eks_secondary.module.eks.aws_security_group_rule.cluster",
            "module.eks_secondary.module.eks.aws_security_group_rule.node",
            "module.eks_secondary.module.eks.data.aws_caller_identity.current",
            "module.eks_secondary.module.eks.data.aws_iam_policy_document.assume_role_policy",
            "module.eks_secondary.module.eks.data.aws_iam_policy_document.cni_ipv6_policy",
            "module.eks_secondary.module.eks.data.aws_iam_policy_document.node_assume_role_policy",
            "module.eks_secondary.module.eks.data.aws_iam_session_context.current",
            "module.eks_secondary.module.eks.data.aws_partition.current",
            "module.eks_secondary.module.eks.module.eks_managed_node_group.aws_iam_role.this",
            "module.eks_secondary.module.eks.module.eks_managed_node_group.aws_iam_role_policy_attachment.additional",
            "module.eks_secondary.module.eks.module.eks_managed_node_group.aws_iam_role_policy_attachment.this",
            "module.eks_secondary.module.eks.module.eks_managed_node_group.aws_launch_template.this",
            "module.eks_secondary.module.eks.module.eks_managed_node_group.aws_placement_group.this",
            "module.eks_secondary.module.eks.module.eks_managed_node_group.data.aws_caller_identity.current",
            "module.eks_secondary.module.eks.module.eks_managed_node_group.data.aws_ec2_instance_type.this",
            "module.eks_secondary.module.eks.module.eks_managed_node_group.data.aws_ec2_instance_type_offerings.this",
            "module.eks_secondary.module.eks.module.eks_managed_node_group.data.aws_iam_policy_document.assume_role_policy",
            "module.eks_secondary.module.eks.module.eks_managed_node_group.data.aws_partition.current",
            "module.eks_secondary.module.eks.module.eks_managed_node_group.data.aws_ssm_parameter.ami",
            "module.eks_secondary.module.eks.module.eks_managed_node_group.data.aws_subnets.placement_group",
            "module.eks_secondary.module.eks.module.eks_managed_node_group.module.user_data.data.cloudinit_config.al2023_eks_managed_node_group",
            "module.eks_secondary.module.eks.module.eks_managed_node_group.module.user_data.data.cloudinit_config.linux_eks_managed_node_group",
            "module.eks_secondary.module.eks.module.kms.aws_kms_external_key.this",
            "module.eks_secondary.module.eks.module.kms.aws_kms_key.this",
            "module.eks_secondary.module.eks.module.kms.aws_kms_replica_external_key.this",
            "module.eks_secondary.module.eks.module.kms.aws_kms_replica_key.this",
            "module.eks_secondary.module.eks.module.kms.data.aws_caller_identity.current",
            "module.eks_secondary.module.eks.module.kms.data.aws_iam_policy_document.this",
            "module.eks_secondary.module.eks.module.kms.data.aws_partition.current",
            "module.eks_secondary.module.eks.time_sleep.this",
            "module.vpc_secondary.data.aws_availability_zones.available",
            "module.vpc_secondary.module.vpc.aws_subnet.private",
            "module.vpc_secondary.module.vpc.aws_vpc.this",
            "module.vpc_secondary.module.vpc.aws_vpc_ipv4_cidr_block_association.this"
          ],
          "create_before_destroy": true
        }
      ]
    },
    {
      "module": "module.eks_secondary.module.eks.module.eks_managed_node_group[\"spot_nodes\"]",
      "mode": "managed",
      "type": "aws_iam_role",
      "name": "this",
      "provider": "provider[\"registry.terraform.io/hashicorp/aws\"].secondary",
      "instances": [
        {
          "index_key": 0,
          "schema_version": 0,
          "attributes": {
            "arn": "arn:aws:iam::643942183295:role/spot_nodes-eks-node-group-20260601170523214500000001",
            "assume_role_policy": "{\"Statement\":[{\"Action\":\"sts:AssumeRole\",\"Effect\":\"Allow\",\"Principal\":{\"Service\":\"ec2.amazonaws.com\"},\"Sid\":\"EKSNodeAssumeRole\"}],\"Version\":\"2012-10-17\"}",
            "create_date": "2026-06-01T17:05:24Z",
            "description": "EKS managed node group IAM role",
            "force_detach_policies": true,
            "id": "spot_nodes-eks-node-group-20260601170523214500000001",
            "inline_policy": [],
            "managed_policy_arns": [
              "arn:aws:iam::aws:policy/AdministratorAccess",
              "arn:aws:iam::aws:policy/AmazonEC2ContainerRegistryReadOnly",
              "arn:aws:iam::aws:policy/AmazonEKSWorkerNodePolicy",
              "arn:aws:iam::aws:policy/AmazonEKS_CNI_Policy"
            ],
            "max_session_duration": 3600,
            "name": "spot_nodes-eks-node-group-20260601170523214500000001",
            "name_prefix": "spot_nodes-eks-node-group-",
            "path": "/",
            "permissions_boundary": "",
            "tags": {},
            "tags_all": {},
            "unique_id": "AROAZL3PR6F73ARJGPSIQ"
          },
          "sensitive_attributes": [],
          "identity_schema_version": 0,
          "private": "bnVsbA==",
          "dependencies": [
            "module.eks_secondary.module.eks.module.eks_managed_node_group.data.aws_iam_policy_document.assume_role_policy"
          ],
          "create_before_destroy": true
        }
      ]
    },
    {
      "module": "module.eks_secondary.module.eks.module.eks_managed_node_group[\"spot_nodes\"]",
      "mode": "managed",
      "type": "aws_iam_role_policy",
      "name": "this",
      "provider": "provider[\"registry.terraform.io/hashicorp/aws\"].secondary",
      "instances": []
    },
    {
      "module": "module.eks_secondary.module.eks.module.eks_managed_node_group[\"spot_nodes\"]",
      "mode": "managed",
      "type": "aws_iam_role_policy_attachment",
      "name": "additional",
      "provider": "provider[\"registry.terraform.io/hashicorp/aws\"].secondary",
      "instances": [
        {
          "index_key": "AdministratorAccess",
          "schema_version": 0,
          "attributes": {
            "id": "spot_nodes-eks-node-group-20260601170523214500000001-20260601170527262300000005",
            "policy_arn": "arn:aws:iam::aws:policy/AdministratorAccess",
            "role": "spot_nodes-eks-node-group-20260601170523214500000001"
          },
          "sensitive_attributes": [],
          "identity_schema_version": 0,
          "private": "bnVsbA==",
          "dependencies": [
            "module.eks_secondary.module.eks.module.eks_managed_node_group.aws_iam_role.this",
            "module.eks_secondary.module.eks.module.eks_managed_node_group.data.aws_iam_policy_document.assume_role_policy"
          ],
          "create_before_destroy": true
        }
      ]
    },
    {
      "module": "module.eks_secondary.module.eks.module.eks_managed_node_group[\"spot_nodes\"]",
      "mode": "managed",
      "type": "aws_iam_role_policy_attachment",
      "name": "this",
      "provider": "provider[\"registry.terraform.io/hashicorp/aws\"].secondary",
      "instances": [
        {
          "index_key": "AmazonEC2ContainerRegistryReadOnly",
          "schema_version": 0,
          "attributes": {
            "id": "spot_nodes-eks-node-group-20260601170523214500000001-20260601170527330300000006",
            "policy_arn": "arn:aws:iam::aws:policy/AmazonEC2ContainerRegistryReadOnly",
            "role": "spot_nodes-eks-node-group-20260601170523214500000001"
          },
          "sensitive_attributes": [],
          "identity_schema_version": 0,
          "private": "bnVsbA==",
          "dependencies": [
            "module.eks_secondary.module.eks.module.eks_managed_node_group.aws_iam_role.this",
            "module.eks_secondary.module.eks.module.eks_managed_node_group.data.aws_caller_identity.current",
            "module.eks_secondary.module.eks.module.eks_managed_node_group.data.aws_iam_policy_document.assume_role_policy",
            "module.eks_secondary.module.eks.module.eks_managed_node_group.data.aws_partition.current"
          ],
          "create_before_destroy": true
        },
        {
          "index_key": "AmazonEKSWorkerNodePolicy",
          "schema_version": 0,
          "attributes": {
            "id": "spot_nodes-eks-node-group-20260601170523214500000001-20260601170527532100000007",
            "policy_arn": "arn:aws:iam::aws:policy/AmazonEKSWorkerNodePolicy",
            "role": "spot_nodes-eks-node-group-20260601170523214500000001"
          },
          "sensitive_attributes": [],
          "identity_schema_version": 0,
          "private": "bnVsbA==",
          "dependencies": [
            "module.eks_secondary.module.eks.module.eks_managed_node_group.aws_iam_role.this",
            "module.eks_secondary.module.eks.module.eks_managed_node_group.data.aws_caller_identity.current",
            "module.eks_secondary.module.eks.module.eks_managed_node_group.data.aws_iam_policy_document.assume_role_policy",
            "module.eks_secondary.module.eks.module.eks_managed_node_group.data.aws_partition.current"
          ],
          "create_before_destroy": true
        },
        {
          "index_key": "AmazonEKS_CNI_Policy",
          "schema_version": 0,
          "attributes": {
            "id": "spot_nodes-eks-node-group-20260601170523214500000001-20260601170527660400000008",
            "policy_arn": "arn:aws:iam::aws:policy/AmazonEKS_CNI_Policy",
            "role": "spot_nodes-eks-node-group-20260601170523214500000001"
          },
          "sensitive_attributes": [],
          "identity_schema_version": 0,
          "private": "bnVsbA==",
          "dependencies": [
            "module.eks_secondary.module.eks.module.eks_managed_node_group.aws_iam_role.this",
            "module.eks_secondary.module.eks.module.eks_managed_node_group.data.aws_caller_identity.current",
            "module.eks_secondary.module.eks.module.eks_managed_node_group.data.aws_iam_policy_document.assume_role_policy",
            "module.eks_secondary.module.eks.module.eks_managed_node_group.data.aws_partition.current"
          ],
          "create_before_destroy": true
        }
      ]
    },
    {
      "module": "module.eks_secondary.module.eks.module.eks_managed_node_group[\"spot_nodes\"]",
      "mode": "managed",
      "type": "aws_launch_template",
      "name": "this",
      "provider": "provider[\"registry.terraform.io/hashicorp/aws\"].secondary",
      "instances": [
        {
          "index_key": 0,
          "schema_version": 0,
          "attributes": {
            "arn": "arn:aws:ec2:eu-west-1:643942183295:launch-template/lt-0b7419f3f386dabb9",
            "block_device_mappings": [],
            "capacity_reservation_specification": [],
            "cpu_options": [],
            "credit_specification": [],
            "default_version": 1,
            "description": "Custom launch template for spot_nodes EKS managed node group",
            "disable_api_stop": false,
            "disable_api_termination": false,
            "ebs_optimized": "",
            "elastic_gpu_specifications": [],
            "elastic_inference_accelerator": [],
            "enclave_options": [],
            "hibernation_options": [],
            "iam_instance_profile": [],
            "id": "lt-0b7419f3f386dabb9",
            "image_id": "",
            "instance_initiated_shutdown_behavior": "",
            "instance_market_options": [],
            "instance_requirements": [],
            "instance_type": "",
            "kernel_id": "",
            "key_name": "",
            "latest_version": 1,
            "license_specification": [],
            "maintenance_options": [],
            "metadata_options": [
              {
                "http_endpoint": "enabled",
                "http_protocol_ipv6": "",
                "http_put_response_hop_limit": 2,
                "http_tokens": "required",
                "instance_metadata_tags": ""
              }
            ],
            "monitoring": [
              {
                "enabled": true
              }
            ],
            "name": "spot_nodes-20260601174148995300000002",
            "name_prefix": "spot_nodes-",
            "network_interfaces": [],
            "placement": [],
            "private_dns_name_options": [],
            "ram_disk_id": "",
            "security_group_names": null,
            "tag_specifications": [
              {
                "resource_type": "instance",
                "tags": {
                  "Name": "spot_nodes"
                }
              },
              {
                "resource_type": "network-interface",
                "tags": {
                  "Name": "spot_nodes"
                }
              },
              {
                "resource_type": "volume",
                "tags": {
                  "Name": "spot_nodes"
                }
              }
            ],
            "tags": null,
            "tags_all": {},
            "update_default_version": true,
            "user_data": "",
            "vpc_security_group_ids": [
              "sg-0b4ed4351689003ad"
            ]
          },
          "sensitive_attributes": [],
          "identity_schema_version": 0,
          "private": "bnVsbA==",
          "dependencies": [
            "module.eks_secondary.module.eks.aws_cloudwatch_log_group.this",
            "module.eks_secondary.module.eks.aws_eks_cluster.this",
            "module.eks_secondary.module.eks.aws_iam_policy.cni_ipv6_policy",
            "module.eks_secondary.module.eks.aws_iam_role.eks_auto",
            "module.eks_secondary.module.eks.aws_iam_role.this",
            "module.eks_secondary.module.eks.aws_iam_role_policy_attachment.this",
            "module.eks_secondary.module.eks.aws_security_group.cluster",
            "module.eks_secondary.module.eks.aws_security_group.node",
            "module.eks_secondary.module.eks.aws_security_group_rule.cluster",
            "module.eks_secondary.module.eks.aws_security_group_rule.node",
            "module.eks_secondary.module.eks.data.aws_caller_identity.current",
            "module.eks_secondary.module.eks.data.aws_iam_policy_document.assume_role_policy",
            "module.eks_secondary.module.eks.data.aws_iam_policy_document.cni_ipv6_policy",
            "module.eks_secondary.module.eks.data.aws_iam_policy_document.node_assume_role_policy",
            "module.eks_secondary.module.eks.data.aws_iam_session_context.current",
            "module.eks_secondary.module.eks.data.aws_partition.current",
            "module.eks_secondary.module.eks.module.eks_managed_node_group.aws_iam_role.this",
            "module.eks_secondary.module.eks.module.eks_managed_node_group.aws_iam_role_policy_attachment.additional",
            "module.eks_secondary.module.eks.module.eks_managed_node_group.aws_iam_role_policy_attachment.this",
            "module.eks_secondary.module.eks.module.eks_managed_node_group.aws_placement_group.this",
            "module.eks_secondary.module.eks.module.eks_managed_node_group.data.aws_caller_identity.current",
            "module.eks_secondary.module.eks.module.eks_managed_node_group.data.aws_ec2_instance_type.this",
            "module.eks_secondary.module.eks.module.eks_managed_node_group.data.aws_iam_policy_document.assume_role_policy",
            "module.eks_secondary.module.eks.module.eks_managed_node_group.data.aws_partition.current",
            "module.eks_secondary.module.eks.module.eks_managed_node_group.module.user_data.data.cloudinit_config.al2023_eks_managed_node_group",
            "module.eks_secondary.module.eks.module.eks_managed_node_group.module.user_data.data.cloudinit_config.linux_eks_managed_node_group",
            "module.eks_secondary.module.eks.module.kms.aws_kms_external_key.this",
            "module.eks_secondary.module.eks.module.kms.aws_kms_key.this",
            "module.eks_secondary.module.eks.module.kms.aws_kms_replica_external_key.this",
            "module.eks_secondary.module.eks.module.kms.aws_kms_replica_key.this",
            "module.eks_secondary.module.eks.module.kms.data.aws_caller_identity.current",
            "module.eks_secondary.module.eks.module.kms.data.aws_iam_policy_document.this",
            "module.eks_secondary.module.eks.module.kms.data.aws_partition.current",
            "module.eks_secondary.module.eks.time_sleep.this",
            "module.vpc_secondary.data.aws_availability_zones.available",
            "module.vpc_secondary.module.vpc.aws_subnet.private",
            "module.vpc_secondary.module.vpc.aws_vpc.this",
            "module.vpc_secondary.module.vpc.aws_vpc_ipv4_cidr_block_association.this"
          ],
          "create_before_destroy": true
        }
      ]
    },
    {
      "module": "module.eks_secondary.module.eks.module.eks_managed_node_group[\"spot_nodes\"]",
      "mode": "managed",
      "type": "aws_placement_group",
      "name": "this",
      "provider": "provider[\"registry.terraform.io/hashicorp/aws\"].secondary",
      "instances": []
    },
    {
      "module": "module.eks_secondary.module.eks.module.eks_managed_node_group[\"spot_nodes\"].module.user_data",
      "mode": "data",
      "type": "cloudinit_config",
      "name": "al2023_eks_managed_node_group",
      "provider": "provider[\"registry.terraform.io/hashicorp/cloudinit\"]",
      "instances": []
    },
    {
      "module": "module.eks_secondary.module.eks.module.eks_managed_node_group[\"spot_nodes\"].module.user_data",
      "mode": "data",
      "type": "cloudinit_config",
      "name": "linux_eks_managed_node_group",
      "provider": "provider[\"registry.terraform.io/hashicorp/cloudinit\"]",
      "instances": []
    },
    {
      "module": "module.eks_secondary.module.eks.module.eks_managed_node_group[\"spot_nodes\"].module.user_data",
      "mode": "managed",
      "type": "null_resource",
      "name": "validate_cluster_service_cidr",
      "provider": "provider[\"registry.terraform.io/hashicorp/null\"]",
      "instances": [
        {
          "schema_version": 0,
          "attributes": {
            "id": "2583681324810144533",
            "triggers": null
          },
          "sensitive_attributes": [],
          "identity_schema_version": 0,
          "dependencies": [
            "module.eks_secondary.module.eks.aws_cloudwatch_log_group.this",
            "module.eks_secondary.module.eks.aws_eks_cluster.this",
            "module.eks_secondary.module.eks.aws_iam_policy.cni_ipv6_policy",
            "module.eks_secondary.module.eks.aws_iam_role.eks_auto",
            "module.eks_secondary.module.eks.aws_iam_role.this",
            "module.eks_secondary.module.eks.aws_iam_role_policy_attachment.this",
            "module.eks_secondary.module.eks.aws_security_group.cluster",
            "module.eks_secondary.module.eks.aws_security_group.node",
            "module.eks_secondary.module.eks.aws_security_group_rule.cluster",
            "module.eks_secondary.module.eks.aws_security_group_rule.node",
            "module.eks_secondary.module.eks.data.aws_caller_identity.current",
            "module.eks_secondary.module.eks.data.aws_iam_policy_document.assume_role_policy",
            "module.eks_secondary.module.eks.data.aws_iam_policy_document.cni_ipv6_policy",
            "module.eks_secondary.module.eks.data.aws_iam_policy_document.node_assume_role_policy",
            "module.eks_secondary.module.eks.data.aws_iam_session_context.current",
            "module.eks_secondary.module.eks.data.aws_partition.current",
            "module.eks_secondary.module.eks.module.kms.aws_kms_external_key.this",
            "module.eks_secondary.module.eks.module.kms.aws_kms_key.this",
            "module.eks_secondary.module.eks.module.kms.aws_kms_replica_external_key.this",
            "module.eks_secondary.module.eks.module.kms.aws_kms_replica_key.this",
            "module.eks_secondary.module.eks.module.kms.data.aws_caller_identity.current",
            "module.eks_secondary.module.eks.module.kms.data.aws_iam_policy_document.this",
            "module.eks_secondary.module.eks.module.kms.data.aws_partition.current",
            "module.eks_secondary.module.eks.time_sleep.this",
            "module.vpc_secondary.data.aws_availability_zones.available",
            "module.vpc_secondary.module.vpc.aws_subnet.private",
            "module.vpc_secondary.module.vpc.aws_vpc.this",
            "module.vpc_secondary.module.vpc.aws_vpc_ipv4_cidr_block_association.this"
          ]
        }
      ]
    },
    {
      "module": "module.eks_secondary.module.eks.module.kms",
      "mode": "data",
      "type": "aws_caller_identity",
      "name": "current",
      "provider": "provider[\"registry.terraform.io/hashicorp/aws\"].secondary",
      "instances": [
        {
          "index_key": 0,
          "schema_version": 0,
          "attributes": {
            "account_id": "643942183295",
            "arn": "arn:aws:iam::643942183295:user/AeroLink-Admin",
            "id": "643942183295",
            "user_id": "AIDAZL3PR6F7VCE32XCQY"
          },
          "sensitive_attributes": [],
          "identity_schema_version": 0
        }
      ]
    },
    {
      "module": "module.eks_secondary.module.eks.module.kms",
      "mode": "data",
      "type": "aws_iam_policy_document",
      "name": "this",
      "provider": "provider[\"registry.terraform.io/hashicorp/aws\"].secondary",
      "instances": [
        {
          "index_key": 0,
          "schema_version": 0,
          "attributes": {
            "id": "3186350771",
            "json": "{\n  \"Version\": \"2012-10-17\",\n  \"Statement\": [\n    {\n      \"Sid\": \"Default\",\n      \"Effect\": \"Allow\",\n      \"Action\": \"kms:*\",\n      \"Resource\": \"*\",\n      \"Principal\": {\n        \"AWS\": \"arn:aws:iam::643942183295:root\"\n      }\n    },\n    {\n      \"Sid\": \"KeyAdministration\",\n      \"Effect\": \"Allow\",\n      \"Action\": [\n        \"kms:Update*\",\n        \"kms:UntagResource\",\n        \"kms:TagResource\",\n        \"kms:ScheduleKeyDeletion\",\n        \"kms:Revoke*\",\n        \"kms:ReplicateKey\",\n        \"kms:Put*\",\n        \"kms:List*\",\n        \"kms:ImportKeyMaterial\",\n        \"kms:Get*\",\n        \"kms:Enable*\",\n        \"kms:Disable*\",\n        \"kms:Describe*\",\n        \"kms:Delete*\",\n        \"kms:Create*\",\n        \"kms:CancelKeyDeletion\"\n      ],\n      \"Resource\": \"*\",\n      \"Principal\": {\n        \"AWS\": \"arn:aws:iam::643942183295:user/AeroLink-Admin\"\n      }\n    },\n    {\n      \"Sid\": \"KeyUsage\",\n      \"Effect\": \"Allow\",\n      \"Action\": [\n        \"kms:ReEncrypt*\",\n        \"kms:GenerateDataKey*\",\n        \"kms:Encrypt\",\n        \"kms:DescribeKey\",\n        \"kms:Decrypt\"\n      ],\n      \"Resource\": \"*\",\n      \"Principal\": {\n        \"AWS\": \"arn:aws:iam::643942183295:role/aerolink-dev-secondary-cluster-cluster\"\n      }\n    }\n  ]\n}",
            "minified_json": "{\"Version\":\"2012-10-17\",\"Statement\":[{\"Sid\":\"Default\",\"Effect\":\"Allow\",\"Action\":\"kms:*\",\"Resource\":\"*\",\"Principal\":{\"AWS\":\"arn:aws:iam::643942183295:root\"}},{\"Sid\":\"KeyAdministration\",\"Effect\":\"Allow\",\"Action\":[\"kms:Update*\",\"kms:UntagResource\",\"kms:TagResource\",\"kms:ScheduleKeyDeletion\",\"kms:Revoke*\",\"kms:ReplicateKey\",\"kms:Put*\",\"kms:List*\",\"kms:ImportKeyMaterial\",\"kms:Get*\",\"kms:Enable*\",\"kms:Disable*\",\"kms:Describe*\",\"kms:Delete*\",\"kms:Create*\",\"kms:CancelKeyDeletion\"],\"Resource\":\"*\",\"Principal\":{\"AWS\":\"arn:aws:iam::643942183295:user/AeroLink-Admin\"}},{\"Sid\":\"KeyUsage\",\"Effect\":\"Allow\",\"Action\":[\"kms:ReEncrypt*\",\"kms:GenerateDataKey*\",\"kms:Encrypt\",\"kms:DescribeKey\",\"kms:Decrypt\"],\"Resource\":\"*\",\"Principal\":{\"AWS\":\"arn:aws:iam::643942183295:role/aerolink-dev-secondary-cluster-cluster\"}}]}",
            "override_json": null,
            "override_policy_documents": null,
            "policy_id": null,
            "source_json": null,
            "source_policy_documents": null,
            "statement": [
              {
                "actions": [
                  "kms:*"
                ],
                "condition": [],
                "effect": "Allow",
                "not_actions": [],
                "not_principals": [],
                "not_resources": [],
                "principals": [
                  {
                    "identifiers": [
                      "arn:aws:iam::643942183295:root"
                    ],
                    "type": "AWS"
                  }
                ],
                "resources": [
                  "*"
                ],
                "sid": "Default"
              },
              {
                "actions": [
                  "kms:CancelKeyDeletion",
                  "kms:Create*",
                  "kms:Delete*",
                  "kms:Describe*",
                  "kms:Disable*",
                  "kms:Enable*",
                  "kms:Get*",
                  "kms:ImportKeyMaterial",
                  "kms:List*",
                  "kms:Put*",
                  "kms:ReplicateKey",
                  "kms:Revoke*",
                  "kms:ScheduleKeyDeletion",
                  "kms:TagResource",
                  "kms:UntagResource",
                  "kms:Update*"
                ],
                "condition": [],
                "effect": "Allow",
                "not_actions": [],
                "not_principals": [],
                "not_resources": [],
                "principals": [
                  {
                    "identifiers": [
                      "arn:aws:iam::643942183295:user/AeroLink-Admin"
                    ],
                    "type": "AWS"
                  }
                ],
                "resources": [
                  "*"
                ],
                "sid": "KeyAdministration"
              },
              {
                "actions": [
                  "kms:Decrypt",
                  "kms:DescribeKey",
                  "kms:Encrypt",
                  "kms:GenerateDataKey*",
                  "kms:ReEncrypt*"
                ],
                "condition": [],
                "effect": "Allow",
                "not_actions": [],
                "not_principals": [],
                "not_resources": [],
                "principals": [
                  {
                    "identifiers": [
                      "arn:aws:iam::643942183295:role/aerolink-dev-secondary-cluster-cluster"
                    ],
                    "type": "AWS"
                  }
                ],
                "resources": [
                  "*"
                ],
                "sid": "KeyUsage"
              }
            ],
            "version": "2012-10-17"
          },
          "sensitive_attributes": [],
          "identity_schema_version": 0
        }
      ]
    },
    {
      "module": "module.eks_secondary.module.eks.module.kms",
      "mode": "data",
      "type": "aws_partition",
      "name": "current",
      "provider": "provider[\"registry.terraform.io/hashicorp/aws\"].secondary",
      "instances": [
        {
          "index_key": 0,
          "schema_version": 0,
          "attributes": {
            "dns_suffix": "amazonaws.com",
            "id": "aws",
            "partition": "aws",
            "reverse_dns_prefix": "com.amazonaws"
          },
          "sensitive_attributes": [],
          "identity_schema_version": 0
        }
      ]
    },
    {
      "module": "module.eks_secondary.module.eks.module.kms",
      "mode": "managed",
      "type": "aws_kms_alias",
      "name": "this",
      "provider": "provider[\"registry.terraform.io/hashicorp/aws\"].secondary",
      "instances": [
        {
          "index_key": "cluster",
          "schema_version": 0,
          "attributes": {
            "arn": "arn:aws:kms:eu-west-1:643942183295:alias/eks/aerolink-dev-secondary-cluster",
            "id": "alias/eks/aerolink-dev-secondary-cluster",
            "name": "alias/eks/aerolink-dev-secondary-cluster",
            "name_prefix": "",
            "target_key_arn": "arn:aws:kms:eu-west-1:643942183295:key/be9f03b2-8bb7-4fb1-817f-72d5c5e37f9f",
            "target_key_id": "be9f03b2-8bb7-4fb1-817f-72d5c5e37f9f"
          },
          "sensitive_attributes": [],
          "identity_schema_version": 0,
          "private": "bnVsbA==",
          "dependencies": [
            "module.eks_secondary.module.eks.aws_iam_role.this",
            "module.eks_secondary.module.eks.data.aws_caller_identity.current",
            "module.eks_secondary.module.eks.data.aws_iam_policy_document.assume_role_policy",
            "module.eks_secondary.module.eks.data.aws_iam_session_context.current",
            "module.eks_secondary.module.eks.module.kms.aws_kms_external_key.this",
            "module.eks_secondary.module.eks.module.kms.aws_kms_key.this",
            "module.eks_secondary.module.eks.module.kms.aws_kms_replica_external_key.this",
            "module.eks_secondary.module.eks.module.kms.aws_kms_replica_key.this",
            "module.eks_secondary.module.eks.module.kms.data.aws_caller_identity.current",
            "module.eks_secondary.module.eks.module.kms.data.aws_iam_policy_document.this",
            "module.eks_secondary.module.eks.module.kms.data.aws_partition.current"
          ]
        }
      ]
    },
    {
      "module": "module.eks_secondary.module.eks.module.kms",
      "mode": "managed",
      "type": "aws_kms_external_key",
      "name": "this",
      "provider": "provider[\"registry.terraform.io/hashicorp/aws\"].secondary",
      "instances": []
    },
    {
      "module": "module.eks_secondary.module.eks.module.kms",
      "mode": "managed",
      "type": "aws_kms_grant",
      "name": "this",
      "provider": "provider[\"registry.terraform.io/hashicorp/aws\"].secondary",
      "instances": []
    },
    {
      "module": "module.eks_secondary.module.eks.module.kms",
      "mode": "managed",
      "type": "aws_kms_key",
      "name": "this",
      "provider": "provider[\"registry.terraform.io/hashicorp/aws\"].secondary",
      "instances": [
        {
          "index_key": 0,
          "schema_version": 0,
          "attributes": {
            "arn": "arn:aws:kms:eu-west-1:643942183295:key/be9f03b2-8bb7-4fb1-817f-72d5c5e37f9f",
            "bypass_policy_lockout_safety_check": false,
            "custom_key_store_id": "",
            "customer_master_key_spec": "SYMMETRIC_DEFAULT",
            "deletion_window_in_days": null,
            "description": "aerolink-dev-secondary-cluster cluster encryption key",
            "enable_key_rotation": true,
            "id": "be9f03b2-8bb7-4fb1-817f-72d5c5e37f9f",
            "is_enabled": true,
            "key_id": "be9f03b2-8bb7-4fb1-817f-72d5c5e37f9f",
            "key_usage": "ENCRYPT_DECRYPT",
            "multi_region": false,
            "policy": "{\"Statement\":[{\"Action\":\"kms:*\",\"Effect\":\"Allow\",\"Principal\":{\"AWS\":\"arn:aws:iam::643942183295:root\"},\"Resource\":\"*\",\"Sid\":\"Default\"},{\"Action\":[\"kms:Update*\",\"kms:UntagResource\",\"kms:TagResource\",\"kms:ScheduleKeyDeletion\",\"kms:Revoke*\",\"kms:ReplicateKey\",\"kms:Put*\",\"kms:List*\",\"kms:ImportKeyMaterial\",\"kms:Get*\",\"kms:Enable*\",\"kms:Disable*\",\"kms:Describe*\",\"kms:Delete*\",\"kms:Create*\",\"kms:CancelKeyDeletion\"],\"Effect\":\"Allow\",\"Principal\":{\"AWS\":\"arn:aws:iam::643942183295:user/AeroLink-Admin\"},\"Resource\":\"*\",\"Sid\":\"KeyAdministration\"},{\"Action\":[\"kms:ReEncrypt*\",\"kms:GenerateDataKey*\",\"kms:Encrypt\",\"kms:DescribeKey\",\"kms:Decrypt\"],\"Effect\":\"Allow\",\"Principal\":{\"AWS\":\"arn:aws:iam::643942183295:role/aerolink-dev-secondary-cluster-cluster\"},\"Resource\":\"*\",\"Sid\":\"KeyUsage\"}],\"Version\":\"2012-10-17\"}",
            "rotation_period_in_days": 365,
            "tags": {
              "terraform-aws-modules": "eks"
            },
            "tags_all": {
              "terraform-aws-modules": "eks"
            },
            "timeouts": null,
            "xks_key_id": ""
          },
          "sensitive_attributes": [],
          "identity_schema_version": 0,
          "private": "eyJlMmJmYjczMC1lY2FhLTExZTYtOGY4OC0zNDM2M2JjN2M0YzAiOnsiY3JlYXRlIjoxMjAwMDAwMDAwMDB9fQ==",
          "dependencies": [
            "module.eks_secondary.module.eks.aws_iam_role.this",
            "module.eks_secondary.module.eks.data.aws_caller_identity.current",
            "module.eks_secondary.module.eks.data.aws_iam_policy_document.assume_role_policy",
            "module.eks_secondary.module.eks.data.aws_iam_session_context.current",
            "module.eks_secondary.module.eks.module.kms.data.aws_caller_identity.current",
            "module.eks_secondary.module.eks.module.kms.data.aws_iam_policy_document.this",
            "module.eks_secondary.module.eks.module.kms.data.aws_partition.current"
          ],
          "create_before_destroy": true
        }
      ]
    },
    {
      "module": "module.eks_secondary.module.eks.module.kms",
      "mode": "managed",
      "type": "aws_kms_replica_external_key",
      "name": "this",
      "provider": "provider[\"registry.terraform.io/hashicorp/aws\"].secondary",
      "instances": []
    },
    {
      "module": "module.eks_secondary.module.eks.module.kms",
      "mode": "managed",
      "type": "aws_kms_replica_key",
      "name": "this",
      "provider": "provider[\"registry.terraform.io/hashicorp/aws\"].secondary",
      "instances": []
    },
    {
      "module": "module.elasticache_redis",
      "mode": "managed",
      "type": "aws_elasticache_cluster",
      "name": "redis",
      "provider": "provider[\"registry.terraform.io/hashicorp/aws\"].primary",
      "instances": [
        {
          "schema_version": 0,
          "attributes": {
            "apply_immediately": null,
            "arn": "arn:aws:elasticache:us-east-1:643942183295:cluster:aerolink-redis",
            "auto_minor_version_upgrade": "true",
            "availability_zone": "us-east-1a",
            "az_mode": "single-az",
            "cache_nodes": [
              {
                "address": "aerolink-redis.n5hbdw.0001.use1.cache.amazonaws.com",
                "availability_zone": "us-east-1a",
                "id": "0001",
                "outpost_arn": "",
                "port": 6379
              }
            ],
            "cluster_address": null,
            "cluster_id": "aerolink-redis",
            "configuration_endpoint": null,
            "engine": "redis",
            "engine_version": "7.0",
            "engine_version_actual": "7.0.7",
            "final_snapshot_identifier": null,
            "id": "aerolink-redis",
            "ip_discovery": "ipv4",
            "log_delivery_configuration": [],
            "maintenance_window": "tue:04:30-tue:05:30",
            "network_type": "ipv4",
            "node_type": "cache.t3.micro",
            "notification_topic_arn": null,
            "num_cache_nodes": 1,
            "outpost_mode": null,
            "parameter_group_name": "default.redis7",
            "port": 6379,
            "preferred_availability_zones": null,
            "preferred_outpost_arn": "",
            "replication_group_id": "",
            "security_group_ids": [
              "sg-06cb21074eb4208ad"
            ],
            "snapshot_arns": null,
            "snapshot_name": null,
            "snapshot_retention_limit": 0,
            "snapshot_window": "06:30-07:30",
            "subnet_group_name": "aerolink-redis-subnet-group",
            "tags": {},
            "tags_all": {},
            "timeouts": null,
            "transit_encryption_enabled": false
          },
          "sensitive_attributes": [],
          "identity_schema_version": 0,
          "private": "eyJlMmJmYjczMC1lY2FhLTExZTYtOGY4OC0zNDM2M2JjN2M0YzAiOnsiY3JlYXRlIjoyNDAwMDAwMDAwMDAwLCJkZWxldGUiOjI0MDAwMDAwMDAwMDAsInVwZGF0ZSI6NDgwMDAwMDAwMDAwMH19",
          "dependencies": [
            "module.elasticache_redis.aws_elasticache_subnet_group.redis",
            "module.elasticache_redis.aws_security_group.redis",
            "module.vpc_primary.data.aws_availability_zones.available",
            "module.vpc_primary.module.vpc.aws_subnet.private",
            "module.vpc_primary.module.vpc.aws_vpc.this",
            "module.vpc_primary.module.vpc.aws_vpc_ipv4_cidr_block_association.this"
          ]
        }
      ]
    },
    {
      "module": "module.elasticache_redis",
      "mode": "managed",
      "type": "aws_elasticache_subnet_group",
      "name": "redis",
      "provider": "provider[\"registry.terraform.io/hashicorp/aws\"].primary",
      "instances": [
        {
          "schema_version": 0,
          "attributes": {
            "arn": "arn:aws:elasticache:us-east-1:643942183295:subnetgroup:aerolink-redis-subnet-group",
            "description": "Managed by Terraform",
            "id": "aerolink-redis-subnet-group",
            "name": "aerolink-redis-subnet-group",
            "subnet_ids": [
              "subnet-04761cd0e519c0b4b",
              "subnet-0b4027f99876ad76e"
            ],
            "tags": {},
            "tags_all": {},
            "vpc_id": "vpc-083fae6ece720063d"
          },
          "sensitive_attributes": [],
          "identity_schema_version": 0,
          "private": "bnVsbA==",
          "dependencies": [
            "module.vpc_primary.data.aws_availability_zones.available",
            "module.vpc_primary.module.vpc.aws_subnet.private",
            "module.vpc_primary.module.vpc.aws_vpc.this",
            "module.vpc_primary.module.vpc.aws_vpc_ipv4_cidr_block_association.this"
          ]
        }
      ]
    },
    {
      "module": "module.elasticache_redis",
      "mode": "managed",
      "type": "aws_security_group",
      "name": "redis",
      "provider": "provider[\"registry.terraform.io/hashicorp/aws\"].primary",
      "instances": [
        {
          "schema_version": 1,
          "attributes": {
            "arn": "arn:aws:ec2:us-east-1:643942183295:security-group/sg-06cb21074eb4208ad",
            "description": "Managed by Terraform",
            "egress": [
              {
                "cidr_blocks": [
                  "0.0.0.0/0"
                ],
                "description": "",
                "from_port": 0,
                "ipv6_cidr_blocks": [],
                "prefix_list_ids": [],
                "protocol": "-1",
                "security_groups": [],
                "self": false,
                "to_port": 0
              }
            ],
            "id": "sg-06cb21074eb4208ad",
            "ingress": [
              {
                "cidr_blocks": [
                  "10.0.1.0/24",
                  "10.0.2.0/24"
                ],
                "description": "",
                "from_port": 6379,
                "ipv6_cidr_blocks": [],
                "prefix_list_ids": [],
                "protocol": "tcp",
                "security_groups": [],
                "self": false,
                "to_port": 6379
              }
            ],
            "name": "aerolink-redis-sg2026060117055694790000000f",
            "name_prefix": "aerolink-redis-sg",
            "owner_id": "643942183295",
            "revoke_rules_on_delete": false,
            "tags": {},
            "tags_all": {},
            "timeouts": null,
            "vpc_id": "vpc-083fae6ece720063d"
          },
          "sensitive_attributes": [],
          "identity_schema_version": 0,
          "private": "eyJlMmJmYjczMC1lY2FhLTExZTYtOGY4OC0zNDM2M2JjN2M0YzAiOnsiY3JlYXRlIjo2MDAwMDAwMDAwMDAsImRlbGV0ZSI6OTAwMDAwMDAwMDAwfSwic2NoZW1hX3ZlcnNpb24iOiIxIn0=",
          "dependencies": [
            "module.vpc_primary.data.aws_availability_zones.available",
            "module.vpc_primary.module.vpc.aws_subnet.private",
            "module.vpc_primary.module.vpc.aws_vpc.this",
            "module.vpc_primary.module.vpc.aws_vpc_ipv4_cidr_block_association.this"
          ]
        }
      ]
    },
    {
      "module": "module.eventbridge",
      "mode": "managed",
      "type": "aws_cloudwatch_event_bus",
      "name": "aerolink_bus",
      "provider": "provider[\"registry.terraform.io/hashicorp/aws\"].primary",
      "instances": [
        {
          "schema_version": 0,
          "attributes": {
            "arn": "arn:aws:events:us-east-1:643942183295:event-bus/aerolink-saga-bus",
            "dead_letter_config": [],
            "description": "",
            "event_source_name": null,
            "id": "aerolink-saga-bus",
            "kms_key_identifier": "",
            "name": "aerolink-saga-bus",
            "tags": {},
            "tags_all": {}
          },
          "sensitive_attributes": [],
          "identity_schema_version": 0,
          "private": "bnVsbA=="
        }
      ]
    },
    {
      "module": "module.kms",
      "mode": "managed",
      "type": "aws_kms_key",
      "name": "passenger_pii",
      "provider": "provider[\"registry.terraform.io/hashicorp/aws\"].primary",
      "instances": [
        {
          "schema_version": 0,
          "attributes": {
            "arn": "arn:aws:kms:us-east-1:643942183295:key/1c66548b-b97f-4c65-adf0-bc25da4450de",
            "bypass_policy_lockout_safety_check": false,
            "custom_key_store_id": "",
            "customer_master_key_spec": "SYMMETRIC_DEFAULT",
            "deletion_window_in_days": 7,
            "description": "KMS key for encrypting AeroLink passenger PII",
            "enable_key_rotation": false,
            "id": "1c66548b-b97f-4c65-adf0-bc25da4450de",
            "is_enabled": true,
            "key_id": "1c66548b-b97f-4c65-adf0-bc25da4450de",
            "key_usage": "ENCRYPT_DECRYPT",
            "multi_region": false,
            "policy": "{\"Id\":\"key-default-1\",\"Statement\":[{\"Action\":\"kms:*\",\"Effect\":\"Allow\",\"Principal\":{\"AWS\":\"arn:aws:iam::643942183295:root\"},\"Resource\":\"*\",\"Sid\":\"Enable IAM User Permissions\"}],\"Version\":\"2012-10-17\"}",
            "rotation_period_in_days": 0,
            "tags": {},
            "tags_all": {},
            "timeouts": null,
            "xks_key_id": ""
          },
          "sensitive_attributes": [],
          "identity_schema_version": 0,
          "private": "eyJlMmJmYjczMC1lY2FhLTExZTYtOGY4OC0zNDM2M2JjN2M0YzAiOnsiY3JlYXRlIjoxMjAwMDAwMDAwMDB9fQ=="
        }
      ]
    },
    {
      "module": "module.lambda",
      "mode": "managed",
      "type": "aws_iam_role",
      "name": "lambda_role",
      "provider": "provider[\"registry.terraform.io/hashicorp/aws\"].primary",
      "instances": [
        {
          "schema_version": 0,
          "attributes": {
            "arn": "arn:aws:iam::643942183295:role/aerolink-lambda-role",
            "assume_role_policy": "{\"Statement\":[{\"Action\":\"sts:AssumeRole\",\"Effect\":\"Allow\",\"Principal\":{\"Service\":\"lambda.amazonaws.com\"}}],\"Version\":\"2012-10-17\"}",
            "create_date": "2026-06-01T17:05:25Z",
            "description": "",
            "force_detach_policies": false,
            "id": "aerolink-lambda-role",
            "inline_policy": [],
            "managed_policy_arns": [],
            "max_session_duration": 3600,
            "name": "aerolink-lambda-role",
            "name_prefix": "",
            "path": "/",
            "permissions_boundary": "",
            "tags": {},
            "tags_all": {},
            "unique_id": "AROAZL3PR6F7RVLN72S4Z"
          },
          "sensitive_attributes": [],
          "identity_schema_version": 0,
          "private": "bnVsbA=="
        }
      ]
    },
    {
      "module": "module.rds_aurora",
      "mode": "managed",
      "type": "aws_rds_global_cluster",
      "name": "aerolink_global",
      "provider": "provider[\"registry.terraform.io/hashicorp/aws\"].primary",
      "instances": [
        {
          "schema_version": 0,
          "attributes": {
            "arn": "arn:aws:rds::643942183295:global-cluster:aerolink-global",
            "database_name": "postgres",
            "deletion_protection": false,
            "endpoint": "aerolink-global.global-gnvqerpcaulz.global.rds.amazonaws.com",
            "engine": "aurora-postgresql",
            "engine_lifecycle_support": "open-source-rds-extended-support",
            "engine_version": "15.8",
            "engine_version_actual": "15.8",
            "force_destroy": null,
            "global_cluster_identifier": "aerolink-global",
            "global_cluster_members": [],
            "global_cluster_resource_id": "cluster-a59bf48ebd93b6c6",
            "id": "aerolink-global",
            "source_db_cluster_identifier": null,
            "storage_encrypted": false,
            "tags": null,
            "tags_all": {},
            "timeouts": null
          },
          "sensitive_attributes": [],
          "identity_schema_version": 0,
          "private": "eyJlMmJmYjczMC1lY2FhLTExZTYtOGY4OC0zNDM2M2JjN2M0YzAiOnsiY3JlYXRlIjoxODAwMDAwMDAwMDAwLCJkZWxldGUiOjE4MDAwMDAwMDAwMDAsInVwZGF0ZSI6NTQwMDAwMDAwMDAwMH19",
          "create_before_destroy": true
        }
      ]
    },
    {
      "module": "module.rds_aurora.module.aurora_primary",
      "mode": "data",
      "type": "aws_iam_policy_document",
      "name": "monitoring_rds_assume_role",
      "provider": "provider[\"registry.terraform.io/hashicorp/aws\"].primary",
      "instances": []
    },
    {
      "module": "module.rds_aurora.module.aurora_primary",
      "mode": "data",
      "type": "aws_partition",
      "name": "current",
      "provider": "provider[\"registry.terraform.io/hashicorp/aws\"].primary",
      "instances": [
        {
          "schema_version": 0,
          "attributes": {
            "dns_suffix": "amazonaws.com",
            "id": "aws",
            "partition": "aws",
            "reverse_dns_prefix": "com.amazonaws"
          },
          "sensitive_attributes": [],
          "identity_schema_version": 0
        }
      ]
    },
    {
      "module": "module.rds_aurora.module.aurora_primary",
      "mode": "managed",
      "type": "aws_cloudwatch_log_group",
      "name": "this",
      "provider": "provider[\"registry.terraform.io/hashicorp/aws\"].primary",
      "instances": []
    },
    {
      "module": "module.rds_aurora.module.aurora_primary",
      "mode": "managed",
      "type": "aws_db_parameter_group",
      "name": "this",
      "provider": "provider[\"registry.terraform.io/hashicorp/aws\"].primary",
      "instances": []
    },
    {
      "module": "module.rds_aurora.module.aurora_primary",
      "mode": "managed",
      "type": "aws_db_subnet_group",
      "name": "this",
      "provider": "provider[\"registry.terraform.io/hashicorp/aws\"].primary",
      "instances": []
    },
    {
      "module": "module.rds_aurora.module.aurora_primary",
      "mode": "managed",
      "type": "aws_iam_role",
      "name": "rds_enhanced_monitoring",
      "provider": "provider[\"registry.terraform.io/hashicorp/aws\"].primary",
      "instances": []
    },
    {
      "module": "module.rds_aurora.module.aurora_primary",
      "mode": "managed",
      "type": "aws_iam_role_policy_attachment",
      "name": "rds_enhanced_monitoring",
      "provider": "provider[\"registry.terraform.io/hashicorp/aws\"].primary",
      "instances": []
    },
    {
      "module": "module.rds_aurora.module.aurora_primary",
      "mode": "managed",
      "type": "aws_rds_cluster_parameter_group",
      "name": "this",
      "provider": "provider[\"registry.terraform.io/hashicorp/aws\"].primary",
      "instances": []
    },
    {
      "module": "module.rds_aurora.module.aurora_primary",
      "mode": "managed",
      "type": "aws_security_group",
      "name": "this",
      "provider": "provider[\"registry.terraform.io/hashicorp/aws\"].primary",
      "instances": [
        {
          "index_key": 0,
          "schema_version": 1,
          "attributes": {
            "arn": "arn:aws:ec2:us-east-1:643942183295:security-group/sg-0b8e01c2b7c345e87",
            "description": "Control traffic to/from RDS Aurora aerolink-aurora-primary",
            "egress": [],
            "id": "sg-0b8e01c2b7c345e87",
            "ingress": [
              {
                "cidr_blocks": [
                  "10.0.1.0/24",
                  "10.0.2.0/24"
                ],
                "description": "",
                "from_port": 5432,
                "ipv6_cidr_blocks": [],
                "prefix_list_ids": [],
                "protocol": "tcp",
                "security_groups": [],
                "self": false,
                "to_port": 5432
              }
            ],
            "name": "aerolink-aurora-primary-2026060117055362630000000e",
            "name_prefix": "aerolink-aurora-primary-",
            "owner_id": "643942183295",
            "revoke_rules_on_delete": false,
            "tags": {
              "Name": "aerolink-aurora-primary"
            },
            "tags_all": {
              "Name": "aerolink-aurora-primary"
            },
            "timeouts": null,
            "vpc_id": "vpc-083fae6ece720063d"
          },
          "sensitive_attributes": [],
          "identity_schema_version": 0,
          "private": "eyJlMmJmYjczMC1lY2FhLTExZTYtOGY4OC0zNDM2M2JjN2M0YzAiOnsiY3JlYXRlIjo2MDAwMDAwMDAwMDAsImRlbGV0ZSI6OTAwMDAwMDAwMDAwfSwic2NoZW1hX3ZlcnNpb24iOiIxIn0=",
          "dependencies": [
            "module.vpc_primary.module.vpc.aws_vpc.this"
          ],
          "create_before_destroy": true
        }
      ]
    },
    {
      "module": "module.rds_aurora.module.aurora_primary",
      "mode": "managed",
      "type": "aws_security_group_rule",
      "name": "this",
      "provider": "provider[\"registry.terraform.io/hashicorp/aws\"].primary",
      "instances": [
        {
          "index_key": "vpc_ingress",
          "schema_version": 2,
          "attributes": {
            "cidr_blocks": [
              "10.0.1.0/24",
              "10.0.2.0/24"
            ],
            "description": null,
            "from_port": 5432,
            "id": "sgrule-3408334060",
            "ipv6_cidr_blocks": null,
            "prefix_list_ids": null,
            "protocol": "tcp",
            "security_group_id": "sg-0b8e01c2b7c345e87",
            "security_group_rule_id": "",
            "self": false,
            "source_security_group_id": null,
            "timeouts": null,
            "to_port": 5432,
            "type": "ingress"
          },
          "sensitive_attributes": [],
          "identity_schema_version": 0,
          "private": "eyJlMmJmYjczMC1lY2FhLTExZTYtOGY4OC0zNDM2M2JjN2M0YzAiOnsiY3JlYXRlIjozMDAwMDAwMDAwMDB9LCJzY2hlbWFfdmVyc2lvbiI6IjIifQ==",
          "dependencies": [
            "module.rds_aurora.module.aurora_primary.aws_security_group.this",
            "module.vpc_primary.data.aws_availability_zones.available",
            "module.vpc_primary.module.vpc.aws_subnet.private",
            "module.vpc_primary.module.vpc.aws_vpc.this",
            "module.vpc_primary.module.vpc.aws_vpc_ipv4_cidr_block_association.this"
          ],
          "create_before_destroy": true
        }
      ]
    },
    {
      "module": "module.secrets_manager",
      "mode": "managed",
      "type": "aws_secretsmanager_secret",
      "name": "db_password",
      "provider": "provider[\"registry.terraform.io/hashicorp/aws\"].primary",
      "instances": [
        {
          "schema_version": 0,
          "attributes": {
            "arn": "arn:aws:secretsmanager:us-east-1:643942183295:secret:aerolink-db-password-v2-sPYMX4",
            "description": "",
            "force_overwrite_replica_secret": false,
            "id": "arn:aws:secretsmanager:us-east-1:643942183295:secret:aerolink-db-password-v2-sPYMX4",
            "kms_key_id": "",
            "name": "aerolink-db-password-v2",
            "name_prefix": "",
            "policy": "",
            "recovery_window_in_days": 30,
            "replica": [],
            "tags": {},
            "tags_all": {}
          },
          "sensitive_attributes": [],
          "identity_schema_version": 0,
          "private": "bnVsbA=="
        }
      ]
    },
    {
      "module": "module.vpc_primary",
      "mode": "data",
      "type": "aws_availability_zones",
      "name": "available",
      "provider": "provider[\"registry.terraform.io/hashicorp/aws\"].primary",
      "instances": [
        {
          "schema_version": 0,
          "attributes": {
            "all_availability_zones": null,
            "exclude_names": null,
            "exclude_zone_ids": null,
            "filter": null,
            "group_names": [
              "us-east-1-zg-1"
            ],
            "id": "us-east-1",
            "names": [
              "us-east-1a",
              "us-east-1b",
              "us-east-1c",
              "us-east-1d",
              "us-east-1e",
              "us-east-1f"
            ],
            "state": "available",
            "timeouts": null,
            "zone_ids": [
              "use1-az1",
              "use1-az2",
              "use1-az4",
              "use1-az6",
              "use1-az3",
              "use1-az5"
            ]
          },
          "sensitive_attributes": [],
          "identity_schema_version": 0
        }
      ]
    },
    {
      "module": "module.vpc_primary.module.vpc",
      "mode": "data",
      "type": "aws_caller_identity",
      "name": "current",
      "provider": "provider[\"registry.terraform.io/hashicorp/aws\"].primary",
      "instances": []
    },
    {
      "module": "module.vpc_primary.module.vpc",
      "mode": "data",
      "type": "aws_iam_policy_document",
      "name": "flow_log_cloudwatch_assume_role",
      "provider": "provider[\"registry.terraform.io/hashicorp/aws\"].primary",
      "instances": []
    },
    {
      "module": "module.vpc_primary.module.vpc",
      "mode": "data",
      "type": "aws_iam_policy_document",
      "name": "vpc_flow_log_cloudwatch",
      "provider": "provider[\"registry.terraform.io/hashicorp/aws\"].primary",
      "instances": []
    },
    {
      "module": "module.vpc_primary.module.vpc",
      "mode": "data",
      "type": "aws_partition",
      "name": "current",
      "provider": "provider[\"registry.terraform.io/hashicorp/aws\"].primary",
      "instances": []
    },
    {
      "module": "module.vpc_primary.module.vpc",
      "mode": "data",
      "type": "aws_region",
      "name": "current",
      "provider": "provider[\"registry.terraform.io/hashicorp/aws\"].primary",
      "instances": []
    },
    {
      "module": "module.vpc_primary.module.vpc",
      "mode": "managed",
      "type": "aws_cloudwatch_log_group",
      "name": "flow_log",
      "provider": "provider[\"registry.terraform.io/hashicorp/aws\"].primary",
      "instances": []
    },
    {
      "module": "module.vpc_primary.module.vpc",
      "mode": "managed",
      "type": "aws_customer_gateway",
      "name": "this",
      "provider": "provider[\"registry.terraform.io/hashicorp/aws\"].primary",
      "instances": []
    },
    {
      "module": "module.vpc_primary.module.vpc",
      "mode": "managed",
      "type": "aws_db_subnet_group",
      "name": "database",
      "provider": "provider[\"registry.terraform.io/hashicorp/aws\"].primary",
      "instances": [
        {
          "index_key": 0,
          "schema_version": 0,
          "attributes": {
            "arn": "arn:aws:rds:us-east-1:643942183295:subgrp:aerolink-dev-primary-vpc",
            "description": "Database subnet group for aerolink-dev-primary-vpc",
            "id": "aerolink-dev-primary-vpc",
            "name": "aerolink-dev-primary-vpc",
            "name_prefix": "",
            "subnet_ids": [
              "subnet-088d8080aa337c4c7",
              "subnet-08ec53a43acd4833d"
            ],
            "supported_network_types": [
              "IPV4"
            ],
            "tags": {
              "Name": "aerolink-dev-primary-vpc"
            },
            "tags_all": {
              "Name": "aerolink-dev-primary-vpc"
            },
            "vpc_id": "vpc-083fae6ece720063d"
          },
          "sensitive_attributes": [],
          "identity_schema_version": 0,
          "private": "bnVsbA==",
          "dependencies": [
            "module.vpc_primary.data.aws_availability_zones.available",
            "module.vpc_primary.module.vpc.aws_subnet.database",
            "module.vpc_primary.module.vpc.aws_vpc.this",
            "module.vpc_primary.module.vpc.aws_vpc_ipv4_cidr_block_association.this"
          ],
          "create_before_destroy": true
        }
      ]
    },
    {
      "module": "module.vpc_primary.module.vpc",
      "mode": "managed",
      "type": "aws_default_network_acl",
      "name": "this",
      "provider": "provider[\"registry.terraform.io/hashicorp/aws\"].primary",
      "instances": [
        {
          "index_key": 0,
          "schema_version": 0,
          "attributes": {
            "arn": "arn:aws:ec2:us-east-1:643942183295:network-acl/acl-08d31becd4cf4186b",
            "default_network_acl_id": "acl-08d31becd4cf4186b",
            "egress": [
              {
                "action": "allow",
                "cidr_block": "",
                "from_port": 0,
                "icmp_code": 0,
                "icmp_type": 0,
                "ipv6_cidr_block": "::/0",
                "protocol": "-1",
                "rule_no": 101,
                "to_port": 0
              },
              {
                "action": "allow",
                "cidr_block": "0.0.0.0/0",
                "from_port": 0,
                "icmp_code": 0,
                "icmp_type": 0,
                "ipv6_cidr_block": "",
                "protocol": "-1",
                "rule_no": 100,
                "to_port": 0
              }
            ],
            "id": "acl-08d31becd4cf4186b",
            "ingress": [
              {
                "action": "allow",
                "cidr_block": "",
                "from_port": 0,
                "icmp_code": 0,
                "icmp_type": 0,
                "ipv6_cidr_block": "::/0",
                "protocol": "-1",
                "rule_no": 101,
                "to_port": 0
              },
              {
                "action": "allow",
                "cidr_block": "0.0.0.0/0",
                "from_port": 0,
                "icmp_code": 0,
                "icmp_type": 0,
                "ipv6_cidr_block": "",
                "protocol": "-1",
                "rule_no": 100,
                "to_port": 0
              }
            ],
            "owner_id": "643942183295",
            "subnet_ids": [
              "subnet-028e5a281e11ea6cd",
              "subnet-04761cd0e519c0b4b",
              "subnet-088d8080aa337c4c7",
              "subnet-08ec53a43acd4833d",
              "subnet-0b4027f99876ad76e",
              "subnet-0d610cd7dbb97d055"
            ],
            "tags": {
              "Name": "aerolink-dev-primary-vpc-default"
            },
            "tags_all": {
              "Name": "aerolink-dev-primary-vpc-default"
            },
            "vpc_id": "vpc-083fae6ece720063d"
          },
          "sensitive_attributes": [],
          "identity_schema_version": 0,
          "private": "bnVsbA==",
          "dependencies": [
            "module.vpc_primary.module.vpc.aws_vpc.this"
          ]
        }
      ]
    },
    {
      "module": "module.vpc_primary.module.vpc",
      "mode": "managed",
      "type": "aws_default_route_table",
      "name": "default",
      "provider": "provider[\"registry.terraform.io/hashicorp/aws\"].primary",
      "instances": [
        {
          "index_key": 0,
          "schema_version": 0,
          "attributes": {
            "arn": "arn:aws:ec2:us-east-1:643942183295:route-table/rtb-0a7e6dc46f866d49d",
            "default_route_table_id": "rtb-0a7e6dc46f866d49d",
            "id": "rtb-0a7e6dc46f866d49d",
            "owner_id": "643942183295",
            "propagating_vgws": [],
            "route": [],
            "tags": {
              "Name": "aerolink-dev-primary-vpc-default"
            },
            "tags_all": {
              "Name": "aerolink-dev-primary-vpc-default"
            },
            "timeouts": {
              "create": "5m",
              "update": "5m"
            },
            "vpc_id": "vpc-083fae6ece720063d"
          },
          "sensitive_attributes": [],
          "identity_schema_version": 0,
          "private": "eyJlMmJmYjczMC1lY2FhLTExZTYtOGY4OC0zNDM2M2JjN2M0YzAiOnsiY3JlYXRlIjozMDAwMDAwMDAwMDAsInVwZGF0ZSI6MzAwMDAwMDAwMDAwfX0=",
          "dependencies": [
            "module.vpc_primary.module.vpc.aws_vpc.this"
          ]
        }
      ]
    },
    {
      "module": "module.vpc_primary.module.vpc",
      "mode": "managed",
      "type": "aws_default_security_group",
      "name": "this",
      "provider": "provider[\"registry.terraform.io/hashicorp/aws\"].primary",
      "instances": [
        {
          "index_key": 0,
          "schema_version": 1,
          "attributes": {
            "arn": "arn:aws:ec2:us-east-1:643942183295:security-group/sg-0564e1ed16325e602",
            "description": "default VPC security group",
            "egress": [],
            "id": "sg-0564e1ed16325e602",
            "ingress": [],
            "name": "default",
            "name_prefix": "",
            "owner_id": "643942183295",
            "revoke_rules_on_delete": false,
            "tags": {
              "Name": "aerolink-dev-primary-vpc-default"
            },
            "tags_all": {
              "Name": "aerolink-dev-primary-vpc-default"
            },
            "vpc_id": "vpc-083fae6ece720063d"
          },
          "sensitive_attributes": [],
          "identity_schema_version": 0,
          "private": "eyJzY2hlbWFfdmVyc2lvbiI6IjEifQ==",
          "dependencies": [
            "module.vpc_primary.module.vpc.aws_vpc.this"
          ]
        }
      ]
    },
    {
      "module": "module.vpc_primary.module.vpc",
      "mode": "managed",
      "type": "aws_default_vpc",
      "name": "this",
      "provider": "provider[\"registry.terraform.io/hashicorp/aws\"].primary",
      "instances": []
    },
    {
      "module": "module.vpc_primary.module.vpc",
      "mode": "managed",
      "type": "aws_egress_only_internet_gateway",
      "name": "this",
      "provider": "provider[\"registry.terraform.io/hashicorp/aws\"].primary",
      "instances": []
    },
    {
      "module": "module.vpc_primary.module.vpc",
      "mode": "managed",
      "type": "aws_eip",
      "name": "nat",
      "provider": "provider[\"registry.terraform.io/hashicorp/aws\"].primary",
      "instances": [
        {
          "index_key": 0,
          "schema_version": 0,
          "attributes": {
            "address": null,
            "allocation_id": "eipalloc-0d8b58e6ce914b0eb",
            "arn": "arn:aws:ec2:us-east-1:643942183295:elastic-ip/eipalloc-0d8b58e6ce914b0eb",
            "associate_with_private_ip": null,
            "association_id": "eipassoc-05235da2cc54c7c30",
            "carrier_ip": "",
            "customer_owned_ip": "",
            "customer_owned_ipv4_pool": "",
            "domain": "vpc",
            "id": "eipalloc-0d8b58e6ce914b0eb",
            "instance": "",
            "ipam_pool_id": null,
            "network_border_group": "us-east-1",
            "network_interface": "eni-08f3955827a8181ea",
            "private_dns": "ip-10-0-101-235.ec2.internal",
            "private_ip": "10.0.101.235",
            "ptr_record": "",
            "public_dns": "ec2-18-232-13-176.compute-1.amazonaws.com",
            "public_ip": "18.232.13.176",
            "public_ipv4_pool": "amazon",
            "tags": {
              "Name": "aerolink-dev-primary-vpc-us-east-1a"
            },
            "tags_all": {
              "Name": "aerolink-dev-primary-vpc-us-east-1a"
            },
            "timeouts": null,
            "vpc": true
          },
          "sensitive_attributes": [],
          "identity_schema_version": 0,
          "private": "eyJlMmJmYjczMC1lY2FhLTExZTYtOGY4OC0zNDM2M2JjN2M0YzAiOnsiZGVsZXRlIjoxODAwMDAwMDAwMDAsInJlYWQiOjkwMDAwMDAwMDAwMCwidXBkYXRlIjozMDAwMDAwMDAwMDB9fQ==",
          "dependencies": [
            "module.vpc_primary.data.aws_availability_zones.available",
            "module.vpc_primary.module.vpc.aws_internet_gateway.this",
            "module.vpc_primary.module.vpc.aws_vpc.this",
            "module.vpc_primary.module.vpc.aws_vpc_ipv4_cidr_block_association.this"
          ]
        }
      ]
    },
    {
      "module": "module.vpc_primary.module.vpc",
      "mode": "managed",
      "type": "aws_elasticache_subnet_group",
      "name": "elasticache",
      "provider": "provider[\"registry.terraform.io/hashicorp/aws\"].primary",
      "instances": []
    },
    {
      "module": "module.vpc_primary.module.vpc",
      "mode": "managed",
      "type": "aws_flow_log",
      "name": "this",
      "provider": "provider[\"registry.terraform.io/hashicorp/aws\"].primary",
      "instances": []
    },
    {
      "module": "module.vpc_primary.module.vpc",
      "mode": "managed",
      "type": "aws_iam_policy",
      "name": "vpc_flow_log_cloudwatch",
      "provider": "provider[\"registry.terraform.io/hashicorp/aws\"].primary",
      "instances": []
    },
    {
      "module": "module.vpc_primary.module.vpc",
      "mode": "managed",
      "type": "aws_iam_role",
      "name": "vpc_flow_log_cloudwatch",
      "provider": "provider[\"registry.terraform.io/hashicorp/aws\"].primary",
      "instances": []
    },
    {
      "module": "module.vpc_primary.module.vpc",
      "mode": "managed",
      "type": "aws_iam_role_policy_attachment",
      "name": "vpc_flow_log_cloudwatch",
      "provider": "provider[\"registry.terraform.io/hashicorp/aws\"].primary",
      "instances": []
    },
    {
      "module": "module.vpc_primary.module.vpc",
      "mode": "managed",
      "type": "aws_internet_gateway",
      "name": "this",
      "provider": "provider[\"registry.terraform.io/hashicorp/aws\"].primary",
      "instances": [
        {
          "index_key": 0,
          "schema_version": 0,
          "attributes": {
            "arn": "arn:aws:ec2:us-east-1:643942183295:internet-gateway/igw-081b7fdff6526b99c",
            "id": "igw-081b7fdff6526b99c",
            "owner_id": "643942183295",
            "tags": {
              "Name": "aerolink-dev-primary-vpc"
            },
            "tags_all": {
              "Name": "aerolink-dev-primary-vpc"
            },
            "timeouts": null,
            "vpc_id": "vpc-083fae6ece720063d"
          },
          "sensitive_attributes": [],
          "identity_schema_version": 0,
          "private": "eyJlMmJmYjczMC1lY2FhLTExZTYtOGY4OC0zNDM2M2JjN2M0YzAiOnsiY3JlYXRlIjoxMjAwMDAwMDAwMDAwLCJkZWxldGUiOjEyMDAwMDAwMDAwMDAsInVwZGF0ZSI6MTIwMDAwMDAwMDAwMH19",
          "dependencies": [
            "module.vpc_primary.module.vpc.aws_vpc.this",
            "module.vpc_primary.module.vpc.aws_vpc_ipv4_cidr_block_association.this"
          ]
        }
      ]
    },
    {
      "module": "module.vpc_primary.module.vpc",
      "mode": "managed",
      "type": "aws_nat_gateway",
      "name": "this",
      "provider": "provider[\"registry.terraform.io/hashicorp/aws\"].primary",
      "instances": [
        {
          "index_key": 0,
          "schema_version": 0,
          "attributes": {
            "allocation_id": "eipalloc-0d8b58e6ce914b0eb",
            "association_id": "eipassoc-05235da2cc54c7c30",
            "connectivity_type": "public",
            "id": "nat-0de6367e4cb057704",
            "network_interface_id": "eni-08f3955827a8181ea",
            "private_ip": "10.0.101.235",
            "public_ip": "18.232.13.176",
            "secondary_allocation_ids": [],
            "secondary_private_ip_address_count": 0,
            "secondary_private_ip_addresses": [],
            "subnet_id": "subnet-028e5a281e11ea6cd",
            "tags": {
              "Name": "aerolink-dev-primary-vpc-us-east-1a"
            },
            "tags_all": {
              "Name": "aerolink-dev-primary-vpc-us-east-1a"
            },
            "timeouts": null
          },
          "sensitive_attributes": [],
          "identity_schema_version": 0,
          "private": "eyJlMmJmYjczMC1lY2FhLTExZTYtOGY4OC0zNDM2M2JjN2M0YzAiOnsiY3JlYXRlIjo2MDAwMDAwMDAwMDAsImRlbGV0ZSI6MTgwMDAwMDAwMDAwMCwidXBkYXRlIjo2MDAwMDAwMDAwMDB9fQ==",
          "dependencies": [
            "module.vpc_primary.data.aws_availability_zones.available",
            "module.vpc_primary.module.vpc.aws_eip.nat",
            "module.vpc_primary.module.vpc.aws_internet_gateway.this",
            "module.vpc_primary.module.vpc.aws_subnet.public",
            "module.vpc_primary.module.vpc.aws_vpc.this",
            "module.vpc_primary.module.vpc.aws_vpc_ipv4_cidr_block_association.this"
          ]
        }
      ]
    },
    {
      "module": "module.vpc_primary.module.vpc",
      "mode": "managed",
      "type": "aws_network_acl",
      "name": "database",
      "provider": "provider[\"registry.terraform.io/hashicorp/aws\"].primary",
      "instances": []
    },
    {
      "module": "module.vpc_primary.module.vpc",
      "mode": "managed",
      "type": "aws_network_acl",
      "name": "elasticache",
      "provider": "provider[\"registry.terraform.io/hashicorp/aws\"].primary",
      "instances": []
    },
    {
      "module": "module.vpc_primary.module.vpc",
      "mode": "managed",
      "type": "aws_network_acl",
      "name": "intra",
      "provider": "provider[\"registry.terraform.io/hashicorp/aws\"].primary",
      "instances": []
    },
    {
      "module": "module.vpc_primary.module.vpc",
      "mode": "managed",
      "type": "aws_network_acl",
      "name": "outpost",
      "provider": "provider[\"registry.terraform.io/hashicorp/aws\"].primary",
      "instances": []
    },
    {
      "module": "module.vpc_primary.module.vpc",
      "mode": "managed",
      "type": "aws_network_acl",
      "name": "private",
      "provider": "provider[\"registry.terraform.io/hashicorp/aws\"].primary",
      "instances": []
    },
    {
      "module": "module.vpc_primary.module.vpc",
      "mode": "managed",
      "type": "aws_network_acl",
      "name": "public",
      "provider": "provider[\"registry.terraform.io/hashicorp/aws\"].primary",
      "instances": []
    },
    {
      "module": "module.vpc_primary.module.vpc",
      "mode": "managed",
      "type": "aws_network_acl",
      "name": "redshift",
      "provider": "provider[\"registry.terraform.io/hashicorp/aws\"].primary",
      "instances": []
    },
    {
      "module": "module.vpc_primary.module.vpc",
      "mode": "managed",
      "type": "aws_network_acl_rule",
      "name": "database_inbound",
      "provider": "provider[\"registry.terraform.io/hashicorp/aws\"].primary",
      "instances": []
    },
    {
      "module": "module.vpc_primary.module.vpc",
      "mode": "managed",
      "type": "aws_network_acl_rule",
      "name": "database_outbound",
      "provider": "provider[\"registry.terraform.io/hashicorp/aws\"].primary",
      "instances": []
    },
    {
      "module": "module.vpc_primary.module.vpc",
      "mode": "managed",
      "type": "aws_network_acl_rule",
      "name": "elasticache_inbound",
      "provider": "provider[\"registry.terraform.io/hashicorp/aws\"].primary",
      "instances": []
    },
    {
      "module": "module.vpc_primary.module.vpc",
      "mode": "managed",
      "type": "aws_network_acl_rule",
      "name": "elasticache_outbound",
      "provider": "provider[\"registry.terraform.io/hashicorp/aws\"].primary",
      "instances": []
    },
    {
      "module": "module.vpc_primary.module.vpc",
      "mode": "managed",
      "type": "aws_network_acl_rule",
      "name": "intra_inbound",
      "provider": "provider[\"registry.terraform.io/hashicorp/aws\"].primary",
      "instances": []
    },
    {
      "module": "module.vpc_primary.module.vpc",
      "mode": "managed",
      "type": "aws_network_acl_rule",
      "name": "intra_outbound",
      "provider": "provider[\"registry.terraform.io/hashicorp/aws\"].primary",
      "instances": []
    },
    {
      "module": "module.vpc_primary.module.vpc",
      "mode": "managed",
      "type": "aws_network_acl_rule",
      "name": "outpost_inbound",
      "provider": "provider[\"registry.terraform.io/hashicorp/aws\"].primary",
      "instances": []
    },
    {
      "module": "module.vpc_primary.module.vpc",
      "mode": "managed",
      "type": "aws_network_acl_rule",
      "name": "outpost_outbound",
      "provider": "provider[\"registry.terraform.io/hashicorp/aws\"].primary",
      "instances": []
    },
    {
      "module": "module.vpc_primary.module.vpc",
      "mode": "managed",
      "type": "aws_network_acl_rule",
      "name": "private_inbound",
      "provider": "provider[\"registry.terraform.io/hashicorp/aws\"].primary",
      "instances": []
    },
    {
      "module": "module.vpc_primary.module.vpc",
      "mode": "managed",
      "type": "aws_network_acl_rule",
      "name": "private_outbound",
      "provider": "provider[\"registry.terraform.io/hashicorp/aws\"].primary",
      "instances": []
    },
    {
      "module": "module.vpc_primary.module.vpc",
      "mode": "managed",
      "type": "aws_network_acl_rule",
      "name": "public_inbound",
      "provider": "provider[\"registry.terraform.io/hashicorp/aws\"].primary",
      "instances": []
    },
    {
      "module": "module.vpc_primary.module.vpc",
      "mode": "managed",
      "type": "aws_network_acl_rule",
      "name": "public_outbound",
      "provider": "provider[\"registry.terraform.io/hashicorp/aws\"].primary",
      "instances": []
    },
    {
      "module": "module.vpc_primary.module.vpc",
      "mode": "managed",
      "type": "aws_network_acl_rule",
      "name": "redshift_inbound",
      "provider": "provider[\"registry.terraform.io/hashicorp/aws\"].primary",
      "instances": []
    },
    {
      "module": "module.vpc_primary.module.vpc",
      "mode": "managed",
      "type": "aws_network_acl_rule",
      "name": "redshift_outbound",
      "provider": "provider[\"registry.terraform.io/hashicorp/aws\"].primary",
      "instances": []
    },
    {
      "module": "module.vpc_primary.module.vpc",
      "mode": "managed",
      "type": "aws_redshift_subnet_group",
      "name": "redshift",
      "provider": "provider[\"registry.terraform.io/hashicorp/aws\"].primary",
      "instances": []
    },
    {
      "module": "module.vpc_primary.module.vpc",
      "mode": "managed",
      "type": "aws_route",
      "name": "database_dns64_nat_gateway",
      "provider": "provider[\"registry.terraform.io/hashicorp/aws\"].primary",
      "instances": []
    },
    {
      "module": "module.vpc_primary.module.vpc",
      "mode": "managed",
      "type": "aws_route",
      "name": "database_internet_gateway",
      "provider": "provider[\"registry.terraform.io/hashicorp/aws\"].primary",
      "instances": []
    },
    {
      "module": "module.vpc_primary.module.vpc",
      "mode": "managed",
      "type": "aws_route",
      "name": "database_ipv6_egress",
      "provider": "provider[\"registry.terraform.io/hashicorp/aws\"].primary",
      "instances": []
    },
    {
      "module": "module.vpc_primary.module.vpc",
      "mode": "managed",
      "type": "aws_route",
      "name": "database_nat_gateway",
      "provider": "provider[\"registry.terraform.io/hashicorp/aws\"].primary",
      "instances": []
    },
    {
      "module": "module.vpc_primary.module.vpc",
      "mode": "managed",
      "type": "aws_route",
      "name": "private_dns64_nat_gateway",
      "provider": "provider[\"registry.terraform.io/hashicorp/aws\"].primary",
      "instances": []
    },
    {
      "module": "module.vpc_primary.module.vpc",
      "mode": "managed",
      "type": "aws_route",
      "name": "private_ipv6_egress",
      "provider": "provider[\"registry.terraform.io/hashicorp/aws\"].primary",
      "instances": []
    },
    {
      "module": "module.vpc_primary.module.vpc",
      "mode": "managed",
      "type": "aws_route",
      "name": "private_nat_gateway",
      "provider": "provider[\"registry.terraform.io/hashicorp/aws\"].primary",
      "instances": [
        {
          "index_key": 0,
          "schema_version": 0,
          "attributes": {
            "carrier_gateway_id": "",
            "core_network_arn": "",
            "destination_cidr_block": "0.0.0.0/0",
            "destination_ipv6_cidr_block": "",
            "destination_prefix_list_id": "",
            "egress_only_gateway_id": "",
            "gateway_id": "",
            "id": "r-rtb-03a24b3552988ef161080289494",
            "instance_id": "",
            "instance_owner_id": "",
            "local_gateway_id": "",
            "nat_gateway_id": "nat-0de6367e4cb057704",
            "network_interface_id": "",
            "origin": "CreateRoute",
            "route_table_id": "rtb-03a24b3552988ef16",
            "state": "active",
            "timeouts": {
              "create": "5m",
              "delete": null,
              "update": null
            },
            "transit_gateway_id": "",
            "vpc_endpoint_id": "",
            "vpc_peering_connection_id": ""
          },
          "sensitive_attributes": [],
          "identity_schema_version": 0,
          "private": "eyJlMmJmYjczMC1lY2FhLTExZTYtOGY4OC0zNDM2M2JjN2M0YzAiOnsiY3JlYXRlIjozMDAwMDAwMDAwMDAsImRlbGV0ZSI6MzAwMDAwMDAwMDAwLCJ1cGRhdGUiOjEyMDAwMDAwMDAwMH19",
          "dependencies": [
            "module.vpc_primary.data.aws_availability_zones.available",
            "module.vpc_primary.module.vpc.aws_eip.nat",
            "module.vpc_primary.module.vpc.aws_internet_gateway.this",
            "module.vpc_primary.module.vpc.aws_nat_gateway.this",
            "module.vpc_primary.module.vpc.aws_route_table.private",
            "module.vpc_primary.module.vpc.aws_subnet.public",
            "module.vpc_primary.module.vpc.aws_vpc.this",
            "module.vpc_primary.module.vpc.aws_vpc_ipv4_cidr_block_association.this"
          ]
        }
      ]
    },
    {
      "module": "module.vpc_primary.module.vpc",
      "mode": "managed",
      "type": "aws_route",
      "name": "public_internet_gateway",
      "provider": "provider[\"registry.terraform.io/hashicorp/aws\"].primary",
      "instances": [
        {
          "index_key": 0,
          "schema_version": 0,
          "attributes": {
            "carrier_gateway_id": "",
            "core_network_arn": "",
            "destination_cidr_block": "0.0.0.0/0",
            "destination_ipv6_cidr_block": "",
            "destination_prefix_list_id": "",
            "egress_only_gateway_id": "",
            "gateway_id": "igw-081b7fdff6526b99c",
            "id": "r-rtb-056a7712b9d7342331080289494",
            "instance_id": "",
            "instance_owner_id": "",
            "local_gateway_id": "",
            "nat_gateway_id": "",
            "network_interface_id": "",
            "origin": "CreateRoute",
            "route_table_id": "rtb-056a7712b9d734233",
            "state": "active",
            "timeouts": {
              "create": "5m",
              "delete": null,
              "update": null
            },
            "transit_gateway_id": "",
            "vpc_endpoint_id": "",
            "vpc_peering_connection_id": ""
          },
          "sensitive_attributes": [],
          "identity_schema_version": 0,
          "private": "eyJlMmJmYjczMC1lY2FhLTExZTYtOGY4OC0zNDM2M2JjN2M0YzAiOnsiY3JlYXRlIjozMDAwMDAwMDAwMDAsImRlbGV0ZSI6MzAwMDAwMDAwMDAwLCJ1cGRhdGUiOjEyMDAwMDAwMDAwMH19",
          "dependencies": [
            "module.vpc_primary.data.aws_availability_zones.available",
            "module.vpc_primary.module.vpc.aws_internet_gateway.this",
            "module.vpc_primary.module.vpc.aws_route_table.public",
            "module.vpc_primary.module.vpc.aws_vpc.this",
            "module.vpc_primary.module.vpc.aws_vpc_ipv4_cidr_block_association.this"
          ]
        }
      ]
    },
    {
      "module": "module.vpc_primary.module.vpc",
      "mode": "managed",
      "type": "aws_route",
      "name": "public_internet_gateway_ipv6",
      "provider": "provider[\"registry.terraform.io/hashicorp/aws\"].primary",
      "instances": []
    },
    {
      "module": "module.vpc_primary.module.vpc",
      "mode": "managed",
      "type": "aws_route_table",
      "name": "database",
      "provider": "provider[\"registry.terraform.io/hashicorp/aws\"].primary",
      "instances": []
    },
    {
      "module": "module.vpc_primary.module.vpc",
      "mode": "managed",
      "type": "aws_route_table",
      "name": "elasticache",
      "provider": "provider[\"registry.terraform.io/hashicorp/aws\"].primary",
      "instances": []
    },
    {
      "module": "module.vpc_primary.module.vpc",
      "mode": "managed",
      "type": "aws_route_table",
      "name": "intra",
      "provider": "provider[\"registry.terraform.io/hashicorp/aws\"].primary",
      "instances": []
    },
    {
      "module": "module.vpc_primary.module.vpc",
      "mode": "managed",
      "type": "aws_route_table",
      "name": "private",
      "provider": "provider[\"registry.terraform.io/hashicorp/aws\"].primary",
      "instances": [
        {
          "index_key": 0,
          "schema_version": 0,
          "attributes": {
            "arn": "arn:aws:ec2:us-east-1:643942183295:route-table/rtb-03a24b3552988ef16",
            "id": "rtb-03a24b3552988ef16",
            "owner_id": "643942183295",
            "propagating_vgws": [],
            "route": [
              {
                "carrier_gateway_id": "",
                "cidr_block": "0.0.0.0/0",
                "core_network_arn": "",
                "destination_prefix_list_id": "",
                "egress_only_gateway_id": "",
                "gateway_id": "",
                "ipv6_cidr_block": "",
                "local_gateway_id": "",
                "nat_gateway_id": "nat-0de6367e4cb057704",
                "network_interface_id": "",
                "transit_gateway_id": "",
                "vpc_endpoint_id": "",
                "vpc_peering_connection_id": ""
              }
            ],
            "tags": {
              "Name": "aerolink-dev-primary-vpc-private"
            },
            "tags_all": {
              "Name": "aerolink-dev-primary-vpc-private"
            },
            "timeouts": null,
            "vpc_id": "vpc-083fae6ece720063d"
          },
          "sensitive_attributes": [],
          "identity_schema_version": 0,
          "private": "eyJlMmJmYjczMC1lY2FhLTExZTYtOGY4OC0zNDM2M2JjN2M0YzAiOnsiY3JlYXRlIjozMDAwMDAwMDAwMDAsImRlbGV0ZSI6MzAwMDAwMDAwMDAwLCJ1cGRhdGUiOjEyMDAwMDAwMDAwMH19",
          "dependencies": [
            "module.vpc_primary.data.aws_availability_zones.available",
            "module.vpc_primary.module.vpc.aws_vpc.this",
            "module.vpc_primary.module.vpc.aws_vpc_ipv4_cidr_block_association.this"
          ]
        }
      ]
    },
    {
      "module": "module.vpc_primary.module.vpc",
      "mode": "managed",
      "type": "aws_route_table",
      "name": "public",
      "provider": "provider[\"registry.terraform.io/hashicorp/aws\"].primary",
      "instances": [
        {
          "index_key": 0,
          "schema_version": 0,
          "attributes": {
            "arn": "arn:aws:ec2:us-east-1:643942183295:route-table/rtb-056a7712b9d734233",
            "id": "rtb-056a7712b9d734233",
            "owner_id": "643942183295",
            "propagating_vgws": [],
            "route": [
              {
                "carrier_gateway_id": "",
                "cidr_block": "0.0.0.0/0",
                "core_network_arn": "",
                "destination_prefix_list_id": "",
                "egress_only_gateway_id": "",
                "gateway_id": "igw-081b7fdff6526b99c",
                "ipv6_cidr_block": "",
                "local_gateway_id": "",
                "nat_gateway_id": "",
                "network_interface_id": "",
                "transit_gateway_id": "",
                "vpc_endpoint_id": "",
                "vpc_peering_connection_id": ""
              }
            ],
            "tags": {
              "Name": "aerolink-dev-primary-vpc-public"
            },
            "tags_all": {
              "Name": "aerolink-dev-primary-vpc-public"
            },
            "timeouts": null,
            "vpc_id": "vpc-083fae6ece720063d"
          },
          "sensitive_attributes": [],
          "identity_schema_version": 0,
          "private": "eyJlMmJmYjczMC1lY2FhLTExZTYtOGY4OC0zNDM2M2JjN2M0YzAiOnsiY3JlYXRlIjozMDAwMDAwMDAwMDAsImRlbGV0ZSI6MzAwMDAwMDAwMDAwLCJ1cGRhdGUiOjEyMDAwMDAwMDAwMH19",
          "dependencies": [
            "module.vpc_primary.data.aws_availability_zones.available",
            "module.vpc_primary.module.vpc.aws_vpc.this",
            "module.vpc_primary.module.vpc.aws_vpc_ipv4_cidr_block_association.this"
          ]
        }
      ]
    },
    {
      "module": "module.vpc_primary.module.vpc",
      "mode": "managed",
      "type": "aws_route_table",
      "name": "redshift",
      "provider": "provider[\"registry.terraform.io/hashicorp/aws\"].primary",
      "instances": []
    },
    {
      "module": "module.vpc_primary.module.vpc",
      "mode": "managed",
      "type": "aws_route_table_association",
      "name": "database",
      "provider": "provider[\"registry.terraform.io/hashicorp/aws\"].primary",
      "instances": [
        {
          "index_key": 0,
          "schema_version": 0,
          "attributes": {
            "gateway_id": "",
            "id": "rtbassoc-088a7a03d2a7bd9b7",
            "route_table_id": "rtb-03a24b3552988ef16",
            "subnet_id": "subnet-088d8080aa337c4c7",
            "timeouts": null
          },
          "sensitive_attributes": [],
          "identity_schema_version": 0,
          "private": "eyJlMmJmYjczMC1lY2FhLTExZTYtOGY4OC0zNDM2M2JjN2M0YzAiOnsiY3JlYXRlIjozMDAwMDAwMDAwMDAsImRlbGV0ZSI6MzAwMDAwMDAwMDAwLCJ1cGRhdGUiOjEyMDAwMDAwMDAwMH19",
          "dependencies": [
            "module.vpc_primary.data.aws_availability_zones.available",
            "module.vpc_primary.module.vpc.aws_route_table.database",
            "module.vpc_primary.module.vpc.aws_route_table.private",
            "module.vpc_primary.module.vpc.aws_subnet.database",
            "module.vpc_primary.module.vpc.aws_vpc.this",
            "module.vpc_primary.module.vpc.aws_vpc_ipv4_cidr_block_association.this"
          ]
        },
        {
          "index_key": 1,
          "schema_version": 0,
          "attributes": {
            "gateway_id": "",
            "id": "rtbassoc-0b28048b05ef0b0c0",
            "route_table_id": "rtb-03a24b3552988ef16",
            "subnet_id": "subnet-08ec53a43acd4833d",
            "timeouts": null
          },
          "sensitive_attributes": [],
          "identity_schema_version": 0,
          "private": "eyJlMmJmYjczMC1lY2FhLTExZTYtOGY4OC0zNDM2M2JjN2M0YzAiOnsiY3JlYXRlIjozMDAwMDAwMDAwMDAsImRlbGV0ZSI6MzAwMDAwMDAwMDAwLCJ1cGRhdGUiOjEyMDAwMDAwMDAwMH19",
          "dependencies": [
            "module.vpc_primary.data.aws_availability_zones.available",
            "module.vpc_primary.module.vpc.aws_route_table.database",
            "module.vpc_primary.module.vpc.aws_route_table.private",
            "module.vpc_primary.module.vpc.aws_subnet.database",
            "module.vpc_primary.module.vpc.aws_vpc.this",
            "module.vpc_primary.module.vpc.aws_vpc_ipv4_cidr_block_association.this"
          ]
        }
      ]
    },
    {
      "module": "module.vpc_primary.module.vpc",
      "mode": "managed",
      "type": "aws_route_table_association",
      "name": "elasticache",
      "provider": "provider[\"registry.terraform.io/hashicorp/aws\"].primary",
      "instances": []
    },
    {
      "module": "module.vpc_primary.module.vpc",
      "mode": "managed",
      "type": "aws_route_table_association",
      "name": "intra",
      "provider": "provider[\"registry.terraform.io/hashicorp/aws\"].primary",
      "instances": []
    },
    {
      "module": "module.vpc_primary.module.vpc",
      "mode": "managed",
      "type": "aws_route_table_association",
      "name": "outpost",
      "provider": "provider[\"registry.terraform.io/hashicorp/aws\"].primary",
      "instances": []
    },
    {
      "module": "module.vpc_primary.module.vpc",
      "mode": "managed",
      "type": "aws_route_table_association",
      "name": "private",
      "provider": "provider[\"registry.terraform.io/hashicorp/aws\"].primary",
      "instances": [
        {
          "index_key": 0,
          "schema_version": 0,
          "attributes": {
            "gateway_id": "",
            "id": "rtbassoc-0ce47948dad92af2a",
            "route_table_id": "rtb-03a24b3552988ef16",
            "subnet_id": "subnet-04761cd0e519c0b4b",
            "timeouts": null
          },
          "sensitive_attributes": [],
          "identity_schema_version": 0,
          "private": "eyJlMmJmYjczMC1lY2FhLTExZTYtOGY4OC0zNDM2M2JjN2M0YzAiOnsiY3JlYXRlIjozMDAwMDAwMDAwMDAsImRlbGV0ZSI6MzAwMDAwMDAwMDAwLCJ1cGRhdGUiOjEyMDAwMDAwMDAwMH19",
          "dependencies": [
            "module.vpc_primary.data.aws_availability_zones.available",
            "module.vpc_primary.module.vpc.aws_route_table.private",
            "module.vpc_primary.module.vpc.aws_subnet.private",
            "module.vpc_primary.module.vpc.aws_vpc.this",
            "module.vpc_primary.module.vpc.aws_vpc_ipv4_cidr_block_association.this"
          ]
        },
        {
          "index_key": 1,
          "schema_version": 0,
          "attributes": {
            "gateway_id": "",
            "id": "rtbassoc-05e52d6bd3d220216",
            "route_table_id": "rtb-03a24b3552988ef16",
            "subnet_id": "subnet-0b4027f99876ad76e",
            "timeouts": null
          },
          "sensitive_attributes": [],
          "identity_schema_version": 0,
          "private": "eyJlMmJmYjczMC1lY2FhLTExZTYtOGY4OC0zNDM2M2JjN2M0YzAiOnsiY3JlYXRlIjozMDAwMDAwMDAwMDAsImRlbGV0ZSI6MzAwMDAwMDAwMDAwLCJ1cGRhdGUiOjEyMDAwMDAwMDAwMH19",
          "dependencies": [
            "module.vpc_primary.data.aws_availability_zones.available",
            "module.vpc_primary.module.vpc.aws_route_table.private",
            "module.vpc_primary.module.vpc.aws_subnet.private",
            "module.vpc_primary.module.vpc.aws_vpc.this",
            "module.vpc_primary.module.vpc.aws_vpc_ipv4_cidr_block_association.this"
          ]
        }
      ]
    },
    {
      "module": "module.vpc_primary.module.vpc",
      "mode": "managed",
      "type": "aws_route_table_association",
      "name": "public",
      "provider": "provider[\"registry.terraform.io/hashicorp/aws\"].primary",
      "instances": [
        {
          "index_key": 0,
          "schema_version": 0,
          "attributes": {
            "gateway_id": "",
            "id": "rtbassoc-090bbf71d3e4fc5e8",
            "route_table_id": "rtb-056a7712b9d734233",
            "subnet_id": "subnet-028e5a281e11ea6cd",
            "timeouts": null
          },
          "sensitive_attributes": [],
          "identity_schema_version": 0,
          "private": "eyJlMmJmYjczMC1lY2FhLTExZTYtOGY4OC0zNDM2M2JjN2M0YzAiOnsiY3JlYXRlIjozMDAwMDAwMDAwMDAsImRlbGV0ZSI6MzAwMDAwMDAwMDAwLCJ1cGRhdGUiOjEyMDAwMDAwMDAwMH19",
          "dependencies": [
            "module.vpc_primary.data.aws_availability_zones.available",
            "module.vpc_primary.module.vpc.aws_route_table.public",
            "module.vpc_primary.module.vpc.aws_subnet.public",
            "module.vpc_primary.module.vpc.aws_vpc.this",
            "module.vpc_primary.module.vpc.aws_vpc_ipv4_cidr_block_association.this"
          ]
        },
        {
          "index_key": 1,
          "schema_version": 0,
          "attributes": {
            "gateway_id": "",
            "id": "rtbassoc-0a583a5c10ab66c6d",
            "route_table_id": "rtb-056a7712b9d734233",
            "subnet_id": "subnet-0d610cd7dbb97d055",
            "timeouts": null
          },
          "sensitive_attributes": [],
          "identity_schema_version": 0,
          "private": "eyJlMmJmYjczMC1lY2FhLTExZTYtOGY4OC0zNDM2M2JjN2M0YzAiOnsiY3JlYXRlIjozMDAwMDAwMDAwMDAsImRlbGV0ZSI6MzAwMDAwMDAwMDAwLCJ1cGRhdGUiOjEyMDAwMDAwMDAwMH19",
          "dependencies": [
            "module.vpc_primary.data.aws_availability_zones.available",
            "module.vpc_primary.module.vpc.aws_route_table.public",
            "module.vpc_primary.module.vpc.aws_subnet.public",
            "module.vpc_primary.module.vpc.aws_vpc.this",
            "module.vpc_primary.module.vpc.aws_vpc_ipv4_cidr_block_association.this"
          ]
        }
      ]
    },
    {
      "module": "module.vpc_primary.module.vpc",
      "mode": "managed",
      "type": "aws_route_table_association",
      "name": "redshift",
      "provider": "provider[\"registry.terraform.io/hashicorp/aws\"].primary",
      "instances": []
    },
    {
      "module": "module.vpc_primary.module.vpc",
      "mode": "managed",
      "type": "aws_route_table_association",
      "name": "redshift_public",
      "provider": "provider[\"registry.terraform.io/hashicorp/aws\"].primary",
      "instances": []
    },
    {
      "module": "module.vpc_primary.module.vpc",
      "mode": "managed",
      "type": "aws_subnet",
      "name": "database",
      "provider": "provider[\"registry.terraform.io/hashicorp/aws\"].primary",
      "instances": [
        {
          "index_key": 0,
          "schema_version": 1,
          "attributes": {
            "arn": "arn:aws:ec2:us-east-1:643942183295:subnet/subnet-088d8080aa337c4c7",
            "assign_ipv6_address_on_creation": false,
            "availability_zone": "us-east-1a",
            "availability_zone_id": "use1-az1",
            "cidr_block": "10.0.201.0/24",
            "customer_owned_ipv4_pool": "",
            "enable_dns64": false,
            "enable_lni_at_device_index": 0,
            "enable_resource_name_dns_a_record_on_launch": false,
            "enable_resource_name_dns_aaaa_record_on_launch": false,
            "id": "subnet-088d8080aa337c4c7",
            "ipv6_cidr_block": "",
            "ipv6_cidr_block_association_id": "",
            "ipv6_native": false,
            "map_customer_owned_ip_on_launch": false,
            "map_public_ip_on_launch": false,
            "outpost_arn": "",
            "owner_id": "643942183295",
            "private_dns_hostname_type_on_launch": "ip-name",
            "tags": {
              "Name": "aerolink-dev-primary-vpc-db-us-east-1a"
            },
            "tags_all": {
              "Name": "aerolink-dev-primary-vpc-db-us-east-1a"
            },
            "timeouts": null,
            "vpc_id": "vpc-083fae6ece720063d"
          },
          "sensitive_attributes": [],
          "identity_schema_version": 0,
          "private": "eyJlMmJmYjczMC1lY2FhLTExZTYtOGY4OC0zNDM2M2JjN2M0YzAiOnsiY3JlYXRlIjo2MDAwMDAwMDAwMDAsImRlbGV0ZSI6MTIwMDAwMDAwMDAwMH0sInNjaGVtYV92ZXJzaW9uIjoiMSJ9",
          "dependencies": [
            "module.vpc_primary.data.aws_availability_zones.available",
            "module.vpc_primary.module.vpc.aws_vpc.this",
            "module.vpc_primary.module.vpc.aws_vpc_ipv4_cidr_block_association.this"
          ],
          "create_before_destroy": true
        },
        {
          "index_key": 1,
          "schema_version": 1,
          "attributes": {
            "arn": "arn:aws:ec2:us-east-1:643942183295:subnet/subnet-08ec53a43acd4833d",
            "assign_ipv6_address_on_creation": false,
            "availability_zone": "us-east-1b",
            "availability_zone_id": "use1-az2",
            "cidr_block": "10.0.202.0/24",
            "customer_owned_ipv4_pool": "",
            "enable_dns64": false,
            "enable_lni_at_device_index": 0,
            "enable_resource_name_dns_a_record_on_launch": false,
            "enable_resource_name_dns_aaaa_record_on_launch": false,
            "id": "subnet-08ec53a43acd4833d",
            "ipv6_cidr_block": "",
            "ipv6_cidr_block_association_id": "",
            "ipv6_native": false,
            "map_customer_owned_ip_on_launch": false,
            "map_public_ip_on_launch": false,
            "outpost_arn": "",
            "owner_id": "643942183295",
            "private_dns_hostname_type_on_launch": "ip-name",
            "tags": {
              "Name": "aerolink-dev-primary-vpc-db-us-east-1b"
            },
            "tags_all": {
              "Name": "aerolink-dev-primary-vpc-db-us-east-1b"
            },
            "timeouts": null,
            "vpc_id": "vpc-083fae6ece720063d"
          },
          "sensitive_attributes": [],
          "identity_schema_version": 0,
          "private": "eyJlMmJmYjczMC1lY2FhLTExZTYtOGY4OC0zNDM2M2JjN2M0YzAiOnsiY3JlYXRlIjo2MDAwMDAwMDAwMDAsImRlbGV0ZSI6MTIwMDAwMDAwMDAwMH0sInNjaGVtYV92ZXJzaW9uIjoiMSJ9",
          "dependencies": [
            "module.vpc_primary.data.aws_availability_zones.available",
            "module.vpc_primary.module.vpc.aws_vpc.this",
            "module.vpc_primary.module.vpc.aws_vpc_ipv4_cidr_block_association.this"
          ],
          "create_before_destroy": true
        }
      ]
    },
    {
      "module": "module.vpc_primary.module.vpc",
      "mode": "managed",
      "type": "aws_subnet",
      "name": "elasticache",
      "provider": "provider[\"registry.terraform.io/hashicorp/aws\"].primary",
      "instances": []
    },
    {
      "module": "module.vpc_primary.module.vpc",
      "mode": "managed",
      "type": "aws_subnet",
      "name": "intra",
      "provider": "provider[\"registry.terraform.io/hashicorp/aws\"].primary",
      "instances": []
    },
    {
      "module": "module.vpc_primary.module.vpc",
      "mode": "managed",
      "type": "aws_subnet",
      "name": "outpost",
      "provider": "provider[\"registry.terraform.io/hashicorp/aws\"].primary",
      "instances": []
    },
    {
      "module": "module.vpc_primary.module.vpc",
      "mode": "managed",
      "type": "aws_subnet",
      "name": "private",
      "provider": "provider[\"registry.terraform.io/hashicorp/aws\"].primary",
      "instances": [
        {
          "index_key": 0,
          "schema_version": 1,
          "attributes": {
            "arn": "arn:aws:ec2:us-east-1:643942183295:subnet/subnet-04761cd0e519c0b4b",
            "assign_ipv6_address_on_creation": false,
            "availability_zone": "us-east-1a",
            "availability_zone_id": "use1-az1",
            "cidr_block": "10.0.1.0/24",
            "customer_owned_ipv4_pool": "",
            "enable_dns64": false,
            "enable_lni_at_device_index": 0,
            "enable_resource_name_dns_a_record_on_launch": false,
            "enable_resource_name_dns_aaaa_record_on_launch": false,
            "id": "subnet-04761cd0e519c0b4b",
            "ipv6_cidr_block": "",
            "ipv6_cidr_block_association_id": "",
            "ipv6_native": false,
            "map_customer_owned_ip_on_launch": false,
            "map_public_ip_on_launch": false,
            "outpost_arn": "",
            "owner_id": "643942183295",
            "private_dns_hostname_type_on_launch": "ip-name",
            "tags": {
              "Name": "aerolink-dev-primary-vpc-private-us-east-1a"
            },
            "tags_all": {
              "Name": "aerolink-dev-primary-vpc-private-us-east-1a"
            },
            "timeouts": null,
            "vpc_id": "vpc-083fae6ece720063d"
          },
          "sensitive_attributes": [],
          "identity_schema_version": 0,
          "private": "eyJlMmJmYjczMC1lY2FhLTExZTYtOGY4OC0zNDM2M2JjN2M0YzAiOnsiY3JlYXRlIjo2MDAwMDAwMDAwMDAsImRlbGV0ZSI6MTIwMDAwMDAwMDAwMH0sInNjaGVtYV92ZXJzaW9uIjoiMSJ9",
          "dependencies": [
            "module.vpc_primary.data.aws_availability_zones.available",
            "module.vpc_primary.module.vpc.aws_vpc.this",
            "module.vpc_primary.module.vpc.aws_vpc_ipv4_cidr_block_association.this"
          ],
          "create_before_destroy": true
        },
        {
          "index_key": 1,
          "schema_version": 1,
          "attributes": {
            "arn": "arn:aws:ec2:us-east-1:643942183295:subnet/subnet-0b4027f99876ad76e",
            "assign_ipv6_address_on_creation": false,
            "availability_zone": "us-east-1b",
            "availability_zone_id": "use1-az2",
            "cidr_block": "10.0.2.0/24",
            "customer_owned_ipv4_pool": "",
            "enable_dns64": false,
            "enable_lni_at_device_index": 0,
            "enable_resource_name_dns_a_record_on_launch": false,
            "enable_resource_name_dns_aaaa_record_on_launch": false,
            "id": "subnet-0b4027f99876ad76e",
            "ipv6_cidr_block": "",
            "ipv6_cidr_block_association_id": "",
            "ipv6_native": false,
            "map_customer_owned_ip_on_launch": false,
            "map_public_ip_on_launch": false,
            "outpost_arn": "",
            "owner_id": "643942183295",
            "private_dns_hostname_type_on_launch": "ip-name",
            "tags": {
              "Name": "aerolink-dev-primary-vpc-private-us-east-1b"
            },
            "tags_all": {
              "Name": "aerolink-dev-primary-vpc-private-us-east-1b"
            },
            "timeouts": null,
            "vpc_id": "vpc-083fae6ece720063d"
          },
          "sensitive_attributes": [],
          "identity_schema_version": 0,
          "private": "eyJlMmJmYjczMC1lY2FhLTExZTYtOGY4OC0zNDM2M2JjN2M0YzAiOnsiY3JlYXRlIjo2MDAwMDAwMDAwMDAsImRlbGV0ZSI6MTIwMDAwMDAwMDAwMH0sInNjaGVtYV92ZXJzaW9uIjoiMSJ9",
          "dependencies": [
            "module.vpc_primary.data.aws_availability_zones.available",
            "module.vpc_primary.module.vpc.aws_vpc.this",
            "module.vpc_primary.module.vpc.aws_vpc_ipv4_cidr_block_association.this"
          ],
          "create_before_destroy": true
        }
      ]
    },
    {
      "module": "module.vpc_primary.module.vpc",
      "mode": "managed",
      "type": "aws_subnet",
      "name": "public",
      "provider": "provider[\"registry.terraform.io/hashicorp/aws\"].primary",
      "instances": [
        {
          "index_key": 0,
          "schema_version": 1,
          "attributes": {
            "arn": "arn:aws:ec2:us-east-1:643942183295:subnet/subnet-028e5a281e11ea6cd",
            "assign_ipv6_address_on_creation": false,
            "availability_zone": "us-east-1a",
            "availability_zone_id": "use1-az1",
            "cidr_block": "10.0.101.0/24",
            "customer_owned_ipv4_pool": "",
            "enable_dns64": false,
            "enable_lni_at_device_index": 0,
            "enable_resource_name_dns_a_record_on_launch": false,
            "enable_resource_name_dns_aaaa_record_on_launch": false,
            "id": "subnet-028e5a281e11ea6cd",
            "ipv6_cidr_block": "",
            "ipv6_cidr_block_association_id": "",
            "ipv6_native": false,
            "map_customer_owned_ip_on_launch": false,
            "map_public_ip_on_launch": false,
            "outpost_arn": "",
            "owner_id": "643942183295",
            "private_dns_hostname_type_on_launch": "ip-name",
            "tags": {
              "Name": "aerolink-dev-primary-vpc-public-us-east-1a"
            },
            "tags_all": {
              "Name": "aerolink-dev-primary-vpc-public-us-east-1a"
            },
            "timeouts": null,
            "vpc_id": "vpc-083fae6ece720063d"
          },
          "sensitive_attributes": [],
          "identity_schema_version": 0,
          "private": "eyJlMmJmYjczMC1lY2FhLTExZTYtOGY4OC0zNDM2M2JjN2M0YzAiOnsiY3JlYXRlIjo2MDAwMDAwMDAwMDAsImRlbGV0ZSI6MTIwMDAwMDAwMDAwMH0sInNjaGVtYV92ZXJzaW9uIjoiMSJ9",
          "dependencies": [
            "module.vpc_primary.data.aws_availability_zones.available",
            "module.vpc_primary.module.vpc.aws_vpc.this",
            "module.vpc_primary.module.vpc.aws_vpc_ipv4_cidr_block_association.this"
          ]
        },
        {
          "index_key": 1,
          "schema_version": 1,
          "attributes": {
            "arn": "arn:aws:ec2:us-east-1:643942183295:subnet/subnet-0d610cd7dbb97d055",
            "assign_ipv6_address_on_creation": false,
            "availability_zone": "us-east-1b",
            "availability_zone_id": "use1-az2",
            "cidr_block": "10.0.102.0/24",
            "customer_owned_ipv4_pool": "",
            "enable_dns64": false,
            "enable_lni_at_device_index": 0,
            "enable_resource_name_dns_a_record_on_launch": false,
            "enable_resource_name_dns_aaaa_record_on_launch": false,
            "id": "subnet-0d610cd7dbb97d055",
            "ipv6_cidr_block": "",
            "ipv6_cidr_block_association_id": "",
            "ipv6_native": false,
            "map_customer_owned_ip_on_launch": false,
            "map_public_ip_on_launch": false,
            "outpost_arn": "",
            "owner_id": "643942183295",
            "private_dns_hostname_type_on_launch": "ip-name",
            "tags": {
              "Name": "aerolink-dev-primary-vpc-public-us-east-1b"
            },
            "tags_all": {
              "Name": "aerolink-dev-primary-vpc-public-us-east-1b"
            },
            "timeouts": null,
            "vpc_id": "vpc-083fae6ece720063d"
          },
          "sensitive_attributes": [],
          "identity_schema_version": 0,
          "private": "eyJlMmJmYjczMC1lY2FhLTExZTYtOGY4OC0zNDM2M2JjN2M0YzAiOnsiY3JlYXRlIjo2MDAwMDAwMDAwMDAsImRlbGV0ZSI6MTIwMDAwMDAwMDAwMH0sInNjaGVtYV92ZXJzaW9uIjoiMSJ9",
          "dependencies": [
            "module.vpc_primary.data.aws_availability_zones.available",
            "module.vpc_primary.module.vpc.aws_vpc.this",
            "module.vpc_primary.module.vpc.aws_vpc_ipv4_cidr_block_association.this"
          ]
        }
      ]
    },
    {
      "module": "module.vpc_primary.module.vpc",
      "mode": "managed",
      "type": "aws_subnet",
      "name": "redshift",
      "provider": "provider[\"registry.terraform.io/hashicorp/aws\"].primary",
      "instances": []
    },
    {
      "module": "module.vpc_primary.module.vpc",
      "mode": "managed",
      "type": "aws_vpc",
      "name": "this",
      "provider": "provider[\"registry.terraform.io/hashicorp/aws\"].primary",
      "instances": [
        {
          "index_key": 0,
          "schema_version": 1,
          "attributes": {
            "arn": "arn:aws:ec2:us-east-1:643942183295:vpc/vpc-083fae6ece720063d",
            "assign_generated_ipv6_cidr_block": false,
            "cidr_block": "10.0.0.0/16",
            "default_network_acl_id": "acl-08d31becd4cf4186b",
            "default_route_table_id": "rtb-0a7e6dc46f866d49d",
            "default_security_group_id": "sg-0564e1ed16325e602",
            "dhcp_options_id": "dopt-058be5c401ceca4d0",
            "enable_dns_hostnames": true,
            "enable_dns_support": true,
            "enable_network_address_usage_metrics": false,
            "id": "vpc-083fae6ece720063d",
            "instance_tenancy": "default",
            "ipv4_ipam_pool_id": null,
            "ipv4_netmask_length": null,
            "ipv6_association_id": "",
            "ipv6_cidr_block": "",
            "ipv6_cidr_block_network_border_group": "",
            "ipv6_ipam_pool_id": "",
            "ipv6_netmask_length": 0,
            "main_route_table_id": "rtb-0a7e6dc46f866d49d",
            "owner_id": "643942183295",
            "tags": {
              "Name": "aerolink-dev-primary-vpc"
            },
            "tags_all": {
              "Name": "aerolink-dev-primary-vpc"
            }
          },
          "sensitive_attributes": [],
          "identity_schema_version": 0,
          "private": "eyJzY2hlbWFfdmVyc2lvbiI6IjEifQ==",
          "create_before_destroy": true
        }
      ]
    },
    {
      "module": "module.vpc_primary.module.vpc",
      "mode": "managed",
      "type": "aws_vpc_block_public_access_exclusion",
      "name": "this",
      "provider": "provider[\"registry.terraform.io/hashicorp/aws\"].primary",
      "instances": []
    },
    {
      "module": "module.vpc_primary.module.vpc",
      "mode": "managed",
      "type": "aws_vpc_block_public_access_options",
      "name": "this",
      "provider": "provider[\"registry.terraform.io/hashicorp/aws\"].primary",
      "instances": []
    },
    {
      "module": "module.vpc_primary.module.vpc",
      "mode": "managed",
      "type": "aws_vpc_dhcp_options",
      "name": "this",
      "provider": "provider[\"registry.terraform.io/hashicorp/aws\"].primary",
      "instances": []
    },
    {
      "module": "module.vpc_primary.module.vpc",
      "mode": "managed",
      "type": "aws_vpc_dhcp_options_association",
      "name": "this",
      "provider": "provider[\"registry.terraform.io/hashicorp/aws\"].primary",
      "instances": []
    },
    {
      "module": "module.vpc_primary.module.vpc",
      "mode": "managed",
      "type": "aws_vpc_ipv4_cidr_block_association",
      "name": "this",
      "provider": "provider[\"registry.terraform.io/hashicorp/aws\"].primary",
      "instances": []
    },
    {
      "module": "module.vpc_primary.module.vpc",
      "mode": "managed",
      "type": "aws_vpn_gateway",
      "name": "this",
      "provider": "provider[\"registry.terraform.io/hashicorp/aws\"].primary",
      "instances": []
    },
    {
      "module": "module.vpc_primary.module.vpc",
      "mode": "managed",
      "type": "aws_vpn_gateway_attachment",
      "name": "this",
      "provider": "provider[\"registry.terraform.io/hashicorp/aws\"].primary",
      "instances": []
    },
    {
      "module": "module.vpc_primary.module.vpc",
      "mode": "managed",
      "type": "aws_vpn_gateway_route_propagation",
      "name": "intra",
      "provider": "provider[\"registry.terraform.io/hashicorp/aws\"].primary",
      "instances": []
    },
    {
      "module": "module.vpc_primary.module.vpc",
      "mode": "managed",
      "type": "aws_vpn_gateway_route_propagation",
      "name": "private",
      "provider": "provider[\"registry.terraform.io/hashicorp/aws\"].primary",
      "instances": []
    },
    {
      "module": "module.vpc_primary.module.vpc",
      "mode": "managed",
      "type": "aws_vpn_gateway_route_propagation",
      "name": "public",
      "provider": "provider[\"registry.terraform.io/hashicorp/aws\"].primary",
      "instances": []
    },
    {
      "module": "module.vpc_secondary",
      "mode": "data",
      "type": "aws_availability_zones",
      "name": "available",
      "provider": "provider[\"registry.terraform.io/hashicorp/aws\"].secondary",
      "instances": [
        {
          "schema_version": 0,
          "attributes": {
            "all_availability_zones": null,
            "exclude_names": null,
            "exclude_zone_ids": null,
            "filter": null,
            "group_names": [
              "eu-west-1-zg-1"
            ],
            "id": "eu-west-1",
            "names": [
              "eu-west-1a",
              "eu-west-1b",
              "eu-west-1c"
            ],
            "state": "available",
            "timeouts": null,
            "zone_ids": [
              "euw1-az2",
              "euw1-az3",
              "euw1-az1"
            ]
          },
          "sensitive_attributes": [],
          "identity_schema_version": 0
        }
      ]
    },
    {
      "module": "module.vpc_secondary.module.vpc",
      "mode": "data",
      "type": "aws_caller_identity",
      "name": "current",
      "provider": "provider[\"registry.terraform.io/hashicorp/aws\"].secondary",
      "instances": []
    },
    {
      "module": "module.vpc_secondary.module.vpc",
      "mode": "data",
      "type": "aws_iam_policy_document",
      "name": "flow_log_cloudwatch_assume_role",
      "provider": "provider[\"registry.terraform.io/hashicorp/aws\"].secondary",
      "instances": []
    },
    {
      "module": "module.vpc_secondary.module.vpc",
      "mode": "data",
      "type": "aws_iam_policy_document",
      "name": "vpc_flow_log_cloudwatch",
      "provider": "provider[\"registry.terraform.io/hashicorp/aws\"].secondary",
      "instances": []
    },
    {
      "module": "module.vpc_secondary.module.vpc",
      "mode": "data",
      "type": "aws_partition",
      "name": "current",
      "provider": "provider[\"registry.terraform.io/hashicorp/aws\"].secondary",
      "instances": []
    },
    {
      "module": "module.vpc_secondary.module.vpc",
      "mode": "data",
      "type": "aws_region",
      "name": "current",
      "provider": "provider[\"registry.terraform.io/hashicorp/aws\"].secondary",
      "instances": []
    },
    {
      "module": "module.vpc_secondary.module.vpc",
      "mode": "managed",
      "type": "aws_cloudwatch_log_group",
      "name": "flow_log",
      "provider": "provider[\"registry.terraform.io/hashicorp/aws\"].secondary",
      "instances": []
    },
    {
      "module": "module.vpc_secondary.module.vpc",
      "mode": "managed",
      "type": "aws_customer_gateway",
      "name": "this",
      "provider": "provider[\"registry.terraform.io/hashicorp/aws\"].secondary",
      "instances": []
    },
    {
      "module": "module.vpc_secondary.module.vpc",
      "mode": "managed",
      "type": "aws_db_subnet_group",
      "name": "database",
      "provider": "provider[\"registry.terraform.io/hashicorp/aws\"].secondary",
      "instances": [
        {
          "index_key": 0,
          "schema_version": 0,
          "attributes": {
            "arn": "arn:aws:rds:eu-west-1:643942183295:subgrp:aerolink-dev-secondary-vpc",
            "description": "Database subnet group for aerolink-dev-secondary-vpc",
            "id": "aerolink-dev-secondary-vpc",
            "name": "aerolink-dev-secondary-vpc",
            "name_prefix": "",
            "subnet_ids": [
              "subnet-0019fbd2b9690c199",
              "subnet-0666770748afa258e"
            ],
            "supported_network_types": [
              "IPV4"
            ],
            "tags": {
              "Name": "aerolink-dev-secondary-vpc"
            },
            "tags_all": {
              "Name": "aerolink-dev-secondary-vpc"
            },
            "vpc_id": "vpc-0c5e972b673c82c4a"
          },
          "sensitive_attributes": [],
          "identity_schema_version": 0,
          "private": "bnVsbA==",
          "dependencies": [
            "module.vpc_secondary.data.aws_availability_zones.available",
            "module.vpc_secondary.module.vpc.aws_subnet.database",
            "module.vpc_secondary.module.vpc.aws_vpc.this",
            "module.vpc_secondary.module.vpc.aws_vpc_ipv4_cidr_block_association.this"
          ],
          "create_before_destroy": true
        }
      ]
    },
    {
      "module": "module.vpc_secondary.module.vpc",
      "mode": "managed",
      "type": "aws_default_network_acl",
      "name": "this",
      "provider": "provider[\"registry.terraform.io/hashicorp/aws\"].secondary",
      "instances": [
        {
          "index_key": 0,
          "schema_version": 0,
          "attributes": {
            "arn": "arn:aws:ec2:eu-west-1:643942183295:network-acl/acl-0304411367b5f4e93",
            "default_network_acl_id": "acl-0304411367b5f4e93",
            "egress": [
              {
                "action": "allow",
                "cidr_block": "",
                "from_port": 0,
                "icmp_code": 0,
                "icmp_type": 0,
                "ipv6_cidr_block": "::/0",
                "protocol": "-1",
                "rule_no": 101,
                "to_port": 0
              },
              {
                "action": "allow",
                "cidr_block": "0.0.0.0/0",
                "from_port": 0,
                "icmp_code": 0,
                "icmp_type": 0,
                "ipv6_cidr_block": "",
                "protocol": "-1",
                "rule_no": 100,
                "to_port": 0
              }
            ],
            "id": "acl-0304411367b5f4e93",
            "ingress": [
              {
                "action": "allow",
                "cidr_block": "",
                "from_port": 0,
                "icmp_code": 0,
                "icmp_type": 0,
                "ipv6_cidr_block": "::/0",
                "protocol": "-1",
                "rule_no": 101,
                "to_port": 0
              },
              {
                "action": "allow",
                "cidr_block": "0.0.0.0/0",
                "from_port": 0,
                "icmp_code": 0,
                "icmp_type": 0,
                "ipv6_cidr_block": "",
                "protocol": "-1",
                "rule_no": 100,
                "to_port": 0
              }
            ],
            "owner_id": "643942183295",
            "subnet_ids": [],
            "tags": {
              "Name": "aerolink-dev-secondary-vpc-default"
            },
            "tags_all": {
              "Name": "aerolink-dev-secondary-vpc-default"
            },
            "vpc_id": "vpc-0c5e972b673c82c4a"
          },
          "sensitive_attributes": [],
          "identity_schema_version": 0,
          "private": "bnVsbA==",
          "dependencies": [
            "module.vpc_secondary.module.vpc.aws_vpc.this"
          ]
        }
      ]
    },
    {
      "module": "module.vpc_secondary.module.vpc",
      "mode": "managed",
      "type": "aws_default_route_table",
      "name": "default",
      "provider": "provider[\"registry.terraform.io/hashicorp/aws\"].secondary",
      "instances": [
        {
          "index_key": 0,
          "schema_version": 0,
          "attributes": {
            "arn": "arn:aws:ec2:eu-west-1:643942183295:route-table/rtb-0d277e5a4174b08a8",
            "default_route_table_id": "rtb-0d277e5a4174b08a8",
            "id": "rtb-0d277e5a4174b08a8",
            "owner_id": "643942183295",
            "propagating_vgws": [],
            "route": [],
            "tags": {
              "Name": "aerolink-dev-secondary-vpc-default"
            },
            "tags_all": {
              "Name": "aerolink-dev-secondary-vpc-default"
            },
            "timeouts": {
              "create": "5m",
              "update": "5m"
            },
            "vpc_id": "vpc-0c5e972b673c82c4a"
          },
          "sensitive_attributes": [],
          "identity_schema_version": 0,
          "private": "eyJlMmJmYjczMC1lY2FhLTExZTYtOGY4OC0zNDM2M2JjN2M0YzAiOnsiY3JlYXRlIjozMDAwMDAwMDAwMDAsInVwZGF0ZSI6MzAwMDAwMDAwMDAwfX0=",
          "dependencies": [
            "module.vpc_secondary.module.vpc.aws_vpc.this"
          ]
        }
      ]
    },
    {
      "module": "module.vpc_secondary.module.vpc",
      "mode": "managed",
      "type": "aws_default_security_group",
      "name": "this",
      "provider": "provider[\"registry.terraform.io/hashicorp/aws\"].secondary",
      "instances": [
        {
          "index_key": 0,
          "schema_version": 1,
          "attributes": {
            "arn": "arn:aws:ec2:eu-west-1:643942183295:security-group/sg-0c1c60d19b54a6a08",
            "description": "default VPC security group",
            "egress": [],
            "id": "sg-0c1c60d19b54a6a08",
            "ingress": [],
            "name": "default",
            "name_prefix": "",
            "owner_id": "643942183295",
            "revoke_rules_on_delete": false,
            "tags": {
              "Name": "aerolink-dev-secondary-vpc-default"
            },
            "tags_all": {
              "Name": "aerolink-dev-secondary-vpc-default"
            },
            "vpc_id": "vpc-0c5e972b673c82c4a"
          },
          "sensitive_attributes": [],
          "identity_schema_version": 0,
          "private": "eyJzY2hlbWFfdmVyc2lvbiI6IjEifQ==",
          "dependencies": [
            "module.vpc_secondary.module.vpc.aws_vpc.this"
          ]
        }
      ]
    },
    {
      "module": "module.vpc_secondary.module.vpc",
      "mode": "managed",
      "type": "aws_default_vpc",
      "name": "this",
      "provider": "provider[\"registry.terraform.io/hashicorp/aws\"].secondary",
      "instances": []
    },
    {
      "module": "module.vpc_secondary.module.vpc",
      "mode": "managed",
      "type": "aws_egress_only_internet_gateway",
      "name": "this",
      "provider": "provider[\"registry.terraform.io/hashicorp/aws\"].secondary",
      "instances": []
    },
    {
      "module": "module.vpc_secondary.module.vpc",
      "mode": "managed",
      "type": "aws_eip",
      "name": "nat",
      "provider": "provider[\"registry.terraform.io/hashicorp/aws\"].secondary",
      "instances": [
        {
          "index_key": 0,
          "schema_version": 0,
          "attributes": {
            "address": null,
            "allocation_id": "eipalloc-027d82e6311f078a3",
            "arn": "arn:aws:ec2:eu-west-1:643942183295:elastic-ip/eipalloc-027d82e6311f078a3",
            "associate_with_private_ip": null,
            "association_id": "",
            "carrier_ip": "",
            "customer_owned_ip": "",
            "customer_owned_ipv4_pool": "",
            "domain": "vpc",
            "id": "eipalloc-027d82e6311f078a3",
            "instance": "",
            "ipam_pool_id": null,
            "network_border_group": "eu-west-1",
            "network_interface": "",
            "private_dns": null,
            "private_ip": "",
            "ptr_record": "",
            "public_dns": "ec2-52-214-161-189.eu-west-1.compute.amazonaws.com",
            "public_ip": "52.214.161.189",
            "public_ipv4_pool": "amazon",
            "tags": {
              "Name": "aerolink-dev-secondary-vpc-eu-west-1a"
            },
            "tags_all": {
              "Name": "aerolink-dev-secondary-vpc-eu-west-1a"
            },
            "timeouts": null,
            "vpc": true
          },
          "sensitive_attributes": [],
          "identity_schema_version": 0,
          "private": "eyJlMmJmYjczMC1lY2FhLTExZTYtOGY4OC0zNDM2M2JjN2M0YzAiOnsiZGVsZXRlIjoxODAwMDAwMDAwMDAsInJlYWQiOjkwMDAwMDAwMDAwMCwidXBkYXRlIjozMDAwMDAwMDAwMDB9fQ==",
          "dependencies": [
            "module.vpc_secondary.data.aws_availability_zones.available",
            "module.vpc_secondary.module.vpc.aws_internet_gateway.this",
            "module.vpc_secondary.module.vpc.aws_vpc.this",
            "module.vpc_secondary.module.vpc.aws_vpc_ipv4_cidr_block_association.this"
          ]
        }
      ]
    },
    {
      "module": "module.vpc_secondary.module.vpc",
      "mode": "managed",
      "type": "aws_elasticache_subnet_group",
      "name": "elasticache",
      "provider": "provider[\"registry.terraform.io/hashicorp/aws\"].secondary",
      "instances": []
    },
    {
      "module": "module.vpc_secondary.module.vpc",
      "mode": "managed",
      "type": "aws_flow_log",
      "name": "this",
      "provider": "provider[\"registry.terraform.io/hashicorp/aws\"].secondary",
      "instances": []
    },
    {
      "module": "module.vpc_secondary.module.vpc",
      "mode": "managed",
      "type": "aws_iam_policy",
      "name": "vpc_flow_log_cloudwatch",
      "provider": "provider[\"registry.terraform.io/hashicorp/aws\"].secondary",
      "instances": []
    },
    {
      "module": "module.vpc_secondary.module.vpc",
      "mode": "managed",
      "type": "aws_iam_role",
      "name": "vpc_flow_log_cloudwatch",
      "provider": "provider[\"registry.terraform.io/hashicorp/aws\"].secondary",
      "instances": []
    },
    {
      "module": "module.vpc_secondary.module.vpc",
      "mode": "managed",
      "type": "aws_iam_role_policy_attachment",
      "name": "vpc_flow_log_cloudwatch",
      "provider": "provider[\"registry.terraform.io/hashicorp/aws\"].secondary",
      "instances": []
    },
    {
      "module": "module.vpc_secondary.module.vpc",
      "mode": "managed",
      "type": "aws_internet_gateway",
      "name": "this",
      "provider": "provider[\"registry.terraform.io/hashicorp/aws\"].secondary",
      "instances": [
        {
          "index_key": 0,
          "schema_version": 0,
          "attributes": {
            "arn": "arn:aws:ec2:eu-west-1:643942183295:internet-gateway/igw-02dc64da26ee025f7",
            "id": "igw-02dc64da26ee025f7",
            "owner_id": "643942183295",
            "tags": {
              "Name": "aerolink-dev-secondary-vpc"
            },
            "tags_all": {
              "Name": "aerolink-dev-secondary-vpc"
            },
            "timeouts": null,
            "vpc_id": "vpc-0c5e972b673c82c4a"
          },
          "sensitive_attributes": [],
          "identity_schema_version": 0,
          "private": "eyJlMmJmYjczMC1lY2FhLTExZTYtOGY4OC0zNDM2M2JjN2M0YzAiOnsiY3JlYXRlIjoxMjAwMDAwMDAwMDAwLCJkZWxldGUiOjEyMDAwMDAwMDAwMDAsInVwZGF0ZSI6MTIwMDAwMDAwMDAwMH19",
          "dependencies": [
            "module.vpc_secondary.module.vpc.aws_vpc.this",
            "module.vpc_secondary.module.vpc.aws_vpc_ipv4_cidr_block_association.this"
          ]
        }
      ]
    },
    {
      "module": "module.vpc_secondary.module.vpc",
      "mode": "managed",
      "type": "aws_nat_gateway",
      "name": "this",
      "provider": "provider[\"registry.terraform.io/hashicorp/aws\"].secondary",
      "instances": [
        {
          "index_key": 0,
          "schema_version": 0,
          "attributes": {
            "allocation_id": "eipalloc-027d82e6311f078a3",
            "association_id": "eipassoc-0f445afc201bceb42",
            "connectivity_type": "public",
            "id": "nat-022d0d77d5954f5bc",
            "network_interface_id": "eni-02980ad1f1eea847f",
            "private_ip": "10.0.101.13",
            "public_ip": "52.214.161.189",
            "secondary_allocation_ids": null,
            "secondary_private_ip_address_count": 0,
            "secondary_private_ip_addresses": [],
            "subnet_id": "subnet-0a0e3d084bb203120",
            "tags": {
              "Name": "aerolink-dev-secondary-vpc-eu-west-1a"
            },
            "tags_all": {
              "Name": "aerolink-dev-secondary-vpc-eu-west-1a"
            },
            "timeouts": null
          },
          "sensitive_attributes": [],
          "identity_schema_version": 0,
          "private": "eyJlMmJmYjczMC1lY2FhLTExZTYtOGY4OC0zNDM2M2JjN2M0YzAiOnsiY3JlYXRlIjo2MDAwMDAwMDAwMDAsImRlbGV0ZSI6MTgwMDAwMDAwMDAwMCwidXBkYXRlIjo2MDAwMDAwMDAwMDB9fQ==",
          "dependencies": [
            "module.vpc_secondary.data.aws_availability_zones.available",
            "module.vpc_secondary.module.vpc.aws_eip.nat",
            "module.vpc_secondary.module.vpc.aws_internet_gateway.this",
            "module.vpc_secondary.module.vpc.aws_subnet.public",
            "module.vpc_secondary.module.vpc.aws_vpc.this",
            "module.vpc_secondary.module.vpc.aws_vpc_ipv4_cidr_block_association.this"
          ]
        }
      ]
    },
    {
      "module": "module.vpc_secondary.module.vpc",
      "mode": "managed",
      "type": "aws_network_acl",
      "name": "database",
      "provider": "provider[\"registry.terraform.io/hashicorp/aws\"].secondary",
      "instances": []
    },
    {
      "module": "module.vpc_secondary.module.vpc",
      "mode": "managed",
      "type": "aws_network_acl",
      "name": "elasticache",
      "provider": "provider[\"registry.terraform.io/hashicorp/aws\"].secondary",
      "instances": []
    },
    {
      "module": "module.vpc_secondary.module.vpc",
      "mode": "managed",
      "type": "aws_network_acl",
      "name": "intra",
      "provider": "provider[\"registry.terraform.io/hashicorp/aws\"].secondary",
      "instances": []
    },
    {
      "module": "module.vpc_secondary.module.vpc",
      "mode": "managed",
      "type": "aws_network_acl",
      "name": "outpost",
      "provider": "provider[\"registry.terraform.io/hashicorp/aws\"].secondary",
      "instances": []
    },
    {
      "module": "module.vpc_secondary.module.vpc",
      "mode": "managed",
      "type": "aws_network_acl",
      "name": "private",
      "provider": "provider[\"registry.terraform.io/hashicorp/aws\"].secondary",
      "instances": []
    },
    {
      "module": "module.vpc_secondary.module.vpc",
      "mode": "managed",
      "type": "aws_network_acl",
      "name": "public",
      "provider": "provider[\"registry.terraform.io/hashicorp/aws\"].secondary",
      "instances": []
    },
    {
      "module": "module.vpc_secondary.module.vpc",
      "mode": "managed",
      "type": "aws_network_acl",
      "name": "redshift",
      "provider": "provider[\"registry.terraform.io/hashicorp/aws\"].secondary",
      "instances": []
    },
    {
      "module": "module.vpc_secondary.module.vpc",
      "mode": "managed",
      "type": "aws_network_acl_rule",
      "name": "database_inbound",
      "provider": "provider[\"registry.terraform.io/hashicorp/aws\"].secondary",
      "instances": []
    },
    {
      "module": "module.vpc_secondary.module.vpc",
      "mode": "managed",
      "type": "aws_network_acl_rule",
      "name": "database_outbound",
      "provider": "provider[\"registry.terraform.io/hashicorp/aws\"].secondary",
      "instances": []
    },
    {
      "module": "module.vpc_secondary.module.vpc",
      "mode": "managed",
      "type": "aws_network_acl_rule",
      "name": "elasticache_inbound",
      "provider": "provider[\"registry.terraform.io/hashicorp/aws\"].secondary",
      "instances": []
    },
    {
      "module": "module.vpc_secondary.module.vpc",
      "mode": "managed",
      "type": "aws_network_acl_rule",
      "name": "elasticache_outbound",
      "provider": "provider[\"registry.terraform.io/hashicorp/aws\"].secondary",
      "instances": []
    },
    {
      "module": "module.vpc_secondary.module.vpc",
      "mode": "managed",
      "type": "aws_network_acl_rule",
      "name": "intra_inbound",
      "provider": "provider[\"registry.terraform.io/hashicorp/aws\"].secondary",
      "instances": []
    },
    {
      "module": "module.vpc_secondary.module.vpc",
      "mode": "managed",
      "type": "aws_network_acl_rule",
      "name": "intra_outbound",
      "provider": "provider[\"registry.terraform.io/hashicorp/aws\"].secondary",
      "instances": []
    },
    {
      "module": "module.vpc_secondary.module.vpc",
      "mode": "managed",
      "type": "aws_network_acl_rule",
      "name": "outpost_inbound",
      "provider": "provider[\"registry.terraform.io/hashicorp/aws\"].secondary",
      "instances": []
    },
    {
      "module": "module.vpc_secondary.module.vpc",
      "mode": "managed",
      "type": "aws_network_acl_rule",
      "name": "outpost_outbound",
      "provider": "provider[\"registry.terraform.io/hashicorp/aws\"].secondary",
      "instances": []
    },
    {
      "module": "module.vpc_secondary.module.vpc",
      "mode": "managed",
      "type": "aws_network_acl_rule",
      "name": "private_inbound",
      "provider": "provider[\"registry.terraform.io/hashicorp/aws\"].secondary",
      "instances": []
    },
    {
      "module": "module.vpc_secondary.module.vpc",
      "mode": "managed",
      "type": "aws_network_acl_rule",
      "name": "private_outbound",
      "provider": "provider[\"registry.terraform.io/hashicorp/aws\"].secondary",
      "instances": []
    },
    {
      "module": "module.vpc_secondary.module.vpc",
      "mode": "managed",
      "type": "aws_network_acl_rule",
      "name": "public_inbound",
      "provider": "provider[\"registry.terraform.io/hashicorp/aws\"].secondary",
      "instances": []
    },
    {
      "module": "module.vpc_secondary.module.vpc",
      "mode": "managed",
      "type": "aws_network_acl_rule",
      "name": "public_outbound",
      "provider": "provider[\"registry.terraform.io/hashicorp/aws\"].secondary",
      "instances": []
    },
    {
      "module": "module.vpc_secondary.module.vpc",
      "mode": "managed",
      "type": "aws_network_acl_rule",
      "name": "redshift_inbound",
      "provider": "provider[\"registry.terraform.io/hashicorp/aws\"].secondary",
      "instances": []
    },
    {
      "module": "module.vpc_secondary.module.vpc",
      "mode": "managed",
      "type": "aws_network_acl_rule",
      "name": "redshift_outbound",
      "provider": "provider[\"registry.terraform.io/hashicorp/aws\"].secondary",
      "instances": []
    },
    {
      "module": "module.vpc_secondary.module.vpc",
      "mode": "managed",
      "type": "aws_redshift_subnet_group",
      "name": "redshift",
      "provider": "provider[\"registry.terraform.io/hashicorp/aws\"].secondary",
      "instances": []
    },
    {
      "module": "module.vpc_secondary.module.vpc",
      "mode": "managed",
      "type": "aws_route",
      "name": "database_dns64_nat_gateway",
      "provider": "provider[\"registry.terraform.io/hashicorp/aws\"].secondary",
      "instances": []
    },
    {
      "module": "module.vpc_secondary.module.vpc",
      "mode": "managed",
      "type": "aws_route",
      "name": "database_internet_gateway",
      "provider": "provider[\"registry.terraform.io/hashicorp/aws\"].secondary",
      "instances": []
    },
    {
      "module": "module.vpc_secondary.module.vpc",
      "mode": "managed",
      "type": "aws_route",
      "name": "database_ipv6_egress",
      "provider": "provider[\"registry.terraform.io/hashicorp/aws\"].secondary",
      "instances": []
    },
    {
      "module": "module.vpc_secondary.module.vpc",
      "mode": "managed",
      "type": "aws_route",
      "name": "database_nat_gateway",
      "provider": "provider[\"registry.terraform.io/hashicorp/aws\"].secondary",
      "instances": []
    },
    {
      "module": "module.vpc_secondary.module.vpc",
      "mode": "managed",
      "type": "aws_route",
      "name": "private_dns64_nat_gateway",
      "provider": "provider[\"registry.terraform.io/hashicorp/aws\"].secondary",
      "instances": []
    },
    {
      "module": "module.vpc_secondary.module.vpc",
      "mode": "managed",
      "type": "aws_route",
      "name": "private_ipv6_egress",
      "provider": "provider[\"registry.terraform.io/hashicorp/aws\"].secondary",
      "instances": []
    },
    {
      "module": "module.vpc_secondary.module.vpc",
      "mode": "managed",
      "type": "aws_route",
      "name": "private_nat_gateway",
      "provider": "provider[\"registry.terraform.io/hashicorp/aws\"].secondary",
      "instances": [
        {
          "index_key": 0,
          "schema_version": 0,
          "attributes": {
            "carrier_gateway_id": "",
            "core_network_arn": "",
            "destination_cidr_block": "0.0.0.0/0",
            "destination_ipv6_cidr_block": "",
            "destination_prefix_list_id": "",
            "egress_only_gateway_id": "",
            "gateway_id": "",
            "id": "r-rtb-022adb63ca91368681080289494",
            "instance_id": "",
            "instance_owner_id": "",
            "local_gateway_id": "",
            "nat_gateway_id": "nat-022d0d77d5954f5bc",
            "network_interface_id": "",
            "origin": "CreateRoute",
            "route_table_id": "rtb-022adb63ca9136868",
            "state": "active",
            "timeouts": {
              "create": "5m",
              "delete": null,
              "update": null
            },
            "transit_gateway_id": "",
            "vpc_endpoint_id": "",
            "vpc_peering_connection_id": ""
          },
          "sensitive_attributes": [],
          "identity_schema_version": 0,
          "private": "eyJlMmJmYjczMC1lY2FhLTExZTYtOGY4OC0zNDM2M2JjN2M0YzAiOnsiY3JlYXRlIjozMDAwMDAwMDAwMDAsImRlbGV0ZSI6MzAwMDAwMDAwMDAwLCJ1cGRhdGUiOjEyMDAwMDAwMDAwMH19",
          "dependencies": [
            "module.vpc_secondary.data.aws_availability_zones.available",
            "module.vpc_secondary.module.vpc.aws_eip.nat",
            "module.vpc_secondary.module.vpc.aws_internet_gateway.this",
            "module.vpc_secondary.module.vpc.aws_nat_gateway.this",
            "module.vpc_secondary.module.vpc.aws_route_table.private",
            "module.vpc_secondary.module.vpc.aws_subnet.public",
            "module.vpc_secondary.module.vpc.aws_vpc.this",
            "module.vpc_secondary.module.vpc.aws_vpc_ipv4_cidr_block_association.this"
          ]
        }
      ]
    },
    {
      "module": "module.vpc_secondary.module.vpc",
      "mode": "managed",
      "type": "aws_route",
      "name": "public_internet_gateway",
      "provider": "provider[\"registry.terraform.io/hashicorp/aws\"].secondary",
      "instances": [
        {
          "index_key": 0,
          "schema_version": 0,
          "attributes": {
            "carrier_gateway_id": "",
            "core_network_arn": "",
            "destination_cidr_block": "0.0.0.0/0",
            "destination_ipv6_cidr_block": "",
            "destination_prefix_list_id": "",
            "egress_only_gateway_id": "",
            "gateway_id": "igw-02dc64da26ee025f7",
            "id": "r-rtb-0173a730c76add2b41080289494",
            "instance_id": "",
            "instance_owner_id": "",
            "local_gateway_id": "",
            "nat_gateway_id": "",
            "network_interface_id": "",
            "origin": "CreateRoute",
            "route_table_id": "rtb-0173a730c76add2b4",
            "state": "active",
            "timeouts": {
              "create": "5m",
              "delete": null,
              "update": null
            },
            "transit_gateway_id": "",
            "vpc_endpoint_id": "",
            "vpc_peering_connection_id": ""
          },
          "sensitive_attributes": [],
          "identity_schema_version": 0,
          "private": "eyJlMmJmYjczMC1lY2FhLTExZTYtOGY4OC0zNDM2M2JjN2M0YzAiOnsiY3JlYXRlIjozMDAwMDAwMDAwMDAsImRlbGV0ZSI6MzAwMDAwMDAwMDAwLCJ1cGRhdGUiOjEyMDAwMDAwMDAwMH19",
          "dependencies": [
            "module.vpc_secondary.data.aws_availability_zones.available",
            "module.vpc_secondary.module.vpc.aws_internet_gateway.this",
            "module.vpc_secondary.module.vpc.aws_route_table.public",
            "module.vpc_secondary.module.vpc.aws_vpc.this",
            "module.vpc_secondary.module.vpc.aws_vpc_ipv4_cidr_block_association.this"
          ]
        }
      ]
    },
    {
      "module": "module.vpc_secondary.module.vpc",
      "mode": "managed",
      "type": "aws_route",
      "name": "public_internet_gateway_ipv6",
      "provider": "provider[\"registry.terraform.io/hashicorp/aws\"].secondary",
      "instances": []
    },
    {
      "module": "module.vpc_secondary.module.vpc",
      "mode": "managed",
      "type": "aws_route_table",
      "name": "database",
      "provider": "provider[\"registry.terraform.io/hashicorp/aws\"].secondary",
      "instances": []
    },
    {
      "module": "module.vpc_secondary.module.vpc",
      "mode": "managed",
      "type": "aws_route_table",
      "name": "elasticache",
      "provider": "provider[\"registry.terraform.io/hashicorp/aws\"].secondary",
      "instances": []
    },
    {
      "module": "module.vpc_secondary.module.vpc",
      "mode": "managed",
      "type": "aws_route_table",
      "name": "intra",
      "provider": "provider[\"registry.terraform.io/hashicorp/aws\"].secondary",
      "instances": []
    },
    {
      "module": "module.vpc_secondary.module.vpc",
      "mode": "managed",
      "type": "aws_route_table",
      "name": "private",
      "provider": "provider[\"registry.terraform.io/hashicorp/aws\"].secondary",
      "instances": [
        {
          "index_key": 0,
          "schema_version": 0,
          "attributes": {
            "arn": "arn:aws:ec2:eu-west-1:643942183295:route-table/rtb-022adb63ca9136868",
            "id": "rtb-022adb63ca9136868",
            "owner_id": "643942183295",
            "propagating_vgws": [],
            "route": [],
            "tags": {
              "Name": "aerolink-dev-secondary-vpc-private"
            },
            "tags_all": {
              "Name": "aerolink-dev-secondary-vpc-private"
            },
            "timeouts": null,
            "vpc_id": "vpc-0c5e972b673c82c4a"
          },
          "sensitive_attributes": [],
          "identity_schema_version": 0,
          "private": "eyJlMmJmYjczMC1lY2FhLTExZTYtOGY4OC0zNDM2M2JjN2M0YzAiOnsiY3JlYXRlIjozMDAwMDAwMDAwMDAsImRlbGV0ZSI6MzAwMDAwMDAwMDAwLCJ1cGRhdGUiOjEyMDAwMDAwMDAwMH19",
          "dependencies": [
            "module.vpc_secondary.data.aws_availability_zones.available",
            "module.vpc_secondary.module.vpc.aws_vpc.this",
            "module.vpc_secondary.module.vpc.aws_vpc_ipv4_cidr_block_association.this"
          ]
        }
      ]
    },
    {
      "module": "module.vpc_secondary.module.vpc",
      "mode": "managed",
      "type": "aws_route_table",
      "name": "public",
      "provider": "provider[\"registry.terraform.io/hashicorp/aws\"].secondary",
      "instances": [
        {
          "index_key": 0,
          "schema_version": 0,
          "attributes": {
            "arn": "arn:aws:ec2:eu-west-1:643942183295:route-table/rtb-0173a730c76add2b4",
            "id": "rtb-0173a730c76add2b4",
            "owner_id": "643942183295",
            "propagating_vgws": [],
            "route": [
              {
                "carrier_gateway_id": "",
                "cidr_block": "0.0.0.0/0",
                "core_network_arn": "",
                "destination_prefix_list_id": "",
                "egress_only_gateway_id": "",
                "gateway_id": "igw-02dc64da26ee025f7",
                "ipv6_cidr_block": "",
                "local_gateway_id": "",
                "nat_gateway_id": "",
                "network_interface_id": "",
                "transit_gateway_id": "",
                "vpc_endpoint_id": "",
                "vpc_peering_connection_id": ""
              }
            ],
            "tags": {
              "Name": "aerolink-dev-secondary-vpc-public"
            },
            "tags_all": {
              "Name": "aerolink-dev-secondary-vpc-public"
            },
            "timeouts": null,
            "vpc_id": "vpc-0c5e972b673c82c4a"
          },
          "sensitive_attributes": [],
          "identity_schema_version": 0,
          "private": "eyJlMmJmYjczMC1lY2FhLTExZTYtOGY4OC0zNDM2M2JjN2M0YzAiOnsiY3JlYXRlIjozMDAwMDAwMDAwMDAsImRlbGV0ZSI6MzAwMDAwMDAwMDAwLCJ1cGRhdGUiOjEyMDAwMDAwMDAwMH19",
          "dependencies": [
            "module.vpc_secondary.data.aws_availability_zones.available",
            "module.vpc_secondary.module.vpc.aws_vpc.this",
            "module.vpc_secondary.module.vpc.aws_vpc_ipv4_cidr_block_association.this"
          ]
        }
      ]
    },
    {
      "module": "module.vpc_secondary.module.vpc",
      "mode": "managed",
      "type": "aws_route_table",
      "name": "redshift",
      "provider": "provider[\"registry.terraform.io/hashicorp/aws\"].secondary",
      "instances": []
    },
    {
      "module": "module.vpc_secondary.module.vpc",
      "mode": "managed",
      "type": "aws_route_table_association",
      "name": "database",
      "provider": "provider[\"registry.terraform.io/hashicorp/aws\"].secondary",
      "instances": [
        {
          "index_key": 0,
          "schema_version": 0,
          "attributes": {
            "gateway_id": "",
            "id": "rtbassoc-050643b340cd49520",
            "route_table_id": "rtb-022adb63ca9136868",
            "subnet_id": "subnet-0019fbd2b9690c199",
            "timeouts": null
          },
          "sensitive_attributes": [],
          "identity_schema_version": 0,
          "private": "eyJlMmJmYjczMC1lY2FhLTExZTYtOGY4OC0zNDM2M2JjN2M0YzAiOnsiY3JlYXRlIjozMDAwMDAwMDAwMDAsImRlbGV0ZSI6MzAwMDAwMDAwMDAwLCJ1cGRhdGUiOjEyMDAwMDAwMDAwMH19",
          "dependencies": [
            "module.vpc_secondary.data.aws_availability_zones.available",
            "module.vpc_secondary.module.vpc.aws_route_table.database",
            "module.vpc_secondary.module.vpc.aws_route_table.private",
            "module.vpc_secondary.module.vpc.aws_subnet.database",
            "module.vpc_secondary.module.vpc.aws_vpc.this",
            "module.vpc_secondary.module.vpc.aws_vpc_ipv4_cidr_block_association.this"
          ]
        },
        {
          "index_key": 1,
          "schema_version": 0,
          "attributes": {
            "gateway_id": "",
            "id": "rtbassoc-076453e923c935975",
            "route_table_id": "rtb-022adb63ca9136868",
            "subnet_id": "subnet-0666770748afa258e",
            "timeouts": null
          },
          "sensitive_attributes": [],
          "identity_schema_version": 0,
          "private": "eyJlMmJmYjczMC1lY2FhLTExZTYtOGY4OC0zNDM2M2JjN2M0YzAiOnsiY3JlYXRlIjozMDAwMDAwMDAwMDAsImRlbGV0ZSI6MzAwMDAwMDAwMDAwLCJ1cGRhdGUiOjEyMDAwMDAwMDAwMH19",
          "dependencies": [
            "module.vpc_secondary.data.aws_availability_zones.available",
            "module.vpc_secondary.module.vpc.aws_route_table.database",
            "module.vpc_secondary.module.vpc.aws_route_table.private",
            "module.vpc_secondary.module.vpc.aws_subnet.database",
            "module.vpc_secondary.module.vpc.aws_vpc.this",
            "module.vpc_secondary.module.vpc.aws_vpc_ipv4_cidr_block_association.this"
          ]
        }
      ]
    },
    {
      "module": "module.vpc_secondary.module.vpc",
      "mode": "managed",
      "type": "aws_route_table_association",
      "name": "elasticache",
      "provider": "provider[\"registry.terraform.io/hashicorp/aws\"].secondary",
      "instances": []
    },
    {
      "module": "module.vpc_secondary.module.vpc",
      "mode": "managed",
      "type": "aws_route_table_association",
      "name": "intra",
      "provider": "provider[\"registry.terraform.io/hashicorp/aws\"].secondary",
      "instances": []
    },
    {
      "module": "module.vpc_secondary.module.vpc",
      "mode": "managed",
      "type": "aws_route_table_association",
      "name": "outpost",
      "provider": "provider[\"registry.terraform.io/hashicorp/aws\"].secondary",
      "instances": []
    },
    {
      "module": "module.vpc_secondary.module.vpc",
      "mode": "managed",
      "type": "aws_route_table_association",
      "name": "private",
      "provider": "provider[\"registry.terraform.io/hashicorp/aws\"].secondary",
      "instances": [
        {
          "index_key": 0,
          "schema_version": 0,
          "attributes": {
            "gateway_id": "",
            "id": "rtbassoc-096edcced49b3c2d9",
            "route_table_id": "rtb-022adb63ca9136868",
            "subnet_id": "subnet-0ecfa332ac684d7e1",
            "timeouts": null
          },
          "sensitive_attributes": [],
          "identity_schema_version": 0,
          "private": "eyJlMmJmYjczMC1lY2FhLTExZTYtOGY4OC0zNDM2M2JjN2M0YzAiOnsiY3JlYXRlIjozMDAwMDAwMDAwMDAsImRlbGV0ZSI6MzAwMDAwMDAwMDAwLCJ1cGRhdGUiOjEyMDAwMDAwMDAwMH19",
          "dependencies": [
            "module.vpc_secondary.data.aws_availability_zones.available",
            "module.vpc_secondary.module.vpc.aws_route_table.private",
            "module.vpc_secondary.module.vpc.aws_subnet.private",
            "module.vpc_secondary.module.vpc.aws_vpc.this",
            "module.vpc_secondary.module.vpc.aws_vpc_ipv4_cidr_block_association.this"
          ]
        },
        {
          "index_key": 1,
          "schema_version": 0,
          "attributes": {
            "gateway_id": "",
            "id": "rtbassoc-0326ab60c74b11b55",
            "route_table_id": "rtb-022adb63ca9136868",
            "subnet_id": "subnet-00338edba89287352",
            "timeouts": null
          },
          "sensitive_attributes": [],
          "identity_schema_version": 0,
          "private": "eyJlMmJmYjczMC1lY2FhLTExZTYtOGY4OC0zNDM2M2JjN2M0YzAiOnsiY3JlYXRlIjozMDAwMDAwMDAwMDAsImRlbGV0ZSI6MzAwMDAwMDAwMDAwLCJ1cGRhdGUiOjEyMDAwMDAwMDAwMH19",
          "dependencies": [
            "module.vpc_secondary.data.aws_availability_zones.available",
            "module.vpc_secondary.module.vpc.aws_route_table.private",
            "module.vpc_secondary.module.vpc.aws_subnet.private",
            "module.vpc_secondary.module.vpc.aws_vpc.this",
            "module.vpc_secondary.module.vpc.aws_vpc_ipv4_cidr_block_association.this"
          ]
        }
      ]
    },
    {
      "module": "module.vpc_secondary.module.vpc",
      "mode": "managed",
      "type": "aws_route_table_association",
      "name": "public",
      "provider": "provider[\"registry.terraform.io/hashicorp/aws\"].secondary",
      "instances": [
        {
          "index_key": 0,
          "schema_version": 0,
          "attributes": {
            "gateway_id": "",
            "id": "rtbassoc-0b4926680d35b5172",
            "route_table_id": "rtb-0173a730c76add2b4",
            "subnet_id": "subnet-0a0e3d084bb203120",
            "timeouts": null
          },
          "sensitive_attributes": [],
          "identity_schema_version": 0,
          "private": "eyJlMmJmYjczMC1lY2FhLTExZTYtOGY4OC0zNDM2M2JjN2M0YzAiOnsiY3JlYXRlIjozMDAwMDAwMDAwMDAsImRlbGV0ZSI6MzAwMDAwMDAwMDAwLCJ1cGRhdGUiOjEyMDAwMDAwMDAwMH19",
          "dependencies": [
            "module.vpc_secondary.data.aws_availability_zones.available",
            "module.vpc_secondary.module.vpc.aws_route_table.public",
            "module.vpc_secondary.module.vpc.aws_subnet.public",
            "module.vpc_secondary.module.vpc.aws_vpc.this",
            "module.vpc_secondary.module.vpc.aws_vpc_ipv4_cidr_block_association.this"
          ]
        },
        {
          "index_key": 1,
          "schema_version": 0,
          "attributes": {
            "gateway_id": "",
            "id": "rtbassoc-0b04d2d4b48f20178",
            "route_table_id": "rtb-0173a730c76add2b4",
            "subnet_id": "subnet-022e607a5b6a7201e",
            "timeouts": null
          },
          "sensitive_attributes": [],
          "identity_schema_version": 0,
          "private": "eyJlMmJmYjczMC1lY2FhLTExZTYtOGY4OC0zNDM2M2JjN2M0YzAiOnsiY3JlYXRlIjozMDAwMDAwMDAwMDAsImRlbGV0ZSI6MzAwMDAwMDAwMDAwLCJ1cGRhdGUiOjEyMDAwMDAwMDAwMH19",
          "dependencies": [
            "module.vpc_secondary.data.aws_availability_zones.available",
            "module.vpc_secondary.module.vpc.aws_route_table.public",
            "module.vpc_secondary.module.vpc.aws_subnet.public",
            "module.vpc_secondary.module.vpc.aws_vpc.this",
            "module.vpc_secondary.module.vpc.aws_vpc_ipv4_cidr_block_association.this"
          ]
        }
      ]
    },
    {
      "module": "module.vpc_secondary.module.vpc",
      "mode": "managed",
      "type": "aws_route_table_association",
      "name": "redshift",
      "provider": "provider[\"registry.terraform.io/hashicorp/aws\"].secondary",
      "instances": []
    },
    {
      "module": "module.vpc_secondary.module.vpc",
      "mode": "managed",
      "type": "aws_route_table_association",
      "name": "redshift_public",
      "provider": "provider[\"registry.terraform.io/hashicorp/aws\"].secondary",
      "instances": []
    },
    {
      "module": "module.vpc_secondary.module.vpc",
      "mode": "managed",
      "type": "aws_subnet",
      "name": "database",
      "provider": "provider[\"registry.terraform.io/hashicorp/aws\"].secondary",
      "instances": [
        {
          "index_key": 0,
          "schema_version": 1,
          "attributes": {
            "arn": "arn:aws:ec2:eu-west-1:643942183295:subnet/subnet-0019fbd2b9690c199",
            "assign_ipv6_address_on_creation": false,
            "availability_zone": "eu-west-1a",
            "availability_zone_id": "euw1-az2",
            "cidr_block": "10.0.201.0/24",
            "customer_owned_ipv4_pool": "",
            "enable_dns64": false,
            "enable_lni_at_device_index": 0,
            "enable_resource_name_dns_a_record_on_launch": false,
            "enable_resource_name_dns_aaaa_record_on_launch": false,
            "id": "subnet-0019fbd2b9690c199",
            "ipv6_cidr_block": "",
            "ipv6_cidr_block_association_id": "",
            "ipv6_native": false,
            "map_customer_owned_ip_on_launch": false,
            "map_public_ip_on_launch": false,
            "outpost_arn": "",
            "owner_id": "643942183295",
            "private_dns_hostname_type_on_launch": "ip-name",
            "tags": {
              "Name": "aerolink-dev-secondary-vpc-db-eu-west-1a"
            },
            "tags_all": {
              "Name": "aerolink-dev-secondary-vpc-db-eu-west-1a"
            },
            "timeouts": null,
            "vpc_id": "vpc-0c5e972b673c82c4a"
          },
          "sensitive_attributes": [],
          "identity_schema_version": 0,
          "private": "eyJlMmJmYjczMC1lY2FhLTExZTYtOGY4OC0zNDM2M2JjN2M0YzAiOnsiY3JlYXRlIjo2MDAwMDAwMDAwMDAsImRlbGV0ZSI6MTIwMDAwMDAwMDAwMH0sInNjaGVtYV92ZXJzaW9uIjoiMSJ9",
          "dependencies": [
            "module.vpc_secondary.data.aws_availability_zones.available",
            "module.vpc_secondary.module.vpc.aws_vpc.this",
            "module.vpc_secondary.module.vpc.aws_vpc_ipv4_cidr_block_association.this"
          ],
          "create_before_destroy": true
        },
        {
          "index_key": 1,
          "schema_version": 1,
          "attributes": {
            "arn": "arn:aws:ec2:eu-west-1:643942183295:subnet/subnet-0666770748afa258e",
            "assign_ipv6_address_on_creation": false,
            "availability_zone": "eu-west-1b",
            "availability_zone_id": "euw1-az3",
            "cidr_block": "10.0.202.0/24",
            "customer_owned_ipv4_pool": "",
            "enable_dns64": false,
            "enable_lni_at_device_index": 0,
            "enable_resource_name_dns_a_record_on_launch": false,
            "enable_resource_name_dns_aaaa_record_on_launch": false,
            "id": "subnet-0666770748afa258e",
            "ipv6_cidr_block": "",
            "ipv6_cidr_block_association_id": "",
            "ipv6_native": false,
            "map_customer_owned_ip_on_launch": false,
            "map_public_ip_on_launch": false,
            "outpost_arn": "",
            "owner_id": "643942183295",
            "private_dns_hostname_type_on_launch": "ip-name",
            "tags": {
              "Name": "aerolink-dev-secondary-vpc-db-eu-west-1b"
            },
            "tags_all": {
              "Name": "aerolink-dev-secondary-vpc-db-eu-west-1b"
            },
            "timeouts": null,
            "vpc_id": "vpc-0c5e972b673c82c4a"
          },
          "sensitive_attributes": [],
          "identity_schema_version": 0,
          "private": "eyJlMmJmYjczMC1lY2FhLTExZTYtOGY4OC0zNDM2M2JjN2M0YzAiOnsiY3JlYXRlIjo2MDAwMDAwMDAwMDAsImRlbGV0ZSI6MTIwMDAwMDAwMDAwMH0sInNjaGVtYV92ZXJzaW9uIjoiMSJ9",
          "dependencies": [
            "module.vpc_secondary.data.aws_availability_zones.available",
            "module.vpc_secondary.module.vpc.aws_vpc.this",
            "module.vpc_secondary.module.vpc.aws_vpc_ipv4_cidr_block_association.this"
          ],
          "create_before_destroy": true
        }
      ]
    },
    {
      "module": "module.vpc_secondary.module.vpc",
      "mode": "managed",
      "type": "aws_subnet",
      "name": "elasticache",
      "provider": "provider[\"registry.terraform.io/hashicorp/aws\"].secondary",
      "instances": []
    },
    {
      "module": "module.vpc_secondary.module.vpc",
      "mode": "managed",
      "type": "aws_subnet",
      "name": "intra",
      "provider": "provider[\"registry.terraform.io/hashicorp/aws\"].secondary",
      "instances": []
    },
    {
      "module": "module.vpc_secondary.module.vpc",
      "mode": "managed",
      "type": "aws_subnet",
      "name": "outpost",
      "provider": "provider[\"registry.terraform.io/hashicorp/aws\"].secondary",
      "instances": []
    },
    {
      "module": "module.vpc_secondary.module.vpc",
      "mode": "managed",
      "type": "aws_subnet",
      "name": "private",
      "provider": "provider[\"registry.terraform.io/hashicorp/aws\"].secondary",
      "instances": [
        {
          "index_key": 0,
          "schema_version": 1,
          "attributes": {
            "arn": "arn:aws:ec2:eu-west-1:643942183295:subnet/subnet-0ecfa332ac684d7e1",
            "assign_ipv6_address_on_creation": false,
            "availability_zone": "eu-west-1a",
            "availability_zone_id": "euw1-az2",
            "cidr_block": "10.0.1.0/24",
            "customer_owned_ipv4_pool": "",
            "enable_dns64": false,
            "enable_lni_at_device_index": 0,
            "enable_resource_name_dns_a_record_on_launch": false,
            "enable_resource_name_dns_aaaa_record_on_launch": false,
            "id": "subnet-0ecfa332ac684d7e1",
            "ipv6_cidr_block": "",
            "ipv6_cidr_block_association_id": "",
            "ipv6_native": false,
            "map_customer_owned_ip_on_launch": false,
            "map_public_ip_on_launch": false,
            "outpost_arn": "",
            "owner_id": "643942183295",
            "private_dns_hostname_type_on_launch": "ip-name",
            "tags": {
              "Name": "aerolink-dev-secondary-vpc-private-eu-west-1a"
            },
            "tags_all": {
              "Name": "aerolink-dev-secondary-vpc-private-eu-west-1a"
            },
            "timeouts": null,
            "vpc_id": "vpc-0c5e972b673c82c4a"
          },
          "sensitive_attributes": [],
          "identity_schema_version": 0,
          "private": "eyJlMmJmYjczMC1lY2FhLTExZTYtOGY4OC0zNDM2M2JjN2M0YzAiOnsiY3JlYXRlIjo2MDAwMDAwMDAwMDAsImRlbGV0ZSI6MTIwMDAwMDAwMDAwMH0sInNjaGVtYV92ZXJzaW9uIjoiMSJ9",
          "dependencies": [
            "module.vpc_secondary.data.aws_availability_zones.available",
            "module.vpc_secondary.module.vpc.aws_vpc.this",
            "module.vpc_secondary.module.vpc.aws_vpc_ipv4_cidr_block_association.this"
          ],
          "create_before_destroy": true
        },
        {
          "index_key": 1,
          "schema_version": 1,
          "attributes": {
            "arn": "arn:aws:ec2:eu-west-1:643942183295:subnet/subnet-00338edba89287352",
            "assign_ipv6_address_on_creation": false,
            "availability_zone": "eu-west-1b",
            "availability_zone_id": "euw1-az3",
            "cidr_block": "10.0.2.0/24",
            "customer_owned_ipv4_pool": "",
            "enable_dns64": false,
            "enable_lni_at_device_index": 0,
            "enable_resource_name_dns_a_record_on_launch": false,
            "enable_resource_name_dns_aaaa_record_on_launch": false,
            "id": "subnet-00338edba89287352",
            "ipv6_cidr_block": "",
            "ipv6_cidr_block_association_id": "",
            "ipv6_native": false,
            "map_customer_owned_ip_on_launch": false,
            "map_public_ip_on_launch": false,
            "outpost_arn": "",
            "owner_id": "643942183295",
            "private_dns_hostname_type_on_launch": "ip-name",
            "tags": {
              "Name": "aerolink-dev-secondary-vpc-private-eu-west-1b"
            },
            "tags_all": {
              "Name": "aerolink-dev-secondary-vpc-private-eu-west-1b"
            },
            "timeouts": null,
            "vpc_id": "vpc-0c5e972b673c82c4a"
          },
          "sensitive_attributes": [],
          "identity_schema_version": 0,
          "private": "eyJlMmJmYjczMC1lY2FhLTExZTYtOGY4OC0zNDM2M2JjN2M0YzAiOnsiY3JlYXRlIjo2MDAwMDAwMDAwMDAsImRlbGV0ZSI6MTIwMDAwMDAwMDAwMH0sInNjaGVtYV92ZXJzaW9uIjoiMSJ9",
          "dependencies": [
            "module.vpc_secondary.data.aws_availability_zones.available",
            "module.vpc_secondary.module.vpc.aws_vpc.this",
            "module.vpc_secondary.module.vpc.aws_vpc_ipv4_cidr_block_association.this"
          ],
          "create_before_destroy": true
        }
      ]
    },
    {
      "module": "module.vpc_secondary.module.vpc",
      "mode": "managed",
      "type": "aws_subnet",
      "name": "public",
      "provider": "provider[\"registry.terraform.io/hashicorp/aws\"].secondary",
      "instances": [
        {
          "index_key": 0,
          "schema_version": 1,
          "attributes": {
            "arn": "arn:aws:ec2:eu-west-1:643942183295:subnet/subnet-0a0e3d084bb203120",
            "assign_ipv6_address_on_creation": false,
            "availability_zone": "eu-west-1a",
            "availability_zone_id": "euw1-az2",
            "cidr_block": "10.0.101.0/24",
            "customer_owned_ipv4_pool": "",
            "enable_dns64": false,
            "enable_lni_at_device_index": 0,
            "enable_resource_name_dns_a_record_on_launch": false,
            "enable_resource_name_dns_aaaa_record_on_launch": false,
            "id": "subnet-0a0e3d084bb203120",
            "ipv6_cidr_block": "",
            "ipv6_cidr_block_association_id": "",
            "ipv6_native": false,
            "map_customer_owned_ip_on_launch": false,
            "map_public_ip_on_launch": false,
            "outpost_arn": "",
            "owner_id": "643942183295",
            "private_dns_hostname_type_on_launch": "ip-name",
            "tags": {
              "Name": "aerolink-dev-secondary-vpc-public-eu-west-1a"
            },
            "tags_all": {
              "Name": "aerolink-dev-secondary-vpc-public-eu-west-1a"
            },
            "timeouts": null,
            "vpc_id": "vpc-0c5e972b673c82c4a"
          },
          "sensitive_attributes": [],
          "identity_schema_version": 0,
          "private": "eyJlMmJmYjczMC1lY2FhLTExZTYtOGY4OC0zNDM2M2JjN2M0YzAiOnsiY3JlYXRlIjo2MDAwMDAwMDAwMDAsImRlbGV0ZSI6MTIwMDAwMDAwMDAwMH0sInNjaGVtYV92ZXJzaW9uIjoiMSJ9",
          "dependencies": [
            "module.vpc_secondary.data.aws_availability_zones.available",
            "module.vpc_secondary.module.vpc.aws_vpc.this",
            "module.vpc_secondary.module.vpc.aws_vpc_ipv4_cidr_block_association.this"
          ]
        },
        {
          "index_key": 1,
          "schema_version": 1,
          "attributes": {
            "arn": "arn:aws:ec2:eu-west-1:643942183295:subnet/subnet-022e607a5b6a7201e",
            "assign_ipv6_address_on_creation": false,
            "availability_zone": "eu-west-1b",
            "availability_zone_id": "euw1-az3",
            "cidr_block": "10.0.102.0/24",
            "customer_owned_ipv4_pool": "",
            "enable_dns64": false,
            "enable_lni_at_device_index": 0,
            "enable_resource_name_dns_a_record_on_launch": false,
            "enable_resource_name_dns_aaaa_record_on_launch": false,
            "id": "subnet-022e607a5b6a7201e",
            "ipv6_cidr_block": "",
            "ipv6_cidr_block_association_id": "",
            "ipv6_native": false,
            "map_customer_owned_ip_on_launch": false,
            "map_public_ip_on_launch": false,
            "outpost_arn": "",
            "owner_id": "643942183295",
            "private_dns_hostname_type_on_launch": "ip-name",
            "tags": {
              "Name": "aerolink-dev-secondary-vpc-public-eu-west-1b"
            },
            "tags_all": {
              "Name": "aerolink-dev-secondary-vpc-public-eu-west-1b"
            },
            "timeouts": null,
            "vpc_id": "vpc-0c5e972b673c82c4a"
          },
          "sensitive_attributes": [],
          "identity_schema_version": 0,
          "private": "eyJlMmJmYjczMC1lY2FhLTExZTYtOGY4OC0zNDM2M2JjN2M0YzAiOnsiY3JlYXRlIjo2MDAwMDAwMDAwMDAsImRlbGV0ZSI6MTIwMDAwMDAwMDAwMH0sInNjaGVtYV92ZXJzaW9uIjoiMSJ9",
          "dependencies": [
            "module.vpc_secondary.data.aws_availability_zones.available",
            "module.vpc_secondary.module.vpc.aws_vpc.this",
            "module.vpc_secondary.module.vpc.aws_vpc_ipv4_cidr_block_association.this"
          ]
        }
      ]
    },
    {
      "module": "module.vpc_secondary.module.vpc",
      "mode": "managed",
      "type": "aws_subnet",
      "name": "redshift",
      "provider": "provider[\"registry.terraform.io/hashicorp/aws\"].secondary",
      "instances": []
    },
    {
      "module": "module.vpc_secondary.module.vpc",
      "mode": "managed",
      "type": "aws_vpc",
      "name": "this",
      "provider": "provider[\"registry.terraform.io/hashicorp/aws\"].secondary",
      "instances": [
        {
          "index_key": 0,
          "schema_version": 1,
          "attributes": {
            "arn": "arn:aws:ec2:eu-west-1:643942183295:vpc/vpc-0c5e972b673c82c4a",
            "assign_generated_ipv6_cidr_block": false,
            "cidr_block": "10.0.0.0/16",
            "default_network_acl_id": "acl-0304411367b5f4e93",
            "default_route_table_id": "rtb-0d277e5a4174b08a8",
            "default_security_group_id": "sg-0c1c60d19b54a6a08",
            "dhcp_options_id": "dopt-07ad541cb50f05ad6",
            "enable_dns_hostnames": true,
            "enable_dns_support": true,
            "enable_network_address_usage_metrics": false,
            "id": "vpc-0c5e972b673c82c4a",
            "instance_tenancy": "default",
            "ipv4_ipam_pool_id": null,
            "ipv4_netmask_length": null,
            "ipv6_association_id": "",
            "ipv6_cidr_block": "",
            "ipv6_cidr_block_network_border_group": "",
            "ipv6_ipam_pool_id": "",
            "ipv6_netmask_length": 0,
            "main_route_table_id": "rtb-0d277e5a4174b08a8",
            "owner_id": "643942183295",
            "tags": {
              "Name": "aerolink-dev-secondary-vpc"
            },
            "tags_all": {
              "Name": "aerolink-dev-secondary-vpc"
            }
          },
          "sensitive_attributes": [],
          "identity_schema_version": 0,
          "private": "eyJzY2hlbWFfdmVyc2lvbiI6IjEifQ==",
          "create_before_destroy": true
        }
      ]
    },
    {
      "module": "module.vpc_secondary.module.vpc",
      "mode": "managed",
      "type": "aws_vpc_block_public_access_exclusion",
      "name": "this",
      "provider": "provider[\"registry.terraform.io/hashicorp/aws\"].secondary",
      "instances": []
    },
    {
      "module": "module.vpc_secondary.module.vpc",
      "mode": "managed",
      "type": "aws_vpc_block_public_access_options",
      "name": "this",
      "provider": "provider[\"registry.terraform.io/hashicorp/aws\"].secondary",
      "instances": []
    },
    {
      "module": "module.vpc_secondary.module.vpc",
      "mode": "managed",
      "type": "aws_vpc_dhcp_options",
      "name": "this",
      "provider": "provider[\"registry.terraform.io/hashicorp/aws\"].secondary",
      "instances": []
    },
    {
      "module": "module.vpc_secondary.module.vpc",
      "mode": "managed",
      "type": "aws_vpc_dhcp_options_association",
      "name": "this",
      "provider": "provider[\"registry.terraform.io/hashicorp/aws\"].secondary",
      "instances": []
    },
    {
      "module": "module.vpc_secondary.module.vpc",
      "mode": "managed",
      "type": "aws_vpc_ipv4_cidr_block_association",
      "name": "this",
      "provider": "provider[\"registry.terraform.io/hashicorp/aws\"].secondary",
      "instances": []
    },
    {
      "module": "module.vpc_secondary.module.vpc",
      "mode": "managed",
      "type": "aws_vpn_gateway",
      "name": "this",
      "provider": "provider[\"registry.terraform.io/hashicorp/aws\"].secondary",
      "instances": []
    },
    {
      "module": "module.vpc_secondary.module.vpc",
      "mode": "managed",
      "type": "aws_vpn_gateway_attachment",
      "name": "this",
      "provider": "provider[\"registry.terraform.io/hashicorp/aws\"].secondary",
      "instances": []
    },
    {
      "module": "module.vpc_secondary.module.vpc",
      "mode": "managed",
      "type": "aws_vpn_gateway_route_propagation",
      "name": "intra",
      "provider": "provider[\"registry.terraform.io/hashicorp/aws\"].secondary",
      "instances": []
    },
    {
      "module": "module.vpc_secondary.module.vpc",
      "mode": "managed",
      "type": "aws_vpn_gateway_route_propagation",
      "name": "private",
      "provider": "provider[\"registry.terraform.io/hashicorp/aws\"].secondary",
      "instances": []
    },
    {
      "module": "module.vpc_secondary.module.vpc",
      "mode": "managed",
      "type": "aws_vpn_gateway_route_propagation",
      "name": "public",
      "provider": "provider[\"registry.terraform.io/hashicorp/aws\"].secondary",
      "instances": []
    }
  ],
  "check_results": [
    {
      "object_kind": "var",
      "config_addr": "module.eks_secondary.module.eks.module.self_managed_node_group.var.platform",
      "status": "pass",
      "objects": null
    },
    {
      "object_kind": "resource",
      "config_addr": "module.eks_secondary.module.eks.module.self_managed_node_group.module.user_data.null_resource.validate_cluster_service_cidr",
      "status": "pass",
      "objects": null
    },
    {
      "object_kind": "var",
      "config_addr": "module.eks_primary.module.eks.module.self_managed_node_group.var.platform",
      "status": "pass",
      "objects": null
    },
    {
      "object_kind": "resource",
      "config_addr": "module.eks_primary.module.eks.module.self_managed_node_group.module.user_data.null_resource.validate_cluster_service_cidr",
      "status": "pass",
      "objects": null
    },
    {
      "object_kind": "resource",
      "config_addr": "module.eks_primary.module.eks.module.eks_managed_node_group.module.user_data.null_resource.validate_cluster_service_cidr",
      "status": "pass",
      "objects": [
        {
          "object_addr": "module.eks_primary.module.eks.module.eks_managed_node_group[\"spot_nodes\"].module.user_data.null_resource.validate_cluster_service_cidr",
          "status": "pass"
        }
      ]
    },
    {
      "object_kind": "resource",
      "config_addr": "module.eks_secondary.module.eks.module.eks_managed_node_group.module.user_data.null_resource.validate_cluster_service_cidr",
      "status": "pass",
      "objects": [
        {
          "object_addr": "module.eks_secondary.module.eks.module.eks_managed_node_group[\"spot_nodes\"].module.user_data.null_resource.validate_cluster_service_cidr",
          "status": "pass"
        }
      ]
    }
  ]
}
