{
  "version": 4,
  "terraform_version": "1.14.3",
  "serial": 2166,
  "lineage": "a6f0b357-cb87-7c75-4f23-c0d0160f4469",
  "outputs": {
    "vpc_id": {
      "value": "vpc-0bd0247b11781485f",
      "type": "string"
    }
  },
  "resources": [
    {
      "module": "module.api_gateway",
      "mode": "managed",
      "type": "aws_apigatewayv2_api",
      "name": "websocket",
      "provider": "provider[\"registry.terraform.io/hashicorp/aws\"].primary",
      "instances": [
        {
          "schema_version": 0,
          "attributes": {
            "api_endpoint": "wss://s7c9aw49t7.execute-api.us-east-1.amazonaws.com",
            "api_key_selection_expression": "$request.header.x-api-key",
            "arn": "arn:aws:apigateway:us-east-1::/apis/s7c9aw49t7",
            "body": null,
            "cors_configuration": [],
            "credentials_arn": null,
            "description": "",
            "disable_execute_api_endpoint": false,
            "execution_arn": "arn:aws:execute-api:us-east-1:643942183295:s7c9aw49t7",
            "fail_on_warnings": null,
            "id": "s7c9aw49t7",
            "ip_address_type": "ipv4",
            "name": "aerolink-websocket-api",
            "protocol_type": "WEBSOCKET",
            "route_key": null,
            "route_selection_expression": "$request.body.action",
            "tags": null,
            "tags_all": {},
            "target": null,
            "version": ""
          },
          "sensitive_attributes": [],
          "identity_schema_version": 0,
          "private": "bnVsbA=="
        }
      ]
    },
    {
      "module": "module.cognito",
      "mode": "managed",
      "type": "aws_cognito_user_pool",
      "name": "pool",
      "provider": "provider[\"registry.terraform.io/hashicorp/aws\"].primary",
      "instances": [
        {
          "schema_version": 0,
          "attributes": {
            "account_recovery_setting": [
              {
                "recovery_mechanism": [
                  {
                    "name": "verified_email",
                    "priority": 1
                  },
                  {
                    "name": "verified_phone_number",
                    "priority": 2
                  }
                ]
              }
            ],
            "admin_create_user_config": [
              {
                "allow_admin_create_user_only": false,
                "invite_message_template": []
              }
            ],
            "alias_attributes": null,
            "arn": "arn:aws:cognito-idp:us-east-1:643942183295:userpool/us-east-1_5UvKn8XY4",
            "auto_verified_attributes": null,
            "creation_date": "2026-06-02T12:26:48Z",
            "custom_domain": "",
            "deletion_protection": "INACTIVE",
            "device_configuration": [],
            "domain": "",
            "email_configuration": [
              {
                "configuration_set": "",
                "email_sending_account": "COGNITO_DEFAULT",
                "from_email_address": "",
                "reply_to_email_address": "",
                "source_arn": ""
              }
            ],
            "email_mfa_configuration": [],
            "email_verification_message": "",
            "email_verification_subject": "",
            "endpoint": "cognito-idp.us-east-1.amazonaws.com/us-east-1_5UvKn8XY4",
            "estimated_number_of_users": 0,
            "id": "us-east-1_5UvKn8XY4",
            "lambda_config": [],
            "last_modified_date": "2026-06-02T12:26:48Z",
            "mfa_configuration": "OFF",
            "name": "aerolink-passenger-pool",
            "password_policy": [
              {
                "minimum_length": 8,
                "password_history_size": 0,
                "require_lowercase": true,
                "require_numbers": true,
                "require_symbols": true,
                "require_uppercase": true,
                "temporary_password_validity_days": 7
              }
            ],
            "schema": [],
            "sign_in_policy": [
              {
                "allowed_first_auth_factors": [
                  "PASSWORD"
                ]
              }
            ],
            "sms_authentication_message": "",
            "sms_configuration": [],
            "sms_verification_message": "",
            "software_token_mfa_configuration": [],
            "tags": null,
            "tags_all": {},
            "user_attribute_update_settings": [],
            "user_pool_add_ons": [],
            "user_pool_tier": "ESSENTIALS",
            "username_attributes": null,
            "username_configuration": [],
            "verification_message_template": [
              {
                "default_email_option": "CONFIRM_WITH_CODE",
                "email_message": "",
                "email_message_by_link": "",
                "email_subject": "",
                "email_subject_by_link": "",
                "sms_message": ""
              }
            ],
            "web_authn_configuration": []
          },
          "sensitive_attributes": [],
          "identity_schema_version": 0,
          "private": "bnVsbA=="
        }
      ]
    },
    {
      "module": "module.cognito",
      "mode": "managed",
      "type": "aws_cognito_user_pool_client",
      "name": "client",
      "provider": "provider[\"registry.terraform.io/hashicorp/aws\"].primary",
      "instances": [
        {
          "schema_version": 0,
          "attributes": {
            "access_token_validity": 0,
            "allowed_oauth_flows": [],
            "allowed_oauth_flows_user_pool_client": false,
            "allowed_oauth_scopes": [],
            "analytics_configuration": [],
            "auth_session_validity": 3,
            "callback_urls": [],
            "client_secret": "",
            "default_redirect_uri": "",
            "enable_propagate_additional_user_context_data": false,
            "enable_token_revocation": true,
            "explicit_auth_flows": [
              "ALLOW_REFRESH_TOKEN_AUTH",
              "ALLOW_USER_PASSWORD_AUTH",
              "ALLOW_USER_SRP_AUTH"
            ],
            "generate_secret": null,
            "id": "19rf5nrq3qrh59hagb1vnnd9gs",
            "id_token_validity": 0,
            "logout_urls": [],
            "name": "aerolink-web-client",
            "prevent_user_existence_errors": "",
            "read_attributes": [],
            "refresh_token_rotation": [],
            "refresh_token_validity": 30,
            "supported_identity_providers": [],
            "token_validity_units": [],
            "user_pool_id": "us-east-1_5UvKn8XY4",
            "write_attributes": []
          },
          "sensitive_attributes": [
            [
              {
                "type": "get_attr",
                "value": "client_secret"
              }
            ]
          ],
          "identity_schema_version": 0,
          "dependencies": [
            "module.cognito.aws_cognito_user_pool.pool"
          ]
        }
      ]
    },
    {
      "module": "module.dynamodb",
      "mode": "managed",
      "type": "aws_dynamodb_table",
      "name": "baggage",
      "provider": "provider[\"registry.terraform.io/hashicorp/aws\"].primary",
      "instances": [
        {
          "schema_version": 1,
          "attributes": {
            "arn": "arn:aws:dynamodb:us-east-1:643942183295:table/aerolink-baggage",
            "attribute": [
              {
                "name": "id",
                "type": "S"
              }
            ],
            "billing_mode": "PAY_PER_REQUEST",
            "deletion_protection_enabled": false,
            "global_secondary_index": [],
            "hash_key": "id",
            "id": "aerolink-baggage",
            "import_table": [],
            "local_secondary_index": [],
            "name": "aerolink-baggage",
            "on_demand_throughput": [],
            "point_in_time_recovery": [
              {
                "enabled": false,
                "recovery_period_in_days": 0
              }
            ],
            "range_key": null,
            "read_capacity": 0,
            "replica": [
              {
                "arn": "arn:aws:dynamodb:eu-west-1:643942183295:table/aerolink-baggage",
                "kms_key_arn": "",
                "point_in_time_recovery": false,
                "propagate_tags": false,
                "region_name": "eu-west-1",
                "stream_arn": "arn:aws:dynamodb:eu-west-1:643942183295:table/aerolink-baggage/stream/2026-06-02T12:27:09.768",
                "stream_label": "2026-06-02T12:27:09.768"
              }
            ],
            "restore_date_time": null,
            "restore_source_name": null,
            "restore_source_table_arn": null,
            "restore_to_latest_time": null,
            "server_side_encryption": [],
            "stream_arn": "arn:aws:dynamodb:us-east-1:643942183295:table/aerolink-baggage/stream/2026-06-02T12:26:46.860",
            "stream_enabled": true,
            "stream_label": "2026-06-02T12:26:46.860",
            "stream_view_type": "NEW_AND_OLD_IMAGES",
            "table_class": "STANDARD",
            "tags": null,
            "tags_all": {},
            "timeouts": null,
            "ttl": [
              {
                "attribute_name": "",
                "enabled": false
              }
            ],
            "write_capacity": 0
          },
          "sensitive_attributes": [],
          "identity_schema_version": 0,
          "private": "eyJlMmJmYjczMC1lY2FhLTExZTYtOGY4OC0zNDM2M2JjN2M0YzAiOnsiY3JlYXRlIjoxODAwMDAwMDAwMDAwLCJkZWxldGUiOjYwMDAwMDAwMDAwMCwidXBkYXRlIjozNjAwMDAwMDAwMDAwfSwic2NoZW1hX3ZlcnNpb24iOiIxIn0="
        }
      ]
    },
    {
      "module": "module.eks_primary.module.eks",
      "mode": "data",
      "type": "aws_caller_identity",
      "name": "current",
      "provider": "provider[\"registry.terraform.io/hashicorp/aws\"].primary",
      "instances": [
        {
          "index_key": 0,
          "schema_version": 0,
          "attributes": {
            "account_id": "643942183295",
            "arn": "arn:aws:iam::643942183295:user/AeroLink-Admin",
            "id": "643942183295",
            "user_id": "AIDAZL3PR6F7VCE32XCQY"
          },
          "sensitive_attributes": [],
          "identity_schema_version": 0
        }
      ]
    },
    {
      "module": "module.eks_primary.module.eks",
      "mode": "data",
      "type": "aws_iam_policy_document",
      "name": "assume_role_policy",
      "provider": "provider[\"registry.terraform.io/hashicorp/aws\"].primary",
      "instances": [
        {
          "index_key": 0,
          "schema_version": 0,
          "attributes": {
            "id": "2830595799",
            "json": "{\n  \"Version\": \"2012-10-17\",\n  \"Statement\": [\n    {\n      \"Sid\": \"EKSClusterAssumeRole\",\n      \"Effect\": \"Allow\",\n      \"Action\": [\n        \"sts:TagSession\",\n        \"sts:AssumeRole\"\n      ],\n      \"Principal\": {\n        \"Service\": \"eks.amazonaws.com\"\n      }\n    }\n  ]\n}",
            "minified_json": "{\"Version\":\"2012-10-17\",\"Statement\":[{\"Sid\":\"EKSClusterAssumeRole\",\"Effect\":\"Allow\",\"Action\":[\"sts:TagSession\",\"sts:AssumeRole\"],\"Principal\":{\"Service\":\"eks.amazonaws.com\"}}]}",
            "override_json": null,
            "override_policy_documents": null,
            "policy_id": null,
            "source_json": null,
            "source_policy_documents": null,
            "statement": [
              {
                "actions": [
                  "sts:AssumeRole",
                  "sts:TagSession"
                ],
                "condition": [],
                "effect": "Allow",
                "not_actions": [],
                "not_principals": [],
                "not_resources": [],
                "principals": [
                  {
                    "identifiers": [
                      "eks.amazonaws.com"
                    ],
                    "type": "Service"
                  }
                ],
                "resources": [],
                "sid": "EKSClusterAssumeRole"
              }
            ],
            "version": "2012-10-17"
          },
          "sensitive_attributes": [],
          "identity_schema_version": 0
        }
      ]
    },
    {
      "module": "module.eks_primary.module.eks",
      "mode": "data",
      "type": "aws_iam_policy_document",
      "name": "custom",
      "provider": "provider[\"registry.terraform.io/hashicorp/aws\"].primary",
      "instances": [
        {
          "index_key": 0,
          "schema_version": 0,
          "attributes": {
            "id": "513122117",
            "json": "{\n  \"Version\": \"2012-10-17\",\n  \"Statement\": [\n    {\n      \"Sid\": \"Compute\",\n      \"Effect\": \"Allow\",\n      \"Action\": [\n        \"ec2:RunInstances\",\n        \"ec2:CreateLaunchTemplate\",\n        \"ec2:CreateFleet\"\n      ],\n      \"Resource\": \"*\",\n      \"Condition\": {\n        \"StringEquals\": {\n          \"aws:RequestTag/eks:eks-cluster-name\": \"${aws:PrincipalTag/eks:eks-cluster-name}\"\n        },\n        \"StringLike\": {\n          \"aws:RequestTag/eks:kubernetes-node-class-name\": \"*\",\n          \"aws:RequestTag/eks:kubernetes-node-pool-name\": \"*\"\n        }\n      }\n    },\n    {\n      \"Sid\": \"Storage\",\n      \"Effect\": \"Allow\",\n      \"Action\": [\n        \"ec2:CreateVolume\",\n        \"ec2:CreateSnapshot\"\n      ],\n      \"Resource\": [\n        \"arn:aws:ec2:*:*:volume/*\",\n        \"arn:aws:ec2:*:*:snapshot/*\"\n      ],\n      \"Condition\": {\n        \"StringEquals\": {\n          \"aws:RequestTag/eks:eks-cluster-name\": \"${aws:PrincipalTag/eks:eks-cluster-name}\"\n        }\n      }\n    },\n    {\n      \"Sid\": \"Networking\",\n      \"Effect\": \"Allow\",\n      \"Action\": \"ec2:CreateNetworkInterface\",\n      \"Resource\": \"*\",\n      \"Condition\": {\n        \"StringEquals\": {\n          \"aws:RequestTag/eks:eks-cluster-name\": \"${aws:PrincipalTag/eks:eks-cluster-name}\",\n          \"aws:RequestTag/eks:kubernetes-cni-node-name\": \"*\"\n        }\n      }\n    },\n    {\n      \"Sid\": \"LoadBalancer\",\n      \"Effect\": \"Allow\",\n      \"Action\": [\n        \"elasticloadbalancing:CreateTargetGroup\",\n        \"elasticloadbalancing:CreateRule\",\n        \"elasticloadbalancing:CreateLoadBalancer\",\n        \"elasticloadbalancing:CreateListener\",\n        \"ec2:CreateSecurityGroup\"\n      ],\n      \"Resource\": \"*\",\n      \"Condition\": {\n        \"StringEquals\": {\n          \"aws:RequestTag/eks:eks-cluster-name\": \"${aws:PrincipalTag/eks:eks-cluster-name}\"\n        }\n      }\n    },\n    {\n      \"Sid\": \"ShieldProtection\",\n      \"Effect\": \"Allow\",\n      \"Action\": \"shield:CreateProtection\",\n      \"Resource\": \"*\",\n      \"Condition\": {\n        \"StringEquals\": {\n          \"aws:RequestTag/eks:eks-cluster-name\": \"${aws:PrincipalTag/eks:eks-cluster-name}\"\n        }\n      }\n    },\n    {\n      \"Sid\": \"ShieldTagResource\",\n      \"Effect\": \"Allow\",\n      \"Action\": \"shield:TagResource\",\n      \"Resource\": \"arn:aws:shield::*:protection/*\",\n      \"Condition\": {\n        \"StringEquals\": {\n          \"aws:RequestTag/eks:eks-cluster-name\": \"${aws:PrincipalTag/eks:eks-cluster-name}\"\n        }\n      }\n    }\n  ]\n}",
            "minified_json": "{\"Version\":\"2012-10-17\",\"Statement\":[{\"Sid\":\"Compute\",\"Effect\":\"Allow\",\"Action\":[\"ec2:RunInstances\",\"ec2:CreateLaunchTemplate\",\"ec2:CreateFleet\"],\"Resource\":\"*\",\"Condition\":{\"StringEquals\":{\"aws:RequestTag/eks:eks-cluster-name\":\"${aws:PrincipalTag/eks:eks-cluster-name}\"},\"StringLike\":{\"aws:RequestTag/eks:kubernetes-node-class-name\":\"*\",\"aws:RequestTag/eks:kubernetes-node-pool-name\":\"*\"}}},{\"Sid\":\"Storage\",\"Effect\":\"Allow\",\"Action\":[\"ec2:CreateVolume\",\"ec2:CreateSnapshot\"],\"Resource\":[\"arn:aws:ec2:*:*:volume/*\",\"arn:aws:ec2:*:*:snapshot/*\"],\"Condition\":{\"StringEquals\":{\"aws:RequestTag/eks:eks-cluster-name\":\"${aws:PrincipalTag/eks:eks-cluster-name}\"}}},{\"Sid\":\"Networking\",\"Effect\":\"Allow\",\"Action\":\"ec2:CreateNetworkInterface\",\"Resource\":\"*\",\"Condition\":{\"StringEquals\":{\"aws:RequestTag/eks:eks-cluster-name\":\"${aws:PrincipalTag/eks:eks-cluster-name}\",\"aws:RequestTag/eks:kubernetes-cni-node-name\":\"*\"}}},{\"Sid\":\"LoadBalancer\",\"Effect\":\"Allow\",\"Action\":[\"elasticloadbalancing:CreateTargetGroup\",\"elasticloadbalancing:CreateRule\",\"elasticloadbalancing:CreateLoadBalancer\",\"elasticloadbalancing:CreateListener\",\"ec2:CreateSecurityGroup\"],\"Resource\":\"*\",\"Condition\":{\"StringEquals\":{\"aws:RequestTag/eks:eks-cluster-name\":\"${aws:PrincipalTag/eks:eks-cluster-name}\"}}},{\"Sid\":\"ShieldProtection\",\"Effect\":\"Allow\",\"Action\":\"shield:CreateProtection\",\"Resource\":\"*\",\"Condition\":{\"StringEquals\":{\"aws:RequestTag/eks:eks-cluster-name\":\"${aws:PrincipalTag/eks:eks-cluster-name}\"}}},{\"Sid\":\"ShieldTagResource\",\"Effect\":\"Allow\",\"Action\":\"shield:TagResource\",\"Resource\":\"arn:aws:shield::*:protection/*\",\"Condition\":{\"StringEquals\":{\"aws:RequestTag/eks:eks-cluster-name\":\"${aws:PrincipalTag/eks:eks-cluster-name}\"}}}]}",
            "override_json": null,
            "override_policy_documents": null,
            "policy_id": null,
            "source_json": null,
            "source_policy_documents": null,
            "statement": [
              {
                "actions": [
                  "ec2:CreateFleet",
                  "ec2:CreateLaunchTemplate",
                  "ec2:RunInstances"
                ],
                "condition": [
                  {
                    "test": "StringEquals",
                    "values": [
                      "${aws:PrincipalTag/eks:eks-cluster-name}"
                    ],
                    "variable": "aws:RequestTag/eks:eks-cluster-name"
                  },
                  {
                    "test": "StringLike",
                    "values": [
                      "*"
                    ],
                    "variable": "aws:RequestTag/eks:kubernetes-node-class-name"
                  },
                  {
                    "test": "StringLike",
                    "values": [
                      "*"
                    ],
                    "variable": "aws:RequestTag/eks:kubernetes-node-pool-name"
                  }
                ],
                "effect": "Allow",
                "not_actions": [],
                "not_principals": [],
                "not_resources": [],
                "principals": [],
                "resources": [
                  "*"
                ],
                "sid": "Compute"
              },
              {
                "actions": [
                  "ec2:CreateSnapshot",
                  "ec2:CreateVolume"
                ],
                "condition": [
                  {
                    "test": "StringEquals",
                    "values": [
                      "${aws:PrincipalTag/eks:eks-cluster-name}"
                    ],
                    "variable": "aws:RequestTag/eks:eks-cluster-name"
                  }
                ],
                "effect": "Allow",
                "not_actions": [],
                "not_principals": [],
                "not_resources": [],
                "principals": [],
                "resources": [
                  "arn:aws:ec2:*:*:snapshot/*",
                  "arn:aws:ec2:*:*:volume/*"
                ],
                "sid": "Storage"
              },
              {
                "actions": [
                  "ec2:CreateNetworkInterface"
                ],
                "condition": [
                  {
                    "test": "StringEquals",
                    "values": [
                      "${aws:PrincipalTag/eks:eks-cluster-name}"
                    ],
                    "variable": "aws:RequestTag/eks:eks-cluster-name"
                  },
                  {
                    "test": "StringEquals",
                    "values": [
                      "*"
                    ],
                    "variable": "aws:RequestTag/eks:kubernetes-cni-node-name"
                  }
                ],
                "effect": "Allow",
                "not_actions": [],
                "not_principals": [],
                "not_resources": [],
                "principals": [],
                "resources": [
                  "*"
                ],
                "sid": "Networking"
              },
              {
                "actions": [
                  "ec2:CreateSecurityGroup",
                  "elasticloadbalancing:CreateListener",
                  "elasticloadbalancing:CreateLoadBalancer",
                  "elasticloadbalancing:CreateRule",
                  "elasticloadbalancing:CreateTargetGroup"
                ],
                "condition": [
                  {
                    "test": "StringEquals",
                    "values": [
                      "${aws:PrincipalTag/eks:eks-cluster-name}"
                    ],
                    "variable": "aws:RequestTag/eks:eks-cluster-name"
                  }
                ],
                "effect": "Allow",
                "not_actions": [],
                "not_principals": [],
                "not_resources": [],
                "principals": [],
                "resources": [
                  "*"
                ],
                "sid": "LoadBalancer"
              },
              {
                "actions": [
                  "shield:CreateProtection"
                ],
                "condition": [
                  {
                    "test": "StringEquals",
                    "values": [
                      "${aws:PrincipalTag/eks:eks-cluster-name}"
                    ],
                    "variable": "aws:RequestTag/eks:eks-cluster-name"
                  }
                ],
                "effect": "Allow",
                "not_actions": [],
                "not_principals": [],
                "not_resources": [],
                "principals": [],
                "resources": [
                  "*"
                ],
                "sid": "ShieldProtection"
              },
              {
                "actions": [
                  "shield:TagResource"
                ],
                "condition": [
                  {
                    "test": "StringEquals",
                    "values": [
                      "${aws:PrincipalTag/eks:eks-cluster-name}"
                    ],
                    "variable": "aws:RequestTag/eks:eks-cluster-name"
                  }
                ],
                "effect": "Allow",
                "not_actions": [],
                "not_principals": [],
                "not_resources": [],
                "principals": [],
                "resources": [
                  "arn:aws:shield::*:protection/*"
                ],
                "sid": "ShieldTagResource"
              }
            ],
            "version": "2012-10-17"
          },
          "sensitive_attributes": [],
          "identity_schema_version": 0
        }
      ]
    },
    {
      "module": "module.eks_primary.module.eks",
      "mode": "data",
      "type": "aws_iam_session_context",
      "name": "current",
      "provider": "provider[\"registry.terraform.io/hashicorp/aws\"].primary",
      "instances": [
        {
          "index_key": 0,
          "schema_version": 0,
          "attributes": {
            "arn": "arn:aws:iam::643942183295:user/AeroLink-Admin",
            "id": "arn:aws:iam::643942183295:user/AeroLink-Admin",
            "issuer_arn": "arn:aws:iam::643942183295:user/AeroLink-Admin",
            "issuer_id": "",
            "issuer_name": "",
            "session_name": ""
          },
          "sensitive_attributes": [],
          "identity_schema_version": 0
        }
      ]
    },
    {
      "module": "module.eks_primary.module.eks",
      "mode": "data",
      "type": "aws_partition",
      "name": "current",
      "provider": "provider[\"registry.terraform.io/hashicorp/aws\"].primary",
      "instances": [
        {
          "index_key": 0,
          "schema_version": 0,
          "attributes": {
            "dns_suffix": "amazonaws.com",
            "id": "aws",
            "partition": "aws",
            "reverse_dns_prefix": "com.amazonaws"
          },
          "sensitive_attributes": [],
          "identity_schema_version": 0
        }
      ]
    },
    {
      "module": "module.eks_primary.module.eks",
      "mode": "data",
      "type": "tls_certificate",
      "name": "this",
      "provider": "provider[\"registry.terraform.io/hashicorp/tls\"]",
      "instances": [
        {
          "index_key": 0,
          "schema_version": 0,
          "attributes": {
            "certificates": [
              {
                "cert_pem": "-----BEGIN CERTIFICATE-----\nMIIEkjCCA3qgAwIBAgITBn+USionzfP6wq4rAfkI7rnExjANBgkqhkiG9w0BAQsF\nADCBmDELMAkGA1UEBhMCVVMxEDAOBgNVBAgTB0FyaXpvbmExEzARBgNVBAcTClNj\nb3R0c2RhbGUxJTAjBgNVBAoTHFN0YXJmaWVsZCBUZWNobm9sb2dpZXMsIEluYy4x\nOzA5BgNVBAMTMlN0YXJmaWVsZCBTZXJ2aWNlcyBSb290IENlcnRpZmljYXRlIEF1\ndGhvcml0eSAtIEcyMB4XDTE1MDUyNTEyMDAwMFoXDTM3MTIzMTAxMDAwMFowOTEL\nMAkGA1UEBhMCVVMxDzANBgNVBAoTBkFtYXpvbjEZMBcGA1UEAxMQQW1hem9uIFJv\nb3QgQ0EgMTCCASIwDQYJKoZIhvcNAQEBBQADggEPADCCAQoCggEBALJ4gHHKeNXj\nca9HgFB0fW7Y14h29Jlo91ghYPl0hAEvrAIthtOgQ3pOsqTQNroBvo3bSMgHFzZM\n9O6II8c+6zf1tRn4SWiw3te5djgdYZ6k/oI2peVKVuRF4fn9tBb6dNqcmzU5L/qw\nIFAGbHrQgLKm+a/sRxmPUDgH3KKHOVj4utWp+UhnMJbulHheb4mjUcAwhmahRWa6\nVOujw5H5SNz/0egwLX0tdHA114gk957EWW67c4cX8jJGKLhD+rcdqsq08p8kDi1L\n93FcXmn/6pUCyziKrlA4b9v7LWIbxcceVOF34GfID5yHI9Y/QCB/IIDEgEw+OyQm\njgSubJrIqg0CAwEAAaOCATEwggEtMA8GA1UdEwEB/wQFMAMBAf8wDgYDVR0PAQH/\nBAQDAgGGMB0GA1UdDgQWBBSEGMyFNOy8DJSULghZnMeyEE4KCDAfBgNVHSMEGDAW\ngBScXwDfqgHXMCs4iKK4bUqc8hGRgzB4BggrBgEFBQcBAQRsMGowLgYIKwYBBQUH\nMAGGImh0dHA6Ly9vY3NwLnJvb3RnMi5hbWF6b250cnVzdC5jb20wOAYIKwYBBQUH\nMAKGLGh0dHA6Ly9jcnQucm9vdGcyLmFtYXpvbnRydXN0LmNvbS9yb290ZzIuY2Vy\nMD0GA1UdHwQ2MDQwMqAwoC6GLGh0dHA6Ly9jcmwucm9vdGcyLmFtYXpvbnRydXN0\nLmNvbS9yb290ZzIuY3JsMBEGA1UdIAQKMAgwBgYEVR0gADANBgkqhkiG9w0BAQsF\nAAOCAQEAYjdCXLwQtT6LLOkMm2xF4gcAevnFWAu5CIw+7bMlPLVvUOTNNWqnkzSW\nMiGpSESrnO09tKpzbeR/FoCJbM8oAxiDR3mjEH4wW6w7sGDgd9QIpuEdfF7Au/ma\neyKdpwAJfqxGF4PcnCZXmTA5YpaP7dreqsXMGz7KQ2hsVxa81Q4gLv7/wmpdLqBK\nbRRYh5TmOTFffHPLkIhqhBGWJ6bt2YFGpn6jcgAKUj6DiAdjd4lpFw85hdKrCEVN\n0FE6/V1dN2RMfjCyVSRCnTawXZwXgWHxyvkQAiSr6w10kY17RSlQOYiypok1JR4U\nakcjMS9cmvqtmg5iUaQqqcT5NJ0hGA==\n-----END CERTIFICATE-----\n",
                "is_ca": true,
                "issuer": "CN=Starfield Services Root Certificate Authority - G2,O=Starfield Technologies\\, Inc.,L=Scottsdale,ST=Arizona,C=US",
                "max_path_length": -1,
                "not_after": "2037-12-31T01:00:00Z",
                "not_before": "2015-05-25T12:00:00Z",
                "public_key_algorithm": "RSA",
                "serial_number": "144918191876577076464031512351042010504348870",
                "sha1_fingerprint": "06b25927c42a721631c1efd9431e648fa62e1e39",
                "signature_algorithm": "SHA256-RSA",
                "subject": "CN=Amazon Root CA 1,O=Amazon,C=US",
                "version": 3
              },
              {
                "cert_pem": "-----BEGIN CERTIFICATE-----\nMIIEXjCCA0agAwIBAgITB3MSOAudZoijOx7Zv5zNpo4ODzANBgkqhkiG9w0BAQsF\nADA5MQswCQYDVQQGEwJVUzEPMA0GA1UEChMGQW1hem9uMRkwFwYDVQQDExBBbWF6\nb24gUm9vdCBDQSAxMB4XDTIyMDgyMzIyMjEyOFoXDTMwMDgyMzIyMjEyOFowPDEL\nMAkGA1UEBhMCVVMxDzANBgNVBAoTBkFtYXpvbjEcMBoGA1UEAxMTQW1hem9uIFJT\nQSAyMDQ4IE0wMTCCASIwDQYJKoZIhvcNAQEBBQADggEPADCCAQoCggEBAOtxLKnL\nH4gokjIwr4pXD3i3NyWVVYesZ1yX0yLI2qIUZ2t88Gfa4gMqs1YSXca1R/lnCKeT\nepWSGA+0+fkQNpp/L4C2T7oTTsddUx7g3ZYzByDTlrwS5HRQQqEFE3O1T5tEJP4t\nf+28IoXsNiEzl3UGzicYgtzj2cWCB41eJgEmJmcf2T8TzzK6a614ZPyq/w4CPAff\nnAV4coz96nW3AyiE2uhuB4zQUIXvgVSycW7sbWLvj5TDXunEpNCRwC4kkZjK7rol\njtT2cbb7W2s4Bkg3R42G3PLqBvt2N32e/0JOTViCk8/iccJ4sXqrS1uUN4iB5Nmv\nJK74csVl+0u0UecCAwEAAaOCAVowggFWMBIGA1UdEwEB/wQIMAYBAf8CAQAwDgYD\nVR0PAQH/BAQDAgGGMB0GA1UdJQQWMBQGCCsGAQUFBwMBBggrBgEFBQcDAjAdBgNV\nHQ4EFgQUgbgOY4qJEhjl+js7UJWf5uWQE4UwHwYDVR0jBBgwFoAUhBjMhTTsvAyU\nlC4IWZzHshBOCggwewYIKwYBBQUHAQEEbzBtMC8GCCsGAQUFBzABhiNodHRwOi8v\nb2NzcC5yb290Y2ExLmFtYXpvbnRydXN0LmNvbTA6BggrBgEFBQcwAoYuaHR0cDov\nL2NydC5yb290Y2ExLmFtYXpvbnRydXN0LmNvbS9yb290Y2ExLmNlcjA/BgNVHR8E\nODA2MDSgMqAwhi5odHRwOi8vY3JsLnJvb3RjYTEuYW1hem9udHJ1c3QuY29tL3Jv\nb3RjYTEuY3JsMBMGA1UdIAQMMAowCAYGZ4EMAQIBMA0GCSqGSIb3DQEBCwUAA4IB\nAQCtAN4CBSMuBjJitGuxlBbkEUDeK/pZwTXv4KqPK0G50fOHOQAd8j21p0cMBgbG\nkfMHVwLU7b0XwZCav0h1ogdPMN1KakK1DT0VwA/+hFvGPJnMV1Kx2G4S1ZaSk0uU\n5QfoiYIIano01J5k4T2HapKQmmOhS/iPtuo00wW+IMLeBuKMn3OLn005hcrOGTad\nhcmeyfhQP7Z+iKHvyoQGi1C0ClymHETx/chhQGDyYSWqB/THwnN15AwLQo0E5V9E\nSJlbe4mBlqeInUsNYugExNf+tOiybcrswBy8OFsd34XOW3rjSUtsuafd9AWySa3h\nxRRrwszrzX/WWGm6wyB+f7C4\n-----END CERTIFICATE-----\n",
                "is_ca": true,
                "issuer": "CN=Amazon Root CA 1,O=Amazon,C=US",
                "max_path_length": 0,
                "not_after": "2030-08-23T22:21:28Z",
                "not_before": "2022-08-23T22:21:28Z",
                "public_key_algorithm": "RSA",
                "serial_number": "166129328851546858514271303855646110030630415",
                "sha1_fingerprint": "2ad974a775f73cbdbbd8f5ac3a49255fa8fb1f8c",
                "signature_algorithm": "SHA256-RSA",
                "subject": "CN=Amazon RSA 2048 M01,O=Amazon,C=US",
                "version": 3
              },
              {
                "cert_pem": "-----BEGIN CERTIFICATE-----\nMIIF3DCCBMSgAwIBAgIQDWSUrLO5Y9qkm2y4CpQ/CTANBgkqhkiG9w0BAQsFADA8\nMQswCQYDVQQGEwJVUzEPMA0GA1UEChMGQW1hem9uMRwwGgYDVQQDExNBbWF6b24g\nUlNBIDIwNDggTTAxMB4XDTI2MDEyNzAwMDAwMFoXDTI3MDIyNTIzNTk1OVowKDEm\nMCQGA1UEAwwdKi5la3MudXMtZWFzdC0xLmFtYXpvbmF3cy5jb20wggEiMA0GCSqG\nSIb3DQEBAQUAA4IBDwAwggEKAoIBAQDjfWC3ScmP3Yt3ENQgpvZzbXg3ZqdR+F5k\n/SIXqF2RRdrDIu3B0CivVPkNbZxS4dUjum7WHRV3+cjhne679pLBzKp/aCqycyVr\nqiGvPsCOywSNgCQ7KGZ7fR9L0o4eQ5vsotNTjF1HDkoVGdjDt8qjFedVngnnLZ2f\n9E/tACJHoCXLbg1BLI/0xXQKZqLiLGUgcLhnZjYn6AW8QgXgGyJMwHo6n13wf8uY\n3RAaOWMsTglOfMrPMKclQBwh4OaWzHD3SLXnjAvdtuErZGWSz01pRY89FfxZWtSf\nxGG+ERvHMAoM2lIbV74Bs0B+qVVAxP658rpMbPevtRrlj+fYkFzvAgMBAAGjggLs\nMIIC6DAfBgNVHSMEGDAWgBSBuA5jiokSGOX6OztQlZ/m5ZAThTAdBgNVHQ4EFgQU\npzXKZp4CIP0/n8bNGf3YAZVaFtIwKAYDVR0RBCEwH4IdKi5la3MudXMtZWFzdC0x\nLmFtYXpvbmF3cy5jb20wEwYDVR0gBAwwCjAIBgZngQwBAgEwDgYDVR0PAQH/BAQD\nAgWgMBMGA1UdJQQMMAoGCCsGAQUFBwMBMDsGA1UdHwQ0MDIwMKAuoCyGKmh0dHA6\nLy9jcmwucjJtMDEuYW1hem9udHJ1c3QuY29tL3IybTAxLmNybDB1BggrBgEFBQcB\nAQRpMGcwLQYIKwYBBQUHMAGGIWh0dHA6Ly9vY3NwLnIybTAxLmFtYXpvbnRydXN0\nLmNvbTA2BggrBgEFBQcwAoYqaHR0cDovL2NydC5yMm0wMS5hbWF6b250cnVzdC5j\nb20vcjJtMDEuY2VyMAwGA1UdEwEB/wQCMAAwggF+BgorBgEEAdZ5AgQCBIIBbgSC\nAWoBaAB1AExj3JjlnB2riPYeij3ero+rRKM3e1+blMP7oZz8wb4mAAABm/3p2vcA\nAAQDAEYwRAIgOCwhiOx8FXqVNu1L+Mv2q8pJCKzIqLFwCE6VAugMkb0CIBu7W9o8\nRWfC1A9XjVWFxJ0uIquBPcEycQMNc8pRKAJFAHcAHJ9oLOn68EVpUPgbloqH3dsy\nENhM5siy44JSSsTPWZ8AAAGb/ena3wAABAMASDBGAiEAjAu69L5N17FqPfmXSt1v\ngM+df4yz50M/fb2LDfmx+xECIQC3B3aoHVNsjqYMmqwQgR4ViKIREwNzCYKBm+W0\nGnlwnwB2AGBMmq96f3dfAdQG/JINyJnrCxx9+MlSG/r6F3c7l4vJAAABm/3p28gA\nAAQDAEcwRQIgMiBVCk6C4EylG885QJIv8X2wpplMtdWJxyt3JVQ56NUCIQC6uZDM\nw0VrwTXkW4eLg73D5Z89Z8tadQwizoXyjBAaYjANBgkqhkiG9w0BAQsFAAOCAQEA\nHMEZInJfTjgc0JTF+C7ZR/8rk1c511SMI9RcmNjnrkoP3pBPQTSEU92bGaCYvOYO\nRMB1bAOk/Ql9kDBSRDcKiOz8wPWZBgyJZRMSVyO5WbLM//8jsP83vmvFNbSo7Tuk\n5R6KAtzOMOymwITZeM6k4saoyB847rmlPDIkD/RRM0Col+Ik8+V3HSdHsnrA/3Ep\n1ICdUJvE0M9oEnbO2DWrCz6yOuz0AcfcmMGTBLqlsFdoJpcXj7c1QcCJaK1B7qaQ\nuQXdywqElVO6BrBxHQROLxjLHXMNblOzvrXYWGkhiQ+0cYYCMBtbhpphhebxnUBV\nuCxvp9/yY1GmsG6lwzLYEw==\n-----END CERTIFICATE-----\n",
                "is_ca": false,
                "issuer": "CN=Amazon RSA 2048 M01,O=Amazon,C=US",
                "max_path_length": -1,
                "not_after": "2027-02-25T23:59:59Z",
                "not_before": "2026-01-27T00:00:00Z",
                "public_key_algorithm": "RSA",
                "serial_number": "17802209110544621593474031143248740105",
                "sha1_fingerprint": "37647fee5fc063960139521aa2400c75db27825b",
                "signature_algorithm": "SHA256-RSA",
                "subject": "CN=*.eks.us-east-1.amazonaws.com",
                "version": 3
              }
            ],
            "content": null,
            "id": "b1b539daa206035ae3c3e28288b0681fa1b462f3",
            "url": "https://oidc.eks.us-east-1.amazonaws.com/id/AFC089675ADFF2B7188468D9FB8FE1FC",
            "verify_chain": true
          },
          "sensitive_attributes": [],
          "identity_schema_version": 0
        }
      ]
    },
    {
      "module": "module.eks_primary.module.eks",
      "mode": "managed",
      "type": "aws_cloudwatch_log_group",
      "name": "this",
      "provider": "provider[\"registry.terraform.io/hashicorp/aws\"].primary",
      "instances": [
        {
          "index_key": 0,
          "schema_version": 0,
          "attributes": {
            "arn": "arn:aws:logs:us-east-1:643942183295:log-group:/aws/eks/aerolink-dev-primary-cluster/cluster",
            "id": "/aws/eks/aerolink-dev-primary-cluster/cluster",
            "kms_key_id": "",
            "log_group_class": "STANDARD",
            "name": "/aws/eks/aerolink-dev-primary-cluster/cluster",
            "name_prefix": "",
            "retention_in_days": 90,
            "skip_destroy": false,
            "tags": {
              "Name": "/aws/eks/aerolink-dev-primary-cluster/cluster"
            },
            "tags_all": {
              "Name": "/aws/eks/aerolink-dev-primary-cluster/cluster"
            }
          },
          "sensitive_attributes": [],
          "identity_schema_version": 0,
          "private": "bnVsbA==",
          "create_before_destroy": true
        }
      ]
    },
    {
      "module": "module.eks_primary.module.eks",
      "mode": "managed",
      "type": "aws_eks_access_entry",
      "name": "this",
      "provider": "provider[\"registry.terraform.io/hashicorp/aws\"].primary",
      "instances": [
        {
          "index_key": "admin",
          "schema_version": 0,
          "attributes": {
            "access_entry_arn": "arn:aws:eks:us-east-1:643942183295:access-entry/aerolink-dev-primary-cluster/user/643942183295/AeroLink-Admin/12cf442b-277b-9299-0953-ffaeab08d2e8",
            "cluster_name": "aerolink-dev-primary-cluster",
            "created_at": "2026-06-02T12:36:58Z",
            "id": "aerolink-dev-primary-cluster:arn:aws:iam::643942183295:user/AeroLink-Admin",
            "kubernetes_groups": [],
            "modified_at": "2026-06-02T12:36:58Z",
            "principal_arn": "arn:aws:iam::643942183295:user/AeroLink-Admin",
            "tags": null,
            "tags_all": {},
            "timeouts": null,
            "type": "STANDARD",
            "user_name": "arn:aws:iam::643942183295:user/AeroLink-Admin"
          },
          "sensitive_attributes": [],
          "identity_schema_version": 0,
          "private": "eyJlMmJmYjczMC1lY2FhLTExZTYtOGY4OC0zNDM2M2JjN2M0YzAiOnsiY3JlYXRlIjo2MDAwMDAwMDAwMDAsImRlbGV0ZSI6NjAwMDAwMDAwMDAwfX0=",
          "dependencies": [
            "module.eks_primary.module.eks.aws_cloudwatch_log_group.this",
            "module.eks_primary.module.eks.aws_eks_cluster.this",
            "module.eks_primary.module.eks.aws_iam_policy.cni_ipv6_policy",
            "module.eks_primary.module.eks.aws_iam_role.eks_auto",
            "module.eks_primary.module.eks.aws_iam_role.this",
            "module.eks_primary.module.eks.aws_iam_role_policy_attachment.this",
            "module.eks_primary.module.eks.aws_security_group.cluster",
            "module.eks_primary.module.eks.aws_security_group.node",
            "module.eks_primary.module.eks.aws_security_group_rule.cluster",
            "module.eks_primary.module.eks.aws_security_group_rule.node",
            "module.eks_primary.module.eks.data.aws_caller_identity.current",
            "module.eks_primary.module.eks.data.aws_iam_policy_document.assume_role_policy",
            "module.eks_primary.module.eks.data.aws_iam_policy_document.cni_ipv6_policy",
            "module.eks_primary.module.eks.data.aws_iam_policy_document.node_assume_role_policy",
            "module.eks_primary.module.eks.data.aws_iam_session_context.current",
            "module.eks_primary.module.eks.data.aws_partition.current",
            "module.eks_primary.module.eks.module.kms.aws_kms_external_key.this",
            "module.eks_primary.module.eks.module.kms.aws_kms_key.this",
            "module.eks_primary.module.eks.module.kms.aws_kms_replica_external_key.this",
            "module.eks_primary.module.eks.module.kms.aws_kms_replica_key.this",
            "module.eks_primary.module.eks.module.kms.data.aws_caller_identity.current",
            "module.eks_primary.module.eks.module.kms.data.aws_iam_policy_document.this",
            "module.eks_primary.module.eks.module.kms.data.aws_partition.current",
            "module.vpc_primary.data.aws_availability_zones.available",
            "module.vpc_primary.module.vpc.aws_subnet.private",
            "module.vpc_primary.module.vpc.aws_vpc.this",
            "module.vpc_primary.module.vpc.aws_vpc_ipv4_cidr_block_association.this"
          ]
        }
      ]
    },
    {
      "module": "module.eks_primary.module.eks",
      "mode": "managed",
      "type": "aws_eks_access_policy_association",
      "name": "this",
      "provider": "provider[\"registry.terraform.io/hashicorp/aws\"].primary",
      "instances": [
        {
          "index_key": "admin_admin",
          "schema_version": 0,
          "attributes": {
            "access_scope": [
              {
                "namespaces": null,
                "type": "cluster"
              }
            ],
            "associated_at": "2026-06-02 12:36:59.445 +0000 UTC",
            "cluster_name": "aerolink-dev-primary-cluster",
            "id": "aerolink-dev-primary-cluster#arn:aws:iam::643942183295:user/AeroLink-Admin#arn:aws:eks::aws:cluster-access-policy/AmazonEKSClusterAdminPolicy",
            "modified_at": "2026-06-02 12:36:59.445 +0000 UTC",
            "policy_arn": "arn:aws:eks::aws:cluster-access-policy/AmazonEKSClusterAdminPolicy",
            "principal_arn": "arn:aws:iam::643942183295:user/AeroLink-Admin",
            "timeouts": null
          },
          "sensitive_attributes": [],
          "identity_schema_version": 0,
          "private": "eyJlMmJmYjczMC1lY2FhLTExZTYtOGY4OC0zNDM2M2JjN2M0YzAiOnsiY3JlYXRlIjo2MDAwMDAwMDAwMDAsImRlbGV0ZSI6NjAwMDAwMDAwMDAwfX0=",
          "dependencies": [
            "module.eks_primary.module.eks.aws_cloudwatch_log_group.this",
            "module.eks_primary.module.eks.aws_eks_access_entry.this",
            "module.eks_primary.module.eks.aws_eks_cluster.this",
            "module.eks_primary.module.eks.aws_iam_policy.cni_ipv6_policy",
            "module.eks_primary.module.eks.aws_iam_role.eks_auto",
            "module.eks_primary.module.eks.aws_iam_role.this",
            "module.eks_primary.module.eks.aws_iam_role_policy_attachment.this",
            "module.eks_primary.module.eks.aws_security_group.cluster",
            "module.eks_primary.module.eks.aws_security_group.node",
            "module.eks_primary.module.eks.aws_security_group_rule.cluster",
            "module.eks_primary.module.eks.aws_security_group_rule.node",
            "module.eks_primary.module.eks.data.aws_caller_identity.current",
            "module.eks_primary.module.eks.data.aws_iam_policy_document.assume_role_policy",
            "module.eks_primary.module.eks.data.aws_iam_policy_document.cni_ipv6_policy",
            "module.eks_primary.module.eks.data.aws_iam_policy_document.node_assume_role_policy",
            "module.eks_primary.module.eks.data.aws_iam_session_context.current",
            "module.eks_primary.module.eks.data.aws_partition.current",
            "module.eks_primary.module.eks.module.kms.aws_kms_external_key.this",
            "module.eks_primary.module.eks.module.kms.aws_kms_key.this",
            "module.eks_primary.module.eks.module.kms.aws_kms_replica_external_key.this",
            "module.eks_primary.module.eks.module.kms.aws_kms_replica_key.this",
            "module.eks_primary.module.eks.module.kms.data.aws_caller_identity.current",
            "module.eks_primary.module.eks.module.kms.data.aws_iam_policy_document.this",
            "module.eks_primary.module.eks.module.kms.data.aws_partition.current",
            "module.vpc_primary.data.aws_availability_zones.available",
            "module.vpc_primary.module.vpc.aws_subnet.private",
            "module.vpc_primary.module.vpc.aws_vpc.this",
            "module.vpc_primary.module.vpc.aws_vpc_ipv4_cidr_block_association.this"
          ]
        }
      ]
    },
    {
      "module": "module.eks_primary.module.eks",
      "mode": "managed",
      "type": "aws_eks_cluster",
      "name": "this",
      "provider": "provider[\"registry.terraform.io/hashicorp/aws\"].primary",
      "instances": [
        {
          "index_key": 0,
          "schema_version": 1,
          "attributes": {
            "access_config": [
              {
                "authentication_mode": "API_AND_CONFIG_MAP",
                "bootstrap_cluster_creator_admin_permissions": false
              }
            ],
            "arn": "arn:aws:eks:us-east-1:643942183295:cluster/aerolink-dev-primary-cluster",
            "bootstrap_self_managed_addons": true,
            "certificate_authority": [
              {
                "data": "LS0tLS1CRUdJTiBDRVJUSUZJQ0FURS0tLS0tCk1JSURCVENDQWUyZ0F3SUJBZ0lJZS9Vcyt5blZTelV3RFFZSktvWklodmNOQVFFTEJRQXdGVEVUTUJFR0ExVUUKQXhNS2EzVmlaWEp1WlhSbGN6QWVGdzB5TmpBMk1ESXhNakk0TWpKYUZ3MHpOakExTXpBeE1qTXpNakphTUJVeApFekFSQmdOVkJBTVRDbXQxWW1WeWJtVjBaWE13Z2dFaU1BMEdDU3FHU0liM0RRRUJBUVVBQTRJQkR3QXdnZ0VLCkFvSUJBUUN3ZEVpVUE1ek9GK2oreUQ4K3RTQ0RWcmt1L09oL2NXMlIzVUxuRUJDV3pLRExTaTdhY2E3OWtackwKMUNzV2Y5a21WTXJ2ODhpWGM5NVNXQ0tIRXhTYWFvMzlSajNjZDYzdnlvRDBnWjNvanpTZVdHN3dZNkR6cm4xUApBQzFZY0xXTE1wRUdkWlVtTUFuRHBaM2Q2TnRVV0JvU1A4QWtJMXc3MWQrOHVSZk9QT1NGMTFZQVNCMVAwdVFoCkl2TFc0SGxMZVZ0SGltNEt6QlI5SkJ0ejU0RlAyQ1JEa2lQendrNzVxOVE4c0lnMzk0dkMyZnR3UFlDRjZYZWEKTlpuTVFKeEVtc1liWTdIbUV2UHR0T1k4K2hJVEhjdGQ0aVp4bG41RUtKODdKTUxQREk0UFVsSDNZVk9UUVBjRworVnc0Q0ZURjJVOEcvRHh1K3ZNM3RydzZDeldGQWdNQkFBR2pXVEJYTUE0R0ExVWREd0VCL3dRRUF3SUNwREFQCkJnTlZIUk1CQWY4RUJUQURBUUgvTUIwR0ExVWREZ1FXQkJSUHlGdXRTMHJsZ2hEMmVwVm02NGt3eGxhRkhUQVYKQmdOVkhSRUVEakFNZ2dwcmRXSmxjbTVsZEdWek1BMEdDU3FHU0liM0RRRUJDd1VBQTRJQkFRQ05pa0RSSTFucwpqU3huR2ZweGFYdWwvY3ppTlloUXJnbGNmekwvRDVkcHVOWkI5UEI2Z2ZnK096T1ptRGNhUjZNN3hXWTJQa3k0CklESGFBeUhXcFE1TzRxTDBQc3MzOEorUmpQc2tFTzAzRG5OdlVGOFkzK2s2QXVjNVJYcE1mbEl4QkNxa0piRi8KRm9sdkxuNmtobE1lK3Q4VlFxQmdRTzUyQU5FVHQxa2VpSzAvczFqcXJTSENlZHBuNk1IQThqbHlBbGU1VHBiKwpiQ21uTzl0b2lqbHBFN01yNXFiZ0FsQ0ZUMm9qS01ZTURJd0NOVHNqa1lxZDBlaTJ6Y05uZnQyMnNXRFNKdzVSCmJid3N4ZHdtQXlyQzlvU3pEakNQUFphSmJLdzVYTWIxNTJDRncrSkVldWdKdjZ0M0lyeUFZWm5DdU1PaElyV0EKbDZpNCtaU2oxa0t0Ci0tLS0tRU5EIENFUlRJRklDQVRFLS0tLS0K"
              }
            ],
            "cluster_id": null,
            "compute_config": [],
            "created_at": "2026-06-02T12:27:38Z",
            "enabled_cluster_log_types": [
              "api",
              "audit",
              "authenticator"
            ],
            "encryption_config": [
              {
                "provider": [
                  {
                    "key_arn": "arn:aws:kms:us-east-1:643942183295:key/0755386c-dbf0-4d38-aae1-1d784e21bf37"
                  }
                ],
                "resources": [
                  "secrets"
                ]
              }
            ],
            "endpoint": "https://AFC089675ADFF2B7188468D9FB8FE1FC.gr7.us-east-1.eks.amazonaws.com",
            "force_update_version": null,
            "id": "aerolink-dev-primary-cluster",
            "identity": [
              {
                "oidc": [
                  {
                    "issuer": "https://oidc.eks.us-east-1.amazonaws.com/id/AFC089675ADFF2B7188468D9FB8FE1FC"
                  }
                ]
              }
            ],
            "kubernetes_network_config": [
              {
                "elastic_load_balancing": [
                  {
                    "enabled": false
                  }
                ],
                "ip_family": "ipv4",
                "service_ipv4_cidr": "172.20.0.0/16",
                "service_ipv6_cidr": ""
              }
            ],
            "name": "aerolink-dev-primary-cluster",
            "outpost_config": [],
            "platform_version": "eks.68",
            "remote_network_config": [],
            "role_arn": "arn:aws:iam::643942183295:role/aerolink-dev-primary-cluster-cluster",
            "status": "ACTIVE",
            "storage_config": [],
            "tags": {
              "terraform-aws-modules": "eks"
            },
            "tags_all": {
              "terraform-aws-modules": "eks"
            },
            "timeouts": {
              "create": null,
              "delete": null,
              "update": null
            },
            "upgrade_policy": [
              {
                "support_type": "EXTENDED"
              }
            ],
            "version": "1.30",
            "vpc_config": [
              {
                "cluster_security_group_id": "sg-0323d24c08906ab50",
                "endpoint_private_access": true,
                "endpoint_public_access": true,
                "public_access_cidrs": [
                  "0.0.0.0/0"
                ],
                "security_group_ids": [
                  "sg-0e818fd1492d4e2a7"
                ],
                "subnet_ids": [
                  "subnet-054c48c0d3de87e5c",
                  "subnet-0830326da579f6e02"
                ],
                "vpc_id": "vpc-0bd0247b11781485f"
              }
            ],
            "zonal_shift_config": []
          },
          "sensitive_attributes": [],
          "identity_schema_version": 0,
          "private": "eyJlMmJmYjczMC1lY2FhLTExZTYtOGY4OC0zNDM2M2JjN2M0YzAiOnsiY3JlYXRlIjoxODAwMDAwMDAwMDAwLCJkZWxldGUiOjkwMDAwMDAwMDAwMCwidXBkYXRlIjozNjAwMDAwMDAwMDAwfSwic2NoZW1hX3ZlcnNpb24iOiIxIn0=",
          "dependencies": [
            "module.eks_primary.module.eks.aws_cloudwatch_log_group.this",
            "module.eks_primary.module.eks.aws_iam_policy.cni_ipv6_policy",
            "module.eks_primary.module.eks.aws_iam_role.eks_auto",
            "module.eks_primary.module.eks.aws_iam_role.this",
            "module.eks_primary.module.eks.aws_iam_role_policy_attachment.this",
            "module.eks_primary.module.eks.aws_security_group.cluster",
            "module.eks_primary.module.eks.aws_security_group.node",
            "module.eks_primary.module.eks.aws_security_group_rule.cluster",
            "module.eks_primary.module.eks.aws_security_group_rule.node",
            "module.eks_primary.module.eks.data.aws_caller_identity.current",
            "module.eks_primary.module.eks.data.aws_iam_policy_document.assume_role_policy",
            "module.eks_primary.module.eks.data.aws_iam_policy_document.cni_ipv6_policy",
            "module.eks_primary.module.eks.data.aws_iam_policy_document.node_assume_role_policy",
            "module.eks_primary.module.eks.data.aws_iam_session_context.current",
            "module.eks_primary.module.eks.data.aws_partition.current",
            "module.eks_primary.module.eks.module.kms.aws_kms_external_key.this",
            "module.eks_primary.module.eks.module.kms.aws_kms_key.this",
            "module.eks_primary.module.eks.module.kms.aws_kms_replica_external_key.this",
            "module.eks_primary.module.eks.module.kms.aws_kms_replica_key.this",
            "module.eks_primary.module.eks.module.kms.data.aws_caller_identity.current",
            "module.eks_primary.module.eks.module.kms.data.aws_iam_policy_document.this",
            "module.eks_primary.module.eks.module.kms.data.aws_partition.current",
            "module.vpc_primary.data.aws_availability_zones.available",
            "module.vpc_primary.module.vpc.aws_subnet.private",
            "module.vpc_primary.module.vpc.aws_vpc.this",
            "module.vpc_primary.module.vpc.aws_vpc_ipv4_cidr_block_association.this"
          ],
          "create_before_destroy": true
        }
      ]
    },
    {
      "module": "module.eks_primary.module.eks",
      "mode": "managed",
      "type": "aws_iam_openid_connect_provider",
      "name": "oidc_provider",
      "provider": "provider[\"registry.terraform.io/hashicorp/aws\"].primary",
      "instances": [
        {
          "index_key": 0,
          "schema_version": 0,
          "attributes": {
            "arn": "arn:aws:iam::643942183295:oidc-provider/oidc.eks.us-east-1.amazonaws.com/id/AFC089675ADFF2B7188468D9FB8FE1FC",
            "client_id_list": [
              "sts.amazonaws.com"
            ],
            "id": "arn:aws:iam::643942183295:oidc-provider/oidc.eks.us-east-1.amazonaws.com/id/AFC089675ADFF2B7188468D9FB8FE1FC",
            "tags": {
              "Name": "aerolink-dev-primary-cluster-eks-irsa"
            },
            "tags_all": {
              "Name": "aerolink-dev-primary-cluster-eks-irsa"
            },
            "thumbprint_list": [
              "06b25927c42a721631c1efd9431e648fa62e1e39"
            ],
            "url": "oidc.eks.us-east-1.amazonaws.com/id/AFC089675ADFF2B7188468D9FB8FE1FC"
          },
          "sensitive_attributes": [],
          "identity_schema_version": 0,
          "private": "bnVsbA==",
          "dependencies": [
            "module.eks_primary.module.eks.aws_cloudwatch_log_group.this",
            "module.eks_primary.module.eks.aws_eks_cluster.this",
            "module.eks_primary.module.eks.aws_iam_policy.cni_ipv6_policy",
            "module.eks_primary.module.eks.aws_iam_role.eks_auto",
            "module.eks_primary.module.eks.aws_iam_role.this",
            "module.eks_primary.module.eks.aws_iam_role_policy_attachment.this",
            "module.eks_primary.module.eks.aws_security_group.cluster",
            "module.eks_primary.module.eks.aws_security_group.node",
            "module.eks_primary.module.eks.aws_security_group_rule.cluster",
            "module.eks_primary.module.eks.aws_security_group_rule.node",
            "module.eks_primary.module.eks.data.aws_caller_identity.current",
            "module.eks_primary.module.eks.data.aws_iam_policy_document.assume_role_policy",
            "module.eks_primary.module.eks.data.aws_iam_policy_document.cni_ipv6_policy",
            "module.eks_primary.module.eks.data.aws_iam_policy_document.node_assume_role_policy",
            "module.eks_primary.module.eks.data.aws_iam_session_context.current",
            "module.eks_primary.module.eks.data.aws_partition.current",
            "module.eks_primary.module.eks.data.tls_certificate.this",
            "module.eks_primary.module.eks.module.kms.aws_kms_external_key.this",
            "module.eks_primary.module.eks.module.kms.aws_kms_key.this",
            "module.eks_primary.module.eks.module.kms.aws_kms_replica_external_key.this",
            "module.eks_primary.module.eks.module.kms.aws_kms_replica_key.this",
            "module.eks_primary.module.eks.module.kms.data.aws_caller_identity.current",
            "module.eks_primary.module.eks.module.kms.data.aws_iam_policy_document.this",
            "module.eks_primary.module.eks.module.kms.data.aws_partition.current",
            "module.vpc_primary.data.aws_availability_zones.available",
            "module.vpc_primary.module.vpc.aws_subnet.private",
            "module.vpc_primary.module.vpc.aws_vpc.this",
            "module.vpc_primary.module.vpc.aws_vpc_ipv4_cidr_block_association.this"
          ]
        }
      ]
    },
    {
      "module": "module.eks_primary.module.eks",
      "mode": "managed",
      "type": "aws_iam_policy",
      "name": "cluster_encryption",
      "provider": "provider[\"registry.terraform.io/hashicorp/aws\"].primary",
      "instances": [
        {
          "index_key": 0,
          "schema_version": 0,
          "attributes": {
            "arn": "arn:aws:iam::643942183295:policy/aerolink-dev-primary-cluster-cluster-ClusterEncryption20260602122720284000000013",
            "attachment_count": 0,
            "description": "Cluster encryption policy to allow cluster role to utilize CMK provided",
            "id": "arn:aws:iam::643942183295:policy/aerolink-dev-primary-cluster-cluster-ClusterEncryption20260602122720284000000013",
            "name": "aerolink-dev-primary-cluster-cluster-ClusterEncryption20260602122720284000000013",
            "name_prefix": "aerolink-dev-primary-cluster-cluster-ClusterEncryption",
            "path": "/",
            "policy": "{\"Statement\":[{\"Action\":[\"kms:Encrypt\",\"kms:Decrypt\",\"kms:ListGrants\",\"kms:DescribeKey\"],\"Effect\":\"Allow\",\"Resource\":\"arn:aws:kms:us-east-1:643942183295:key/0755386c-dbf0-4d38-aae1-1d784e21bf37\"}],\"Version\":\"2012-10-17\"}",
            "policy_id": "ANPAZL3PR6F7QGQH7XR3K",
            "tags": null,
            "tags_all": {}
          },
          "sensitive_attributes": [],
          "identity_schema_version": 0,
          "private": "bnVsbA==",
          "dependencies": [
            "module.eks_primary.module.eks.aws_iam_role.this",
            "module.eks_primary.module.eks.data.aws_caller_identity.current",
            "module.eks_primary.module.eks.data.aws_iam_policy_document.assume_role_policy",
            "module.eks_primary.module.eks.data.aws_iam_session_context.current",
            "module.eks_primary.module.eks.module.kms.aws_kms_external_key.this",
            "module.eks_primary.module.eks.module.kms.aws_kms_key.this",
            "module.eks_primary.module.eks.module.kms.aws_kms_replica_external_key.this",
            "module.eks_primary.module.eks.module.kms.aws_kms_replica_key.this",
            "module.eks_primary.module.eks.module.kms.data.aws_caller_identity.current",
            "module.eks_primary.module.eks.module.kms.data.aws_iam_policy_document.this",
            "module.eks_primary.module.eks.module.kms.data.aws_partition.current"
          ]
        }
      ]
    },
    {
      "module": "module.eks_primary.module.eks",
      "mode": "managed",
      "type": "aws_iam_policy",
      "name": "custom",
      "provider": "provider[\"registry.terraform.io/hashicorp/aws\"].primary",
      "instances": [
        {
          "index_key": 0,
          "schema_version": 0,
          "attributes": {
            "arn": "arn:aws:iam::643942183295:policy/aerolink-dev-primary-cluster-cluster",
            "attachment_count": 0,
            "description": "",
            "id": "arn:aws:iam::643942183295:policy/aerolink-dev-primary-cluster-cluster",
            "name": "aerolink-dev-primary-cluster-cluster",
            "name_prefix": "",
            "path": "/",
            "policy": "{\"Statement\":[{\"Action\":[\"ec2:RunInstances\",\"ec2:CreateLaunchTemplate\",\"ec2:CreateFleet\"],\"Condition\":{\"StringEquals\":{\"aws:RequestTag/eks:eks-cluster-name\":\"${aws:PrincipalTag/eks:eks-cluster-name}\"},\"StringLike\":{\"aws:RequestTag/eks:kubernetes-node-class-name\":\"*\",\"aws:RequestTag/eks:kubernetes-node-pool-name\":\"*\"}},\"Effect\":\"Allow\",\"Resource\":\"*\",\"Sid\":\"Compute\"},{\"Action\":[\"ec2:CreateVolume\",\"ec2:CreateSnapshot\"],\"Condition\":{\"StringEquals\":{\"aws:RequestTag/eks:eks-cluster-name\":\"${aws:PrincipalTag/eks:eks-cluster-name}\"}},\"Effect\":\"Allow\",\"Resource\":[\"arn:aws:ec2:*:*:volume/*\",\"arn:aws:ec2:*:*:snapshot/*\"],\"Sid\":\"Storage\"},{\"Action\":\"ec2:CreateNetworkInterface\",\"Condition\":{\"StringEquals\":{\"aws:RequestTag/eks:eks-cluster-name\":\"${aws:PrincipalTag/eks:eks-cluster-name}\",\"aws:RequestTag/eks:kubernetes-cni-node-name\":\"*\"}},\"Effect\":\"Allow\",\"Resource\":\"*\",\"Sid\":\"Networking\"},{\"Action\":[\"elasticloadbalancing:CreateTargetGroup\",\"elasticloadbalancing:CreateRule\",\"elasticloadbalancing:CreateLoadBalancer\",\"elasticloadbalancing:CreateListener\",\"ec2:CreateSecurityGroup\"],\"Condition\":{\"StringEquals\":{\"aws:RequestTag/eks:eks-cluster-name\":\"${aws:PrincipalTag/eks:eks-cluster-name}\"}},\"Effect\":\"Allow\",\"Resource\":\"*\",\"Sid\":\"LoadBalancer\"},{\"Action\":\"shield:CreateProtection\",\"Condition\":{\"StringEquals\":{\"aws:RequestTag/eks:eks-cluster-name\":\"${aws:PrincipalTag/eks:eks-cluster-name}\"}},\"Effect\":\"Allow\",\"Resource\":\"*\",\"Sid\":\"ShieldProtection\"},{\"Action\":\"shield:TagResource\",\"Condition\":{\"StringEquals\":{\"aws:RequestTag/eks:eks-cluster-name\":\"${aws:PrincipalTag/eks:eks-cluster-name}\"}},\"Effect\":\"Allow\",\"Resource\":\"arn:aws:shield::*:protection/*\",\"Sid\":\"ShieldTagResource\"}],\"Version\":\"2012-10-17\"}",
            "policy_id": "ANPAZL3PR6F7UM3FOZOQ6",
            "tags": null,
            "tags_all": {}
          },
          "sensitive_attributes": [],
          "identity_schema_version": 0,
          "private": "bnVsbA==",
          "dependencies": [
            "module.eks_primary.module.eks.data.aws_iam_policy_document.custom",
            "module.eks_primary.module.eks.data.aws_partition.current"
          ]
        }
      ]
    },
    {
      "module": "module.eks_primary.module.eks",
      "mode": "managed",
      "type": "aws_iam_role",
      "name": "this",
      "provider": "provider[\"registry.terraform.io/hashicorp/aws\"].primary",
      "instances": [
        {
          "index_key": 0,
          "schema_version": 0,
          "attributes": {
            "arn": "arn:aws:iam::643942183295:role/aerolink-dev-primary-cluster-cluster",
            "assume_role_policy": "{\"Statement\":[{\"Action\":[\"sts:TagSession\",\"sts:AssumeRole\"],\"Effect\":\"Allow\",\"Principal\":{\"Service\":\"eks.amazonaws.com\"},\"Sid\":\"EKSClusterAssumeRole\"}],\"Version\":\"2012-10-17\"}",
            "create_date": "2026-06-02T12:26:49Z",
            "description": "",
            "force_detach_policies": true,
            "id": "aerolink-dev-primary-cluster-cluster",
            "inline_policy": [],
            "managed_policy_arns": [],
            "max_session_duration": 3600,
            "name": "aerolink-dev-primary-cluster-cluster",
            "name_prefix": "",
            "path": "/",
            "permissions_boundary": "",
            "tags": null,
            "tags_all": {},
            "unique_id": "AROAZL3PR6F7T7PWNNIRP"
          },
          "sensitive_attributes": [],
          "identity_schema_version": 0,
          "private": "bnVsbA==",
          "dependencies": [
            "module.eks_primary.module.eks.data.aws_iam_policy_document.assume_role_policy"
          ],
          "create_before_destroy": true
        }
      ]
    },
    {
      "module": "module.eks_primary.module.eks",
      "mode": "managed",
      "type": "aws_iam_role_policy_attachment",
      "name": "cluster_encryption",
      "provider": "provider[\"registry.terraform.io/hashicorp/aws\"].primary",
      "instances": [
        {
          "index_key": 0,
          "schema_version": 0,
          "attributes": {
            "id": "aerolink-dev-primary-cluster-cluster-20260602122729364100000015",
            "policy_arn": "arn:aws:iam::643942183295:policy/aerolink-dev-primary-cluster-cluster-ClusterEncryption20260602122720284000000013",
            "role": "aerolink-dev-primary-cluster-cluster"
          },
          "sensitive_attributes": [],
          "identity_schema_version": 0,
          "private": "bnVsbA==",
          "dependencies": [
            "module.eks_primary.module.eks.aws_iam_policy.cluster_encryption",
            "module.eks_primary.module.eks.aws_iam_role.this",
            "module.eks_primary.module.eks.data.aws_caller_identity.current",
            "module.eks_primary.module.eks.data.aws_iam_policy_document.assume_role_policy",
            "module.eks_primary.module.eks.data.aws_iam_session_context.current",
            "module.eks_primary.module.eks.module.kms.aws_kms_external_key.this",
            "module.eks_primary.module.eks.module.kms.aws_kms_key.this",
            "module.eks_primary.module.eks.module.kms.aws_kms_replica_external_key.this",
            "module.eks_primary.module.eks.module.kms.aws_kms_replica_key.this",
            "module.eks_primary.module.eks.module.kms.data.aws_caller_identity.current",
            "module.eks_primary.module.eks.module.kms.data.aws_iam_policy_document.this",
            "module.eks_primary.module.eks.module.kms.data.aws_partition.current"
          ]
        }
      ]
    },
    {
      "module": "module.eks_primary.module.eks",
      "mode": "managed",
      "type": "aws_iam_role_policy_attachment",
      "name": "custom",
      "provider": "provider[\"registry.terraform.io/hashicorp/aws\"].primary",
      "instances": [
        {
          "index_key": 0,
          "schema_version": 0,
          "attributes": {
            "id": "aerolink-dev-primary-cluster-cluster-2026060212265140800000000c",
            "policy_arn": "arn:aws:iam::643942183295:policy/aerolink-dev-primary-cluster-cluster",
            "role": "aerolink-dev-primary-cluster-cluster"
          },
          "sensitive_attributes": [],
          "identity_schema_version": 0,
          "private": "bnVsbA==",
          "dependencies": [
            "module.eks_primary.module.eks.aws_iam_policy.custom",
            "module.eks_primary.module.eks.aws_iam_role.this",
            "module.eks_primary.module.eks.data.aws_iam_policy_document.assume_role_policy",
            "module.eks_primary.module.eks.data.aws_iam_policy_document.custom",
            "module.eks_primary.module.eks.data.aws_partition.current"
          ]
        }
      ]
    },
    {
      "module": "module.eks_primary.module.eks",
      "mode": "managed",
      "type": "aws_iam_role_policy_attachment",
      "name": "this",
      "provider": "provider[\"registry.terraform.io/hashicorp/aws\"].primary",
      "instances": [
        {
          "index_key": "AmazonEKSClusterPolicy",
          "schema_version": 0,
          "attributes": {
            "id": "aerolink-dev-primary-cluster-cluster-2026060212265109150000000a",
            "policy_arn": "arn:aws:iam::aws:policy/AmazonEKSClusterPolicy",
            "role": "aerolink-dev-primary-cluster-cluster"
          },
          "sensitive_attributes": [],
          "identity_schema_version": 0,
          "private": "bnVsbA==",
          "dependencies": [
            "module.eks_primary.module.eks.aws_iam_role.this",
            "module.eks_primary.module.eks.data.aws_iam_policy_document.assume_role_policy",
            "module.eks_primary.module.eks.data.aws_partition.current"
          ],
          "create_before_destroy": true
        },
        {
          "index_key": "AmazonEKSVPCResourceController",
          "schema_version": 0,
          "attributes": {
            "id": "aerolink-dev-primary-cluster-cluster-2026060212265129400000000b",
            "policy_arn": "arn:aws:iam::aws:policy/AmazonEKSVPCResourceController",
            "role": "aerolink-dev-primary-cluster-cluster"
          },
          "sensitive_attributes": [],
          "identity_schema_version": 0,
          "private": "bnVsbA==",
          "dependencies": [
            "module.eks_primary.module.eks.aws_iam_role.this",
            "module.eks_primary.module.eks.data.aws_iam_policy_document.assume_role_policy",
            "module.eks_primary.module.eks.data.aws_partition.current"
          ],
          "create_before_destroy": true
        }
      ]
    },
    {
      "module": "module.eks_primary.module.eks",
      "mode": "managed",
      "type": "aws_security_group",
      "name": "cluster",
      "provider": "provider[\"registry.terraform.io/hashicorp/aws\"].primary",
      "instances": [
        {
          "index_key": 0,
          "schema_version": 1,
          "attributes": {
            "arn": "arn:aws:ec2:us-east-1:643942183295:security-group/sg-0e818fd1492d4e2a7",
            "description": "EKS cluster security group",
            "egress": [],
            "id": "sg-0e818fd1492d4e2a7",
            "ingress": [],
            "name": "aerolink-dev-primary-cluster-cluster-20260602122715700200000010",
            "name_prefix": "aerolink-dev-primary-cluster-cluster-",
            "owner_id": "643942183295",
            "revoke_rules_on_delete": false,
            "tags": {
              "Name": "aerolink-dev-primary-cluster-cluster"
            },
            "tags_all": {
              "Name": "aerolink-dev-primary-cluster-cluster"
            },
            "timeouts": null,
            "vpc_id": "vpc-0bd0247b11781485f"
          },
          "sensitive_attributes": [],
          "identity_schema_version": 0,
          "private": "eyJlMmJmYjczMC1lY2FhLTExZTYtOGY4OC0zNDM2M2JjN2M0YzAiOnsiY3JlYXRlIjo2MDAwMDAwMDAwMDAsImRlbGV0ZSI6OTAwMDAwMDAwMDAwfSwic2NoZW1hX3ZlcnNpb24iOiIxIn0=",
          "dependencies": [
            "module.vpc_primary.module.vpc.aws_vpc.this"
          ],
          "create_before_destroy": true
        }
      ]
    },
    {
      "module": "module.eks_primary.module.eks",
      "mode": "managed",
      "type": "aws_security_group",
      "name": "node",
      "provider": "provider[\"registry.terraform.io/hashicorp/aws\"].primary",
      "instances": [
        {
          "index_key": 0,
          "schema_version": 1,
          "attributes": {
            "arn": "arn:aws:ec2:us-east-1:643942183295:security-group/sg-0cfa776af263aeb61",
            "description": "EKS node shared security group",
            "egress": [],
            "id": "sg-0cfa776af263aeb61",
            "ingress": [],
            "name": "aerolink-dev-primary-cluster-node-20260602122716099500000011",
            "name_prefix": "aerolink-dev-primary-cluster-node-",
            "owner_id": "643942183295",
            "revoke_rules_on_delete": false,
            "tags": {
              "Name": "aerolink-dev-primary-cluster-node",
              "kubernetes.io/cluster/aerolink-dev-primary-cluster": "owned"
            },
            "tags_all": {
              "Name": "aerolink-dev-primary-cluster-node",
              "kubernetes.io/cluster/aerolink-dev-primary-cluster": "owned"
            },
            "timeouts": null,
            "vpc_id": "vpc-0bd0247b11781485f"
          },
          "sensitive_attributes": [],
          "identity_schema_version": 0,
          "private": "eyJlMmJmYjczMC1lY2FhLTExZTYtOGY4OC0zNDM2M2JjN2M0YzAiOnsiY3JlYXRlIjo2MDAwMDAwMDAwMDAsImRlbGV0ZSI6OTAwMDAwMDAwMDAwfSwic2NoZW1hX3ZlcnNpb24iOiIxIn0=",
          "dependencies": [
            "module.vpc_primary.module.vpc.aws_vpc.this"
          ],
          "create_before_destroy": true
        }
      ]
    },
    {
      "module": "module.eks_primary.module.eks",
      "mode": "managed",
      "type": "aws_security_group_rule",
      "name": "cluster",
      "provider": "provider[\"registry.terraform.io/hashicorp/aws\"].primary",
      "instances": [
        {
          "index_key": "ingress_nodes_443",
          "schema_version": 2,
          "attributes": {
            "cidr_blocks": null,
            "description": "Node groups to cluster API",
            "from_port": 443,
            "id": "sgrule-532355653",
            "ipv6_cidr_blocks": null,
            "prefix_list_ids": null,
            "protocol": "tcp",
            "security_group_id": "sg-0e818fd1492d4e2a7",
            "security_group_rule_id": "sgr-0bfc5f9cebaef4e39",
            "self": false,
            "source_security_group_id": "sg-0cfa776af263aeb61",
            "timeouts": null,
            "to_port": 443,
            "type": "ingress"
          },
          "sensitive_attributes": [],
          "identity_schema_version": 0,
          "private": "eyJlMmJmYjczMC1lY2FhLTExZTYtOGY4OC0zNDM2M2JjN2M0YzAiOnsiY3JlYXRlIjozMDAwMDAwMDAwMDB9LCJzY2hlbWFfdmVyc2lvbiI6IjIifQ==",
          "dependencies": [
            "module.eks_primary.module.eks.aws_security_group.cluster",
            "module.eks_primary.module.eks.aws_security_group.node",
            "module.vpc_primary.module.vpc.aws_vpc.this"
          ],
          "create_before_destroy": true
        }
      ]
    },
    {
      "module": "module.eks_primary.module.eks",
      "mode": "managed",
      "type": "aws_security_group_rule",
      "name": "node",
      "provider": "provider[\"registry.terraform.io/hashicorp/aws\"].primary",
      "instances": [
        {
          "index_key": "egress_all",
          "schema_version": 2,
          "attributes": {
            "cidr_blocks": [
              "0.0.0.0/0"
            ],
            "description": "Allow all egress",
            "from_port": 0,
            "id": "sgrule-2127784600",
            "ipv6_cidr_blocks": null,
            "prefix_list_ids": [],
            "protocol": "-1",
            "security_group_id": "sg-0cfa776af263aeb61",
            "security_group_rule_id": "sgr-03d3663629a6f63a8",
            "self": false,
            "source_security_group_id": null,
            "timeouts": null,
            "to_port": 0,
            "type": "egress"
          },
          "sensitive_attributes": [],
          "identity_schema_version": 0,
          "private": "eyJlMmJmYjczMC1lY2FhLTExZTYtOGY4OC0zNDM2M2JjN2M0YzAiOnsiY3JlYXRlIjozMDAwMDAwMDAwMDB9LCJzY2hlbWFfdmVyc2lvbiI6IjIifQ==",
          "dependencies": [
            "module.eks_primary.module.eks.aws_security_group.cluster",
            "module.eks_primary.module.eks.aws_security_group.node",
            "module.vpc_primary.module.vpc.aws_vpc.this"
          ],
          "create_before_destroy": true
        },
        {
          "index_key": "ingress_cluster_443",
          "schema_version": 2,
          "attributes": {
            "cidr_blocks": null,
            "description": "Cluster API to node groups",
            "from_port": 443,
            "id": "sgrule-195216548",
            "ipv6_cidr_blocks": null,
            "prefix_list_ids": [],
            "protocol": "tcp",
            "security_group_id": "sg-0cfa776af263aeb61",
            "security_group_rule_id": "sgr-0090d2a2f13253879",
            "self": false,
            "source_security_group_id": "sg-0e818fd1492d4e2a7",
            "timeouts": null,
            "to_port": 443,
            "type": "ingress"
          },
          "sensitive_attributes": [],
          "identity_schema_version": 0,
          "private": "eyJlMmJmYjczMC1lY2FhLTExZTYtOGY4OC0zNDM2M2JjN2M0YzAiOnsiY3JlYXRlIjozMDAwMDAwMDAwMDB9LCJzY2hlbWFfdmVyc2lvbiI6IjIifQ==",
          "dependencies": [
            "module.eks_primary.module.eks.aws_security_group.cluster",
            "module.eks_primary.module.eks.aws_security_group.node",
            "module.vpc_primary.module.vpc.aws_vpc.this"
          ],
          "create_before_destroy": true
        },
        {
          "index_key": "ingress_cluster_4443_webhook",
          "schema_version": 2,
          "attributes": {
            "cidr_blocks": null,
            "description": "Cluster API to node 4443/tcp webhook",
            "from_port": 4443,
            "id": "sgrule-2768826430",
            "ipv6_cidr_blocks": null,
            "prefix_list_ids": [],
            "protocol": "tcp",
            "security_group_id": "sg-0cfa776af263aeb61",
            "security_group_rule_id": "sgr-051ead1f48de54240",
            "self": false,
            "source_security_group_id": "sg-0e818fd1492d4e2a7",
            "timeouts": null,
            "to_port": 4443,
            "type": "ingress"
          },
          "sensitive_attributes": [],
          "identity_schema_version": 0,
          "private": "eyJlMmJmYjczMC1lY2FhLTExZTYtOGY4OC0zNDM2M2JjN2M0YzAiOnsiY3JlYXRlIjozMDAwMDAwMDAwMDB9LCJzY2hlbWFfdmVyc2lvbiI6IjIifQ==",
          "dependencies": [
            "module.eks_primary.module.eks.aws_security_group.cluster",
            "module.eks_primary.module.eks.aws_security_group.node",
            "module.vpc_primary.module.vpc.aws_vpc.this"
          ],
          "create_before_destroy": true
        },
        {
          "index_key": "ingress_cluster_6443_webhook",
          "schema_version": 2,
          "attributes": {
            "cidr_blocks": null,
            "description": "Cluster API to node 6443/tcp webhook",
            "from_port": 6443,
            "id": "sgrule-1816827816",
            "ipv6_cidr_blocks": null,
            "prefix_list_ids": [],
            "protocol": "tcp",
            "security_group_id": "sg-0cfa776af263aeb61",
            "security_group_rule_id": "sgr-0aba0cf115ccd95a4",
            "self": false,
            "source_security_group_id": "sg-0e818fd1492d4e2a7",
            "timeouts": null,
            "to_port": 6443,
            "type": "ingress"
          },
          "sensitive_attributes": [],
          "identity_schema_version": 0,
          "private": "eyJlMmJmYjczMC1lY2FhLTExZTYtOGY4OC0zNDM2M2JjN2M0YzAiOnsiY3JlYXRlIjozMDAwMDAwMDAwMDB9LCJzY2hlbWFfdmVyc2lvbiI6IjIifQ==",
          "dependencies": [
            "module.eks_primary.module.eks.aws_security_group.cluster",
            "module.eks_primary.module.eks.aws_security_group.node",
            "module.vpc_primary.module.vpc.aws_vpc.this"
          ],
          "create_before_destroy": true
        },
        {
          "index_key": "ingress_cluster_8443_webhook",
          "schema_version": 2,
          "attributes": {
            "cidr_blocks": null,
            "description": "Cluster API to node 8443/tcp webhook",
            "from_port": 8443,
            "id": "sgrule-2132192137",
            "ipv6_cidr_blocks": null,
            "prefix_list_ids": [],
            "protocol": "tcp",
            "security_group_id": "sg-0cfa776af263aeb61",
            "security_group_rule_id": "sgr-01aeeb808853a420f",
            "self": false,
            "source_security_group_id": "sg-0e818fd1492d4e2a7",
            "timeouts": null,
            "to_port": 8443,
            "type": "ingress"
          },
          "sensitive_attributes": [],
          "identity_schema_version": 0,
          "private": "eyJlMmJmYjczMC1lY2FhLTExZTYtOGY4OC0zNDM2M2JjN2M0YzAiOnsiY3JlYXRlIjozMDAwMDAwMDAwMDB9LCJzY2hlbWFfdmVyc2lvbiI6IjIifQ==",
          "dependencies": [
            "module.eks_primary.module.eks.aws_security_group.cluster",
            "module.eks_primary.module.eks.aws_security_group.node",
            "module.vpc_primary.module.vpc.aws_vpc.this"
          ],
          "create_before_destroy": true
        },
        {
          "index_key": "ingress_cluster_9443_webhook",
          "schema_version": 2,
          "attributes": {
            "cidr_blocks": null,
            "description": "Cluster API to node 9443/tcp webhook",
            "from_port": 9443,
            "id": "sgrule-465016898",
            "ipv6_cidr_blocks": null,
            "prefix_list_ids": [],
            "protocol": "tcp",
            "security_group_id": "sg-0cfa776af263aeb61",
            "security_group_rule_id": "sgr-018f9dbb8b48dbb97",
            "self": false,
            "source_security_group_id": "sg-0e818fd1492d4e2a7",
            "timeouts": null,
            "to_port": 9443,
            "type": "ingress"
          },
          "sensitive_attributes": [],
          "identity_schema_version": 0,
          "private": "eyJlMmJmYjczMC1lY2FhLTExZTYtOGY4OC0zNDM2M2JjN2M0YzAiOnsiY3JlYXRlIjozMDAwMDAwMDAwMDB9LCJzY2hlbWFfdmVyc2lvbiI6IjIifQ==",
          "dependencies": [
            "module.eks_primary.module.eks.aws_security_group.cluster",
            "module.eks_primary.module.eks.aws_security_group.node",
            "module.vpc_primary.module.vpc.aws_vpc.this"
          ],
          "create_before_destroy": true
        },
        {
          "index_key": "ingress_cluster_kubelet",
          "schema_version": 2,
          "attributes": {
            "cidr_blocks": null,
            "description": "Cluster API to node kubelets",
            "from_port": 10250,
            "id": "sgrule-3027509055",
            "ipv6_cidr_blocks": null,
            "prefix_list_ids": [],
            "protocol": "tcp",
            "security_group_id": "sg-0cfa776af263aeb61",
            "security_group_rule_id": "sgr-08d57b507ab6da62a",
            "self": false,
            "source_security_group_id": "sg-0e818fd1492d4e2a7",
            "timeouts": null,
            "to_port": 10250,
            "type": "ingress"
          },
          "sensitive_attributes": [],
          "identity_schema_version": 0,
          "private": "eyJlMmJmYjczMC1lY2FhLTExZTYtOGY4OC0zNDM2M2JjN2M0YzAiOnsiY3JlYXRlIjozMDAwMDAwMDAwMDB9LCJzY2hlbWFfdmVyc2lvbiI6IjIifQ==",
          "dependencies": [
            "module.eks_primary.module.eks.aws_security_group.cluster",
            "module.eks_primary.module.eks.aws_security_group.node",
            "module.vpc_primary.module.vpc.aws_vpc.this"
          ],
          "create_before_destroy": true
        },
        {
          "index_key": "ingress_istio_webhook",
          "schema_version": 2,
          "attributes": {
            "cidr_blocks": null,
            "description": "Allow API server to reach Istio webhook",
            "from_port": 15017,
            "id": "sgrule-3948284158",
            "ipv6_cidr_blocks": null,
            "prefix_list_ids": [],
            "protocol": "tcp",
            "security_group_id": "sg-0cfa776af263aeb61",
            "security_group_rule_id": "sgr-0f0ce7aa2003cde50",
            "self": false,
            "source_security_group_id": "sg-0e818fd1492d4e2a7",
            "timeouts": null,
            "to_port": 15017,
            "type": "ingress"
          },
          "sensitive_attributes": [],
          "identity_schema_version": 0,
          "private": "eyJlMmJmYjczMC1lY2FhLTExZTYtOGY4OC0zNDM2M2JjN2M0YzAiOnsiY3JlYXRlIjozMDAwMDAwMDAwMDB9LCJzY2hlbWFfdmVyc2lvbiI6IjIifQ==",
          "dependencies": [
            "module.eks_primary.module.eks.aws_security_group.cluster",
            "module.eks_primary.module.eks.aws_security_group.node",
            "module.vpc_primary.module.vpc.aws_vpc.this"
          ],
          "create_before_destroy": true
        },
        {
          "index_key": "ingress_nodes_ephemeral",
          "schema_version": 2,
          "attributes": {
            "cidr_blocks": null,
            "description": "Node to node ingress on ephemeral ports",
            "from_port": 1025,
            "id": "sgrule-3514605597",
            "ipv6_cidr_blocks": null,
            "prefix_list_ids": [],
            "protocol": "tcp",
            "security_group_id": "sg-0cfa776af263aeb61",
            "security_group_rule_id": "sgr-0f2d2b0549784716d",
            "self": true,
            "source_security_group_id": null,
            "timeouts": null,
            "to_port": 65535,
            "type": "ingress"
          },
          "sensitive_attributes": [],
          "identity_schema_version": 0,
          "private": "eyJlMmJmYjczMC1lY2FhLTExZTYtOGY4OC0zNDM2M2JjN2M0YzAiOnsiY3JlYXRlIjozMDAwMDAwMDAwMDB9LCJzY2hlbWFfdmVyc2lvbiI6IjIifQ==",
          "dependencies": [
            "module.eks_primary.module.eks.aws_security_group.cluster",
            "module.eks_primary.module.eks.aws_security_group.node",
            "module.vpc_primary.module.vpc.aws_vpc.this"
          ],
          "create_before_destroy": true
        },
        {
          "index_key": "ingress_self_coredns_tcp",
          "schema_version": 2,
          "attributes": {
            "cidr_blocks": null,
            "description": "Node to node CoreDNS",
            "from_port": 53,
            "id": "sgrule-3399822248",
            "ipv6_cidr_blocks": null,
            "prefix_list_ids": [],
            "protocol": "tcp",
            "security_group_id": "sg-0cfa776af263aeb61",
            "security_group_rule_id": "sgr-015d802a7ca932f22",
            "self": true,
            "source_security_group_id": null,
            "timeouts": null,
            "to_port": 53,
            "type": "ingress"
          },
          "sensitive_attributes": [],
          "identity_schema_version": 0,
          "private": "eyJlMmJmYjczMC1lY2FhLTExZTYtOGY4OC0zNDM2M2JjN2M0YzAiOnsiY3JlYXRlIjozMDAwMDAwMDAwMDB9LCJzY2hlbWFfdmVyc2lvbiI6IjIifQ==",
          "dependencies": [
            "module.eks_primary.module.eks.aws_security_group.cluster",
            "module.eks_primary.module.eks.aws_security_group.node",
            "module.vpc_primary.module.vpc.aws_vpc.this"
          ],
          "create_before_destroy": true
        },
        {
          "index_key": "ingress_self_coredns_udp",
          "schema_version": 2,
          "attributes": {
            "cidr_blocks": null,
            "description": "Node to node CoreDNS UDP",
            "from_port": 53,
            "id": "sgrule-1861912647",
            "ipv6_cidr_blocks": null,
            "prefix_list_ids": [],
            "protocol": "udp",
            "security_group_id": "sg-0cfa776af263aeb61",
            "security_group_rule_id": "sgr-01840116bc74168eb",
            "self": true,
            "source_security_group_id": null,
            "timeouts": null,
            "to_port": 53,
            "type": "ingress"
          },
          "sensitive_attributes": [],
          "identity_schema_version": 0,
          "private": "eyJlMmJmYjczMC1lY2FhLTExZTYtOGY4OC0zNDM2M2JjN2M0YzAiOnsiY3JlYXRlIjozMDAwMDAwMDAwMDB9LCJzY2hlbWFfdmVyc2lvbiI6IjIifQ==",
          "dependencies": [
            "module.eks_primary.module.eks.aws_security_group.cluster",
            "module.eks_primary.module.eks.aws_security_group.node",
            "module.vpc_primary.module.vpc.aws_vpc.this"
          ],
          "create_before_destroy": true
        }
      ]
    },
    {
      "module": "module.eks_primary.module.eks",
      "mode": "managed",
      "type": "time_sleep",
      "name": "this",
      "provider": "provider[\"registry.terraform.io/hashicorp/time\"]",
      "instances": [
        {
          "index_key": 0,
          "schema_version": 0,
          "attributes": {
            "create_duration": "30s",
            "destroy_duration": null,
            "id": "2026-06-02T12:37:27Z",
            "triggers": {
              "cluster_certificate_authority_data": "LS0tLS1CRUdJTiBDRVJUSUZJQ0FURS0tLS0tCk1JSURCVENDQWUyZ0F3SUJBZ0lJZS9Vcyt5blZTelV3RFFZSktvWklodmNOQVFFTEJRQXdGVEVUTUJFR0ExVUUKQXhNS2EzVmlaWEp1WlhSbGN6QWVGdzB5TmpBMk1ESXhNakk0TWpKYUZ3MHpOakExTXpBeE1qTXpNakphTUJVeApFekFSQmdOVkJBTVRDbXQxWW1WeWJtVjBaWE13Z2dFaU1BMEdDU3FHU0liM0RRRUJBUVVBQTRJQkR3QXdnZ0VLCkFvSUJBUUN3ZEVpVUE1ek9GK2oreUQ4K3RTQ0RWcmt1L09oL2NXMlIzVUxuRUJDV3pLRExTaTdhY2E3OWtackwKMUNzV2Y5a21WTXJ2ODhpWGM5NVNXQ0tIRXhTYWFvMzlSajNjZDYzdnlvRDBnWjNvanpTZVdHN3dZNkR6cm4xUApBQzFZY0xXTE1wRUdkWlVtTUFuRHBaM2Q2TnRVV0JvU1A4QWtJMXc3MWQrOHVSZk9QT1NGMTFZQVNCMVAwdVFoCkl2TFc0SGxMZVZ0SGltNEt6QlI5SkJ0ejU0RlAyQ1JEa2lQendrNzVxOVE4c0lnMzk0dkMyZnR3UFlDRjZYZWEKTlpuTVFKeEVtc1liWTdIbUV2UHR0T1k4K2hJVEhjdGQ0aVp4bG41RUtKODdKTUxQREk0UFVsSDNZVk9UUVBjRworVnc0Q0ZURjJVOEcvRHh1K3ZNM3RydzZDeldGQWdNQkFBR2pXVEJYTUE0R0ExVWREd0VCL3dRRUF3SUNwREFQCkJnTlZIUk1CQWY4RUJUQURBUUgvTUIwR0ExVWREZ1FXQkJSUHlGdXRTMHJsZ2hEMmVwVm02NGt3eGxhRkhUQVYKQmdOVkhSRUVEakFNZ2dwcmRXSmxjbTVsZEdWek1BMEdDU3FHU0liM0RRRUJDd1VBQTRJQkFRQ05pa0RSSTFucwpqU3huR2ZweGFYdWwvY3ppTlloUXJnbGNmekwvRDVkcHVOWkI5UEI2Z2ZnK096T1ptRGNhUjZNN3hXWTJQa3k0CklESGFBeUhXcFE1TzRxTDBQc3MzOEorUmpQc2tFTzAzRG5OdlVGOFkzK2s2QXVjNVJYcE1mbEl4QkNxa0piRi8KRm9sdkxuNmtobE1lK3Q4VlFxQmdRTzUyQU5FVHQxa2VpSzAvczFqcXJTSENlZHBuNk1IQThqbHlBbGU1VHBiKwpiQ21uTzl0b2lqbHBFN01yNXFiZ0FsQ0ZUMm9qS01ZTURJd0NOVHNqa1lxZDBlaTJ6Y05uZnQyMnNXRFNKdzVSCmJid3N4ZHdtQXlyQzlvU3pEakNQUFphSmJLdzVYTWIxNTJDRncrSkVldWdKdjZ0M0lyeUFZWm5DdU1PaElyV0EKbDZpNCtaU2oxa0t0Ci0tLS0tRU5EIENFUlRJRklDQVRFLS0tLS0K",
              "cluster_endpoint": "https://AFC089675ADFF2B7188468D9FB8FE1FC.gr7.us-east-1.eks.amazonaws.com",
              "cluster_name": "aerolink-dev-primary-cluster",
              "cluster_service_cidr": "172.20.0.0/16",
              "cluster_version": "1.30"
            }
          },
          "sensitive_attributes": [],
          "identity_schema_version": 0,
          "dependencies": [
            "module.eks_primary.module.eks.aws_cloudwatch_log_group.this",
            "module.eks_primary.module.eks.aws_eks_cluster.this",
            "module.eks_primary.module.eks.aws_iam_policy.cni_ipv6_policy",
            "module.eks_primary.module.eks.aws_iam_role.eks_auto",
            "module.eks_primary.module.eks.aws_iam_role.this",
            "module.eks_primary.module.eks.aws_iam_role_policy_attachment.this",
            "module.eks_primary.module.eks.aws_security_group.cluster",
            "module.eks_primary.module.eks.aws_security_group.node",
            "module.eks_primary.module.eks.aws_security_group_rule.cluster",
            "module.eks_primary.module.eks.aws_security_group_rule.node",
            "module.eks_primary.module.eks.data.aws_caller_identity.current",
            "module.eks_primary.module.eks.data.aws_iam_policy_document.assume_role_policy",
            "module.eks_primary.module.eks.data.aws_iam_policy_document.cni_ipv6_policy",
            "module.eks_primary.module.eks.data.aws_iam_policy_document.node_assume_role_policy",
            "module.eks_primary.module.eks.data.aws_iam_session_context.current",
            "module.eks_primary.module.eks.data.aws_partition.current",
            "module.eks_primary.module.eks.module.kms.aws_kms_external_key.this",
            "module.eks_primary.module.eks.module.kms.aws_kms_key.this",
            "module.eks_primary.module.eks.module.kms.aws_kms_replica_external_key.this",
            "module.eks_primary.module.eks.module.kms.aws_kms_replica_key.this",
            "module.eks_primary.module.eks.module.kms.data.aws_caller_identity.current",
            "module.eks_primary.module.eks.module.kms.data.aws_iam_policy_document.this",
            "module.eks_primary.module.eks.module.kms.data.aws_partition.current",
            "module.vpc_primary.data.aws_availability_zones.available",
            "module.vpc_primary.module.vpc.aws_subnet.private",
            "module.vpc_primary.module.vpc.aws_vpc.this",
            "module.vpc_primary.module.vpc.aws_vpc_ipv4_cidr_block_association.this"
          ],
          "create_before_destroy": true
        }
      ]
    },
    {
      "module": "module.eks_primary.module.eks.module.eks_managed_node_group[\"spot_nodes\"]",
      "mode": "data",
      "type": "aws_caller_identity",
      "name": "current",
      "provider": "provider[\"registry.terraform.io/hashicorp/aws\"].primary",
      "instances": [
        {
          "schema_version": 0,
          "attributes": {
            "account_id": "643942183295",
            "arn": "arn:aws:iam::643942183295:user/AeroLink-Admin",
            "id": "643942183295",
            "user_id": "AIDAZL3PR6F7VCE32XCQY"
          },
          "sensitive_attributes": [],
          "identity_schema_version": 0
        }
      ]
    },
    {
      "module": "module.eks_primary.module.eks.module.eks_managed_node_group[\"spot_nodes\"]",
      "mode": "data",
      "type": "aws_iam_policy_document",
      "name": "assume_role_policy",
      "provider": "provider[\"registry.terraform.io/hashicorp/aws\"].primary",
      "instances": [
        {
          "index_key": 0,
          "schema_version": 0,
          "attributes": {
            "id": "2560088296",
            "json": "{\n  \"Version\": \"2012-10-17\",\n  \"Statement\": [\n    {\n      \"Sid\": \"EKSNodeAssumeRole\",\n      \"Effect\": \"Allow\",\n      \"Action\": \"sts:AssumeRole\",\n      \"Principal\": {\n        \"Service\": \"ec2.amazonaws.com\"\n      }\n    }\n  ]\n}",
            "minified_json": "{\"Version\":\"2012-10-17\",\"Statement\":[{\"Sid\":\"EKSNodeAssumeRole\",\"Effect\":\"Allow\",\"Action\":\"sts:AssumeRole\",\"Principal\":{\"Service\":\"ec2.amazonaws.com\"}}]}",
            "override_json": null,
            "override_policy_documents": null,
            "policy_id": null,
            "source_json": null,
            "source_policy_documents": null,
            "statement": [
              {
                "actions": [
                  "sts:AssumeRole"
                ],
                "condition": [],
                "effect": "Allow",
                "not_actions": [],
                "not_principals": [],
                "not_resources": [],
                "principals": [
                  {
                    "identifiers": [
                      "ec2.amazonaws.com"
                    ],
                    "type": "Service"
                  }
                ],
                "resources": [],
                "sid": "EKSNodeAssumeRole"
              }
            ],
            "version": "2012-10-17"
          },
          "sensitive_attributes": [],
          "identity_schema_version": 0
        }
      ]
    },
    {
      "module": "module.eks_primary.module.eks.module.eks_managed_node_group[\"spot_nodes\"]",
      "mode": "data",
      "type": "aws_partition",
      "name": "current",
      "provider": "provider[\"registry.terraform.io/hashicorp/aws\"].primary",
      "instances": [
        {
          "schema_version": 0,
          "attributes": {
            "dns_suffix": "amazonaws.com",
            "id": "aws",
            "partition": "aws",
            "reverse_dns_prefix": "com.amazonaws"
          },
          "sensitive_attributes": [],
          "identity_schema_version": 0
        }
      ]
    },
    {
      "module": "module.eks_primary.module.eks.module.eks_managed_node_group[\"spot_nodes\"]",
      "mode": "managed",
      "type": "aws_eks_node_group",
      "name": "this",
      "provider": "provider[\"registry.terraform.io/hashicorp/aws\"].primary",
      "instances": [
        {
          "index_key": 0,
          "schema_version": 0,
          "attributes": {
            "ami_type": "AL2023_x86_64_STANDARD",
            "arn": "arn:aws:eks:us-east-1:643942183295:nodegroup/aerolink-dev-primary-cluster/spot_nodes-20260602123735963300000018/12cf442b-71e5-be57-af6f-1488be2d84b3",
            "capacity_type": "SPOT",
            "cluster_name": "aerolink-dev-primary-cluster",
            "disk_size": 0,
            "force_update_version": null,
            "id": "aerolink-dev-primary-cluster:spot_nodes-20260602123735963300000018",
            "instance_types": [
              "t3.large"
            ],
            "labels": null,
            "launch_template": [
              {
                "id": "lt-0af7667ac04b29e4e",
                "name": "spot_nodes-20260602123727844400000016",
                "version": "1"
              }
            ],
            "node_group_name": "spot_nodes-20260602123735963300000018",
            "node_group_name_prefix": "spot_nodes-",
            "node_repair_config": [],
            "node_role_arn": "arn:aws:iam::643942183295:role/spot_nodes-eks-node-group-20260602122648325900000004",
            "release_version": "1.30.14-20260527",
            "remote_access": [],
            "resources": [
              {
                "autoscaling_groups": [
                  {
                    "name": "eks-spot_nodes-20260602123735963300000018-12cf442b-71e5-be57-af6f-1488be2d84b3"
                  }
                ],
                "remote_access_security_group_id": ""
              }
            ],
            "scaling_config": [
              {
                "desired_size": 3,
                "max_size": 5,
                "min_size": 2
              }
            ],
            "status": "ACTIVE",
            "subnet_ids": [
              "subnet-054c48c0d3de87e5c",
              "subnet-0830326da579f6e02"
            ],
            "tags": {
              "Name": "spot_nodes"
            },
            "tags_all": {
              "Name": "spot_nodes"
            },
            "taint": [],
            "timeouts": {
              "create": null,
              "delete": null,
              "update": null
            },
            "update_config": [
              {
                "max_unavailable": 0,
                "max_unavailable_percentage": 33
              }
            ],
            "version": "1.30"
          },
          "sensitive_attributes": [],
          "identity_schema_version": 0,
          "private": "eyJlMmJmYjczMC1lY2FhLTExZTYtOGY4OC0zNDM2M2JjN2M0YzAiOnsiY3JlYXRlIjozNjAwMDAwMDAwMDAwLCJkZWxldGUiOjM2MDAwMDAwMDAwMDAsInVwZGF0ZSI6MzYwMDAwMDAwMDAwMH19",
          "dependencies": [
            "module.eks_primary.module.eks.aws_cloudwatch_log_group.this",
            "module.eks_primary.module.eks.aws_eks_cluster.this",
            "module.eks_primary.module.eks.aws_iam_policy.cni_ipv6_policy",
            "module.eks_primary.module.eks.aws_iam_role.eks_auto",
            "module.eks_primary.module.eks.aws_iam_role.this",
            "module.eks_primary.module.eks.aws_iam_role_policy_attachment.this",
            "module.eks_primary.module.eks.aws_security_group.cluster",
            "module.eks_primary.module.eks.aws_security_group.node",
            "module.eks_primary.module.eks.aws_security_group_rule.cluster",
            "module.eks_primary.module.eks.aws_security_group_rule.node",
            "module.eks_primary.module.eks.data.aws_caller_identity.current",
            "module.eks_primary.module.eks.data.aws_iam_policy_document.assume_role_policy",
            "module.eks_primary.module.eks.data.aws_iam_policy_document.cni_ipv6_policy",
            "module.eks_primary.module.eks.data.aws_iam_policy_document.node_assume_role_policy",
            "module.eks_primary.module.eks.data.aws_iam_session_context.current",
            "module.eks_primary.module.eks.data.aws_partition.current",
            "module.eks_primary.module.eks.module.eks_managed_node_group.aws_iam_role.this",
            "module.eks_primary.module.eks.module.eks_managed_node_group.aws_iam_role_policy_attachment.additional",
            "module.eks_primary.module.eks.module.eks_managed_node_group.aws_iam_role_policy_attachment.this",
            "module.eks_primary.module.eks.module.eks_managed_node_group.aws_launch_template.this",
            "module.eks_primary.module.eks.module.eks_managed_node_group.aws_placement_group.this",
            "module.eks_primary.module.eks.module.eks_managed_node_group.data.aws_caller_identity.current",
            "module.eks_primary.module.eks.module.eks_managed_node_group.data.aws_ec2_instance_type.this",
            "module.eks_primary.module.eks.module.eks_managed_node_group.data.aws_ec2_instance_type_offerings.this",
            "module.eks_primary.module.eks.module.eks_managed_node_group.data.aws_iam_policy_document.assume_role_policy",
            "module.eks_primary.module.eks.module.eks_managed_node_group.data.aws_partition.current",
            "module.eks_primary.module.eks.module.eks_managed_node_group.data.aws_ssm_parameter.ami",
            "module.eks_primary.module.eks.module.eks_managed_node_group.data.aws_subnets.placement_group",
            "module.eks_primary.module.eks.module.eks_managed_node_group.module.user_data.data.cloudinit_config.al2023_eks_managed_node_group",
            "module.eks_primary.module.eks.module.eks_managed_node_group.module.user_data.data.cloudinit_config.linux_eks_managed_node_group",
            "module.eks_primary.module.eks.module.kms.aws_kms_external_key.this",
            "module.eks_primary.module.eks.module.kms.aws_kms_key.this",
            "module.eks_primary.module.eks.module.kms.aws_kms_replica_external_key.this",
            "module.eks_primary.module.eks.module.kms.aws_kms_replica_key.this",
            "module.eks_primary.module.eks.module.kms.data.aws_caller_identity.current",
            "module.eks_primary.module.eks.module.kms.data.aws_iam_policy_document.this",
            "module.eks_primary.module.eks.module.kms.data.aws_partition.current",
            "module.eks_primary.module.eks.time_sleep.this",
            "module.vpc_primary.data.aws_availability_zones.available",
            "module.vpc_primary.module.vpc.aws_subnet.private",
            "module.vpc_primary.module.vpc.aws_vpc.this",
            "module.vpc_primary.module.vpc.aws_vpc_ipv4_cidr_block_association.this"
          ],
          "create_before_destroy": true
        }
      ]
    },
    {
      "module": "module.eks_primary.module.eks.module.eks_managed_node_group[\"spot_nodes\"]",
      "mode": "managed",
      "type": "aws_iam_role",
      "name": "this",
      "provider": "provider[\"registry.terraform.io/hashicorp/aws\"].primary",
      "instances": [
        {
          "index_key": 0,
          "schema_version": 0,
          "attributes": {
            "arn": "arn:aws:iam::643942183295:role/spot_nodes-eks-node-group-20260602122648325900000004",
            "assume_role_policy": "{\"Statement\":[{\"Action\":\"sts:AssumeRole\",\"Effect\":\"Allow\",\"Principal\":{\"Service\":\"ec2.amazonaws.com\"},\"Sid\":\"EKSNodeAssumeRole\"}],\"Version\":\"2012-10-17\"}",
            "create_date": "2026-06-02T12:26:48Z",
            "description": "EKS managed node group IAM role",
            "force_detach_policies": true,
            "id": "spot_nodes-eks-node-group-20260602122648325900000004",
            "inline_policy": [],
            "managed_policy_arns": [],
            "max_session_duration": 3600,
            "name": "spot_nodes-eks-node-group-20260602122648325900000004",
            "name_prefix": "spot_nodes-eks-node-group-",
            "path": "/",
            "permissions_boundary": "",
            "tags": null,
            "tags_all": {},
            "unique_id": "AROAZL3PR6F7SGCWDWIPX"
          },
          "sensitive_attributes": [],
          "identity_schema_version": 0,
          "private": "bnVsbA==",
          "dependencies": [
            "module.eks_primary.module.eks.module.eks_managed_node_group.data.aws_iam_policy_document.assume_role_policy"
          ],
          "create_before_destroy": true
        }
      ]
    },
    {
      "module": "module.eks_primary.module.eks.module.eks_managed_node_group[\"spot_nodes\"]",
      "mode": "managed",
      "type": "aws_iam_role_policy_attachment",
      "name": "additional",
      "provider": "provider[\"registry.terraform.io/hashicorp/aws\"].primary",
      "instances": [
        {
          "index_key": "AdministratorAccess",
          "schema_version": 0,
          "attributes": {
            "id": "spot_nodes-eks-node-group-20260602122648325900000004-20260602122650663200000006",
            "policy_arn": "arn:aws:iam::aws:policy/AdministratorAccess",
            "role": "spot_nodes-eks-node-group-20260602122648325900000004"
          },
          "sensitive_attributes": [],
          "identity_schema_version": 0,
          "private": "bnVsbA==",
          "dependencies": [
            "module.eks_primary.module.eks.module.eks_managed_node_group.aws_iam_role.this",
            "module.eks_primary.module.eks.module.eks_managed_node_group.data.aws_iam_policy_document.assume_role_policy"
          ],
          "create_before_destroy": true
        }
      ]
    },
    {
      "module": "module.eks_primary.module.eks.module.eks_managed_node_group[\"spot_nodes\"]",
      "mode": "managed",
      "type": "aws_iam_role_policy_attachment",
      "name": "this",
      "provider": "provider[\"registry.terraform.io/hashicorp/aws\"].primary",
      "instances": [
        {
          "index_key": "AmazonEC2ContainerRegistryReadOnly",
          "schema_version": 0,
          "attributes": {
            "id": "spot_nodes-eks-node-group-20260602122648325900000004-20260602122650999700000008",
            "policy_arn": "arn:aws:iam::aws:policy/AmazonEC2ContainerRegistryReadOnly",
            "role": "spot_nodes-eks-node-group-20260602122648325900000004"
          },
          "sensitive_attributes": [],
          "identity_schema_version": 0,
          "private": "bnVsbA==",
          "dependencies": [
            "module.eks_primary.module.eks.module.eks_managed_node_group.aws_iam_role.this",
            "module.eks_primary.module.eks.module.eks_managed_node_group.data.aws_caller_identity.current",
            "module.eks_primary.module.eks.module.eks_managed_node_group.data.aws_iam_policy_document.assume_role_policy",
            "module.eks_primary.module.eks.module.eks_managed_node_group.data.aws_partition.current"
          ],
          "create_before_destroy": true
        },
        {
          "index_key": "AmazonEKSWorkerNodePolicy",
          "schema_version": 0,
          "attributes": {
            "id": "spot_nodes-eks-node-group-20260602122648325900000004-20260602122651040900000009",
            "policy_arn": "arn:aws:iam::aws:policy/AmazonEKSWorkerNodePolicy",
            "role": "spot_nodes-eks-node-group-20260602122648325900000004"
          },
          "sensitive_attributes": [],
          "identity_schema_version": 0,
          "private": "bnVsbA==",
          "dependencies": [
            "module.eks_primary.module.eks.module.eks_managed_node_group.aws_iam_role.this",
            "module.eks_primary.module.eks.module.eks_managed_node_group.data.aws_caller_identity.current",
            "module.eks_primary.module.eks.module.eks_managed_node_group.data.aws_iam_policy_document.assume_role_policy",
            "module.eks_primary.module.eks.module.eks_managed_node_group.data.aws_partition.current"
          ],
          "create_before_destroy": true
        },
        {
          "index_key": "AmazonEKS_CNI_Policy",
          "schema_version": 0,
          "attributes": {
            "id": "spot_nodes-eks-node-group-20260602122648325900000004-20260602122650760700000007",
            "policy_arn": "arn:aws:iam::aws:policy/AmazonEKS_CNI_Policy",
            "role": "spot_nodes-eks-node-group-20260602122648325900000004"
          },
          "sensitive_attributes": [],
          "identity_schema_version": 0,
          "private": "bnVsbA==",
          "dependencies": [
            "module.eks_primary.module.eks.module.eks_managed_node_group.aws_iam_role.this",
            "module.eks_primary.module.eks.module.eks_managed_node_group.data.aws_caller_identity.current",
            "module.eks_primary.module.eks.module.eks_managed_node_group.data.aws_iam_policy_document.assume_role_policy",
            "module.eks_primary.module.eks.module.eks_managed_node_group.data.aws_partition.current"
          ],
          "create_before_destroy": true
        }
      ]
    },
    {
      "module": "module.eks_primary.module.eks.module.eks_managed_node_group[\"spot_nodes\"]",
      "mode": "managed",
      "type": "aws_launch_template",
      "name": "this",
      "provider": "provider[\"registry.terraform.io/hashicorp/aws\"].primary",
      "instances": [
        {
          "index_key": 0,
          "schema_version": 0,
          "attributes": {
            "arn": "arn:aws:ec2:us-east-1:643942183295:launch-template/lt-0af7667ac04b29e4e",
            "block_device_mappings": [],
            "capacity_reservation_specification": [],
            "cpu_options": [],
            "credit_specification": [],
            "default_version": 1,
            "description": "Custom launch template for spot_nodes EKS managed node group",
            "disable_api_stop": false,
            "disable_api_termination": false,
            "ebs_optimized": "",
            "elastic_gpu_specifications": [],
            "elastic_inference_accelerator": [],
            "enclave_options": [],
            "hibernation_options": [],
            "iam_instance_profile": [],
            "id": "lt-0af7667ac04b29e4e",
            "image_id": "",
            "instance_initiated_shutdown_behavior": "",
            "instance_market_options": [],
            "instance_requirements": [],
            "instance_type": "",
            "kernel_id": "",
            "key_name": "",
            "latest_version": 1,
            "license_specification": [],
            "maintenance_options": [],
            "metadata_options": [
              {
                "http_endpoint": "enabled",
                "http_protocol_ipv6": "",
                "http_put_response_hop_limit": 2,
                "http_tokens": "required",
                "instance_metadata_tags": ""
              }
            ],
            "monitoring": [
              {
                "enabled": true
              }
            ],
            "name": "spot_nodes-20260602123727844400000016",
            "name_prefix": "spot_nodes-",
            "network_interfaces": [],
            "placement": [],
            "private_dns_name_options": [],
            "ram_disk_id": "",
            "security_group_names": null,
            "tag_specifications": [
              {
                "resource_type": "instance",
                "tags": {
                  "Name": "spot_nodes"
                }
              },
              {
                "resource_type": "network-interface",
                "tags": {
                  "Name": "spot_nodes"
                }
              },
              {
                "resource_type": "volume",
                "tags": {
                  "Name": "spot_nodes"
                }
              }
            ],
            "tags": null,
            "tags_all": {},
            "update_default_version": true,
            "user_data": "",
            "vpc_security_group_ids": [
              "sg-0cfa776af263aeb61"
            ]
          },
          "sensitive_attributes": [],
          "identity_schema_version": 0,
          "private": "bnVsbA==",
          "dependencies": [
            "module.eks_primary.module.eks.aws_cloudwatch_log_group.this",
            "module.eks_primary.module.eks.aws_eks_cluster.this",
            "module.eks_primary.module.eks.aws_iam_policy.cni_ipv6_policy",
            "module.eks_primary.module.eks.aws_iam_role.eks_auto",
            "module.eks_primary.module.eks.aws_iam_role.this",
            "module.eks_primary.module.eks.aws_iam_role_policy_attachment.this",
            "module.eks_primary.module.eks.aws_security_group.cluster",
            "module.eks_primary.module.eks.aws_security_group.node",
            "module.eks_primary.module.eks.aws_security_group_rule.cluster",
            "module.eks_primary.module.eks.aws_security_group_rule.node",
            "module.eks_primary.module.eks.data.aws_caller_identity.current",
            "module.eks_primary.module.eks.data.aws_iam_policy_document.assume_role_policy",
            "module.eks_primary.module.eks.data.aws_iam_policy_document.cni_ipv6_policy",
            "module.eks_primary.module.eks.data.aws_iam_policy_document.node_assume_role_policy",
            "module.eks_primary.module.eks.data.aws_iam_session_context.current",
            "module.eks_primary.module.eks.data.aws_partition.current",
            "module.eks_primary.module.eks.module.eks_managed_node_group.aws_iam_role.this",
            "module.eks_primary.module.eks.module.eks_managed_node_group.aws_iam_role_policy_attachment.additional",
            "module.eks_primary.module.eks.module.eks_managed_node_group.aws_iam_role_policy_attachment.this",
            "module.eks_primary.module.eks.module.eks_managed_node_group.aws_placement_group.this",
            "module.eks_primary.module.eks.module.eks_managed_node_group.data.aws_caller_identity.current",
            "module.eks_primary.module.eks.module.eks_managed_node_group.data.aws_ec2_instance_type.this",
            "module.eks_primary.module.eks.module.eks_managed_node_group.data.aws_iam_policy_document.assume_role_policy",
            "module.eks_primary.module.eks.module.eks_managed_node_group.data.aws_partition.current",
            "module.eks_primary.module.eks.module.eks_managed_node_group.module.user_data.data.cloudinit_config.al2023_eks_managed_node_group",
            "module.eks_primary.module.eks.module.eks_managed_node_group.module.user_data.data.cloudinit_config.linux_eks_managed_node_group",
            "module.eks_primary.module.eks.module.kms.aws_kms_external_key.this",
            "module.eks_primary.module.eks.module.kms.aws_kms_key.this",
            "module.eks_primary.module.eks.module.kms.aws_kms_replica_external_key.this",
            "module.eks_primary.module.eks.module.kms.aws_kms_replica_key.this",
            "module.eks_primary.module.eks.module.kms.data.aws_caller_identity.current",
            "module.eks_primary.module.eks.module.kms.data.aws_iam_policy_document.this",
            "module.eks_primary.module.eks.module.kms.data.aws_partition.current",
            "module.eks_primary.module.eks.time_sleep.this",
            "module.vpc_primary.data.aws_availability_zones.available",
            "module.vpc_primary.module.vpc.aws_subnet.private",
            "module.vpc_primary.module.vpc.aws_vpc.this",
            "module.vpc_primary.module.vpc.aws_vpc_ipv4_cidr_block_association.this"
          ],
          "create_before_destroy": true
        }
      ]
    },
    {
      "module": "module.eks_primary.module.eks.module.eks_managed_node_group[\"spot_nodes\"].module.user_data",
      "mode": "managed",
      "type": "null_resource",
      "name": "validate_cluster_service_cidr",
      "provider": "provider[\"registry.terraform.io/hashicorp/null\"]",
      "instances": [
        {
          "schema_version": 0,
          "attributes": {
            "id": "2398168705694031819",
            "triggers": null
          },
          "sensitive_attributes": [],
          "identity_schema_version": 0,
          "dependencies": [
            "module.eks_primary.module.eks.aws_cloudwatch_log_group.this",
            "module.eks_primary.module.eks.aws_eks_cluster.this",
            "module.eks_primary.module.eks.aws_iam_policy.cni_ipv6_policy",
            "module.eks_primary.module.eks.aws_iam_role.eks_auto",
            "module.eks_primary.module.eks.aws_iam_role.this",
            "module.eks_primary.module.eks.aws_iam_role_policy_attachment.this",
            "module.eks_primary.module.eks.aws_security_group.cluster",
            "module.eks_primary.module.eks.aws_security_group.node",
            "module.eks_primary.module.eks.aws_security_group_rule.cluster",
            "module.eks_primary.module.eks.aws_security_group_rule.node",
            "module.eks_primary.module.eks.data.aws_caller_identity.current",
            "module.eks_primary.module.eks.data.aws_iam_policy_document.assume_role_policy",
            "module.eks_primary.module.eks.data.aws_iam_policy_document.cni_ipv6_policy",
            "module.eks_primary.module.eks.data.aws_iam_policy_document.node_assume_role_policy",
            "module.eks_primary.module.eks.data.aws_iam_session_context.current",
            "module.eks_primary.module.eks.data.aws_partition.current",
            "module.eks_primary.module.eks.module.kms.aws_kms_external_key.this",
            "module.eks_primary.module.eks.module.kms.aws_kms_key.this",
            "module.eks_primary.module.eks.module.kms.aws_kms_replica_external_key.this",
            "module.eks_primary.module.eks.module.kms.aws_kms_replica_key.this",
            "module.eks_primary.module.eks.module.kms.data.aws_caller_identity.current",
            "module.eks_primary.module.eks.module.kms.data.aws_iam_policy_document.this",
            "module.eks_primary.module.eks.module.kms.data.aws_partition.current",
            "module.eks_primary.module.eks.time_sleep.this",
            "module.vpc_primary.data.aws_availability_zones.available",
            "module.vpc_primary.module.vpc.aws_subnet.private",
            "module.vpc_primary.module.vpc.aws_vpc.this",
            "module.vpc_primary.module.vpc.aws_vpc_ipv4_cidr_block_association.this"
          ]
        }
      ]
    },
    {
      "module": "module.eks_primary.module.eks.module.kms",
      "mode": "data",
      "type": "aws_caller_identity",
      "name": "current",
      "provider": "provider[\"registry.terraform.io/hashicorp/aws\"].primary",
      "instances": [
        {
          "index_key": 0,
          "schema_version": 0,
          "attributes": {
            "account_id": "643942183295",
            "arn": "arn:aws:iam::643942183295:user/AeroLink-Admin",
            "id": "643942183295",
            "user_id": "AIDAZL3PR6F7VCE32XCQY"
          },
          "sensitive_attributes": [],
          "identity_schema_version": 0
        }
      ]
    },
    {
      "module": "module.eks_primary.module.eks.module.kms",
      "mode": "data",
      "type": "aws_iam_policy_document",
      "name": "this",
      "provider": "provider[\"registry.terraform.io/hashicorp/aws\"].primary",
      "instances": [
        {
          "index_key": 0,
          "schema_version": 0,
          "attributes": {
            "id": "3848643975",
            "json": "{\n  \"Version\": \"2012-10-17\",\n  \"Statement\": [\n    {\n      \"Sid\": \"Default\",\n      \"Effect\": \"Allow\",\n      \"Action\": \"kms:*\",\n      \"Resource\": \"*\",\n      \"Principal\": {\n        \"AWS\": \"arn:aws:iam::643942183295:root\"\n      }\n    },\n    {\n      \"Sid\": \"KeyAdministration\",\n      \"Effect\": \"Allow\",\n      \"Action\": [\n        \"kms:Update*\",\n        \"kms:UntagResource\",\n        \"kms:TagResource\",\n        \"kms:ScheduleKeyDeletion\",\n        \"kms:Revoke*\",\n        \"kms:ReplicateKey\",\n        \"kms:Put*\",\n        \"kms:List*\",\n        \"kms:ImportKeyMaterial\",\n        \"kms:Get*\",\n        \"kms:Enable*\",\n        \"kms:Disable*\",\n        \"kms:Describe*\",\n        \"kms:Delete*\",\n        \"kms:Create*\",\n        \"kms:CancelKeyDeletion\"\n      ],\n      \"Resource\": \"*\",\n      \"Principal\": {\n        \"AWS\": \"arn:aws:iam::643942183295:user/AeroLink-Admin\"\n      }\n    },\n    {\n      \"Sid\": \"KeyUsage\",\n      \"Effect\": \"Allow\",\n      \"Action\": [\n        \"kms:ReEncrypt*\",\n        \"kms:GenerateDataKey*\",\n        \"kms:Encrypt\",\n        \"kms:DescribeKey\",\n        \"kms:Decrypt\"\n      ],\n      \"Resource\": \"*\",\n      \"Principal\": {\n        \"AWS\": \"arn:aws:iam::643942183295:role/aerolink-dev-primary-cluster-cluster\"\n      }\n    }\n  ]\n}",
            "minified_json": "{\"Version\":\"2012-10-17\",\"Statement\":[{\"Sid\":\"Default\",\"Effect\":\"Allow\",\"Action\":\"kms:*\",\"Resource\":\"*\",\"Principal\":{\"AWS\":\"arn:aws:iam::643942183295:root\"}},{\"Sid\":\"KeyAdministration\",\"Effect\":\"Allow\",\"Action\":[\"kms:Update*\",\"kms:UntagResource\",\"kms:TagResource\",\"kms:ScheduleKeyDeletion\",\"kms:Revoke*\",\"kms:ReplicateKey\",\"kms:Put*\",\"kms:List*\",\"kms:ImportKeyMaterial\",\"kms:Get*\",\"kms:Enable*\",\"kms:Disable*\",\"kms:Describe*\",\"kms:Delete*\",\"kms:Create*\",\"kms:CancelKeyDeletion\"],\"Resource\":\"*\",\"Principal\":{\"AWS\":\"arn:aws:iam::643942183295:user/AeroLink-Admin\"}},{\"Sid\":\"KeyUsage\",\"Effect\":\"Allow\",\"Action\":[\"kms:ReEncrypt*\",\"kms:GenerateDataKey*\",\"kms:Encrypt\",\"kms:DescribeKey\",\"kms:Decrypt\"],\"Resource\":\"*\",\"Principal\":{\"AWS\":\"arn:aws:iam::643942183295:role/aerolink-dev-primary-cluster-cluster\"}}]}",
            "override_json": null,
            "override_policy_documents": null,
            "policy_id": null,
            "source_json": null,
            "source_policy_documents": null,
            "statement": [
              {
                "actions": [
                  "kms:*"
                ],
                "condition": [],
                "effect": "Allow",
                "not_actions": [],
                "not_principals": [],
                "not_resources": [],
                "principals": [
                  {
                    "identifiers": [
                      "arn:aws:iam::643942183295:root"
                    ],
                    "type": "AWS"
                  }
                ],
                "resources": [
                  "*"
                ],
                "sid": "Default"
              },
              {
                "actions": [
                  "kms:CancelKeyDeletion",
                  "kms:Create*",
                  "kms:Delete*",
                  "kms:Describe*",
                  "kms:Disable*",
                  "kms:Enable*",
                  "kms:Get*",
                  "kms:ImportKeyMaterial",
                  "kms:List*",
                  "kms:Put*",
                  "kms:ReplicateKey",
                  "kms:Revoke*",
                  "kms:ScheduleKeyDeletion",
                  "kms:TagResource",
                  "kms:UntagResource",
                  "kms:Update*"
                ],
                "condition": [],
                "effect": "Allow",
                "not_actions": [],
                "not_principals": [],
                "not_resources": [],
                "principals": [
                  {
                    "identifiers": [
                      "arn:aws:iam::643942183295:user/AeroLink-Admin"
                    ],
                    "type": "AWS"
                  }
                ],
                "resources": [
                  "*"
                ],
                "sid": "KeyAdministration"
              },
              {
                "actions": [
                  "kms:Decrypt",
                  "kms:DescribeKey",
                  "kms:Encrypt",
                  "kms:GenerateDataKey*",
                  "kms:ReEncrypt*"
                ],
                "condition": [],
                "effect": "Allow",
                "not_actions": [],
                "not_principals": [],
                "not_resources": [],
                "principals": [
                  {
                    "identifiers": [
                      "arn:aws:iam::643942183295:role/aerolink-dev-primary-cluster-cluster"
                    ],
                    "type": "AWS"
                  }
                ],
                "resources": [
                  "*"
                ],
                "sid": "KeyUsage"
              }
            ],
            "version": "2012-10-17"
          },
          "sensitive_attributes": [],
          "identity_schema_version": 0
        }
      ]
    },
    {
      "module": "module.eks_primary.module.eks.module.kms",
      "mode": "data",
      "type": "aws_partition",
      "name": "current",
      "provider": "provider[\"registry.terraform.io/hashicorp/aws\"].primary",
      "instances": [
        {
          "index_key": 0,
          "schema_version": 0,
          "attributes": {
            "dns_suffix": "amazonaws.com",
            "id": "aws",
            "partition": "aws",
            "reverse_dns_prefix": "com.amazonaws"
          },
          "sensitive_attributes": [],
          "identity_schema_version": 0
        }
      ]
    },
    {
      "module": "module.eks_primary.module.eks.module.kms",
      "mode": "managed",
      "type": "aws_kms_alias",
      "name": "this",
      "provider": "provider[\"registry.terraform.io/hashicorp/aws\"].primary",
      "instances": [
        {
          "index_key": "cluster",
          "schema_version": 0,
          "attributes": {
            "arn": "arn:aws:kms:us-east-1:643942183295:alias/eks/aerolink-dev-primary-cluster",
            "id": "alias/eks/aerolink-dev-primary-cluster",
            "name": "alias/eks/aerolink-dev-primary-cluster",
            "name_prefix": "",
            "target_key_arn": "arn:aws:kms:us-east-1:643942183295:key/0755386c-dbf0-4d38-aae1-1d784e21bf37",
            "target_key_id": "0755386c-dbf0-4d38-aae1-1d784e21bf37"
          },
          "sensitive_attributes": [],
          "identity_schema_version": 0,
          "private": "bnVsbA==",
          "dependencies": [
            "module.eks_primary.module.eks.aws_iam_role.this",
            "module.eks_primary.module.eks.data.aws_caller_identity.current",
            "module.eks_primary.module.eks.data.aws_iam_policy_document.assume_role_policy",
            "module.eks_primary.module.eks.data.aws_iam_session_context.current",
            "module.eks_primary.module.eks.module.kms.aws_kms_external_key.this",
            "module.eks_primary.module.eks.module.kms.aws_kms_key.this",
            "module.eks_primary.module.eks.module.kms.aws_kms_replica_external_key.this",
            "module.eks_primary.module.eks.module.kms.aws_kms_replica_key.this",
            "module.eks_primary.module.eks.module.kms.data.aws_caller_identity.current",
            "module.eks_primary.module.eks.module.kms.data.aws_iam_policy_document.this",
            "module.eks_primary.module.eks.module.kms.data.aws_partition.current"
          ]
        }
      ]
    },
    {
      "module": "module.eks_primary.module.eks.module.kms",
      "mode": "managed",
      "type": "aws_kms_key",
      "name": "this",
      "provider": "provider[\"registry.terraform.io/hashicorp/aws\"].primary",
      "instances": [
        {
          "index_key": 0,
          "schema_version": 0,
          "attributes": {
            "arn": "arn:aws:kms:us-east-1:643942183295:key/0755386c-dbf0-4d38-aae1-1d784e21bf37",
            "bypass_policy_lockout_safety_check": false,
            "custom_key_store_id": "",
            "customer_master_key_spec": "SYMMETRIC_DEFAULT",
            "deletion_window_in_days": null,
            "description": "aerolink-dev-primary-cluster cluster encryption key",
            "enable_key_rotation": true,
            "id": "0755386c-dbf0-4d38-aae1-1d784e21bf37",
            "is_enabled": true,
            "key_id": "0755386c-dbf0-4d38-aae1-1d784e21bf37",
            "key_usage": "ENCRYPT_DECRYPT",
            "multi_region": false,
            "policy": "{\"Statement\":[{\"Action\":\"kms:*\",\"Effect\":\"Allow\",\"Principal\":{\"AWS\":\"arn:aws:iam::643942183295:root\"},\"Resource\":\"*\",\"Sid\":\"Default\"},{\"Action\":[\"kms:Update*\",\"kms:UntagResource\",\"kms:TagResource\",\"kms:ScheduleKeyDeletion\",\"kms:Revoke*\",\"kms:ReplicateKey\",\"kms:Put*\",\"kms:List*\",\"kms:ImportKeyMaterial\",\"kms:Get*\",\"kms:Enable*\",\"kms:Disable*\",\"kms:Describe*\",\"kms:Delete*\",\"kms:Create*\",\"kms:CancelKeyDeletion\"],\"Effect\":\"Allow\",\"Principal\":{\"AWS\":\"arn:aws:iam::643942183295:user/AeroLink-Admin\"},\"Resource\":\"*\",\"Sid\":\"KeyAdministration\"},{\"Action\":[\"kms:ReEncrypt*\",\"kms:GenerateDataKey*\",\"kms:Encrypt\",\"kms:DescribeKey\",\"kms:Decrypt\"],\"Effect\":\"Allow\",\"Principal\":{\"AWS\":\"arn:aws:iam::643942183295:role/aerolink-dev-primary-cluster-cluster\"},\"Resource\":\"*\",\"Sid\":\"KeyUsage\"}],\"Version\":\"2012-10-17\"}",
            "rotation_period_in_days": 365,
            "tags": {
              "terraform-aws-modules": "eks"
            },
            "tags_all": {
              "terraform-aws-modules": "eks"
            },
            "timeouts": null,
            "xks_key_id": ""
          },
          "sensitive_attributes": [],
          "identity_schema_version": 0,
          "private": "eyJlMmJmYjczMC1lY2FhLTExZTYtOGY4OC0zNDM2M2JjN2M0YzAiOnsiY3JlYXRlIjoxMjAwMDAwMDAwMDB9fQ==",
          "dependencies": [
            "module.eks_primary.module.eks.aws_iam_role.this",
            "module.eks_primary.module.eks.data.aws_caller_identity.current",
            "module.eks_primary.module.eks.data.aws_iam_policy_document.assume_role_policy",
            "module.eks_primary.module.eks.data.aws_iam_session_context.current",
            "module.eks_primary.module.eks.module.kms.data.aws_caller_identity.current",
            "module.eks_primary.module.eks.module.kms.data.aws_iam_policy_document.this",
            "module.eks_primary.module.eks.module.kms.data.aws_partition.current"
          ],
          "create_before_destroy": true
        }
      ]
    },
    {
      "module": "module.eks_secondary.module.eks",
      "mode": "data",
      "type": "aws_caller_identity",
      "name": "current",
      "provider": "provider[\"registry.terraform.io/hashicorp/aws\"].secondary",
      "instances": [
        {
          "index_key": 0,
          "schema_version": 0,
          "attributes": {
            "account_id": "643942183295",
            "arn": "arn:aws:iam::643942183295:user/AeroLink-Admin",
            "id": "643942183295",
            "user_id": "AIDAZL3PR6F7VCE32XCQY"
          },
          "sensitive_attributes": [],
          "identity_schema_version": 0
        }
      ]
    },
    {
      "module": "module.eks_secondary.module.eks",
      "mode": "data",
      "type": "aws_iam_policy_document",
      "name": "assume_role_policy",
      "provider": "provider[\"registry.terraform.io/hashicorp/aws\"].secondary",
      "instances": [
        {
          "index_key": 0,
          "schema_version": 0,
          "attributes": {
            "id": "2830595799",
            "json": "{\n  \"Version\": \"2012-10-17\",\n  \"Statement\": [\n    {\n      \"Sid\": \"EKSClusterAssumeRole\",\n      \"Effect\": \"Allow\",\n      \"Action\": [\n        \"sts:TagSession\",\n        \"sts:AssumeRole\"\n      ],\n      \"Principal\": {\n        \"Service\": \"eks.amazonaws.com\"\n      }\n    }\n  ]\n}",
            "minified_json": "{\"Version\":\"2012-10-17\",\"Statement\":[{\"Sid\":\"EKSClusterAssumeRole\",\"Effect\":\"Allow\",\"Action\":[\"sts:TagSession\",\"sts:AssumeRole\"],\"Principal\":{\"Service\":\"eks.amazonaws.com\"}}]}",
            "override_json": null,
            "override_policy_documents": null,
            "policy_id": null,
            "source_json": null,
            "source_policy_documents": null,
            "statement": [
              {
                "actions": [
                  "sts:AssumeRole",
                  "sts:TagSession"
                ],
                "condition": [],
                "effect": "Allow",
                "not_actions": [],
                "not_principals": [],
                "not_resources": [],
                "principals": [
                  {
                    "identifiers": [
                      "eks.amazonaws.com"
                    ],
                    "type": "Service"
                  }
                ],
                "resources": [],
                "sid": "EKSClusterAssumeRole"
              }
            ],
            "version": "2012-10-17"
          },
          "sensitive_attributes": [],
          "identity_schema_version": 0
        }
      ]
    },
    {
      "module": "module.eks_secondary.module.eks",
      "mode": "data",
      "type": "aws_iam_policy_document",
      "name": "custom",
      "provider": "provider[\"registry.terraform.io/hashicorp/aws\"].secondary",
      "instances": [
        {
          "index_key": 0,
          "schema_version": 0,
          "attributes": {
            "id": "513122117",
            "json": "{\n  \"Version\": \"2012-10-17\",\n  \"Statement\": [\n    {\n      \"Sid\": \"Compute\",\n      \"Effect\": \"Allow\",\n      \"Action\": [\n        \"ec2:RunInstances\",\n        \"ec2:CreateLaunchTemplate\",\n        \"ec2:CreateFleet\"\n      ],\n      \"Resource\": \"*\",\n      \"Condition\": {\n        \"StringEquals\": {\n          \"aws:RequestTag/eks:eks-cluster-name\": \"${aws:PrincipalTag/eks:eks-cluster-name}\"\n        },\n        \"StringLike\": {\n          \"aws:RequestTag/eks:kubernetes-node-class-name\": \"*\",\n          \"aws:RequestTag/eks:kubernetes-node-pool-name\": \"*\"\n        }\n      }\n    },\n    {\n      \"Sid\": \"Storage\",\n      \"Effect\": \"Allow\",\n      \"Action\": [\n        \"ec2:CreateVolume\",\n        \"ec2:CreateSnapshot\"\n      ],\n      \"Resource\": [\n        \"arn:aws:ec2:*:*:volume/*\",\n        \"arn:aws:ec2:*:*:snapshot/*\"\n      ],\n      \"Condition\": {\n        \"StringEquals\": {\n          \"aws:RequestTag/eks:eks-cluster-name\": \"${aws:PrincipalTag/eks:eks-cluster-name}\"\n        }\n      }\n    },\n    {\n      \"Sid\": \"Networking\",\n      \"Effect\": \"Allow\",\n      \"Action\": \"ec2:CreateNetworkInterface\",\n      \"Resource\": \"*\",\n      \"Condition\": {\n        \"StringEquals\": {\n          \"aws:RequestTag/eks:eks-cluster-name\": \"${aws:PrincipalTag/eks:eks-cluster-name}\",\n          \"aws:RequestTag/eks:kubernetes-cni-node-name\": \"*\"\n        }\n      }\n    },\n    {\n      \"Sid\": \"LoadBalancer\",\n      \"Effect\": \"Allow\",\n      \"Action\": [\n        \"elasticloadbalancing:CreateTargetGroup\",\n        \"elasticloadbalancing:CreateRule\",\n        \"elasticloadbalancing:CreateLoadBalancer\",\n        \"elasticloadbalancing:CreateListener\",\n        \"ec2:CreateSecurityGroup\"\n      ],\n      \"Resource\": \"*\",\n      \"Condition\": {\n        \"StringEquals\": {\n          \"aws:RequestTag/eks:eks-cluster-name\": \"${aws:PrincipalTag/eks:eks-cluster-name}\"\n        }\n      }\n    },\n    {\n      \"Sid\": \"ShieldProtection\",\n      \"Effect\": \"Allow\",\n      \"Action\": \"shield:CreateProtection\",\n      \"Resource\": \"*\",\n      \"Condition\": {\n        \"StringEquals\": {\n          \"aws:RequestTag/eks:eks-cluster-name\": \"${aws:PrincipalTag/eks:eks-cluster-name}\"\n        }\n      }\n    },\n    {\n      \"Sid\": \"ShieldTagResource\",\n      \"Effect\": \"Allow\",\n      \"Action\": \"shield:TagResource\",\n      \"Resource\": \"arn:aws:shield::*:protection/*\",\n      \"Condition\": {\n        \"StringEquals\": {\n          \"aws:RequestTag/eks:eks-cluster-name\": \"${aws:PrincipalTag/eks:eks-cluster-name}\"\n        }\n      }\n    }\n  ]\n}",
            "minified_json": "{\"Version\":\"2012-10-17\",\"Statement\":[{\"Sid\":\"Compute\",\"Effect\":\"Allow\",\"Action\":[\"ec2:RunInstances\",\"ec2:CreateLaunchTemplate\",\"ec2:CreateFleet\"],\"Resource\":\"*\",\"Condition\":{\"StringEquals\":{\"aws:RequestTag/eks:eks-cluster-name\":\"${aws:PrincipalTag/eks:eks-cluster-name}\"},\"StringLike\":{\"aws:RequestTag/eks:kubernetes-node-class-name\":\"*\",\"aws:RequestTag/eks:kubernetes-node-pool-name\":\"*\"}}},{\"Sid\":\"Storage\",\"Effect\":\"Allow\",\"Action\":[\"ec2:CreateVolume\",\"ec2:CreateSnapshot\"],\"Resource\":[\"arn:aws:ec2:*:*:volume/*\",\"arn:aws:ec2:*:*:snapshot/*\"],\"Condition\":{\"StringEquals\":{\"aws:RequestTag/eks:eks-cluster-name\":\"${aws:PrincipalTag/eks:eks-cluster-name}\"}}},{\"Sid\":\"Networking\",\"Effect\":\"Allow\",\"Action\":\"ec2:CreateNetworkInterface\",\"Resource\":\"*\",\"Condition\":{\"StringEquals\":{\"aws:RequestTag/eks:eks-cluster-name\":\"${aws:PrincipalTag/eks:eks-cluster-name}\",\"aws:RequestTag/eks:kubernetes-cni-node-name\":\"*\"}}},{\"Sid\":\"LoadBalancer\",\"Effect\":\"Allow\",\"Action\":[\"elasticloadbalancing:CreateTargetGroup\",\"elasticloadbalancing:CreateRule\",\"elasticloadbalancing:CreateLoadBalancer\",\"elasticloadbalancing:CreateListener\",\"ec2:CreateSecurityGroup\"],\"Resource\":\"*\",\"Condition\":{\"StringEquals\":{\"aws:RequestTag/eks:eks-cluster-name\":\"${aws:PrincipalTag/eks:eks-cluster-name}\"}}},{\"Sid\":\"ShieldProtection\",\"Effect\":\"Allow\",\"Action\":\"shield:CreateProtection\",\"Resource\":\"*\",\"Condition\":{\"StringEquals\":{\"aws:RequestTag/eks:eks-cluster-name\":\"${aws:PrincipalTag/eks:eks-cluster-name}\"}}},{\"Sid\":\"ShieldTagResource\",\"Effect\":\"Allow\",\"Action\":\"shield:TagResource\",\"Resource\":\"arn:aws:shield::*:protection/*\",\"Condition\":{\"StringEquals\":{\"aws:RequestTag/eks:eks-cluster-name\":\"${aws:PrincipalTag/eks:eks-cluster-name}\"}}}]}",
            "override_json": null,
            "override_policy_documents": null,
            "policy_id": null,
            "source_json": null,
            "source_policy_documents": null,
            "statement": [
              {
                "actions": [
                  "ec2:CreateFleet",
                  "ec2:CreateLaunchTemplate",
                  "ec2:RunInstances"
                ],
                "condition": [
                  {
                    "test": "StringEquals",
                    "values": [
                      "${aws:PrincipalTag/eks:eks-cluster-name}"
                    ],
                    "variable": "aws:RequestTag/eks:eks-cluster-name"
                  },
                  {
                    "test": "StringLike",
                    "values": [
                      "*"
                    ],
                    "variable": "aws:RequestTag/eks:kubernetes-node-class-name"
                  },
                  {
                    "test": "StringLike",
                    "values": [
                      "*"
                    ],
                    "variable": "aws:RequestTag/eks:kubernetes-node-pool-name"
                  }
                ],
                "effect": "Allow",
                "not_actions": [],
                "not_principals": [],
                "not_resources": [],
                "principals": [],
                "resources": [
                  "*"
                ],
                "sid": "Compute"
              },
              {
                "actions": [
                  "ec2:CreateSnapshot",
                  "ec2:CreateVolume"
                ],
                "condition": [
                  {
                    "test": "StringEquals",
                    "values": [
                      "${aws:PrincipalTag/eks:eks-cluster-name}"
                    ],
                    "variable": "aws:RequestTag/eks:eks-cluster-name"
                  }
                ],
                "effect": "Allow",
                "not_actions": [],
                "not_principals": [],
                "not_resources": [],
                "principals": [],
                "resources": [
                  "arn:aws:ec2:*:*:snapshot/*",
                  "arn:aws:ec2:*:*:volume/*"
                ],
                "sid": "Storage"
              },
              {
                "actions": [
                  "ec2:CreateNetworkInterface"
                ],
                "condition": [
                  {
                    "test": "StringEquals",
                    "values": [
                      "${aws:PrincipalTag/eks:eks-cluster-name}"
                    ],
                    "variable": "aws:RequestTag/eks:eks-cluster-name"
                  },
                  {
                    "test": "StringEquals",
                    "values": [
                      "*"
                    ],
                    "variable": "aws:RequestTag/eks:kubernetes-cni-node-name"
                  }
                ],
                "effect": "Allow",
                "not_actions": [],
                "not_principals": [],
                "not_resources": [],
                "principals": [],
                "resources": [
                  "*"
                ],
                "sid": "Networking"
              },
              {
                "actions": [
                  "ec2:CreateSecurityGroup",
                  "elasticloadbalancing:CreateListener",
                  "elasticloadbalancing:CreateLoadBalancer",
                  "elasticloadbalancing:CreateRule",
                  "elasticloadbalancing:CreateTargetGroup"
                ],
                "condition": [
                  {
                    "test": "StringEquals",
                    "values": [
                      "${aws:PrincipalTag/eks:eks-cluster-name}"
                    ],
                    "variable": "aws:RequestTag/eks:eks-cluster-name"
                  }
                ],
                "effect": "Allow",
                "not_actions": [],
                "not_principals": [],
                "not_resources": [],
                "principals": [],
                "resources": [
                  "*"
                ],
                "sid": "LoadBalancer"
              },
              {
                "actions": [
                  "shield:CreateProtection"
                ],
                "condition": [
                  {
                    "test": "StringEquals",
                    "values": [
                      "${aws:PrincipalTag/eks:eks-cluster-name}"
                    ],
                    "variable": "aws:RequestTag/eks:eks-cluster-name"
                  }
                ],
                "effect": "Allow",
                "not_actions": [],
                "not_principals": [],
                "not_resources": [],
                "principals": [],
                "resources": [
                  "*"
                ],
                "sid": "ShieldProtection"
              },
              {
                "actions": [
                  "shield:TagResource"
                ],
                "condition": [
                  {
                    "test": "StringEquals",
                    "values": [
                      "${aws:PrincipalTag/eks:eks-cluster-name}"
                    ],
                    "variable": "aws:RequestTag/eks:eks-cluster-name"
                  }
                ],
                "effect": "Allow",
                "not_actions": [],
                "not_principals": [],
                "not_resources": [],
                "principals": [],
                "resources": [
                  "arn:aws:shield::*:protection/*"
                ],
                "sid": "ShieldTagResource"
              }
            ],
            "version": "2012-10-17"
          },
          "sensitive_attributes": [],
          "identity_schema_version": 0
        }
      ]
    },
    {
      "module": "module.eks_secondary.module.eks",
      "mode": "data",
      "type": "aws_iam_session_context",
      "name": "current",
      "provider": "provider[\"registry.terraform.io/hashicorp/aws\"].secondary",
      "instances": [
        {
          "index_key": 0,
          "schema_version": 0,
          "attributes": {
            "arn": "arn:aws:iam::643942183295:user/AeroLink-Admin",
            "id": "arn:aws:iam::643942183295:user/AeroLink-Admin",
            "issuer_arn": "arn:aws:iam::643942183295:user/AeroLink-Admin",
            "issuer_id": "",
            "issuer_name": "",
            "session_name": ""
          },
          "sensitive_attributes": [],
          "identity_schema_version": 0
        }
      ]
    },
    {
      "module": "module.eks_secondary.module.eks",
      "mode": "data",
      "type": "aws_partition",
      "name": "current",
      "provider": "provider[\"registry.terraform.io/hashicorp/aws\"].secondary",
      "instances": [
        {
          "index_key": 0,
          "schema_version": 0,
          "attributes": {
            "dns_suffix": "amazonaws.com",
            "id": "aws",
            "partition": "aws",
            "reverse_dns_prefix": "com.amazonaws"
          },
          "sensitive_attributes": [],
          "identity_schema_version": 0
        }
      ]
    },
    {
      "module": "module.eks_secondary.module.eks",
      "mode": "data",
      "type": "tls_certificate",
      "name": "this",
      "provider": "provider[\"registry.terraform.io/hashicorp/tls\"]",
      "instances": [
        {
          "index_key": 0,
          "schema_version": 0,
          "attributes": {
            "certificates": [
              {
                "cert_pem": "-----BEGIN CERTIFICATE-----\nMIIEkjCCA3qgAwIBAgITBn+USionzfP6wq4rAfkI7rnExjANBgkqhkiG9w0BAQsF\nADCBmDELMAkGA1UEBhMCVVMxEDAOBgNVBAgTB0FyaXpvbmExEzARBgNVBAcTClNj\nb3R0c2RhbGUxJTAjBgNVBAoTHFN0YXJmaWVsZCBUZWNobm9sb2dpZXMsIEluYy4x\nOzA5BgNVBAMTMlN0YXJmaWVsZCBTZXJ2aWNlcyBSb290IENlcnRpZmljYXRlIEF1\ndGhvcml0eSAtIEcyMB4XDTE1MDUyNTEyMDAwMFoXDTM3MTIzMTAxMDAwMFowOTEL\nMAkGA1UEBhMCVVMxDzANBgNVBAoTBkFtYXpvbjEZMBcGA1UEAxMQQW1hem9uIFJv\nb3QgQ0EgMTCCASIwDQYJKoZIhvcNAQEBBQADggEPADCCAQoCggEBALJ4gHHKeNXj\nca9HgFB0fW7Y14h29Jlo91ghYPl0hAEvrAIthtOgQ3pOsqTQNroBvo3bSMgHFzZM\n9O6II8c+6zf1tRn4SWiw3te5djgdYZ6k/oI2peVKVuRF4fn9tBb6dNqcmzU5L/qw\nIFAGbHrQgLKm+a/sRxmPUDgH3KKHOVj4utWp+UhnMJbulHheb4mjUcAwhmahRWa6\nVOujw5H5SNz/0egwLX0tdHA114gk957EWW67c4cX8jJGKLhD+rcdqsq08p8kDi1L\n93FcXmn/6pUCyziKrlA4b9v7LWIbxcceVOF34GfID5yHI9Y/QCB/IIDEgEw+OyQm\njgSubJrIqg0CAwEAAaOCATEwggEtMA8GA1UdEwEB/wQFMAMBAf8wDgYDVR0PAQH/\nBAQDAgGGMB0GA1UdDgQWBBSEGMyFNOy8DJSULghZnMeyEE4KCDAfBgNVHSMEGDAW\ngBScXwDfqgHXMCs4iKK4bUqc8hGRgzB4BggrBgEFBQcBAQRsMGowLgYIKwYBBQUH\nMAGGImh0dHA6Ly9vY3NwLnJvb3RnMi5hbWF6b250cnVzdC5jb20wOAYIKwYBBQUH\nMAKGLGh0dHA6Ly9jcnQucm9vdGcyLmFtYXpvbnRydXN0LmNvbS9yb290ZzIuY2Vy\nMD0GA1UdHwQ2MDQwMqAwoC6GLGh0dHA6Ly9jcmwucm9vdGcyLmFtYXpvbnRydXN0\nLmNvbS9yb290ZzIuY3JsMBEGA1UdIAQKMAgwBgYEVR0gADANBgkqhkiG9w0BAQsF\nAAOCAQEAYjdCXLwQtT6LLOkMm2xF4gcAevnFWAu5CIw+7bMlPLVvUOTNNWqnkzSW\nMiGpSESrnO09tKpzbeR/FoCJbM8oAxiDR3mjEH4wW6w7sGDgd9QIpuEdfF7Au/ma\neyKdpwAJfqxGF4PcnCZXmTA5YpaP7dreqsXMGz7KQ2hsVxa81Q4gLv7/wmpdLqBK\nbRRYh5TmOTFffHPLkIhqhBGWJ6bt2YFGpn6jcgAKUj6DiAdjd4lpFw85hdKrCEVN\n0FE6/V1dN2RMfjCyVSRCnTawXZwXgWHxyvkQAiSr6w10kY17RSlQOYiypok1JR4U\nakcjMS9cmvqtmg5iUaQqqcT5NJ0hGA==\n-----END CERTIFICATE-----\n",
                "is_ca": true,
                "issuer": "CN=Starfield Services Root Certificate Authority - G2,O=Starfield Technologies\\, Inc.,L=Scottsdale,ST=Arizona,C=US",
                "max_path_length": -1,
                "not_after": "2037-12-31T01:00:00Z",
                "not_before": "2015-05-25T12:00:00Z",
                "public_key_algorithm": "RSA",
                "serial_number": "144918191876577076464031512351042010504348870",
                "sha1_fingerprint": "06b25927c42a721631c1efd9431e648fa62e1e39",
                "signature_algorithm": "SHA256-RSA",
                "subject": "CN=Amazon Root CA 1,O=Amazon,C=US",
                "version": 3
              },
              {
                "cert_pem": "-----BEGIN CERTIFICATE-----\nMIIEXjCCA0agAwIBAgITB3MSOAudZoijOx7Zv5zNpo4ODzANBgkqhkiG9w0BAQsF\nADA5MQswCQYDVQQGEwJVUzEPMA0GA1UEChMGQW1hem9uMRkwFwYDVQQDExBBbWF6\nb24gUm9vdCBDQSAxMB4XDTIyMDgyMzIyMjEyOFoXDTMwMDgyMzIyMjEyOFowPDEL\nMAkGA1UEBhMCVVMxDzANBgNVBAoTBkFtYXpvbjEcMBoGA1UEAxMTQW1hem9uIFJT\nQSAyMDQ4IE0wMTCCASIwDQYJKoZIhvcNAQEBBQADggEPADCCAQoCggEBAOtxLKnL\nH4gokjIwr4pXD3i3NyWVVYesZ1yX0yLI2qIUZ2t88Gfa4gMqs1YSXca1R/lnCKeT\nepWSGA+0+fkQNpp/L4C2T7oTTsddUx7g3ZYzByDTlrwS5HRQQqEFE3O1T5tEJP4t\nf+28IoXsNiEzl3UGzicYgtzj2cWCB41eJgEmJmcf2T8TzzK6a614ZPyq/w4CPAff\nnAV4coz96nW3AyiE2uhuB4zQUIXvgVSycW7sbWLvj5TDXunEpNCRwC4kkZjK7rol\njtT2cbb7W2s4Bkg3R42G3PLqBvt2N32e/0JOTViCk8/iccJ4sXqrS1uUN4iB5Nmv\nJK74csVl+0u0UecCAwEAAaOCAVowggFWMBIGA1UdEwEB/wQIMAYBAf8CAQAwDgYD\nVR0PAQH/BAQDAgGGMB0GA1UdJQQWMBQGCCsGAQUFBwMBBggrBgEFBQcDAjAdBgNV\nHQ4EFgQUgbgOY4qJEhjl+js7UJWf5uWQE4UwHwYDVR0jBBgwFoAUhBjMhTTsvAyU\nlC4IWZzHshBOCggwewYIKwYBBQUHAQEEbzBtMC8GCCsGAQUFBzABhiNodHRwOi8v\nb2NzcC5yb290Y2ExLmFtYXpvbnRydXN0LmNvbTA6BggrBgEFBQcwAoYuaHR0cDov\nL2NydC5yb290Y2ExLmFtYXpvbnRydXN0LmNvbS9yb290Y2ExLmNlcjA/BgNVHR8E\nODA2MDSgMqAwhi5odHRwOi8vY3JsLnJvb3RjYTEuYW1hem9udHJ1c3QuY29tL3Jv\nb3RjYTEuY3JsMBMGA1UdIAQMMAowCAYGZ4EMAQIBMA0GCSqGSIb3DQEBCwUAA4IB\nAQCtAN4CBSMuBjJitGuxlBbkEUDeK/pZwTXv4KqPK0G50fOHOQAd8j21p0cMBgbG\nkfMHVwLU7b0XwZCav0h1ogdPMN1KakK1DT0VwA/+hFvGPJnMV1Kx2G4S1ZaSk0uU\n5QfoiYIIano01J5k4T2HapKQmmOhS/iPtuo00wW+IMLeBuKMn3OLn005hcrOGTad\nhcmeyfhQP7Z+iKHvyoQGi1C0ClymHETx/chhQGDyYSWqB/THwnN15AwLQo0E5V9E\nSJlbe4mBlqeInUsNYugExNf+tOiybcrswBy8OFsd34XOW3rjSUtsuafd9AWySa3h\nxRRrwszrzX/WWGm6wyB+f7C4\n-----END CERTIFICATE-----\n",
                "is_ca": true,
                "issuer": "CN=Amazon Root CA 1,O=Amazon,C=US",
                "max_path_length": 0,
                "not_after": "2030-08-23T22:21:28Z",
                "not_before": "2022-08-23T22:21:28Z",
                "public_key_algorithm": "RSA",
                "serial_number": "166129328851546858514271303855646110030630415",
                "sha1_fingerprint": "2ad974a775f73cbdbbd8f5ac3a49255fa8fb1f8c",
                "signature_algorithm": "SHA256-RSA",
                "subject": "CN=Amazon RSA 2048 M01,O=Amazon,C=US",
                "version": 3
              },
              {
                "cert_pem": "-----BEGIN CERTIFICATE-----\nMIIF3TCCBMWgAwIBAgIQA1jCPSDm8X/VUa7jjbhCPTANBgkqhkiG9w0BAQsFADA8\nMQswCQYDVQQGEwJVUzEPMA0GA1UEChMGQW1hem9uMRwwGgYDVQQDExNBbWF6b24g\nUlNBIDIwNDggTTAxMB4XDTI2MDEyODAwMDAwMFoXDTI3MDIyNjIzNTk1OVowKDEm\nMCQGA1UEAwwdKi5la3MuZXUtd2VzdC0xLmFtYXpvbmF3cy5jb20wggEiMA0GCSqG\nSIb3DQEBAQUAA4IBDwAwggEKAoIBAQC7C7raBBSoWs27ecLuw2fOy5rGH2DxHlE/\ntguRCzrbL6KwIqfXYXy8fTDuh7SFoSqyHesAw7LMkVkr5dbiJQRDQam1XWdODoFT\n4D5FDQrZ0T20wXDp0n/JkceHMRT6OYRZ0JOw+2FXlqeNmYqzdS2r4iWiRe+Bt+8p\nP+MTImvSMh3Kcr8pMTaeDZPOyRHvkPtx7F6mhQ92ODw4HHGi5gtxhn4544iMjjWU\nPIluJEA/9tDRIwGqozc40yMdGHdHJrRwG7bb0fM3ELmNA4ITP0rF1xi6YU/X6paY\nE0XXx5PKwI6IOW483t/inqOe2gQeMB1NyrYsYktBGhI6m6m0KEI5AgMBAAGjggLt\nMIIC6TAfBgNVHSMEGDAWgBSBuA5jiokSGOX6OztQlZ/m5ZAThTAdBgNVHQ4EFgQU\neR70bkgIqRENugAhEckY/ob8v1wwKAYDVR0RBCEwH4IdKi5la3MuZXUtd2VzdC0x\nLmFtYXpvbmF3cy5jb20wEwYDVR0gBAwwCjAIBgZngQwBAgEwDgYDVR0PAQH/BAQD\nAgWgMBMGA1UdJQQMMAoGCCsGAQUFBwMBMDsGA1UdHwQ0MDIwMKAuoCyGKmh0dHA6\nLy9jcmwucjJtMDEuYW1hem9udHJ1c3QuY29tL3IybTAxLmNybDB1BggrBgEFBQcB\nAQRpMGcwLQYIKwYBBQUHMAGGIWh0dHA6Ly9vY3NwLnIybTAxLmFtYXpvbnRydXN0\nLmNvbTA2BggrBgEFBQcwAoYqaHR0cDovL2NydC5yMm0wMS5hbWF6b250cnVzdC5j\nb20vcjJtMDEuY2VyMAwGA1UdEwEB/wQCMAAwggF/BgorBgEEAdZ5AgQCBIIBbwSC\nAWsBaQB3AExj3JjlnB2riPYeij3ero+rRKM3e1+blMP7oZz8wb4mAAABnAIEw10A\nAAQDAEgwRgIhAL8Xy7eLv+88XfYMuoiydiWQNNPfr1AQ4/OXTzw4F1gUAiEAtLWE\n4rtQ4/zTVI5oPCSlxtX4vDBkQ2gy6+jc+0bzXDkAdQAcn2gs6frwRWlQ+BuWiofd\n2zIQ2EzmyLLjglJKxM9ZnwAAAZwCBMNZAAAEAwBGMEQCIHUJDGKsaxnLHrcHEkgN\nJlikmlm0j5ChoXs9UdcesBYpAiAChKCAaNev0QsCqr+EGDOFks8VsyTAC0VF8/2K\nHvif5QB3AGBMmq96f3dfAdQG/JINyJnrCxx9+MlSG/r6F3c7l4vJAAABnAIExG0A\nAAQDAEgwRgIhAN5C7ItzDkXwnXtCq06tkslXIppjSeN7GOlTDlliMtlSAiEA4HGa\nH6Yq8zOHJUAbH9xCoJS8dBo89ZFz+ycQFtLKzs0wDQYJKoZIhvcNAQELBQADggEB\nABQ1TKQyszMd6LC/y60v0dBu5KAaCSY/RhMrtAFFFLcuN3R74OZ63CoF+Rlhs01Z\n4bwvcSTzjPk/MC3SvoKUgpbMQr/sF1UMZik9cTMz1UEtgVAg5ntyvbXBdb3WpSk3\ncQYQWy0Rhj96I52Qi2DdlWutlEs/e7D2xMOoInii9pek1eEDwaUeaxed95BNME4l\nW/begop8DjCxXdJWoo8wAt6+C1JwifOtgKnonLynXptrhcvdxPY6tva117vgjWFG\njUHkMCGSlPKGi1JDR9EtHB6VjksMW/OvMkd93nyHohPQsnBqBM7WnFs/3fsceMTZ\nY8pUH01hh9BJcF+60ZeR+1k=\n-----END CERTIFICATE-----\n",
                "is_ca": false,
                "issuer": "CN=Amazon RSA 2048 M01,O=Amazon,C=US",
                "max_path_length": -1,
                "not_after": "2027-02-26T23:59:59Z",
                "not_before": "2026-01-28T00:00:00Z",
                "public_key_algorithm": "RSA",
                "serial_number": "4448545741469547945433478981278515773",
                "sha1_fingerprint": "8de95dee5dfc5266e4ffe1626e2105e1acc61c78",
                "signature_algorithm": "SHA256-RSA",
                "subject": "CN=*.eks.eu-west-1.amazonaws.com",
                "version": 3
              }
            ],
            "content": null,
            "id": "13102e0a8585014b9cde9ab0c4895b6972be2a09",
            "url": "https://oidc.eks.eu-west-1.amazonaws.com/id/E591C8E7617680C9A623D3C098212D1D",
            "verify_chain": true
          },
          "sensitive_attributes": [],
          "identity_schema_version": 0
        }
      ]
    },
    {
      "module": "module.eks_secondary.module.eks",
      "mode": "managed",
      "type": "aws_cloudwatch_log_group",
      "name": "this",
      "provider": "provider[\"registry.terraform.io/hashicorp/aws\"].secondary",
      "instances": [
        {
          "index_key": 0,
          "schema_version": 0,
          "attributes": {
            "arn": "arn:aws:logs:eu-west-1:643942183295:log-group:/aws/eks/aerolink-dev-secondary-cluster/cluster",
            "id": "/aws/eks/aerolink-dev-secondary-cluster/cluster",
            "kms_key_id": "",
            "log_group_class": "STANDARD",
            "name": "/aws/eks/aerolink-dev-secondary-cluster/cluster",
            "name_prefix": "",
            "retention_in_days": 90,
            "skip_destroy": false,
            "tags": {
              "Name": "/aws/eks/aerolink-dev-secondary-cluster/cluster"
            },
            "tags_all": {
              "Name": "/aws/eks/aerolink-dev-secondary-cluster/cluster"
            }
          },
          "sensitive_attributes": [],
          "identity_schema_version": 0,
          "private": "bnVsbA==",
          "create_before_destroy": true
        }
      ]
    },
    {
      "module": "module.eks_secondary.module.eks",
      "mode": "managed",
      "type": "aws_eks_access_entry",
      "name": "this",
      "provider": "provider[\"registry.terraform.io/hashicorp/aws\"].secondary",
      "instances": [
        {
          "index_key": "admin",
          "schema_version": 0,
          "attributes": {
            "access_entry_arn": "arn:aws:eks:eu-west-1:643942183295:access-entry/aerolink-dev-secondary-cluster/user/643942183295/AeroLink-Admin/4acf442a-899a-c6eb-2051-1f9eda7372e5",
            "cluster_name": "aerolink-dev-secondary-cluster",
            "created_at": "2026-06-02T12:35:37Z",
            "id": "aerolink-dev-secondary-cluster:arn:aws:iam::643942183295:user/AeroLink-Admin",
            "kubernetes_groups": [],
            "modified_at": "2026-06-02T12:35:37Z",
            "principal_arn": "arn:aws:iam::643942183295:user/AeroLink-Admin",
            "tags": null,
            "tags_all": {},
            "timeouts": null,
            "type": "STANDARD",
            "user_name": "arn:aws:iam::643942183295:user/AeroLink-Admin"
          },
          "sensitive_attributes": [],
          "identity_schema_version": 0,
          "private": "eyJlMmJmYjczMC1lY2FhLTExZTYtOGY4OC0zNDM2M2JjN2M0YzAiOnsiY3JlYXRlIjo2MDAwMDAwMDAwMDAsImRlbGV0ZSI6NjAwMDAwMDAwMDAwfX0=",
          "dependencies": [
            "module.eks_secondary.module.eks.aws_cloudwatch_log_group.this",
            "module.eks_secondary.module.eks.aws_eks_cluster.this",
            "module.eks_secondary.module.eks.aws_iam_policy.cni_ipv6_policy",
            "module.eks_secondary.module.eks.aws_iam_role.eks_auto",
            "module.eks_secondary.module.eks.aws_iam_role.this",
            "module.eks_secondary.module.eks.aws_iam_role_policy_attachment.this",
            "module.eks_secondary.module.eks.aws_security_group.cluster",
            "module.eks_secondary.module.eks.aws_security_group.node",
            "module.eks_secondary.module.eks.aws_security_group_rule.cluster",
            "module.eks_secondary.module.eks.aws_security_group_rule.node",
            "module.eks_secondary.module.eks.data.aws_caller_identity.current",
            "module.eks_secondary.module.eks.data.aws_iam_policy_document.assume_role_policy",
            "module.eks_secondary.module.eks.data.aws_iam_policy_document.cni_ipv6_policy",
            "module.eks_secondary.module.eks.data.aws_iam_policy_document.node_assume_role_policy",
            "module.eks_secondary.module.eks.data.aws_iam_session_context.current",
            "module.eks_secondary.module.eks.data.aws_partition.current",
            "module.eks_secondary.module.eks.module.kms.aws_kms_external_key.this",
            "module.eks_secondary.module.eks.module.kms.aws_kms_key.this",
            "module.eks_secondary.module.eks.module.kms.aws_kms_replica_external_key.this",
            "module.eks_secondary.module.eks.module.kms.aws_kms_replica_key.this",
            "module.eks_secondary.module.eks.module.kms.data.aws_caller_identity.current",
            "module.eks_secondary.module.eks.module.kms.data.aws_iam_policy_document.this",
            "module.eks_secondary.module.eks.module.kms.data.aws_partition.current",
            "module.vpc_secondary.data.aws_availability_zones.available",
            "module.vpc_secondary.module.vpc.aws_subnet.private",
            "module.vpc_secondary.module.vpc.aws_vpc.this",
            "module.vpc_secondary.module.vpc.aws_vpc_ipv4_cidr_block_association.this"
          ]
        }
      ]
    },
    {
      "module": "module.eks_secondary.module.eks",
      "mode": "managed",
      "type": "aws_eks_access_policy_association",
      "name": "this",
      "provider": "provider[\"registry.terraform.io/hashicorp/aws\"].secondary",
      "instances": [
        {
          "index_key": "admin_admin",
          "schema_version": 0,
          "attributes": {
            "access_scope": [
              {
                "namespaces": null,
                "type": "cluster"
              }
            ],
            "associated_at": "2026-06-02 12:35:38.399 +0000 UTC",
            "cluster_name": "aerolink-dev-secondary-cluster",
            "id": "aerolink-dev-secondary-cluster#arn:aws:iam::643942183295:user/AeroLink-Admin#arn:aws:eks::aws:cluster-access-policy/AmazonEKSClusterAdminPolicy",
            "modified_at": "2026-06-02 12:35:38.399 +0000 UTC",
            "policy_arn": "arn:aws:eks::aws:cluster-access-policy/AmazonEKSClusterAdminPolicy",
            "principal_arn": "arn:aws:iam::643942183295:user/AeroLink-Admin",
            "timeouts": null
          },
          "sensitive_attributes": [],
          "identity_schema_version": 0,
          "private": "eyJlMmJmYjczMC1lY2FhLTExZTYtOGY4OC0zNDM2M2JjN2M0YzAiOnsiY3JlYXRlIjo2MDAwMDAwMDAwMDAsImRlbGV0ZSI6NjAwMDAwMDAwMDAwfX0=",
          "dependencies": [
            "module.eks_secondary.module.eks.aws_cloudwatch_log_group.this",
            "module.eks_secondary.module.eks.aws_eks_access_entry.this",
            "module.eks_secondary.module.eks.aws_eks_cluster.this",
            "module.eks_secondary.module.eks.aws_iam_policy.cni_ipv6_policy",
            "module.eks_secondary.module.eks.aws_iam_role.eks_auto",
            "module.eks_secondary.module.eks.aws_iam_role.this",
            "module.eks_secondary.module.eks.aws_iam_role_policy_attachment.this",
            "module.eks_secondary.module.eks.aws_security_group.cluster",
            "module.eks_secondary.module.eks.aws_security_group.node",
            "module.eks_secondary.module.eks.aws_security_group_rule.cluster",
            "module.eks_secondary.module.eks.aws_security_group_rule.node",
            "module.eks_secondary.module.eks.data.aws_caller_identity.current",
            "module.eks_secondary.module.eks.data.aws_iam_policy_document.assume_role_policy",
            "module.eks_secondary.module.eks.data.aws_iam_policy_document.cni_ipv6_policy",
            "module.eks_secondary.module.eks.data.aws_iam_policy_document.node_assume_role_policy",
            "module.eks_secondary.module.eks.data.aws_iam_session_context.current",
            "module.eks_secondary.module.eks.data.aws_partition.current",
            "module.eks_secondary.module.eks.module.kms.aws_kms_external_key.this",
            "module.eks_secondary.module.eks.module.kms.aws_kms_key.this",
            "module.eks_secondary.module.eks.module.kms.aws_kms_replica_external_key.this",
            "module.eks_secondary.module.eks.module.kms.aws_kms_replica_key.this",
            "module.eks_secondary.module.eks.module.kms.data.aws_caller_identity.current",
            "module.eks_secondary.module.eks.module.kms.data.aws_iam_policy_document.this",
            "module.eks_secondary.module.eks.module.kms.data.aws_partition.current",
            "module.vpc_secondary.data.aws_availability_zones.available",
            "module.vpc_secondary.module.vpc.aws_subnet.private",
            "module.vpc_secondary.module.vpc.aws_vpc.this",
            "module.vpc_secondary.module.vpc.aws_vpc_ipv4_cidr_block_association.this"
          ]
        }
      ]
    },
    {
      "module": "module.eks_secondary.module.eks",
      "mode": "managed",
      "type": "aws_eks_cluster",
      "name": "this",
      "provider": "provider[\"registry.terraform.io/hashicorp/aws\"].secondary",
      "instances": [
        {
          "index_key": 0,
          "schema_version": 1,
          "attributes": {
            "access_config": [
              {
                "authentication_mode": "API_AND_CONFIG_MAP",
                "bootstrap_cluster_creator_admin_permissions": false
              }
            ],
            "arn": "arn:aws:eks:eu-west-1:643942183295:cluster/aerolink-dev-secondary-cluster",
            "bootstrap_self_managed_addons": true,
            "certificate_authority": [
              {
                "data": "LS0tLS1CRUdJTiBDRVJUSUZJQ0FURS0tLS0tCk1JSURCVENDQWUyZ0F3SUJBZ0lJRUVOQ2tuZ3p4TEl3RFFZSktvWklodmNOQVFFTEJRQXdGVEVUTUJFR0ExVUUKQXhNS2EzVmlaWEp1WlhSbGN6QWVGdzB5TmpBMk1ESXhNakkyTlRWYUZ3MHpOakExTXpBeE1qTXhOVFZhTUJVeApFekFSQmdOVkJBTVRDbXQxWW1WeWJtVjBaWE13Z2dFaU1BMEdDU3FHU0liM0RRRUJBUVVBQTRJQkR3QXdnZ0VLCkFvSUJBUUMrakNVZjBWTUpQeHhQMnU3RFNCTWZSUTcrOEwvaTQ1Uk5oVW93Y3N4OXl1TXdJZ1dReC9janZ1dGQKYkVHLzVtTG5WbjZ5WE5VakVSMEltUFVKbUYySENEcWNjeE5tR1pHVm5lRUlWVHRGd2hXY2F1SThrNTlLSUVhRQp4M3I3VjhVR0ZYcTBDRlNYcExGRHYxVUhUeE1iU0NVc0JGOEw2ZFNtNUJhTUxlb2dyTjJTSnphV3hVK1dHNE1GCjR6aitWSnlZVFJaN2pDMm1Vdm1GR1hyWGU1MTU2ZjBOQWI1RTg2KzFpemJiclFQYzZ3NGNiNTBMTUdmUk0vaW0KYUFjeGxRMkNtSjVZaHhLajRjRzc1bllVcTJ5Z3B0Q1RDSVZHNHNDdVVjN0xmT3pDaXJJNlhhUlplTldkVGpLcgpRc1V0dUc1TC9yR3Y3OTF5TTloN0haVFQwMVdqQWdNQkFBR2pXVEJYTUE0R0ExVWREd0VCL3dRRUF3SUNwREFQCkJnTlZIUk1CQWY4RUJUQURBUUgvTUIwR0ExVWREZ1FXQkJTc3dyRWF3dEJDbE1qdG4xMDVxMjhhaVM5YktEQVYKQmdOVkhSRUVEakFNZ2dwcmRXSmxjbTVsZEdWek1BMEdDU3FHU0liM0RRRUJDd1VBQTRJQkFRQ2o4RWJkZDBYOQpFbFhKQkJqNDBUdndrOGY2U2R6RTV1VVQ3a3VjTVFSNXBNZlhPUS8weEVadGRNanZOYmlBeXF1Q2Vsa3ZnSjFFCnpoK3padWFZWWJGM1E3V01iTFFXcnJaZzdHSUhaRFlvanVnaW0zV3puekhHSkljdFZtQVdSWWFzZmxYMm9KZmQKcjBDNEdGWUFSdlErTDhwaGVtT1AzRlNDV1BVR3FnQklRNDM1U2pTVG83VXM5WFRkRUxrbTF2SHZIck1VOERZbApOaE8vcjVBdkpXTUJvd09qcU1iRHJ4dzg0aDk1ZngxUFBJNEp3OVdYeWptZVhubGplNDJUU01sU1p1V2tvUVNMCjVjTFdlTGF3VkF3d3ZreWlzQ045aUs4eDNWVmdiQTJtQ1dxd2RDekFZYWxWWktKSGJtZXFyREpoQWduRWZHOHMKSDY1VTA1MDIrMUQwCi0tLS0tRU5EIENFUlRJRklDQVRFLS0tLS0K"
              }
            ],
            "cluster_id": null,
            "compute_config": [],
            "created_at": "2026-06-02T12:27:24Z",
            "enabled_cluster_log_types": [
              "api",
              "audit",
              "authenticator"
            ],
            "encryption_config": [
              {
                "provider": [
                  {
                    "key_arn": "arn:aws:kms:eu-west-1:643942183295:key/a44fe376-90cd-4c2c-91db-7fc501111d36"
                  }
                ],
                "resources": [
                  "secrets"
                ]
              }
            ],
            "endpoint": "https://E591C8E7617680C9A623D3C098212D1D.gr7.eu-west-1.eks.amazonaws.com",
            "force_update_version": null,
            "id": "aerolink-dev-secondary-cluster",
            "identity": [
              {
                "oidc": [
                  {
                    "issuer": "https://oidc.eks.eu-west-1.amazonaws.com/id/E591C8E7617680C9A623D3C098212D1D"
                  }
                ]
              }
            ],
            "kubernetes_network_config": [
              {
                "elastic_load_balancing": [
                  {
                    "enabled": false
                  }
                ],
                "ip_family": "ipv4",
                "service_ipv4_cidr": "172.20.0.0/16",
                "service_ipv6_cidr": ""
              }
            ],
            "name": "aerolink-dev-secondary-cluster",
            "outpost_config": [],
            "platform_version": "eks.68",
            "remote_network_config": [],
            "role_arn": "arn:aws:iam::643942183295:role/aerolink-dev-secondary-cluster-cluster",
            "status": "ACTIVE",
            "storage_config": [],
            "tags": {
              "terraform-aws-modules": "eks"
            },
            "tags_all": {
              "terraform-aws-modules": "eks"
            },
            "timeouts": {
              "create": null,
              "delete": null,
              "update": null
            },
            "upgrade_policy": [
              {
                "support_type": "EXTENDED"
              }
            ],
            "version": "1.30",
            "vpc_config": [
              {
                "cluster_security_group_id": "sg-0b21c1d3b27e6d65e",
                "endpoint_private_access": true,
                "endpoint_public_access": true,
                "public_access_cidrs": [
                  "0.0.0.0/0"
                ],
                "security_group_ids": [
                  "sg-0062737a73385eb9f"
                ],
                "subnet_ids": [
                  "subnet-07175ac1a3eff7c58",
                  "subnet-095290b957541c16c"
                ],
                "vpc_id": "vpc-059c2811b93daa739"
              }
            ],
            "zonal_shift_config": []
          },
          "sensitive_attributes": [],
          "identity_schema_version": 0,
          "private": "eyJlMmJmYjczMC1lY2FhLTExZTYtOGY4OC0zNDM2M2JjN2M0YzAiOnsiY3JlYXRlIjoxODAwMDAwMDAwMDAwLCJkZWxldGUiOjkwMDAwMDAwMDAwMCwidXBkYXRlIjozNjAwMDAwMDAwMDAwfSwic2NoZW1hX3ZlcnNpb24iOiIxIn0=",
          "dependencies": [
            "module.eks_secondary.module.eks.aws_cloudwatch_log_group.this",
            "module.eks_secondary.module.eks.aws_iam_policy.cni_ipv6_policy",
            "module.eks_secondary.module.eks.aws_iam_role.eks_auto",
            "module.eks_secondary.module.eks.aws_iam_role.this",
            "module.eks_secondary.module.eks.aws_iam_role_policy_attachment.this",
            "module.eks_secondary.module.eks.aws_security_group.cluster",
            "module.eks_secondary.module.eks.aws_security_group.node",
            "module.eks_secondary.module.eks.aws_security_group_rule.cluster",
            "module.eks_secondary.module.eks.aws_security_group_rule.node",
            "module.eks_secondary.module.eks.data.aws_caller_identity.current",
            "module.eks_secondary.module.eks.data.aws_iam_policy_document.assume_role_policy",
            "module.eks_secondary.module.eks.data.aws_iam_policy_document.cni_ipv6_policy",
            "module.eks_secondary.module.eks.data.aws_iam_policy_document.node_assume_role_policy",
            "module.eks_secondary.module.eks.data.aws_iam_session_context.current",
            "module.eks_secondary.module.eks.data.aws_partition.current",
            "module.eks_secondary.module.eks.module.kms.aws_kms_external_key.this",
            "module.eks_secondary.module.eks.module.kms.aws_kms_key.this",
            "module.eks_secondary.module.eks.module.kms.aws_kms_replica_external_key.this",
            "module.eks_secondary.module.eks.module.kms.aws_kms_replica_key.this",
            "module.eks_secondary.module.eks.module.kms.data.aws_caller_identity.current",
            "module.eks_secondary.module.eks.module.kms.data.aws_iam_policy_document.this",
            "module.eks_secondary.module.eks.module.kms.data.aws_partition.current",
            "module.vpc_secondary.data.aws_availability_zones.available",
            "module.vpc_secondary.module.vpc.aws_subnet.private",
            "module.vpc_secondary.module.vpc.aws_vpc.this",
            "module.vpc_secondary.module.vpc.aws_vpc_ipv4_cidr_block_association.this"
          ],
          "create_before_destroy": true
        }
      ]
    },
    {
      "module": "module.eks_secondary.module.eks",
      "mode": "managed",
      "type": "aws_iam_openid_connect_provider",
      "name": "oidc_provider",
      "provider": "provider[\"registry.terraform.io/hashicorp/aws\"].secondary",
      "instances": [
        {
          "index_key": 0,
          "schema_version": 0,
          "attributes": {
            "arn": "arn:aws:iam::643942183295:oidc-provider/oidc.eks.eu-west-1.amazonaws.com/id/E591C8E7617680C9A623D3C098212D1D",
            "client_id_list": [
              "sts.amazonaws.com"
            ],
            "id": "arn:aws:iam::643942183295:oidc-provider/oidc.eks.eu-west-1.amazonaws.com/id/E591C8E7617680C9A623D3C098212D1D",
            "tags": {
              "Name": "aerolink-dev-secondary-cluster-eks-irsa"
            },
            "tags_all": {
              "Name": "aerolink-dev-secondary-cluster-eks-irsa"
            },
            "thumbprint_list": [
              "06b25927c42a721631c1efd9431e648fa62e1e39"
            ],
            "url": "oidc.eks.eu-west-1.amazonaws.com/id/E591C8E7617680C9A623D3C098212D1D"
          },
          "sensitive_attributes": [],
          "identity_schema_version": 0,
          "private": "bnVsbA==",
          "dependencies": [
            "module.eks_secondary.module.eks.aws_cloudwatch_log_group.this",
            "module.eks_secondary.module.eks.aws_eks_cluster.this",
            "module.eks_secondary.module.eks.aws_iam_policy.cni_ipv6_policy",
            "module.eks_secondary.module.eks.aws_iam_role.eks_auto",
            "module.eks_secondary.module.eks.aws_iam_role.this",
            "module.eks_secondary.module.eks.aws_iam_role_policy_attachment.this",
            "module.eks_secondary.module.eks.aws_security_group.cluster",
            "module.eks_secondary.module.eks.aws_security_group.node",
            "module.eks_secondary.module.eks.aws_security_group_rule.cluster",
            "module.eks_secondary.module.eks.aws_security_group_rule.node",
            "module.eks_secondary.module.eks.data.aws_caller_identity.current",
            "module.eks_secondary.module.eks.data.aws_iam_policy_document.assume_role_policy",
            "module.eks_secondary.module.eks.data.aws_iam_policy_document.cni_ipv6_policy",
            "module.eks_secondary.module.eks.data.aws_iam_policy_document.node_assume_role_policy",
            "module.eks_secondary.module.eks.data.aws_iam_session_context.current",
            "module.eks_secondary.module.eks.data.aws_partition.current",
            "module.eks_secondary.module.eks.data.tls_certificate.this",
            "module.eks_secondary.module.eks.module.kms.aws_kms_external_key.this",
            "module.eks_secondary.module.eks.module.kms.aws_kms_key.this",
            "module.eks_secondary.module.eks.module.kms.aws_kms_replica_external_key.this",
            "module.eks_secondary.module.eks.module.kms.aws_kms_replica_key.this",
            "module.eks_secondary.module.eks.module.kms.data.aws_caller_identity.current",
            "module.eks_secondary.module.eks.module.kms.data.aws_iam_policy_document.this",
            "module.eks_secondary.module.eks.module.kms.data.aws_partition.current",
            "module.vpc_secondary.data.aws_availability_zones.available",
            "module.vpc_secondary.module.vpc.aws_subnet.private",
            "module.vpc_secondary.module.vpc.aws_vpc.this",
            "module.vpc_secondary.module.vpc.aws_vpc_ipv4_cidr_block_association.this"
          ]
        }
      ]
    },
    {
      "module": "module.eks_secondary.module.eks",
      "mode": "managed",
      "type": "aws_iam_policy",
      "name": "cluster_encryption",
      "provider": "provider[\"registry.terraform.io/hashicorp/aws\"].secondary",
      "instances": [
        {
          "index_key": 0,
          "schema_version": 0,
          "attributes": {
            "arn": "arn:aws:iam::643942183295:policy/aerolink-dev-secondary-cluster-cluster-ClusterEncryption2026060212272020190000000e",
            "attachment_count": 0,
            "description": "Cluster encryption policy to allow cluster role to utilize CMK provided",
            "id": "arn:aws:iam::643942183295:policy/aerolink-dev-secondary-cluster-cluster-ClusterEncryption2026060212272020190000000e",
            "name": "aerolink-dev-secondary-cluster-cluster-ClusterEncryption2026060212272020190000000e",
            "name_prefix": "aerolink-dev-secondary-cluster-cluster-ClusterEncryption",
            "path": "/",
            "policy": "{\"Statement\":[{\"Action\":[\"kms:Encrypt\",\"kms:Decrypt\",\"kms:ListGrants\",\"kms:DescribeKey\"],\"Effect\":\"Allow\",\"Resource\":\"arn:aws:kms:eu-west-1:643942183295:key/a44fe376-90cd-4c2c-91db-7fc501111d36\"}],\"Version\":\"2012-10-17\"}",
            "policy_id": "ANPAZL3PR6F7Z7DN4YJEK",
            "tags": null,
            "tags_all": {}
          },
          "sensitive_attributes": [],
          "identity_schema_version": 0,
          "private": "bnVsbA==",
          "dependencies": [
            "module.eks_secondary.module.eks.aws_iam_role.this",
            "module.eks_secondary.module.eks.data.aws_caller_identity.current",
            "module.eks_secondary.module.eks.data.aws_iam_policy_document.assume_role_policy",
            "module.eks_secondary.module.eks.data.aws_iam_session_context.current",
            "module.eks_secondary.module.eks.module.kms.aws_kms_external_key.this",
            "module.eks_secondary.module.eks.module.kms.aws_kms_key.this",
            "module.eks_secondary.module.eks.module.kms.aws_kms_replica_external_key.this",
            "module.eks_secondary.module.eks.module.kms.aws_kms_replica_key.this",
            "module.eks_secondary.module.eks.module.kms.data.aws_caller_identity.current",
            "module.eks_secondary.module.eks.module.kms.data.aws_iam_policy_document.this",
            "module.eks_secondary.module.eks.module.kms.data.aws_partition.current"
          ]
        }
      ]
    },
    {
      "module": "module.eks_secondary.module.eks",
      "mode": "managed",
      "type": "aws_iam_policy",
      "name": "custom",
      "provider": "provider[\"registry.terraform.io/hashicorp/aws\"].secondary",
      "instances": [
        {
          "index_key": 0,
          "schema_version": 0,
          "attributes": {
            "arn": "arn:aws:iam::643942183295:policy/aerolink-dev-secondary-cluster-cluster",
            "attachment_count": 0,
            "description": "",
            "id": "arn:aws:iam::643942183295:policy/aerolink-dev-secondary-cluster-cluster",
            "name": "aerolink-dev-secondary-cluster-cluster",
            "name_prefix": "",
            "path": "/",
            "policy": "{\"Statement\":[{\"Action\":[\"ec2:RunInstances\",\"ec2:CreateLaunchTemplate\",\"ec2:CreateFleet\"],\"Condition\":{\"StringEquals\":{\"aws:RequestTag/eks:eks-cluster-name\":\"${aws:PrincipalTag/eks:eks-cluster-name}\"},\"StringLike\":{\"aws:RequestTag/eks:kubernetes-node-class-name\":\"*\",\"aws:RequestTag/eks:kubernetes-node-pool-name\":\"*\"}},\"Effect\":\"Allow\",\"Resource\":\"*\",\"Sid\":\"Compute\"},{\"Action\":[\"ec2:CreateVolume\",\"ec2:CreateSnapshot\"],\"Condition\":{\"StringEquals\":{\"aws:RequestTag/eks:eks-cluster-name\":\"${aws:PrincipalTag/eks:eks-cluster-name}\"}},\"Effect\":\"Allow\",\"Resource\":[\"arn:aws:ec2:*:*:volume/*\",\"arn:aws:ec2:*:*:snapshot/*\"],\"Sid\":\"Storage\"},{\"Action\":\"ec2:CreateNetworkInterface\",\"Condition\":{\"StringEquals\":{\"aws:RequestTag/eks:eks-cluster-name\":\"${aws:PrincipalTag/eks:eks-cluster-name}\",\"aws:RequestTag/eks:kubernetes-cni-node-name\":\"*\"}},\"Effect\":\"Allow\",\"Resource\":\"*\",\"Sid\":\"Networking\"},{\"Action\":[\"elasticloadbalancing:CreateTargetGroup\",\"elasticloadbalancing:CreateRule\",\"elasticloadbalancing:CreateLoadBalancer\",\"elasticloadbalancing:CreateListener\",\"ec2:CreateSecurityGroup\"],\"Condition\":{\"StringEquals\":{\"aws:RequestTag/eks:eks-cluster-name\":\"${aws:PrincipalTag/eks:eks-cluster-name}\"}},\"Effect\":\"Allow\",\"Resource\":\"*\",\"Sid\":\"LoadBalancer\"},{\"Action\":\"shield:CreateProtection\",\"Condition\":{\"StringEquals\":{\"aws:RequestTag/eks:eks-cluster-name\":\"${aws:PrincipalTag/eks:eks-cluster-name}\"}},\"Effect\":\"Allow\",\"Resource\":\"*\",\"Sid\":\"ShieldProtection\"},{\"Action\":\"shield:TagResource\",\"Condition\":{\"StringEquals\":{\"aws:RequestTag/eks:eks-cluster-name\":\"${aws:PrincipalTag/eks:eks-cluster-name}\"}},\"Effect\":\"Allow\",\"Resource\":\"arn:aws:shield::*:protection/*\",\"Sid\":\"ShieldTagResource\"}],\"Version\":\"2012-10-17\"}",
            "policy_id": "ANPAZL3PR6F7YIACLGZAQ",
            "tags": null,
            "tags_all": {}
          },
          "sensitive_attributes": [],
          "identity_schema_version": 0,
          "private": "bnVsbA==",
          "dependencies": [
            "module.eks_secondary.module.eks.data.aws_iam_policy_document.custom",
            "module.eks_secondary.module.eks.data.aws_partition.current"
          ]
        }
      ]
    },
    {
      "module": "module.eks_secondary.module.eks",
      "mode": "managed",
      "type": "aws_iam_role",
      "name": "this",
      "provider": "provider[\"registry.terraform.io/hashicorp/aws\"].secondary",
      "instances": [
        {
          "index_key": 0,
          "schema_version": 0,
          "attributes": {
            "arn": "arn:aws:iam::643942183295:role/aerolink-dev-secondary-cluster-cluster",
            "assume_role_policy": "{\"Statement\":[{\"Action\":[\"sts:TagSession\",\"sts:AssumeRole\"],\"Effect\":\"Allow\",\"Principal\":{\"Service\":\"eks.amazonaws.com\"},\"Sid\":\"EKSClusterAssumeRole\"}],\"Version\":\"2012-10-17\"}",
            "create_date": "2026-06-02T12:26:46Z",
            "description": "",
            "force_detach_policies": true,
            "id": "aerolink-dev-secondary-cluster-cluster",
            "inline_policy": [],
            "managed_policy_arns": [],
            "max_session_duration": 3600,
            "name": "aerolink-dev-secondary-cluster-cluster",
            "name_prefix": "",
            "path": "/",
            "permissions_boundary": "",
            "tags": null,
            "tags_all": {},
            "unique_id": "AROAZL3PR6F7SKYURPNYN"
          },
          "sensitive_attributes": [],
          "identity_schema_version": 0,
          "private": "bnVsbA==",
          "dependencies": [
            "module.eks_secondary.module.eks.data.aws_iam_policy_document.assume_role_policy"
          ],
          "create_before_destroy": true
        }
      ]
    },
    {
      "module": "module.eks_secondary.module.eks",
      "mode": "managed",
      "type": "aws_iam_role_policy_attachment",
      "name": "cluster_encryption",
      "provider": "provider[\"registry.terraform.io/hashicorp/aws\"].secondary",
      "instances": [
        {
          "index_key": 0,
          "schema_version": 0,
          "attributes": {
            "id": "aerolink-dev-secondary-cluster-cluster-2026060212272869890000000f",
            "policy_arn": "arn:aws:iam::643942183295:policy/aerolink-dev-secondary-cluster-cluster-ClusterEncryption2026060212272020190000000e",
            "role": "aerolink-dev-secondary-cluster-cluster"
          },
          "sensitive_attributes": [],
          "identity_schema_version": 0,
          "private": "bnVsbA==",
          "dependencies": [
            "module.eks_secondary.module.eks.aws_iam_policy.cluster_encryption",
            "module.eks_secondary.module.eks.aws_iam_role.this",
            "module.eks_secondary.module.eks.data.aws_caller_identity.current",
            "module.eks_secondary.module.eks.data.aws_iam_policy_document.assume_role_policy",
            "module.eks_secondary.module.eks.data.aws_iam_session_context.current",
            "module.eks_secondary.module.eks.module.kms.aws_kms_external_key.this",
            "module.eks_secondary.module.eks.module.kms.aws_kms_key.this",
            "module.eks_secondary.module.eks.module.kms.aws_kms_replica_external_key.this",
            "module.eks_secondary.module.eks.module.kms.aws_kms_replica_key.this",
            "module.eks_secondary.module.eks.module.kms.data.aws_caller_identity.current",
            "module.eks_secondary.module.eks.module.kms.data.aws_iam_policy_document.this",
            "module.eks_secondary.module.eks.module.kms.data.aws_partition.current"
          ]
        }
      ]
    },
    {
      "module": "module.eks_secondary.module.eks",
      "mode": "managed",
      "type": "aws_iam_role_policy_attachment",
      "name": "custom",
      "provider": "provider[\"registry.terraform.io/hashicorp/aws\"].secondary",
      "instances": [
        {
          "index_key": 0,
          "schema_version": 0,
          "attributes": {
            "id": "aerolink-dev-secondary-cluster-cluster-20260602122650403800000007",
            "policy_arn": "arn:aws:iam::643942183295:policy/aerolink-dev-secondary-cluster-cluster",
            "role": "aerolink-dev-secondary-cluster-cluster"
          },
          "sensitive_attributes": [],
          "identity_schema_version": 0,
          "private": "bnVsbA==",
          "dependencies": [
            "module.eks_secondary.module.eks.aws_iam_policy.custom",
            "module.eks_secondary.module.eks.aws_iam_role.this",
            "module.eks_secondary.module.eks.data.aws_iam_policy_document.assume_role_policy",
            "module.eks_secondary.module.eks.data.aws_iam_policy_document.custom",
            "module.eks_secondary.module.eks.data.aws_partition.current"
          ]
        }
      ]
    },
    {
      "module": "module.eks_secondary.module.eks",
      "mode": "managed",
      "type": "aws_iam_role_policy_attachment",
      "name": "this",
      "provider": "provider[\"registry.terraform.io/hashicorp/aws\"].secondary",
      "instances": [
        {
          "index_key": "AmazonEKSClusterPolicy",
          "schema_version": 0,
          "attributes": {
            "id": "aerolink-dev-secondary-cluster-cluster-20260602122650148700000006",
            "policy_arn": "arn:aws:iam::aws:policy/AmazonEKSClusterPolicy",
            "role": "aerolink-dev-secondary-cluster-cluster"
          },
          "sensitive_attributes": [],
          "identity_schema_version": 0,
          "private": "bnVsbA==",
          "dependencies": [
            "module.eks_secondary.module.eks.aws_iam_role.this",
            "module.eks_secondary.module.eks.data.aws_iam_policy_document.assume_role_policy",
            "module.eks_secondary.module.eks.data.aws_partition.current"
          ],
          "create_before_destroy": true
        },
        {
          "index_key": "AmazonEKSVPCResourceController",
          "schema_version": 0,
          "attributes": {
            "id": "aerolink-dev-secondary-cluster-cluster-20260602122650426000000008",
            "policy_arn": "arn:aws:iam::aws:policy/AmazonEKSVPCResourceController",
            "role": "aerolink-dev-secondary-cluster-cluster"
          },
          "sensitive_attributes": [],
          "identity_schema_version": 0,
          "private": "bnVsbA==",
          "dependencies": [
            "module.eks_secondary.module.eks.aws_iam_role.this",
            "module.eks_secondary.module.eks.data.aws_iam_policy_document.assume_role_policy",
            "module.eks_secondary.module.eks.data.aws_partition.current"
          ],
          "create_before_destroy": true
        }
      ]
    },
    {
      "module": "module.eks_secondary.module.eks",
      "mode": "managed",
      "type": "aws_security_group",
      "name": "cluster",
      "provider": "provider[\"registry.terraform.io/hashicorp/aws\"].secondary",
      "instances": [
        {
          "index_key": 0,
          "schema_version": 1,
          "attributes": {
            "arn": "arn:aws:ec2:eu-west-1:643942183295:security-group/sg-0062737a73385eb9f",
            "description": "EKS cluster security group",
            "egress": [],
            "id": "sg-0062737a73385eb9f",
            "ingress": [],
            "name": "aerolink-dev-secondary-cluster-cluster-2026060212270351380000000c",
            "name_prefix": "aerolink-dev-secondary-cluster-cluster-",
            "owner_id": "643942183295",
            "revoke_rules_on_delete": false,
            "tags": {
              "Name": "aerolink-dev-secondary-cluster-cluster"
            },
            "tags_all": {
              "Name": "aerolink-dev-secondary-cluster-cluster"
            },
            "timeouts": null,
            "vpc_id": "vpc-059c2811b93daa739"
          },
          "sensitive_attributes": [],
          "identity_schema_version": 0,
          "private": "eyJlMmJmYjczMC1lY2FhLTExZTYtOGY4OC0zNDM2M2JjN2M0YzAiOnsiY3JlYXRlIjo2MDAwMDAwMDAwMDAsImRlbGV0ZSI6OTAwMDAwMDAwMDAwfSwic2NoZW1hX3ZlcnNpb24iOiIxIn0=",
          "dependencies": [
            "module.vpc_secondary.module.vpc.aws_vpc.this"
          ],
          "create_before_destroy": true
        }
      ]
    },
    {
      "module": "module.eks_secondary.module.eks",
      "mode": "managed",
      "type": "aws_security_group",
      "name": "node",
      "provider": "provider[\"registry.terraform.io/hashicorp/aws\"].secondary",
      "instances": [
        {
          "index_key": 0,
          "schema_version": 1,
          "attributes": {
            "arn": "arn:aws:ec2:eu-west-1:643942183295:security-group/sg-0c078e17253c6276d",
            "description": "EKS node shared security group",
            "egress": [],
            "id": "sg-0c078e17253c6276d",
            "ingress": [],
            "name": "aerolink-dev-secondary-cluster-node-2026060212270322150000000b",
            "name_prefix": "aerolink-dev-secondary-cluster-node-",
            "owner_id": "643942183295",
            "revoke_rules_on_delete": false,
            "tags": {
              "Name": "aerolink-dev-secondary-cluster-node",
              "kubernetes.io/cluster/aerolink-dev-secondary-cluster": "owned"
            },
            "tags_all": {
              "Name": "aerolink-dev-secondary-cluster-node",
              "kubernetes.io/cluster/aerolink-dev-secondary-cluster": "owned"
            },
            "timeouts": null,
            "vpc_id": "vpc-059c2811b93daa739"
          },
          "sensitive_attributes": [],
          "identity_schema_version": 0,
          "private": "eyJlMmJmYjczMC1lY2FhLTExZTYtOGY4OC0zNDM2M2JjN2M0YzAiOnsiY3JlYXRlIjo2MDAwMDAwMDAwMDAsImRlbGV0ZSI6OTAwMDAwMDAwMDAwfSwic2NoZW1hX3ZlcnNpb24iOiIxIn0=",
          "dependencies": [
            "module.vpc_secondary.module.vpc.aws_vpc.this"
          ],
          "create_before_destroy": true
        }
      ]
    },
    {
      "module": "module.eks_secondary.module.eks",
      "mode": "managed",
      "type": "aws_security_group_rule",
      "name": "cluster",
      "provider": "provider[\"registry.terraform.io/hashicorp/aws\"].secondary",
      "instances": [
        {
          "index_key": "ingress_nodes_443",
          "schema_version": 2,
          "attributes": {
            "cidr_blocks": null,
            "description": "Node groups to cluster API",
            "from_port": 443,
            "id": "sgrule-881385960",
            "ipv6_cidr_blocks": null,
            "prefix_list_ids": null,
            "protocol": "tcp",
            "security_group_id": "sg-0062737a73385eb9f",
            "security_group_rule_id": "sgr-0e113c9047f3070c5",
            "self": false,
            "source_security_group_id": "sg-0c078e17253c6276d",
            "timeouts": null,
            "to_port": 443,
            "type": "ingress"
          },
          "sensitive_attributes": [],
          "identity_schema_version": 0,
          "private": "eyJlMmJmYjczMC1lY2FhLTExZTYtOGY4OC0zNDM2M2JjN2M0YzAiOnsiY3JlYXRlIjozMDAwMDAwMDAwMDB9LCJzY2hlbWFfdmVyc2lvbiI6IjIifQ==",
          "dependencies": [
            "module.eks_secondary.module.eks.aws_security_group.cluster",
            "module.eks_secondary.module.eks.aws_security_group.node",
            "module.vpc_secondary.module.vpc.aws_vpc.this"
          ],
          "create_before_destroy": true
        }
      ]
    },
    {
      "module": "module.eks_secondary.module.eks",
      "mode": "managed",
      "type": "aws_security_group_rule",
      "name": "node",
      "provider": "provider[\"registry.terraform.io/hashicorp/aws\"].secondary",
      "instances": [
        {
          "index_key": "egress_all",
          "schema_version": 2,
          "attributes": {
            "cidr_blocks": [
              "0.0.0.0/0"
            ],
            "description": "Allow all egress",
            "from_port": 0,
            "id": "sgrule-2320973656",
            "ipv6_cidr_blocks": null,
            "prefix_list_ids": [],
            "protocol": "-1",
            "security_group_id": "sg-0c078e17253c6276d",
            "security_group_rule_id": "sgr-02c7ef691f9e808c7",
            "self": false,
            "source_security_group_id": null,
            "timeouts": null,
            "to_port": 0,
            "type": "egress"
          },
          "sensitive_attributes": [],
          "identity_schema_version": 0,
          "private": "eyJlMmJmYjczMC1lY2FhLTExZTYtOGY4OC0zNDM2M2JjN2M0YzAiOnsiY3JlYXRlIjozMDAwMDAwMDAwMDB9LCJzY2hlbWFfdmVyc2lvbiI6IjIifQ==",
          "dependencies": [
            "module.eks_secondary.module.eks.aws_security_group.cluster",
            "module.eks_secondary.module.eks.aws_security_group.node",
            "module.vpc_secondary.module.vpc.aws_vpc.this"
          ],
          "create_before_destroy": true
        },
        {
          "index_key": "ingress_cluster_443",
          "schema_version": 2,
          "attributes": {
            "cidr_blocks": null,
            "description": "Cluster API to node groups",
            "from_port": 443,
            "id": "sgrule-2470339831",
            "ipv6_cidr_blocks": null,
            "prefix_list_ids": [],
            "protocol": "tcp",
            "security_group_id": "sg-0c078e17253c6276d",
            "security_group_rule_id": "sgr-08c8caff592ceee0b",
            "self": false,
            "source_security_group_id": "sg-0062737a73385eb9f",
            "timeouts": null,
            "to_port": 443,
            "type": "ingress"
          },
          "sensitive_attributes": [],
          "identity_schema_version": 0,
          "private": "eyJlMmJmYjczMC1lY2FhLTExZTYtOGY4OC0zNDM2M2JjN2M0YzAiOnsiY3JlYXRlIjozMDAwMDAwMDAwMDB9LCJzY2hlbWFfdmVyc2lvbiI6IjIifQ==",
          "dependencies": [
            "module.eks_secondary.module.eks.aws_security_group.cluster",
            "module.eks_secondary.module.eks.aws_security_group.node",
            "module.vpc_secondary.module.vpc.aws_vpc.this"
          ],
          "create_before_destroy": true
        },
        {
          "index_key": "ingress_cluster_4443_webhook",
          "schema_version": 2,
          "attributes": {
            "cidr_blocks": null,
            "description": "Cluster API to node 4443/tcp webhook",
            "from_port": 4443,
            "id": "sgrule-1266933594",
            "ipv6_cidr_blocks": null,
            "prefix_list_ids": [],
            "protocol": "tcp",
            "security_group_id": "sg-0c078e17253c6276d",
            "security_group_rule_id": "sgr-0538d4c019d16eaeb",
            "self": false,
            "source_security_group_id": "sg-0062737a73385eb9f",
            "timeouts": null,
            "to_port": 4443,
            "type": "ingress"
          },
          "sensitive_attributes": [],
          "identity_schema_version": 0,
          "private": "eyJlMmJmYjczMC1lY2FhLTExZTYtOGY4OC0zNDM2M2JjN2M0YzAiOnsiY3JlYXRlIjozMDAwMDAwMDAwMDB9LCJzY2hlbWFfdmVyc2lvbiI6IjIifQ==",
          "dependencies": [
            "module.eks_secondary.module.eks.aws_security_group.cluster",
            "module.eks_secondary.module.eks.aws_security_group.node",
            "module.vpc_secondary.module.vpc.aws_vpc.this"
          ],
          "create_before_destroy": true
        },
        {
          "index_key": "ingress_cluster_6443_webhook",
          "schema_version": 2,
          "attributes": {
            "cidr_blocks": null,
            "description": "Cluster API to node 6443/tcp webhook",
            "from_port": 6443,
            "id": "sgrule-2193733836",
            "ipv6_cidr_blocks": null,
            "prefix_list_ids": [],
            "protocol": "tcp",
            "security_group_id": "sg-0c078e17253c6276d",
            "security_group_rule_id": "sgr-0eca8a6b10f805f63",
            "self": false,
            "source_security_group_id": "sg-0062737a73385eb9f",
            "timeouts": null,
            "to_port": 6443,
            "type": "ingress"
          },
          "sensitive_attributes": [],
          "identity_schema_version": 0,
          "private": "eyJlMmJmYjczMC1lY2FhLTExZTYtOGY4OC0zNDM2M2JjN2M0YzAiOnsiY3JlYXRlIjozMDAwMDAwMDAwMDB9LCJzY2hlbWFfdmVyc2lvbiI6IjIifQ==",
          "dependencies": [
            "module.eks_secondary.module.eks.aws_security_group.cluster",
            "module.eks_secondary.module.eks.aws_security_group.node",
            "module.vpc_secondary.module.vpc.aws_vpc.this"
          ],
          "create_before_destroy": true
        },
        {
          "index_key": "ingress_cluster_8443_webhook",
          "schema_version": 2,
          "attributes": {
            "cidr_blocks": null,
            "description": "Cluster API to node 8443/tcp webhook",
            "from_port": 8443,
            "id": "sgrule-2443019501",
            "ipv6_cidr_blocks": null,
            "prefix_list_ids": [],
            "protocol": "tcp",
            "security_group_id": "sg-0c078e17253c6276d",
            "security_group_rule_id": "sgr-046238eed6d1bf0f9",
            "self": false,
            "source_security_group_id": "sg-0062737a73385eb9f",
            "timeouts": null,
            "to_port": 8443,
            "type": "ingress"
          },
          "sensitive_attributes": [],
          "identity_schema_version": 0,
          "private": "eyJlMmJmYjczMC1lY2FhLTExZTYtOGY4OC0zNDM2M2JjN2M0YzAiOnsiY3JlYXRlIjozMDAwMDAwMDAwMDB9LCJzY2hlbWFfdmVyc2lvbiI6IjIifQ==",
          "dependencies": [
            "module.eks_secondary.module.eks.aws_security_group.cluster",
            "module.eks_secondary.module.eks.aws_security_group.node",
            "module.vpc_secondary.module.vpc.aws_vpc.this"
          ],
          "create_before_destroy": true
        },
        {
          "index_key": "ingress_cluster_9443_webhook",
          "schema_version": 2,
          "attributes": {
            "cidr_blocks": null,
            "description": "Cluster API to node 9443/tcp webhook",
            "from_port": 9443,
            "id": "sgrule-4114396966",
            "ipv6_cidr_blocks": null,
            "prefix_list_ids": [],
            "protocol": "tcp",
            "security_group_id": "sg-0c078e17253c6276d",
            "security_group_rule_id": "sgr-0c49c9cdcf9845555",
            "self": false,
            "source_security_group_id": "sg-0062737a73385eb9f",
            "timeouts": null,
            "to_port": 9443,
            "type": "ingress"
          },
          "sensitive_attributes": [],
          "identity_schema_version": 0,
          "private": "eyJlMmJmYjczMC1lY2FhLTExZTYtOGY4OC0zNDM2M2JjN2M0YzAiOnsiY3JlYXRlIjozMDAwMDAwMDAwMDB9LCJzY2hlbWFfdmVyc2lvbiI6IjIifQ==",
          "dependencies": [
            "module.eks_secondary.module.eks.aws_security_group.cluster",
            "module.eks_secondary.module.eks.aws_security_group.node",
            "module.vpc_secondary.module.vpc.aws_vpc.this"
          ],
          "create_before_destroy": true
        },
        {
          "index_key": "ingress_cluster_kubelet",
          "schema_version": 2,
          "attributes": {
            "cidr_blocks": null,
            "description": "Cluster API to node kubelets",
            "from_port": 10250,
            "id": "sgrule-3086973129",
            "ipv6_cidr_blocks": null,
            "prefix_list_ids": [],
            "protocol": "tcp",
            "security_group_id": "sg-0c078e17253c6276d",
            "security_group_rule_id": "sgr-0458645278ac51c26",
            "self": false,
            "source_security_group_id": "sg-0062737a73385eb9f",
            "timeouts": null,
            "to_port": 10250,
            "type": "ingress"
          },
          "sensitive_attributes": [],
          "identity_schema_version": 0,
          "private": "eyJlMmJmYjczMC1lY2FhLTExZTYtOGY4OC0zNDM2M2JjN2M0YzAiOnsiY3JlYXRlIjozMDAwMDAwMDAwMDB9LCJzY2hlbWFfdmVyc2lvbiI6IjIifQ==",
          "dependencies": [
            "module.eks_secondary.module.eks.aws_security_group.cluster",
            "module.eks_secondary.module.eks.aws_security_group.node",
            "module.vpc_secondary.module.vpc.aws_vpc.this"
          ],
          "create_before_destroy": true
        },
        {
          "index_key": "ingress_istio_webhook",
          "schema_version": 2,
          "attributes": {
            "cidr_blocks": null,
            "description": "Allow API server to reach Istio webhook",
            "from_port": 15017,
            "id": "sgrule-3906825992",
            "ipv6_cidr_blocks": null,
            "prefix_list_ids": [],
            "protocol": "tcp",
            "security_group_id": "sg-0c078e17253c6276d",
            "security_group_rule_id": "sgr-0d01f1ffe19b2e9e3",
            "self": false,
            "source_security_group_id": "sg-0062737a73385eb9f",
            "timeouts": null,
            "to_port": 15017,
            "type": "ingress"
          },
          "sensitive_attributes": [],
          "identity_schema_version": 0,
          "private": "eyJlMmJmYjczMC1lY2FhLTExZTYtOGY4OC0zNDM2M2JjN2M0YzAiOnsiY3JlYXRlIjozMDAwMDAwMDAwMDB9LCJzY2hlbWFfdmVyc2lvbiI6IjIifQ==",
          "dependencies": [
            "module.eks_secondary.module.eks.aws_security_group.cluster",
            "module.eks_secondary.module.eks.aws_security_group.node",
            "module.vpc_secondary.module.vpc.aws_vpc.this"
          ],
          "create_before_destroy": true
        },
        {
          "index_key": "ingress_nodes_ephemeral",
          "schema_version": 2,
          "attributes": {
            "cidr_blocks": null,
            "description": "Node to node ingress on ephemeral ports",
            "from_port": 1025,
            "id": "sgrule-2533970182",
            "ipv6_cidr_blocks": null,
            "prefix_list_ids": [],
            "protocol": "tcp",
            "security_group_id": "sg-0c078e17253c6276d",
            "security_group_rule_id": "sgr-0cd5f6d93654190dd",
            "self": true,
            "source_security_group_id": null,
            "timeouts": null,
            "to_port": 65535,
            "type": "ingress"
          },
          "sensitive_attributes": [],
          "identity_schema_version": 0,
          "private": "eyJlMmJmYjczMC1lY2FhLTExZTYtOGY4OC0zNDM2M2JjN2M0YzAiOnsiY3JlYXRlIjozMDAwMDAwMDAwMDB9LCJzY2hlbWFfdmVyc2lvbiI6IjIifQ==",
          "dependencies": [
            "module.eks_secondary.module.eks.aws_security_group.cluster",
            "module.eks_secondary.module.eks.aws_security_group.node",
            "module.vpc_secondary.module.vpc.aws_vpc.this"
          ],
          "create_before_destroy": true
        },
        {
          "index_key": "ingress_self_coredns_tcp",
          "schema_version": 2,
          "attributes": {
            "cidr_blocks": null,
            "description": "Node to node CoreDNS",
            "from_port": 53,
            "id": "sgrule-4007337217",
            "ipv6_cidr_blocks": null,
            "prefix_list_ids": [],
            "protocol": "tcp",
            "security_group_id": "sg-0c078e17253c6276d",
            "security_group_rule_id": "sgr-0bc4bbd7351ab2644",
            "self": true,
            "source_security_group_id": null,
            "timeouts": null,
            "to_port": 53,
            "type": "ingress"
          },
          "sensitive_attributes": [],
          "identity_schema_version": 0,
          "private": "eyJlMmJmYjczMC1lY2FhLTExZTYtOGY4OC0zNDM2M2JjN2M0YzAiOnsiY3JlYXRlIjozMDAwMDAwMDAwMDB9LCJzY2hlbWFfdmVyc2lvbiI6IjIifQ==",
          "dependencies": [
            "module.eks_secondary.module.eks.aws_security_group.cluster",
            "module.eks_secondary.module.eks.aws_security_group.node",
            "module.vpc_secondary.module.vpc.aws_vpc.this"
          ],
          "create_before_destroy": true
        },
        {
          "index_key": "ingress_self_coredns_udp",
          "schema_version": 2,
          "attributes": {
            "cidr_blocks": null,
            "description": "Node to node CoreDNS UDP",
            "from_port": 53,
            "id": "sgrule-1250213614",
            "ipv6_cidr_blocks": null,
            "prefix_list_ids": [],
            "protocol": "udp",
            "security_group_id": "sg-0c078e17253c6276d",
            "security_group_rule_id": "sgr-0dc1164b7f78a5a84",
            "self": true,
            "source_security_group_id": null,
            "timeouts": null,
            "to_port": 53,
            "type": "ingress"
          },
          "sensitive_attributes": [],
          "identity_schema_version": 0,
          "private": "eyJlMmJmYjczMC1lY2FhLTExZTYtOGY4OC0zNDM2M2JjN2M0YzAiOnsiY3JlYXRlIjozMDAwMDAwMDAwMDB9LCJzY2hlbWFfdmVyc2lvbiI6IjIifQ==",
          "dependencies": [
            "module.eks_secondary.module.eks.aws_security_group.cluster",
            "module.eks_secondary.module.eks.aws_security_group.node",
            "module.vpc_secondary.module.vpc.aws_vpc.this"
          ],
          "create_before_destroy": true
        }
      ]
    },
    {
      "module": "module.eks_secondary.module.eks",
      "mode": "managed",
      "type": "time_sleep",
      "name": "this",
      "provider": "provider[\"registry.terraform.io/hashicorp/time\"]",
      "instances": [
        {
          "index_key": 0,
          "schema_version": 0,
          "attributes": {
            "create_duration": "30s",
            "destroy_duration": null,
            "id": "2026-06-02T12:36:06Z",
            "triggers": {
              "cluster_certificate_authority_data": "LS0tLS1CRUdJTiBDRVJUSUZJQ0FURS0tLS0tCk1JSURCVENDQWUyZ0F3SUJBZ0lJRUVOQ2tuZ3p4TEl3RFFZSktvWklodmNOQVFFTEJRQXdGVEVUTUJFR0ExVUUKQXhNS2EzVmlaWEp1WlhSbGN6QWVGdzB5TmpBMk1ESXhNakkyTlRWYUZ3MHpOakExTXpBeE1qTXhOVFZhTUJVeApFekFSQmdOVkJBTVRDbXQxWW1WeWJtVjBaWE13Z2dFaU1BMEdDU3FHU0liM0RRRUJBUVVBQTRJQkR3QXdnZ0VLCkFvSUJBUUMrakNVZjBWTUpQeHhQMnU3RFNCTWZSUTcrOEwvaTQ1Uk5oVW93Y3N4OXl1TXdJZ1dReC9janZ1dGQKYkVHLzVtTG5WbjZ5WE5VakVSMEltUFVKbUYySENEcWNjeE5tR1pHVm5lRUlWVHRGd2hXY2F1SThrNTlLSUVhRQp4M3I3VjhVR0ZYcTBDRlNYcExGRHYxVUhUeE1iU0NVc0JGOEw2ZFNtNUJhTUxlb2dyTjJTSnphV3hVK1dHNE1GCjR6aitWSnlZVFJaN2pDMm1Vdm1GR1hyWGU1MTU2ZjBOQWI1RTg2KzFpemJiclFQYzZ3NGNiNTBMTUdmUk0vaW0KYUFjeGxRMkNtSjVZaHhLajRjRzc1bllVcTJ5Z3B0Q1RDSVZHNHNDdVVjN0xmT3pDaXJJNlhhUlplTldkVGpLcgpRc1V0dUc1TC9yR3Y3OTF5TTloN0haVFQwMVdqQWdNQkFBR2pXVEJYTUE0R0ExVWREd0VCL3dRRUF3SUNwREFQCkJnTlZIUk1CQWY4RUJUQURBUUgvTUIwR0ExVWREZ1FXQkJTc3dyRWF3dEJDbE1qdG4xMDVxMjhhaVM5YktEQVYKQmdOVkhSRUVEakFNZ2dwcmRXSmxjbTVsZEdWek1BMEdDU3FHU0liM0RRRUJDd1VBQTRJQkFRQ2o4RWJkZDBYOQpFbFhKQkJqNDBUdndrOGY2U2R6RTV1VVQ3a3VjTVFSNXBNZlhPUS8weEVadGRNanZOYmlBeXF1Q2Vsa3ZnSjFFCnpoK3padWFZWWJGM1E3V01iTFFXcnJaZzdHSUhaRFlvanVnaW0zV3puekhHSkljdFZtQVdSWWFzZmxYMm9KZmQKcjBDNEdGWUFSdlErTDhwaGVtT1AzRlNDV1BVR3FnQklRNDM1U2pTVG83VXM5WFRkRUxrbTF2SHZIck1VOERZbApOaE8vcjVBdkpXTUJvd09qcU1iRHJ4dzg0aDk1ZngxUFBJNEp3OVdYeWptZVhubGplNDJUU01sU1p1V2tvUVNMCjVjTFdlTGF3VkF3d3ZreWlzQ045aUs4eDNWVmdiQTJtQ1dxd2RDekFZYWxWWktKSGJtZXFyREpoQWduRWZHOHMKSDY1VTA1MDIrMUQwCi0tLS0tRU5EIENFUlRJRklDQVRFLS0tLS0K",
              "cluster_endpoint": "https://E591C8E7617680C9A623D3C098212D1D.gr7.eu-west-1.eks.amazonaws.com",
              "cluster_name": "aerolink-dev-secondary-cluster",
              "cluster_service_cidr": "172.20.0.0/16",
              "cluster_version": "1.30"
            }
          },
          "sensitive_attributes": [],
          "identity_schema_version": 0,
          "dependencies": [
            "module.eks_secondary.module.eks.aws_cloudwatch_log_group.this",
            "module.eks_secondary.module.eks.aws_eks_cluster.this",
            "module.eks_secondary.module.eks.aws_iam_policy.cni_ipv6_policy",
            "module.eks_secondary.module.eks.aws_iam_role.eks_auto",
            "module.eks_secondary.module.eks.aws_iam_role.this",
            "module.eks_secondary.module.eks.aws_iam_role_policy_attachment.this",
            "module.eks_secondary.module.eks.aws_security_group.cluster",
            "module.eks_secondary.module.eks.aws_security_group.node",
            "module.eks_secondary.module.eks.aws_security_group_rule.cluster",
            "module.eks_secondary.module.eks.aws_security_group_rule.node",
            "module.eks_secondary.module.eks.data.aws_caller_identity.current",
            "module.eks_secondary.module.eks.data.aws_iam_policy_document.assume_role_policy",
            "module.eks_secondary.module.eks.data.aws_iam_policy_document.cni_ipv6_policy",
            "module.eks_secondary.module.eks.data.aws_iam_policy_document.node_assume_role_policy",
            "module.eks_secondary.module.eks.data.aws_iam_session_context.current",
            "module.eks_secondary.module.eks.data.aws_partition.current",
            "module.eks_secondary.module.eks.module.kms.aws_kms_external_key.this",
            "module.eks_secondary.module.eks.module.kms.aws_kms_key.this",
            "module.eks_secondary.module.eks.module.kms.aws_kms_replica_external_key.this",
            "module.eks_secondary.module.eks.module.kms.aws_kms_replica_key.this",
            "module.eks_secondary.module.eks.module.kms.data.aws_caller_identity.current",
            "module.eks_secondary.module.eks.module.kms.data.aws_iam_policy_document.this",
            "module.eks_secondary.module.eks.module.kms.data.aws_partition.current",
            "module.vpc_secondary.data.aws_availability_zones.available",
            "module.vpc_secondary.module.vpc.aws_subnet.private",
            "module.vpc_secondary.module.vpc.aws_vpc.this",
            "module.vpc_secondary.module.vpc.aws_vpc_ipv4_cidr_block_association.this"
          ],
          "create_before_destroy": true
        }
      ]
    },
    {
      "module": "module.eks_secondary.module.eks.module.eks_managed_node_group[\"spot_nodes\"]",
      "mode": "data",
      "type": "aws_caller_identity",
      "name": "current",
      "provider": "provider[\"registry.terraform.io/hashicorp/aws\"].secondary",
      "instances": [
        {
          "schema_version": 0,
          "attributes": {
            "account_id": "643942183295",
            "arn": "arn:aws:iam::643942183295:user/AeroLink-Admin",
            "id": "643942183295",
            "user_id": "AIDAZL3PR6F7VCE32XCQY"
          },
          "sensitive_attributes": [],
          "identity_schema_version": 0
        }
      ]
    },
    {
      "module": "module.eks_secondary.module.eks.module.eks_managed_node_group[\"spot_nodes\"]",
      "mode": "data",
      "type": "aws_iam_policy_document",
      "name": "assume_role_policy",
      "provider": "provider[\"registry.terraform.io/hashicorp/aws\"].secondary",
      "instances": [
        {
          "index_key": 0,
          "schema_version": 0,
          "attributes": {
            "id": "2560088296",
            "json": "{\n  \"Version\": \"2012-10-17\",\n  \"Statement\": [\n    {\n      \"Sid\": \"EKSNodeAssumeRole\",\n      \"Effect\": \"Allow\",\n      \"Action\": \"sts:AssumeRole\",\n      \"Principal\": {\n        \"Service\": \"ec2.amazonaws.com\"\n      }\n    }\n  ]\n}",
            "minified_json": "{\"Version\":\"2012-10-17\",\"Statement\":[{\"Sid\":\"EKSNodeAssumeRole\",\"Effect\":\"Allow\",\"Action\":\"sts:AssumeRole\",\"Principal\":{\"Service\":\"ec2.amazonaws.com\"}}]}",
            "override_json": null,
            "override_policy_documents": null,
            "policy_id": null,
            "source_json": null,
            "source_policy_documents": null,
            "statement": [
              {
                "actions": [
                  "sts:AssumeRole"
                ],
                "condition": [],
                "effect": "Allow",
                "not_actions": [],
                "not_principals": [],
                "not_resources": [],
                "principals": [
                  {
                    "identifiers": [
                      "ec2.amazonaws.com"
                    ],
                    "type": "Service"
                  }
                ],
                "resources": [],
                "sid": "EKSNodeAssumeRole"
              }
            ],
            "version": "2012-10-17"
          },
          "sensitive_attributes": [],
          "identity_schema_version": 0
        }
      ]
    },
    {
      "module": "module.eks_secondary.module.eks.module.eks_managed_node_group[\"spot_nodes\"]",
      "mode": "data",
      "type": "aws_partition",
      "name": "current",
      "provider": "provider[\"registry.terraform.io/hashicorp/aws\"].secondary",
      "instances": [
        {
          "schema_version": 0,
          "attributes": {
            "dns_suffix": "amazonaws.com",
            "id": "aws",
            "partition": "aws",
            "reverse_dns_prefix": "com.amazonaws"
          },
          "sensitive_attributes": [],
          "identity_schema_version": 0
        }
      ]
    },
    {
      "module": "module.eks_secondary.module.eks.module.eks_managed_node_group[\"spot_nodes\"]",
      "mode": "managed",
      "type": "aws_eks_node_group",
      "name": "this",
      "provider": "provider[\"registry.terraform.io/hashicorp/aws\"].secondary",
      "instances": [
        {
          "index_key": 0,
          "schema_version": 0,
          "attributes": {
            "ami_type": "AL2023_x86_64_STANDARD",
            "arn": "arn:aws:eks:eu-west-1:643942183295:nodegroup/aerolink-dev-secondary-cluster/spot_nodes-20260602123614318100000013/b4cf442a-d259-d60a-8b4e-849a49135996",
            "capacity_type": "SPOT",
            "cluster_name": "aerolink-dev-secondary-cluster",
            "disk_size": 0,
            "force_update_version": null,
            "id": "aerolink-dev-secondary-cluster:spot_nodes-20260602123614318100000013",
            "instance_types": [
              "t3.large"
            ],
            "labels": null,
            "launch_template": [
              {
                "id": "lt-0a5a685071e98544c",
                "name": "spot_nodes-20260602123607007400000011",
                "version": "1"
              }
            ],
            "node_group_name": "spot_nodes-20260602123614318100000013",
            "node_group_name_prefix": "spot_nodes-",
            "node_repair_config": [],
            "node_role_arn": "arn:aws:iam::643942183295:role/spot_nodes-eks-node-group-20260602122645331600000001",
            "release_version": "1.30.14-20260527",
            "remote_access": [],
            "resources": [
              {
                "autoscaling_groups": [
                  {
                    "name": "eks-spot_nodes-20260602123614318100000013-b4cf442a-d259-d60a-8b4e-849a49135996"
                  }
                ],
                "remote_access_security_group_id": ""
              }
            ],
            "scaling_config": [
              {
                "desired_size": 3,
                "max_size": 5,
                "min_size": 2
              }
            ],
            "status": "ACTIVE",
            "subnet_ids": [
              "subnet-07175ac1a3eff7c58",
              "subnet-095290b957541c16c"
            ],
            "tags": {
              "Name": "spot_nodes"
            },
            "tags_all": {
              "Name": "spot_nodes"
            },
            "taint": [],
            "timeouts": {
              "create": null,
              "delete": null,
              "update": null
            },
            "update_config": [
              {
                "max_unavailable": 0,
                "max_unavailable_percentage": 33
              }
            ],
            "version": "1.30"
          },
          "sensitive_attributes": [],
          "identity_schema_version": 0,
          "private": "eyJlMmJmYjczMC1lY2FhLTExZTYtOGY4OC0zNDM2M2JjN2M0YzAiOnsiY3JlYXRlIjozNjAwMDAwMDAwMDAwLCJkZWxldGUiOjM2MDAwMDAwMDAwMDAsInVwZGF0ZSI6MzYwMDAwMDAwMDAwMH19",
          "dependencies": [
            "module.eks_secondary.module.eks.aws_cloudwatch_log_group.this",
            "module.eks_secondary.module.eks.aws_eks_cluster.this",
            "module.eks_secondary.module.eks.aws_iam_policy.cni_ipv6_policy",
            "module.eks_secondary.module.eks.aws_iam_role.eks_auto",
            "module.eks_secondary.module.eks.aws_iam_role.this",
            "module.eks_secondary.module.eks.aws_iam_role_policy_attachment.this",
            "module.eks_secondary.module.eks.aws_security_group.cluster",
            "module.eks_secondary.module.eks.aws_security_group.node",
            "module.eks_secondary.module.eks.aws_security_group_rule.cluster",
            "module.eks_secondary.module.eks.aws_security_group_rule.node",
            "module.eks_secondary.module.eks.data.aws_caller_identity.current",
            "module.eks_secondary.module.eks.data.aws_iam_policy_document.assume_role_policy",
            "module.eks_secondary.module.eks.data.aws_iam_policy_document.cni_ipv6_policy",
            "module.eks_secondary.module.eks.data.aws_iam_policy_document.node_assume_role_policy",
            "module.eks_secondary.module.eks.data.aws_iam_session_context.current",
            "module.eks_secondary.module.eks.data.aws_partition.current",
            "module.eks_secondary.module.eks.module.eks_managed_node_group.aws_iam_role.this",
            "module.eks_secondary.module.eks.module.eks_managed_node_group.aws_iam_role_policy_attachment.additional",
            "module.eks_secondary.module.eks.module.eks_managed_node_group.aws_iam_role_policy_attachment.this",
            "module.eks_secondary.module.eks.module.eks_managed_node_group.aws_launch_template.this",
            "module.eks_secondary.module.eks.module.eks_managed_node_group.aws_placement_group.this",
            "module.eks_secondary.module.eks.module.eks_managed_node_group.data.aws_caller_identity.current",
            "module.eks_secondary.module.eks.module.eks_managed_node_group.data.aws_ec2_instance_type.this",
            "module.eks_secondary.module.eks.module.eks_managed_node_group.data.aws_ec2_instance_type_offerings.this",
            "module.eks_secondary.module.eks.module.eks_managed_node_group.data.aws_iam_policy_document.assume_role_policy",
            "module.eks_secondary.module.eks.module.eks_managed_node_group.data.aws_partition.current",
            "module.eks_secondary.module.eks.module.eks_managed_node_group.data.aws_ssm_parameter.ami",
            "module.eks_secondary.module.eks.module.eks_managed_node_group.data.aws_subnets.placement_group",
            "module.eks_secondary.module.eks.module.eks_managed_node_group.module.user_data.data.cloudinit_config.al2023_eks_managed_node_group",
            "module.eks_secondary.module.eks.module.eks_managed_node_group.module.user_data.data.cloudinit_config.linux_eks_managed_node_group",
            "module.eks_secondary.module.eks.module.kms.aws_kms_external_key.this",
            "module.eks_secondary.module.eks.module.kms.aws_kms_key.this",
            "module.eks_secondary.module.eks.module.kms.aws_kms_replica_external_key.this",
            "module.eks_secondary.module.eks.module.kms.aws_kms_replica_key.this",
            "module.eks_secondary.module.eks.module.kms.data.aws_caller_identity.current",
            "module.eks_secondary.module.eks.module.kms.data.aws_iam_policy_document.this",
            "module.eks_secondary.module.eks.module.kms.data.aws_partition.current",
            "module.eks_secondary.module.eks.time_sleep.this",
            "module.vpc_secondary.data.aws_availability_zones.available",
            "module.vpc_secondary.module.vpc.aws_subnet.private",
            "module.vpc_secondary.module.vpc.aws_vpc.this",
            "module.vpc_secondary.module.vpc.aws_vpc_ipv4_cidr_block_association.this"
          ],
          "create_before_destroy": true
        }
      ]
    },
    {
      "module": "module.eks_secondary.module.eks.module.eks_managed_node_group[\"spot_nodes\"]",
      "mode": "managed",
      "type": "aws_iam_role",
      "name": "this",
      "provider": "provider[\"registry.terraform.io/hashicorp/aws\"].secondary",
      "instances": [
        {
          "index_key": 0,
          "schema_version": 0,
          "attributes": {
            "arn": "arn:aws:iam::643942183295:role/spot_nodes-eks-node-group-20260602122645331600000001",
            "assume_role_policy": "{\"Statement\":[{\"Action\":\"sts:AssumeRole\",\"Effect\":\"Allow\",\"Principal\":{\"Service\":\"ec2.amazonaws.com\"},\"Sid\":\"EKSNodeAssumeRole\"}],\"Version\":\"2012-10-17\"}",
            "create_date": "2026-06-02T12:26:46Z",
            "description": "EKS managed node group IAM role",
            "force_detach_policies": true,
            "id": "spot_nodes-eks-node-group-20260602122645331600000001",
            "inline_policy": [],
            "managed_policy_arns": [],
            "max_session_duration": 3600,
            "name": "spot_nodes-eks-node-group-20260602122645331600000001",
            "name_prefix": "spot_nodes-eks-node-group-",
            "path": "/",
            "permissions_boundary": "",
            "tags": null,
            "tags_all": {},
            "unique_id": "AROAZL3PR6F7UOG6WVWVH"
          },
          "sensitive_attributes": [],
          "identity_schema_version": 0,
          "private": "bnVsbA==",
          "dependencies": [
            "module.eks_secondary.module.eks.module.eks_managed_node_group.data.aws_iam_policy_document.assume_role_policy"
          ],
          "create_before_destroy": true
        }
      ]
    },
    {
      "module": "module.eks_secondary.module.eks.module.eks_managed_node_group[\"spot_nodes\"]",
      "mode": "managed",
      "type": "aws_iam_role_policy_attachment",
      "name": "additional",
      "provider": "provider[\"registry.terraform.io/hashicorp/aws\"].secondary",
      "instances": [
        {
          "index_key": "AdministratorAccess",
          "schema_version": 0,
          "attributes": {
            "id": "spot_nodes-eks-node-group-20260602122645331600000001-20260602122649455700000002",
            "policy_arn": "arn:aws:iam::aws:policy/AdministratorAccess",
            "role": "spot_nodes-eks-node-group-20260602122645331600000001"
          },
          "sensitive_attributes": [],
          "identity_schema_version": 0,
          "private": "bnVsbA==",
          "dependencies": [
            "module.eks_secondary.module.eks.module.eks_managed_node_group.aws_iam_role.this",
            "module.eks_secondary.module.eks.module.eks_managed_node_group.data.aws_iam_policy_document.assume_role_policy"
          ],
          "create_before_destroy": true
        }
      ]
    },
    {
      "module": "module.eks_secondary.module.eks.module.eks_managed_node_group[\"spot_nodes\"]",
      "mode": "managed",
      "type": "aws_iam_role_policy_attachment",
      "name": "this",
      "provider": "provider[\"registry.terraform.io/hashicorp/aws\"].secondary",
      "instances": [
        {
          "index_key": "AmazonEC2ContainerRegistryReadOnly",
          "schema_version": 0,
          "attributes": {
            "id": "spot_nodes-eks-node-group-20260602122645331600000001-20260602122649805200000005",
            "policy_arn": "arn:aws:iam::aws:policy/AmazonEC2ContainerRegistryReadOnly",
            "role": "spot_nodes-eks-node-group-20260602122645331600000001"
          },
          "sensitive_attributes": [],
          "identity_schema_version": 0,
          "private": "bnVsbA==",
          "dependencies": [
            "module.eks_secondary.module.eks.module.eks_managed_node_group.aws_iam_role.this",
            "module.eks_secondary.module.eks.module.eks_managed_node_group.data.aws_caller_identity.current",
            "module.eks_secondary.module.eks.module.eks_managed_node_group.data.aws_iam_policy_document.assume_role_policy",
            "module.eks_secondary.module.eks.module.eks_managed_node_group.data.aws_partition.current"
          ],
          "create_before_destroy": true
        },
        {
          "index_key": "AmazonEKSWorkerNodePolicy",
          "schema_version": 0,
          "attributes": {
            "id": "spot_nodes-eks-node-group-20260602122645331600000001-20260602122649525000000003",
            "policy_arn": "arn:aws:iam::aws:policy/AmazonEKSWorkerNodePolicy",
            "role": "spot_nodes-eks-node-group-20260602122645331600000001"
          },
          "sensitive_attributes": [],
          "identity_schema_version": 0,
          "private": "bnVsbA==",
          "dependencies": [
            "module.eks_secondary.module.eks.module.eks_managed_node_group.aws_iam_role.this",
            "module.eks_secondary.module.eks.module.eks_managed_node_group.data.aws_caller_identity.current",
            "module.eks_secondary.module.eks.module.eks_managed_node_group.data.aws_iam_policy_document.assume_role_policy",
            "module.eks_secondary.module.eks.module.eks_managed_node_group.data.aws_partition.current"
          ],
          "create_before_destroy": true
        },
        {
          "index_key": "AmazonEKS_CNI_Policy",
          "schema_version": 0,
          "attributes": {
            "id": "spot_nodes-eks-node-group-20260602122645331600000001-20260602122649525500000004",
            "policy_arn": "arn:aws:iam::aws:policy/AmazonEKS_CNI_Policy",
            "role": "spot_nodes-eks-node-group-20260602122645331600000001"
          },
          "sensitive_attributes": [],
          "identity_schema_version": 0,
          "private": "bnVsbA==",
          "dependencies": [
            "module.eks_secondary.module.eks.module.eks_managed_node_group.aws_iam_role.this",
            "module.eks_secondary.module.eks.module.eks_managed_node_group.data.aws_caller_identity.current",
            "module.eks_secondary.module.eks.module.eks_managed_node_group.data.aws_iam_policy_document.assume_role_policy",
            "module.eks_secondary.module.eks.module.eks_managed_node_group.data.aws_partition.current"
          ],
          "create_before_destroy": true
        }
      ]
    },
    {
      "module": "module.eks_secondary.module.eks.module.eks_managed_node_group[\"spot_nodes\"]",
      "mode": "managed",
      "type": "aws_launch_template",
      "name": "this",
      "provider": "provider[\"registry.terraform.io/hashicorp/aws\"].secondary",
      "instances": [
        {
          "index_key": 0,
          "schema_version": 0,
          "attributes": {
            "arn": "arn:aws:ec2:eu-west-1:643942183295:launch-template/lt-0a5a685071e98544c",
            "block_device_mappings": [],
            "capacity_reservation_specification": [],
            "cpu_options": [],
            "credit_specification": [],
            "default_version": 1,
            "description": "Custom launch template for spot_nodes EKS managed node group",
            "disable_api_stop": false,
            "disable_api_termination": false,
            "ebs_optimized": "",
            "elastic_gpu_specifications": [],
            "elastic_inference_accelerator": [],
            "enclave_options": [],
            "hibernation_options": [],
            "iam_instance_profile": [],
            "id": "lt-0a5a685071e98544c",
            "image_id": "",
            "instance_initiated_shutdown_behavior": "",
            "instance_market_options": [],
            "instance_requirements": [],
            "instance_type": "",
            "kernel_id": "",
            "key_name": "",
            "latest_version": 1,
            "license_specification": [],
            "maintenance_options": [],
            "metadata_options": [
              {
                "http_endpoint": "enabled",
                "http_protocol_ipv6": "",
                "http_put_response_hop_limit": 2,
                "http_tokens": "required",
                "instance_metadata_tags": ""
              }
            ],
            "monitoring": [
              {
                "enabled": true
              }
            ],
            "name": "spot_nodes-20260602123607007400000011",
            "name_prefix": "spot_nodes-",
            "network_interfaces": [],
            "placement": [],
            "private_dns_name_options": [],
            "ram_disk_id": "",
            "security_group_names": null,
            "tag_specifications": [
              {
                "resource_type": "instance",
                "tags": {
                  "Name": "spot_nodes"
                }
              },
              {
                "resource_type": "network-interface",
                "tags": {
                  "Name": "spot_nodes"
                }
              },
              {
                "resource_type": "volume",
                "tags": {
                  "Name": "spot_nodes"
                }
              }
            ],
            "tags": null,
            "tags_all": {},
            "update_default_version": true,
            "user_data": "",
            "vpc_security_group_ids": [
              "sg-0c078e17253c6276d"
            ]
          },
          "sensitive_attributes": [],
          "identity_schema_version": 0,
          "private": "bnVsbA==",
          "dependencies": [
            "module.eks_secondary.module.eks.aws_cloudwatch_log_group.this",
            "module.eks_secondary.module.eks.aws_eks_cluster.this",
            "module.eks_secondary.module.eks.aws_iam_policy.cni_ipv6_policy",
            "module.eks_secondary.module.eks.aws_iam_role.eks_auto",
            "module.eks_secondary.module.eks.aws_iam_role.this",
            "module.eks_secondary.module.eks.aws_iam_role_policy_attachment.this",
            "module.eks_secondary.module.eks.aws_security_group.cluster",
            "module.eks_secondary.module.eks.aws_security_group.node",
            "module.eks_secondary.module.eks.aws_security_group_rule.cluster",
            "module.eks_secondary.module.eks.aws_security_group_rule.node",
            "module.eks_secondary.module.eks.data.aws_caller_identity.current",
            "module.eks_secondary.module.eks.data.aws_iam_policy_document.assume_role_policy",
            "module.eks_secondary.module.eks.data.aws_iam_policy_document.cni_ipv6_policy",
            "module.eks_secondary.module.eks.data.aws_iam_policy_document.node_assume_role_policy",
            "module.eks_secondary.module.eks.data.aws_iam_session_context.current",
            "module.eks_secondary.module.eks.data.aws_partition.current",
            "module.eks_secondary.module.eks.module.eks_managed_node_group.aws_iam_role.this",
            "module.eks_secondary.module.eks.module.eks_managed_node_group.aws_iam_role_policy_attachment.additional",
            "module.eks_secondary.module.eks.module.eks_managed_node_group.aws_iam_role_policy_attachment.this",
            "module.eks_secondary.module.eks.module.eks_managed_node_group.aws_placement_group.this",
            "module.eks_secondary.module.eks.module.eks_managed_node_group.data.aws_caller_identity.current",
            "module.eks_secondary.module.eks.module.eks_managed_node_group.data.aws_ec2_instance_type.this",
            "module.eks_secondary.module.eks.module.eks_managed_node_group.data.aws_iam_policy_document.assume_role_policy",
            "module.eks_secondary.module.eks.module.eks_managed_node_group.data.aws_partition.current",
            "module.eks_secondary.module.eks.module.eks_managed_node_group.module.user_data.data.cloudinit_config.al2023_eks_managed_node_group",
            "module.eks_secondary.module.eks.module.eks_managed_node_group.module.user_data.data.cloudinit_config.linux_eks_managed_node_group",
            "module.eks_secondary.module.eks.module.kms.aws_kms_external_key.this",
            "module.eks_secondary.module.eks.module.kms.aws_kms_key.this",
            "module.eks_secondary.module.eks.module.kms.aws_kms_replica_external_key.this",
            "module.eks_secondary.module.eks.module.kms.aws_kms_replica_key.this",
            "module.eks_secondary.module.eks.module.kms.data.aws_caller_identity.current",
            "module.eks_secondary.module.eks.module.kms.data.aws_iam_policy_document.this",
            "module.eks_secondary.module.eks.module.kms.data.aws_partition.current",
            "module.eks_secondary.module.eks.time_sleep.this",
            "module.vpc_secondary.data.aws_availability_zones.available",
            "module.vpc_secondary.module.vpc.aws_subnet.private",
            "module.vpc_secondary.module.vpc.aws_vpc.this",
            "module.vpc_secondary.module.vpc.aws_vpc_ipv4_cidr_block_association.this"
          ],
          "create_before_destroy": true
        }
      ]
    },
    {
      "module": "module.eks_secondary.module.eks.module.eks_managed_node_group[\"spot_nodes\"].module.user_data",
      "mode": "managed",
      "type": "null_resource",
      "name": "validate_cluster_service_cidr",
      "provider": "provider[\"registry.terraform.io/hashicorp/null\"]",
      "instances": [
        {
          "schema_version": 0,
          "attributes": {
            "id": "2218264365768202715",
            "triggers": null
          },
          "sensitive_attributes": [],
          "identity_schema_version": 0,
          "dependencies": [
            "module.eks_secondary.module.eks.aws_cloudwatch_log_group.this",
            "module.eks_secondary.module.eks.aws_eks_cluster.this",
            "module.eks_secondary.module.eks.aws_iam_policy.cni_ipv6_policy",
            "module.eks_secondary.module.eks.aws_iam_role.eks_auto",
            "module.eks_secondary.module.eks.aws_iam_role.this",
            "module.eks_secondary.module.eks.aws_iam_role_policy_attachment.this",
            "module.eks_secondary.module.eks.aws_security_group.cluster",
            "module.eks_secondary.module.eks.aws_security_group.node",
            "module.eks_secondary.module.eks.aws_security_group_rule.cluster",
            "module.eks_secondary.module.eks.aws_security_group_rule.node",
            "module.eks_secondary.module.eks.data.aws_caller_identity.current",
            "module.eks_secondary.module.eks.data.aws_iam_policy_document.assume_role_policy",
            "module.eks_secondary.module.eks.data.aws_iam_policy_document.cni_ipv6_policy",
            "module.eks_secondary.module.eks.data.aws_iam_policy_document.node_assume_role_policy",
            "module.eks_secondary.module.eks.data.aws_iam_session_context.current",
            "module.eks_secondary.module.eks.data.aws_partition.current",
            "module.eks_secondary.module.eks.module.kms.aws_kms_external_key.this",
            "module.eks_secondary.module.eks.module.kms.aws_kms_key.this",
            "module.eks_secondary.module.eks.module.kms.aws_kms_replica_external_key.this",
            "module.eks_secondary.module.eks.module.kms.aws_kms_replica_key.this",
            "module.eks_secondary.module.eks.module.kms.data.aws_caller_identity.current",
            "module.eks_secondary.module.eks.module.kms.data.aws_iam_policy_document.this",
            "module.eks_secondary.module.eks.module.kms.data.aws_partition.current",
            "module.eks_secondary.module.eks.time_sleep.this",
            "module.vpc_secondary.data.aws_availability_zones.available",
            "module.vpc_secondary.module.vpc.aws_subnet.private",
            "module.vpc_secondary.module.vpc.aws_vpc.this",
            "module.vpc_secondary.module.vpc.aws_vpc_ipv4_cidr_block_association.this"
          ]
        }
      ]
    },
    {
      "module": "module.eks_secondary.module.eks.module.kms",
      "mode": "data",
      "type": "aws_caller_identity",
      "name": "current",
      "provider": "provider[\"registry.terraform.io/hashicorp/aws\"].secondary",
      "instances": [
        {
          "index_key": 0,
          "schema_version": 0,
          "attributes": {
            "account_id": "643942183295",
            "arn": "arn:aws:iam::643942183295:user/AeroLink-Admin",
            "id": "643942183295",
            "user_id": "AIDAZL3PR6F7VCE32XCQY"
          },
          "sensitive_attributes": [],
          "identity_schema_version": 0
        }
      ]
    },
    {
      "module": "module.eks_secondary.module.eks.module.kms",
      "mode": "data",
      "type": "aws_iam_policy_document",
      "name": "this",
      "provider": "provider[\"registry.terraform.io/hashicorp/aws\"].secondary",
      "instances": [
        {
          "index_key": 0,
          "schema_version": 0,
          "attributes": {
            "id": "3186350771",
            "json": "{\n  \"Version\": \"2012-10-17\",\n  \"Statement\": [\n    {\n      \"Sid\": \"Default\",\n      \"Effect\": \"Allow\",\n      \"Action\": \"kms:*\",\n      \"Resource\": \"*\",\n      \"Principal\": {\n        \"AWS\": \"arn:aws:iam::643942183295:root\"\n      }\n    },\n    {\n      \"Sid\": \"KeyAdministration\",\n      \"Effect\": \"Allow\",\n      \"Action\": [\n        \"kms:Update*\",\n        \"kms:UntagResource\",\n        \"kms:TagResource\",\n        \"kms:ScheduleKeyDeletion\",\n        \"kms:Revoke*\",\n        \"kms:ReplicateKey\",\n        \"kms:Put*\",\n        \"kms:List*\",\n        \"kms:ImportKeyMaterial\",\n        \"kms:Get*\",\n        \"kms:Enable*\",\n        \"kms:Disable*\",\n        \"kms:Describe*\",\n        \"kms:Delete*\",\n        \"kms:Create*\",\n        \"kms:CancelKeyDeletion\"\n      ],\n      \"Resource\": \"*\",\n      \"Principal\": {\n        \"AWS\": \"arn:aws:iam::643942183295:user/AeroLink-Admin\"\n      }\n    },\n    {\n      \"Sid\": \"KeyUsage\",\n      \"Effect\": \"Allow\",\n      \"Action\": [\n        \"kms:ReEncrypt*\",\n        \"kms:GenerateDataKey*\",\n        \"kms:Encrypt\",\n        \"kms:DescribeKey\",\n        \"kms:Decrypt\"\n      ],\n      \"Resource\": \"*\",\n      \"Principal\": {\n        \"AWS\": \"arn:aws:iam::643942183295:role/aerolink-dev-secondary-cluster-cluster\"\n      }\n    }\n  ]\n}",
            "minified_json": "{\"Version\":\"2012-10-17\",\"Statement\":[{\"Sid\":\"Default\",\"Effect\":\"Allow\",\"Action\":\"kms:*\",\"Resource\":\"*\",\"Principal\":{\"AWS\":\"arn:aws:iam::643942183295:root\"}},{\"Sid\":\"KeyAdministration\",\"Effect\":\"Allow\",\"Action\":[\"kms:Update*\",\"kms:UntagResource\",\"kms:TagResource\",\"kms:ScheduleKeyDeletion\",\"kms:Revoke*\",\"kms:ReplicateKey\",\"kms:Put*\",\"kms:List*\",\"kms:ImportKeyMaterial\",\"kms:Get*\",\"kms:Enable*\",\"kms:Disable*\",\"kms:Describe*\",\"kms:Delete*\",\"kms:Create*\",\"kms:CancelKeyDeletion\"],\"Resource\":\"*\",\"Principal\":{\"AWS\":\"arn:aws:iam::643942183295:user/AeroLink-Admin\"}},{\"Sid\":\"KeyUsage\",\"Effect\":\"Allow\",\"Action\":[\"kms:ReEncrypt*\",\"kms:GenerateDataKey*\",\"kms:Encrypt\",\"kms:DescribeKey\",\"kms:Decrypt\"],\"Resource\":\"*\",\"Principal\":{\"AWS\":\"arn:aws:iam::643942183295:role/aerolink-dev-secondary-cluster-cluster\"}}]}",
            "override_json": null,
            "override_policy_documents": null,
            "policy_id": null,
            "source_json": null,
            "source_policy_documents": null,
            "statement": [
              {
                "actions": [
                  "kms:*"
                ],
                "condition": [],
                "effect": "Allow",
                "not_actions": [],
                "not_principals": [],
                "not_resources": [],
                "principals": [
                  {
                    "identifiers": [
                      "arn:aws:iam::643942183295:root"
                    ],
                    "type": "AWS"
                  }
                ],
                "resources": [
                  "*"
                ],
                "sid": "Default"
              },
              {
                "actions": [
                  "kms:CancelKeyDeletion",
                  "kms:Create*",
                  "kms:Delete*",
                  "kms:Describe*",
                  "kms:Disable*",
                  "kms:Enable*",
                  "kms:Get*",
                  "kms:ImportKeyMaterial",
                  "kms:List*",
                  "kms:Put*",
                  "kms:ReplicateKey",
                  "kms:Revoke*",
                  "kms:ScheduleKeyDeletion",
                  "kms:TagResource",
                  "kms:UntagResource",
                  "kms:Update*"
                ],
                "condition": [],
                "effect": "Allow",
                "not_actions": [],
                "not_principals": [],
                "not_resources": [],
                "principals": [
                  {
                    "identifiers": [
                      "arn:aws:iam::643942183295:user/AeroLink-Admin"
                    ],
                    "type": "AWS"
                  }
                ],
                "resources": [
                  "*"
                ],
                "sid": "KeyAdministration"
              },
              {
                "actions": [
                  "kms:Decrypt",
                  "kms:DescribeKey",
                  "kms:Encrypt",
                  "kms:GenerateDataKey*",
                  "kms:ReEncrypt*"
                ],
                "condition": [],
                "effect": "Allow",
                "not_actions": [],
                "not_principals": [],
                "not_resources": [],
                "principals": [
                  {
                    "identifiers": [
                      "arn:aws:iam::643942183295:role/aerolink-dev-secondary-cluster-cluster"
                    ],
                    "type": "AWS"
                  }
                ],
                "resources": [
                  "*"
                ],
                "sid": "KeyUsage"
              }
            ],
            "version": "2012-10-17"
          },
          "sensitive_attributes": [],
          "identity_schema_version": 0
        }
      ]
    },
    {
      "module": "module.eks_secondary.module.eks.module.kms",
      "mode": "data",
      "type": "aws_partition",
      "name": "current",
      "provider": "provider[\"registry.terraform.io/hashicorp/aws\"].secondary",
      "instances": [
        {
          "index_key": 0,
          "schema_version": 0,
          "attributes": {
            "dns_suffix": "amazonaws.com",
            "id": "aws",
            "partition": "aws",
            "reverse_dns_prefix": "com.amazonaws"
          },
          "sensitive_attributes": [],
          "identity_schema_version": 0
        }
      ]
    },
    {
      "module": "module.eks_secondary.module.eks.module.kms",
      "mode": "managed",
      "type": "aws_kms_alias",
      "name": "this",
      "provider": "provider[\"registry.terraform.io/hashicorp/aws\"].secondary",
      "instances": [
        {
          "index_key": "cluster",
          "schema_version": 0,
          "attributes": {
            "arn": "arn:aws:kms:eu-west-1:643942183295:alias/eks/aerolink-dev-secondary-cluster",
            "id": "alias/eks/aerolink-dev-secondary-cluster",
            "name": "alias/eks/aerolink-dev-secondary-cluster",
            "name_prefix": "",
            "target_key_arn": "arn:aws:kms:eu-west-1:643942183295:key/a44fe376-90cd-4c2c-91db-7fc501111d36",
            "target_key_id": "a44fe376-90cd-4c2c-91db-7fc501111d36"
          },
          "sensitive_attributes": [],
          "identity_schema_version": 0,
          "private": "bnVsbA==",
          "dependencies": [
            "module.eks_secondary.module.eks.aws_iam_role.this",
            "module.eks_secondary.module.eks.data.aws_caller_identity.current",
            "module.eks_secondary.module.eks.data.aws_iam_policy_document.assume_role_policy",
            "module.eks_secondary.module.eks.data.aws_iam_session_context.current",
            "module.eks_secondary.module.eks.module.kms.aws_kms_external_key.this",
            "module.eks_secondary.module.eks.module.kms.aws_kms_key.this",
            "module.eks_secondary.module.eks.module.kms.aws_kms_replica_external_key.this",
            "module.eks_secondary.module.eks.module.kms.aws_kms_replica_key.this",
            "module.eks_secondary.module.eks.module.kms.data.aws_caller_identity.current",
            "module.eks_secondary.module.eks.module.kms.data.aws_iam_policy_document.this",
            "module.eks_secondary.module.eks.module.kms.data.aws_partition.current"
          ]
        }
      ]
    },
    {
      "module": "module.eks_secondary.module.eks.module.kms",
      "mode": "managed",
      "type": "aws_kms_key",
      "name": "this",
      "provider": "provider[\"registry.terraform.io/hashicorp/aws\"].secondary",
      "instances": [
        {
          "index_key": 0,
          "schema_version": 0,
          "attributes": {
            "arn": "arn:aws:kms:eu-west-1:643942183295:key/a44fe376-90cd-4c2c-91db-7fc501111d36",
            "bypass_policy_lockout_safety_check": false,
            "custom_key_store_id": "",
            "customer_master_key_spec": "SYMMETRIC_DEFAULT",
            "deletion_window_in_days": null,
            "description": "aerolink-dev-secondary-cluster cluster encryption key",
            "enable_key_rotation": true,
            "id": "a44fe376-90cd-4c2c-91db-7fc501111d36",
            "is_enabled": true,
            "key_id": "a44fe376-90cd-4c2c-91db-7fc501111d36",
            "key_usage": "ENCRYPT_DECRYPT",
            "multi_region": false,
            "policy": "{\"Statement\":[{\"Action\":\"kms:*\",\"Effect\":\"Allow\",\"Principal\":{\"AWS\":\"arn:aws:iam::643942183295:root\"},\"Resource\":\"*\",\"Sid\":\"Default\"},{\"Action\":[\"kms:Update*\",\"kms:UntagResource\",\"kms:TagResource\",\"kms:ScheduleKeyDeletion\",\"kms:Revoke*\",\"kms:ReplicateKey\",\"kms:Put*\",\"kms:List*\",\"kms:ImportKeyMaterial\",\"kms:Get*\",\"kms:Enable*\",\"kms:Disable*\",\"kms:Describe*\",\"kms:Delete*\",\"kms:Create*\",\"kms:CancelKeyDeletion\"],\"Effect\":\"Allow\",\"Principal\":{\"AWS\":\"arn:aws:iam::643942183295:user/AeroLink-Admin\"},\"Resource\":\"*\",\"Sid\":\"KeyAdministration\"},{\"Action\":[\"kms:ReEncrypt*\",\"kms:GenerateDataKey*\",\"kms:Encrypt\",\"kms:DescribeKey\",\"kms:Decrypt\"],\"Effect\":\"Allow\",\"Principal\":{\"AWS\":\"arn:aws:iam::643942183295:role/aerolink-dev-secondary-cluster-cluster\"},\"Resource\":\"*\",\"Sid\":\"KeyUsage\"}],\"Version\":\"2012-10-17\"}",
            "rotation_period_in_days": 365,
            "tags": {
              "terraform-aws-modules": "eks"
            },
            "tags_all": {
              "terraform-aws-modules": "eks"
            },
            "timeouts": null,
            "xks_key_id": ""
          },
          "sensitive_attributes": [],
          "identity_schema_version": 0,
          "private": "eyJlMmJmYjczMC1lY2FhLTExZTYtOGY4OC0zNDM2M2JjN2M0YzAiOnsiY3JlYXRlIjoxMjAwMDAwMDAwMDB9fQ==",
          "dependencies": [
            "module.eks_secondary.module.eks.aws_iam_role.this",
            "module.eks_secondary.module.eks.data.aws_caller_identity.current",
            "module.eks_secondary.module.eks.data.aws_iam_policy_document.assume_role_policy",
            "module.eks_secondary.module.eks.data.aws_iam_session_context.current",
            "module.eks_secondary.module.eks.module.kms.data.aws_caller_identity.current",
            "module.eks_secondary.module.eks.module.kms.data.aws_iam_policy_document.this",
            "module.eks_secondary.module.eks.module.kms.data.aws_partition.current"
          ],
          "create_before_destroy": true
        }
      ]
    },
    {
      "module": "module.elasticache_redis",
      "mode": "managed",
      "type": "aws_elasticache_cluster",
      "name": "redis",
      "provider": "provider[\"registry.terraform.io/hashicorp/aws\"].primary",
      "instances": [
        {
          "schema_version": 0,
          "attributes": {
            "apply_immediately": null,
            "arn": "arn:aws:elasticache:us-east-1:643942183295:cluster:aerolink-redis",
            "auto_minor_version_upgrade": "true",
            "availability_zone": "us-east-1b",
            "az_mode": "single-az",
            "cache_nodes": [
              {
                "address": "aerolink-redis.n5hbdw.0001.use1.cache.amazonaws.com",
                "availability_zone": "us-east-1b",
                "id": "0001",
                "outpost_arn": "",
                "port": 6379
              }
            ],
            "cluster_address": null,
            "cluster_id": "aerolink-redis",
            "configuration_endpoint": null,
            "engine": "redis",
            "engine_version": "7.0",
            "engine_version_actual": "7.0.7",
            "final_snapshot_identifier": null,
            "id": "aerolink-redis",
            "ip_discovery": "ipv4",
            "log_delivery_configuration": [],
            "maintenance_window": "fri:06:00-fri:07:00",
            "network_type": "ipv4",
            "node_type": "cache.t3.micro",
            "notification_topic_arn": null,
            "num_cache_nodes": 1,
            "outpost_mode": null,
            "parameter_group_name": "default.redis7",
            "port": 6379,
            "preferred_availability_zones": null,
            "preferred_outpost_arn": "",
            "replication_group_id": "",
            "security_group_ids": [
              "sg-04dbc3688abcc8205"
            ],
            "snapshot_arns": null,
            "snapshot_name": null,
            "snapshot_retention_limit": 0,
            "snapshot_window": "08:30-09:30",
            "subnet_group_name": "aerolink-redis-subnet-group",
            "tags": null,
            "tags_all": {},
            "timeouts": null,
            "transit_encryption_enabled": false
          },
          "sensitive_attributes": [],
          "identity_schema_version": 0,
          "private": "eyJlMmJmYjczMC1lY2FhLTExZTYtOGY4OC0zNDM2M2JjN2M0YzAiOnsiY3JlYXRlIjoyNDAwMDAwMDAwMDAwLCJkZWxldGUiOjI0MDAwMDAwMDAwMDAsInVwZGF0ZSI6NDgwMDAwMDAwMDAwMH19",
          "dependencies": [
            "module.elasticache_redis.aws_elasticache_subnet_group.redis",
            "module.elasticache_redis.aws_security_group.redis",
            "module.vpc_primary.data.aws_availability_zones.available",
            "module.vpc_primary.module.vpc.aws_subnet.private",
            "module.vpc_primary.module.vpc.aws_vpc.this",
            "module.vpc_primary.module.vpc.aws_vpc_ipv4_cidr_block_association.this"
          ]
        }
      ]
    },
    {
      "module": "module.elasticache_redis",
      "mode": "managed",
      "type": "aws_elasticache_subnet_group",
      "name": "redis",
      "provider": "provider[\"registry.terraform.io/hashicorp/aws\"].primary",
      "instances": [
        {
          "schema_version": 0,
          "attributes": {
            "arn": "arn:aws:elasticache:us-east-1:643942183295:subnetgroup:aerolink-redis-subnet-group",
            "description": "Managed by Terraform",
            "id": "aerolink-redis-subnet-group",
            "name": "aerolink-redis-subnet-group",
            "subnet_ids": [
              "subnet-054c48c0d3de87e5c",
              "subnet-0830326da579f6e02"
            ],
            "tags": null,
            "tags_all": {},
            "vpc_id": "vpc-0bd0247b11781485f"
          },
          "sensitive_attributes": [],
          "identity_schema_version": 0,
          "private": "bnVsbA==",
          "dependencies": [
            "module.vpc_primary.data.aws_availability_zones.available",
            "module.vpc_primary.module.vpc.aws_subnet.private",
            "module.vpc_primary.module.vpc.aws_vpc.this",
            "module.vpc_primary.module.vpc.aws_vpc_ipv4_cidr_block_association.this"
          ]
        }
      ]
    },
    {
      "module": "module.elasticache_redis",
      "mode": "managed",
      "type": "aws_security_group",
      "name": "redis",
      "provider": "provider[\"registry.terraform.io/hashicorp/aws\"].primary",
      "instances": [
        {
          "schema_version": 1,
          "attributes": {
            "arn": "arn:aws:ec2:us-east-1:643942183295:security-group/sg-04dbc3688abcc8205",
            "description": "Managed by Terraform",
            "egress": [
              {
                "cidr_blocks": [
                  "0.0.0.0/0"
                ],
                "description": "",
                "from_port": 0,
                "ipv6_cidr_blocks": [],
                "prefix_list_ids": [],
                "protocol": "-1",
                "security_groups": [],
                "self": false,
                "to_port": 0
              }
            ],
            "id": "sg-04dbc3688abcc8205",
            "ingress": [
              {
                "cidr_blocks": [
                  "10.0.1.0/24",
                  "10.0.2.0/24"
                ],
                "description": "",
                "from_port": 6379,
                "ipv6_cidr_blocks": [],
                "prefix_list_ids": [],
                "protocol": "tcp",
                "security_groups": [],
                "self": false,
                "to_port": 6379
              }
            ],
            "name": "aerolink-redis-sg20260602122720525600000014",
            "name_prefix": "aerolink-redis-sg",
            "owner_id": "643942183295",
            "revoke_rules_on_delete": false,
            "tags": null,
            "tags_all": {},
            "timeouts": null,
            "vpc_id": "vpc-0bd0247b11781485f"
          },
          "sensitive_attributes": [],
          "identity_schema_version": 0,
          "private": "eyJlMmJmYjczMC1lY2FhLTExZTYtOGY4OC0zNDM2M2JjN2M0YzAiOnsiY3JlYXRlIjo2MDAwMDAwMDAwMDAsImRlbGV0ZSI6OTAwMDAwMDAwMDAwfSwic2NoZW1hX3ZlcnNpb24iOiIxIn0=",
          "dependencies": [
            "module.vpc_primary.data.aws_availability_zones.available",
            "module.vpc_primary.module.vpc.aws_subnet.private",
            "module.vpc_primary.module.vpc.aws_vpc.this",
            "module.vpc_primary.module.vpc.aws_vpc_ipv4_cidr_block_association.this"
          ]
        }
      ]
    },
    {
      "module": "module.eventbridge",
      "mode": "managed",
      "type": "aws_cloudwatch_event_bus",
      "name": "aerolink_bus",
      "provider": "provider[\"registry.terraform.io/hashicorp/aws\"].primary",
      "instances": [
        {
          "schema_version": 0,
          "attributes": {
            "arn": "arn:aws:events:us-east-1:643942183295:event-bus/aerolink-saga-bus",
            "dead_letter_config": [],
            "description": "",
            "event_source_name": null,
            "id": "aerolink-saga-bus",
            "kms_key_identifier": "",
            "name": "aerolink-saga-bus",
            "tags": null,
            "tags_all": {}
          },
          "sensitive_attributes": [],
          "identity_schema_version": 0,
          "private": "bnVsbA=="
        }
      ]
    },
    {
      "module": "module.kms",
      "mode": "managed",
      "type": "aws_kms_key",
      "name": "passenger_pii",
      "provider": "provider[\"registry.terraform.io/hashicorp/aws\"].primary",
      "instances": [
        {
          "schema_version": 0,
          "attributes": {
            "arn": "arn:aws:kms:us-east-1:643942183295:key/573a2709-ed95-4f50-8b9d-c8c40b87f2d3",
            "bypass_policy_lockout_safety_check": false,
            "custom_key_store_id": "",
            "customer_master_key_spec": "SYMMETRIC_DEFAULT",
            "deletion_window_in_days": 7,
            "description": "KMS key for encrypting AeroLink passenger PII",
            "enable_key_rotation": false,
            "id": "573a2709-ed95-4f50-8b9d-c8c40b87f2d3",
            "is_enabled": true,
            "key_id": "573a2709-ed95-4f50-8b9d-c8c40b87f2d3",
            "key_usage": "ENCRYPT_DECRYPT",
            "multi_region": false,
            "policy": "{\"Id\":\"key-default-1\",\"Statement\":[{\"Action\":\"kms:*\",\"Effect\":\"Allow\",\"Principal\":{\"AWS\":\"arn:aws:iam::643942183295:root\"},\"Resource\":\"*\",\"Sid\":\"Enable IAM User Permissions\"}],\"Version\":\"2012-10-17\"}",
            "rotation_period_in_days": 0,
            "tags": null,
            "tags_all": {},
            "timeouts": null,
            "xks_key_id": ""
          },
          "sensitive_attributes": [],
          "identity_schema_version": 0,
          "private": "eyJlMmJmYjczMC1lY2FhLTExZTYtOGY4OC0zNDM2M2JjN2M0YzAiOnsiY3JlYXRlIjoxMjAwMDAwMDAwMDB9fQ=="
        }
      ]
    },
    {
      "module": "module.lambda",
      "mode": "managed",
      "type": "aws_iam_role",
      "name": "lambda_role",
      "provider": "provider[\"registry.terraform.io/hashicorp/aws\"].primary",
      "instances": [
        {
          "schema_version": 0,
          "attributes": {
            "arn": "arn:aws:iam::643942183295:role/aerolink-lambda-role",
            "assume_role_policy": "{\"Statement\":[{\"Action\":\"sts:AssumeRole\",\"Effect\":\"Allow\",\"Principal\":{\"Service\":\"lambda.amazonaws.com\"}}],\"Version\":\"2012-10-17\"}",
            "create_date": "2026-06-02T12:26:48Z",
            "description": "",
            "force_detach_policies": false,
            "id": "aerolink-lambda-role",
            "inline_policy": [],
            "managed_policy_arns": [],
            "max_session_duration": 3600,
            "name": "aerolink-lambda-role",
            "name_prefix": "",
            "path": "/",
            "permissions_boundary": "",
            "tags": null,
            "tags_all": {},
            "unique_id": "AROAZL3PR6F7ZQGLQV4PC"
          },
          "sensitive_attributes": [],
          "identity_schema_version": 0,
          "private": "bnVsbA=="
        }
      ]
    },
    {
      "module": "module.rds_aurora",
      "mode": "managed",
      "type": "aws_kms_key",
      "name": "secondary_rds",
      "provider": "provider[\"registry.terraform.io/hashicorp/aws\"].secondary",
      "instances": [
        {
          "schema_version": 0,
          "attributes": {
            "arn": "arn:aws:kms:eu-west-1:643942183295:key/e4b79e0a-0df6-4a16-b4a5-cccc9839eb05",
            "bypass_policy_lockout_safety_check": false,
            "custom_key_store_id": "",
            "customer_master_key_spec": "SYMMETRIC_DEFAULT",
            "deletion_window_in_days": null,
            "description": "KMS key for secondary Aurora cluster",
            "enable_key_rotation": false,
            "id": "e4b79e0a-0df6-4a16-b4a5-cccc9839eb05",
            "is_enabled": true,
            "key_id": "e4b79e0a-0df6-4a16-b4a5-cccc9839eb05",
            "key_usage": "ENCRYPT_DECRYPT",
            "multi_region": false,
            "policy": "{\"Id\":\"key-default-1\",\"Statement\":[{\"Action\":\"kms:*\",\"Effect\":\"Allow\",\"Principal\":{\"AWS\":\"arn:aws:iam::643942183295:root\"},\"Resource\":\"*\",\"Sid\":\"Enable IAM User Permissions\"}],\"Version\":\"2012-10-17\"}",
            "rotation_period_in_days": 0,
            "tags": null,
            "tags_all": {},
            "timeouts": null,
            "xks_key_id": ""
          },
          "sensitive_attributes": [],
          "identity_schema_version": 0,
          "private": "eyJlMmJmYjczMC1lY2FhLTExZTYtOGY4OC0zNDM2M2JjN2M0YzAiOnsiY3JlYXRlIjoxMjAwMDAwMDAwMDB9fQ==",
          "create_before_destroy": true
        }
      ]
    },
    {
      "module": "module.rds_aurora",
      "mode": "managed",
      "type": "aws_rds_global_cluster",
      "name": "aerolink_global",
      "provider": "provider[\"registry.terraform.io/hashicorp/aws\"].primary",
      "instances": [
        {
          "schema_version": 0,
          "attributes": {
            "arn": "arn:aws:rds::643942183295:global-cluster:aerolink-global",
            "database_name": "postgres",
            "deletion_protection": false,
            "endpoint": "aerolink-global.global-gnvqerpcaulz.global.rds.amazonaws.com",
            "engine": "aurora-postgresql",
            "engine_lifecycle_support": "open-source-rds-extended-support",
            "engine_version": "15.8",
            "engine_version_actual": "15.8",
            "force_destroy": null,
            "global_cluster_identifier": "aerolink-global",
            "global_cluster_members": [],
            "global_cluster_resource_id": "cluster-32daf82074229c45",
            "id": "aerolink-global",
            "source_db_cluster_identifier": null,
            "storage_encrypted": true,
            "tags": null,
            "tags_all": {},
            "timeouts": null
          },
          "sensitive_attributes": [],
          "identity_schema_version": 0,
          "private": "eyJlMmJmYjczMC1lY2FhLTExZTYtOGY4OC0zNDM2M2JjN2M0YzAiOnsiY3JlYXRlIjoxODAwMDAwMDAwMDAwLCJkZWxldGUiOjE4MDAwMDAwMDAwMDAsInVwZGF0ZSI6NTQwMDAwMDAwMDAwMH19",
          "create_before_destroy": true
        }
      ]
    },
    {
      "module": "module.rds_aurora",
      "mode": "managed",
      "type": "aws_secretsmanager_secret",
      "name": "db_password",
      "provider": "provider[\"registry.terraform.io/hashicorp/aws\"].primary",
      "instances": [
        {
          "schema_version": 0,
          "attributes": {
            "arn": "arn:aws:secretsmanager:us-east-1:643942183295:secret:aerolink-aurora-master-password-20260602122648046700000002-Twqiqf",
            "description": "Master password for AeroLink Aurora Database",
            "force_overwrite_replica_secret": false,
            "id": "arn:aws:secretsmanager:us-east-1:643942183295:secret:aerolink-aurora-master-password-20260602122648046700000002-Twqiqf",
            "kms_key_id": "",
            "name": "aerolink-aurora-master-password-20260602122648046700000002",
            "name_prefix": "aerolink-aurora-master-password-",
            "policy": "",
            "recovery_window_in_days": 30,
            "replica": [],
            "tags": null,
            "tags_all": {}
          },
          "sensitive_attributes": [],
          "identity_schema_version": 0,
          "private": "bnVsbA=="
        }
      ]
    },
    {
      "module": "module.rds_aurora",
      "mode": "managed",
      "type": "aws_secretsmanager_secret_version",
      "name": "db_password_version",
      "provider": "provider[\"registry.terraform.io/hashicorp/aws\"].primary",
      "instances": [
        {
          "schema_version": 0,
          "attributes": {
            "arn": "arn:aws:secretsmanager:us-east-1:643942183295:secret:aerolink-aurora-master-password-20260602122648046700000002-Twqiqf",
            "has_secret_string_wo": null,
            "id": "arn:aws:secretsmanager:us-east-1:643942183295:secret:aerolink-aurora-master-password-20260602122648046700000002-Twqiqf|terraform-20260602122650097000000005",
            "secret_binary": "",
            "secret_id": "arn:aws:secretsmanager:us-east-1:643942183295:secret:aerolink-aurora-master-password-20260602122648046700000002-Twqiqf",
            "secret_string": "*yABuKhI9}zBkCij",
            "secret_string_wo": null,
            "secret_string_wo_version": null,
            "version_id": "terraform-20260602122650097000000005",
            "version_stages": [
              "AWSCURRENT"
            ]
          },
          "sensitive_attributes": [
            [
              {
                "type": "get_attr",
                "value": "secret_binary"
              }
            ],
            [
              {
                "type": "get_attr",
                "value": "secret_string"
              }
            ],
            [
              {
                "type": "get_attr",
                "value": "secret_string_wo"
              }
            ]
          ],
          "identity_schema_version": 0,
          "private": "bnVsbA==",
          "dependencies": [
            "module.rds_aurora.aws_secretsmanager_secret.db_password",
            "module.rds_aurora.random_password.master"
          ]
        }
      ]
    },
    {
      "module": "module.rds_aurora",
      "mode": "managed",
      "type": "random_password",
      "name": "master",
      "provider": "provider[\"registry.terraform.io/hashicorp/random\"]",
      "instances": [
        {
          "schema_version": 3,
          "attributes": {
            "bcrypt_hash": "$2a$10$Qsr/c/wuYufoyV16dbgmauJsNIPVLcr15F3yqLo6MNv07Wiey/QW6",
            "id": "none",
            "keepers": null,
            "length": 16,
            "lower": true,
            "min_lower": 0,
            "min_numeric": 0,
            "min_special": 0,
            "min_upper": 0,
            "number": true,
            "numeric": true,
            "override_special": "!#$%\u0026*()-_=+[]{}\u003c\u003e:?",
            "result": "*yABuKhI9}zBkCij",
            "special": true,
            "upper": true
          },
          "sensitive_attributes": [
            [
              {
                "type": "get_attr",
                "value": "bcrypt_hash"
              }
            ],
            [
              {
                "type": "get_attr",
                "value": "result"
              }
            ]
          ],
          "identity_schema_version": 0,
          "create_before_destroy": true
        }
      ]
    },
    {
      "module": "module.rds_aurora.module.aurora_primary",
      "mode": "data",
      "type": "aws_partition",
      "name": "current",
      "provider": "provider[\"registry.terraform.io/hashicorp/aws\"].primary",
      "instances": [
        {
          "schema_version": 0,
          "attributes": {
            "dns_suffix": "amazonaws.com",
            "id": "aws",
            "partition": "aws",
            "reverse_dns_prefix": "com.amazonaws"
          },
          "sensitive_attributes": [],
          "identity_schema_version": 0
        }
      ]
    },
    {
      "module": "module.rds_aurora.module.aurora_primary",
      "mode": "managed",
      "type": "aws_rds_cluster",
      "name": "this",
      "provider": "provider[\"registry.terraform.io/hashicorp/aws\"].primary",
      "instances": [
        {
          "index_key": 0,
          "schema_version": 1,
          "attributes": {
            "allocated_storage": 1,
            "allow_major_version_upgrade": false,
            "apply_immediately": true,
            "arn": "arn:aws:rds:us-east-1:643942183295:cluster:aerolink-aurora-primary",
            "availability_zones": [
              "us-east-1a",
              "us-east-1b",
              "us-east-1c"
            ],
            "backtrack_window": 0,
            "backup_retention_period": 1,
            "ca_certificate_identifier": null,
            "ca_certificate_valid_till": null,
            "cluster_identifier": "aerolink-aurora-primary",
            "cluster_identifier_prefix": "",
            "cluster_members": [],
            "cluster_resource_id": "cluster-AWY4MMXDP4R2RFJLEJQCCKKXBM",
            "cluster_scalability_type": "",
            "copy_tags_to_snapshot": false,
            "database_insights_mode": "standard",
            "database_name": null,
            "db_cluster_instance_class": "",
            "db_cluster_parameter_group_name": "default.aurora-postgresql15",
            "db_instance_parameter_group_name": null,
            "db_subnet_group_name": "aerolink-dev-primary-vpc",
            "db_system_id": "",
            "delete_automated_backups": true,
            "deletion_protection": false,
            "domain": "",
            "domain_iam_role_name": "",
            "enable_global_write_forwarding": false,
            "enable_http_endpoint": false,
            "enable_local_write_forwarding": false,
            "enabled_cloudwatch_logs_exports": null,
            "endpoint": "aerolink-aurora-primary.cluster-cyv4e2ee83we.us-east-1.rds.amazonaws.com",
            "engine": "aurora-postgresql",
            "engine_lifecycle_support": "open-source-rds-extended-support",
            "engine_mode": "provisioned",
            "engine_version": "15.8",
            "engine_version_actual": "15.8",
            "final_snapshot_identifier": null,
            "global_cluster_identifier": "aerolink-global",
            "hosted_zone_id": "Z2R2ITUGPM61AM",
            "iam_database_authentication_enabled": false,
            "iam_roles": [],
            "id": "aerolink-aurora-primary",
            "iops": 0,
            "kms_key_id": "arn:aws:kms:us-east-1:643942183295:key/5e29095f-066a-44bb-90e1-1667ca232928",
            "manage_master_user_password": null,
            "master_password": "*yABuKhI9}zBkCij",
            "master_password_wo": null,
            "master_password_wo_version": null,
            "master_user_secret": [],
            "master_user_secret_kms_key_id": null,
            "master_username": "postgres",
            "monitoring_interval": 0,
            "monitoring_role_arn": "",
            "network_type": "IPV4",
            "performance_insights_enabled": false,
            "performance_insights_kms_key_id": "",
            "performance_insights_retention_period": 0,
            "port": 5432,
            "preferred_backup_window": "02:00-03:00",
            "preferred_maintenance_window": "sun:05:00-sun:06:00",
            "reader_endpoint": "aerolink-aurora-primary.cluster-ro-cyv4e2ee83we.us-east-1.rds.amazonaws.com",
            "replication_source_identifier": "",
            "restore_to_point_in_time": [],
            "s3_import": [],
            "scaling_configuration": [],
            "serverlessv2_scaling_configuration": [
              {
                "max_capacity": 2,
                "min_capacity": 0.5,
                "seconds_until_auto_pause": 0
              }
            ],
            "skip_final_snapshot": true,
            "snapshot_identifier": null,
            "source_region": null,
            "storage_encrypted": true,
            "storage_type": "",
            "tags": null,
            "tags_all": {},
            "timeouts": {
              "create": null,
              "delete": null,
              "update": null
            },
            "vpc_security_group_ids": [
              "sg-0f19e7f1d6425a846"
            ]
          },
          "sensitive_attributes": [
            [
              {
                "type": "get_attr",
                "value": "master_password"
              }
            ],
            [
              {
                "type": "get_attr",
                "value": "master_password_wo"
              }
            ]
          ],
          "identity_schema_version": 0,
          "private": "eyJlMmJmYjczMC1lY2FhLTExZTYtOGY4OC0zNDM2M2JjN2M0YzAiOnsiY3JlYXRlIjo3MjAwMDAwMDAwMDAwLCJkZWxldGUiOjcyMDAwMDAwMDAwMDAsInVwZGF0ZSI6NzIwMDAwMDAwMDAwMH0sInNjaGVtYV92ZXJzaW9uIjoiMSJ9",
          "dependencies": [
            "module.rds_aurora.aws_rds_global_cluster.aerolink_global",
            "module.rds_aurora.module.aurora_primary.aws_cloudwatch_log_group.this",
            "module.rds_aurora.module.aurora_primary.aws_db_subnet_group.this",
            "module.rds_aurora.module.aurora_primary.aws_iam_role.rds_enhanced_monitoring",
            "module.rds_aurora.module.aurora_primary.aws_rds_cluster_parameter_group.this",
            "module.rds_aurora.module.aurora_primary.aws_security_group.this",
            "module.rds_aurora.module.aurora_primary.data.aws_iam_policy_document.monitoring_rds_assume_role",
            "module.rds_aurora.random_password.master",
            "module.vpc_primary.data.aws_availability_zones.available",
            "module.vpc_primary.module.vpc.aws_db_subnet_group.database",
            "module.vpc_primary.module.vpc.aws_subnet.database",
            "module.vpc_primary.module.vpc.aws_vpc.this",
            "module.vpc_primary.module.vpc.aws_vpc_ipv4_cidr_block_association.this"
          ],
          "create_before_destroy": true
        }
      ]
    },
    {
      "module": "module.rds_aurora.module.aurora_primary",
      "mode": "managed",
      "type": "aws_rds_cluster_instance",
      "name": "this",
      "provider": "provider[\"registry.terraform.io/hashicorp/aws\"].primary",
      "instances": [
        {
          "index_key": "one",
          "schema_version": 0,
          "attributes": {
            "apply_immediately": true,
            "arn": "arn:aws:rds:us-east-1:643942183295:db:aerolink-aurora-primary-one",
            "auto_minor_version_upgrade": true,
            "availability_zone": "us-east-1a",
            "ca_cert_identifier": "rds-ca-rsa2048-g1",
            "cluster_identifier": "aerolink-aurora-primary",
            "copy_tags_to_snapshot": false,
            "custom_iam_instance_profile": "",
            "db_parameter_group_name": "default.aurora-postgresql15",
            "db_subnet_group_name": "aerolink-dev-primary-vpc",
            "dbi_resource_id": "db-OE27TXI76GMUMOMM63JCDNIYFU",
            "endpoint": "aerolink-aurora-primary-one.cyv4e2ee83we.us-east-1.rds.amazonaws.com",
            "engine": "aurora-postgresql",
            "engine_version": "15.8",
            "engine_version_actual": "15.8",
            "force_destroy": false,
            "id": "aerolink-aurora-primary-one",
            "identifier": "aerolink-aurora-primary-one",
            "identifier_prefix": "",
            "instance_class": "db.serverless",
            "kms_key_id": "arn:aws:kms:us-east-1:643942183295:key/5e29095f-066a-44bb-90e1-1667ca232928",
            "monitoring_interval": 0,
            "monitoring_role_arn": "",
            "network_type": "IPV4",
            "performance_insights_enabled": false,
            "performance_insights_kms_key_id": "",
            "performance_insights_retention_period": 0,
            "port": 5432,
            "preferred_backup_window": "02:00-03:00",
            "preferred_maintenance_window": "sun:05:00-sun:06:00",
            "promotion_tier": 0,
            "publicly_accessible": false,
            "storage_encrypted": true,
            "tags": null,
            "tags_all": {},
            "timeouts": {
              "create": null,
              "delete": null,
              "update": null
            },
            "writer": true
          },
          "sensitive_attributes": [],
          "identity_schema_version": 0,
          "private": "eyJlMmJmYjczMC1lY2FhLTExZTYtOGY4OC0zNDM2M2JjN2M0YzAiOnsiY3JlYXRlIjo1NDAwMDAwMDAwMDAwLCJkZWxldGUiOjU0MDAwMDAwMDAwMDAsInVwZGF0ZSI6NTQwMDAwMDAwMDAwMH19",
          "dependencies": [
            "module.rds_aurora.aws_rds_global_cluster.aerolink_global",
            "module.rds_aurora.module.aurora_primary.aws_cloudwatch_log_group.this",
            "module.rds_aurora.module.aurora_primary.aws_db_parameter_group.this",
            "module.rds_aurora.module.aurora_primary.aws_db_subnet_group.this",
            "module.rds_aurora.module.aurora_primary.aws_iam_role.rds_enhanced_monitoring",
            "module.rds_aurora.module.aurora_primary.aws_rds_cluster.this",
            "module.rds_aurora.module.aurora_primary.aws_rds_cluster_parameter_group.this",
            "module.rds_aurora.module.aurora_primary.aws_security_group.this",
            "module.rds_aurora.module.aurora_primary.data.aws_iam_policy_document.monitoring_rds_assume_role",
            "module.rds_aurora.random_password.master",
            "module.vpc_primary.data.aws_availability_zones.available",
            "module.vpc_primary.module.vpc.aws_db_subnet_group.database",
            "module.vpc_primary.module.vpc.aws_subnet.database",
            "module.vpc_primary.module.vpc.aws_vpc.this",
            "module.vpc_primary.module.vpc.aws_vpc_ipv4_cidr_block_association.this"
          ],
          "create_before_destroy": true
        }
      ]
    },
    {
      "module": "module.rds_aurora.module.aurora_primary",
      "mode": "managed",
      "type": "aws_security_group",
      "name": "this",
      "provider": "provider[\"registry.terraform.io/hashicorp/aws\"].primary",
      "instances": [
        {
          "index_key": 0,
          "schema_version": 1,
          "attributes": {
            "arn": "arn:aws:ec2:us-east-1:643942183295:security-group/sg-0f19e7f1d6425a846",
            "description": "Control traffic to/from RDS Aurora aerolink-aurora-primary",
            "egress": [],
            "id": "sg-0f19e7f1d6425a846",
            "ingress": [],
            "name": "aerolink-aurora-primary-2026060212271505890000000f",
            "name_prefix": "aerolink-aurora-primary-",
            "owner_id": "643942183295",
            "revoke_rules_on_delete": false,
            "tags": {
              "Name": "aerolink-aurora-primary"
            },
            "tags_all": {
              "Name": "aerolink-aurora-primary"
            },
            "timeouts": null,
            "vpc_id": "vpc-0bd0247b11781485f"
          },
          "sensitive_attributes": [],
          "identity_schema_version": 0,
          "private": "eyJlMmJmYjczMC1lY2FhLTExZTYtOGY4OC0zNDM2M2JjN2M0YzAiOnsiY3JlYXRlIjo2MDAwMDAwMDAwMDAsImRlbGV0ZSI6OTAwMDAwMDAwMDAwfSwic2NoZW1hX3ZlcnNpb24iOiIxIn0=",
          "dependencies": [
            "module.vpc_primary.module.vpc.aws_vpc.this"
          ],
          "create_before_destroy": true
        }
      ]
    },
    {
      "module": "module.rds_aurora.module.aurora_primary",
      "mode": "managed",
      "type": "aws_security_group_rule",
      "name": "this",
      "provider": "provider[\"registry.terraform.io/hashicorp/aws\"].primary",
      "instances": [
        {
          "index_key": "vpc_ingress",
          "schema_version": 2,
          "attributes": {
            "cidr_blocks": [
              "10.0.1.0/24",
              "10.0.2.0/24"
            ],
            "description": null,
            "from_port": 5432,
            "id": "sgrule-2914289008",
            "ipv6_cidr_blocks": null,
            "prefix_list_ids": null,
            "protocol": "tcp",
            "security_group_id": "sg-0f19e7f1d6425a846",
            "security_group_rule_id": "",
            "self": false,
            "source_security_group_id": null,
            "timeouts": null,
            "to_port": 5432,
            "type": "ingress"
          },
          "sensitive_attributes": [],
          "identity_schema_version": 0,
          "private": "eyJlMmJmYjczMC1lY2FhLTExZTYtOGY4OC0zNDM2M2JjN2M0YzAiOnsiY3JlYXRlIjozMDAwMDAwMDAwMDB9LCJzY2hlbWFfdmVyc2lvbiI6IjIifQ==",
          "dependencies": [
            "module.rds_aurora.module.aurora_primary.aws_security_group.this",
            "module.vpc_primary.data.aws_availability_zones.available",
            "module.vpc_primary.module.vpc.aws_subnet.private",
            "module.vpc_primary.module.vpc.aws_vpc.this",
            "module.vpc_primary.module.vpc.aws_vpc_ipv4_cidr_block_association.this"
          ],
          "create_before_destroy": true
        }
      ]
    },
    {
      "module": "module.rds_aurora.module.aurora_secondary",
      "mode": "data",
      "type": "aws_partition",
      "name": "current",
      "provider": "provider[\"registry.terraform.io/hashicorp/aws\"].secondary",
      "instances": [
        {
          "schema_version": 0,
          "attributes": {
            "dns_suffix": "amazonaws.com",
            "id": "aws",
            "partition": "aws",
            "reverse_dns_prefix": "com.amazonaws"
          },
          "sensitive_attributes": [],
          "identity_schema_version": 0
        }
      ]
    },
    {
      "module": "module.rds_aurora.module.aurora_secondary",
      "mode": "managed",
      "type": "aws_rds_cluster",
      "name": "this",
      "provider": "provider[\"registry.terraform.io/hashicorp/aws\"].secondary",
      "instances": [
        {
          "index_key": 0,
          "schema_version": 1,
          "attributes": {
            "allocated_storage": 1,
            "allow_major_version_upgrade": false,
            "apply_immediately": null,
            "arn": "arn:aws:rds:eu-west-1:643942183295:cluster:aerolink-aurora-secondary",
            "availability_zones": [
              "eu-west-1a",
              "eu-west-1b",
              "eu-west-1c"
            ],
            "backtrack_window": 0,
            "backup_retention_period": 1,
            "ca_certificate_identifier": null,
            "ca_certificate_valid_till": null,
            "cluster_identifier": "aerolink-aurora-secondary",
            "cluster_identifier_prefix": "",
            "cluster_members": [],
            "cluster_resource_id": "cluster-EVW2D74P7U7TZQM6Z6EWZ6CHYU",
            "cluster_scalability_type": "",
            "copy_tags_to_snapshot": false,
            "database_insights_mode": "standard",
            "database_name": null,
            "db_cluster_instance_class": "",
            "db_cluster_parameter_group_name": "default.aurora-postgresql15",
            "db_instance_parameter_group_name": null,
            "db_subnet_group_name": "aerolink-dev-secondary-vpc",
            "db_system_id": "",
            "delete_automated_backups": true,
            "deletion_protection": false,
            "domain": "",
            "domain_iam_role_name": "",
            "enable_global_write_forwarding": false,
            "enable_http_endpoint": false,
            "enable_local_write_forwarding": false,
            "enabled_cloudwatch_logs_exports": null,
            "endpoint": "aerolink-aurora-secondary.cluster-cv20e2wucf72.eu-west-1.rds.amazonaws.com",
            "engine": "aurora-postgresql",
            "engine_lifecycle_support": "open-source-rds-extended-support",
            "engine_mode": "provisioned",
            "engine_version": "15.8",
            "engine_version_actual": "15.8",
            "final_snapshot_identifier": null,
            "global_cluster_identifier": "aerolink-global",
            "hosted_zone_id": "Z29XKXDKYMONMX",
            "iam_database_authentication_enabled": false,
            "iam_roles": [],
            "id": "aerolink-aurora-secondary",
            "iops": 0,
            "kms_key_id": "arn:aws:kms:eu-west-1:643942183295:key/e4b79e0a-0df6-4a16-b4a5-cccc9839eb05",
            "manage_master_user_password": null,
            "master_password": null,
            "master_password_wo": null,
            "master_password_wo_version": null,
            "master_user_secret": [],
            "master_user_secret_kms_key_id": null,
            "master_username": "postgres",
            "monitoring_interval": 0,
            "monitoring_role_arn": "",
            "network_type": "IPV4",
            "performance_insights_enabled": false,
            "performance_insights_kms_key_id": "",
            "performance_insights_retention_period": 0,
            "port": 5432,
            "preferred_backup_window": "02:00-03:00",
            "preferred_maintenance_window": "sun:05:00-sun:06:00",
            "reader_endpoint": "aerolink-aurora-secondary.cluster-ro-cv20e2wucf72.eu-west-1.rds.amazonaws.com",
            "replication_source_identifier": "arn:aws:rds:us-east-1:643942183295:cluster:aerolink-aurora-primary",
            "restore_to_point_in_time": [],
            "s3_import": [],
            "scaling_configuration": [],
            "serverlessv2_scaling_configuration": [
              {
                "max_capacity": 2,
                "min_capacity": 0.5,
                "seconds_until_auto_pause": 0
              }
            ],
            "skip_final_snapshot": true,
            "snapshot_identifier": null,
            "source_region": null,
            "storage_encrypted": true,
            "storage_type": "",
            "tags": null,
            "tags_all": {},
            "timeouts": {
              "create": null,
              "delete": null,
              "update": null
            },
            "vpc_security_group_ids": [
              "sg-06255a5a7d165f59c"
            ]
          },
          "sensitive_attributes": [
            [
              {
                "type": "get_attr",
                "value": "master_password"
              }
            ],
            [
              {
                "type": "get_attr",
                "value": "master_password_wo"
              }
            ]
          ],
          "identity_schema_version": 0,
          "private": "eyJlMmJmYjczMC1lY2FhLTExZTYtOGY4OC0zNDM2M2JjN2M0YzAiOnsiY3JlYXRlIjo3MjAwMDAwMDAwMDAwLCJkZWxldGUiOjcyMDAwMDAwMDAwMDAsInVwZGF0ZSI6NzIwMDAwMDAwMDAwMH0sInNjaGVtYV92ZXJzaW9uIjoiMSJ9",
          "dependencies": [
            "module.rds_aurora.aws_kms_key.secondary_rds",
            "module.rds_aurora.aws_rds_global_cluster.aerolink_global",
            "module.rds_aurora.module.aurora_primary.aws_appautoscaling_policy.this",
            "module.rds_aurora.module.aurora_primary.aws_appautoscaling_target.this",
            "module.rds_aurora.module.aurora_primary.aws_cloudwatch_log_group.this",
            "module.rds_aurora.module.aurora_primary.aws_db_parameter_group.this",
            "module.rds_aurora.module.aurora_primary.aws_db_subnet_group.this",
            "module.rds_aurora.module.aurora_primary.aws_iam_role.rds_enhanced_monitoring",
            "module.rds_aurora.module.aurora_primary.aws_iam_role_policy_attachment.rds_enhanced_monitoring",
            "module.rds_aurora.module.aurora_primary.aws_rds_cluster.this",
            "module.rds_aurora.module.aurora_primary.aws_rds_cluster_activity_stream.this",
            "module.rds_aurora.module.aurora_primary.aws_rds_cluster_endpoint.this",
            "module.rds_aurora.module.aurora_primary.aws_rds_cluster_instance.this",
            "module.rds_aurora.module.aurora_primary.aws_rds_cluster_parameter_group.this",
            "module.rds_aurora.module.aurora_primary.aws_rds_cluster_role_association.this",
            "module.rds_aurora.module.aurora_primary.aws_rds_shard_group.this",
            "module.rds_aurora.module.aurora_primary.aws_secretsmanager_secret_rotation.this",
            "module.rds_aurora.module.aurora_primary.aws_security_group.this",
            "module.rds_aurora.module.aurora_primary.aws_security_group_rule.this",
            "module.rds_aurora.module.aurora_primary.data.aws_iam_policy_document.monitoring_rds_assume_role",
            "module.rds_aurora.module.aurora_primary.data.aws_partition.current",
            "module.rds_aurora.module.aurora_secondary.aws_cloudwatch_log_group.this",
            "module.rds_aurora.module.aurora_secondary.aws_db_subnet_group.this",
            "module.rds_aurora.module.aurora_secondary.aws_iam_role.rds_enhanced_monitoring",
            "module.rds_aurora.module.aurora_secondary.aws_rds_cluster_parameter_group.this",
            "module.rds_aurora.module.aurora_secondary.aws_security_group.this",
            "module.rds_aurora.module.aurora_secondary.data.aws_iam_policy_document.monitoring_rds_assume_role",
            "module.rds_aurora.random_password.master",
            "module.vpc_primary.data.aws_availability_zones.available",
            "module.vpc_primary.module.vpc.aws_db_subnet_group.database",
            "module.vpc_primary.module.vpc.aws_subnet.database",
            "module.vpc_primary.module.vpc.aws_subnet.private",
            "module.vpc_primary.module.vpc.aws_vpc.this",
            "module.vpc_primary.module.vpc.aws_vpc_ipv4_cidr_block_association.this",
            "module.vpc_secondary.data.aws_availability_zones.available",
            "module.vpc_secondary.module.vpc.aws_db_subnet_group.database",
            "module.vpc_secondary.module.vpc.aws_subnet.database",
            "module.vpc_secondary.module.vpc.aws_vpc.this",
            "module.vpc_secondary.module.vpc.aws_vpc_ipv4_cidr_block_association.this"
          ],
          "create_before_destroy": true
        }
      ]
    },
    {
      "module": "module.rds_aurora.module.aurora_secondary",
      "mode": "managed",
      "type": "aws_rds_cluster_instance",
      "name": "this",
      "provider": "provider[\"registry.terraform.io/hashicorp/aws\"].secondary",
      "instances": [
        {
          "index_key": "one",
          "schema_version": 0,
          "attributes": {
            "apply_immediately": null,
            "arn": "arn:aws:rds:eu-west-1:643942183295:db:aerolink-aurora-secondary-one",
            "auto_minor_version_upgrade": true,
            "availability_zone": "eu-west-1b",
            "ca_cert_identifier": "rds-ca-rsa2048-g1",
            "cluster_identifier": "aerolink-aurora-secondary",
            "copy_tags_to_snapshot": false,
            "custom_iam_instance_profile": "",
            "db_parameter_group_name": "default.aurora-postgresql15",
            "db_subnet_group_name": "aerolink-dev-secondary-vpc",
            "dbi_resource_id": "db-BZCNHDXJPKWC36XIC5J6E3LWGU",
            "endpoint": "aerolink-aurora-secondary-one.cv20e2wucf72.eu-west-1.rds.amazonaws.com",
            "engine": "aurora-postgresql",
            "engine_version": "15.8",
            "engine_version_actual": "15.8",
            "force_destroy": false,
            "id": "aerolink-aurora-secondary-one",
            "identifier": "aerolink-aurora-secondary-one",
            "identifier_prefix": "",
            "instance_class": "db.serverless",
            "kms_key_id": "arn:aws:kms:eu-west-1:643942183295:key/e4b79e0a-0df6-4a16-b4a5-cccc9839eb05",
            "monitoring_interval": 0,
            "monitoring_role_arn": "",
            "network_type": "IPV4",
            "performance_insights_enabled": false,
            "performance_insights_kms_key_id": "",
            "performance_insights_retention_period": 0,
            "port": 5432,
            "preferred_backup_window": "02:00-03:00",
            "preferred_maintenance_window": "sun:05:00-sun:06:00",
            "promotion_tier": 0,
            "publicly_accessible": false,
            "storage_encrypted": true,
            "tags": null,
            "tags_all": {},
            "timeouts": {
              "create": null,
              "delete": null,
              "update": null
            },
            "writer": false
          },
          "sensitive_attributes": [],
          "identity_schema_version": 0,
          "private": "eyJlMmJmYjczMC1lY2FhLTExZTYtOGY4OC0zNDM2M2JjN2M0YzAiOnsiY3JlYXRlIjo1NDAwMDAwMDAwMDAwLCJkZWxldGUiOjU0MDAwMDAwMDAwMDAsInVwZGF0ZSI6NTQwMDAwMDAwMDAwMH19",
          "dependencies": [
            "module.rds_aurora.aws_kms_key.secondary_rds",
            "module.rds_aurora.aws_rds_global_cluster.aerolink_global",
            "module.rds_aurora.module.aurora_primary.aws_appautoscaling_policy.this",
            "module.rds_aurora.module.aurora_primary.aws_appautoscaling_target.this",
            "module.rds_aurora.module.aurora_primary.aws_cloudwatch_log_group.this",
            "module.rds_aurora.module.aurora_primary.aws_db_parameter_group.this",
            "module.rds_aurora.module.aurora_primary.aws_db_subnet_group.this",
            "module.rds_aurora.module.aurora_primary.aws_iam_role.rds_enhanced_monitoring",
            "module.rds_aurora.module.aurora_primary.aws_iam_role_policy_attachment.rds_enhanced_monitoring",
            "module.rds_aurora.module.aurora_primary.aws_rds_cluster.this",
            "module.rds_aurora.module.aurora_primary.aws_rds_cluster_activity_stream.this",
            "module.rds_aurora.module.aurora_primary.aws_rds_cluster_endpoint.this",
            "module.rds_aurora.module.aurora_primary.aws_rds_cluster_instance.this",
            "module.rds_aurora.module.aurora_primary.aws_rds_cluster_parameter_group.this",
            "module.rds_aurora.module.aurora_primary.aws_rds_cluster_role_association.this",
            "module.rds_aurora.module.aurora_primary.aws_rds_shard_group.this",
            "module.rds_aurora.module.aurora_primary.aws_secretsmanager_secret_rotation.this",
            "module.rds_aurora.module.aurora_primary.aws_security_group.this",
            "module.rds_aurora.module.aurora_primary.aws_security_group_rule.this",
            "module.rds_aurora.module.aurora_primary.data.aws_iam_policy_document.monitoring_rds_assume_role",
            "module.rds_aurora.module.aurora_primary.data.aws_partition.current",
            "module.rds_aurora.module.aurora_secondary.aws_cloudwatch_log_group.this",
            "module.rds_aurora.module.aurora_secondary.aws_db_parameter_group.this",
            "module.rds_aurora.module.aurora_secondary.aws_db_subnet_group.this",
            "module.rds_aurora.module.aurora_secondary.aws_iam_role.rds_enhanced_monitoring",
            "module.rds_aurora.module.aurora_secondary.aws_rds_cluster.this",
            "module.rds_aurora.module.aurora_secondary.aws_rds_cluster_parameter_group.this",
            "module.rds_aurora.module.aurora_secondary.aws_security_group.this",
            "module.rds_aurora.module.aurora_secondary.data.aws_iam_policy_document.monitoring_rds_assume_role",
            "module.rds_aurora.random_password.master",
            "module.vpc_primary.data.aws_availability_zones.available",
            "module.vpc_primary.module.vpc.aws_db_subnet_group.database",
            "module.vpc_primary.module.vpc.aws_subnet.database",
            "module.vpc_primary.module.vpc.aws_subnet.private",
            "module.vpc_primary.module.vpc.aws_vpc.this",
            "module.vpc_primary.module.vpc.aws_vpc_ipv4_cidr_block_association.this",
            "module.vpc_secondary.data.aws_availability_zones.available",
            "module.vpc_secondary.module.vpc.aws_db_subnet_group.database",
            "module.vpc_secondary.module.vpc.aws_subnet.database",
            "module.vpc_secondary.module.vpc.aws_vpc.this",
            "module.vpc_secondary.module.vpc.aws_vpc_ipv4_cidr_block_association.this"
          ],
          "create_before_destroy": true
        }
      ]
    },
    {
      "module": "module.rds_aurora.module.aurora_secondary",
      "mode": "managed",
      "type": "aws_security_group",
      "name": "this",
      "provider": "provider[\"registry.terraform.io/hashicorp/aws\"].secondary",
      "instances": [
        {
          "index_key": 0,
          "schema_version": 1,
          "attributes": {
            "arn": "arn:aws:ec2:eu-west-1:643942183295:security-group/sg-06255a5a7d165f59c",
            "description": "Control traffic to/from RDS Aurora aerolink-aurora-secondary",
            "egress": [],
            "id": "sg-06255a5a7d165f59c",
            "ingress": [],
            "name": "aerolink-aurora-secondary-20260602123407862100000010",
            "name_prefix": "aerolink-aurora-secondary-",
            "owner_id": "643942183295",
            "revoke_rules_on_delete": false,
            "tags": {
              "Name": "aerolink-aurora-secondary"
            },
            "tags_all": {
              "Name": "aerolink-aurora-secondary"
            },
            "timeouts": null,
            "vpc_id": "vpc-059c2811b93daa739"
          },
          "sensitive_attributes": [],
          "identity_schema_version": 0,
          "private": "eyJlMmJmYjczMC1lY2FhLTExZTYtOGY4OC0zNDM2M2JjN2M0YzAiOnsiY3JlYXRlIjo2MDAwMDAwMDAwMDAsImRlbGV0ZSI6OTAwMDAwMDAwMDAwfSwic2NoZW1hX3ZlcnNpb24iOiIxIn0=",
          "dependencies": [
            "module.rds_aurora.aws_rds_global_cluster.aerolink_global",
            "module.rds_aurora.module.aurora_primary.aws_appautoscaling_policy.this",
            "module.rds_aurora.module.aurora_primary.aws_appautoscaling_target.this",
            "module.rds_aurora.module.aurora_primary.aws_cloudwatch_log_group.this",
            "module.rds_aurora.module.aurora_primary.aws_db_parameter_group.this",
            "module.rds_aurora.module.aurora_primary.aws_db_subnet_group.this",
            "module.rds_aurora.module.aurora_primary.aws_iam_role.rds_enhanced_monitoring",
            "module.rds_aurora.module.aurora_primary.aws_iam_role_policy_attachment.rds_enhanced_monitoring",
            "module.rds_aurora.module.aurora_primary.aws_rds_cluster.this",
            "module.rds_aurora.module.aurora_primary.aws_rds_cluster_activity_stream.this",
            "module.rds_aurora.module.aurora_primary.aws_rds_cluster_endpoint.this",
            "module.rds_aurora.module.aurora_primary.aws_rds_cluster_instance.this",
            "module.rds_aurora.module.aurora_primary.aws_rds_cluster_parameter_group.this",
            "module.rds_aurora.module.aurora_primary.aws_rds_cluster_role_association.this",
            "module.rds_aurora.module.aurora_primary.aws_rds_shard_group.this",
            "module.rds_aurora.module.aurora_primary.aws_secretsmanager_secret_rotation.this",
            "module.rds_aurora.module.aurora_primary.aws_security_group.this",
            "module.rds_aurora.module.aurora_primary.aws_security_group_rule.this",
            "module.rds_aurora.module.aurora_primary.data.aws_iam_policy_document.monitoring_rds_assume_role",
            "module.rds_aurora.module.aurora_primary.data.aws_partition.current",
            "module.rds_aurora.random_password.master",
            "module.vpc_primary.data.aws_availability_zones.available",
            "module.vpc_primary.module.vpc.aws_db_subnet_group.database",
            "module.vpc_primary.module.vpc.aws_subnet.database",
            "module.vpc_primary.module.vpc.aws_subnet.private",
            "module.vpc_primary.module.vpc.aws_vpc.this",
            "module.vpc_primary.module.vpc.aws_vpc_ipv4_cidr_block_association.this",
            "module.vpc_secondary.module.vpc.aws_vpc.this"
          ],
          "create_before_destroy": true
        }
      ]
    },
    {
      "module": "module.rds_aurora.module.aurora_secondary",
      "mode": "managed",
      "type": "aws_security_group_rule",
      "name": "this",
      "provider": "provider[\"registry.terraform.io/hashicorp/aws\"].secondary",
      "instances": [
        {
          "index_key": "vpc_ingress",
          "schema_version": 2,
          "attributes": {
            "cidr_blocks": [
              "10.0.1.0/24",
              "10.0.2.0/24"
            ],
            "description": null,
            "from_port": 5432,
            "id": "sgrule-2920882172",
            "ipv6_cidr_blocks": null,
            "prefix_list_ids": null,
            "protocol": "tcp",
            "security_group_id": "sg-06255a5a7d165f59c",
            "security_group_rule_id": "",
            "self": false,
            "source_security_group_id": null,
            "timeouts": null,
            "to_port": 5432,
            "type": "ingress"
          },
          "sensitive_attributes": [],
          "identity_schema_version": 0,
          "private": "eyJlMmJmYjczMC1lY2FhLTExZTYtOGY4OC0zNDM2M2JjN2M0YzAiOnsiY3JlYXRlIjozMDAwMDAwMDAwMDB9LCJzY2hlbWFfdmVyc2lvbiI6IjIifQ==",
          "dependencies": [
            "module.rds_aurora.aws_rds_global_cluster.aerolink_global",
            "module.rds_aurora.module.aurora_primary.aws_appautoscaling_policy.this",
            "module.rds_aurora.module.aurora_primary.aws_appautoscaling_target.this",
            "module.rds_aurora.module.aurora_primary.aws_cloudwatch_log_group.this",
            "module.rds_aurora.module.aurora_primary.aws_db_parameter_group.this",
            "module.rds_aurora.module.aurora_primary.aws_db_subnet_group.this",
            "module.rds_aurora.module.aurora_primary.aws_iam_role.rds_enhanced_monitoring",
            "module.rds_aurora.module.aurora_primary.aws_iam_role_policy_attachment.rds_enhanced_monitoring",
            "module.rds_aurora.module.aurora_primary.aws_rds_cluster.this",
            "module.rds_aurora.module.aurora_primary.aws_rds_cluster_activity_stream.this",
            "module.rds_aurora.module.aurora_primary.aws_rds_cluster_endpoint.this",
            "module.rds_aurora.module.aurora_primary.aws_rds_cluster_instance.this",
            "module.rds_aurora.module.aurora_primary.aws_rds_cluster_parameter_group.this",
            "module.rds_aurora.module.aurora_primary.aws_rds_cluster_role_association.this",
            "module.rds_aurora.module.aurora_primary.aws_rds_shard_group.this",
            "module.rds_aurora.module.aurora_primary.aws_secretsmanager_secret_rotation.this",
            "module.rds_aurora.module.aurora_primary.aws_security_group.this",
            "module.rds_aurora.module.aurora_primary.aws_security_group_rule.this",
            "module.rds_aurora.module.aurora_primary.data.aws_iam_policy_document.monitoring_rds_assume_role",
            "module.rds_aurora.module.aurora_primary.data.aws_partition.current",
            "module.rds_aurora.module.aurora_secondary.aws_security_group.this",
            "module.rds_aurora.random_password.master",
            "module.vpc_primary.data.aws_availability_zones.available",
            "module.vpc_primary.module.vpc.aws_db_subnet_group.database",
            "module.vpc_primary.module.vpc.aws_subnet.database",
            "module.vpc_primary.module.vpc.aws_subnet.private",
            "module.vpc_primary.module.vpc.aws_vpc.this",
            "module.vpc_primary.module.vpc.aws_vpc_ipv4_cidr_block_association.this",
            "module.vpc_secondary.data.aws_availability_zones.available",
            "module.vpc_secondary.module.vpc.aws_subnet.private",
            "module.vpc_secondary.module.vpc.aws_vpc.this",
            "module.vpc_secondary.module.vpc.aws_vpc_ipv4_cidr_block_association.this"
          ]
        }
      ]
    },
    {
      "module": "module.secrets_manager",
      "mode": "managed",
      "type": "aws_secretsmanager_secret",
      "name": "db_password",
      "provider": "provider[\"registry.terraform.io/hashicorp/aws\"].primary",
      "instances": [
        {
          "schema_version": 0,
          "attributes": {
            "arn": "arn:aws:secretsmanager:us-east-1:643942183295:secret:aerolink-db-password-v2-fobzaA",
            "description": "",
            "force_overwrite_replica_secret": false,
            "id": "arn:aws:secretsmanager:us-east-1:643942183295:secret:aerolink-db-password-v2-fobzaA",
            "kms_key_id": "",
            "name": "aerolink-db-password-v2",
            "name_prefix": "",
            "policy": "",
            "recovery_window_in_days": 30,
            "replica": [],
            "tags": null,
            "tags_all": {}
          },
          "sensitive_attributes": [],
          "identity_schema_version": 0,
          "private": "bnVsbA=="
        }
      ]
    },
    {
      "module": "module.vpc_primary",
      "mode": "data",
      "type": "aws_availability_zones",
      "name": "available",
      "provider": "provider[\"registry.terraform.io/hashicorp/aws\"].primary",
      "instances": [
        {
          "schema_version": 0,
          "attributes": {
            "all_availability_zones": null,
            "exclude_names": null,
            "exclude_zone_ids": null,
            "filter": null,
            "group_names": [
              "us-east-1-zg-1"
            ],
            "id": "us-east-1",
            "names": [
              "us-east-1a",
              "us-east-1b",
              "us-east-1c",
              "us-east-1d",
              "us-east-1e",
              "us-east-1f"
            ],
            "state": "available",
            "timeouts": null,
            "zone_ids": [
              "use1-az1",
              "use1-az2",
              "use1-az4",
              "use1-az6",
              "use1-az3",
              "use1-az5"
            ]
          },
          "sensitive_attributes": [],
          "identity_schema_version": 0
        }
      ]
    },
    {
      "module": "module.vpc_primary.module.vpc",
      "mode": "managed",
      "type": "aws_db_subnet_group",
      "name": "database",
      "provider": "provider[\"registry.terraform.io/hashicorp/aws\"].primary",
      "instances": [
        {
          "index_key": 0,
          "schema_version": 0,
          "attributes": {
            "arn": "arn:aws:rds:us-east-1:643942183295:subgrp:aerolink-dev-primary-vpc",
            "description": "Database subnet group for aerolink-dev-primary-vpc",
            "id": "aerolink-dev-primary-vpc",
            "name": "aerolink-dev-primary-vpc",
            "name_prefix": "",
            "subnet_ids": [
              "subnet-02a0f1374969539f5",
              "subnet-0736bee67901ab28c"
            ],
            "supported_network_types": [
              "IPV4"
            ],
            "tags": {
              "Name": "aerolink-dev-primary-vpc"
            },
            "tags_all": {
              "Name": "aerolink-dev-primary-vpc"
            },
            "vpc_id": "vpc-0bd0247b11781485f"
          },
          "sensitive_attributes": [],
          "identity_schema_version": 0,
          "private": "bnVsbA==",
          "dependencies": [
            "module.vpc_primary.data.aws_availability_zones.available",
            "module.vpc_primary.module.vpc.aws_subnet.database",
            "module.vpc_primary.module.vpc.aws_vpc.this",
            "module.vpc_primary.module.vpc.aws_vpc_ipv4_cidr_block_association.this"
          ],
          "create_before_destroy": true
        }
      ]
    },
    {
      "module": "module.vpc_primary.module.vpc",
      "mode": "managed",
      "type": "aws_default_network_acl",
      "name": "this",
      "provider": "provider[\"registry.terraform.io/hashicorp/aws\"].primary",
      "instances": [
        {
          "index_key": 0,
          "schema_version": 0,
          "attributes": {
            "arn": "arn:aws:ec2:us-east-1:643942183295:network-acl/acl-085bf58074127def7",
            "default_network_acl_id": "acl-085bf58074127def7",
            "egress": [
              {
                "action": "allow",
                "cidr_block": "",
                "from_port": 0,
                "icmp_code": null,
                "icmp_type": null,
                "ipv6_cidr_block": "::/0",
                "protocol": "-1",
                "rule_no": 101,
                "to_port": 0
              },
              {
                "action": "allow",
                "cidr_block": "0.0.0.0/0",
                "from_port": 0,
                "icmp_code": null,
                "icmp_type": null,
                "ipv6_cidr_block": "",
                "protocol": "-1",
                "rule_no": 100,
                "to_port": 0
              }
            ],
            "id": "acl-085bf58074127def7",
            "ingress": [
              {
                "action": "allow",
                "cidr_block": "",
                "from_port": 0,
                "icmp_code": null,
                "icmp_type": null,
                "ipv6_cidr_block": "::/0",
                "protocol": "-1",
                "rule_no": 101,
                "to_port": 0
              },
              {
                "action": "allow",
                "cidr_block": "0.0.0.0/0",
                "from_port": 0,
                "icmp_code": null,
                "icmp_type": null,
                "ipv6_cidr_block": "",
                "protocol": "-1",
                "rule_no": 100,
                "to_port": 0
              }
            ],
            "owner_id": "643942183295",
            "subnet_ids": [
              "subnet-054c48c0d3de87e5c",
              "subnet-056d751f6e50414a9",
              "subnet-060e6e85646bd99b9",
              "subnet-0830326da579f6e02"
            ],
            "tags": {
              "Name": "aerolink-dev-primary-vpc-default"
            },
            "tags_all": {
              "Name": "aerolink-dev-primary-vpc-default"
            },
            "vpc_id": "vpc-0bd0247b11781485f"
          },
          "sensitive_attributes": [],
          "identity_schema_version": 0,
          "private": "bnVsbA==",
          "dependencies": [
            "module.vpc_primary.module.vpc.aws_vpc.this"
          ]
        }
      ]
    },
    {
      "module": "module.vpc_primary.module.vpc",
      "mode": "managed",
      "type": "aws_default_route_table",
      "name": "default",
      "provider": "provider[\"registry.terraform.io/hashicorp/aws\"].primary",
      "instances": [
        {
          "index_key": 0,
          "schema_version": 0,
          "attributes": {
            "arn": "arn:aws:ec2:us-east-1:643942183295:route-table/rtb-077013ec880e56f86",
            "default_route_table_id": "rtb-077013ec880e56f86",
            "id": "rtb-077013ec880e56f86",
            "owner_id": "643942183295",
            "propagating_vgws": null,
            "route": [],
            "tags": {
              "Name": "aerolink-dev-primary-vpc-default"
            },
            "tags_all": {
              "Name": "aerolink-dev-primary-vpc-default"
            },
            "timeouts": {
              "create": "5m",
              "update": "5m"
            },
            "vpc_id": "vpc-0bd0247b11781485f"
          },
          "sensitive_attributes": [],
          "identity_schema_version": 0,
          "private": "eyJlMmJmYjczMC1lY2FhLTExZTYtOGY4OC0zNDM2M2JjN2M0YzAiOnsiY3JlYXRlIjozMDAwMDAwMDAwMDAsInVwZGF0ZSI6MzAwMDAwMDAwMDAwfX0=",
          "dependencies": [
            "module.vpc_primary.module.vpc.aws_vpc.this"
          ]
        }
      ]
    },
    {
      "module": "module.vpc_primary.module.vpc",
      "mode": "managed",
      "type": "aws_default_security_group",
      "name": "this",
      "provider": "provider[\"registry.terraform.io/hashicorp/aws\"].primary",
      "instances": [
        {
          "index_key": 0,
          "schema_version": 1,
          "attributes": {
            "arn": "arn:aws:ec2:us-east-1:643942183295:security-group/sg-0f5199c30ff63f2c9",
            "description": "default VPC security group",
            "egress": [],
            "id": "sg-0f5199c30ff63f2c9",
            "ingress": [],
            "name": "default",
            "name_prefix": "",
            "owner_id": "643942183295",
            "revoke_rules_on_delete": false,
            "tags": {
              "Name": "aerolink-dev-primary-vpc-default"
            },
            "tags_all": {
              "Name": "aerolink-dev-primary-vpc-default"
            },
            "vpc_id": "vpc-0bd0247b11781485f"
          },
          "sensitive_attributes": [],
          "identity_schema_version": 0,
          "private": "eyJzY2hlbWFfdmVyc2lvbiI6IjEifQ==",
          "dependencies": [
            "module.vpc_primary.module.vpc.aws_vpc.this"
          ]
        }
      ]
    },
    {
      "module": "module.vpc_primary.module.vpc",
      "mode": "managed",
      "type": "aws_eip",
      "name": "nat",
      "provider": "provider[\"registry.terraform.io/hashicorp/aws\"].primary",
      "instances": [
        {
          "index_key": 0,
          "schema_version": 0,
          "attributes": {
            "address": null,
            "allocation_id": "eipalloc-0ccf4eb8aa88fb2bd",
            "arn": "arn:aws:ec2:us-east-1:643942183295:elastic-ip/eipalloc-0ccf4eb8aa88fb2bd",
            "associate_with_private_ip": null,
            "association_id": "",
            "carrier_ip": "",
            "customer_owned_ip": "",
            "customer_owned_ipv4_pool": "",
            "domain": "vpc",
            "id": "eipalloc-0ccf4eb8aa88fb2bd",
            "instance": "",
            "ipam_pool_id": null,
            "network_border_group": "us-east-1",
            "network_interface": "",
            "private_dns": null,
            "private_ip": "",
            "ptr_record": "",
            "public_dns": "ec2-32-199-49-158.compute-1.amazonaws.com",
            "public_ip": "32.199.49.158",
            "public_ipv4_pool": "amazon",
            "tags": {
              "Name": "aerolink-dev-primary-vpc-us-east-1a"
            },
            "tags_all": {
              "Name": "aerolink-dev-primary-vpc-us-east-1a"
            },
            "timeouts": null,
            "vpc": true
          },
          "sensitive_attributes": [],
          "identity_schema_version": 0,
          "private": "eyJlMmJmYjczMC1lY2FhLTExZTYtOGY4OC0zNDM2M2JjN2M0YzAiOnsiZGVsZXRlIjoxODAwMDAwMDAwMDAsInJlYWQiOjkwMDAwMDAwMDAwMCwidXBkYXRlIjozMDAwMDAwMDAwMDB9fQ==",
          "dependencies": [
            "module.vpc_primary.data.aws_availability_zones.available",
            "module.vpc_primary.module.vpc.aws_internet_gateway.this",
            "module.vpc_primary.module.vpc.aws_vpc.this",
            "module.vpc_primary.module.vpc.aws_vpc_ipv4_cidr_block_association.this"
          ]
        }
      ]
    },
    {
      "module": "module.vpc_primary.module.vpc",
      "mode": "managed",
      "type": "aws_internet_gateway",
      "name": "this",
      "provider": "provider[\"registry.terraform.io/hashicorp/aws\"].primary",
      "instances": [
        {
          "index_key": 0,
          "schema_version": 0,
          "attributes": {
            "arn": "arn:aws:ec2:us-east-1:643942183295:internet-gateway/igw-0541b897866d39670",
            "id": "igw-0541b897866d39670",
            "owner_id": "643942183295",
            "tags": {
              "Name": "aerolink-dev-primary-vpc"
            },
            "tags_all": {
              "Name": "aerolink-dev-primary-vpc"
            },
            "timeouts": null,
            "vpc_id": "vpc-0bd0247b11781485f"
          },
          "sensitive_attributes": [],
          "identity_schema_version": 0,
          "private": "eyJlMmJmYjczMC1lY2FhLTExZTYtOGY4OC0zNDM2M2JjN2M0YzAiOnsiY3JlYXRlIjoxMjAwMDAwMDAwMDAwLCJkZWxldGUiOjEyMDAwMDAwMDAwMDAsInVwZGF0ZSI6MTIwMDAwMDAwMDAwMH19",
          "dependencies": [
            "module.vpc_primary.module.vpc.aws_vpc.this",
            "module.vpc_primary.module.vpc.aws_vpc_ipv4_cidr_block_association.this"
          ]
        }
      ]
    },
    {
      "module": "module.vpc_primary.module.vpc",
      "mode": "managed",
      "type": "aws_nat_gateway",
      "name": "this",
      "provider": "provider[\"registry.terraform.io/hashicorp/aws\"].primary",
      "instances": [
        {
          "index_key": 0,
          "schema_version": 0,
          "attributes": {
            "allocation_id": "eipalloc-0ccf4eb8aa88fb2bd",
            "association_id": "eipassoc-0e381e4b0ec951e7c",
            "connectivity_type": "public",
            "id": "nat-090b7b2836ce123a7",
            "network_interface_id": "eni-00791b3c01de3041e",
            "private_ip": "10.0.101.52",
            "public_ip": "32.199.49.158",
            "secondary_allocation_ids": null,
            "secondary_private_ip_address_count": 0,
            "secondary_private_ip_addresses": [],
            "subnet_id": "subnet-056d751f6e50414a9",
            "tags": {
              "Name": "aerolink-dev-primary-vpc-us-east-1a"
            },
            "tags_all": {
              "Name": "aerolink-dev-primary-vpc-us-east-1a"
            },
            "timeouts": null
          },
          "sensitive_attributes": [],
          "identity_schema_version": 0,
          "private": "eyJlMmJmYjczMC1lY2FhLTExZTYtOGY4OC0zNDM2M2JjN2M0YzAiOnsiY3JlYXRlIjo2MDAwMDAwMDAwMDAsImRlbGV0ZSI6MTgwMDAwMDAwMDAwMCwidXBkYXRlIjo2MDAwMDAwMDAwMDB9fQ==",
          "dependencies": [
            "module.vpc_primary.data.aws_availability_zones.available",
            "module.vpc_primary.module.vpc.aws_eip.nat",
            "module.vpc_primary.module.vpc.aws_internet_gateway.this",
            "module.vpc_primary.module.vpc.aws_subnet.public",
            "module.vpc_primary.module.vpc.aws_vpc.this",
            "module.vpc_primary.module.vpc.aws_vpc_ipv4_cidr_block_association.this"
          ]
        }
      ]
    },
    {
      "module": "module.vpc_primary.module.vpc",
      "mode": "managed",
      "type": "aws_route",
      "name": "private_nat_gateway",
      "provider": "provider[\"registry.terraform.io/hashicorp/aws\"].primary",
      "instances": [
        {
          "index_key": 0,
          "schema_version": 0,
          "attributes": {
            "carrier_gateway_id": "",
            "core_network_arn": "",
            "destination_cidr_block": "0.0.0.0/0",
            "destination_ipv6_cidr_block": "",
            "destination_prefix_list_id": "",
            "egress_only_gateway_id": "",
            "gateway_id": "",
            "id": "r-rtb-0e97907bcf997f6e71080289494",
            "instance_id": "",
            "instance_owner_id": "",
            "local_gateway_id": "",
            "nat_gateway_id": "nat-090b7b2836ce123a7",
            "network_interface_id": "",
            "origin": "CreateRoute",
            "route_table_id": "rtb-0e97907bcf997f6e7",
            "state": "active",
            "timeouts": {
              "create": "5m",
              "delete": null,
              "update": null
            },
            "transit_gateway_id": "",
            "vpc_endpoint_id": "",
            "vpc_peering_connection_id": ""
          },
          "sensitive_attributes": [],
          "identity_schema_version": 0,
          "private": "eyJlMmJmYjczMC1lY2FhLTExZTYtOGY4OC0zNDM2M2JjN2M0YzAiOnsiY3JlYXRlIjozMDAwMDAwMDAwMDAsImRlbGV0ZSI6MzAwMDAwMDAwMDAwLCJ1cGRhdGUiOjEyMDAwMDAwMDAwMH19",
          "dependencies": [
            "module.vpc_primary.data.aws_availability_zones.available",
            "module.vpc_primary.module.vpc.aws_eip.nat",
            "module.vpc_primary.module.vpc.aws_internet_gateway.this",
            "module.vpc_primary.module.vpc.aws_nat_gateway.this",
            "module.vpc_primary.module.vpc.aws_route_table.private",
            "module.vpc_primary.module.vpc.aws_subnet.public",
            "module.vpc_primary.module.vpc.aws_vpc.this",
            "module.vpc_primary.module.vpc.aws_vpc_ipv4_cidr_block_association.this"
          ]
        }
      ]
    },
    {
      "module": "module.vpc_primary.module.vpc",
      "mode": "managed",
      "type": "aws_route",
      "name": "public_internet_gateway",
      "provider": "provider[\"registry.terraform.io/hashicorp/aws\"].primary",
      "instances": [
        {
          "index_key": 0,
          "schema_version": 0,
          "attributes": {
            "carrier_gateway_id": "",
            "core_network_arn": "",
            "destination_cidr_block": "0.0.0.0/0",
            "destination_ipv6_cidr_block": "",
            "destination_prefix_list_id": "",
            "egress_only_gateway_id": "",
            "gateway_id": "igw-0541b897866d39670",
            "id": "r-rtb-040eb9370f9790fc51080289494",
            "instance_id": "",
            "instance_owner_id": "",
            "local_gateway_id": "",
            "nat_gateway_id": "",
            "network_interface_id": "",
            "origin": "CreateRoute",
            "route_table_id": "rtb-040eb9370f9790fc5",
            "state": "active",
            "timeouts": {
              "create": "5m",
              "delete": null,
              "update": null
            },
            "transit_gateway_id": "",
            "vpc_endpoint_id": "",
            "vpc_peering_connection_id": ""
          },
          "sensitive_attributes": [],
          "identity_schema_version": 0,
          "private": "eyJlMmJmYjczMC1lY2FhLTExZTYtOGY4OC0zNDM2M2JjN2M0YzAiOnsiY3JlYXRlIjozMDAwMDAwMDAwMDAsImRlbGV0ZSI6MzAwMDAwMDAwMDAwLCJ1cGRhdGUiOjEyMDAwMDAwMDAwMH19",
          "dependencies": [
            "module.vpc_primary.data.aws_availability_zones.available",
            "module.vpc_primary.module.vpc.aws_internet_gateway.this",
            "module.vpc_primary.module.vpc.aws_route_table.public",
            "module.vpc_primary.module.vpc.aws_vpc.this",
            "module.vpc_primary.module.vpc.aws_vpc_ipv4_cidr_block_association.this"
          ]
        }
      ]
    },
    {
      "module": "module.vpc_primary.module.vpc",
      "mode": "managed",
      "type": "aws_route_table",
      "name": "private",
      "provider": "provider[\"registry.terraform.io/hashicorp/aws\"].primary",
      "instances": [
        {
          "index_key": 0,
          "schema_version": 0,
          "attributes": {
            "arn": "arn:aws:ec2:us-east-1:643942183295:route-table/rtb-0e97907bcf997f6e7",
            "id": "rtb-0e97907bcf997f6e7",
            "owner_id": "643942183295",
            "propagating_vgws": [],
            "route": [],
            "tags": {
              "Name": "aerolink-dev-primary-vpc-private"
            },
            "tags_all": {
              "Name": "aerolink-dev-primary-vpc-private"
            },
            "timeouts": null,
            "vpc_id": "vpc-0bd0247b11781485f"
          },
          "sensitive_attributes": [],
          "identity_schema_version": 0,
          "private": "eyJlMmJmYjczMC1lY2FhLTExZTYtOGY4OC0zNDM2M2JjN2M0YzAiOnsiY3JlYXRlIjozMDAwMDAwMDAwMDAsImRlbGV0ZSI6MzAwMDAwMDAwMDAwLCJ1cGRhdGUiOjEyMDAwMDAwMDAwMH19",
          "dependencies": [
            "module.vpc_primary.data.aws_availability_zones.available",
            "module.vpc_primary.module.vpc.aws_vpc.this",
            "module.vpc_primary.module.vpc.aws_vpc_ipv4_cidr_block_association.this"
          ]
        }
      ]
    },
    {
      "module": "module.vpc_primary.module.vpc",
      "mode": "managed",
      "type": "aws_route_table",
      "name": "public",
      "provider": "provider[\"registry.terraform.io/hashicorp/aws\"].primary",
      "instances": [
        {
          "index_key": 0,
          "schema_version": 0,
          "attributes": {
            "arn": "arn:aws:ec2:us-east-1:643942183295:route-table/rtb-040eb9370f9790fc5",
            "id": "rtb-040eb9370f9790fc5",
            "owner_id": "643942183295",
            "propagating_vgws": [],
            "route": [],
            "tags": {
              "Name": "aerolink-dev-primary-vpc-public"
            },
            "tags_all": {
              "Name": "aerolink-dev-primary-vpc-public"
            },
            "timeouts": null,
            "vpc_id": "vpc-0bd0247b11781485f"
          },
          "sensitive_attributes": [],
          "identity_schema_version": 0,
          "private": "eyJlMmJmYjczMC1lY2FhLTExZTYtOGY4OC0zNDM2M2JjN2M0YzAiOnsiY3JlYXRlIjozMDAwMDAwMDAwMDAsImRlbGV0ZSI6MzAwMDAwMDAwMDAwLCJ1cGRhdGUiOjEyMDAwMDAwMDAwMH19",
          "dependencies": [
            "module.vpc_primary.data.aws_availability_zones.available",
            "module.vpc_primary.module.vpc.aws_vpc.this",
            "module.vpc_primary.module.vpc.aws_vpc_ipv4_cidr_block_association.this"
          ]
        }
      ]
    },
    {
      "module": "module.vpc_primary.module.vpc",
      "mode": "managed",
      "type": "aws_route_table_association",
      "name": "database",
      "provider": "provider[\"registry.terraform.io/hashicorp/aws\"].primary",
      "instances": [
        {
          "index_key": 0,
          "schema_version": 0,
          "attributes": {
            "gateway_id": "",
            "id": "rtbassoc-0cf06c97ae85cd32c",
            "route_table_id": "rtb-0e97907bcf997f6e7",
            "subnet_id": "subnet-02a0f1374969539f5",
            "timeouts": null
          },
          "sensitive_attributes": [],
          "identity_schema_version": 0,
          "private": "eyJlMmJmYjczMC1lY2FhLTExZTYtOGY4OC0zNDM2M2JjN2M0YzAiOnsiY3JlYXRlIjozMDAwMDAwMDAwMDAsImRlbGV0ZSI6MzAwMDAwMDAwMDAwLCJ1cGRhdGUiOjEyMDAwMDAwMDAwMH19",
          "dependencies": [
            "module.vpc_primary.data.aws_availability_zones.available",
            "module.vpc_primary.module.vpc.aws_route_table.database",
            "module.vpc_primary.module.vpc.aws_route_table.private",
            "module.vpc_primary.module.vpc.aws_subnet.database",
            "module.vpc_primary.module.vpc.aws_vpc.this",
            "module.vpc_primary.module.vpc.aws_vpc_ipv4_cidr_block_association.this"
          ]
        },
        {
          "index_key": 1,
          "schema_version": 0,
          "attributes": {
            "gateway_id": "",
            "id": "rtbassoc-0923dc88bd3ed71a5",
            "route_table_id": "rtb-0e97907bcf997f6e7",
            "subnet_id": "subnet-0736bee67901ab28c",
            "timeouts": null
          },
          "sensitive_attributes": [],
          "identity_schema_version": 0,
          "private": "eyJlMmJmYjczMC1lY2FhLTExZTYtOGY4OC0zNDM2M2JjN2M0YzAiOnsiY3JlYXRlIjozMDAwMDAwMDAwMDAsImRlbGV0ZSI6MzAwMDAwMDAwMDAwLCJ1cGRhdGUiOjEyMDAwMDAwMDAwMH19",
          "dependencies": [
            "module.vpc_primary.data.aws_availability_zones.available",
            "module.vpc_primary.module.vpc.aws_route_table.database",
            "module.vpc_primary.module.vpc.aws_route_table.private",
            "module.vpc_primary.module.vpc.aws_subnet.database",
            "module.vpc_primary.module.vpc.aws_vpc.this",
            "module.vpc_primary.module.vpc.aws_vpc_ipv4_cidr_block_association.this"
          ]
        }
      ]
    },
    {
      "module": "module.vpc_primary.module.vpc",
      "mode": "managed",
      "type": "aws_route_table_association",
      "name": "private",
      "provider": "provider[\"registry.terraform.io/hashicorp/aws\"].primary",
      "instances": [
        {
          "index_key": 0,
          "schema_version": 0,
          "attributes": {
            "gateway_id": "",
            "id": "rtbassoc-09c9c7e3c0002b5eb",
            "route_table_id": "rtb-0e97907bcf997f6e7",
            "subnet_id": "subnet-054c48c0d3de87e5c",
            "timeouts": null
          },
          "sensitive_attributes": [],
          "identity_schema_version": 0,
          "private": "eyJlMmJmYjczMC1lY2FhLTExZTYtOGY4OC0zNDM2M2JjN2M0YzAiOnsiY3JlYXRlIjozMDAwMDAwMDAwMDAsImRlbGV0ZSI6MzAwMDAwMDAwMDAwLCJ1cGRhdGUiOjEyMDAwMDAwMDAwMH19",
          "dependencies": [
            "module.vpc_primary.data.aws_availability_zones.available",
            "module.vpc_primary.module.vpc.aws_route_table.private",
            "module.vpc_primary.module.vpc.aws_subnet.private",
            "module.vpc_primary.module.vpc.aws_vpc.this",
            "module.vpc_primary.module.vpc.aws_vpc_ipv4_cidr_block_association.this"
          ]
        },
        {
          "index_key": 1,
          "schema_version": 0,
          "attributes": {
            "gateway_id": "",
            "id": "rtbassoc-0c814964a5629dc30",
            "route_table_id": "rtb-0e97907bcf997f6e7",
            "subnet_id": "subnet-0830326da579f6e02",
            "timeouts": null
          },
          "sensitive_attributes": [],
          "identity_schema_version": 0,
          "private": "eyJlMmJmYjczMC1lY2FhLTExZTYtOGY4OC0zNDM2M2JjN2M0YzAiOnsiY3JlYXRlIjozMDAwMDAwMDAwMDAsImRlbGV0ZSI6MzAwMDAwMDAwMDAwLCJ1cGRhdGUiOjEyMDAwMDAwMDAwMH19",
          "dependencies": [
            "module.vpc_primary.data.aws_availability_zones.available",
            "module.vpc_primary.module.vpc.aws_route_table.private",
            "module.vpc_primary.module.vpc.aws_subnet.private",
            "module.vpc_primary.module.vpc.aws_vpc.this",
            "module.vpc_primary.module.vpc.aws_vpc_ipv4_cidr_block_association.this"
          ]
        }
      ]
    },
    {
      "module": "module.vpc_primary.module.vpc",
      "mode": "managed",
      "type": "aws_route_table_association",
      "name": "public",
      "provider": "provider[\"registry.terraform.io/hashicorp/aws\"].primary",
      "instances": [
        {
          "index_key": 0,
          "schema_version": 0,
          "attributes": {
            "gateway_id": "",
            "id": "rtbassoc-0c466ab8eae6cf10b",
            "route_table_id": "rtb-040eb9370f9790fc5",
            "subnet_id": "subnet-056d751f6e50414a9",
            "timeouts": null
          },
          "sensitive_attributes": [],
          "identity_schema_version": 0,
          "private": "eyJlMmJmYjczMC1lY2FhLTExZTYtOGY4OC0zNDM2M2JjN2M0YzAiOnsiY3JlYXRlIjozMDAwMDAwMDAwMDAsImRlbGV0ZSI6MzAwMDAwMDAwMDAwLCJ1cGRhdGUiOjEyMDAwMDAwMDAwMH19",
          "dependencies": [
            "module.vpc_primary.data.aws_availability_zones.available",
            "module.vpc_primary.module.vpc.aws_route_table.public",
            "module.vpc_primary.module.vpc.aws_subnet.public",
            "module.vpc_primary.module.vpc.aws_vpc.this",
            "module.vpc_primary.module.vpc.aws_vpc_ipv4_cidr_block_association.this"
          ]
        },
        {
          "index_key": 1,
          "schema_version": 0,
          "attributes": {
            "gateway_id": "",
            "id": "rtbassoc-08a4baf9b49eb2e8c",
            "route_table_id": "rtb-040eb9370f9790fc5",
            "subnet_id": "subnet-060e6e85646bd99b9",
            "timeouts": null
          },
          "sensitive_attributes": [],
          "identity_schema_version": 0,
          "private": "eyJlMmJmYjczMC1lY2FhLTExZTYtOGY4OC0zNDM2M2JjN2M0YzAiOnsiY3JlYXRlIjozMDAwMDAwMDAwMDAsImRlbGV0ZSI6MzAwMDAwMDAwMDAwLCJ1cGRhdGUiOjEyMDAwMDAwMDAwMH19",
          "dependencies": [
            "module.vpc_primary.data.aws_availability_zones.available",
            "module.vpc_primary.module.vpc.aws_route_table.public",
            "module.vpc_primary.module.vpc.aws_subnet.public",
            "module.vpc_primary.module.vpc.aws_vpc.this",
            "module.vpc_primary.module.vpc.aws_vpc_ipv4_cidr_block_association.this"
          ]
        }
      ]
    },
    {
      "module": "module.vpc_primary.module.vpc",
      "mode": "managed",
      "type": "aws_subnet",
      "name": "database",
      "provider": "provider[\"registry.terraform.io/hashicorp/aws\"].primary",
      "instances": [
        {
          "index_key": 0,
          "schema_version": 1,
          "attributes": {
            "arn": "arn:aws:ec2:us-east-1:643942183295:subnet/subnet-02a0f1374969539f5",
            "assign_ipv6_address_on_creation": false,
            "availability_zone": "us-east-1a",
            "availability_zone_id": "use1-az1",
            "cidr_block": "10.0.201.0/24",
            "customer_owned_ipv4_pool": "",
            "enable_dns64": false,
            "enable_lni_at_device_index": 0,
            "enable_resource_name_dns_a_record_on_launch": false,
            "enable_resource_name_dns_aaaa_record_on_launch": false,
            "id": "subnet-02a0f1374969539f5",
            "ipv6_cidr_block": "",
            "ipv6_cidr_block_association_id": "",
            "ipv6_native": false,
            "map_customer_owned_ip_on_launch": false,
            "map_public_ip_on_launch": false,
            "outpost_arn": "",
            "owner_id": "643942183295",
            "private_dns_hostname_type_on_launch": "ip-name",
            "tags": {
              "Name": "aerolink-dev-primary-vpc-db-us-east-1a"
            },
            "tags_all": {
              "Name": "aerolink-dev-primary-vpc-db-us-east-1a"
            },
            "timeouts": null,
            "vpc_id": "vpc-0bd0247b11781485f"
          },
          "sensitive_attributes": [],
          "identity_schema_version": 0,
          "private": "eyJlMmJmYjczMC1lY2FhLTExZTYtOGY4OC0zNDM2M2JjN2M0YzAiOnsiY3JlYXRlIjo2MDAwMDAwMDAwMDAsImRlbGV0ZSI6MTIwMDAwMDAwMDAwMH0sInNjaGVtYV92ZXJzaW9uIjoiMSJ9",
          "dependencies": [
            "module.vpc_primary.data.aws_availability_zones.available",
            "module.vpc_primary.module.vpc.aws_vpc.this",
            "module.vpc_primary.module.vpc.aws_vpc_ipv4_cidr_block_association.this"
          ],
          "create_before_destroy": true
        },
        {
          "index_key": 1,
          "schema_version": 1,
          "attributes": {
            "arn": "arn:aws:ec2:us-east-1:643942183295:subnet/subnet-0736bee67901ab28c",
            "assign_ipv6_address_on_creation": false,
            "availability_zone": "us-east-1b",
            "availability_zone_id": "use1-az2",
            "cidr_block": "10.0.202.0/24",
            "customer_owned_ipv4_pool": "",
            "enable_dns64": false,
            "enable_lni_at_device_index": 0,
            "enable_resource_name_dns_a_record_on_launch": false,
            "enable_resource_name_dns_aaaa_record_on_launch": false,
            "id": "subnet-0736bee67901ab28c",
            "ipv6_cidr_block": "",
            "ipv6_cidr_block_association_id": "",
            "ipv6_native": false,
            "map_customer_owned_ip_on_launch": false,
            "map_public_ip_on_launch": false,
            "outpost_arn": "",
            "owner_id": "643942183295",
            "private_dns_hostname_type_on_launch": "ip-name",
            "tags": {
              "Name": "aerolink-dev-primary-vpc-db-us-east-1b"
            },
            "tags_all": {
              "Name": "aerolink-dev-primary-vpc-db-us-east-1b"
            },
            "timeouts": null,
            "vpc_id": "vpc-0bd0247b11781485f"
          },
          "sensitive_attributes": [],
          "identity_schema_version": 0,
          "private": "eyJlMmJmYjczMC1lY2FhLTExZTYtOGY4OC0zNDM2M2JjN2M0YzAiOnsiY3JlYXRlIjo2MDAwMDAwMDAwMDAsImRlbGV0ZSI6MTIwMDAwMDAwMDAwMH0sInNjaGVtYV92ZXJzaW9uIjoiMSJ9",
          "dependencies": [
            "module.vpc_primary.data.aws_availability_zones.available",
            "module.vpc_primary.module.vpc.aws_vpc.this",
            "module.vpc_primary.module.vpc.aws_vpc_ipv4_cidr_block_association.this"
          ],
          "create_before_destroy": true
        }
      ]
    },
    {
      "module": "module.vpc_primary.module.vpc",
      "mode": "managed",
      "type": "aws_subnet",
      "name": "private",
      "provider": "provider[\"registry.terraform.io/hashicorp/aws\"].primary",
      "instances": [
        {
          "index_key": 0,
          "schema_version": 1,
          "attributes": {
            "arn": "arn:aws:ec2:us-east-1:643942183295:subnet/subnet-054c48c0d3de87e5c",
            "assign_ipv6_address_on_creation": false,
            "availability_zone": "us-east-1a",
            "availability_zone_id": "use1-az1",
            "cidr_block": "10.0.1.0/24",
            "customer_owned_ipv4_pool": "",
            "enable_dns64": false,
            "enable_lni_at_device_index": 0,
            "enable_resource_name_dns_a_record_on_launch": false,
            "enable_resource_name_dns_aaaa_record_on_launch": false,
            "id": "subnet-054c48c0d3de87e5c",
            "ipv6_cidr_block": "",
            "ipv6_cidr_block_association_id": "",
            "ipv6_native": false,
            "map_customer_owned_ip_on_launch": false,
            "map_public_ip_on_launch": false,
            "outpost_arn": "",
            "owner_id": "643942183295",
            "private_dns_hostname_type_on_launch": "ip-name",
            "tags": {
              "Name": "aerolink-dev-primary-vpc-private-us-east-1a"
            },
            "tags_all": {
              "Name": "aerolink-dev-primary-vpc-private-us-east-1a"
            },
            "timeouts": null,
            "vpc_id": "vpc-0bd0247b11781485f"
          },
          "sensitive_attributes": [],
          "identity_schema_version": 0,
          "private": "eyJlMmJmYjczMC1lY2FhLTExZTYtOGY4OC0zNDM2M2JjN2M0YzAiOnsiY3JlYXRlIjo2MDAwMDAwMDAwMDAsImRlbGV0ZSI6MTIwMDAwMDAwMDAwMH0sInNjaGVtYV92ZXJzaW9uIjoiMSJ9",
          "dependencies": [
            "module.vpc_primary.data.aws_availability_zones.available",
            "module.vpc_primary.module.vpc.aws_vpc.this",
            "module.vpc_primary.module.vpc.aws_vpc_ipv4_cidr_block_association.this"
          ],
          "create_before_destroy": true
        },
        {
          "index_key": 1,
          "schema_version": 1,
          "attributes": {
            "arn": "arn:aws:ec2:us-east-1:643942183295:subnet/subnet-0830326da579f6e02",
            "assign_ipv6_address_on_creation": false,
            "availability_zone": "us-east-1b",
            "availability_zone_id": "use1-az2",
            "cidr_block": "10.0.2.0/24",
            "customer_owned_ipv4_pool": "",
            "enable_dns64": false,
            "enable_lni_at_device_index": 0,
            "enable_resource_name_dns_a_record_on_launch": false,
            "enable_resource_name_dns_aaaa_record_on_launch": false,
            "id": "subnet-0830326da579f6e02",
            "ipv6_cidr_block": "",
            "ipv6_cidr_block_association_id": "",
            "ipv6_native": false,
            "map_customer_owned_ip_on_launch": false,
            "map_public_ip_on_launch": false,
            "outpost_arn": "",
            "owner_id": "643942183295",
            "private_dns_hostname_type_on_launch": "ip-name",
            "tags": {
              "Name": "aerolink-dev-primary-vpc-private-us-east-1b"
            },
            "tags_all": {
              "Name": "aerolink-dev-primary-vpc-private-us-east-1b"
            },
            "timeouts": null,
            "vpc_id": "vpc-0bd0247b11781485f"
          },
          "sensitive_attributes": [],
          "identity_schema_version": 0,
          "private": "eyJlMmJmYjczMC1lY2FhLTExZTYtOGY4OC0zNDM2M2JjN2M0YzAiOnsiY3JlYXRlIjo2MDAwMDAwMDAwMDAsImRlbGV0ZSI6MTIwMDAwMDAwMDAwMH0sInNjaGVtYV92ZXJzaW9uIjoiMSJ9",
          "dependencies": [
            "module.vpc_primary.data.aws_availability_zones.available",
            "module.vpc_primary.module.vpc.aws_vpc.this",
            "module.vpc_primary.module.vpc.aws_vpc_ipv4_cidr_block_association.this"
          ],
          "create_before_destroy": true
        }
      ]
    },
    {
      "module": "module.vpc_primary.module.vpc",
      "mode": "managed",
      "type": "aws_subnet",
      "name": "public",
      "provider": "provider[\"registry.terraform.io/hashicorp/aws\"].primary",
      "instances": [
        {
          "index_key": 0,
          "schema_version": 1,
          "attributes": {
            "arn": "arn:aws:ec2:us-east-1:643942183295:subnet/subnet-056d751f6e50414a9",
            "assign_ipv6_address_on_creation": false,
            "availability_zone": "us-east-1a",
            "availability_zone_id": "use1-az1",
            "cidr_block": "10.0.101.0/24",
            "customer_owned_ipv4_pool": "",
            "enable_dns64": false,
            "enable_lni_at_device_index": 0,
            "enable_resource_name_dns_a_record_on_launch": false,
            "enable_resource_name_dns_aaaa_record_on_launch": false,
            "id": "subnet-056d751f6e50414a9",
            "ipv6_cidr_block": "",
            "ipv6_cidr_block_association_id": "",
            "ipv6_native": false,
            "map_customer_owned_ip_on_launch": false,
            "map_public_ip_on_launch": false,
            "outpost_arn": "",
            "owner_id": "643942183295",
            "private_dns_hostname_type_on_launch": "ip-name",
            "tags": {
              "Name": "aerolink-dev-primary-vpc-public-us-east-1a"
            },
            "tags_all": {
              "Name": "aerolink-dev-primary-vpc-public-us-east-1a"
            },
            "timeouts": null,
            "vpc_id": "vpc-0bd0247b11781485f"
          },
          "sensitive_attributes": [],
          "identity_schema_version": 0,
          "private": "eyJlMmJmYjczMC1lY2FhLTExZTYtOGY4OC0zNDM2M2JjN2M0YzAiOnsiY3JlYXRlIjo2MDAwMDAwMDAwMDAsImRlbGV0ZSI6MTIwMDAwMDAwMDAwMH0sInNjaGVtYV92ZXJzaW9uIjoiMSJ9",
          "dependencies": [
            "module.vpc_primary.data.aws_availability_zones.available",
            "module.vpc_primary.module.vpc.aws_vpc.this",
            "module.vpc_primary.module.vpc.aws_vpc_ipv4_cidr_block_association.this"
          ]
        },
        {
          "index_key": 1,
          "schema_version": 1,
          "attributes": {
            "arn": "arn:aws:ec2:us-east-1:643942183295:subnet/subnet-060e6e85646bd99b9",
            "assign_ipv6_address_on_creation": false,
            "availability_zone": "us-east-1b",
            "availability_zone_id": "use1-az2",
            "cidr_block": "10.0.102.0/24",
            "customer_owned_ipv4_pool": "",
            "enable_dns64": false,
            "enable_lni_at_device_index": 0,
            "enable_resource_name_dns_a_record_on_launch": false,
            "enable_resource_name_dns_aaaa_record_on_launch": false,
            "id": "subnet-060e6e85646bd99b9",
            "ipv6_cidr_block": "",
            "ipv6_cidr_block_association_id": "",
            "ipv6_native": false,
            "map_customer_owned_ip_on_launch": false,
            "map_public_ip_on_launch": false,
            "outpost_arn": "",
            "owner_id": "643942183295",
            "private_dns_hostname_type_on_launch": "ip-name",
            "tags": {
              "Name": "aerolink-dev-primary-vpc-public-us-east-1b"
            },
            "tags_all": {
              "Name": "aerolink-dev-primary-vpc-public-us-east-1b"
            },
            "timeouts": null,
            "vpc_id": "vpc-0bd0247b11781485f"
          },
          "sensitive_attributes": [],
          "identity_schema_version": 0,
          "private": "eyJlMmJmYjczMC1lY2FhLTExZTYtOGY4OC0zNDM2M2JjN2M0YzAiOnsiY3JlYXRlIjo2MDAwMDAwMDAwMDAsImRlbGV0ZSI6MTIwMDAwMDAwMDAwMH0sInNjaGVtYV92ZXJzaW9uIjoiMSJ9",
          "dependencies": [
            "module.vpc_primary.data.aws_availability_zones.available",
            "module.vpc_primary.module.vpc.aws_vpc.this",
            "module.vpc_primary.module.vpc.aws_vpc_ipv4_cidr_block_association.this"
          ]
        }
      ]
    },
    {
      "module": "module.vpc_primary.module.vpc",
      "mode": "managed",
      "type": "aws_vpc",
      "name": "this",
      "provider": "provider[\"registry.terraform.io/hashicorp/aws\"].primary",
      "instances": [
        {
          "index_key": 0,
          "schema_version": 1,
          "attributes": {
            "arn": "arn:aws:ec2:us-east-1:643942183295:vpc/vpc-0bd0247b11781485f",
            "assign_generated_ipv6_cidr_block": false,
            "cidr_block": "10.0.0.0/16",
            "default_network_acl_id": "acl-085bf58074127def7",
            "default_route_table_id": "rtb-077013ec880e56f86",
            "default_security_group_id": "sg-0f5199c30ff63f2c9",
            "dhcp_options_id": "dopt-058be5c401ceca4d0",
            "enable_dns_hostnames": true,
            "enable_dns_support": true,
            "enable_network_address_usage_metrics": false,
            "id": "vpc-0bd0247b11781485f",
            "instance_tenancy": "default",
            "ipv4_ipam_pool_id": null,
            "ipv4_netmask_length": null,
            "ipv6_association_id": "",
            "ipv6_cidr_block": "",
            "ipv6_cidr_block_network_border_group": "",
            "ipv6_ipam_pool_id": "",
            "ipv6_netmask_length": 0,
            "main_route_table_id": "rtb-077013ec880e56f86",
            "owner_id": "643942183295",
            "tags": {
              "Name": "aerolink-dev-primary-vpc"
            },
            "tags_all": {
              "Name": "aerolink-dev-primary-vpc"
            }
          },
          "sensitive_attributes": [],
          "identity_schema_version": 0,
          "private": "eyJzY2hlbWFfdmVyc2lvbiI6IjEifQ==",
          "create_before_destroy": true
        }
      ]
    },
    {
      "module": "module.vpc_secondary",
      "mode": "data",
      "type": "aws_availability_zones",
      "name": "available",
      "provider": "provider[\"registry.terraform.io/hashicorp/aws\"].secondary",
      "instances": [
        {
          "schema_version": 0,
          "attributes": {
            "all_availability_zones": null,
            "exclude_names": null,
            "exclude_zone_ids": null,
            "filter": null,
            "group_names": [
              "eu-west-1-zg-1"
            ],
            "id": "eu-west-1",
            "names": [
              "eu-west-1a",
              "eu-west-1b",
              "eu-west-1c"
            ],
            "state": "available",
            "timeouts": null,
            "zone_ids": [
              "euw1-az2",
              "euw1-az3",
              "euw1-az1"
            ]
          },
          "sensitive_attributes": [],
          "identity_schema_version": 0
        }
      ]
    },
    {
      "module": "module.vpc_secondary.module.vpc",
      "mode": "managed",
      "type": "aws_db_subnet_group",
      "name": "database",
      "provider": "provider[\"registry.terraform.io/hashicorp/aws\"].secondary",
      "instances": [
        {
          "index_key": 0,
          "schema_version": 0,
          "attributes": {
            "arn": "arn:aws:rds:eu-west-1:643942183295:subgrp:aerolink-dev-secondary-vpc",
            "description": "Database subnet group for aerolink-dev-secondary-vpc",
            "id": "aerolink-dev-secondary-vpc",
            "name": "aerolink-dev-secondary-vpc",
            "name_prefix": "",
            "subnet_ids": [
              "subnet-06e8e2ce08681c506",
              "subnet-0e22ea99d71c8ea0f"
            ],
            "supported_network_types": [
              "IPV4"
            ],
            "tags": {
              "Name": "aerolink-dev-secondary-vpc"
            },
            "tags_all": {
              "Name": "aerolink-dev-secondary-vpc"
            },
            "vpc_id": "vpc-059c2811b93daa739"
          },
          "sensitive_attributes": [],
          "identity_schema_version": 0,
          "private": "bnVsbA==",
          "dependencies": [
            "module.vpc_secondary.data.aws_availability_zones.available",
            "module.vpc_secondary.module.vpc.aws_subnet.database",
            "module.vpc_secondary.module.vpc.aws_vpc.this",
            "module.vpc_secondary.module.vpc.aws_vpc_ipv4_cidr_block_association.this"
          ],
          "create_before_destroy": true
        }
      ]
    },
    {
      "module": "module.vpc_secondary.module.vpc",
      "mode": "managed",
      "type": "aws_default_network_acl",
      "name": "this",
      "provider": "provider[\"registry.terraform.io/hashicorp/aws\"].secondary",
      "instances": [
        {
          "index_key": 0,
          "schema_version": 0,
          "attributes": {
            "arn": "arn:aws:ec2:eu-west-1:643942183295:network-acl/acl-008ba9b1711ebfd98",
            "default_network_acl_id": "acl-008ba9b1711ebfd98",
            "egress": [
              {
                "action": "allow",
                "cidr_block": "",
                "from_port": 0,
                "icmp_code": null,
                "icmp_type": null,
                "ipv6_cidr_block": "::/0",
                "protocol": "-1",
                "rule_no": 101,
                "to_port": 0
              },
              {
                "action": "allow",
                "cidr_block": "0.0.0.0/0",
                "from_port": 0,
                "icmp_code": null,
                "icmp_type": null,
                "ipv6_cidr_block": "",
                "protocol": "-1",
                "rule_no": 100,
                "to_port": 0
              }
            ],
            "id": "acl-008ba9b1711ebfd98",
            "ingress": [
              {
                "action": "allow",
                "cidr_block": "",
                "from_port": 0,
                "icmp_code": null,
                "icmp_type": null,
                "ipv6_cidr_block": "::/0",
                "protocol": "-1",
                "rule_no": 101,
                "to_port": 0
              },
              {
                "action": "allow",
                "cidr_block": "0.0.0.0/0",
                "from_port": 0,
                "icmp_code": null,
                "icmp_type": null,
                "ipv6_cidr_block": "",
                "protocol": "-1",
                "rule_no": 100,
                "to_port": 0
              }
            ],
            "owner_id": "643942183295",
            "subnet_ids": [
              "subnet-07175ac1a3eff7c58",
              "subnet-0876225c3c4fc4827",
              "subnet-095290b957541c16c",
              "subnet-0da5e6f0abc41c7e3",
              "subnet-0e22ea99d71c8ea0f"
            ],
            "tags": {
              "Name": "aerolink-dev-secondary-vpc-default"
            },
            "tags_all": {
              "Name": "aerolink-dev-secondary-vpc-default"
            },
            "vpc_id": "vpc-059c2811b93daa739"
          },
          "sensitive_attributes": [],
          "identity_schema_version": 0,
          "private": "bnVsbA==",
          "dependencies": [
            "module.vpc_secondary.module.vpc.aws_vpc.this"
          ]
        }
      ]
    },
    {
      "module": "module.vpc_secondary.module.vpc",
      "mode": "managed",
      "type": "aws_default_route_table",
      "name": "default",
      "provider": "provider[\"registry.terraform.io/hashicorp/aws\"].secondary",
      "instances": [
        {
          "index_key": 0,
          "schema_version": 0,
          "attributes": {
            "arn": "arn:aws:ec2:eu-west-1:643942183295:route-table/rtb-0d7edc571a6d00c78",
            "default_route_table_id": "rtb-0d7edc571a6d00c78",
            "id": "rtb-0d7edc571a6d00c78",
            "owner_id": "643942183295",
            "propagating_vgws": null,
            "route": [],
            "tags": {
              "Name": "aerolink-dev-secondary-vpc-default"
            },
            "tags_all": {
              "Name": "aerolink-dev-secondary-vpc-default"
            },
            "timeouts": {
              "create": "5m",
              "update": "5m"
            },
            "vpc_id": "vpc-059c2811b93daa739"
          },
          "sensitive_attributes": [],
          "identity_schema_version": 0,
          "private": "eyJlMmJmYjczMC1lY2FhLTExZTYtOGY4OC0zNDM2M2JjN2M0YzAiOnsiY3JlYXRlIjozMDAwMDAwMDAwMDAsInVwZGF0ZSI6MzAwMDAwMDAwMDAwfX0=",
          "dependencies": [
            "module.vpc_secondary.module.vpc.aws_vpc.this"
          ]
        }
      ]
    },
    {
      "module": "module.vpc_secondary.module.vpc",
      "mode": "managed",
      "type": "aws_default_security_group",
      "name": "this",
      "provider": "provider[\"registry.terraform.io/hashicorp/aws\"].secondary",
      "instances": [
        {
          "index_key": 0,
          "schema_version": 1,
          "attributes": {
            "arn": "arn:aws:ec2:eu-west-1:643942183295:security-group/sg-0832a0dd34f860c77",
            "description": "default VPC security group",
            "egress": [],
            "id": "sg-0832a0dd34f860c77",
            "ingress": [],
            "name": "default",
            "name_prefix": "",
            "owner_id": "643942183295",
            "revoke_rules_on_delete": false,
            "tags": {
              "Name": "aerolink-dev-secondary-vpc-default"
            },
            "tags_all": {
              "Name": "aerolink-dev-secondary-vpc-default"
            },
            "vpc_id": "vpc-059c2811b93daa739"
          },
          "sensitive_attributes": [],
          "identity_schema_version": 0,
          "private": "eyJzY2hlbWFfdmVyc2lvbiI6IjEifQ==",
          "dependencies": [
            "module.vpc_secondary.module.vpc.aws_vpc.this"
          ]
        }
      ]
    },
    {
      "module": "module.vpc_secondary.module.vpc",
      "mode": "managed",
      "type": "aws_eip",
      "name": "nat",
      "provider": "provider[\"registry.terraform.io/hashicorp/aws\"].secondary",
      "instances": [
        {
          "index_key": 0,
          "schema_version": 0,
          "attributes": {
            "address": null,
            "allocation_id": "eipalloc-0ce7b1cec7e5262e4",
            "arn": "arn:aws:ec2:eu-west-1:643942183295:elastic-ip/eipalloc-0ce7b1cec7e5262e4",
            "associate_with_private_ip": null,
            "association_id": "",
            "carrier_ip": "",
            "customer_owned_ip": "",
            "customer_owned_ipv4_pool": "",
            "domain": "vpc",
            "id": "eipalloc-0ce7b1cec7e5262e4",
            "instance": "",
            "ipam_pool_id": null,
            "network_border_group": "eu-west-1",
            "network_interface": "",
            "private_dns": null,
            "private_ip": "",
            "ptr_record": "",
            "public_dns": "ec2-108-132-255-212.eu-west-1.compute.amazonaws.com",
            "public_ip": "108.132.255.212",
            "public_ipv4_pool": "amazon",
            "tags": {
              "Name": "aerolink-dev-secondary-vpc-eu-west-1a"
            },
            "tags_all": {
              "Name": "aerolink-dev-secondary-vpc-eu-west-1a"
            },
            "timeouts": null,
            "vpc": true
          },
          "sensitive_attributes": [],
          "identity_schema_version": 0,
          "private": "eyJlMmJmYjczMC1lY2FhLTExZTYtOGY4OC0zNDM2M2JjN2M0YzAiOnsiZGVsZXRlIjoxODAwMDAwMDAwMDAsInJlYWQiOjkwMDAwMDAwMDAwMCwidXBkYXRlIjozMDAwMDAwMDAwMDB9fQ==",
          "dependencies": [
            "module.vpc_secondary.data.aws_availability_zones.available",
            "module.vpc_secondary.module.vpc.aws_internet_gateway.this",
            "module.vpc_secondary.module.vpc.aws_vpc.this",
            "module.vpc_secondary.module.vpc.aws_vpc_ipv4_cidr_block_association.this"
          ]
        }
      ]
    },
    {
      "module": "module.vpc_secondary.module.vpc",
      "mode": "managed",
      "type": "aws_internet_gateway",
      "name": "this",
      "provider": "provider[\"registry.terraform.io/hashicorp/aws\"].secondary",
      "instances": [
        {
          "index_key": 0,
          "schema_version": 0,
          "attributes": {
            "arn": "arn:aws:ec2:eu-west-1:643942183295:internet-gateway/igw-082a0f635ee5503e5",
            "id": "igw-082a0f635ee5503e5",
            "owner_id": "643942183295",
            "tags": {
              "Name": "aerolink-dev-secondary-vpc"
            },
            "tags_all": {
              "Name": "aerolink-dev-secondary-vpc"
            },
            "timeouts": null,
            "vpc_id": "vpc-059c2811b93daa739"
          },
          "sensitive_attributes": [],
          "identity_schema_version": 0,
          "private": "eyJlMmJmYjczMC1lY2FhLTExZTYtOGY4OC0zNDM2M2JjN2M0YzAiOnsiY3JlYXRlIjoxMjAwMDAwMDAwMDAwLCJkZWxldGUiOjEyMDAwMDAwMDAwMDAsInVwZGF0ZSI6MTIwMDAwMDAwMDAwMH19",
          "dependencies": [
            "module.vpc_secondary.module.vpc.aws_vpc.this",
            "module.vpc_secondary.module.vpc.aws_vpc_ipv4_cidr_block_association.this"
          ]
        }
      ]
    },
    {
      "module": "module.vpc_secondary.module.vpc",
      "mode": "managed",
      "type": "aws_nat_gateway",
      "name": "this",
      "provider": "provider[\"registry.terraform.io/hashicorp/aws\"].secondary",
      "instances": [
        {
          "index_key": 0,
          "schema_version": 0,
          "attributes": {
            "allocation_id": "eipalloc-0ce7b1cec7e5262e4",
            "association_id": "eipassoc-04abfe2fe85d32596",
            "connectivity_type": "public",
            "id": "nat-01cfe81e2217ab4e2",
            "network_interface_id": "eni-0bf84289939b82548",
            "private_ip": "10.0.101.44",
            "public_ip": "108.132.255.212",
            "secondary_allocation_ids": null,
            "secondary_private_ip_address_count": 0,
            "secondary_private_ip_addresses": [],
            "subnet_id": "subnet-0876225c3c4fc4827",
            "tags": {
              "Name": "aerolink-dev-secondary-vpc-eu-west-1a"
            },
            "tags_all": {
              "Name": "aerolink-dev-secondary-vpc-eu-west-1a"
            },
            "timeouts": null
          },
          "sensitive_attributes": [],
          "identity_schema_version": 0,
          "private": "eyJlMmJmYjczMC1lY2FhLTExZTYtOGY4OC0zNDM2M2JjN2M0YzAiOnsiY3JlYXRlIjo2MDAwMDAwMDAwMDAsImRlbGV0ZSI6MTgwMDAwMDAwMDAwMCwidXBkYXRlIjo2MDAwMDAwMDAwMDB9fQ==",
          "dependencies": [
            "module.vpc_secondary.data.aws_availability_zones.available",
            "module.vpc_secondary.module.vpc.aws_eip.nat",
            "module.vpc_secondary.module.vpc.aws_internet_gateway.this",
            "module.vpc_secondary.module.vpc.aws_subnet.public",
            "module.vpc_secondary.module.vpc.aws_vpc.this",
            "module.vpc_secondary.module.vpc.aws_vpc_ipv4_cidr_block_association.this"
          ]
        }
      ]
    },
    {
      "module": "module.vpc_secondary.module.vpc",
      "mode": "managed",
      "type": "aws_route",
      "name": "private_nat_gateway",
      "provider": "provider[\"registry.terraform.io/hashicorp/aws\"].secondary",
      "instances": [
        {
          "index_key": 0,
          "schema_version": 0,
          "attributes": {
            "carrier_gateway_id": "",
            "core_network_arn": "",
            "destination_cidr_block": "0.0.0.0/0",
            "destination_ipv6_cidr_block": "",
            "destination_prefix_list_id": "",
            "egress_only_gateway_id": "",
            "gateway_id": "",
            "id": "r-rtb-00ccae122caf371ae1080289494",
            "instance_id": "",
            "instance_owner_id": "",
            "local_gateway_id": "",
            "nat_gateway_id": "nat-01cfe81e2217ab4e2",
            "network_interface_id": "",
            "origin": "CreateRoute",
            "route_table_id": "rtb-00ccae122caf371ae",
            "state": "active",
            "timeouts": {
              "create": "5m",
              "delete": null,
              "update": null
            },
            "transit_gateway_id": "",
            "vpc_endpoint_id": "",
            "vpc_peering_connection_id": ""
          },
          "sensitive_attributes": [],
          "identity_schema_version": 0,
          "private": "eyJlMmJmYjczMC1lY2FhLTExZTYtOGY4OC0zNDM2M2JjN2M0YzAiOnsiY3JlYXRlIjozMDAwMDAwMDAwMDAsImRlbGV0ZSI6MzAwMDAwMDAwMDAwLCJ1cGRhdGUiOjEyMDAwMDAwMDAwMH19",
          "dependencies": [
            "module.vpc_secondary.data.aws_availability_zones.available",
            "module.vpc_secondary.module.vpc.aws_eip.nat",
            "module.vpc_secondary.module.vpc.aws_internet_gateway.this",
            "module.vpc_secondary.module.vpc.aws_nat_gateway.this",
            "module.vpc_secondary.module.vpc.aws_route_table.private",
            "module.vpc_secondary.module.vpc.aws_subnet.public",
            "module.vpc_secondary.module.vpc.aws_vpc.this",
            "module.vpc_secondary.module.vpc.aws_vpc_ipv4_cidr_block_association.this"
          ]
        }
      ]
    },
    {
      "module": "module.vpc_secondary.module.vpc",
      "mode": "managed",
      "type": "aws_route",
      "name": "public_internet_gateway",
      "provider": "provider[\"registry.terraform.io/hashicorp/aws\"].secondary",
      "instances": [
        {
          "index_key": 0,
          "schema_version": 0,
          "attributes": {
            "carrier_gateway_id": "",
            "core_network_arn": "",
            "destination_cidr_block": "0.0.0.0/0",
            "destination_ipv6_cidr_block": "",
            "destination_prefix_list_id": "",
            "egress_only_gateway_id": "",
            "gateway_id": "igw-082a0f635ee5503e5",
            "id": "r-rtb-0003f5d10f3b2569a1080289494",
            "instance_id": "",
            "instance_owner_id": "",
            "local_gateway_id": "",
            "nat_gateway_id": "",
            "network_interface_id": "",
            "origin": "CreateRoute",
            "route_table_id": "rtb-0003f5d10f3b2569a",
            "state": "active",
            "timeouts": {
              "create": "5m",
              "delete": null,
              "update": null
            },
            "transit_gateway_id": "",
            "vpc_endpoint_id": "",
            "vpc_peering_connection_id": ""
          },
          "sensitive_attributes": [],
          "identity_schema_version": 0,
          "private": "eyJlMmJmYjczMC1lY2FhLTExZTYtOGY4OC0zNDM2M2JjN2M0YzAiOnsiY3JlYXRlIjozMDAwMDAwMDAwMDAsImRlbGV0ZSI6MzAwMDAwMDAwMDAwLCJ1cGRhdGUiOjEyMDAwMDAwMDAwMH19",
          "dependencies": [
            "module.vpc_secondary.data.aws_availability_zones.available",
            "module.vpc_secondary.module.vpc.aws_internet_gateway.this",
            "module.vpc_secondary.module.vpc.aws_route_table.public",
            "module.vpc_secondary.module.vpc.aws_vpc.this",
            "module.vpc_secondary.module.vpc.aws_vpc_ipv4_cidr_block_association.this"
          ]
        }
      ]
    },
    {
      "module": "module.vpc_secondary.module.vpc",
      "mode": "managed",
      "type": "aws_route_table",
      "name": "private",
      "provider": "provider[\"registry.terraform.io/hashicorp/aws\"].secondary",
      "instances": [
        {
          "index_key": 0,
          "schema_version": 0,
          "attributes": {
            "arn": "arn:aws:ec2:eu-west-1:643942183295:route-table/rtb-00ccae122caf371ae",
            "id": "rtb-00ccae122caf371ae",
            "owner_id": "643942183295",
            "propagating_vgws": [],
            "route": [],
            "tags": {
              "Name": "aerolink-dev-secondary-vpc-private"
            },
            "tags_all": {
              "Name": "aerolink-dev-secondary-vpc-private"
            },
            "timeouts": null,
            "vpc_id": "vpc-059c2811b93daa739"
          },
          "sensitive_attributes": [],
          "identity_schema_version": 0,
          "private": "eyJlMmJmYjczMC1lY2FhLTExZTYtOGY4OC0zNDM2M2JjN2M0YzAiOnsiY3JlYXRlIjozMDAwMDAwMDAwMDAsImRlbGV0ZSI6MzAwMDAwMDAwMDAwLCJ1cGRhdGUiOjEyMDAwMDAwMDAwMH19",
          "dependencies": [
            "module.vpc_secondary.data.aws_availability_zones.available",
            "module.vpc_secondary.module.vpc.aws_vpc.this",
            "module.vpc_secondary.module.vpc.aws_vpc_ipv4_cidr_block_association.this"
          ]
        }
      ]
    },
    {
      "module": "module.vpc_secondary.module.vpc",
      "mode": "managed",
      "type": "aws_route_table",
      "name": "public",
      "provider": "provider[\"registry.terraform.io/hashicorp/aws\"].secondary",
      "instances": [
        {
          "index_key": 0,
          "schema_version": 0,
          "attributes": {
            "arn": "arn:aws:ec2:eu-west-1:643942183295:route-table/rtb-0003f5d10f3b2569a",
            "id": "rtb-0003f5d10f3b2569a",
            "owner_id": "643942183295",
            "propagating_vgws": [],
            "route": [],
            "tags": {
              "Name": "aerolink-dev-secondary-vpc-public"
            },
            "tags_all": {
              "Name": "aerolink-dev-secondary-vpc-public"
            },
            "timeouts": null,
            "vpc_id": "vpc-059c2811b93daa739"
          },
          "sensitive_attributes": [],
          "identity_schema_version": 0,
          "private": "eyJlMmJmYjczMC1lY2FhLTExZTYtOGY4OC0zNDM2M2JjN2M0YzAiOnsiY3JlYXRlIjozMDAwMDAwMDAwMDAsImRlbGV0ZSI6MzAwMDAwMDAwMDAwLCJ1cGRhdGUiOjEyMDAwMDAwMDAwMH19",
          "dependencies": [
            "module.vpc_secondary.data.aws_availability_zones.available",
            "module.vpc_secondary.module.vpc.aws_vpc.this",
            "module.vpc_secondary.module.vpc.aws_vpc_ipv4_cidr_block_association.this"
          ]
        }
      ]
    },
    {
      "module": "module.vpc_secondary.module.vpc",
      "mode": "managed",
      "type": "aws_route_table_association",
      "name": "database",
      "provider": "provider[\"registry.terraform.io/hashicorp/aws\"].secondary",
      "instances": [
        {
          "index_key": 0,
          "schema_version": 0,
          "attributes": {
            "gateway_id": "",
            "id": "rtbassoc-0f2e7465556d74698",
            "route_table_id": "rtb-00ccae122caf371ae",
            "subnet_id": "subnet-0e22ea99d71c8ea0f",
            "timeouts": null
          },
          "sensitive_attributes": [],
          "identity_schema_version": 0,
          "private": "eyJlMmJmYjczMC1lY2FhLTExZTYtOGY4OC0zNDM2M2JjN2M0YzAiOnsiY3JlYXRlIjozMDAwMDAwMDAwMDAsImRlbGV0ZSI6MzAwMDAwMDAwMDAwLCJ1cGRhdGUiOjEyMDAwMDAwMDAwMH19",
          "dependencies": [
            "module.vpc_secondary.data.aws_availability_zones.available",
            "module.vpc_secondary.module.vpc.aws_route_table.database",
            "module.vpc_secondary.module.vpc.aws_route_table.private",
            "module.vpc_secondary.module.vpc.aws_subnet.database",
            "module.vpc_secondary.module.vpc.aws_vpc.this",
            "module.vpc_secondary.module.vpc.aws_vpc_ipv4_cidr_block_association.this"
          ]
        },
        {
          "index_key": 1,
          "schema_version": 0,
          "attributes": {
            "gateway_id": "",
            "id": "rtbassoc-0c7795a222eabbab3",
            "route_table_id": "rtb-00ccae122caf371ae",
            "subnet_id": "subnet-06e8e2ce08681c506",
            "timeouts": null
          },
          "sensitive_attributes": [],
          "identity_schema_version": 0,
          "private": "eyJlMmJmYjczMC1lY2FhLTExZTYtOGY4OC0zNDM2M2JjN2M0YzAiOnsiY3JlYXRlIjozMDAwMDAwMDAwMDAsImRlbGV0ZSI6MzAwMDAwMDAwMDAwLCJ1cGRhdGUiOjEyMDAwMDAwMDAwMH19",
          "dependencies": [
            "module.vpc_secondary.data.aws_availability_zones.available",
            "module.vpc_secondary.module.vpc.aws_route_table.database",
            "module.vpc_secondary.module.vpc.aws_route_table.private",
            "module.vpc_secondary.module.vpc.aws_subnet.database",
            "module.vpc_secondary.module.vpc.aws_vpc.this",
            "module.vpc_secondary.module.vpc.aws_vpc_ipv4_cidr_block_association.this"
          ]
        }
      ]
    },
    {
      "module": "module.vpc_secondary.module.vpc",
      "mode": "managed",
      "type": "aws_route_table_association",
      "name": "private",
      "provider": "provider[\"registry.terraform.io/hashicorp/aws\"].secondary",
      "instances": [
        {
          "index_key": 0,
          "schema_version": 0,
          "attributes": {
            "gateway_id": "",
            "id": "rtbassoc-047b972a898ddcfd3",
            "route_table_id": "rtb-00ccae122caf371ae",
            "subnet_id": "subnet-07175ac1a3eff7c58",
            "timeouts": null
          },
          "sensitive_attributes": [],
          "identity_schema_version": 0,
          "private": "eyJlMmJmYjczMC1lY2FhLTExZTYtOGY4OC0zNDM2M2JjN2M0YzAiOnsiY3JlYXRlIjozMDAwMDAwMDAwMDAsImRlbGV0ZSI6MzAwMDAwMDAwMDAwLCJ1cGRhdGUiOjEyMDAwMDAwMDAwMH19",
          "dependencies": [
            "module.vpc_secondary.data.aws_availability_zones.available",
            "module.vpc_secondary.module.vpc.aws_route_table.private",
            "module.vpc_secondary.module.vpc.aws_subnet.private",
            "module.vpc_secondary.module.vpc.aws_vpc.this",
            "module.vpc_secondary.module.vpc.aws_vpc_ipv4_cidr_block_association.this"
          ]
        },
        {
          "index_key": 1,
          "schema_version": 0,
          "attributes": {
            "gateway_id": "",
            "id": "rtbassoc-0669cdd6a3421b9be",
            "route_table_id": "rtb-00ccae122caf371ae",
            "subnet_id": "subnet-095290b957541c16c",
            "timeouts": null
          },
          "sensitive_attributes": [],
          "identity_schema_version": 0,
          "private": "eyJlMmJmYjczMC1lY2FhLTExZTYtOGY4OC0zNDM2M2JjN2M0YzAiOnsiY3JlYXRlIjozMDAwMDAwMDAwMDAsImRlbGV0ZSI6MzAwMDAwMDAwMDAwLCJ1cGRhdGUiOjEyMDAwMDAwMDAwMH19",
          "dependencies": [
            "module.vpc_secondary.data.aws_availability_zones.available",
            "module.vpc_secondary.module.vpc.aws_route_table.private",
            "module.vpc_secondary.module.vpc.aws_subnet.private",
            "module.vpc_secondary.module.vpc.aws_vpc.this",
            "module.vpc_secondary.module.vpc.aws_vpc_ipv4_cidr_block_association.this"
          ]
        }
      ]
    },
    {
      "module": "module.vpc_secondary.module.vpc",
      "mode": "managed",
      "type": "aws_route_table_association",
      "name": "public",
      "provider": "provider[\"registry.terraform.io/hashicorp/aws\"].secondary",
      "instances": [
        {
          "index_key": 0,
          "schema_version": 0,
          "attributes": {
            "gateway_id": "",
            "id": "rtbassoc-0dc4f9380a406635f",
            "route_table_id": "rtb-0003f5d10f3b2569a",
            "subnet_id": "subnet-0876225c3c4fc4827",
            "timeouts": null
          },
          "sensitive_attributes": [],
          "identity_schema_version": 0,
          "private": "eyJlMmJmYjczMC1lY2FhLTExZTYtOGY4OC0zNDM2M2JjN2M0YzAiOnsiY3JlYXRlIjozMDAwMDAwMDAwMDAsImRlbGV0ZSI6MzAwMDAwMDAwMDAwLCJ1cGRhdGUiOjEyMDAwMDAwMDAwMH19",
          "dependencies": [
            "module.vpc_secondary.data.aws_availability_zones.available",
            "module.vpc_secondary.module.vpc.aws_route_table.public",
            "module.vpc_secondary.module.vpc.aws_subnet.public",
            "module.vpc_secondary.module.vpc.aws_vpc.this",
            "module.vpc_secondary.module.vpc.aws_vpc_ipv4_cidr_block_association.this"
          ]
        },
        {
          "index_key": 1,
          "schema_version": 0,
          "attributes": {
            "gateway_id": "",
            "id": "rtbassoc-0969792e6d9f42e92",
            "route_table_id": "rtb-0003f5d10f3b2569a",
            "subnet_id": "subnet-0da5e6f0abc41c7e3",
            "timeouts": null
          },
          "sensitive_attributes": [],
          "identity_schema_version": 0,
          "private": "eyJlMmJmYjczMC1lY2FhLTExZTYtOGY4OC0zNDM2M2JjN2M0YzAiOnsiY3JlYXRlIjozMDAwMDAwMDAwMDAsImRlbGV0ZSI6MzAwMDAwMDAwMDAwLCJ1cGRhdGUiOjEyMDAwMDAwMDAwMH19",
          "dependencies": [
            "module.vpc_secondary.data.aws_availability_zones.available",
            "module.vpc_secondary.module.vpc.aws_route_table.public",
            "module.vpc_secondary.module.vpc.aws_subnet.public",
            "module.vpc_secondary.module.vpc.aws_vpc.this",
            "module.vpc_secondary.module.vpc.aws_vpc_ipv4_cidr_block_association.this"
          ]
        }
      ]
    },
    {
      "module": "module.vpc_secondary.module.vpc",
      "mode": "managed",
      "type": "aws_subnet",
      "name": "database",
      "provider": "provider[\"registry.terraform.io/hashicorp/aws\"].secondary",
      "instances": [
        {
          "index_key": 0,
          "schema_version": 1,
          "attributes": {
            "arn": "arn:aws:ec2:eu-west-1:643942183295:subnet/subnet-0e22ea99d71c8ea0f",
            "assign_ipv6_address_on_creation": false,
            "availability_zone": "eu-west-1a",
            "availability_zone_id": "euw1-az2",
            "cidr_block": "10.0.201.0/24",
            "customer_owned_ipv4_pool": "",
            "enable_dns64": false,
            "enable_lni_at_device_index": 0,
            "enable_resource_name_dns_a_record_on_launch": false,
            "enable_resource_name_dns_aaaa_record_on_launch": false,
            "id": "subnet-0e22ea99d71c8ea0f",
            "ipv6_cidr_block": "",
            "ipv6_cidr_block_association_id": "",
            "ipv6_native": false,
            "map_customer_owned_ip_on_launch": false,
            "map_public_ip_on_launch": false,
            "outpost_arn": "",
            "owner_id": "643942183295",
            "private_dns_hostname_type_on_launch": "ip-name",
            "tags": {
              "Name": "aerolink-dev-secondary-vpc-db-eu-west-1a"
            },
            "tags_all": {
              "Name": "aerolink-dev-secondary-vpc-db-eu-west-1a"
            },
            "timeouts": null,
            "vpc_id": "vpc-059c2811b93daa739"
          },
          "sensitive_attributes": [],
          "identity_schema_version": 0,
          "private": "eyJlMmJmYjczMC1lY2FhLTExZTYtOGY4OC0zNDM2M2JjN2M0YzAiOnsiY3JlYXRlIjo2MDAwMDAwMDAwMDAsImRlbGV0ZSI6MTIwMDAwMDAwMDAwMH0sInNjaGVtYV92ZXJzaW9uIjoiMSJ9",
          "dependencies": [
            "module.vpc_secondary.data.aws_availability_zones.available",
            "module.vpc_secondary.module.vpc.aws_vpc.this",
            "module.vpc_secondary.module.vpc.aws_vpc_ipv4_cidr_block_association.this"
          ],
          "create_before_destroy": true
        },
        {
          "index_key": 1,
          "schema_version": 1,
          "attributes": {
            "arn": "arn:aws:ec2:eu-west-1:643942183295:subnet/subnet-06e8e2ce08681c506",
            "assign_ipv6_address_on_creation": false,
            "availability_zone": "eu-west-1b",
            "availability_zone_id": "euw1-az3",
            "cidr_block": "10.0.202.0/24",
            "customer_owned_ipv4_pool": "",
            "enable_dns64": false,
            "enable_lni_at_device_index": 0,
            "enable_resource_name_dns_a_record_on_launch": false,
            "enable_resource_name_dns_aaaa_record_on_launch": false,
            "id": "subnet-06e8e2ce08681c506",
            "ipv6_cidr_block": "",
            "ipv6_cidr_block_association_id": "",
            "ipv6_native": false,
            "map_customer_owned_ip_on_launch": false,
            "map_public_ip_on_launch": false,
            "outpost_arn": "",
            "owner_id": "643942183295",
            "private_dns_hostname_type_on_launch": "ip-name",
            "tags": {
              "Name": "aerolink-dev-secondary-vpc-db-eu-west-1b"
            },
            "tags_all": {
              "Name": "aerolink-dev-secondary-vpc-db-eu-west-1b"
            },
            "timeouts": null,
            "vpc_id": "vpc-059c2811b93daa739"
          },
          "sensitive_attributes": [],
          "identity_schema_version": 0,
          "private": "eyJlMmJmYjczMC1lY2FhLTExZTYtOGY4OC0zNDM2M2JjN2M0YzAiOnsiY3JlYXRlIjo2MDAwMDAwMDAwMDAsImRlbGV0ZSI6MTIwMDAwMDAwMDAwMH0sInNjaGVtYV92ZXJzaW9uIjoiMSJ9",
          "dependencies": [
            "module.vpc_secondary.data.aws_availability_zones.available",
            "module.vpc_secondary.module.vpc.aws_vpc.this",
            "module.vpc_secondary.module.vpc.aws_vpc_ipv4_cidr_block_association.this"
          ],
          "create_before_destroy": true
        }
      ]
    },
    {
      "module": "module.vpc_secondary.module.vpc",
      "mode": "managed",
      "type": "aws_subnet",
      "name": "private",
      "provider": "provider[\"registry.terraform.io/hashicorp/aws\"].secondary",
      "instances": [
        {
          "index_key": 0,
          "schema_version": 1,
          "attributes": {
            "arn": "arn:aws:ec2:eu-west-1:643942183295:subnet/subnet-07175ac1a3eff7c58",
            "assign_ipv6_address_on_creation": false,
            "availability_zone": "eu-west-1a",
            "availability_zone_id": "euw1-az2",
            "cidr_block": "10.0.1.0/24",
            "customer_owned_ipv4_pool": "",
            "enable_dns64": false,
            "enable_lni_at_device_index": 0,
            "enable_resource_name_dns_a_record_on_launch": false,
            "enable_resource_name_dns_aaaa_record_on_launch": false,
            "id": "subnet-07175ac1a3eff7c58",
            "ipv6_cidr_block": "",
            "ipv6_cidr_block_association_id": "",
            "ipv6_native": false,
            "map_customer_owned_ip_on_launch": false,
            "map_public_ip_on_launch": false,
            "outpost_arn": "",
            "owner_id": "643942183295",
            "private_dns_hostname_type_on_launch": "ip-name",
            "tags": {
              "Name": "aerolink-dev-secondary-vpc-private-eu-west-1a"
            },
            "tags_all": {
              "Name": "aerolink-dev-secondary-vpc-private-eu-west-1a"
            },
            "timeouts": null,
            "vpc_id": "vpc-059c2811b93daa739"
          },
          "sensitive_attributes": [],
          "identity_schema_version": 0,
          "private": "eyJlMmJmYjczMC1lY2FhLTExZTYtOGY4OC0zNDM2M2JjN2M0YzAiOnsiY3JlYXRlIjo2MDAwMDAwMDAwMDAsImRlbGV0ZSI6MTIwMDAwMDAwMDAwMH0sInNjaGVtYV92ZXJzaW9uIjoiMSJ9",
          "dependencies": [
            "module.vpc_secondary.data.aws_availability_zones.available",
            "module.vpc_secondary.module.vpc.aws_vpc.this",
            "module.vpc_secondary.module.vpc.aws_vpc_ipv4_cidr_block_association.this"
          ],
          "create_before_destroy": true
        },
        {
          "index_key": 1,
          "schema_version": 1,
          "attributes": {
            "arn": "arn:aws:ec2:eu-west-1:643942183295:subnet/subnet-095290b957541c16c",
            "assign_ipv6_address_on_creation": false,
            "availability_zone": "eu-west-1b",
            "availability_zone_id": "euw1-az3",
            "cidr_block": "10.0.2.0/24",
            "customer_owned_ipv4_pool": "",
            "enable_dns64": false,
            "enable_lni_at_device_index": 0,
            "enable_resource_name_dns_a_record_on_launch": false,
            "enable_resource_name_dns_aaaa_record_on_launch": false,
            "id": "subnet-095290b957541c16c",
            "ipv6_cidr_block": "",
            "ipv6_cidr_block_association_id": "",
            "ipv6_native": false,
            "map_customer_owned_ip_on_launch": false,
            "map_public_ip_on_launch": false,
            "outpost_arn": "",
            "owner_id": "643942183295",
            "private_dns_hostname_type_on_launch": "ip-name",
            "tags": {
              "Name": "aerolink-dev-secondary-vpc-private-eu-west-1b"
            },
            "tags_all": {
              "Name": "aerolink-dev-secondary-vpc-private-eu-west-1b"
            },
            "timeouts": null,
            "vpc_id": "vpc-059c2811b93daa739"
          },
          "sensitive_attributes": [],
          "identity_schema_version": 0,
          "private": "eyJlMmJmYjczMC1lY2FhLTExZTYtOGY4OC0zNDM2M2JjN2M0YzAiOnsiY3JlYXRlIjo2MDAwMDAwMDAwMDAsImRlbGV0ZSI6MTIwMDAwMDAwMDAwMH0sInNjaGVtYV92ZXJzaW9uIjoiMSJ9",
          "dependencies": [
            "module.vpc_secondary.data.aws_availability_zones.available",
            "module.vpc_secondary.module.vpc.aws_vpc.this",
            "module.vpc_secondary.module.vpc.aws_vpc_ipv4_cidr_block_association.this"
          ],
          "create_before_destroy": true
        }
      ]
    },
    {
      "module": "module.vpc_secondary.module.vpc",
      "mode": "managed",
      "type": "aws_subnet",
      "name": "public",
      "provider": "provider[\"registry.terraform.io/hashicorp/aws\"].secondary",
      "instances": [
        {
          "index_key": 0,
          "schema_version": 1,
          "attributes": {
            "arn": "arn:aws:ec2:eu-west-1:643942183295:subnet/subnet-0876225c3c4fc4827",
            "assign_ipv6_address_on_creation": false,
            "availability_zone": "eu-west-1a",
            "availability_zone_id": "euw1-az2",
            "cidr_block": "10.0.101.0/24",
            "customer_owned_ipv4_pool": "",
            "enable_dns64": false,
            "enable_lni_at_device_index": 0,
            "enable_resource_name_dns_a_record_on_launch": false,
            "enable_resource_name_dns_aaaa_record_on_launch": false,
            "id": "subnet-0876225c3c4fc4827",
            "ipv6_cidr_block": "",
            "ipv6_cidr_block_association_id": "",
            "ipv6_native": false,
            "map_customer_owned_ip_on_launch": false,
            "map_public_ip_on_launch": false,
            "outpost_arn": "",
            "owner_id": "643942183295",
            "private_dns_hostname_type_on_launch": "ip-name",
            "tags": {
              "Name": "aerolink-dev-secondary-vpc-public-eu-west-1a"
            },
            "tags_all": {
              "Name": "aerolink-dev-secondary-vpc-public-eu-west-1a"
            },
            "timeouts": null,
            "vpc_id": "vpc-059c2811b93daa739"
          },
          "sensitive_attributes": [],
          "identity_schema_version": 0,
          "private": "eyJlMmJmYjczMC1lY2FhLTExZTYtOGY4OC0zNDM2M2JjN2M0YzAiOnsiY3JlYXRlIjo2MDAwMDAwMDAwMDAsImRlbGV0ZSI6MTIwMDAwMDAwMDAwMH0sInNjaGVtYV92ZXJzaW9uIjoiMSJ9",
          "dependencies": [
            "module.vpc_secondary.data.aws_availability_zones.available",
            "module.vpc_secondary.module.vpc.aws_vpc.this",
            "module.vpc_secondary.module.vpc.aws_vpc_ipv4_cidr_block_association.this"
          ]
        },
        {
          "index_key": 1,
          "schema_version": 1,
          "attributes": {
            "arn": "arn:aws:ec2:eu-west-1:643942183295:subnet/subnet-0da5e6f0abc41c7e3",
            "assign_ipv6_address_on_creation": false,
            "availability_zone": "eu-west-1b",
            "availability_zone_id": "euw1-az3",
            "cidr_block": "10.0.102.0/24",
            "customer_owned_ipv4_pool": "",
            "enable_dns64": false,
            "enable_lni_at_device_index": 0,
            "enable_resource_name_dns_a_record_on_launch": false,
            "enable_resource_name_dns_aaaa_record_on_launch": false,
            "id": "subnet-0da5e6f0abc41c7e3",
            "ipv6_cidr_block": "",
            "ipv6_cidr_block_association_id": "",
            "ipv6_native": false,
            "map_customer_owned_ip_on_launch": false,
            "map_public_ip_on_launch": false,
            "outpost_arn": "",
            "owner_id": "643942183295",
            "private_dns_hostname_type_on_launch": "ip-name",
            "tags": {
              "Name": "aerolink-dev-secondary-vpc-public-eu-west-1b"
            },
            "tags_all": {
              "Name": "aerolink-dev-secondary-vpc-public-eu-west-1b"
            },
            "timeouts": null,
            "vpc_id": "vpc-059c2811b93daa739"
          },
          "sensitive_attributes": [],
          "identity_schema_version": 0,
          "private": "eyJlMmJmYjczMC1lY2FhLTExZTYtOGY4OC0zNDM2M2JjN2M0YzAiOnsiY3JlYXRlIjo2MDAwMDAwMDAwMDAsImRlbGV0ZSI6MTIwMDAwMDAwMDAwMH0sInNjaGVtYV92ZXJzaW9uIjoiMSJ9",
          "dependencies": [
            "module.vpc_secondary.data.aws_availability_zones.available",
            "module.vpc_secondary.module.vpc.aws_vpc.this",
            "module.vpc_secondary.module.vpc.aws_vpc_ipv4_cidr_block_association.this"
          ]
        }
      ]
    },
    {
      "module": "module.vpc_secondary.module.vpc",
      "mode": "managed",
      "type": "aws_vpc",
      "name": "this",
      "provider": "provider[\"registry.terraform.io/hashicorp/aws\"].secondary",
      "instances": [
        {
          "index_key": 0,
          "schema_version": 1,
          "attributes": {
            "arn": "arn:aws:ec2:eu-west-1:643942183295:vpc/vpc-059c2811b93daa739",
            "assign_generated_ipv6_cidr_block": false,
            "cidr_block": "10.0.0.0/16",
            "default_network_acl_id": "acl-008ba9b1711ebfd98",
            "default_route_table_id": "rtb-0d7edc571a6d00c78",
            "default_security_group_id": "sg-0832a0dd34f860c77",
            "dhcp_options_id": "dopt-07ad541cb50f05ad6",
            "enable_dns_hostnames": true,
            "enable_dns_support": true,
            "enable_network_address_usage_metrics": false,
            "id": "vpc-059c2811b93daa739",
            "instance_tenancy": "default",
            "ipv4_ipam_pool_id": null,
            "ipv4_netmask_length": null,
            "ipv6_association_id": "",
            "ipv6_cidr_block": "",
            "ipv6_cidr_block_network_border_group": "",
            "ipv6_ipam_pool_id": "",
            "ipv6_netmask_length": 0,
            "main_route_table_id": "rtb-0d7edc571a6d00c78",
            "owner_id": "643942183295",
            "tags": {
              "Name": "aerolink-dev-secondary-vpc"
            },
            "tags_all": {
              "Name": "aerolink-dev-secondary-vpc"
            }
          },
          "sensitive_attributes": [],
          "identity_schema_version": 0,
          "private": "eyJzY2hlbWFfdmVyc2lvbiI6IjEifQ==",
          "create_before_destroy": true
        }
      ]
    }
  ],
  "check_results": [
    {
      "object_kind": "resource",
      "config_addr": "module.eks_secondary.module.eks.module.eks_managed_node_group.module.user_data.null_resource.validate_cluster_service_cidr",
      "status": "pass",
      "objects": [
        {
          "object_addr": "module.eks_secondary.module.eks.module.eks_managed_node_group[\"spot_nodes\"].module.user_data.null_resource.validate_cluster_service_cidr",
          "status": "pass"
        }
      ]
    },
    {
      "object_kind": "var",
      "config_addr": "module.eks_secondary.module.eks.module.self_managed_node_group.var.platform",
      "status": "pass",
      "objects": null
    },
    {
      "object_kind": "resource",
      "config_addr": "module.eks_secondary.module.eks.module.self_managed_node_group.module.user_data.null_resource.validate_cluster_service_cidr",
      "status": "pass",
      "objects": null
    },
    {
      "object_kind": "resource",
      "config_addr": "module.eks_primary.module.eks.module.eks_managed_node_group.module.user_data.null_resource.validate_cluster_service_cidr",
      "status": "pass",
      "objects": [
        {
          "object_addr": "module.eks_primary.module.eks.module.eks_managed_node_group[\"spot_nodes\"].module.user_data.null_resource.validate_cluster_service_cidr",
          "status": "pass"
        }
      ]
    },
    {
      "object_kind": "var",
      "config_addr": "module.eks_primary.module.eks.module.self_managed_node_group.var.platform",
      "status": "pass",
      "objects": null
    },
    {
      "object_kind": "resource",
      "config_addr": "module.eks_primary.module.eks.module.self_managed_node_group.module.user_data.null_resource.validate_cluster_service_cidr",
      "status": "pass",
      "objects": null
    }
  ]
}
